{
  "version": 4,
  "terraform_version": "1.14.6",
  "serial": 1008,
  "lineage": "9f3272cd-2d6b-6bd8-ae16-8d7da5a7ceb7",
  "outputs": {
    "aft_management_account_id": {
      "value": "209330743040",
      "type": "string"
    },
    "audit_account_id": {
      "value": "315326805686",
      "type": "string"
    },
    "ct_management_account_id": {
      "value": "395310663328",
      "type": "string"
    },
    "log_archive_account_id": {
      "value": "407902217769",
      "type": "string"
    },
    "region": {
      "value": "us-east-1",
      "type": "string"
    }
  },
  "resources": [
    {
      "module": "module.aft",
      "mode": "data",
      "type": "aws_partition",
      "name": "current",
      "provider": "provider[\"registry.terraform.io/hashicorp/aws\"]",
      "instances": [
        {
          "schema_version": 0,
          "attributes": {
            "dns_suffix": "amazonaws.com",
            "id": "aws",
            "partition": "aws",
            "reverse_dns_prefix": "com.amazonaws"
          },
          "sensitive_attributes": [],
          "identity_schema_version": 0
        }
      ]
    },
    {
      "module": "module.aft",
      "mode": "data",
      "type": "aws_service",
      "name": "home_region_validation",
      "provider": "provider[\"registry.terraform.io/hashicorp/aws\"]",
      "instances": [
        {
          "schema_version": 0,
          "attributes": {
            "dns_name": "controltower.us-east-1.amazonaws.com",
            "id": "com.amazonaws.us-east-1.controltower",
            "partition": "aws",
            "region": "us-east-1",
            "reverse_dns_name": "com.amazonaws.us-east-1.controltower",
            "reverse_dns_prefix": "com.amazonaws",
            "service_id": "controltower",
            "supported": true
          },
          "sensitive_attributes": [],
          "identity_schema_version": 0
        }
      ]
    },
    {
      "module": "module.aft",
      "mode": "data",
      "type": "local_file",
      "name": "python_version",
      "provider": "provider[\"registry.terraform.io/hashicorp/local\"]",
      "instances": [
        {
          "schema_version": 0,
          "attributes": {
            "content": "3.12\r\n",
            "content_base64": "My4xMg0K",
            "content_base64sha256": "jf2lS6L2arOo66tGD0M4u+6h+x4Phc4G/jUwqjxkZ5s=",
            "content_base64sha512": "wS+IvyZnt+bZ38YcAvO7vFZnOfsqjCQi+MILd0gh/e+5CNeeSbregolL7Q+65NEW2FDdkOpqTRTtIQAAS0Bmfg==",
            "content_md5": "c3052f53ccf07991da5591cab5ee1274",
            "content_sha1": "3c67e12f29705d574fa7d62071513ffbd5a63b4e",
            "content_sha256": "8dfda54ba2f66ab3a8ebab460f4338bbeea1fb1e0f85ce06fe3530aa3c64679b",
            "content_sha512": "c12f88bf2667b7e6d9dfc61c02f3bbbc566739fb2a8c2422f8c20b774821fdefb908d79e49bade82894bed0fbae4d116d850dd90ea6a4d14ed2100004b40667e",
            "filename": ".terraform/modules/aft/PYTHON_VERSION",
            "id": "3c67e12f29705d574fa7d62071513ffbd5a63b4e"
          },
          "sensitive_attributes": [],
          "identity_schema_version": 0
        }
      ]
    },
    {
      "module": "module.aft",
      "mode": "data",
      "type": "local_file",
      "name": "version",
      "provider": "provider[\"registry.terraform.io/hashicorp/local\"]",
      "instances": [
        {
          "schema_version": 0,
          "attributes": {
            "content": "1.18.1\r\n",
            "content_base64": "MS4xOC4xDQo=",
            "content_base64sha256": "ap6BxO41iBC6CjB/FDWeLMEt0BblNCKvgPPAhg+PCKw=",
            "content_base64sha512": "S6vQPdTy+Jfz+hjM/mK9IU+WL6fWrjnhK6mdoA5Pf67TMLfx2RkxjWTp2PdoCXgjbZAZBp1qDHPlntZHOzOqtg==",
            "content_md5": "4a075cfbc19153261405c3d62d311539",
            "content_sha1": "56452f39df54be10f3e07cc682d6810302667789",
            "content_sha256": "6a9e81c4ee358810ba0a307f14359e2cc12dd016e53422af80f3c0860f8f08ac",
            "content_sha512": "4babd03dd4f2f897f3fa18ccfe62bd214f962fa7d6ae39e12ba99da00e4f7faed330b7f1d919318d64e9d8f7680978236d9019069d6a0c73e59ed6473b33aab6",
            "filename": ".terraform/modules/aft/VERSION",
            "id": "56452f39df54be10f3e07cc682d6810302667789"
          },
          "sensitive_attributes": [],
          "identity_schema_version": 0
        }
      ]
    },
    {
      "module": "module.aft.module.aft_account_provisioning_framework",
      "mode": "data",
      "type": "aws_caller_identity",
      "name": "aft_management",
      "provider": "module.aft.provider[\"registry.terraform.io/hashicorp/aws\"].aft_management",
      "instances": [
        {
          "schema_version": 0,
          "attributes": {
            "account_id": "209330743040",
            "arn": "arn:aws:sts::209330743040:assumed-role/AWSControlTowerExecution/AWSAFT-Session",
            "id": "209330743040",
            "user_id": "AROATBPIVU4AJUUQ7NUJB:AWSAFT-Session"
          },
          "sensitive_attributes": [],
          "identity_schema_version": 0
        }
      ]
    },
    {
      "module": "module.aft.module.aft_account_provisioning_framework",
      "mode": "data",
      "type": "aws_iam_policy",
      "name": "AWSLambdaBasicExecutionRole",
      "provider": "module.aft.provider[\"registry.terraform.io/hashicorp/aws\"].aft_management",
      "instances": [
        {
          "schema_version": 0,
          "attributes": {
            "arn": "arn:aws:iam::aws:policy/service-role/AWSLambdaBasicExecutionRole",
            "attachment_count": 17,
            "description": "Provides write permissions to CloudWatch Logs.",
            "id": "arn:aws:iam::aws:policy/service-role/AWSLambdaBasicExecutionRole",
            "name": "AWSLambdaBasicExecutionRole",
            "path": "/service-role/",
            "path_prefix": null,
            "policy": "{\"Statement\":[{\"Action\":[\"logs:CreateLogGroup\",\"logs:CreateLogStream\",\"logs:PutLogEvents\"],\"Effect\":\"Allow\",\"Resource\":\"*\"}],\"Version\":\"2012-10-17\"}",
            "policy_id": "ANPAJNCQGXC42545SKXIK",
            "tags": {}
          },
          "sensitive_attributes": [],
          "identity_schema_version": 0
        }
      ]
    },
    {
      "module": "module.aft.module.aft_account_provisioning_framework",
      "mode": "data",
      "type": "aws_iam_policy",
      "name": "AWSLambdaVPCAccessExecutionRole",
      "provider": "module.aft.provider[\"registry.terraform.io/hashicorp/aws\"].aft_management",
      "instances": [
        {
          "schema_version": 0,
          "attributes": {
            "arn": "arn:aws:iam::aws:policy/service-role/AWSLambdaVPCAccessExecutionRole",
            "attachment_count": 16,
            "description": "Provides minimum permissions for a Lambda function to execute while accessing a resource within a VPC - create, describe, delete network interfaces and write permissions to CloudWatch Logs. ",
            "id": "arn:aws:iam::aws:policy/service-role/AWSLambdaVPCAccessExecutionRole",
            "name": "AWSLambdaVPCAccessExecutionRole",
            "path": "/service-role/",
            "path_prefix": null,
            "policy": "{\"Statement\":[{\"Action\":[\"logs:CreateLogGroup\",\"logs:CreateLogStream\",\"logs:PutLogEvents\",\"ec2:CreateNetworkInterface\",\"ec2:DescribeNetworkInterfaces\",\"ec2:DescribeSubnets\",\"ec2:DeleteNetworkInterface\",\"ec2:AssignPrivateIpAddresses\",\"ec2:UnassignPrivateIpAddresses\"],\"Effect\":\"Allow\",\"Resource\":\"*\",\"Sid\":\"AWSLambdaVPCAccessExecutionPermissions\"}],\"Version\":\"2012-10-17\"}",
            "policy_id": "ANPAJVTME3YLVNL72YR2K",
            "tags": {}
          },
          "sensitive_attributes": [],
          "identity_schema_version": 0
        }
      ]
    },
    {
      "module": "module.aft.module.aft_account_provisioning_framework",
      "mode": "data",
      "type": "aws_partition",
      "name": "current",
      "provider": "module.aft.provider[\"registry.terraform.io/hashicorp/aws\"].aft_management",
      "instances": [
        {
          "schema_version": 0,
          "attributes": {
            "dns_suffix": "amazonaws.com",
            "id": "aws",
            "partition": "aws",
            "reverse_dns_prefix": "com.amazonaws"
          },
          "sensitive_attributes": [],
          "identity_schema_version": 0
        }
      ]
    },
    {
      "module": "module.aft.module.aft_account_provisioning_framework",
      "mode": "data",
      "type": "aws_region",
      "name": "aft_management",
      "provider": "module.aft.provider[\"registry.terraform.io/hashicorp/aws\"].aft_management",
      "instances": [
        {
          "schema_version": 0,
          "attributes": {
            "description": "US East (N. Virginia)",
            "endpoint": "ec2.us-east-1.amazonaws.com",
            "id": "us-east-1",
            "name": "us-east-1",
            "region": "us-east-1"
          },
          "sensitive_attributes": [],
          "identity_schema_version": 0
        }
      ]
    },
    {
      "module": "module.aft.module.aft_account_provisioning_framework",
      "mode": "managed",
      "type": "aws_iam_role",
      "name": "aft_lambda_aft_account_provisioning_framework_create_role",
      "provider": "module.aft.provider[\"registry.terraform.io/hashicorp/aws\"].aft_management",
      "instances": [
        {
          "schema_version": 0,
          "attributes": {
            "arn": "arn:aws:iam::209330743040:role/aft-account-provisioning-framework-lambda-create-role-role",
            "assume_role_policy": "{\"Statement\":[{\"Action\":\"sts:AssumeRole\",\"Effect\":\"Allow\",\"Principal\":{\"Service\":\"lambda.amazonaws.com\"}}],\"Version\":\"2012-10-17\"}",
            "create_date": "2026-03-03T12:28:31Z",
            "description": "",
            "force_detach_policies": false,
            "id": "aft-account-provisioning-framework-lambda-create-role-role",
            "inline_policy": [
              {
                "name": "aft-lambda-invoke-aft_account_provisioning_framework-create-role-policy",
                "policy": "{\"Version\":\"2012-10-17\",\"Statement\":[{\"Action\":[\"dynamodb:BatchGetItem\",\"dynamodb:BatchWriteItem\",\"dynamodb:DeleteItem\",\"dynamodb:GetItem\",\"dynamodb:PutItem\",\"dynamodb:Query\",\"dynamodb:Scan\"],\"Effect\":\"Allow\",\"Resource\":[\"arn:aws:dynamodb:us-east-1:209330743040:table/aft*\"]},{\"Action\":\"ssm:GetParameter\",\"Effect\":\"Allow\",\"Resource\":[\"arn:aws:ssm:us-east-1:209330743040:parameter/aft/*\"]},{\"Action\":[\"sts:AssumeRole\"],\"Effect\":\"Allow\",\"Resource\":[\"arn:aws:iam::209330743040:role/AWSAFTAdmin\"]},{\"Action\":\"sts:GetCallerIdentity\",\"Effect\":\"Allow\",\"Resource\":\"*\"},{\"Action\":[\"sns:Publish\"],\"Effect\":\"Allow\",\"Resource\":[\"arn:aws:sns:us-east-1:209330743040:aft-notifications\",\"arn:aws:sns:us-east-1:209330743040:aft-failure-notifications\"]},{\"Action\":[\"kms:GenerateDataKey\",\"kms:Encrypt\",\"kms:Decrypt\"],\"Effect\":\"Allow\",\"Resource\":[\"arn:aws:kms:us-east-1:209330743040:key/89104c7a-ebe1-42ee-930b-caa51544f46a\",\"arn:aws:kms:us-east-1:209330743040:alias/aws/sns\"]}]}"
              }
            ],
            "managed_policy_arns": [
              "arn:aws:iam::aws:policy/service-role/AWSLambdaBasicExecutionRole",
              "arn:aws:iam::aws:policy/service-role/AWSLambdaVPCAccessExecutionRole"
            ],
            "max_session_duration": 3600,
            "name": "aft-account-provisioning-framework-lambda-create-role-role",
            "name_prefix": "",
            "path": "/",
            "permissions_boundary": "",
            "tags": {},
            "tags_all": {
              "managed_by": "AFT"
            },
            "unique_id": "AROATBPIVU4AHUMG7FEQR"
          },
          "sensitive_attributes": [],
          "identity_schema_version": 0,
          "identity": {
            "account_id": "209330743040",
            "name": "aft-account-provisioning-framework-lambda-create-role-role"
          },
          "private": "bnVsbA==",
          "dependencies": [
            "module.aft.data.aws_partition.current"
          ]
        }
      ]
    },
    {
      "module": "module.aft.module.aft_account_provisioning_framework",
      "mode": "managed",
      "type": "aws_iam_role",
      "name": "aft_lambda_aft_account_provisioning_framework_persist_metadata",
      "provider": "module.aft.provider[\"registry.terraform.io/hashicorp/aws\"].aft_management",
      "instances": [
        {
          "schema_version": 0,
          "attributes": {
            "arn": "arn:aws:iam::209330743040:role/aft-account-provisioning-framework-lambda-persist-metadata-role",
            "assume_role_policy": "{\"Statement\":[{\"Action\":\"sts:AssumeRole\",\"Effect\":\"Allow\",\"Principal\":{\"Service\":\"lambda.amazonaws.com\"}}],\"Version\":\"2012-10-17\"}",
            "create_date": "2026-03-03T12:28:39Z",
            "description": "",
            "force_detach_policies": false,
            "id": "aft-account-provisioning-framework-lambda-persist-metadata-role",
            "inline_policy": [
              {
                "name": "aft-lambda-invoke-aft-account-provisioning-framework-persist-metadata-policy",
                "policy": "{\"Version\":\"2012-10-17\",\"Statement\":[{\"Action\":[\"dynamodb:BatchGetItem\",\"dynamodb:BatchWriteItem\",\"dynamodb:DeleteItem\",\"dynamodb:GetItem\",\"dynamodb:PutItem\",\"dynamodb:Query\",\"dynamodb:Scan\"],\"Effect\":\"Allow\",\"Resource\":[\"arn:aws:dynamodb:us-east-1:209330743040:table/aft*\"]},{\"Action\":\"ssm:GetParameter\",\"Effect\":\"Allow\",\"Resource\":[\"arn:aws:ssm:us-east-1:209330743040:parameter/aft/*\"]},{\"Action\":[\"sts:AssumeRole\"],\"Effect\":\"Allow\",\"Resource\":[\"arn:aws:iam::209330743040:role/AWSAFTAdmin\"]},{\"Action\":\"sts:GetCallerIdentity\",\"Effect\":\"Allow\",\"Resource\":\"*\"},{\"Action\":[\"sns:Publish\"],\"Effect\":\"Allow\",\"Resource\":[\"arn:aws:sns:us-east-1:209330743040:aft-notifications\",\"arn:aws:sns:us-east-1:209330743040:aft-failure-notifications\"]},{\"Action\":[\"kms:GenerateDataKey\",\"kms:Encrypt\",\"kms:Decrypt\"],\"Effect\":\"Allow\",\"Resource\":[\"arn:aws:kms:us-east-1:209330743040:key/89104c7a-ebe1-42ee-930b-caa51544f46a\",\"arn:aws:kms:us-east-1:209330743040:alias/aws/sns\"]}]}"
              }
            ],
            "managed_policy_arns": [
              "arn:aws:iam::aws:policy/service-role/AWSLambdaBasicExecutionRole",
              "arn:aws:iam::aws:policy/service-role/AWSLambdaVPCAccessExecutionRole"
            ],
            "max_session_duration": 3600,
            "name": "aft-account-provisioning-framework-lambda-persist-metadata-role",
            "name_prefix": "",
            "path": "/",
            "permissions_boundary": "",
            "tags": {},
            "tags_all": {
              "managed_by": "AFT"
            },
            "unique_id": "AROATBPIVU4AAVHOVCN5L"
          },
          "sensitive_attributes": [],
          "identity_schema_version": 0,
          "identity": {
            "account_id": "209330743040",
            "name": "aft-account-provisioning-framework-lambda-persist-metadata-role"
          },
          "private": "bnVsbA==",
          "dependencies": [
            "module.aft.data.aws_partition.current"
          ]
        }
      ]
    },
    {
      "module": "module.aft.module.aft_account_provisioning_framework",
      "mode": "managed",
      "type": "aws_iam_role",
      "name": "aft_lambda_aft_account_provisioning_framework_tag_account",
      "provider": "module.aft.provider[\"registry.terraform.io/hashicorp/aws\"].aft_management",
      "instances": [
        {
          "schema_version": 0,
          "attributes": {
            "arn": "arn:aws:iam::209330743040:role/aft-account-provisioning-framework-lambda-tag-account-role",
            "assume_role_policy": "{\"Statement\":[{\"Action\":\"sts:AssumeRole\",\"Effect\":\"Allow\",\"Principal\":{\"Service\":\"lambda.amazonaws.com\"}}],\"Version\":\"2012-10-17\"}",
            "create_date": "2026-03-03T12:28:32Z",
            "description": "",
            "force_detach_policies": false,
            "id": "aft-account-provisioning-framework-lambda-tag-account-role",
            "inline_policy": [
              {
                "name": "aft-lambda-invoke-aft-account-provisioning-framework-tag-account-policy",
                "policy": "{\"Version\":\"2012-10-17\",\"Statement\":[{\"Action\":[\"dynamodb:BatchGetItem\",\"dynamodb:BatchWriteItem\",\"dynamodb:DeleteItem\",\"dynamodb:GetItem\",\"dynamodb:PutItem\",\"dynamodb:Query\",\"dynamodb:Scan\"],\"Effect\":\"Allow\",\"Resource\":[\"arn:aws:dynamodb:us-east-1:209330743040:table/aft*\"]},{\"Action\":\"ssm:GetParameter\",\"Effect\":\"Allow\",\"Resource\":[\"arn:aws:ssm:us-east-1:209330743040:parameter/aft/*\"]},{\"Action\":[\"sts:AssumeRole\"],\"Effect\":\"Allow\",\"Resource\":[\"arn:aws:iam::209330743040:role/AWSAFTAdmin\"]},{\"Action\":\"sts:GetCallerIdentity\",\"Effect\":\"Allow\",\"Resource\":\"*\"},{\"Action\":[\"sns:Publish\"],\"Effect\":\"Allow\",\"Resource\":[\"arn:aws:sns:us-east-1:209330743040:aft-notifications\",\"arn:aws:sns:us-east-1:209330743040:aft-failure-notifications\"]},{\"Action\":[\"kms:GenerateDataKey\",\"kms:Encrypt\",\"kms:Decrypt\"],\"Effect\":\"Allow\",\"Resource\":[\"arn:aws:kms:us-east-1:209330743040:key/89104c7a-ebe1-42ee-930b-caa51544f46a\",\"arn:aws:kms:us-east-1:209330743040:alias/aws/sns\"]}]}"
              }
            ],
            "managed_policy_arns": [
              "arn:aws:iam::aws:policy/service-role/AWSLambdaBasicExecutionRole",
              "arn:aws:iam::aws:policy/service-role/AWSLambdaVPCAccessExecutionRole"
            ],
            "max_session_duration": 3600,
            "name": "aft-account-provisioning-framework-lambda-tag-account-role",
            "name_prefix": "",
            "path": "/",
            "permissions_boundary": "",
            "tags": {},
            "tags_all": {
              "managed_by": "AFT"
            },
            "unique_id": "AROATBPIVU4ALBC2KRFM5"
          },
          "sensitive_attributes": [],
          "identity_schema_version": 0,
          "identity": {
            "account_id": "209330743040",
            "name": "aft-account-provisioning-framework-lambda-tag-account-role"
          },
          "private": "bnVsbA==",
          "dependencies": [
            "module.aft.data.aws_partition.current"
          ]
        }
      ]
    },
    {
      "module": "module.aft.module.aft_account_provisioning_framework",
      "mode": "managed",
      "type": "aws_iam_role",
      "name": "aft_states",
      "provider": "module.aft.provider[\"registry.terraform.io/hashicorp/aws\"].aft_management",
      "instances": [
        {
          "schema_version": 0,
          "attributes": {
            "arn": "arn:aws:iam::209330743040:role/aft-states-execution-role",
            "assume_role_policy": "{\"Statement\":[{\"Action\":\"sts:AssumeRole\",\"Effect\":\"Allow\",\"Principal\":{\"Service\":\"states.amazonaws.com\"}}],\"Version\":\"2012-10-17\"}",
            "create_date": "2026-03-03T12:28:34Z",
            "description": "",
            "force_detach_policies": false,
            "id": "aft-states-execution-role",
            "inline_policy": [
              {
                "name": "aft-account-provisioning-framework-states-policy",
                "policy": "{\"Version\":\"2012-10-17\",\"Statement\":[{\"Action\":[\"events:*\"],\"Effect\":\"Allow\",\"Resource\":\"*\"},{\"Action\":\"states:StartExecution\",\"Effect\":\"Allow\",\"Resource\":\"arn:aws:states:us-east-1:209330743040:stateMachine:aft-*\"},{\"Action\":[\"lambda:InvokeFunction\"],\"Effect\":\"Allow\",\"Resource\":[\"arn:aws:lambda:us-east-1:209330743040:function:aft-*\"]},{\"Action\":[\"sns:Publish\"],\"Effect\":\"Allow\",\"Resource\":[\"arn:aws:sns:us-east-1:209330743040:aft-*\"]},{\"Action\":[\"codebuild:StartBuild\",\"codebuild:StopBuild\",\"codebuild:BatchGetBuilds\"],\"Effect\":\"Allow\",\"Resource\":[\"arn:aws:codebuild:us-east-1:209330743040:project/aft-*\"]},{\"Action\":[\"events:PutTargets\",\"events:PutRule\",\"events:DescribeRule\"],\"Effect\":\"Allow\",\"Resource\":[\"arn:aws:events:us-east-1:209330743040:rule/StepFunctionsGetEventForCodeBuildStartBuildRule\"]},{\"Action\":[\"states:DescribeExecution\"],\"Effect\":\"Allow\",\"Resource\":[\"arn:aws:states:us-east-1:209330743040:execution:aft-*\"]}]}"
              }
            ],
            "managed_policy_arns": [],
            "max_session_duration": 3600,
            "name": "aft-states-execution-role",
            "name_prefix": "",
            "path": "/",
            "permissions_boundary": "",
            "tags": {},
            "tags_all": {
              "managed_by": "AFT"
            },
            "unique_id": "AROATBPIVU4ACOS7LH2BJ"
          },
          "sensitive_attributes": [],
          "identity_schema_version": 0,
          "identity": {
            "account_id": "209330743040",
            "name": "aft-states-execution-role"
          },
          "private": "bnVsbA==",
          "dependencies": [
            "module.aft.data.aws_partition.current"
          ]
        }
      ]
    },
    {
      "module": "module.aft.module.aft_account_provisioning_framework",
      "mode": "managed",
      "type": "aws_iam_role_policy",
      "name": "aft_invoke_aft_account_provisioning_framework_create_role",
      "provider": "module.aft.provider[\"registry.terraform.io/hashicorp/aws\"].aft_management",
      "instances": [
        {
          "schema_version": 0,
          "attributes": {
            "id": "aft-account-provisioning-framework-lambda-create-role-role:aft-lambda-invoke-aft_account_provisioning_framework-create-role-policy",
            "name": "aft-lambda-invoke-aft_account_provisioning_framework-create-role-policy",
            "name_prefix": "",
            "policy": "{\"Version\":\"2012-10-17\",\"Statement\":[{\"Action\":[\"dynamodb:BatchGetItem\",\"dynamodb:BatchWriteItem\",\"dynamodb:DeleteItem\",\"dynamodb:GetItem\",\"dynamodb:PutItem\",\"dynamodb:Query\",\"dynamodb:Scan\"],\"Effect\":\"Allow\",\"Resource\":[\"arn:aws:dynamodb:us-east-1:209330743040:table/aft*\"]},{\"Action\":\"ssm:GetParameter\",\"Effect\":\"Allow\",\"Resource\":[\"arn:aws:ssm:us-east-1:209330743040:parameter/aft/*\"]},{\"Action\":[\"sts:AssumeRole\"],\"Effect\":\"Allow\",\"Resource\":[\"arn:aws:iam::209330743040:role/AWSAFTAdmin\"]},{\"Action\":\"sts:GetCallerIdentity\",\"Effect\":\"Allow\",\"Resource\":\"*\"},{\"Action\":[\"sns:Publish\"],\"Effect\":\"Allow\",\"Resource\":[\"arn:aws:sns:us-east-1:209330743040:aft-notifications\",\"arn:aws:sns:us-east-1:209330743040:aft-failure-notifications\"]},{\"Action\":[\"kms:GenerateDataKey\",\"kms:Encrypt\",\"kms:Decrypt\"],\"Effect\":\"Allow\",\"Resource\":[\"arn:aws:kms:us-east-1:209330743040:key/89104c7a-ebe1-42ee-930b-caa51544f46a\",\"arn:aws:kms:us-east-1:209330743040:alias/aws/sns\"]}]}",
            "role": "aft-account-provisioning-framework-lambda-create-role-role"
          },
          "sensitive_attributes": [],
          "identity_schema_version": 0,
          "identity": {
            "account_id": "209330743040",
            "name": "aft-lambda-invoke-aft_account_provisioning_framework-create-role-policy",
            "role": "aft-account-provisioning-framework-lambda-create-role-role"
          },
          "private": "bnVsbA==",
          "dependencies": [
            "module.aft.data.aws_partition.current",
            "module.aft.module.aft_account_provisioning_framework.aws_iam_role.aft_lambda_aft_account_provisioning_framework_create_role",
            "module.aft.module.aft_account_provisioning_framework.data.aws_caller_identity.aft_management",
            "module.aft.module.aft_account_provisioning_framework.data.aws_partition.current",
            "module.aft.module.aft_account_provisioning_framework.data.aws_region.aft_management",
            "module.aft.module.aft_account_request_framework.aws_kms_key.aft",
            "module.aft.module.aft_account_request_framework.aws_sns_topic.aft_failure_notifications",
            "module.aft.module.aft_account_request_framework.aws_sns_topic.aft_notifications",
            "module.aft.module.aft_account_request_framework.data.aws_caller_identity.aft-management",
            "module.aft.module.aft_account_request_framework.data.aws_partition.current",
            "module.aft.module.aft_account_request_framework.data.aws_region.aft-management"
          ]
        }
      ]
    },
    {
      "module": "module.aft.module.aft_account_provisioning_framework",
      "mode": "managed",
      "type": "aws_iam_role_policy",
      "name": "aft_invoke_aft_account_provisioning_framework_persist_metadata",
      "provider": "module.aft.provider[\"registry.terraform.io/hashicorp/aws\"].aft_management",
      "instances": [
        {
          "schema_version": 0,
          "attributes": {
            "id": "aft-account-provisioning-framework-lambda-persist-metadata-role:aft-lambda-invoke-aft-account-provisioning-framework-persist-metadata-policy",
            "name": "aft-lambda-invoke-aft-account-provisioning-framework-persist-metadata-policy",
            "name_prefix": "",
            "policy": "{\"Version\":\"2012-10-17\",\"Statement\":[{\"Action\":[\"dynamodb:BatchGetItem\",\"dynamodb:BatchWriteItem\",\"dynamodb:DeleteItem\",\"dynamodb:GetItem\",\"dynamodb:PutItem\",\"dynamodb:Query\",\"dynamodb:Scan\"],\"Effect\":\"Allow\",\"Resource\":[\"arn:aws:dynamodb:us-east-1:209330743040:table/aft*\"]},{\"Action\":\"ssm:GetParameter\",\"Effect\":\"Allow\",\"Resource\":[\"arn:aws:ssm:us-east-1:209330743040:parameter/aft/*\"]},{\"Action\":[\"sts:AssumeRole\"],\"Effect\":\"Allow\",\"Resource\":[\"arn:aws:iam::209330743040:role/AWSAFTAdmin\"]},{\"Action\":\"sts:GetCallerIdentity\",\"Effect\":\"Allow\",\"Resource\":\"*\"},{\"Action\":[\"sns:Publish\"],\"Effect\":\"Allow\",\"Resource\":[\"arn:aws:sns:us-east-1:209330743040:aft-notifications\",\"arn:aws:sns:us-east-1:209330743040:aft-failure-notifications\"]},{\"Action\":[\"kms:GenerateDataKey\",\"kms:Encrypt\",\"kms:Decrypt\"],\"Effect\":\"Allow\",\"Resource\":[\"arn:aws:kms:us-east-1:209330743040:key/89104c7a-ebe1-42ee-930b-caa51544f46a\",\"arn:aws:kms:us-east-1:209330743040:alias/aws/sns\"]}]}",
            "role": "aft-account-provisioning-framework-lambda-persist-metadata-role"
          },
          "sensitive_attributes": [],
          "identity_schema_version": 0,
          "identity": {
            "account_id": "209330743040",
            "name": "aft-lambda-invoke-aft-account-provisioning-framework-persist-metadata-policy",
            "role": "aft-account-provisioning-framework-lambda-persist-metadata-role"
          },
          "private": "bnVsbA==",
          "dependencies": [
            "module.aft.data.aws_partition.current",
            "module.aft.module.aft_account_provisioning_framework.aws_iam_role.aft_lambda_aft_account_provisioning_framework_persist_metadata",
            "module.aft.module.aft_account_provisioning_framework.data.aws_caller_identity.aft_management",
            "module.aft.module.aft_account_provisioning_framework.data.aws_partition.current",
            "module.aft.module.aft_account_provisioning_framework.data.aws_region.aft_management",
            "module.aft.module.aft_account_request_framework.aws_kms_key.aft",
            "module.aft.module.aft_account_request_framework.aws_sns_topic.aft_failure_notifications",
            "module.aft.module.aft_account_request_framework.aws_sns_topic.aft_notifications",
            "module.aft.module.aft_account_request_framework.data.aws_caller_identity.aft-management",
            "module.aft.module.aft_account_request_framework.data.aws_partition.current",
            "module.aft.module.aft_account_request_framework.data.aws_region.aft-management"
          ]
        }
      ]
    },
    {
      "module": "module.aft.module.aft_account_provisioning_framework",
      "mode": "managed",
      "type": "aws_iam_role_policy",
      "name": "aft_invoke_aft_account_provisioning_framework_tag_account",
      "provider": "module.aft.provider[\"registry.terraform.io/hashicorp/aws\"].aft_management",
      "instances": [
        {
          "schema_version": 0,
          "attributes": {
            "id": "aft-account-provisioning-framework-lambda-tag-account-role:aft-lambda-invoke-aft-account-provisioning-framework-tag-account-policy",
            "name": "aft-lambda-invoke-aft-account-provisioning-framework-tag-account-policy",
            "name_prefix": "",
            "policy": "{\"Version\":\"2012-10-17\",\"Statement\":[{\"Action\":[\"dynamodb:BatchGetItem\",\"dynamodb:BatchWriteItem\",\"dynamodb:DeleteItem\",\"dynamodb:GetItem\",\"dynamodb:PutItem\",\"dynamodb:Query\",\"dynamodb:Scan\"],\"Effect\":\"Allow\",\"Resource\":[\"arn:aws:dynamodb:us-east-1:209330743040:table/aft*\"]},{\"Action\":\"ssm:GetParameter\",\"Effect\":\"Allow\",\"Resource\":[\"arn:aws:ssm:us-east-1:209330743040:parameter/aft/*\"]},{\"Action\":[\"sts:AssumeRole\"],\"Effect\":\"Allow\",\"Resource\":[\"arn:aws:iam::209330743040:role/AWSAFTAdmin\"]},{\"Action\":\"sts:GetCallerIdentity\",\"Effect\":\"Allow\",\"Resource\":\"*\"},{\"Action\":[\"sns:Publish\"],\"Effect\":\"Allow\",\"Resource\":[\"arn:aws:sns:us-east-1:209330743040:aft-notifications\",\"arn:aws:sns:us-east-1:209330743040:aft-failure-notifications\"]},{\"Action\":[\"kms:GenerateDataKey\",\"kms:Encrypt\",\"kms:Decrypt\"],\"Effect\":\"Allow\",\"Resource\":[\"arn:aws:kms:us-east-1:209330743040:key/89104c7a-ebe1-42ee-930b-caa51544f46a\",\"arn:aws:kms:us-east-1:209330743040:alias/aws/sns\"]}]}",
            "role": "aft-account-provisioning-framework-lambda-tag-account-role"
          },
          "sensitive_attributes": [],
          "identity_schema_version": 0,
          "identity": {
            "account_id": "209330743040",
            "name": "aft-lambda-invoke-aft-account-provisioning-framework-tag-account-policy",
            "role": "aft-account-provisioning-framework-lambda-tag-account-role"
          },
          "private": "bnVsbA==",
          "dependencies": [
            "module.aft.data.aws_partition.current",
            "module.aft.module.aft_account_provisioning_framework.aws_iam_role.aft_lambda_aft_account_provisioning_framework_tag_account",
            "module.aft.module.aft_account_provisioning_framework.data.aws_caller_identity.aft_management",
            "module.aft.module.aft_account_provisioning_framework.data.aws_partition.current",
            "module.aft.module.aft_account_provisioning_framework.data.aws_region.aft_management",
            "module.aft.module.aft_account_request_framework.aws_kms_key.aft",
            "module.aft.module.aft_account_request_framework.aws_sns_topic.aft_failure_notifications",
            "module.aft.module.aft_account_request_framework.aws_sns_topic.aft_notifications",
            "module.aft.module.aft_account_request_framework.data.aws_caller_identity.aft-management",
            "module.aft.module.aft_account_request_framework.data.aws_partition.current",
            "module.aft.module.aft_account_request_framework.data.aws_region.aft-management"
          ]
        }
      ]
    },
    {
      "module": "module.aft.module.aft_account_provisioning_framework",
      "mode": "managed",
      "type": "aws_iam_role_policy",
      "name": "aft_states",
      "provider": "module.aft.provider[\"registry.terraform.io/hashicorp/aws\"].aft_management",
      "instances": [
        {
          "schema_version": 0,
          "attributes": {
            "id": "aft-states-execution-role:aft-account-provisioning-framework-states-policy",
            "name": "aft-account-provisioning-framework-states-policy",
            "name_prefix": "",
            "policy": "{\"Version\":\"2012-10-17\",\"Statement\":[{\"Action\":[\"events:*\"],\"Effect\":\"Allow\",\"Resource\":\"*\"},{\"Action\":\"states:StartExecution\",\"Effect\":\"Allow\",\"Resource\":\"arn:aws:states:us-east-1:209330743040:stateMachine:aft-*\"},{\"Action\":[\"lambda:InvokeFunction\"],\"Effect\":\"Allow\",\"Resource\":[\"arn:aws:lambda:us-east-1:209330743040:function:aft-*\"]},{\"Action\":[\"sns:Publish\"],\"Effect\":\"Allow\",\"Resource\":[\"arn:aws:sns:us-east-1:209330743040:aft-*\"]},{\"Action\":[\"codebuild:StartBuild\",\"codebuild:StopBuild\",\"codebuild:BatchGetBuilds\"],\"Effect\":\"Allow\",\"Resource\":[\"arn:aws:codebuild:us-east-1:209330743040:project/aft-*\"]},{\"Action\":[\"events:PutTargets\",\"events:PutRule\",\"events:DescribeRule\"],\"Effect\":\"Allow\",\"Resource\":[\"arn:aws:events:us-east-1:209330743040:rule/StepFunctionsGetEventForCodeBuildStartBuildRule\"]},{\"Action\":[\"states:DescribeExecution\"],\"Effect\":\"Allow\",\"Resource\":[\"arn:aws:states:us-east-1:209330743040:execution:aft-*\"]}]}",
            "role": "aft-states-execution-role"
          },
          "sensitive_attributes": [],
          "identity_schema_version": 0,
          "identity": {
            "account_id": "209330743040",
            "name": "aft-account-provisioning-framework-states-policy",
            "role": "aft-states-execution-role"
          },
          "private": "bnVsbA==",
          "dependencies": [
            "module.aft.data.aws_partition.current",
            "module.aft.module.aft_account_provisioning_framework.aws_iam_role.aft_states",
            "module.aft.module.aft_account_provisioning_framework.data.aws_caller_identity.aft_management",
            "module.aft.module.aft_account_provisioning_framework.data.aws_partition.current",
            "module.aft.module.aft_account_provisioning_framework.data.aws_region.aft_management",
            "module.aft.module.aft_account_request_framework.aws_kms_key.aft",
            "module.aft.module.aft_account_request_framework.data.aws_caller_identity.aft-management",
            "module.aft.module.aft_account_request_framework.data.aws_partition.current",
            "module.aft.module.aft_account_request_framework.data.aws_region.aft-management"
          ]
        }
      ]
    },
    {
      "module": "module.aft.module.aft_account_provisioning_framework",
      "mode": "managed",
      "type": "aws_iam_role_policy_attachment",
      "name": "aft_account_provisioning_framework_create_role",
      "provider": "module.aft.provider[\"registry.terraform.io/hashicorp/aws\"].aft_management",
      "instances": [
        {
          "index_key": 0,
          "schema_version": 0,
          "attributes": {
            "id": "aft-account-provisioning-framework-lambda-create-role-role/arn:aws:iam::aws:policy/service-role/AWSLambdaBasicExecutionRole",
            "policy_arn": "arn:aws:iam::aws:policy/service-role/AWSLambdaBasicExecutionRole",
            "role": "aft-account-provisioning-framework-lambda-create-role-role"
          },
          "sensitive_attributes": [],
          "identity_schema_version": 0,
          "identity": {
            "account_id": "209330743040",
            "policy_arn": "arn:aws:iam::aws:policy/service-role/AWSLambdaBasicExecutionRole",
            "role": "aft-account-provisioning-framework-lambda-create-role-role"
          },
          "private": "bnVsbA==",
          "dependencies": [
            "module.aft.data.aws_partition.current",
            "module.aft.module.aft_account_provisioning_framework.aws_iam_role.aft_lambda_aft_account_provisioning_framework_create_role",
            "module.aft.module.aft_account_provisioning_framework.data.aws_iam_policy.AWSLambdaBasicExecutionRole",
            "module.aft.module.aft_account_provisioning_framework.data.aws_iam_policy.AWSLambdaVPCAccessExecutionRole"
          ]
        },
        {
          "index_key": 1,
          "schema_version": 0,
          "attributes": {
            "id": "aft-account-provisioning-framework-lambda-create-role-role/arn:aws:iam::aws:policy/service-role/AWSLambdaVPCAccessExecutionRole",
            "policy_arn": "arn:aws:iam::aws:policy/service-role/AWSLambdaVPCAccessExecutionRole",
            "role": "aft-account-provisioning-framework-lambda-create-role-role"
          },
          "sensitive_attributes": [],
          "identity_schema_version": 0,
          "identity": {
            "account_id": "209330743040",
            "policy_arn": "arn:aws:iam::aws:policy/service-role/AWSLambdaVPCAccessExecutionRole",
            "role": "aft-account-provisioning-framework-lambda-create-role-role"
          },
          "private": "bnVsbA==",
          "dependencies": [
            "module.aft.data.aws_partition.current",
            "module.aft.module.aft_account_provisioning_framework.aws_iam_role.aft_lambda_aft_account_provisioning_framework_create_role",
            "module.aft.module.aft_account_provisioning_framework.data.aws_iam_policy.AWSLambdaBasicExecutionRole",
            "module.aft.module.aft_account_provisioning_framework.data.aws_iam_policy.AWSLambdaVPCAccessExecutionRole"
          ]
        }
      ]
    },
    {
      "module": "module.aft.module.aft_account_provisioning_framework",
      "mode": "managed",
      "type": "aws_iam_role_policy_attachment",
      "name": "aft_account_provisioning_framework_persist_metadata",
      "provider": "module.aft.provider[\"registry.terraform.io/hashicorp/aws\"].aft_management",
      "instances": [
        {
          "index_key": 0,
          "schema_version": 0,
          "attributes": {
            "id": "aft-account-provisioning-framework-lambda-persist-metadata-role/arn:aws:iam::aws:policy/service-role/AWSLambdaBasicExecutionRole",
            "policy_arn": "arn:aws:iam::aws:policy/service-role/AWSLambdaBasicExecutionRole",
            "role": "aft-account-provisioning-framework-lambda-persist-metadata-role"
          },
          "sensitive_attributes": [],
          "identity_schema_version": 0,
          "identity": {
            "account_id": "209330743040",
            "policy_arn": "arn:aws:iam::aws:policy/service-role/AWSLambdaBasicExecutionRole",
            "role": "aft-account-provisioning-framework-lambda-persist-metadata-role"
          },
          "private": "bnVsbA==",
          "dependencies": [
            "module.aft.data.aws_partition.current",
            "module.aft.module.aft_account_provisioning_framework.aws_iam_role.aft_lambda_aft_account_provisioning_framework_persist_metadata",
            "module.aft.module.aft_account_provisioning_framework.data.aws_iam_policy.AWSLambdaBasicExecutionRole",
            "module.aft.module.aft_account_provisioning_framework.data.aws_iam_policy.AWSLambdaVPCAccessExecutionRole"
          ]
        },
        {
          "index_key": 1,
          "schema_version": 0,
          "attributes": {
            "id": "aft-account-provisioning-framework-lambda-persist-metadata-role/arn:aws:iam::aws:policy/service-role/AWSLambdaVPCAccessExecutionRole",
            "policy_arn": "arn:aws:iam::aws:policy/service-role/AWSLambdaVPCAccessExecutionRole",
            "role": "aft-account-provisioning-framework-lambda-persist-metadata-role"
          },
          "sensitive_attributes": [],
          "identity_schema_version": 0,
          "identity": {
            "account_id": "209330743040",
            "policy_arn": "arn:aws:iam::aws:policy/service-role/AWSLambdaVPCAccessExecutionRole",
            "role": "aft-account-provisioning-framework-lambda-persist-metadata-role"
          },
          "private": "bnVsbA==",
          "dependencies": [
            "module.aft.data.aws_partition.current",
            "module.aft.module.aft_account_provisioning_framework.aws_iam_role.aft_lambda_aft_account_provisioning_framework_persist_metadata",
            "module.aft.module.aft_account_provisioning_framework.data.aws_iam_policy.AWSLambdaBasicExecutionRole",
            "module.aft.module.aft_account_provisioning_framework.data.aws_iam_policy.AWSLambdaVPCAccessExecutionRole"
          ]
        }
      ]
    },
    {
      "module": "module.aft.module.aft_account_provisioning_framework",
      "mode": "managed",
      "type": "aws_iam_role_policy_attachment",
      "name": "aft_account_provisioning_framework_tag_account",
      "provider": "module.aft.provider[\"registry.terraform.io/hashicorp/aws\"].aft_management",
      "instances": [
        {
          "index_key": 0,
          "schema_version": 0,
          "attributes": {
            "id": "aft-account-provisioning-framework-lambda-tag-account-role/arn:aws:iam::aws:policy/service-role/AWSLambdaBasicExecutionRole",
            "policy_arn": "arn:aws:iam::aws:policy/service-role/AWSLambdaBasicExecutionRole",
            "role": "aft-account-provisioning-framework-lambda-tag-account-role"
          },
          "sensitive_attributes": [],
          "identity_schema_version": 0,
          "identity": {
            "account_id": "209330743040",
            "policy_arn": "arn:aws:iam::aws:policy/service-role/AWSLambdaBasicExecutionRole",
            "role": "aft-account-provisioning-framework-lambda-tag-account-role"
          },
          "private": "bnVsbA==",
          "dependencies": [
            "module.aft.data.aws_partition.current",
            "module.aft.module.aft_account_provisioning_framework.aws_iam_role.aft_lambda_aft_account_provisioning_framework_tag_account",
            "module.aft.module.aft_account_provisioning_framework.data.aws_iam_policy.AWSLambdaBasicExecutionRole",
            "module.aft.module.aft_account_provisioning_framework.data.aws_iam_policy.AWSLambdaVPCAccessExecutionRole"
          ]
        },
        {
          "index_key": 1,
          "schema_version": 0,
          "attributes": {
            "id": "aft-account-provisioning-framework-lambda-tag-account-role/arn:aws:iam::aws:policy/service-role/AWSLambdaVPCAccessExecutionRole",
            "policy_arn": "arn:aws:iam::aws:policy/service-role/AWSLambdaVPCAccessExecutionRole",
            "role": "aft-account-provisioning-framework-lambda-tag-account-role"
          },
          "sensitive_attributes": [],
          "identity_schema_version": 0,
          "identity": {
            "account_id": "209330743040",
            "policy_arn": "arn:aws:iam::aws:policy/service-role/AWSLambdaVPCAccessExecutionRole",
            "role": "aft-account-provisioning-framework-lambda-tag-account-role"
          },
          "private": "bnVsbA==",
          "dependencies": [
            "module.aft.data.aws_partition.current",
            "module.aft.module.aft_account_provisioning_framework.aws_iam_role.aft_lambda_aft_account_provisioning_framework_tag_account",
            "module.aft.module.aft_account_provisioning_framework.data.aws_iam_policy.AWSLambdaBasicExecutionRole",
            "module.aft.module.aft_account_provisioning_framework.data.aws_iam_policy.AWSLambdaVPCAccessExecutionRole"
          ]
        }
      ]
    },
    {
      "module": "module.aft.module.aft_account_request_framework",
      "mode": "data",
      "type": "aws_availability_zones",
      "name": "available",
      "provider": "module.aft.provider[\"registry.terraform.io/hashicorp/aws\"].aft_management",
      "instances": [
        {
          "schema_version": 0,
          "attributes": {
            "all_availability_zones": null,
            "exclude_names": null,
            "exclude_zone_ids": null,
            "filter": null,
            "group_names": [
              "us-east-1-zg-1"
            ],
            "id": "us-east-1",
            "names": [
              "us-east-1a",
              "us-east-1b",
              "us-east-1c",
              "us-east-1d",
              "us-east-1e",
              "us-east-1f"
            ],
            "region": "us-east-1",
            "state": "available",
            "timeouts": null,
            "zone_ids": [
              "use1-az1",
              "use1-az2",
              "use1-az4",
              "use1-az6",
              "use1-az3",
              "use1-az5"
            ]
          },
          "sensitive_attributes": [],
          "identity_schema_version": 0
        }
      ]
    },
    {
      "module": "module.aft.module.aft_account_request_framework",
      "mode": "data",
      "type": "aws_caller_identity",
      "name": "aft-management",
      "provider": "module.aft.provider[\"registry.terraform.io/hashicorp/aws\"].aft_management",
      "instances": [
        {
          "schema_version": 0,
          "attributes": {
            "account_id": "209330743040",
            "arn": "arn:aws:sts::209330743040:assumed-role/AWSControlTowerExecution/AWSAFT-Session",
            "id": "209330743040",
            "user_id": "AROATBPIVU4AJUUQ7NUJB:AWSAFT-Session"
          },
          "sensitive_attributes": [],
          "identity_schema_version": 0
        }
      ]
    },
    {
      "module": "module.aft.module.aft_account_request_framework",
      "mode": "data",
      "type": "aws_caller_identity",
      "name": "ct-management",
      "provider": "module.aft.provider[\"registry.terraform.io/hashicorp/aws\"].ct_management",
      "instances": [
        {
          "schema_version": 0,
          "attributes": {
            "account_id": "395310663328",
            "arn": "arn:aws:sts::395310663328:assumed-role/AWSReservedSSO_AWSAdministratorAccess_d1481a114c36f6a3/naven",
            "id": "395310663328",
            "user_id": "AROAVYCS2A2QONONTZ4BM:naven"
          },
          "sensitive_attributes": [],
          "identity_schema_version": 0
        }
      ]
    },
    {
      "module": "module.aft.module.aft_account_request_framework",
      "mode": "data",
      "type": "aws_iam_policy",
      "name": "AWSLambdaBasicExecutionRole",
      "provider": "module.aft.provider[\"registry.terraform.io/hashicorp/aws\"].aft_management",
      "instances": [
        {
          "schema_version": 0,
          "attributes": {
            "arn": "arn:aws:iam::aws:policy/service-role/AWSLambdaBasicExecutionRole",
            "attachment_count": 17,
            "description": "Provides write permissions to CloudWatch Logs.",
            "id": "arn:aws:iam::aws:policy/service-role/AWSLambdaBasicExecutionRole",
            "name": "AWSLambdaBasicExecutionRole",
            "path": "/service-role/",
            "path_prefix": null,
            "policy": "{\"Statement\":[{\"Action\":[\"logs:CreateLogGroup\",\"logs:CreateLogStream\",\"logs:PutLogEvents\"],\"Effect\":\"Allow\",\"Resource\":\"*\"}],\"Version\":\"2012-10-17\"}",
            "policy_id": "ANPAJNCQGXC42545SKXIK",
            "tags": {}
          },
          "sensitive_attributes": [],
          "identity_schema_version": 0
        }
      ]
    },
    {
      "module": "module.aft.module.aft_account_request_framework",
      "mode": "data",
      "type": "aws_iam_policy",
      "name": "AWSLambdaVPCAccessExecutionRole",
      "provider": "module.aft.provider[\"registry.terraform.io/hashicorp/aws\"].aft_management",
      "instances": [
        {
          "schema_version": 0,
          "attributes": {
            "arn": "arn:aws:iam::aws:policy/service-role/AWSLambdaVPCAccessExecutionRole",
            "attachment_count": 16,
            "description": "Provides minimum permissions for a Lambda function to execute while accessing a resource within a VPC - create, describe, delete network interfaces and write permissions to CloudWatch Logs. ",
            "id": "arn:aws:iam::aws:policy/service-role/AWSLambdaVPCAccessExecutionRole",
            "name": "AWSLambdaVPCAccessExecutionRole",
            "path": "/service-role/",
            "path_prefix": null,
            "policy": "{\"Statement\":[{\"Action\":[\"logs:CreateLogGroup\",\"logs:CreateLogStream\",\"logs:PutLogEvents\",\"ec2:CreateNetworkInterface\",\"ec2:DescribeNetworkInterfaces\",\"ec2:DescribeSubnets\",\"ec2:DeleteNetworkInterface\",\"ec2:AssignPrivateIpAddresses\",\"ec2:UnassignPrivateIpAddresses\"],\"Effect\":\"Allow\",\"Resource\":\"*\",\"Sid\":\"AWSLambdaVPCAccessExecutionPermissions\"}],\"Version\":\"2012-10-17\"}",
            "policy_id": "ANPAJVTME3YLVNL72YR2K",
            "tags": {}
          },
          "sensitive_attributes": [],
          "identity_schema_version": 0
        }
      ]
    },
    {
      "module": "module.aft.module.aft_account_request_framework",
      "mode": "data",
      "type": "aws_partition",
      "name": "current",
      "provider": "module.aft.provider[\"registry.terraform.io/hashicorp/aws\"].aft_management",
      "instances": [
        {
          "schema_version": 0,
          "attributes": {
            "dns_suffix": "amazonaws.com",
            "id": "aws",
            "partition": "aws",
            "reverse_dns_prefix": "com.amazonaws"
          },
          "sensitive_attributes": [],
          "identity_schema_version": 0
        }
      ]
    },
    {
      "module": "module.aft.module.aft_account_request_framework",
      "mode": "data",
      "type": "aws_region",
      "name": "aft-management",
      "provider": "module.aft.provider[\"registry.terraform.io/hashicorp/aws\"].aft_management",
      "instances": [
        {
          "schema_version": 0,
          "attributes": {
            "description": "US East (N. Virginia)",
            "endpoint": "ec2.us-east-1.amazonaws.com",
            "id": "us-east-1",
            "name": "us-east-1",
            "region": "us-east-1"
          },
          "sensitive_attributes": [],
          "identity_schema_version": 0
        }
      ]
    },
    {
      "module": "module.aft.module.aft_account_request_framework",
      "mode": "data",
      "type": "aws_route_tables",
      "name": "aft_private_route_tables",
      "provider": "module.aft.provider[\"registry.terraform.io/hashicorp/aws\"].aft_management",
      "instances": [
        {
          "index_key": 0,
          "schema_version": 0,
          "attributes": {
            "filter": [
              {
                "name": "association.subnet-id",
                "values": [
                  "subnet-00b1782f1c5a9b770",
                  "subnet-01a0ef4e8ef095756"
                ]
              }
            ],
            "id": "us-east-1",
            "ids": [
              "rtb-0515f832e83d0357a",
              "rtb-08249b4ec1f728da1"
            ],
            "region": "us-east-1",
            "tags": null,
            "timeouts": null,
            "vpc_id": "vpc-0b38a5ed7a9f588cd"
          },
          "sensitive_attributes": [],
          "identity_schema_version": 0
        }
      ]
    },
    {
      "module": "module.aft.module.aft_account_request_framework",
      "mode": "data",
      "type": "aws_route_tables",
      "name": "aft_public_route_tables",
      "provider": "module.aft.provider[\"registry.terraform.io/hashicorp/aws\"].aft_management",
      "instances": [
        {
          "index_key": 0,
          "schema_version": 0,
          "attributes": {
            "filter": [
              {
                "name": "association.subnet-id",
                "values": [
                  "subnet-002c1e6709cbe5390",
                  "subnet-016f8243d8e7f73e2"
                ]
              }
            ],
            "id": "us-east-1",
            "ids": [
              "rtb-0e3f971af75d59e7d"
            ],
            "region": "us-east-1",
            "tags": null,
            "timeouts": null,
            "vpc_id": "vpc-0b38a5ed7a9f588cd"
          },
          "sensitive_attributes": [],
          "identity_schema_version": 0
        }
      ]
    },
    {
      "module": "module.aft.module.aft_account_request_framework",
      "mode": "data",
      "type": "aws_subnets",
      "name": "codebuild",
      "provider": "module.aft.provider[\"registry.terraform.io/hashicorp/aws\"].aft_management",
      "instances": [
        {
          "index_key": 0,
          "schema_version": 0,
          "attributes": {
            "filter": [
              {
                "name": "availability-zone",
                "values": [
                  "us-east-1a",
                  "us-east-1b",
                  "us-east-1c",
                  "us-east-1d",
                  "us-east-1e",
                  "us-east-1f"
                ]
              },
              {
                "name": "subnet-id",
                "values": [
                  "subnet-00b1782f1c5a9b770",
                  "subnet-01a0ef4e8ef095756"
                ]
              },
              {
                "name": "vpc-id",
                "values": [
                  "vpc-0b38a5ed7a9f588cd"
                ]
              }
            ],
            "id": "us-east-1",
            "ids": [
              "subnet-01a0ef4e8ef095756",
              "subnet-00b1782f1c5a9b770"
            ],
            "region": "us-east-1",
            "tags": null,
            "timeouts": null
          },
          "sensitive_attributes": [],
          "identity_schema_version": 0
        }
      ]
    },
    {
      "module": "module.aft.module.aft_account_request_framework",
      "mode": "data",
      "type": "aws_subnets",
      "name": "codecommit",
      "provider": "module.aft.provider[\"registry.terraform.io/hashicorp/aws\"].aft_management",
      "instances": [
        {
          "index_key": 0,
          "schema_version": 0,
          "attributes": {
            "filter": [
              {
                "name": "availability-zone",
                "values": [
                  "us-east-1a",
                  "us-east-1b",
                  "us-east-1c",
                  "us-east-1d",
                  "us-east-1e",
                  "us-east-1f"
                ]
              },
              {
                "name": "subnet-id",
                "values": [
                  "subnet-00b1782f1c5a9b770",
                  "subnet-01a0ef4e8ef095756"
                ]
              },
              {
                "name": "vpc-id",
                "values": [
                  "vpc-0b38a5ed7a9f588cd"
                ]
              }
            ],
            "id": "us-east-1",
            "ids": [
              "subnet-01a0ef4e8ef095756",
              "subnet-00b1782f1c5a9b770"
            ],
            "region": "us-east-1",
            "tags": null,
            "timeouts": null
          },
          "sensitive_attributes": [],
          "identity_schema_version": 0
        }
      ]
    },
    {
      "module": "module.aft.module.aft_account_request_framework",
      "mode": "data",
      "type": "aws_subnets",
      "name": "codepipeline",
      "provider": "module.aft.provider[\"registry.terraform.io/hashicorp/aws\"].aft_management",
      "instances": [
        {
          "index_key": 0,
          "schema_version": 0,
          "attributes": {
            "filter": [
              {
                "name": "availability-zone",
                "values": [
                  "us-east-1a",
                  "us-east-1b",
                  "us-east-1c",
                  "us-east-1d",
                  "us-east-1e",
                  "us-east-1f"
                ]
              },
              {
                "name": "subnet-id",
                "values": [
                  "subnet-00b1782f1c5a9b770",
                  "subnet-01a0ef4e8ef095756"
                ]
              },
              {
                "name": "vpc-id",
                "values": [
                  "vpc-0b38a5ed7a9f588cd"
                ]
              }
            ],
            "id": "us-east-1",
            "ids": [
              "subnet-01a0ef4e8ef095756",
              "subnet-00b1782f1c5a9b770"
            ],
            "region": "us-east-1",
            "tags": null,
            "timeouts": null
          },
          "sensitive_attributes": [],
          "identity_schema_version": 0
        }
      ]
    },
    {
      "module": "module.aft.module.aft_account_request_framework",
      "mode": "data",
      "type": "aws_subnets",
      "name": "events",
      "provider": "module.aft.provider[\"registry.terraform.io/hashicorp/aws\"].aft_management",
      "instances": [
        {
          "index_key": 0,
          "schema_version": 0,
          "attributes": {
            "filter": [
              {
                "name": "availability-zone",
                "values": [
                  "us-east-1a",
                  "us-east-1b",
                  "us-east-1c",
                  "us-east-1d",
                  "us-east-1e",
                  "us-east-1f"
                ]
              },
              {
                "name": "subnet-id",
                "values": [
                  "subnet-00b1782f1c5a9b770",
                  "subnet-01a0ef4e8ef095756"
                ]
              },
              {
                "name": "vpc-id",
                "values": [
                  "vpc-0b38a5ed7a9f588cd"
                ]
              }
            ],
            "id": "us-east-1",
            "ids": [
              "subnet-01a0ef4e8ef095756",
              "subnet-00b1782f1c5a9b770"
            ],
            "region": "us-east-1",
            "tags": null,
            "timeouts": null
          },
          "sensitive_attributes": [],
          "identity_schema_version": 0
        }
      ]
    },
    {
      "module": "module.aft.module.aft_account_request_framework",
      "mode": "data",
      "type": "aws_subnets",
      "name": "git-codecommit",
      "provider": "module.aft.provider[\"registry.terraform.io/hashicorp/aws\"].aft_management",
      "instances": [
        {
          "index_key": 0,
          "schema_version": 0,
          "attributes": {
            "filter": [
              {
                "name": "availability-zone",
                "values": [
                  "us-east-1a",
                  "us-east-1b",
                  "us-east-1c",
                  "us-east-1d",
                  "us-east-1e",
                  "us-east-1f"
                ]
              },
              {
                "name": "subnet-id",
                "values": [
                  "subnet-00b1782f1c5a9b770",
                  "subnet-01a0ef4e8ef095756"
                ]
              },
              {
                "name": "vpc-id",
                "values": [
                  "vpc-0b38a5ed7a9f588cd"
                ]
              }
            ],
            "id": "us-east-1",
            "ids": [
              "subnet-01a0ef4e8ef095756",
              "subnet-00b1782f1c5a9b770"
            ],
            "region": "us-east-1",
            "tags": null,
            "timeouts": null
          },
          "sensitive_attributes": [],
          "identity_schema_version": 0
        }
      ]
    },
    {
      "module": "module.aft.module.aft_account_request_framework",
      "mode": "data",
      "type": "aws_subnets",
      "name": "kms",
      "provider": "module.aft.provider[\"registry.terraform.io/hashicorp/aws\"].aft_management",
      "instances": [
        {
          "index_key": 0,
          "schema_version": 0,
          "attributes": {
            "filter": [
              {
                "name": "availability-zone",
                "values": [
                  "us-east-1a",
                  "us-east-1b",
                  "us-east-1c",
                  "us-east-1d",
                  "us-east-1e",
                  "us-east-1f"
                ]
              },
              {
                "name": "subnet-id",
                "values": [
                  "subnet-00b1782f1c5a9b770",
                  "subnet-01a0ef4e8ef095756"
                ]
              },
              {
                "name": "vpc-id",
                "values": [
                  "vpc-0b38a5ed7a9f588cd"
                ]
              }
            ],
            "id": "us-east-1",
            "ids": [
              "subnet-01a0ef4e8ef095756",
              "subnet-00b1782f1c5a9b770"
            ],
            "region": "us-east-1",
            "tags": null,
            "timeouts": null
          },
          "sensitive_attributes": [],
          "identity_schema_version": 0
        }
      ]
    },
    {
      "module": "module.aft.module.aft_account_request_framework",
      "mode": "data",
      "type": "aws_subnets",
      "name": "lambda",
      "provider": "module.aft.provider[\"registry.terraform.io/hashicorp/aws\"].aft_management",
      "instances": [
        {
          "index_key": 0,
          "schema_version": 0,
          "attributes": {
            "filter": [
              {
                "name": "availability-zone",
                "values": [
                  "us-east-1a",
                  "us-east-1b",
                  "us-east-1c",
                  "us-east-1d",
                  "us-east-1e",
                  "us-east-1f"
                ]
              },
              {
                "name": "subnet-id",
                "values": [
                  "subnet-00b1782f1c5a9b770",
                  "subnet-01a0ef4e8ef095756"
                ]
              },
              {
                "name": "vpc-id",
                "values": [
                  "vpc-0b38a5ed7a9f588cd"
                ]
              }
            ],
            "id": "us-east-1",
            "ids": [
              "subnet-01a0ef4e8ef095756",
              "subnet-00b1782f1c5a9b770"
            ],
            "region": "us-east-1",
            "tags": null,
            "timeouts": null
          },
          "sensitive_attributes": [],
          "identity_schema_version": 0
        }
      ]
    },
    {
      "module": "module.aft.module.aft_account_request_framework",
      "mode": "data",
      "type": "aws_subnets",
      "name": "logs",
      "provider": "module.aft.provider[\"registry.terraform.io/hashicorp/aws\"].aft_management",
      "instances": [
        {
          "index_key": 0,
          "schema_version": 0,
          "attributes": {
            "filter": [
              {
                "name": "availability-zone",
                "values": [
                  "us-east-1a",
                  "us-east-1b",
                  "us-east-1c",
                  "us-east-1d",
                  "us-east-1e",
                  "us-east-1f"
                ]
              },
              {
                "name": "subnet-id",
                "values": [
                  "subnet-00b1782f1c5a9b770",
                  "subnet-01a0ef4e8ef095756"
                ]
              },
              {
                "name": "vpc-id",
                "values": [
                  "vpc-0b38a5ed7a9f588cd"
                ]
              }
            ],
            "id": "us-east-1",
            "ids": [
              "subnet-01a0ef4e8ef095756",
              "subnet-00b1782f1c5a9b770"
            ],
            "region": "us-east-1",
            "tags": null,
            "timeouts": null
          },
          "sensitive_attributes": [],
          "identity_schema_version": 0
        }
      ]
    },
    {
      "module": "module.aft.module.aft_account_request_framework",
      "mode": "data",
      "type": "aws_subnets",
      "name": "organizations",
      "provider": "module.aft.provider[\"registry.terraform.io/hashicorp/aws\"].aft_management",
      "instances": [
        {
          "index_key": 0,
          "schema_version": 0,
          "attributes": {
            "filter": [
              {
                "name": "availability-zone",
                "values": [
                  "us-east-1a",
                  "us-east-1b",
                  "us-east-1c",
                  "us-east-1d",
                  "us-east-1e",
                  "us-east-1f"
                ]
              },
              {
                "name": "subnet-id",
                "values": [
                  "subnet-00b1782f1c5a9b770",
                  "subnet-01a0ef4e8ef095756"
                ]
              },
              {
                "name": "vpc-id",
                "values": [
                  "vpc-0b38a5ed7a9f588cd"
                ]
              }
            ],
            "id": "us-east-1",
            "ids": [
              "subnet-01a0ef4e8ef095756",
              "subnet-00b1782f1c5a9b770"
            ],
            "region": "us-east-1",
            "tags": null,
            "timeouts": null
          },
          "sensitive_attributes": [],
          "identity_schema_version": 0
        }
      ]
    },
    {
      "module": "module.aft.module.aft_account_request_framework",
      "mode": "data",
      "type": "aws_subnets",
      "name": "servicecatalog",
      "provider": "module.aft.provider[\"registry.terraform.io/hashicorp/aws\"].aft_management",
      "instances": [
        {
          "index_key": 0,
          "schema_version": 0,
          "attributes": {
            "filter": [
              {
                "name": "availability-zone",
                "values": [
                  "us-east-1a",
                  "us-east-1b",
                  "us-east-1c",
                  "us-east-1d",
                  "us-east-1e",
                  "us-east-1f"
                ]
              },
              {
                "name": "subnet-id",
                "values": [
                  "subnet-00b1782f1c5a9b770",
                  "subnet-01a0ef4e8ef095756"
                ]
              },
              {
                "name": "vpc-id",
                "values": [
                  "vpc-0b38a5ed7a9f588cd"
                ]
              }
            ],
            "id": "us-east-1",
            "ids": [
              "subnet-01a0ef4e8ef095756",
              "subnet-00b1782f1c5a9b770"
            ],
            "region": "us-east-1",
            "tags": null,
            "timeouts": null
          },
          "sensitive_attributes": [],
          "identity_schema_version": 0
        }
      ]
    },
    {
      "module": "module.aft.module.aft_account_request_framework",
      "mode": "data",
      "type": "aws_subnets",
      "name": "sns",
      "provider": "module.aft.provider[\"registry.terraform.io/hashicorp/aws\"].aft_management",
      "instances": [
        {
          "index_key": 0,
          "schema_version": 0,
          "attributes": {
            "filter": [
              {
                "name": "availability-zone",
                "values": [
                  "us-east-1a",
                  "us-east-1b",
                  "us-east-1c",
                  "us-east-1d",
                  "us-east-1e",
                  "us-east-1f"
                ]
              },
              {
                "name": "subnet-id",
                "values": [
                  "subnet-00b1782f1c5a9b770",
                  "subnet-01a0ef4e8ef095756"
                ]
              },
              {
                "name": "vpc-id",
                "values": [
                  "vpc-0b38a5ed7a9f588cd"
                ]
              }
            ],
            "id": "us-east-1",
            "ids": [
              "subnet-01a0ef4e8ef095756",
              "subnet-00b1782f1c5a9b770"
            ],
            "region": "us-east-1",
            "tags": null,
            "timeouts": null
          },
          "sensitive_attributes": [],
          "identity_schema_version": 0
        }
      ]
    },
    {
      "module": "module.aft.module.aft_account_request_framework",
      "mode": "data",
      "type": "aws_subnets",
      "name": "sqs",
      "provider": "module.aft.provider[\"registry.terraform.io/hashicorp/aws\"].aft_management",
      "instances": [
        {
          "index_key": 0,
          "schema_version": 0,
          "attributes": {
            "filter": [
              {
                "name": "availability-zone",
                "values": [
                  "us-east-1a",
                  "us-east-1b",
                  "us-east-1c",
                  "us-east-1d",
                  "us-east-1e",
                  "us-east-1f"
                ]
              },
              {
                "name": "subnet-id",
                "values": [
                  "subnet-00b1782f1c5a9b770",
                  "subnet-01a0ef4e8ef095756"
                ]
              },
              {
                "name": "vpc-id",
                "values": [
                  "vpc-0b38a5ed7a9f588cd"
                ]
              }
            ],
            "id": "us-east-1",
            "ids": [
              "subnet-01a0ef4e8ef095756",
              "subnet-00b1782f1c5a9b770"
            ],
            "region": "us-east-1",
            "tags": null,
            "timeouts": null
          },
          "sensitive_attributes": [],
          "identity_schema_version": 0
        }
      ]
    },
    {
      "module": "module.aft.module.aft_account_request_framework",
      "mode": "data",
      "type": "aws_subnets",
      "name": "ssm",
      "provider": "module.aft.provider[\"registry.terraform.io/hashicorp/aws\"].aft_management",
      "instances": [
        {
          "index_key": 0,
          "schema_version": 0,
          "attributes": {
            "filter": [
              {
                "name": "availability-zone",
                "values": [
                  "us-east-1a",
                  "us-east-1b",
                  "us-east-1c",
                  "us-east-1d",
                  "us-east-1e",
                  "us-east-1f"
                ]
              },
              {
                "name": "subnet-id",
                "values": [
                  "subnet-00b1782f1c5a9b770",
                  "subnet-01a0ef4e8ef095756"
                ]
              },
              {
                "name": "vpc-id",
                "values": [
                  "vpc-0b38a5ed7a9f588cd"
                ]
              }
            ],
            "id": "us-east-1",
            "ids": [
              "subnet-01a0ef4e8ef095756",
              "subnet-00b1782f1c5a9b770"
            ],
            "region": "us-east-1",
            "tags": null,
            "timeouts": null
          },
          "sensitive_attributes": [],
          "identity_schema_version": 0
        }
      ]
    },
    {
      "module": "module.aft.module.aft_account_request_framework",
      "mode": "data",
      "type": "aws_subnets",
      "name": "states",
      "provider": "module.aft.provider[\"registry.terraform.io/hashicorp/aws\"].aft_management",
      "instances": [
        {
          "index_key": 0,
          "schema_version": 0,
          "attributes": {
            "filter": [
              {
                "name": "availability-zone",
                "values": [
                  "us-east-1a",
                  "us-east-1b",
                  "us-east-1c",
                  "us-east-1d",
                  "us-east-1e",
                  "us-east-1f"
                ]
              },
              {
                "name": "subnet-id",
                "values": [
                  "subnet-00b1782f1c5a9b770",
                  "subnet-01a0ef4e8ef095756"
                ]
              },
              {
                "name": "vpc-id",
                "values": [
                  "vpc-0b38a5ed7a9f588cd"
                ]
              }
            ],
            "id": "us-east-1",
            "ids": [
              "subnet-01a0ef4e8ef095756",
              "subnet-00b1782f1c5a9b770"
            ],
            "region": "us-east-1",
            "tags": null,
            "timeouts": null
          },
          "sensitive_attributes": [],
          "identity_schema_version": 0
        }
      ]
    },
    {
      "module": "module.aft.module.aft_account_request_framework",
      "mode": "data",
      "type": "aws_subnets",
      "name": "sts",
      "provider": "module.aft.provider[\"registry.terraform.io/hashicorp/aws\"].aft_management",
      "instances": [
        {
          "index_key": 0,
          "schema_version": 0,
          "attributes": {
            "filter": [
              {
                "name": "availability-zone",
                "values": [
                  "us-east-1a",
                  "us-east-1b",
                  "us-east-1c",
                  "us-east-1d",
                  "us-east-1e",
                  "us-east-1f"
                ]
              },
              {
                "name": "subnet-id",
                "values": [
                  "subnet-00b1782f1c5a9b770",
                  "subnet-01a0ef4e8ef095756"
                ]
              },
              {
                "name": "vpc-id",
                "values": [
                  "vpc-0b38a5ed7a9f588cd"
                ]
              }
            ],
            "id": "us-east-1",
            "ids": [
              "subnet-01a0ef4e8ef095756",
              "subnet-00b1782f1c5a9b770"
            ],
            "region": "us-east-1",
            "tags": null,
            "timeouts": null
          },
          "sensitive_attributes": [],
          "identity_schema_version": 0
        }
      ]
    },
    {
      "module": "module.aft.module.aft_account_request_framework",
      "mode": "data",
      "type": "aws_vpc",
      "name": "aft",
      "provider": "module.aft.provider[\"registry.terraform.io/hashicorp/aws\"].aft_management",
      "instances": [
        {
          "index_key": 0,
          "schema_version": 0,
          "attributes": {
            "arn": "arn:aws:ec2:us-east-1:209330743040:vpc/vpc-0b38a5ed7a9f588cd",
            "cidr_block": "192.168.0.0/22",
            "cidr_block_associations": [
              {
                "association_id": "vpc-cidr-assoc-038353eaf9d5ea8cb",
                "cidr_block": "192.168.0.0/22",
                "state": "associated"
              }
            ],
            "default": false,
            "dhcp_options_id": "dopt-04a1c92caf3865505",
            "enable_dns_hostnames": true,
            "enable_dns_support": true,
            "enable_network_address_usage_metrics": false,
            "filter": null,
            "id": "vpc-0b38a5ed7a9f588cd",
            "instance_tenancy": "default",
            "ipv6_association_id": "",
            "ipv6_cidr_block": "",
            "main_route_table_id": "rtb-03066918acece1a36",
            "owner_id": "209330743040",
            "region": "us-east-1",
            "state": null,
            "tags": {
              "Name": "aft-management-vpc",
              "managed_by": "AFT"
            },
            "timeouts": null
          },
          "sensitive_attributes": [],
          "identity_schema_version": 0
        }
      ]
    },
    {
      "module": "module.aft.module.aft_account_request_framework",
      "mode": "data",
      "type": "aws_vpc_endpoint_service",
      "name": "codebuild",
      "provider": "module.aft.provider[\"registry.terraform.io/hashicorp/aws\"].aft_management",
      "instances": [
        {
          "index_key": 0,
          "schema_version": 0,
          "attributes": {
            "acceptance_required": false,
            "arn": "arn:aws:ec2:us-east-1:209330743040:vpc-endpoint-service/vpce-svc-0c010ea6f4a2da52d",
            "availability_zones": [
              "us-east-1a",
              "us-east-1b",
              "us-east-1c",
              "us-east-1d",
              "us-east-1e",
              "us-east-1f"
            ],
            "base_endpoint_dns_names": [
              "codebuild.us-east-1.vpce.amazonaws.com"
            ],
            "filter": null,
            "id": "3342732707",
            "manages_vpc_endpoints": false,
            "owner": "amazon",
            "private_dns_name": "codebuild.us-east-1.amazonaws.com",
            "private_dns_names": [
              "codebuild.us-east-1.amazonaws.com",
              "codebuild.us-east-1.api.aws"
            ],
            "region": "us-east-1",
            "service": "codebuild",
            "service_id": "vpce-svc-0c010ea6f4a2da52d",
            "service_name": "com.amazonaws.us-east-1.codebuild",
            "service_region": "us-east-1",
            "service_regions": null,
            "service_type": "Interface",
            "supported_ip_address_types": [
              "ipv4",
              "ipv6"
            ],
            "tags": {},
            "timeouts": null,
            "vpc_endpoint_policy_supported": true
          },
          "sensitive_attributes": [],
          "identity_schema_version": 0
        }
      ]
    },
    {
      "module": "module.aft.module.aft_account_request_framework",
      "mode": "data",
      "type": "aws_vpc_endpoint_service",
      "name": "codecommit",
      "provider": "module.aft.provider[\"registry.terraform.io/hashicorp/aws\"].aft_management",
      "instances": [
        {
          "index_key": 0,
          "schema_version": 0,
          "attributes": {
            "acceptance_required": false,
            "arn": "arn:aws:ec2:us-east-1:209330743040:vpc-endpoint-service/vpce-svc-0a9c5028aa0a54ade",
            "availability_zones": [
              "us-east-1a",
              "us-east-1b",
              "us-east-1c",
              "us-east-1d",
              "us-east-1e",
              "us-east-1f"
            ],
            "base_endpoint_dns_names": [
              "codecommit.us-east-1.vpce.amazonaws.com"
            ],
            "filter": null,
            "id": "275794268",
            "manages_vpc_endpoints": false,
            "owner": "amazon",
            "private_dns_name": "codecommit.us-east-1.amazonaws.com",
            "private_dns_names": [
              "codecommit.us-east-1.amazonaws.com",
              "codecommit.us-east-1.api.aws"
            ],
            "region": "us-east-1",
            "service": "codecommit",
            "service_id": "vpce-svc-0a9c5028aa0a54ade",
            "service_name": "com.amazonaws.us-east-1.codecommit",
            "service_region": "us-east-1",
            "service_regions": null,
            "service_type": "Interface",
            "supported_ip_address_types": [
              "ipv4",
              "ipv6"
            ],
            "tags": {},
            "timeouts": null,
            "vpc_endpoint_policy_supported": true
          },
          "sensitive_attributes": [],
          "identity_schema_version": 0
        }
      ]
    },
    {
      "module": "module.aft.module.aft_account_request_framework",
      "mode": "data",
      "type": "aws_vpc_endpoint_service",
      "name": "codepipeline",
      "provider": "module.aft.provider[\"registry.terraform.io/hashicorp/aws\"].aft_management",
      "instances": [
        {
          "index_key": 0,
          "schema_version": 0,
          "attributes": {
            "acceptance_required": false,
            "arn": "arn:aws:ec2:us-east-1:209330743040:vpc-endpoint-service/vpce-svc-04aa8dd5ca62d3cec",
            "availability_zones": [
              "us-east-1a",
              "us-east-1b",
              "us-east-1c",
              "us-east-1d",
              "us-east-1e",
              "us-east-1f"
            ],
            "base_endpoint_dns_names": [
              "codepipeline.us-east-1.vpce.amazonaws.com"
            ],
            "filter": null,
            "id": "2743968634",
            "manages_vpc_endpoints": false,
            "owner": "amazon",
            "private_dns_name": "codepipeline.us-east-1.amazonaws.com",
            "private_dns_names": [
              "codepipeline.us-east-1.amazonaws.com"
            ],
            "region": "us-east-1",
            "service": "codepipeline",
            "service_id": "vpce-svc-04aa8dd5ca62d3cec",
            "service_name": "com.amazonaws.us-east-1.codepipeline",
            "service_region": "us-east-1",
            "service_regions": null,
            "service_type": "Interface",
            "supported_ip_address_types": [
              "ipv4"
            ],
            "tags": {},
            "timeouts": null,
            "vpc_endpoint_policy_supported": true
          },
          "sensitive_attributes": [],
          "identity_schema_version": 0
        }
      ]
    },
    {
      "module": "module.aft.module.aft_account_request_framework",
      "mode": "data",
      "type": "aws_vpc_endpoint_service",
      "name": "events",
      "provider": "module.aft.provider[\"registry.terraform.io/hashicorp/aws\"].aft_management",
      "instances": [
        {
          "index_key": 0,
          "schema_version": 0,
          "attributes": {
            "acceptance_required": false,
            "arn": "arn:aws:ec2:us-east-1:209330743040:vpc-endpoint-service/vpce-svc-0091001f6a6fb58d2",
            "availability_zones": [
              "us-east-1a",
              "us-east-1b",
              "us-east-1c",
              "us-east-1d",
              "us-east-1e",
              "us-east-1f"
            ],
            "base_endpoint_dns_names": [
              "events.us-east-1.vpce.amazonaws.com"
            ],
            "filter": null,
            "id": "412716965",
            "manages_vpc_endpoints": false,
            "owner": "amazon",
            "private_dns_name": "events.us-east-1.amazonaws.com",
            "private_dns_names": [
              "events.us-east-1.amazonaws.com",
              "events.us-east-1.api.aws"
            ],
            "region": "us-east-1",
            "service": "events",
            "service_id": "vpce-svc-0091001f6a6fb58d2",
            "service_name": "com.amazonaws.us-east-1.events",
            "service_region": "us-east-1",
            "service_regions": null,
            "service_type": "Interface",
            "supported_ip_address_types": [
              "ipv4",
              "ipv6"
            ],
            "tags": {},
            "timeouts": null,
            "vpc_endpoint_policy_supported": true
          },
          "sensitive_attributes": [],
          "identity_schema_version": 0
        }
      ]
    },
    {
      "module": "module.aft.module.aft_account_request_framework",
      "mode": "data",
      "type": "aws_vpc_endpoint_service",
      "name": "git-codecommit",
      "provider": "module.aft.provider[\"registry.terraform.io/hashicorp/aws\"].aft_management",
      "instances": [
        {
          "index_key": 0,
          "schema_version": 0,
          "attributes": {
            "acceptance_required": false,
            "arn": "arn:aws:ec2:us-east-1:209330743040:vpc-endpoint-service/vpce-svc-09bd365a6e7143038",
            "availability_zones": [
              "us-east-1a",
              "us-east-1b",
              "us-east-1c",
              "us-east-1d",
              "us-east-1e",
              "us-east-1f"
            ],
            "base_endpoint_dns_names": [
              "git-codecommit.us-east-1.vpce.amazonaws.com"
            ],
            "filter": null,
            "id": "3298375572",
            "manages_vpc_endpoints": false,
            "owner": "amazon",
            "private_dns_name": "git-codecommit.us-east-1.amazonaws.com",
            "private_dns_names": [
              "git-codecommit.us-east-1.amazonaws.com"
            ],
            "region": "us-east-1",
            "service": "git-codecommit",
            "service_id": "vpce-svc-09bd365a6e7143038",
            "service_name": "com.amazonaws.us-east-1.git-codecommit",
            "service_region": "us-east-1",
            "service_regions": null,
            "service_type": "Interface",
            "supported_ip_address_types": [
              "ipv4"
            ],
            "tags": {},
            "timeouts": null,
            "vpc_endpoint_policy_supported": true
          },
          "sensitive_attributes": [],
          "identity_schema_version": 0
        }
      ]
    },
    {
      "module": "module.aft.module.aft_account_request_framework",
      "mode": "data",
      "type": "aws_vpc_endpoint_service",
      "name": "kms",
      "provider": "module.aft.provider[\"registry.terraform.io/hashicorp/aws\"].aft_management",
      "instances": [
        {
          "index_key": 0,
          "schema_version": 0,
          "attributes": {
            "acceptance_required": false,
            "arn": "arn:aws:ec2:us-east-1:209330743040:vpc-endpoint-service/vpce-svc-06e89c5fa1e953a07",
            "availability_zones": [
              "us-east-1a",
              "us-east-1b",
              "us-east-1c",
              "us-east-1d",
              "us-east-1e",
              "us-east-1f"
            ],
            "base_endpoint_dns_names": [
              "kms.us-east-1.vpce.amazonaws.com"
            ],
            "filter": null,
            "id": "140981279",
            "manages_vpc_endpoints": false,
            "owner": "amazon",
            "private_dns_name": "kms.us-east-1.amazonaws.com",
            "private_dns_names": [
              "kms.us-east-1.amazonaws.com",
              "kms.us-east-1.api.aws"
            ],
            "region": "us-east-1",
            "service": "kms",
            "service_id": "vpce-svc-06e89c5fa1e953a07",
            "service_name": "com.amazonaws.us-east-1.kms",
            "service_region": "us-east-1",
            "service_regions": null,
            "service_type": "Interface",
            "supported_ip_address_types": [
              "ipv4",
              "ipv6"
            ],
            "tags": {},
            "timeouts": null,
            "vpc_endpoint_policy_supported": true
          },
          "sensitive_attributes": [],
          "identity_schema_version": 0
        }
      ]
    },
    {
      "module": "module.aft.module.aft_account_request_framework",
      "mode": "data",
      "type": "aws_vpc_endpoint_service",
      "name": "lambda",
      "provider": "module.aft.provider[\"registry.terraform.io/hashicorp/aws\"].aft_management",
      "instances": [
        {
          "index_key": 0,
          "schema_version": 0,
          "attributes": {
            "acceptance_required": false,
            "arn": "arn:aws:ec2:us-east-1:209330743040:vpc-endpoint-service/vpce-svc-007affa8f59bca6a2",
            "availability_zones": [
              "us-east-1a",
              "us-east-1b",
              "us-east-1c",
              "us-east-1d",
              "us-east-1e",
              "us-east-1f"
            ],
            "base_endpoint_dns_names": [
              "lambda.us-east-1.vpce.amazonaws.com"
            ],
            "filter": null,
            "id": "2558732141",
            "manages_vpc_endpoints": false,
            "owner": "amazon",
            "private_dns_name": "lambda.us-east-1.amazonaws.com",
            "private_dns_names": [
              "lambda.us-east-1.amazonaws.com",
              "lambda.us-east-1.api.aws"
            ],
            "region": "us-east-1",
            "service": "lambda",
            "service_id": "vpce-svc-007affa8f59bca6a2",
            "service_name": "com.amazonaws.us-east-1.lambda",
            "service_region": "us-east-1",
            "service_regions": null,
            "service_type": "Interface",
            "supported_ip_address_types": [
              "ipv4",
              "ipv6"
            ],
            "tags": {},
            "timeouts": null,
            "vpc_endpoint_policy_supported": true
          },
          "sensitive_attributes": [],
          "identity_schema_version": 0
        }
      ]
    },
    {
      "module": "module.aft.module.aft_account_request_framework",
      "mode": "data",
      "type": "aws_vpc_endpoint_service",
      "name": "logs",
      "provider": "module.aft.provider[\"registry.terraform.io/hashicorp/aws\"].aft_management",
      "instances": [
        {
          "index_key": 0,
          "schema_version": 0,
          "attributes": {
            "acceptance_required": false,
            "arn": "arn:aws:ec2:us-east-1:209330743040:vpc-endpoint-service/vpce-svc-01b9c19d13faf4f62",
            "availability_zones": [
              "us-east-1a",
              "us-east-1b",
              "us-east-1c",
              "us-east-1d",
              "us-east-1e",
              "us-east-1f"
            ],
            "base_endpoint_dns_names": [
              "logs.us-east-1.vpce.amazonaws.com"
            ],
            "filter": null,
            "id": "653499976",
            "manages_vpc_endpoints": false,
            "owner": "amazon",
            "private_dns_name": "logs.us-east-1.amazonaws.com",
            "private_dns_names": [
              "logs.us-east-1.amazonaws.com",
              "logs.us-east-1.api.aws",
              "streaming-logs.us-east-1.amazonaws.com",
              "streaming-logs.us-east-1.api.aws"
            ],
            "region": "us-east-1",
            "service": "logs",
            "service_id": "vpce-svc-01b9c19d13faf4f62",
            "service_name": "com.amazonaws.us-east-1.logs",
            "service_region": "us-east-1",
            "service_regions": null,
            "service_type": "Interface",
            "supported_ip_address_types": [
              "ipv4",
              "ipv6"
            ],
            "tags": {},
            "timeouts": null,
            "vpc_endpoint_policy_supported": true
          },
          "sensitive_attributes": [],
          "identity_schema_version": 0
        }
      ]
    },
    {
      "module": "module.aft.module.aft_account_request_framework",
      "mode": "data",
      "type": "aws_vpc_endpoint_service",
      "name": "organizations",
      "provider": "module.aft.provider[\"registry.terraform.io/hashicorp/aws\"].aft_management",
      "instances": [
        {
          "index_key": 0,
          "schema_version": 0,
          "attributes": {
            "acceptance_required": false,
            "arn": "arn:aws:ec2:us-east-1:209330743040:vpc-endpoint-service/vpce-svc-0b22df7b8cc434860",
            "availability_zones": [
              "us-east-1a",
              "us-east-1b",
              "us-east-1c",
              "us-east-1d",
              "us-east-1e",
              "us-east-1f"
            ],
            "base_endpoint_dns_names": [
              "organizations.us-east-1.vpce.amazonaws.com"
            ],
            "filter": null,
            "id": "3661406748",
            "manages_vpc_endpoints": false,
            "owner": "amazon",
            "private_dns_name": "organizations.us-east-1.amazonaws.com",
            "private_dns_names": [
              "organizations.us-east-1.amazonaws.com",
              "organizations.us-east-1.api.aws"
            ],
            "region": "us-east-1",
            "service": "organizations",
            "service_id": "vpce-svc-0b22df7b8cc434860",
            "service_name": "com.amazonaws.us-east-1.organizations",
            "service_region": "us-east-1",
            "service_regions": null,
            "service_type": "Interface",
            "supported_ip_address_types": [
              "ipv4",
              "ipv6"
            ],
            "tags": {},
            "timeouts": null,
            "vpc_endpoint_policy_supported": true
          },
          "sensitive_attributes": [],
          "identity_schema_version": 0
        }
      ]
    },
    {
      "module": "module.aft.module.aft_account_request_framework",
      "mode": "data",
      "type": "aws_vpc_endpoint_service",
      "name": "servicecatalog",
      "provider": "module.aft.provider[\"registry.terraform.io/hashicorp/aws\"].aft_management",
      "instances": [
        {
          "index_key": 0,
          "schema_version": 0,
          "attributes": {
            "acceptance_required": false,
            "arn": "arn:aws:ec2:us-east-1:209330743040:vpc-endpoint-service/vpce-svc-03eb0a5a402ac19a7",
            "availability_zones": [
              "us-east-1a",
              "us-east-1b",
              "us-east-1c",
              "us-east-1d",
              "us-east-1e",
              "us-east-1f"
            ],
            "base_endpoint_dns_names": [
              "servicecatalog.us-east-1.vpce.amazonaws.com"
            ],
            "filter": null,
            "id": "150708398",
            "manages_vpc_endpoints": false,
            "owner": "amazon",
            "private_dns_name": "servicecatalog.us-east-1.amazonaws.com",
            "private_dns_names": [
              "servicecatalog.us-east-1.amazonaws.com",
              "servicecatalog.us-east-1.api.aws"
            ],
            "region": "us-east-1",
            "service": "servicecatalog",
            "service_id": "vpce-svc-03eb0a5a402ac19a7",
            "service_name": "com.amazonaws.us-east-1.servicecatalog",
            "service_region": "us-east-1",
            "service_regions": null,
            "service_type": "Interface",
            "supported_ip_address_types": [
              "ipv4",
              "ipv6"
            ],
            "tags": {},
            "timeouts": null,
            "vpc_endpoint_policy_supported": true
          },
          "sensitive_attributes": [],
          "identity_schema_version": 0
        }
      ]
    },
    {
      "module": "module.aft.module.aft_account_request_framework",
      "mode": "data",
      "type": "aws_vpc_endpoint_service",
      "name": "sns",
      "provider": "module.aft.provider[\"registry.terraform.io/hashicorp/aws\"].aft_management",
      "instances": [
        {
          "index_key": 0,
          "schema_version": 0,
          "attributes": {
            "acceptance_required": false,
            "arn": "arn:aws:ec2:us-east-1:209330743040:vpc-endpoint-service/vpce-svc-028a2c04717c9c5b1",
            "availability_zones": [
              "us-east-1a",
              "us-east-1b",
              "us-east-1c",
              "us-east-1d",
              "us-east-1e",
              "us-east-1f"
            ],
            "base_endpoint_dns_names": [
              "sns.us-east-1.vpce.amazonaws.com"
            ],
            "filter": null,
            "id": "830444820",
            "manages_vpc_endpoints": false,
            "owner": "amazon",
            "private_dns_name": "sns.us-east-1.amazonaws.com",
            "private_dns_names": [
              "sns.us-east-1.amazonaws.com",
              "sns.us-east-1.api.aws"
            ],
            "region": "us-east-1",
            "service": "sns",
            "service_id": "vpce-svc-028a2c04717c9c5b1",
            "service_name": "com.amazonaws.us-east-1.sns",
            "service_region": "us-east-1",
            "service_regions": null,
            "service_type": "Interface",
            "supported_ip_address_types": [
              "ipv4",
              "ipv6"
            ],
            "tags": {},
            "timeouts": null,
            "vpc_endpoint_policy_supported": true
          },
          "sensitive_attributes": [],
          "identity_schema_version": 0
        }
      ]
    },
    {
      "module": "module.aft.module.aft_account_request_framework",
      "mode": "data",
      "type": "aws_vpc_endpoint_service",
      "name": "sqs",
      "provider": "module.aft.provider[\"registry.terraform.io/hashicorp/aws\"].aft_management",
      "instances": [
        {
          "index_key": 0,
          "schema_version": 0,
          "attributes": {
            "acceptance_required": false,
            "arn": "arn:aws:ec2:us-east-1:209330743040:vpc-endpoint-service/vpce-svc-021f0798aee080d82",
            "availability_zones": [
              "us-east-1a",
              "us-east-1b",
              "us-east-1c",
              "us-east-1d",
              "us-east-1e",
              "us-east-1f"
            ],
            "base_endpoint_dns_names": [
              "sqs.us-east-1.vpce.amazonaws.com"
            ],
            "filter": null,
            "id": "4230323082",
            "manages_vpc_endpoints": false,
            "owner": "amazon",
            "private_dns_name": "sqs.us-east-1.amazonaws.com",
            "private_dns_names": [
              "sqs.us-east-1.amazonaws.com",
              "sqs.us-east-1.api.aws"
            ],
            "region": "us-east-1",
            "service": "sqs",
            "service_id": "vpce-svc-021f0798aee080d82",
            "service_name": "com.amazonaws.us-east-1.sqs",
            "service_region": "us-east-1",
            "service_regions": null,
            "service_type": "Interface",
            "supported_ip_address_types": [
              "ipv4",
              "ipv6"
            ],
            "tags": {},
            "timeouts": null,
            "vpc_endpoint_policy_supported": true
          },
          "sensitive_attributes": [],
          "identity_schema_version": 0
        }
      ]
    },
    {
      "module": "module.aft.module.aft_account_request_framework",
      "mode": "data",
      "type": "aws_vpc_endpoint_service",
      "name": "ssm",
      "provider": "module.aft.provider[\"registry.terraform.io/hashicorp/aws\"].aft_management",
      "instances": [
        {
          "index_key": 0,
          "schema_version": 0,
          "attributes": {
            "acceptance_required": false,
            "arn": "arn:aws:ec2:us-east-1:209330743040:vpc-endpoint-service/vpce-svc-0830e78121d7f5a46",
            "availability_zones": [
              "us-east-1a",
              "us-east-1b",
              "us-east-1c",
              "us-east-1d",
              "us-east-1e",
              "us-east-1f"
            ],
            "base_endpoint_dns_names": [
              "ssm.us-east-1.vpce.amazonaws.com"
            ],
            "filter": null,
            "id": "874300523",
            "manages_vpc_endpoints": false,
            "owner": "amazon",
            "private_dns_name": "ssm.us-east-1.amazonaws.com",
            "private_dns_names": [
              "ssm.us-east-1.amazonaws.com",
              "ssm.us-east-1.api.aws"
            ],
            "region": "us-east-1",
            "service": "ssm",
            "service_id": "vpce-svc-0830e78121d7f5a46",
            "service_name": "com.amazonaws.us-east-1.ssm",
            "service_region": "us-east-1",
            "service_regions": null,
            "service_type": "Interface",
            "supported_ip_address_types": [
              "ipv4",
              "ipv6"
            ],
            "tags": {},
            "timeouts": null,
            "vpc_endpoint_policy_supported": true
          },
          "sensitive_attributes": [],
          "identity_schema_version": 0
        }
      ]
    },
    {
      "module": "module.aft.module.aft_account_request_framework",
      "mode": "data",
      "type": "aws_vpc_endpoint_service",
      "name": "states",
      "provider": "module.aft.provider[\"registry.terraform.io/hashicorp/aws\"].aft_management",
      "instances": [
        {
          "index_key": 0,
          "schema_version": 0,
          "attributes": {
            "acceptance_required": false,
            "arn": "arn:aws:ec2:us-east-1:209330743040:vpc-endpoint-service/vpce-svc-0a9e455f2fc8c61a6",
            "availability_zones": [
              "us-east-1a",
              "us-east-1b",
              "us-east-1c",
              "us-east-1d",
              "us-east-1e",
              "us-east-1f"
            ],
            "base_endpoint_dns_names": [
              "states.us-east-1.vpce.amazonaws.com"
            ],
            "filter": null,
            "id": "2061283234",
            "manages_vpc_endpoints": false,
            "owner": "amazon",
            "private_dns_name": "states.us-east-1.amazonaws.com",
            "private_dns_names": [
              "states-fips.us-east-1.amazonaws.com",
              "states-fips.us-east-1.api.aws",
              "states.us-east-1.amazonaws.com",
              "states.us-east-1.api.aws"
            ],
            "region": "us-east-1",
            "service": "states",
            "service_id": "vpce-svc-0a9e455f2fc8c61a6",
            "service_name": "com.amazonaws.us-east-1.states",
            "service_region": "us-east-1",
            "service_regions": null,
            "service_type": "Interface",
            "supported_ip_address_types": [
              "ipv4",
              "ipv6"
            ],
            "tags": {},
            "timeouts": null,
            "vpc_endpoint_policy_supported": true
          },
          "sensitive_attributes": [],
          "identity_schema_version": 0
        }
      ]
    },
    {
      "module": "module.aft.module.aft_account_request_framework",
      "mode": "data",
      "type": "aws_vpc_endpoint_service",
      "name": "sts",
      "provider": "module.aft.provider[\"registry.terraform.io/hashicorp/aws\"].aft_management",
      "instances": [
        {
          "index_key": 0,
          "schema_version": 0,
          "attributes": {
            "acceptance_required": false,
            "arn": "arn:aws:ec2:us-east-1:209330743040:vpc-endpoint-service/vpce-svc-0fea2b65f0eeb838b",
            "availability_zones": [
              "us-east-1a",
              "us-east-1b",
              "us-east-1c",
              "us-east-1d",
              "us-east-1e",
              "us-east-1f"
            ],
            "base_endpoint_dns_names": [
              "sts.us-east-1.vpce.amazonaws.com"
            ],
            "filter": null,
            "id": "2169663439",
            "manages_vpc_endpoints": false,
            "owner": "amazon",
            "private_dns_name": "sts.us-east-1.amazonaws.com",
            "private_dns_names": [
              "sts.us-east-1.amazonaws.com",
              "sts.us-east-1.api.aws"
            ],
            "region": "us-east-1",
            "service": "sts",
            "service_id": "vpce-svc-0fea2b65f0eeb838b",
            "service_name": "com.amazonaws.us-east-1.sts",
            "service_region": "us-east-1",
            "service_regions": null,
            "service_type": "Interface",
            "supported_ip_address_types": [
              "ipv4",
              "ipv6"
            ],
            "tags": {},
            "timeouts": null,
            "vpc_endpoint_policy_supported": true
          },
          "sensitive_attributes": [],
          "identity_schema_version": 0
        }
      ]
    },
    {
      "module": "module.aft.module.aft_account_request_framework",
      "mode": "managed",
      "type": "aws_backup_plan",
      "name": "aft_controltower_backup_plan",
      "provider": "module.aft.provider[\"registry.terraform.io/hashicorp/aws\"].aft_management",
      "instances": [
        {
          "schema_version": 1,
          "attributes": {
            "advanced_backup_setting": [],
            "arn": "arn:aws:backup:us-east-1:209330743040:backup-plan:a41b06e2-51dc-4904-85b0-c75f48b10848",
            "id": "a41b06e2-51dc-4904-85b0-c75f48b10848",
            "name": "aft-controltower-backup-plan",
            "region": "us-east-1",
            "rule": [
              {
                "completion_window": 180,
                "copy_action": [],
                "enable_continuous_backup": false,
                "lifecycle": [],
                "recovery_point_tags": {},
                "rule_name": "aft_controltower_backup_rule",
                "scan_action": [],
                "schedule": "cron(0 * * * ? *)",
                "schedule_expression_timezone": "Etc/UTC",
                "start_window": 60,
                "target_logically_air_gapped_backup_vault_arn": "",
                "target_vault_name": "aft-controltower-backup-vault"
              }
            ],
            "scan_setting": [],
            "tags": {},
            "tags_all": {
              "managed_by": "AFT"
            },
            "version": "ZWI2Y2U3Y2EtYWM0Mi00YTgwLTgwYzktZDExODA3NDI2MDRk"
          },
          "sensitive_attributes": [],
          "identity_schema_version": 0,
          "private": "eyJzY2hlbWFfdmVyc2lvbiI6IjEifQ==",
          "dependencies": [
            "module.aft.data.aws_partition.current",
            "module.aft.module.aft_account_request_framework.aws_backup_vault.aft_controltower_backup_vault",
            "module.aft.module.aft_account_request_framework.aws_kms_key.aft",
            "module.aft.module.aft_account_request_framework.data.aws_caller_identity.aft-management",
            "module.aft.module.aft_account_request_framework.data.aws_partition.current",
            "module.aft.module.aft_account_request_framework.data.aws_region.aft-management"
          ]
        }
      ]
    },
    {
      "module": "module.aft.module.aft_account_request_framework",
      "mode": "managed",
      "type": "aws_backup_selection",
      "name": "aft_controltower_backup_selection",
      "provider": "module.aft.provider[\"registry.terraform.io/hashicorp/aws\"].aft_management",
      "instances": [
        {
          "schema_version": 0,
          "attributes": {
            "condition": [
              {
                "string_equals": [],
                "string_like": [],
                "string_not_equals": [],
                "string_not_like": []
              }
            ],
            "iam_role_arn": "arn:aws:iam::209330743040:role/aft-aws-backup",
            "id": "12e32b1d-9052-4747-8a57-68700720bc31",
            "name": "aft-controltower-backup-selection",
            "not_resources": [],
            "plan_id": "a41b06e2-51dc-4904-85b0-c75f48b10848",
            "region": "us-east-1",
            "resources": [
              "arn:aws:dynamodb:us-east-1:209330743040:table/aft-controltower-events",
              "arn:aws:dynamodb:us-east-1:209330743040:table/aft-request",
              "arn:aws:dynamodb:us-east-1:209330743040:table/aft-request-audit",
              "arn:aws:dynamodb:us-east-1:209330743040:table/aft-request-metadata"
            ],
            "selection_tag": []
          },
          "sensitive_attributes": [],
          "identity_schema_version": 0,
          "private": "bnVsbA==",
          "dependencies": [
            "module.aft.data.aws_partition.current",
            "module.aft.module.aft_account_request_framework.aws_backup_plan.aft_controltower_backup_plan",
            "module.aft.module.aft_account_request_framework.aws_backup_vault.aft_controltower_backup_vault",
            "module.aft.module.aft_account_request_framework.aws_dynamodb_table.aft_controltower_events",
            "module.aft.module.aft_account_request_framework.aws_dynamodb_table.aft_request",
            "module.aft.module.aft_account_request_framework.aws_dynamodb_table.aft_request_audit",
            "module.aft.module.aft_account_request_framework.aws_dynamodb_table.aft_request_metadata",
            "module.aft.module.aft_account_request_framework.aws_iam_role.aft_aws_backup",
            "module.aft.module.aft_account_request_framework.aws_kms_key.aft",
            "module.aft.module.aft_account_request_framework.data.aws_caller_identity.aft-management",
            "module.aft.module.aft_account_request_framework.data.aws_partition.current",
            "module.aft.module.aft_account_request_framework.data.aws_region.aft-management"
          ]
        }
      ]
    },
    {
      "module": "module.aft.module.aft_account_request_framework",
      "mode": "managed",
      "type": "aws_backup_vault",
      "name": "aft_controltower_backup_vault",
      "provider": "module.aft.provider[\"registry.terraform.io/hashicorp/aws\"].aft_management",
      "instances": [
        {
          "schema_version": 0,
          "attributes": {
            "arn": "arn:aws:backup:us-east-1:209330743040:backup-vault:aft-controltower-backup-vault",
            "force_destroy": false,
            "id": "aft-controltower-backup-vault",
            "kms_key_arn": "arn:aws:kms:us-east-1:209330743040:key/89104c7a-ebe1-42ee-930b-caa51544f46a",
            "name": "aft-controltower-backup-vault",
            "recovery_points": 0,
            "region": "us-east-1",
            "tags": {},
            "tags_all": {
              "managed_by": "AFT"
            },
            "timeouts": null
          },
          "sensitive_attributes": [],
          "identity_schema_version": 0,
          "private": "eyJlMmJmYjczMC1lY2FhLTExZTYtOGY4OC0zNDM2M2JjN2M0YzAiOnsiZGVsZXRlIjo2MDAwMDAwMDAwMDB9fQ==",
          "dependencies": [
            "module.aft.data.aws_partition.current",
            "module.aft.module.aft_account_request_framework.aws_kms_key.aft",
            "module.aft.module.aft_account_request_framework.data.aws_caller_identity.aft-management",
            "module.aft.module.aft_account_request_framework.data.aws_partition.current",
            "module.aft.module.aft_account_request_framework.data.aws_region.aft-management"
          ]
        }
      ]
    },
    {
      "module": "module.aft.module.aft_account_request_framework",
      "mode": "managed",
      "type": "aws_cloudwatch_event_bus",
      "name": "aft_from_ct_management",
      "provider": "module.aft.provider[\"registry.terraform.io/hashicorp/aws\"].aft_management",
      "instances": [
        {
          "schema_version": 0,
          "attributes": {
            "arn": "arn:aws:events:us-east-1:209330743040:event-bus/aft-events-from-ct-management",
            "dead_letter_config": [],
            "description": "",
            "event_source_name": null,
            "id": "aft-events-from-ct-management",
            "kms_key_identifier": "",
            "log_config": [],
            "name": "aft-events-from-ct-management",
            "region": "us-east-1",
            "tags": {},
            "tags_all": {
              "managed_by": "AFT"
            }
          },
          "sensitive_attributes": [],
          "identity_schema_version": 0,
          "private": "bnVsbA==",
          "dependencies": [
            "module.aft.data.aws_partition.current"
          ]
        }
      ]
    },
    {
      "module": "module.aft.module.aft_account_request_framework",
      "mode": "managed",
      "type": "aws_cloudwatch_event_permission",
      "name": "control_tower_management_account",
      "provider": "module.aft.provider[\"registry.terraform.io/hashicorp/aws\"].aft_management",
      "instances": [
        {
          "schema_version": 0,
          "attributes": {
            "action": "events:PutEvents",
            "condition": [],
            "event_bus_name": "aft-events-from-ct-management",
            "id": "aft-events-from-ct-management/control_tower_management_account",
            "principal": "395310663328",
            "region": "us-east-1",
            "statement_id": "control_tower_management_account"
          },
          "sensitive_attributes": [],
          "identity_schema_version": 0,
          "private": "bnVsbA==",
          "dependencies": [
            "module.aft.data.aws_partition.current",
            "module.aft.module.aft_account_request_framework.aws_cloudwatch_event_bus.aft_from_ct_management",
            "module.aft.module.aft_account_request_framework.data.aws_caller_identity.ct-management"
          ]
        }
      ]
    },
    {
      "module": "module.aft.module.aft_account_request_framework",
      "mode": "managed",
      "type": "aws_cloudwatch_event_rule",
      "name": "aft_account_request_processor",
      "provider": "module.aft.provider[\"registry.terraform.io/hashicorp/aws\"].aft_management",
      "instances": [
        {
          "schema_version": 1,
          "attributes": {
            "arn": "arn:aws:events:us-east-1:209330743040:rule/aft-lambda-account-request-processor",
            "description": "Trigger Lambda",
            "event_bus_name": "default",
            "event_pattern": null,
            "force_destroy": false,
            "id": "aft-lambda-account-request-processor",
            "is_enabled": true,
            "name": "aft-lambda-account-request-processor",
            "name_prefix": "",
            "region": "us-east-1",
            "role_arn": "",
            "schedule_expression": "rate(5 minutes)",
            "state": "ENABLED",
            "tags": {},
            "tags_all": {
              "managed_by": "AFT"
            }
          },
          "sensitive_attributes": [],
          "identity_schema_version": 0,
          "identity": {
            "account_id": "209330743040",
            "name": "aft-lambda-account-request-processor",
            "region": "us-east-1"
          },
          "private": "eyJzY2hlbWFfdmVyc2lvbiI6IjEifQ==",
          "dependencies": [
            "module.aft.data.aws_partition.current"
          ]
        }
      ]
    },
    {
      "module": "module.aft.module.aft_account_request_framework",
      "mode": "managed",
      "type": "aws_cloudwatch_event_rule",
      "name": "aft_control_tower_events",
      "provider": "module.aft.provider[\"registry.terraform.io/hashicorp/aws\"].ct_management",
      "instances": [
        {
          "schema_version": 1,
          "attributes": {
            "arn": "arn:aws:events:us-east-1:395310663328:rule/aft-capture-ct-events",
            "description": "Capture ControlTower events",
            "event_bus_name": "default",
            "event_pattern": "{\"detail\":{\"eventName\":[\"CreateManagedAccount\",\"UpdateManagedAccount\"]},\"detail-type\":[\"AWS Service Event via CloudTrail\"],\"source\":[\"aws.controltower\"]}",
            "force_destroy": false,
            "id": "aft-capture-ct-events",
            "is_enabled": true,
            "name": "aft-capture-ct-events",
            "name_prefix": "",
            "region": "us-east-1",
            "role_arn": "",
            "schedule_expression": "",
            "state": "ENABLED",
            "tags": {},
            "tags_all": {
              "managed_by": "AFT"
            }
          },
          "sensitive_attributes": [],
          "identity_schema_version": 0,
          "identity": {
            "account_id": "395310663328",
            "name": "aft-capture-ct-events",
            "region": "us-east-1"
          },
          "private": "eyJzY2hlbWFfdmVyc2lvbiI6IjEifQ=="
        }
      ]
    },
    {
      "module": "module.aft.module.aft_account_request_framework",
      "mode": "managed",
      "type": "aws_cloudwatch_event_rule",
      "name": "aft_controltower_event_trigger",
      "provider": "module.aft.provider[\"registry.terraform.io/hashicorp/aws\"].aft_management",
      "instances": [
        {
          "schema_version": 1,
          "attributes": {
            "arn": "arn:aws:events:us-east-1:209330743040:rule/aft-events-from-ct-management/aft-controltower-event-logger",
            "description": "Send CT Events to Lambda",
            "event_bus_name": "aft-events-from-ct-management",
            "event_pattern": "{\"account\":[\"395310663328\"]}",
            "force_destroy": false,
            "id": "aft-events-from-ct-management/aft-controltower-event-logger",
            "is_enabled": true,
            "name": "aft-controltower-event-logger",
            "name_prefix": "",
            "region": "us-east-1",
            "role_arn": "",
            "schedule_expression": "",
            "state": "ENABLED",
            "tags": {},
            "tags_all": {
              "managed_by": "AFT"
            }
          },
          "sensitive_attributes": [],
          "identity_schema_version": 0,
          "identity": {
            "account_id": "209330743040",
            "name": "aft-controltower-event-logger",
            "region": "us-east-1"
          },
          "private": "eyJzY2hlbWFfdmVyc2lvbiI6IjEifQ==",
          "dependencies": [
            "module.aft.data.aws_partition.current",
            "module.aft.module.aft_account_request_framework.aws_cloudwatch_event_bus.aft_from_ct_management",
            "module.aft.module.aft_account_request_framework.data.aws_caller_identity.ct-management"
          ]
        }
      ]
    },
    {
      "module": "module.aft.module.aft_account_request_framework",
      "mode": "managed",
      "type": "aws_cloudwatch_event_target",
      "name": "aft_management_event_bus",
      "provider": "module.aft.provider[\"registry.terraform.io/hashicorp/aws\"].ct_management",
      "instances": [
        {
          "schema_version": 1,
          "attributes": {
            "appsync_target": [],
            "arn": "arn:aws:events:us-east-1:209330743040:event-bus/aft-events-from-ct-management",
            "batch_target": [],
            "dead_letter_config": [],
            "ecs_target": [],
            "event_bus_name": "default",
            "force_destroy": false,
            "http_target": [],
            "id": "aft-capture-ct-events-terraform-20260303133951599500000001",
            "input": "",
            "input_path": "",
            "input_transformer": [],
            "kinesis_target": [],
            "redshift_target": [],
            "region": "us-east-1",
            "retry_policy": [],
            "role_arn": "arn:aws:iam::395310663328:role/aft-control-tower-events-rule",
            "rule": "aft-capture-ct-events",
            "run_command_targets": [],
            "sagemaker_pipeline_target": [],
            "sqs_target": [],
            "target_id": "terraform-20260303133951599500000001"
          },
          "sensitive_attributes": [],
          "identity_schema_version": 0,
          "identity": {
            "account_id": "395310663328",
            "event_bus_name": "default",
            "region": "us-east-1",
            "rule": "aft-capture-ct-events",
            "target_id": "terraform-20260303133951599500000001"
          },
          "private": "eyJzY2hlbWFfdmVyc2lvbiI6IjEifQ==",
          "dependencies": [
            "module.aft.data.aws_partition.current",
            "module.aft.module.aft_account_request_framework.aws_cloudwatch_event_bus.aft_from_ct_management",
            "module.aft.module.aft_account_request_framework.aws_cloudwatch_event_rule.aft_control_tower_events",
            "module.aft.module.aft_account_request_framework.aws_iam_role.aft_control_tower_events"
          ]
        }
      ]
    },
    {
      "module": "module.aft.module.aft_account_request_framework",
      "mode": "managed",
      "type": "aws_default_security_group",
      "name": "aft_vpc_default_sg",
      "provider": "module.aft.provider[\"registry.terraform.io/hashicorp/aws\"].aft_management",
      "instances": [
        {
          "index_key": 0,
          "schema_version": 1,
          "attributes": {
            "arn": "arn:aws:ec2:us-east-1:209330743040:security-group/sg-00687936c932a982a",
            "description": "default VPC security group",
            "egress": [],
            "id": "sg-00687936c932a982a",
            "ingress": [],
            "name": "default",
            "name_prefix": "",
            "owner_id": "209330743040",
            "region": "us-east-1",
            "revoke_rules_on_delete": false,
            "tags": {
              "Name": "aft-vpc-default-sg"
            },
            "tags_all": {
              "Name": "aft-vpc-default-sg",
              "managed_by": "AFT"
            },
            "vpc_id": "vpc-0b38a5ed7a9f588cd"
          },
          "sensitive_attributes": [],
          "identity_schema_version": 0,
          "private": "eyJzY2hlbWFfdmVyc2lvbiI6IjEifQ==",
          "dependencies": [
            "module.aft.data.aws_partition.current",
            "module.aft.module.aft_account_request_framework.aws_vpc.aft_vpc"
          ]
        }
      ]
    },
    {
      "module": "module.aft.module.aft_account_request_framework",
      "mode": "managed",
      "type": "aws_dynamodb_table",
      "name": "aft_controltower_events",
      "provider": "module.aft.provider[\"registry.terraform.io/hashicorp/aws\"].aft_management",
      "instances": [
        {
          "schema_version": 1,
          "attributes": {
            "arn": "arn:aws:dynamodb:us-east-1:209330743040:table/aft-controltower-events",
            "attribute": [
              {
                "name": "id",
                "type": "S"
              },
              {
                "name": "time",
                "type": "S"
              }
            ],
            "billing_mode": "PAY_PER_REQUEST",
            "deletion_protection_enabled": false,
            "global_secondary_index": [],
            "global_table_witness": [],
            "hash_key": "id",
            "id": "aft-controltower-events",
            "import_table": [],
            "local_secondary_index": [],
            "name": "aft-controltower-events",
            "on_demand_throughput": [],
            "point_in_time_recovery": [
              {
                "enabled": true,
                "recovery_period_in_days": 35
              }
            ],
            "range_key": "time",
            "read_capacity": 0,
            "region": "us-east-1",
            "replica": [],
            "restore_date_time": null,
            "restore_source_name": null,
            "restore_source_table_arn": null,
            "restore_to_latest_time": null,
            "server_side_encryption": [
              {
                "enabled": true,
                "kms_key_arn": "arn:aws:kms:us-east-1:209330743040:key/89104c7a-ebe1-42ee-930b-caa51544f46a"
              }
            ],
            "stream_arn": "arn:aws:dynamodb:us-east-1:209330743040:table/aft-controltower-events/stream/2026-03-03T13:17:14.204",
            "stream_enabled": true,
            "stream_label": "2026-03-03T13:17:14.204",
            "stream_view_type": "NEW_AND_OLD_IMAGES",
            "table_class": "STANDARD",
            "tags": {},
            "tags_all": {
              "managed_by": "AFT"
            },
            "timeouts": null,
            "ttl": [
              {
                "attribute_name": "",
                "enabled": false
              }
            ],
            "warm_throughput": [],
            "write_capacity": 0
          },
          "sensitive_attributes": [],
          "identity_schema_version": 0,
          "private": "eyJlMmJmYjczMC1lY2FhLTExZTYtOGY4OC0zNDM2M2JjN2M0YzAiOnsiY3JlYXRlIjoxODAwMDAwMDAwMDAwLCJkZWxldGUiOjYwMDAwMDAwMDAwMCwidXBkYXRlIjozNjAwMDAwMDAwMDAwfSwic2NoZW1hX3ZlcnNpb24iOiIxIn0=",
          "dependencies": [
            "module.aft.data.aws_partition.current",
            "module.aft.module.aft_account_request_framework.aws_kms_key.aft",
            "module.aft.module.aft_account_request_framework.data.aws_caller_identity.aft-management",
            "module.aft.module.aft_account_request_framework.data.aws_partition.current",
            "module.aft.module.aft_account_request_framework.data.aws_region.aft-management"
          ]
        }
      ]
    },
    {
      "module": "module.aft.module.aft_account_request_framework",
      "mode": "managed",
      "type": "aws_dynamodb_table",
      "name": "aft_request",
      "provider": "module.aft.provider[\"registry.terraform.io/hashicorp/aws\"].aft_management",
      "instances": [
        {
          "schema_version": 1,
          "attributes": {
            "arn": "arn:aws:dynamodb:us-east-1:209330743040:table/aft-request",
            "attribute": [
              {
                "name": "id",
                "type": "S"
              }
            ],
            "billing_mode": "PAY_PER_REQUEST",
            "deletion_protection_enabled": false,
            "global_secondary_index": [],
            "global_table_witness": [],
            "hash_key": "id",
            "id": "aft-request",
            "import_table": [],
            "local_secondary_index": [],
            "name": "aft-request",
            "on_demand_throughput": [],
            "point_in_time_recovery": [
              {
                "enabled": true,
                "recovery_period_in_days": 35
              }
            ],
            "range_key": null,
            "read_capacity": 0,
            "region": "us-east-1",
            "replica": [],
            "restore_date_time": null,
            "restore_source_name": null,
            "restore_source_table_arn": null,
            "restore_to_latest_time": null,
            "server_side_encryption": [
              {
                "enabled": true,
                "kms_key_arn": "arn:aws:kms:us-east-1:209330743040:key/89104c7a-ebe1-42ee-930b-caa51544f46a"
              }
            ],
            "stream_arn": "arn:aws:dynamodb:us-east-1:209330743040:table/aft-request/stream/2026-03-03T13:17:14.556",
            "stream_enabled": true,
            "stream_label": "2026-03-03T13:17:14.556",
            "stream_view_type": "NEW_AND_OLD_IMAGES",
            "table_class": "STANDARD",
            "tags": {},
            "tags_all": {
              "managed_by": "AFT"
            },
            "timeouts": null,
            "ttl": [
              {
                "attribute_name": "",
                "enabled": false
              }
            ],
            "warm_throughput": [],
            "write_capacity": 0
          },
          "sensitive_attributes": [],
          "identity_schema_version": 0,
          "private": "eyJlMmJmYjczMC1lY2FhLTExZTYtOGY4OC0zNDM2M2JjN2M0YzAiOnsiY3JlYXRlIjoxODAwMDAwMDAwMDAwLCJkZWxldGUiOjYwMDAwMDAwMDAwMCwidXBkYXRlIjozNjAwMDAwMDAwMDAwfSwic2NoZW1hX3ZlcnNpb24iOiIxIn0=",
          "dependencies": [
            "module.aft.data.aws_partition.current",
            "module.aft.module.aft_account_request_framework.aws_kms_key.aft",
            "module.aft.module.aft_account_request_framework.data.aws_caller_identity.aft-management",
            "module.aft.module.aft_account_request_framework.data.aws_partition.current",
            "module.aft.module.aft_account_request_framework.data.aws_region.aft-management"
          ]
        }
      ]
    },
    {
      "module": "module.aft.module.aft_account_request_framework",
      "mode": "managed",
      "type": "aws_dynamodb_table",
      "name": "aft_request_audit",
      "provider": "module.aft.provider[\"registry.terraform.io/hashicorp/aws\"].aft_management",
      "instances": [
        {
          "schema_version": 1,
          "attributes": {
            "arn": "arn:aws:dynamodb:us-east-1:209330743040:table/aft-request-audit",
            "attribute": [
              {
                "name": "id",
                "type": "S"
              },
              {
                "name": "timestamp",
                "type": "S"
              }
            ],
            "billing_mode": "PAY_PER_REQUEST",
            "deletion_protection_enabled": false,
            "global_secondary_index": [],
            "global_table_witness": [],
            "hash_key": "id",
            "id": "aft-request-audit",
            "import_table": [],
            "local_secondary_index": [],
            "name": "aft-request-audit",
            "on_demand_throughput": [],
            "point_in_time_recovery": [
              {
                "enabled": true,
                "recovery_period_in_days": 35
              }
            ],
            "range_key": "timestamp",
            "read_capacity": 0,
            "region": "us-east-1",
            "replica": [],
            "restore_date_time": null,
            "restore_source_name": null,
            "restore_source_table_arn": null,
            "restore_to_latest_time": null,
            "server_side_encryption": [
              {
                "enabled": true,
                "kms_key_arn": "arn:aws:kms:us-east-1:209330743040:key/89104c7a-ebe1-42ee-930b-caa51544f46a"
              }
            ],
            "stream_arn": "arn:aws:dynamodb:us-east-1:209330743040:table/aft-request-audit/stream/2026-03-03T13:17:14.214",
            "stream_enabled": true,
            "stream_label": "2026-03-03T13:17:14.214",
            "stream_view_type": "NEW_AND_OLD_IMAGES",
            "table_class": "STANDARD",
            "tags": {},
            "tags_all": {
              "managed_by": "AFT"
            },
            "timeouts": null,
            "ttl": [
              {
                "attribute_name": "",
                "enabled": false
              }
            ],
            "warm_throughput": [],
            "write_capacity": 0
          },
          "sensitive_attributes": [],
          "identity_schema_version": 0,
          "private": "eyJlMmJmYjczMC1lY2FhLTExZTYtOGY4OC0zNDM2M2JjN2M0YzAiOnsiY3JlYXRlIjoxODAwMDAwMDAwMDAwLCJkZWxldGUiOjYwMDAwMDAwMDAwMCwidXBkYXRlIjozNjAwMDAwMDAwMDAwfSwic2NoZW1hX3ZlcnNpb24iOiIxIn0=",
          "dependencies": [
            "module.aft.data.aws_partition.current",
            "module.aft.module.aft_account_request_framework.aws_kms_key.aft",
            "module.aft.module.aft_account_request_framework.data.aws_caller_identity.aft-management",
            "module.aft.module.aft_account_request_framework.data.aws_partition.current",
            "module.aft.module.aft_account_request_framework.data.aws_region.aft-management"
          ]
        }
      ]
    },
    {
      "module": "module.aft.module.aft_account_request_framework",
      "mode": "managed",
      "type": "aws_dynamodb_table",
      "name": "aft_request_metadata",
      "provider": "module.aft.provider[\"registry.terraform.io/hashicorp/aws\"].aft_management",
      "instances": [
        {
          "schema_version": 1,
          "attributes": {
            "arn": "arn:aws:dynamodb:us-east-1:209330743040:table/aft-request-metadata",
            "attribute": [
              {
                "name": "email",
                "type": "S"
              },
              {
                "name": "id",
                "type": "S"
              },
              {
                "name": "type",
                "type": "S"
              }
            ],
            "billing_mode": "PAY_PER_REQUEST",
            "deletion_protection_enabled": false,
            "global_secondary_index": [
              {
                "hash_key": "email",
                "key_schema": [
                  {
                    "attribute_name": "email",
                    "key_type": "HASH"
                  }
                ],
                "name": "emailIndex",
                "non_key_attributes": [
                  "id"
                ],
                "on_demand_throughput": [],
                "projection_type": "INCLUDE",
                "range_key": "",
                "read_capacity": 0,
                "warm_throughput": [],
                "write_capacity": 0
              },
              {
                "hash_key": "type",
                "key_schema": [
                  {
                    "attribute_name": "type",
                    "key_type": "HASH"
                  }
                ],
                "name": "typeIndex",
                "non_key_attributes": [],
                "on_demand_throughput": [],
                "projection_type": "ALL",
                "range_key": "",
                "read_capacity": 0,
                "warm_throughput": [],
                "write_capacity": 0
              }
            ],
            "global_table_witness": [],
            "hash_key": "id",
            "id": "aft-request-metadata",
            "import_table": [],
            "local_secondary_index": [],
            "name": "aft-request-metadata",
            "on_demand_throughput": [],
            "point_in_time_recovery": [
              {
                "enabled": true,
                "recovery_period_in_days": 35
              }
            ],
            "range_key": null,
            "read_capacity": 0,
            "region": "us-east-1",
            "replica": [],
            "restore_date_time": null,
            "restore_source_name": null,
            "restore_source_table_arn": null,
            "restore_to_latest_time": null,
            "server_side_encryption": [
              {
                "enabled": true,
                "kms_key_arn": "arn:aws:kms:us-east-1:209330743040:key/89104c7a-ebe1-42ee-930b-caa51544f46a"
              }
            ],
            "stream_arn": "",
            "stream_enabled": false,
            "stream_label": "",
            "stream_view_type": "",
            "table_class": "STANDARD",
            "tags": {},
            "tags_all": {
              "managed_by": "AFT"
            },
            "timeouts": null,
            "ttl": [
              {
                "attribute_name": "",
                "enabled": false
              }
            ],
            "warm_throughput": [],
            "write_capacity": 0
          },
          "sensitive_attributes": [],
          "identity_schema_version": 0,
          "private": "eyJlMmJmYjczMC1lY2FhLTExZTYtOGY4OC0zNDM2M2JjN2M0YzAiOnsiY3JlYXRlIjoxODAwMDAwMDAwMDAwLCJkZWxldGUiOjYwMDAwMDAwMDAwMCwidXBkYXRlIjozNjAwMDAwMDAwMDAwfSwic2NoZW1hX3ZlcnNpb24iOiIxIn0=",
          "dependencies": [
            "module.aft.data.aws_partition.current",
            "module.aft.module.aft_account_request_framework.aws_kms_key.aft",
            "module.aft.module.aft_account_request_framework.data.aws_caller_identity.aft-management",
            "module.aft.module.aft_account_request_framework.data.aws_partition.current",
            "module.aft.module.aft_account_request_framework.data.aws_region.aft-management"
          ]
        }
      ]
    },
    {
      "module": "module.aft.module.aft_account_request_framework",
      "mode": "managed",
      "type": "aws_eip",
      "name": "aft-vpc-natgw-01",
      "provider": "module.aft.provider[\"registry.terraform.io/hashicorp/aws\"].aft_management",
      "instances": [
        {
          "index_key": 0,
          "schema_version": 0,
          "attributes": {
            "address": null,
            "allocation_id": "eipalloc-085280344c4c7dd9d",
            "arn": "arn:aws:ec2:us-east-1:209330743040:elastic-ip/eipalloc-085280344c4c7dd9d",
            "associate_with_private_ip": null,
            "association_id": "eipassoc-0a365f2f05f85f39f",
            "carrier_ip": "",
            "customer_owned_ip": "",
            "customer_owned_ipv4_pool": "",
            "domain": "vpc",
            "id": "eipalloc-085280344c4c7dd9d",
            "instance": "",
            "ipam_pool_id": null,
            "network_border_group": "us-east-1",
            "network_interface": "eni-07cb68694a3e1aa6a",
            "private_dns": "ip-192-168-2-105.ec2.internal",
            "private_ip": "192.168.2.105",
            "ptr_record": "",
            "public_dns": "ec2-3-89-236-42.compute-1.amazonaws.com",
            "public_ip": "3.89.236.42",
            "public_ipv4_pool": "amazon",
            "region": "us-east-1",
            "tags": {},
            "tags_all": {
              "managed_by": "AFT"
            },
            "timeouts": null
          },
          "sensitive_attributes": [],
          "identity_schema_version": 0,
          "private": "eyJlMmJmYjczMC1lY2FhLTExZTYtOGY4OC0zNDM2M2JjN2M0YzAiOnsiZGVsZXRlIjoxODAwMDAwMDAwMDAsInJlYWQiOjkwMDAwMDAwMDAwMCwidXBkYXRlIjozMDAwMDAwMDAwMDB9fQ==",
          "dependencies": [
            "module.aft.data.aws_partition.current"
          ]
        }
      ]
    },
    {
      "module": "module.aft.module.aft_account_request_framework",
      "mode": "managed",
      "type": "aws_eip",
      "name": "aft-vpc-natgw-02",
      "provider": "module.aft.provider[\"registry.terraform.io/hashicorp/aws\"].aft_management",
      "instances": [
        {
          "index_key": 0,
          "schema_version": 0,
          "attributes": {
            "address": null,
            "allocation_id": "eipalloc-01d7d67a54c202cc3",
            "arn": "arn:aws:ec2:us-east-1:209330743040:elastic-ip/eipalloc-01d7d67a54c202cc3",
            "associate_with_private_ip": null,
            "association_id": "eipassoc-0dcdafea43ad7abb3",
            "carrier_ip": "",
            "customer_owned_ip": "",
            "customer_owned_ipv4_pool": "",
            "domain": "vpc",
            "id": "eipalloc-01d7d67a54c202cc3",
            "instance": "",
            "ipam_pool_id": null,
            "network_border_group": "us-east-1",
            "network_interface": "eni-06527c3bdce2fbeb1",
            "private_dns": "ip-192-168-2-201.ec2.internal",
            "private_ip": "192.168.2.201",
            "ptr_record": "",
            "public_dns": "ec2-44-217-185-221.compute-1.amazonaws.com",
            "public_ip": "44.217.185.221",
            "public_ipv4_pool": "amazon",
            "region": "us-east-1",
            "tags": {},
            "tags_all": {
              "managed_by": "AFT"
            },
            "timeouts": null
          },
          "sensitive_attributes": [],
          "identity_schema_version": 0,
          "private": "eyJlMmJmYjczMC1lY2FhLTExZTYtOGY4OC0zNDM2M2JjN2M0YzAiOnsiZGVsZXRlIjoxODAwMDAwMDAwMDAsInJlYWQiOjkwMDAwMDAwMDAwMCwidXBkYXRlIjozMDAwMDAwMDAwMDB9fQ==",
          "dependencies": [
            "module.aft.data.aws_partition.current"
          ]
        }
      ]
    },
    {
      "module": "module.aft.module.aft_account_request_framework",
      "mode": "managed",
      "type": "aws_iam_role",
      "name": "aft_account_request_action_trigger",
      "provider": "module.aft.provider[\"registry.terraform.io/hashicorp/aws\"].aft_management",
      "instances": [
        {
          "schema_version": 0,
          "attributes": {
            "arn": "arn:aws:iam::209330743040:role/aft-lambda-account-request-action-trigger",
            "assume_role_policy": "{\"Statement\":[{\"Action\":\"sts:AssumeRole\",\"Effect\":\"Allow\",\"Principal\":{\"Service\":\"lambda.amazonaws.com\"}}],\"Version\":\"2012-10-17\"}",
            "create_date": "2026-03-03T12:28:38Z",
            "description": "",
            "force_detach_policies": false,
            "id": "aft-lambda-account-request-action-trigger",
            "inline_policy": [],
            "managed_policy_arns": [
              "arn:aws:iam::aws:policy/service-role/AWSLambdaBasicExecutionRole",
              "arn:aws:iam::aws:policy/service-role/AWSLambdaVPCAccessExecutionRole"
            ],
            "max_session_duration": 3600,
            "name": "aft-lambda-account-request-action-trigger",
            "name_prefix": "",
            "path": "/",
            "permissions_boundary": "",
            "tags": {},
            "tags_all": {
              "managed_by": "AFT"
            },
            "unique_id": "AROATBPIVU4ALD3DG3E2Y"
          },
          "sensitive_attributes": [],
          "identity_schema_version": 0,
          "identity": {
            "account_id": "209330743040",
            "name": "aft-lambda-account-request-action-trigger"
          },
          "private": "bnVsbA==",
          "dependencies": [
            "module.aft.data.aws_partition.current"
          ]
        }
      ]
    },
    {
      "module": "module.aft.module.aft_account_request_framework",
      "mode": "managed",
      "type": "aws_iam_role",
      "name": "aft_account_request_audit_trigger",
      "provider": "module.aft.provider[\"registry.terraform.io/hashicorp/aws\"].aft_management",
      "instances": [
        {
          "schema_version": 0,
          "attributes": {
            "arn": "arn:aws:iam::209330743040:role/aft-lambda-account-request-audit-trigger",
            "assume_role_policy": "{\"Statement\":[{\"Action\":\"sts:AssumeRole\",\"Effect\":\"Allow\",\"Principal\":{\"Service\":\"lambda.amazonaws.com\"}}],\"Version\":\"2012-10-17\"}",
            "create_date": "2026-03-03T12:28:40Z",
            "description": "",
            "force_detach_policies": false,
            "id": "aft-lambda-account-request-audit-trigger",
            "inline_policy": [
              {
                "name": "aft-account-request-audit-trigger",
                "policy": "{\"Version\":\"2012-10-17\",\"Statement\":[{\"Action\":[\"dynamodb:GetShardIterator\",\"dynamodb:DescribeStream\",\"dynamodb:GetRecords\",\"dynamodb:ListShards\",\"dynamodb:ListStreams\"],\"Effect\":\"Allow\",\"Resource\":[\"arn:aws:dynamodb:us-east-1:209330743040:table/aft-request/stream/*\"]},{\"Action\":[\"dynamodb:Query\",\"dynamodb:PutItem\"],\"Effect\":\"Allow\",\"Resource\":\"arn:aws:dynamodb:us-east-1:209330743040:table/aft-request-audit\"},{\"Action\":\"dynamodb:ListStreams\",\"Effect\":\"Allow\",\"Resource\":\"*\"},{\"Action\":\"sqs:SendMessage\",\"Effect\":\"Allow\",\"Resource\":\"arn:aws:sqs:us-east-1:209330743040:aft-account-request.fifo\"},{\"Action\":\"ssm:GetParameter\",\"Effect\":\"Allow\",\"Resource\":[\"arn:aws:ssm:us-east-1:209330743040:parameter/aft/*\"]},{\"Action\":[\"kms:GenerateDataKey\",\"kms:Encrypt\",\"kms:Decrypt\"],\"Effect\":\"Allow\",\"Resource\":[\"arn:aws:kms:us-east-1:209330743040:key/89104c7a-ebe1-42ee-930b-caa51544f46a\",\"arn:aws:kms:us-east-1:209330743040:alias/aws/sns\"]},{\"Action\":[\"sns:Publish\"],\"Effect\":\"Allow\",\"Resource\":[\"arn:aws:sns:us-east-1:209330743040:aft-notifications\",\"arn:aws:sns:us-east-1:209330743040:aft-failure-notifications\"]}]}"
              }
            ],
            "managed_policy_arns": [
              "arn:aws:iam::aws:policy/service-role/AWSLambdaBasicExecutionRole",
              "arn:aws:iam::aws:policy/service-role/AWSLambdaVPCAccessExecutionRole"
            ],
            "max_session_duration": 3600,
            "name": "aft-lambda-account-request-audit-trigger",
            "name_prefix": "",
            "path": "/",
            "permissions_boundary": "",
            "tags": {},
            "tags_all": {
              "managed_by": "AFT"
            },
            "unique_id": "AROATBPIVU4AJUUYGM346"
          },
          "sensitive_attributes": [],
          "identity_schema_version": 0,
          "identity": {
            "account_id": "209330743040",
            "name": "aft-lambda-account-request-audit-trigger"
          },
          "private": "bnVsbA==",
          "dependencies": [
            "module.aft.data.aws_partition.current"
          ]
        }
      ]
    },
    {
      "module": "module.aft.module.aft_account_request_framework",
      "mode": "managed",
      "type": "aws_iam_role",
      "name": "aft_account_request_processor",
      "provider": "module.aft.provider[\"registry.terraform.io/hashicorp/aws\"].aft_management",
      "instances": [
        {
          "schema_version": 0,
          "attributes": {
            "arn": "arn:aws:iam::209330743040:role/aft-lambda-account-request-processor",
            "assume_role_policy": "{\"Statement\":[{\"Action\":\"sts:AssumeRole\",\"Effect\":\"Allow\",\"Principal\":{\"Service\":\"lambda.amazonaws.com\"}}],\"Version\":\"2012-10-17\"}",
            "create_date": "2026-03-03T12:28:40Z",
            "description": "",
            "force_detach_policies": false,
            "id": "aft-lambda-account-request-processor",
            "inline_policy": [
              {
                "name": "aft-account-request-processor",
                "policy": "{\"Version\":\"2012-10-17\",\"Statement\":[{\"Action\":[\"sqs:DeleteMessage\",\"sts:AssumeRole\",\"sns:Publish\",\"sqs:ReceiveMessage\"],\"Effect\":\"Allow\",\"Resource\":[\"arn:aws:sns:us-east-1:209330743040:aft-notifications\",\"arn:aws:sns:us-east-1:209330743040:aft-failure-notifications\",\"arn:aws:iam::209330743040:role/AWSAFTAdmin\",\"arn:aws:sqs:us-east-1:209330743040:aft-account-request.fifo\"]},{\"Action\":\"sts:GetCallerIdentity\",\"Effect\":\"Allow\",\"Resource\":\"*\"},{\"Action\":\"ssm:GetParameter\",\"Effect\":\"Allow\",\"Resource\":[\"arn:aws:ssm:us-east-1:209330743040:parameter/aft/*\"]},{\"Action\":[\"kms:GenerateDataKey\",\"kms:Encrypt\",\"kms:Decrypt\"],\"Effect\":\"Allow\",\"Resource\":[\"arn:aws:kms:us-east-1:209330743040:key/89104c7a-ebe1-42ee-930b-caa51544f46a\",\"arn:aws:kms:us-east-1:209330743040:alias/aws/sns\"]}]}"
              }
            ],
            "managed_policy_arns": [
              "arn:aws:iam::aws:policy/service-role/AWSLambdaBasicExecutionRole",
              "arn:aws:iam::aws:policy/service-role/AWSLambdaVPCAccessExecutionRole"
            ],
            "max_session_duration": 3600,
            "name": "aft-lambda-account-request-processor",
            "name_prefix": "",
            "path": "/",
            "permissions_boundary": "",
            "tags": {},
            "tags_all": {
              "managed_by": "AFT"
            },
            "unique_id": "AROATBPIVU4AFPPCC2HNT"
          },
          "sensitive_attributes": [],
          "identity_schema_version": 0,
          "identity": {
            "account_id": "209330743040",
            "name": "aft-lambda-account-request-processor"
          },
          "private": "bnVsbA==",
          "dependencies": [
            "module.aft.data.aws_partition.current"
          ]
        }
      ]
    },
    {
      "module": "module.aft.module.aft_account_request_framework",
      "mode": "managed",
      "type": "aws_iam_role",
      "name": "aft_aws_backup",
      "provider": "module.aft.provider[\"registry.terraform.io/hashicorp/aws\"].aft_management",
      "instances": [
        {
          "schema_version": 0,
          "attributes": {
            "arn": "arn:aws:iam::209330743040:role/aft-aws-backup",
            "assume_role_policy": "{\"Statement\":[{\"Action\":[\"sts:AssumeRole\"],\"Effect\":\"allow\",\"Principal\":{\"Service\":[\"backup.amazonaws.com\"]}}],\"Version\":\"2012-10-17\"}",
            "create_date": "2026-03-03T12:28:39Z",
            "description": "",
            "force_detach_policies": false,
            "id": "aft-aws-backup",
            "inline_policy": [],
            "managed_policy_arns": [
              "arn:aws:iam::aws:policy/service-role/AWSBackupServiceRolePolicyForBackup"
            ],
            "max_session_duration": 3600,
            "name": "aft-aws-backup",
            "name_prefix": "",
            "path": "/",
            "permissions_boundary": "",
            "tags": {},
            "tags_all": {
              "managed_by": "AFT"
            },
            "unique_id": "AROATBPIVU4ACMBZYGQEL"
          },
          "sensitive_attributes": [],
          "identity_schema_version": 0,
          "identity": {
            "account_id": "209330743040",
            "name": "aft-aws-backup"
          },
          "private": "bnVsbA==",
          "dependencies": [
            "module.aft.data.aws_partition.current"
          ]
        }
      ]
    },
    {
      "module": "module.aft.module.aft_account_request_framework",
      "mode": "managed",
      "type": "aws_iam_role",
      "name": "aft_cleanup_resources",
      "provider": "module.aft.provider[\"registry.terraform.io/hashicorp/aws\"].aft_management",
      "instances": [
        {
          "schema_version": 0,
          "attributes": {
            "arn": "arn:aws:iam::209330743040:role/aft-lambda-cleanup-resources",
            "assume_role_policy": "{\"Statement\":[{\"Action\":\"sts:AssumeRole\",\"Effect\":\"Allow\",\"Principal\":{\"Service\":\"lambda.amazonaws.com\"}}],\"Version\":\"2012-10-17\"}",
            "create_date": "2026-03-03T12:28:30Z",
            "description": "",
            "force_detach_policies": false,
            "id": "aft-lambda-cleanup-resources",
            "inline_policy": [
              {
                "name": "aft-cleanup-resources",
                "policy": "{\"Version\":\"2012-10-17\",\"Statement\":[{\"Action\":[\"dynamodb:GetItem\",\"dynamodb:DeleteItem\"],\"Effect\":\"Allow\",\"Resource\":[\"arn:aws:dynamodb:us-east-1:209330743040:table/aft-request-metadata\"]},{\"Action\":[\"codepipeline:ListPipelineExecutions\",\"codepipeline:ListPipelines\",\"codepipeline:ListTagsForResource\",\"codepipeline:DeletePipeline\"],\"Effect\":\"Allow\",\"Resource\":[\"arn:aws:codepipeline:us-east-1:209330743040:*\"]},{\"Action\":\"ssm:GetParameter\",\"Effect\":\"Allow\",\"Resource\":[\"arn:aws:ssm:us-east-1:209330743040:parameter/aft/*\"]},{\"Action\":[\"sts:AssumeRole\"],\"Effect\":\"Allow\",\"Resource\":[\"arn:aws:iam::209330743040:role/AWSAFTAdmin\"]},{\"Action\":\"sts:GetCallerIdentity\",\"Effect\":\"Allow\",\"Resource\":\"*\"},{\"Action\":[\"sns:Publish\"],\"Effect\":\"Allow\",\"Resource\":[\"arn:aws:sns:us-east-1:209330743040:aft-notifications\",\"arn:aws:sns:us-east-1:209330743040:aft-failure-notifications\"]},{\"Action\":[\"kms:GenerateDataKey\",\"kms:Encrypt\",\"kms:Decrypt\"],\"Effect\":\"Allow\",\"Resource\":[\"arn:aws:kms:us-east-1:209330743040:key/89104c7a-ebe1-42ee-930b-caa51544f46a\",\"arn:aws:kms:us-east-1:209330743040:alias/aws/sns\"]}]}"
              }
            ],
            "managed_policy_arns": [
              "arn:aws:iam::aws:policy/service-role/AWSLambdaBasicExecutionRole",
              "arn:aws:iam::aws:policy/service-role/AWSLambdaVPCAccessExecutionRole"
            ],
            "max_session_duration": 3600,
            "name": "aft-lambda-cleanup-resources",
            "name_prefix": "",
            "path": "/",
            "permissions_boundary": "",
            "tags": {},
            "tags_all": {
              "managed_by": "AFT"
            },
            "unique_id": "AROATBPIVU4AL43B5ZMY3"
          },
          "sensitive_attributes": [],
          "identity_schema_version": 0,
          "identity": {
            "account_id": "209330743040",
            "name": "aft-lambda-cleanup-resources"
          },
          "private": "bnVsbA==",
          "dependencies": [
            "module.aft.data.aws_partition.current"
          ]
        }
      ]
    },
    {
      "module": "module.aft.module.aft_account_request_framework",
      "mode": "managed",
      "type": "aws_iam_role",
      "name": "aft_control_tower_events",
      "provider": "module.aft.provider[\"registry.terraform.io/hashicorp/aws\"].ct_management",
      "instances": [
        {
          "schema_version": 0,
          "attributes": {
            "arn": "arn:aws:iam::395310663328:role/aft-control-tower-events-rule",
            "assume_role_policy": "{\"Statement\":[{\"Action\":\"sts:AssumeRole\",\"Effect\":\"Allow\",\"Principal\":{\"Service\":\"events.amazonaws.com\"}}],\"Version\":\"2012-10-17\"}",
            "create_date": "2026-03-03T12:28:24Z",
            "description": "",
            "force_detach_policies": false,
            "id": "aft-control-tower-events-rule",
            "inline_policy": [
              {
                "name": "control-tower-events",
                "policy": "{\"Version\":\"2012-10-17\",\"Statement\":[{\"Action\":[\"events:PutEvents\"],\"Effect\":\"Allow\",\"Resource\":[\"arn:aws:events:us-east-1:209330743040:event-bus/aft-events-from-ct-management\"]}]}"
              }
            ],
            "managed_policy_arns": [],
            "max_session_duration": 3600,
            "name": "aft-control-tower-events-rule",
            "name_prefix": "",
            "path": "/",
            "permissions_boundary": "",
            "tags": {},
            "tags_all": {
              "managed_by": "AFT"
            },
            "unique_id": "AROAVYCS2A2QLLGA73TVB"
          },
          "sensitive_attributes": [],
          "identity_schema_version": 0,
          "identity": {
            "account_id": "395310663328",
            "name": "aft-control-tower-events-rule"
          },
          "private": "bnVsbA=="
        }
      ]
    },
    {
      "module": "module.aft.module.aft_account_request_framework",
      "mode": "managed",
      "type": "aws_iam_role",
      "name": "aft_controltower_event_logger",
      "provider": "module.aft.provider[\"registry.terraform.io/hashicorp/aws\"].aft_management",
      "instances": [
        {
          "schema_version": 0,
          "attributes": {
            "arn": "arn:aws:iam::209330743040:role/aft-lambda-controltower-event-logger",
            "assume_role_policy": "{\"Statement\":[{\"Action\":\"sts:AssumeRole\",\"Effect\":\"Allow\",\"Principal\":{\"Service\":\"lambda.amazonaws.com\"}}],\"Version\":\"2012-10-17\"}",
            "create_date": "2026-03-03T12:28:43Z",
            "description": "",
            "force_detach_policies": false,
            "id": "aft-lambda-controltower-event-logger",
            "inline_policy": [
              {
                "name": "aft-controltower-event-logger",
                "policy": "{\"Version\":\"2012-10-17\",\"Statement\":[{\"Action\":[\"dynamodb:PutItem\"],\"Effect\":\"Allow\",\"Resource\":[\"arn:aws:dynamodb:us-east-1:209330743040:table/aft-controltower-events\"]},{\"Action\":\"ssm:GetParameter\",\"Effect\":\"Allow\",\"Resource\":[\"arn:aws:ssm:us-east-1:209330743040:parameter/aft/*\"]},{\"Action\":[\"sns:Publish\"],\"Effect\":\"Allow\",\"Resource\":[\"arn:aws:sns:us-east-1:209330743040:aft-notifications\",\"arn:aws:sns:us-east-1:209330743040:aft-failure-notifications\"]},{\"Action\":[\"kms:GenerateDataKey\",\"kms:Encrypt\",\"kms:Decrypt\"],\"Effect\":\"Allow\",\"Resource\":[\"arn:aws:kms:us-east-1:209330743040:key/89104c7a-ebe1-42ee-930b-caa51544f46a\",\"arn:aws:kms:us-east-1:209330743040:alias/aws/sns\"]}]}"
              }
            ],
            "managed_policy_arns": [
              "arn:aws:iam::aws:policy/service-role/AWSLambdaBasicExecutionRole",
              "arn:aws:iam::aws:policy/service-role/AWSLambdaVPCAccessExecutionRole"
            ],
            "max_session_duration": 3600,
            "name": "aft-lambda-controltower-event-logger",
            "name_prefix": "",
            "path": "/",
            "permissions_boundary": "",
            "tags": {},
            "tags_all": {
              "managed_by": "AFT"
            },
            "unique_id": "AROATBPIVU4AKVUR235IJ"
          },
          "sensitive_attributes": [],
          "identity_schema_version": 0,
          "identity": {
            "account_id": "209330743040",
            "name": "aft-lambda-controltower-event-logger"
          },
          "private": "bnVsbA==",
          "dependencies": [
            "module.aft.data.aws_partition.current"
          ]
        }
      ]
    },
    {
      "module": "module.aft.module.aft_account_request_framework",
      "mode": "managed",
      "type": "aws_iam_role",
      "name": "aft_invoke_aft_account_provisioning_framework",
      "provider": "module.aft.provider[\"registry.terraform.io/hashicorp/aws\"].aft_management",
      "instances": [
        {
          "schema_version": 0,
          "attributes": {
            "arn": "arn:aws:iam::209330743040:role/aft-lambda-invoke-aft-account-provisioning-framework",
            "assume_role_policy": "{\"Statement\":[{\"Action\":\"sts:AssumeRole\",\"Effect\":\"Allow\",\"Principal\":{\"Service\":\"lambda.amazonaws.com\"}}],\"Version\":\"2012-10-17\"}",
            "create_date": "2026-03-03T12:28:40Z",
            "description": "",
            "force_detach_policies": false,
            "id": "aft-lambda-invoke-aft-account-provisioning-framework",
            "inline_policy": [
              {
                "name": "aft-invoke-account-provisioning-framework",
                "policy": "{\"Version\":\"2012-10-17\",\"Statement\":[{\"Action\":[\"dynamodb:GetItem\"],\"Effect\":\"Allow\",\"Resource\":[\"arn:aws:dynamodb:us-east-1:209330743040:table/aft-request\"]},{\"Action\":\"ssm:GetParameter\",\"Effect\":\"Allow\",\"Resource\":[\"arn:aws:ssm:us-east-1:209330743040:parameter/aft/*\"]},{\"Action\":[\"sts:AssumeRole\",\"sns:Publish\"],\"Effect\":\"Allow\",\"Resource\":[\"arn:aws:iam::209330743040:role/AWSAFTAdmin\"]},{\"Action\":\"sts:GetCallerIdentity\",\"Effect\":\"Allow\",\"Resource\":\"*\"},{\"Action\":\"states:StartExecution\",\"Effect\":\"Allow\",\"Resource\":\"arn:aws:states:us-east-1:209330743040:stateMachine:aft-account-provisioning-framework\"},{\"Action\":[\"sns:Publish\"],\"Effect\":\"Allow\",\"Resource\":[\"arn:aws:sns:us-east-1:209330743040:aft-notifications\",\"arn:aws:sns:us-east-1:209330743040:aft-failure-notifications\"]},{\"Action\":[\"kms:GenerateDataKey\",\"kms:Encrypt\",\"kms:Decrypt\"],\"Effect\":\"Allow\",\"Resource\":[\"arn:aws:kms:us-east-1:209330743040:key/89104c7a-ebe1-42ee-930b-caa51544f46a\",\"arn:aws:kms:us-east-1:209330743040:alias/aws/sns\"]}]}"
              }
            ],
            "managed_policy_arns": [
              "arn:aws:iam::aws:policy/service-role/AWSLambdaBasicExecutionRole",
              "arn:aws:iam::aws:policy/service-role/AWSLambdaVPCAccessExecutionRole"
            ],
            "max_session_duration": 3600,
            "name": "aft-lambda-invoke-aft-account-provisioning-framework",
            "name_prefix": "",
            "path": "/",
            "permissions_boundary": "",
            "tags": {},
            "tags_all": {
              "managed_by": "AFT"
            },
            "unique_id": "AROATBPIVU4ALFZZJAVA5"
          },
          "sensitive_attributes": [],
          "identity_schema_version": 0,
          "identity": {
            "account_id": "209330743040",
            "name": "aft-lambda-invoke-aft-account-provisioning-framework"
          },
          "private": "bnVsbA==",
          "dependencies": [
            "module.aft.data.aws_partition.current"
          ]
        }
      ]
    },
    {
      "module": "module.aft.module.aft_account_request_framework",
      "mode": "managed",
      "type": "aws_iam_role_policy",
      "name": "aft_account_request_audit_trigger",
      "provider": "module.aft.provider[\"registry.terraform.io/hashicorp/aws\"].aft_management",
      "instances": [
        {
          "schema_version": 0,
          "attributes": {
            "id": "aft-lambda-account-request-audit-trigger:aft-account-request-audit-trigger",
            "name": "aft-account-request-audit-trigger",
            "name_prefix": "",
            "policy": "{\"Version\":\"2012-10-17\",\"Statement\":[{\"Action\":[\"dynamodb:GetShardIterator\",\"dynamodb:DescribeStream\",\"dynamodb:GetRecords\",\"dynamodb:ListShards\",\"dynamodb:ListStreams\"],\"Effect\":\"Allow\",\"Resource\":[\"arn:aws:dynamodb:us-east-1:209330743040:table/aft-request/stream/*\"]},{\"Action\":[\"dynamodb:Query\",\"dynamodb:PutItem\"],\"Effect\":\"Allow\",\"Resource\":\"arn:aws:dynamodb:us-east-1:209330743040:table/aft-request-audit\"},{\"Action\":\"dynamodb:ListStreams\",\"Effect\":\"Allow\",\"Resource\":\"*\"},{\"Action\":\"sqs:SendMessage\",\"Effect\":\"Allow\",\"Resource\":\"arn:aws:sqs:us-east-1:209330743040:aft-account-request.fifo\"},{\"Action\":\"ssm:GetParameter\",\"Effect\":\"Allow\",\"Resource\":[\"arn:aws:ssm:us-east-1:209330743040:parameter/aft/*\"]},{\"Action\":[\"kms:GenerateDataKey\",\"kms:Encrypt\",\"kms:Decrypt\"],\"Effect\":\"Allow\",\"Resource\":[\"arn:aws:kms:us-east-1:209330743040:key/89104c7a-ebe1-42ee-930b-caa51544f46a\",\"arn:aws:kms:us-east-1:209330743040:alias/aws/sns\"]},{\"Action\":[\"sns:Publish\"],\"Effect\":\"Allow\",\"Resource\":[\"arn:aws:sns:us-east-1:209330743040:aft-notifications\",\"arn:aws:sns:us-east-1:209330743040:aft-failure-notifications\"]}]}",
            "role": "aft-lambda-account-request-audit-trigger"
          },
          "sensitive_attributes": [],
          "identity_schema_version": 0,
          "identity": {
            "account_id": "209330743040",
            "name": "aft-account-request-audit-trigger",
            "role": "aft-lambda-account-request-audit-trigger"
          },
          "private": "bnVsbA==",
          "dependencies": [
            "module.aft.data.aws_partition.current",
            "module.aft.module.aft_account_request_framework.aws_dynamodb_table.aft_request",
            "module.aft.module.aft_account_request_framework.aws_dynamodb_table.aft_request_audit",
            "module.aft.module.aft_account_request_framework.aws_iam_role.aft_account_request_audit_trigger",
            "module.aft.module.aft_account_request_framework.aws_kms_alias.aft",
            "module.aft.module.aft_account_request_framework.aws_kms_key.aft",
            "module.aft.module.aft_account_request_framework.aws_sns_topic.aft_failure_notifications",
            "module.aft.module.aft_account_request_framework.aws_sns_topic.aft_notifications",
            "module.aft.module.aft_account_request_framework.aws_sqs_queue.aft_account_request",
            "module.aft.module.aft_account_request_framework.aws_sqs_queue.aft_account_request_dlq",
            "module.aft.module.aft_account_request_framework.data.aws_caller_identity.aft-management",
            "module.aft.module.aft_account_request_framework.data.aws_partition.current",
            "module.aft.module.aft_account_request_framework.data.aws_region.aft-management"
          ]
        }
      ]
    },
    {
      "module": "module.aft.module.aft_account_request_framework",
      "mode": "managed",
      "type": "aws_iam_role_policy",
      "name": "aft_account_request_processor",
      "provider": "module.aft.provider[\"registry.terraform.io/hashicorp/aws\"].aft_management",
      "instances": [
        {
          "schema_version": 0,
          "attributes": {
            "id": "aft-lambda-account-request-processor:aft-account-request-processor",
            "name": "aft-account-request-processor",
            "name_prefix": "",
            "policy": "{\"Version\":\"2012-10-17\",\"Statement\":[{\"Action\":[\"sqs:DeleteMessage\",\"sts:AssumeRole\",\"sns:Publish\",\"sqs:ReceiveMessage\"],\"Effect\":\"Allow\",\"Resource\":[\"arn:aws:sns:us-east-1:209330743040:aft-notifications\",\"arn:aws:sns:us-east-1:209330743040:aft-failure-notifications\",\"arn:aws:iam::209330743040:role/AWSAFTAdmin\",\"arn:aws:sqs:us-east-1:209330743040:aft-account-request.fifo\"]},{\"Action\":\"sts:GetCallerIdentity\",\"Effect\":\"Allow\",\"Resource\":\"*\"},{\"Action\":\"ssm:GetParameter\",\"Effect\":\"Allow\",\"Resource\":[\"arn:aws:ssm:us-east-1:209330743040:parameter/aft/*\"]},{\"Action\":[\"kms:GenerateDataKey\",\"kms:Encrypt\",\"kms:Decrypt\"],\"Effect\":\"Allow\",\"Resource\":[\"arn:aws:kms:us-east-1:209330743040:key/89104c7a-ebe1-42ee-930b-caa51544f46a\",\"arn:aws:kms:us-east-1:209330743040:alias/aws/sns\"]}]}",
            "role": "aft-lambda-account-request-processor"
          },
          "sensitive_attributes": [],
          "identity_schema_version": 0,
          "identity": {
            "account_id": "209330743040",
            "name": "aft-account-request-processor",
            "role": "aft-lambda-account-request-processor"
          },
          "private": "bnVsbA==",
          "dependencies": [
            "module.aft.data.aws_partition.current",
            "module.aft.module.aft_account_request_framework.aws_iam_role.aft_account_request_processor",
            "module.aft.module.aft_account_request_framework.aws_kms_alias.aft",
            "module.aft.module.aft_account_request_framework.aws_kms_key.aft",
            "module.aft.module.aft_account_request_framework.aws_sns_topic.aft_failure_notifications",
            "module.aft.module.aft_account_request_framework.aws_sns_topic.aft_notifications",
            "module.aft.module.aft_account_request_framework.aws_sqs_queue.aft_account_request",
            "module.aft.module.aft_account_request_framework.aws_sqs_queue.aft_account_request_dlq",
            "module.aft.module.aft_account_request_framework.data.aws_caller_identity.aft-management",
            "module.aft.module.aft_account_request_framework.data.aws_partition.current",
            "module.aft.module.aft_account_request_framework.data.aws_region.aft-management"
          ]
        }
      ]
    },
    {
      "module": "module.aft.module.aft_account_request_framework",
      "mode": "managed",
      "type": "aws_iam_role_policy",
      "name": "aft_cleanup_resources",
      "provider": "module.aft.provider[\"registry.terraform.io/hashicorp/aws\"].aft_management",
      "instances": [
        {
          "schema_version": 0,
          "attributes": {
            "id": "aft-lambda-cleanup-resources:aft-cleanup-resources",
            "name": "aft-cleanup-resources",
            "name_prefix": "",
            "policy": "{\"Version\":\"2012-10-17\",\"Statement\":[{\"Action\":[\"dynamodb:GetItem\",\"dynamodb:DeleteItem\"],\"Effect\":\"Allow\",\"Resource\":[\"arn:aws:dynamodb:us-east-1:209330743040:table/aft-request-metadata\"]},{\"Action\":[\"codepipeline:ListPipelineExecutions\",\"codepipeline:ListPipelines\",\"codepipeline:ListTagsForResource\",\"codepipeline:DeletePipeline\"],\"Effect\":\"Allow\",\"Resource\":[\"arn:aws:codepipeline:us-east-1:209330743040:*\"]},{\"Action\":\"ssm:GetParameter\",\"Effect\":\"Allow\",\"Resource\":[\"arn:aws:ssm:us-east-1:209330743040:parameter/aft/*\"]},{\"Action\":[\"sts:AssumeRole\"],\"Effect\":\"Allow\",\"Resource\":[\"arn:aws:iam::209330743040:role/AWSAFTAdmin\"]},{\"Action\":\"sts:GetCallerIdentity\",\"Effect\":\"Allow\",\"Resource\":\"*\"},{\"Action\":[\"sns:Publish\"],\"Effect\":\"Allow\",\"Resource\":[\"arn:aws:sns:us-east-1:209330743040:aft-notifications\",\"arn:aws:sns:us-east-1:209330743040:aft-failure-notifications\"]},{\"Action\":[\"kms:GenerateDataKey\",\"kms:Encrypt\",\"kms:Decrypt\"],\"Effect\":\"Allow\",\"Resource\":[\"arn:aws:kms:us-east-1:209330743040:key/89104c7a-ebe1-42ee-930b-caa51544f46a\",\"arn:aws:kms:us-east-1:209330743040:alias/aws/sns\"]}]}",
            "role": "aft-lambda-cleanup-resources"
          },
          "sensitive_attributes": [],
          "identity_schema_version": 0,
          "identity": {
            "account_id": "209330743040",
            "name": "aft-cleanup-resources",
            "role": "aft-lambda-cleanup-resources"
          },
          "private": "bnVsbA==",
          "dependencies": [
            "module.aft.data.aws_partition.current",
            "module.aft.module.aft_account_request_framework.aws_dynamodb_table.aft_request_metadata",
            "module.aft.module.aft_account_request_framework.aws_iam_role.aft_cleanup_resources",
            "module.aft.module.aft_account_request_framework.aws_kms_key.aft",
            "module.aft.module.aft_account_request_framework.aws_sns_topic.aft_failure_notifications",
            "module.aft.module.aft_account_request_framework.aws_sns_topic.aft_notifications",
            "module.aft.module.aft_account_request_framework.data.aws_caller_identity.aft-management",
            "module.aft.module.aft_account_request_framework.data.aws_partition.current",
            "module.aft.module.aft_account_request_framework.data.aws_region.aft-management"
          ]
        }
      ]
    },
    {
      "module": "module.aft.module.aft_account_request_framework",
      "mode": "managed",
      "type": "aws_iam_role_policy",
      "name": "aft_controltower_event_logger",
      "provider": "module.aft.provider[\"registry.terraform.io/hashicorp/aws\"].aft_management",
      "instances": [
        {
          "schema_version": 0,
          "attributes": {
            "id": "aft-lambda-controltower-event-logger:aft-controltower-event-logger",
            "name": "aft-controltower-event-logger",
            "name_prefix": "",
            "policy": "{\"Version\":\"2012-10-17\",\"Statement\":[{\"Action\":[\"dynamodb:PutItem\"],\"Effect\":\"Allow\",\"Resource\":[\"arn:aws:dynamodb:us-east-1:209330743040:table/aft-controltower-events\"]},{\"Action\":\"ssm:GetParameter\",\"Effect\":\"Allow\",\"Resource\":[\"arn:aws:ssm:us-east-1:209330743040:parameter/aft/*\"]},{\"Action\":[\"sns:Publish\"],\"Effect\":\"Allow\",\"Resource\":[\"arn:aws:sns:us-east-1:209330743040:aft-notifications\",\"arn:aws:sns:us-east-1:209330743040:aft-failure-notifications\"]},{\"Action\":[\"kms:GenerateDataKey\",\"kms:Encrypt\",\"kms:Decrypt\"],\"Effect\":\"Allow\",\"Resource\":[\"arn:aws:kms:us-east-1:209330743040:key/89104c7a-ebe1-42ee-930b-caa51544f46a\",\"arn:aws:kms:us-east-1:209330743040:alias/aws/sns\"]}]}",
            "role": "aft-lambda-controltower-event-logger"
          },
          "sensitive_attributes": [],
          "identity_schema_version": 0,
          "identity": {
            "account_id": "209330743040",
            "name": "aft-controltower-event-logger",
            "role": "aft-lambda-controltower-event-logger"
          },
          "private": "bnVsbA==",
          "dependencies": [
            "module.aft.data.aws_partition.current",
            "module.aft.module.aft_account_request_framework.aws_dynamodb_table.aft_controltower_events",
            "module.aft.module.aft_account_request_framework.aws_iam_role.aft_controltower_event_logger",
            "module.aft.module.aft_account_request_framework.aws_kms_key.aft",
            "module.aft.module.aft_account_request_framework.aws_sns_topic.aft_failure_notifications",
            "module.aft.module.aft_account_request_framework.aws_sns_topic.aft_notifications",
            "module.aft.module.aft_account_request_framework.data.aws_caller_identity.aft-management",
            "module.aft.module.aft_account_request_framework.data.aws_partition.current",
            "module.aft.module.aft_account_request_framework.data.aws_region.aft-management"
          ]
        }
      ]
    },
    {
      "module": "module.aft.module.aft_account_request_framework",
      "mode": "managed",
      "type": "aws_iam_role_policy",
      "name": "aft_invoke_aft_account_provisioning_framework",
      "provider": "module.aft.provider[\"registry.terraform.io/hashicorp/aws\"].aft_management",
      "instances": [
        {
          "schema_version": 0,
          "attributes": {
            "id": "aft-lambda-invoke-aft-account-provisioning-framework:aft-invoke-account-provisioning-framework",
            "name": "aft-invoke-account-provisioning-framework",
            "name_prefix": "",
            "policy": "{\"Version\":\"2012-10-17\",\"Statement\":[{\"Action\":[\"dynamodb:GetItem\"],\"Effect\":\"Allow\",\"Resource\":[\"arn:aws:dynamodb:us-east-1:209330743040:table/aft-request\"]},{\"Action\":\"ssm:GetParameter\",\"Effect\":\"Allow\",\"Resource\":[\"arn:aws:ssm:us-east-1:209330743040:parameter/aft/*\"]},{\"Action\":[\"sts:AssumeRole\",\"sns:Publish\"],\"Effect\":\"Allow\",\"Resource\":[\"arn:aws:iam::209330743040:role/AWSAFTAdmin\"]},{\"Action\":\"sts:GetCallerIdentity\",\"Effect\":\"Allow\",\"Resource\":\"*\"},{\"Action\":\"states:StartExecution\",\"Effect\":\"Allow\",\"Resource\":\"arn:aws:states:us-east-1:209330743040:stateMachine:aft-account-provisioning-framework\"},{\"Action\":[\"sns:Publish\"],\"Effect\":\"Allow\",\"Resource\":[\"arn:aws:sns:us-east-1:209330743040:aft-notifications\",\"arn:aws:sns:us-east-1:209330743040:aft-failure-notifications\"]},{\"Action\":[\"kms:GenerateDataKey\",\"kms:Encrypt\",\"kms:Decrypt\"],\"Effect\":\"Allow\",\"Resource\":[\"arn:aws:kms:us-east-1:209330743040:key/89104c7a-ebe1-42ee-930b-caa51544f46a\",\"arn:aws:kms:us-east-1:209330743040:alias/aws/sns\"]}]}",
            "role": "aft-lambda-invoke-aft-account-provisioning-framework"
          },
          "sensitive_attributes": [],
          "identity_schema_version": 0,
          "identity": {
            "account_id": "209330743040",
            "name": "aft-invoke-account-provisioning-framework",
            "role": "aft-lambda-invoke-aft-account-provisioning-framework"
          },
          "private": "bnVsbA==",
          "dependencies": [
            "module.aft.data.aws_partition.current",
            "module.aft.module.aft_account_request_framework.aws_dynamodb_table.aft_request",
            "module.aft.module.aft_account_request_framework.aws_iam_role.aft_invoke_aft_account_provisioning_framework",
            "module.aft.module.aft_account_request_framework.aws_kms_key.aft",
            "module.aft.module.aft_account_request_framework.aws_sns_topic.aft_failure_notifications",
            "module.aft.module.aft_account_request_framework.aws_sns_topic.aft_notifications",
            "module.aft.module.aft_account_request_framework.data.aws_caller_identity.aft-management",
            "module.aft.module.aft_account_request_framework.data.aws_partition.current",
            "module.aft.module.aft_account_request_framework.data.aws_region.aft-management"
          ]
        }
      ]
    },
    {
      "module": "module.aft.module.aft_account_request_framework",
      "mode": "managed",
      "type": "aws_iam_role_policy",
      "name": "control_tower_events",
      "provider": "module.aft.provider[\"registry.terraform.io/hashicorp/aws\"].ct_management",
      "instances": [
        {
          "schema_version": 0,
          "attributes": {
            "id": "aft-control-tower-events-rule:control-tower-events",
            "name": "control-tower-events",
            "name_prefix": "",
            "policy": "{\"Version\":\"2012-10-17\",\"Statement\":[{\"Action\":[\"events:PutEvents\"],\"Effect\":\"Allow\",\"Resource\":[\"arn:aws:events:us-east-1:209330743040:event-bus/aft-events-from-ct-management\"]}]}",
            "role": "aft-control-tower-events-rule"
          },
          "sensitive_attributes": [],
          "identity_schema_version": 0,
          "identity": {
            "account_id": "395310663328",
            "name": "control-tower-events",
            "role": "aft-control-tower-events-rule"
          },
          "private": "bnVsbA==",
          "dependencies": [
            "module.aft.data.aws_partition.current",
            "module.aft.module.aft_account_request_framework.aws_cloudwatch_event_bus.aft_from_ct_management",
            "module.aft.module.aft_account_request_framework.aws_iam_role.aft_control_tower_events"
          ]
        }
      ]
    },
    {
      "module": "module.aft.module.aft_account_request_framework",
      "mode": "managed",
      "type": "aws_iam_role_policy_attachment",
      "name": "account_request_processor",
      "provider": "module.aft.provider[\"registry.terraform.io/hashicorp/aws\"].aft_management",
      "instances": [
        {
          "index_key": 0,
          "schema_version": 0,
          "attributes": {
            "id": "aft-lambda-account-request-processor/arn:aws:iam::aws:policy/service-role/AWSLambdaBasicExecutionRole",
            "policy_arn": "arn:aws:iam::aws:policy/service-role/AWSLambdaBasicExecutionRole",
            "role": "aft-lambda-account-request-processor"
          },
          "sensitive_attributes": [],
          "identity_schema_version": 0,
          "identity": {
            "account_id": "209330743040",
            "policy_arn": "arn:aws:iam::aws:policy/service-role/AWSLambdaBasicExecutionRole",
            "role": "aft-lambda-account-request-processor"
          },
          "private": "bnVsbA==",
          "dependencies": [
            "module.aft.data.aws_partition.current",
            "module.aft.module.aft_account_request_framework.aws_iam_role.aft_account_request_processor",
            "module.aft.module.aft_account_request_framework.data.aws_iam_policy.AWSLambdaBasicExecutionRole",
            "module.aft.module.aft_account_request_framework.data.aws_iam_policy.AWSLambdaVPCAccessExecutionRole"
          ]
        },
        {
          "index_key": 1,
          "schema_version": 0,
          "attributes": {
            "id": "aft-lambda-account-request-processor/arn:aws:iam::aws:policy/service-role/AWSLambdaVPCAccessExecutionRole",
            "policy_arn": "arn:aws:iam::aws:policy/service-role/AWSLambdaVPCAccessExecutionRole",
            "role": "aft-lambda-account-request-processor"
          },
          "sensitive_attributes": [],
          "identity_schema_version": 0,
          "identity": {
            "account_id": "209330743040",
            "policy_arn": "arn:aws:iam::aws:policy/service-role/AWSLambdaVPCAccessExecutionRole",
            "role": "aft-lambda-account-request-processor"
          },
          "private": "bnVsbA==",
          "dependencies": [
            "module.aft.data.aws_partition.current",
            "module.aft.module.aft_account_request_framework.aws_iam_role.aft_account_request_processor",
            "module.aft.module.aft_account_request_framework.data.aws_iam_policy.AWSLambdaBasicExecutionRole",
            "module.aft.module.aft_account_request_framework.data.aws_iam_policy.AWSLambdaVPCAccessExecutionRole"
          ]
        }
      ]
    },
    {
      "module": "module.aft.module.aft_account_request_framework",
      "mode": "managed",
      "type": "aws_iam_role_policy_attachment",
      "name": "aft_account_request_action_trigger",
      "provider": "module.aft.provider[\"registry.terraform.io/hashicorp/aws\"].aft_management",
      "instances": [
        {
          "index_key": 0,
          "schema_version": 0,
          "attributes": {
            "id": "aft-lambda-account-request-action-trigger/arn:aws:iam::aws:policy/service-role/AWSLambdaBasicExecutionRole",
            "policy_arn": "arn:aws:iam::aws:policy/service-role/AWSLambdaBasicExecutionRole",
            "role": "aft-lambda-account-request-action-trigger"
          },
          "sensitive_attributes": [],
          "identity_schema_version": 0,
          "identity": {
            "account_id": "209330743040",
            "policy_arn": "arn:aws:iam::aws:policy/service-role/AWSLambdaBasicExecutionRole",
            "role": "aft-lambda-account-request-action-trigger"
          },
          "private": "bnVsbA==",
          "dependencies": [
            "module.aft.data.aws_partition.current",
            "module.aft.module.aft_account_request_framework.aws_iam_role.aft_account_request_action_trigger",
            "module.aft.module.aft_account_request_framework.data.aws_iam_policy.AWSLambdaBasicExecutionRole",
            "module.aft.module.aft_account_request_framework.data.aws_iam_policy.AWSLambdaVPCAccessExecutionRole"
          ]
        },
        {
          "index_key": 1,
          "schema_version": 0,
          "attributes": {
            "id": "aft-lambda-account-request-action-trigger/arn:aws:iam::aws:policy/service-role/AWSLambdaVPCAccessExecutionRole",
            "policy_arn": "arn:aws:iam::aws:policy/service-role/AWSLambdaVPCAccessExecutionRole",
            "role": "aft-lambda-account-request-action-trigger"
          },
          "sensitive_attributes": [],
          "identity_schema_version": 0,
          "identity": {
            "account_id": "209330743040",
            "policy_arn": "arn:aws:iam::aws:policy/service-role/AWSLambdaVPCAccessExecutionRole",
            "role": "aft-lambda-account-request-action-trigger"
          },
          "private": "bnVsbA==",
          "dependencies": [
            "module.aft.data.aws_partition.current",
            "module.aft.module.aft_account_request_framework.aws_iam_role.aft_account_request_action_trigger",
            "module.aft.module.aft_account_request_framework.data.aws_iam_policy.AWSLambdaBasicExecutionRole",
            "module.aft.module.aft_account_request_framework.data.aws_iam_policy.AWSLambdaVPCAccessExecutionRole"
          ]
        }
      ]
    },
    {
      "module": "module.aft.module.aft_account_request_framework",
      "mode": "managed",
      "type": "aws_iam_role_policy_attachment",
      "name": "aft_account_request_audit_trigger",
      "provider": "module.aft.provider[\"registry.terraform.io/hashicorp/aws\"].aft_management",
      "instances": [
        {
          "index_key": 0,
          "schema_version": 0,
          "attributes": {
            "id": "aft-lambda-account-request-audit-trigger/arn:aws:iam::aws:policy/service-role/AWSLambdaBasicExecutionRole",
            "policy_arn": "arn:aws:iam::aws:policy/service-role/AWSLambdaBasicExecutionRole",
            "role": "aft-lambda-account-request-audit-trigger"
          },
          "sensitive_attributes": [],
          "identity_schema_version": 0,
          "identity": {
            "account_id": "209330743040",
            "policy_arn": "arn:aws:iam::aws:policy/service-role/AWSLambdaBasicExecutionRole",
            "role": "aft-lambda-account-request-audit-trigger"
          },
          "private": "bnVsbA==",
          "dependencies": [
            "module.aft.data.aws_partition.current",
            "module.aft.module.aft_account_request_framework.aws_iam_role.aft_account_request_audit_trigger",
            "module.aft.module.aft_account_request_framework.data.aws_iam_policy.AWSLambdaBasicExecutionRole",
            "module.aft.module.aft_account_request_framework.data.aws_iam_policy.AWSLambdaVPCAccessExecutionRole"
          ]
        },
        {
          "index_key": 1,
          "schema_version": 0,
          "attributes": {
            "id": "aft-lambda-account-request-audit-trigger/arn:aws:iam::aws:policy/service-role/AWSLambdaVPCAccessExecutionRole",
            "policy_arn": "arn:aws:iam::aws:policy/service-role/AWSLambdaVPCAccessExecutionRole",
            "role": "aft-lambda-account-request-audit-trigger"
          },
          "sensitive_attributes": [],
          "identity_schema_version": 0,
          "identity": {
            "account_id": "209330743040",
            "policy_arn": "arn:aws:iam::aws:policy/service-role/AWSLambdaVPCAccessExecutionRole",
            "role": "aft-lambda-account-request-audit-trigger"
          },
          "private": "bnVsbA==",
          "dependencies": [
            "module.aft.data.aws_partition.current",
            "module.aft.module.aft_account_request_framework.aws_iam_role.aft_account_request_audit_trigger",
            "module.aft.module.aft_account_request_framework.data.aws_iam_policy.AWSLambdaBasicExecutionRole",
            "module.aft.module.aft_account_request_framework.data.aws_iam_policy.AWSLambdaVPCAccessExecutionRole"
          ]
        }
      ]
    },
    {
      "module": "module.aft.module.aft_account_request_framework",
      "mode": "managed",
      "type": "aws_iam_role_policy_attachment",
      "name": "aft_aws_backup_service_role",
      "provider": "module.aft.provider[\"registry.terraform.io/hashicorp/aws\"].aft_management",
      "instances": [
        {
          "schema_version": 0,
          "attributes": {
            "id": "aft-aws-backup/arn:aws:iam::aws:policy/service-role/AWSBackupServiceRolePolicyForBackup",
            "policy_arn": "arn:aws:iam::aws:policy/service-role/AWSBackupServiceRolePolicyForBackup",
            "role": "aft-aws-backup"
          },
          "sensitive_attributes": [],
          "identity_schema_version": 0,
          "identity": {
            "account_id": "209330743040",
            "policy_arn": "arn:aws:iam::aws:policy/service-role/AWSBackupServiceRolePolicyForBackup",
            "role": "aft-aws-backup"
          },
          "private": "bnVsbA==",
          "dependencies": [
            "module.aft.data.aws_partition.current",
            "module.aft.module.aft_account_request_framework.aws_iam_role.aft_aws_backup",
            "module.aft.module.aft_account_request_framework.data.aws_partition.current"
          ]
        }
      ]
    },
    {
      "module": "module.aft.module.aft_account_request_framework",
      "mode": "managed",
      "type": "aws_iam_role_policy_attachment",
      "name": "aft_cleanup_resources",
      "provider": "module.aft.provider[\"registry.terraform.io/hashicorp/aws\"].aft_management",
      "instances": [
        {
          "index_key": 0,
          "schema_version": 0,
          "attributes": {
            "id": "aft-lambda-cleanup-resources/arn:aws:iam::aws:policy/service-role/AWSLambdaBasicExecutionRole",
            "policy_arn": "arn:aws:iam::aws:policy/service-role/AWSLambdaBasicExecutionRole",
            "role": "aft-lambda-cleanup-resources"
          },
          "sensitive_attributes": [],
          "identity_schema_version": 0,
          "identity": {
            "account_id": "209330743040",
            "policy_arn": "arn:aws:iam::aws:policy/service-role/AWSLambdaBasicExecutionRole",
            "role": "aft-lambda-cleanup-resources"
          },
          "private": "bnVsbA==",
          "dependencies": [
            "module.aft.data.aws_partition.current",
            "module.aft.module.aft_account_request_framework.aws_iam_role.aft_cleanup_resources",
            "module.aft.module.aft_account_request_framework.data.aws_iam_policy.AWSLambdaBasicExecutionRole",
            "module.aft.module.aft_account_request_framework.data.aws_iam_policy.AWSLambdaVPCAccessExecutionRole"
          ]
        },
        {
          "index_key": 1,
          "schema_version": 0,
          "attributes": {
            "id": "aft-lambda-cleanup-resources/arn:aws:iam::aws:policy/service-role/AWSLambdaVPCAccessExecutionRole",
            "policy_arn": "arn:aws:iam::aws:policy/service-role/AWSLambdaVPCAccessExecutionRole",
            "role": "aft-lambda-cleanup-resources"
          },
          "sensitive_attributes": [],
          "identity_schema_version": 0,
          "identity": {
            "account_id": "209330743040",
            "policy_arn": "arn:aws:iam::aws:policy/service-role/AWSLambdaVPCAccessExecutionRole",
            "role": "aft-lambda-cleanup-resources"
          },
          "private": "bnVsbA==",
          "dependencies": [
            "module.aft.data.aws_partition.current",
            "module.aft.module.aft_account_request_framework.aws_iam_role.aft_cleanup_resources",
            "module.aft.module.aft_account_request_framework.data.aws_iam_policy.AWSLambdaBasicExecutionRole",
            "module.aft.module.aft_account_request_framework.data.aws_iam_policy.AWSLambdaVPCAccessExecutionRole"
          ]
        }
      ]
    },
    {
      "module": "module.aft.module.aft_account_request_framework",
      "mode": "managed",
      "type": "aws_iam_role_policy_attachment",
      "name": "aft_controltower_event_logger",
      "provider": "module.aft.provider[\"registry.terraform.io/hashicorp/aws\"].aft_management",
      "instances": [
        {
          "index_key": 0,
          "schema_version": 0,
          "attributes": {
            "id": "aft-lambda-controltower-event-logger/arn:aws:iam::aws:policy/service-role/AWSLambdaBasicExecutionRole",
            "policy_arn": "arn:aws:iam::aws:policy/service-role/AWSLambdaBasicExecutionRole",
            "role": "aft-lambda-controltower-event-logger"
          },
          "sensitive_attributes": [],
          "identity_schema_version": 0,
          "identity": {
            "account_id": "209330743040",
            "policy_arn": "arn:aws:iam::aws:policy/service-role/AWSLambdaBasicExecutionRole",
            "role": "aft-lambda-controltower-event-logger"
          },
          "private": "bnVsbA==",
          "dependencies": [
            "module.aft.data.aws_partition.current",
            "module.aft.module.aft_account_request_framework.aws_iam_role.aft_controltower_event_logger",
            "module.aft.module.aft_account_request_framework.data.aws_iam_policy.AWSLambdaBasicExecutionRole",
            "module.aft.module.aft_account_request_framework.data.aws_iam_policy.AWSLambdaVPCAccessExecutionRole"
          ]
        },
        {
          "index_key": 1,
          "schema_version": 0,
          "attributes": {
            "id": "aft-lambda-controltower-event-logger/arn:aws:iam::aws:policy/service-role/AWSLambdaVPCAccessExecutionRole",
            "policy_arn": "arn:aws:iam::aws:policy/service-role/AWSLambdaVPCAccessExecutionRole",
            "role": "aft-lambda-controltower-event-logger"
          },
          "sensitive_attributes": [],
          "identity_schema_version": 0,
          "identity": {
            "account_id": "209330743040",
            "policy_arn": "arn:aws:iam::aws:policy/service-role/AWSLambdaVPCAccessExecutionRole",
            "role": "aft-lambda-controltower-event-logger"
          },
          "private": "bnVsbA==",
          "dependencies": [
            "module.aft.data.aws_partition.current",
            "module.aft.module.aft_account_request_framework.aws_iam_role.aft_controltower_event_logger",
            "module.aft.module.aft_account_request_framework.data.aws_iam_policy.AWSLambdaBasicExecutionRole",
            "module.aft.module.aft_account_request_framework.data.aws_iam_policy.AWSLambdaVPCAccessExecutionRole"
          ]
        }
      ]
    },
    {
      "module": "module.aft.module.aft_account_request_framework",
      "mode": "managed",
      "type": "aws_iam_role_policy_attachment",
      "name": "aft_invoke_aft_account_provisioning_framework",
      "provider": "module.aft.provider[\"registry.terraform.io/hashicorp/aws\"].aft_management",
      "instances": [
        {
          "index_key": 0,
          "schema_version": 0,
          "attributes": {
            "id": "aft-lambda-invoke-aft-account-provisioning-framework/arn:aws:iam::aws:policy/service-role/AWSLambdaBasicExecutionRole",
            "policy_arn": "arn:aws:iam::aws:policy/service-role/AWSLambdaBasicExecutionRole",
            "role": "aft-lambda-invoke-aft-account-provisioning-framework"
          },
          "sensitive_attributes": [],
          "identity_schema_version": 0,
          "identity": {
            "account_id": "209330743040",
            "policy_arn": "arn:aws:iam::aws:policy/service-role/AWSLambdaBasicExecutionRole",
            "role": "aft-lambda-invoke-aft-account-provisioning-framework"
          },
          "private": "bnVsbA==",
          "dependencies": [
            "module.aft.data.aws_partition.current",
            "module.aft.module.aft_account_request_framework.aws_iam_role.aft_invoke_aft_account_provisioning_framework",
            "module.aft.module.aft_account_request_framework.data.aws_iam_policy.AWSLambdaBasicExecutionRole",
            "module.aft.module.aft_account_request_framework.data.aws_iam_policy.AWSLambdaVPCAccessExecutionRole"
          ]
        },
        {
          "index_key": 1,
          "schema_version": 0,
          "attributes": {
            "id": "aft-lambda-invoke-aft-account-provisioning-framework/arn:aws:iam::aws:policy/service-role/AWSLambdaVPCAccessExecutionRole",
            "policy_arn": "arn:aws:iam::aws:policy/service-role/AWSLambdaVPCAccessExecutionRole",
            "role": "aft-lambda-invoke-aft-account-provisioning-framework"
          },
          "sensitive_attributes": [],
          "identity_schema_version": 0,
          "identity": {
            "account_id": "209330743040",
            "policy_arn": "arn:aws:iam::aws:policy/service-role/AWSLambdaVPCAccessExecutionRole",
            "role": "aft-lambda-invoke-aft-account-provisioning-framework"
          },
          "private": "bnVsbA==",
          "dependencies": [
            "module.aft.data.aws_partition.current",
            "module.aft.module.aft_account_request_framework.aws_iam_role.aft_invoke_aft_account_provisioning_framework",
            "module.aft.module.aft_account_request_framework.data.aws_iam_policy.AWSLambdaBasicExecutionRole",
            "module.aft.module.aft_account_request_framework.data.aws_iam_policy.AWSLambdaVPCAccessExecutionRole"
          ]
        }
      ]
    },
    {
      "module": "module.aft.module.aft_account_request_framework",
      "mode": "managed",
      "type": "aws_internet_gateway",
      "name": "aft-vpc-igw",
      "provider": "module.aft.provider[\"registry.terraform.io/hashicorp/aws\"].aft_management",
      "instances": [
        {
          "index_key": 0,
          "schema_version": 0,
          "attributes": {
            "arn": "arn:aws:ec2:us-east-1:209330743040:internet-gateway/igw-02b5260f0070fa442",
            "id": "igw-02b5260f0070fa442",
            "owner_id": "209330743040",
            "region": "us-east-1",
            "tags": {
              "Name": "aft-vpc-igw"
            },
            "tags_all": {
              "Name": "aft-vpc-igw",
              "managed_by": "AFT"
            },
            "timeouts": null,
            "vpc_id": "vpc-0b38a5ed7a9f588cd"
          },
          "sensitive_attributes": [],
          "identity_schema_version": 0,
          "private": "eyJlMmJmYjczMC1lY2FhLTExZTYtOGY4OC0zNDM2M2JjN2M0YzAiOnsiY3JlYXRlIjoxMjAwMDAwMDAwMDAwLCJkZWxldGUiOjEyMDAwMDAwMDAwMDAsInVwZGF0ZSI6MTIwMDAwMDAwMDAwMH19",
          "dependencies": [
            "module.aft.data.aws_partition.current",
            "module.aft.module.aft_account_request_framework.aws_vpc.aft_vpc"
          ]
        }
      ]
    },
    {
      "module": "module.aft.module.aft_account_request_framework",
      "mode": "managed",
      "type": "aws_kms_alias",
      "name": "aft",
      "provider": "module.aft.provider[\"registry.terraform.io/hashicorp/aws\"].aft_management",
      "instances": [
        {
          "schema_version": 0,
          "attributes": {
            "arn": "arn:aws:kms:us-east-1:209330743040:alias/aft",
            "id": "alias/aft",
            "name": "alias/aft",
            "name_prefix": "",
            "region": "us-east-1",
            "target_key_arn": "arn:aws:kms:us-east-1:209330743040:key/89104c7a-ebe1-42ee-930b-caa51544f46a",
            "target_key_id": "89104c7a-ebe1-42ee-930b-caa51544f46a"
          },
          "sensitive_attributes": [],
          "identity_schema_version": 0,
          "identity": {
            "account_id": "209330743040",
            "name": "alias/aft",
            "region": "us-east-1"
          },
          "private": "bnVsbA==",
          "dependencies": [
            "module.aft.data.aws_partition.current",
            "module.aft.module.aft_account_request_framework.aws_kms_key.aft",
            "module.aft.module.aft_account_request_framework.data.aws_caller_identity.aft-management",
            "module.aft.module.aft_account_request_framework.data.aws_partition.current",
            "module.aft.module.aft_account_request_framework.data.aws_region.aft-management"
          ]
        }
      ]
    },
    {
      "module": "module.aft.module.aft_account_request_framework",
      "mode": "managed",
      "type": "aws_kms_key",
      "name": "aft",
      "provider": "module.aft.provider[\"registry.terraform.io/hashicorp/aws\"].aft_management",
      "instances": [
        {
          "schema_version": 0,
          "attributes": {
            "arn": "arn:aws:kms:us-east-1:209330743040:key/89104c7a-ebe1-42ee-930b-caa51544f46a",
            "bypass_policy_lockout_safety_check": false,
            "custom_key_store_id": "",
            "customer_master_key_spec": "SYMMETRIC_DEFAULT",
            "deletion_window_in_days": null,
            "description": "AFT KMS key",
            "enable_key_rotation": true,
            "id": "89104c7a-ebe1-42ee-930b-caa51544f46a",
            "is_enabled": true,
            "key_id": "89104c7a-ebe1-42ee-930b-caa51544f46a",
            "key_usage": "ENCRYPT_DECRYPT",
            "multi_region": false,
            "policy": "{\"Id\":\"key-default-1\",\"Statement\":[{\"Action\":\"kms:*\",\"Effect\":\"Allow\",\"Principal\":{\"AWS\":\"arn:aws:iam::209330743040:root\"},\"Resource\":\"*\",\"Sid\":\"Enable IAM User Permissions\"}],\"Version\":\"2012-10-17\"}",
            "region": "us-east-1",
            "rotation_period_in_days": 365,
            "tags": {},
            "tags_all": {
              "managed_by": "AFT"
            },
            "timeouts": null,
            "xks_key_id": ""
          },
          "sensitive_attributes": [],
          "identity_schema_version": 0,
          "identity": {
            "account_id": "209330743040",
            "id": "89104c7a-ebe1-42ee-930b-caa51544f46a",
            "region": "us-east-1"
          },
          "private": "eyJlMmJmYjczMC1lY2FhLTExZTYtOGY4OC0zNDM2M2JjN2M0YzAiOnsiY3JlYXRlIjoxMjAwMDAwMDAwMDB9fQ==",
          "dependencies": [
            "module.aft.data.aws_partition.current",
            "module.aft.module.aft_account_request_framework.data.aws_caller_identity.aft-management",
            "module.aft.module.aft_account_request_framework.data.aws_partition.current",
            "module.aft.module.aft_account_request_framework.data.aws_region.aft-management"
          ],
          "create_before_destroy": true
        }
      ]
    },
    {
      "module": "module.aft.module.aft_account_request_framework",
      "mode": "managed",
      "type": "aws_nat_gateway",
      "name": "aft-vpc-natgw-01",
      "provider": "module.aft.provider[\"registry.terraform.io/hashicorp/aws\"].aft_management",
      "instances": [
        {
          "index_key": 0,
          "schema_version": 0,
          "attributes": {
            "allocation_id": "eipalloc-085280344c4c7dd9d",
            "association_id": "eipassoc-0a365f2f05f85f39f",
            "auto_provision_zones": null,
            "auto_scaling_ips": null,
            "availability_mode": "zonal",
            "availability_zone_address": [],
            "connectivity_type": "public",
            "id": "nat-0b76be3bec5277750",
            "network_interface_id": "eni-07cb68694a3e1aa6a",
            "private_ip": "192.168.2.105",
            "public_ip": "3.89.236.42",
            "region": "us-east-1",
            "regional_nat_gateway_address": [],
            "regional_nat_gateway_auto_mode": null,
            "route_table_id": null,
            "secondary_allocation_ids": [],
            "secondary_private_ip_address_count": 0,
            "secondary_private_ip_addresses": [],
            "subnet_id": "subnet-016f8243d8e7f73e2",
            "tags": {
              "Name": "aft-vpc-natgw-01"
            },
            "tags_all": {
              "Name": "aft-vpc-natgw-01",
              "managed_by": "AFT"
            },
            "timeouts": null,
            "vpc_id": "vpc-0b38a5ed7a9f588cd"
          },
          "sensitive_attributes": [],
          "identity_schema_version": 0,
          "private": "eyJlMmJmYjczMC1lY2FhLTExZTYtOGY4OC0zNDM2M2JjN2M0YzAiOnsiY3JlYXRlIjo2MDAwMDAwMDAwMDAsImRlbGV0ZSI6MTgwMDAwMDAwMDAwMCwidXBkYXRlIjo2MDAwMDAwMDAwMDB9fQ==",
          "dependencies": [
            "module.aft.data.aws_partition.current",
            "module.aft.module.aft_account_request_framework.aws_eip.aft-vpc-natgw-01",
            "module.aft.module.aft_account_request_framework.aws_internet_gateway.aft-vpc-igw",
            "module.aft.module.aft_account_request_framework.aws_subnet.aft_vpc_public_subnet_01",
            "module.aft.module.aft_account_request_framework.aws_vpc.aft_vpc",
            "module.aft.module.aft_account_request_framework.data.aws_availability_zones.available"
          ]
        }
      ]
    },
    {
      "module": "module.aft.module.aft_account_request_framework",
      "mode": "managed",
      "type": "aws_nat_gateway",
      "name": "aft-vpc-natgw-02",
      "provider": "module.aft.provider[\"registry.terraform.io/hashicorp/aws\"].aft_management",
      "instances": [
        {
          "index_key": 0,
          "schema_version": 0,
          "attributes": {
            "allocation_id": "eipalloc-01d7d67a54c202cc3",
            "association_id": "eipassoc-0dcdafea43ad7abb3",
            "auto_provision_zones": null,
            "auto_scaling_ips": null,
            "availability_mode": "zonal",
            "availability_zone_address": [],
            "connectivity_type": "public",
            "id": "nat-08bec29ce6ebcf880",
            "network_interface_id": "eni-06527c3bdce2fbeb1",
            "private_ip": "192.168.2.201",
            "public_ip": "44.217.185.221",
            "region": "us-east-1",
            "regional_nat_gateway_address": [],
            "regional_nat_gateway_auto_mode": null,
            "route_table_id": null,
            "secondary_allocation_ids": [],
            "secondary_private_ip_address_count": 0,
            "secondary_private_ip_addresses": [],
            "subnet_id": "subnet-002c1e6709cbe5390",
            "tags": {
              "Name": "aft-vpc-natgw-02"
            },
            "tags_all": {
              "Name": "aft-vpc-natgw-02",
              "managed_by": "AFT"
            },
            "timeouts": null,
            "vpc_id": "vpc-0b38a5ed7a9f588cd"
          },
          "sensitive_attributes": [],
          "identity_schema_version": 0,
          "private": "eyJlMmJmYjczMC1lY2FhLTExZTYtOGY4OC0zNDM2M2JjN2M0YzAiOnsiY3JlYXRlIjo2MDAwMDAwMDAwMDAsImRlbGV0ZSI6MTgwMDAwMDAwMDAwMCwidXBkYXRlIjo2MDAwMDAwMDAwMDB9fQ==",
          "dependencies": [
            "module.aft.data.aws_partition.current",
            "module.aft.module.aft_account_request_framework.aws_eip.aft-vpc-natgw-02",
            "module.aft.module.aft_account_request_framework.aws_internet_gateway.aft-vpc-igw",
            "module.aft.module.aft_account_request_framework.aws_subnet.aft_vpc_public_subnet_02",
            "module.aft.module.aft_account_request_framework.aws_vpc.aft_vpc",
            "module.aft.module.aft_account_request_framework.data.aws_availability_zones.available"
          ]
        }
      ]
    },
    {
      "module": "module.aft.module.aft_account_request_framework",
      "mode": "managed",
      "type": "aws_route_table",
      "name": "aft_vpc_private_subnet_01",
      "provider": "module.aft.provider[\"registry.terraform.io/hashicorp/aws\"].aft_management",
      "instances": [
        {
          "index_key": 0,
          "schema_version": 0,
          "attributes": {
            "arn": "arn:aws:ec2:us-east-1:209330743040:route-table/rtb-08249b4ec1f728da1",
            "id": "rtb-08249b4ec1f728da1",
            "owner_id": "209330743040",
            "propagating_vgws": [],
            "region": "us-east-1",
            "route": [
              {
                "carrier_gateway_id": "",
                "cidr_block": "0.0.0.0/0",
                "core_network_arn": "",
                "destination_prefix_list_id": "",
                "egress_only_gateway_id": "",
                "gateway_id": "",
                "ipv6_cidr_block": "",
                "local_gateway_id": "",
                "nat_gateway_id": "nat-0b76be3bec5277750",
                "network_interface_id": "",
                "transit_gateway_id": "",
                "vpc_endpoint_id": "",
                "vpc_peering_connection_id": ""
              }
            ],
            "tags": {
              "Name": "aft-vpc-private-subnet-01"
            },
            "tags_all": {
              "Name": "aft-vpc-private-subnet-01",
              "managed_by": "AFT"
            },
            "timeouts": null,
            "vpc_id": "vpc-0b38a5ed7a9f588cd"
          },
          "sensitive_attributes": [],
          "identity_schema_version": 0,
          "identity": {
            "account_id": "209330743040",
            "id": "rtb-08249b4ec1f728da1",
            "region": "us-east-1"
          },
          "private": "eyJlMmJmYjczMC1lY2FhLTExZTYtOGY4OC0zNDM2M2JjN2M0YzAiOnsiY3JlYXRlIjozMDAwMDAwMDAwMDAsImRlbGV0ZSI6MzAwMDAwMDAwMDAwLCJ1cGRhdGUiOjEyMDAwMDAwMDAwMH19",
          "dependencies": [
            "module.aft.data.aws_partition.current",
            "module.aft.module.aft_account_request_framework.aws_eip.aft-vpc-natgw-01",
            "module.aft.module.aft_account_request_framework.aws_internet_gateway.aft-vpc-igw",
            "module.aft.module.aft_account_request_framework.aws_nat_gateway.aft-vpc-natgw-01",
            "module.aft.module.aft_account_request_framework.aws_subnet.aft_vpc_public_subnet_01",
            "module.aft.module.aft_account_request_framework.aws_vpc.aft_vpc",
            "module.aft.module.aft_account_request_framework.data.aws_availability_zones.available"
          ]
        }
      ]
    },
    {
      "module": "module.aft.module.aft_account_request_framework",
      "mode": "managed",
      "type": "aws_route_table",
      "name": "aft_vpc_private_subnet_02",
      "provider": "module.aft.provider[\"registry.terraform.io/hashicorp/aws\"].aft_management",
      "instances": [
        {
          "index_key": 0,
          "schema_version": 0,
          "attributes": {
            "arn": "arn:aws:ec2:us-east-1:209330743040:route-table/rtb-0515f832e83d0357a",
            "id": "rtb-0515f832e83d0357a",
            "owner_id": "209330743040",
            "propagating_vgws": [],
            "region": "us-east-1",
            "route": [
              {
                "carrier_gateway_id": "",
                "cidr_block": "0.0.0.0/0",
                "core_network_arn": "",
                "destination_prefix_list_id": "",
                "egress_only_gateway_id": "",
                "gateway_id": "",
                "ipv6_cidr_block": "",
                "local_gateway_id": "",
                "nat_gateway_id": "nat-08bec29ce6ebcf880",
                "network_interface_id": "",
                "transit_gateway_id": "",
                "vpc_endpoint_id": "",
                "vpc_peering_connection_id": ""
              }
            ],
            "tags": {
              "Name": "aft-vpc-private-subnet-02"
            },
            "tags_all": {
              "Name": "aft-vpc-private-subnet-02",
              "managed_by": "AFT"
            },
            "timeouts": null,
            "vpc_id": "vpc-0b38a5ed7a9f588cd"
          },
          "sensitive_attributes": [],
          "identity_schema_version": 0,
          "identity": {
            "account_id": "209330743040",
            "id": "rtb-0515f832e83d0357a",
            "region": "us-east-1"
          },
          "private": "eyJlMmJmYjczMC1lY2FhLTExZTYtOGY4OC0zNDM2M2JjN2M0YzAiOnsiY3JlYXRlIjozMDAwMDAwMDAwMDAsImRlbGV0ZSI6MzAwMDAwMDAwMDAwLCJ1cGRhdGUiOjEyMDAwMDAwMDAwMH19",
          "dependencies": [
            "module.aft.data.aws_partition.current",
            "module.aft.module.aft_account_request_framework.aws_eip.aft-vpc-natgw-02",
            "module.aft.module.aft_account_request_framework.aws_internet_gateway.aft-vpc-igw",
            "module.aft.module.aft_account_request_framework.aws_nat_gateway.aft-vpc-natgw-02",
            "module.aft.module.aft_account_request_framework.aws_subnet.aft_vpc_public_subnet_02",
            "module.aft.module.aft_account_request_framework.aws_vpc.aft_vpc",
            "module.aft.module.aft_account_request_framework.data.aws_availability_zones.available"
          ]
        }
      ]
    },
    {
      "module": "module.aft.module.aft_account_request_framework",
      "mode": "managed",
      "type": "aws_route_table",
      "name": "aft_vpc_public_subnet_01",
      "provider": "module.aft.provider[\"registry.terraform.io/hashicorp/aws\"].aft_management",
      "instances": [
        {
          "index_key": 0,
          "schema_version": 0,
          "attributes": {
            "arn": "arn:aws:ec2:us-east-1:209330743040:route-table/rtb-0e3f971af75d59e7d",
            "id": "rtb-0e3f971af75d59e7d",
            "owner_id": "209330743040",
            "propagating_vgws": [],
            "region": "us-east-1",
            "route": [
              {
                "carrier_gateway_id": "",
                "cidr_block": "0.0.0.0/0",
                "core_network_arn": "",
                "destination_prefix_list_id": "",
                "egress_only_gateway_id": "",
                "gateway_id": "igw-02b5260f0070fa442",
                "ipv6_cidr_block": "",
                "local_gateway_id": "",
                "nat_gateway_id": "",
                "network_interface_id": "",
                "transit_gateway_id": "",
                "vpc_endpoint_id": "",
                "vpc_peering_connection_id": ""
              }
            ],
            "tags": {
              "Name": "aft-vpc-public-subnet-01"
            },
            "tags_all": {
              "Name": "aft-vpc-public-subnet-01",
              "managed_by": "AFT"
            },
            "timeouts": null,
            "vpc_id": "vpc-0b38a5ed7a9f588cd"
          },
          "sensitive_attributes": [],
          "identity_schema_version": 0,
          "identity": {
            "account_id": "209330743040",
            "id": "rtb-0e3f971af75d59e7d",
            "region": "us-east-1"
          },
          "private": "eyJlMmJmYjczMC1lY2FhLTExZTYtOGY4OC0zNDM2M2JjN2M0YzAiOnsiY3JlYXRlIjozMDAwMDAwMDAwMDAsImRlbGV0ZSI6MzAwMDAwMDAwMDAwLCJ1cGRhdGUiOjEyMDAwMDAwMDAwMH19",
          "dependencies": [
            "module.aft.data.aws_partition.current",
            "module.aft.module.aft_account_request_framework.aws_internet_gateway.aft-vpc-igw",
            "module.aft.module.aft_account_request_framework.aws_vpc.aft_vpc"
          ]
        }
      ]
    },
    {
      "module": "module.aft.module.aft_account_request_framework",
      "mode": "managed",
      "type": "aws_route_table_association",
      "name": "aft_vpc_private_subnet_01",
      "provider": "module.aft.provider[\"registry.terraform.io/hashicorp/aws\"].aft_management",
      "instances": [
        {
          "index_key": 0,
          "schema_version": 0,
          "attributes": {
            "gateway_id": "",
            "id": "rtbassoc-0c88f0b4eecf1cef5",
            "region": "us-east-1",
            "route_table_id": "rtb-08249b4ec1f728da1",
            "subnet_id": "subnet-00b1782f1c5a9b770",
            "timeouts": null
          },
          "sensitive_attributes": [],
          "identity_schema_version": 0,
          "private": "eyJlMmJmYjczMC1lY2FhLTExZTYtOGY4OC0zNDM2M2JjN2M0YzAiOnsiY3JlYXRlIjozMDAwMDAwMDAwMDAsImRlbGV0ZSI6MzAwMDAwMDAwMDAwLCJ1cGRhdGUiOjEyMDAwMDAwMDAwMH19",
          "dependencies": [
            "module.aft.data.aws_partition.current",
            "module.aft.module.aft_account_request_framework.aws_eip.aft-vpc-natgw-01",
            "module.aft.module.aft_account_request_framework.aws_internet_gateway.aft-vpc-igw",
            "module.aft.module.aft_account_request_framework.aws_nat_gateway.aft-vpc-natgw-01",
            "module.aft.module.aft_account_request_framework.aws_route_table.aft_vpc_private_subnet_01",
            "module.aft.module.aft_account_request_framework.aws_subnet.aft_vpc_private_subnet_01",
            "module.aft.module.aft_account_request_framework.aws_subnet.aft_vpc_public_subnet_01",
            "module.aft.module.aft_account_request_framework.aws_vpc.aft_vpc",
            "module.aft.module.aft_account_request_framework.data.aws_availability_zones.available"
          ]
        }
      ]
    },
    {
      "module": "module.aft.module.aft_account_request_framework",
      "mode": "managed",
      "type": "aws_route_table_association",
      "name": "aft_vpc_private_subnet_02",
      "provider": "module.aft.provider[\"registry.terraform.io/hashicorp/aws\"].aft_management",
      "instances": [
        {
          "index_key": 0,
          "schema_version": 0,
          "attributes": {
            "gateway_id": "",
            "id": "rtbassoc-0f85011ccb25064a0",
            "region": "us-east-1",
            "route_table_id": "rtb-0515f832e83d0357a",
            "subnet_id": "subnet-01a0ef4e8ef095756",
            "timeouts": null
          },
          "sensitive_attributes": [],
          "identity_schema_version": 0,
          "private": "eyJlMmJmYjczMC1lY2FhLTExZTYtOGY4OC0zNDM2M2JjN2M0YzAiOnsiY3JlYXRlIjozMDAwMDAwMDAwMDAsImRlbGV0ZSI6MzAwMDAwMDAwMDAwLCJ1cGRhdGUiOjEyMDAwMDAwMDAwMH19",
          "dependencies": [
            "module.aft.data.aws_partition.current",
            "module.aft.module.aft_account_request_framework.aws_eip.aft-vpc-natgw-02",
            "module.aft.module.aft_account_request_framework.aws_internet_gateway.aft-vpc-igw",
            "module.aft.module.aft_account_request_framework.aws_nat_gateway.aft-vpc-natgw-02",
            "module.aft.module.aft_account_request_framework.aws_route_table.aft_vpc_private_subnet_02",
            "module.aft.module.aft_account_request_framework.aws_subnet.aft_vpc_private_subnet_02",
            "module.aft.module.aft_account_request_framework.aws_subnet.aft_vpc_public_subnet_02",
            "module.aft.module.aft_account_request_framework.aws_vpc.aft_vpc",
            "module.aft.module.aft_account_request_framework.data.aws_availability_zones.available"
          ]
        }
      ]
    },
    {
      "module": "module.aft.module.aft_account_request_framework",
      "mode": "managed",
      "type": "aws_route_table_association",
      "name": "aft_vpc_public_subnet_01",
      "provider": "module.aft.provider[\"registry.terraform.io/hashicorp/aws\"].aft_management",
      "instances": [
        {
          "index_key": 0,
          "schema_version": 0,
          "attributes": {
            "gateway_id": "",
            "id": "rtbassoc-0395965dbec224efd",
            "region": "us-east-1",
            "route_table_id": "rtb-0e3f971af75d59e7d",
            "subnet_id": "subnet-016f8243d8e7f73e2",
            "timeouts": null
          },
          "sensitive_attributes": [],
          "identity_schema_version": 0,
          "private": "eyJlMmJmYjczMC1lY2FhLTExZTYtOGY4OC0zNDM2M2JjN2M0YzAiOnsiY3JlYXRlIjozMDAwMDAwMDAwMDAsImRlbGV0ZSI6MzAwMDAwMDAwMDAwLCJ1cGRhdGUiOjEyMDAwMDAwMDAwMH19",
          "dependencies": [
            "module.aft.data.aws_partition.current",
            "module.aft.module.aft_account_request_framework.aws_internet_gateway.aft-vpc-igw",
            "module.aft.module.aft_account_request_framework.aws_route_table.aft_vpc_public_subnet_01",
            "module.aft.module.aft_account_request_framework.aws_subnet.aft_vpc_public_subnet_01",
            "module.aft.module.aft_account_request_framework.aws_vpc.aft_vpc",
            "module.aft.module.aft_account_request_framework.data.aws_availability_zones.available"
          ]
        }
      ]
    },
    {
      "module": "module.aft.module.aft_account_request_framework",
      "mode": "managed",
      "type": "aws_route_table_association",
      "name": "aft_vpc_public_subnet_02",
      "provider": "module.aft.provider[\"registry.terraform.io/hashicorp/aws\"].aft_management",
      "instances": [
        {
          "index_key": 0,
          "schema_version": 0,
          "attributes": {
            "gateway_id": "",
            "id": "rtbassoc-040d4665e987d48d5",
            "region": "us-east-1",
            "route_table_id": "rtb-0e3f971af75d59e7d",
            "subnet_id": "subnet-002c1e6709cbe5390",
            "timeouts": null
          },
          "sensitive_attributes": [],
          "identity_schema_version": 0,
          "private": "eyJlMmJmYjczMC1lY2FhLTExZTYtOGY4OC0zNDM2M2JjN2M0YzAiOnsiY3JlYXRlIjozMDAwMDAwMDAwMDAsImRlbGV0ZSI6MzAwMDAwMDAwMDAwLCJ1cGRhdGUiOjEyMDAwMDAwMDAwMH19",
          "dependencies": [
            "module.aft.data.aws_partition.current",
            "module.aft.module.aft_account_request_framework.aws_internet_gateway.aft-vpc-igw",
            "module.aft.module.aft_account_request_framework.aws_route_table.aft_vpc_public_subnet_01",
            "module.aft.module.aft_account_request_framework.aws_subnet.aft_vpc_public_subnet_02",
            "module.aft.module.aft_account_request_framework.aws_vpc.aft_vpc",
            "module.aft.module.aft_account_request_framework.data.aws_availability_zones.available"
          ]
        }
      ]
    },
    {
      "module": "module.aft.module.aft_account_request_framework",
      "mode": "managed",
      "type": "aws_security_group",
      "name": "aft_vpc_default_sg",
      "provider": "module.aft.provider[\"registry.terraform.io/hashicorp/aws\"].aft_management",
      "instances": [
        {
          "index_key": 0,
          "schema_version": 1,
          "attributes": {
            "arn": "arn:aws:ec2:us-east-1:209330743040:security-group/sg-09cf321705340ff35",
            "description": "Allow outbound traffic",
            "egress": [
              {
                "cidr_blocks": [
                  "0.0.0.0/0"
                ],
                "description": "Allow outbound traffic to internet",
                "from_port": 0,
                "ipv6_cidr_blocks": [
                  "::/0"
                ],
                "prefix_list_ids": [],
                "protocol": "-1",
                "security_groups": [],
                "self": false,
                "to_port": 0
              }
            ],
            "id": "sg-09cf321705340ff35",
            "ingress": [],
            "name": "aft-default-sg",
            "name_prefix": "",
            "owner_id": "209330743040",
            "region": "us-east-1",
            "revoke_rules_on_delete": false,
            "tags": {},
            "tags_all": {
              "managed_by": "AFT"
            },
            "timeouts": null,
            "vpc_id": "vpc-0b38a5ed7a9f588cd"
          },
          "sensitive_attributes": [],
          "identity_schema_version": 0,
          "identity": {
            "account_id": "209330743040",
            "id": "sg-09cf321705340ff35",
            "region": "us-east-1"
          },
          "private": "eyJlMmJmYjczMC1lY2FhLTExZTYtOGY4OC0zNDM2M2JjN2M0YzAiOnsiY3JlYXRlIjo2MDAwMDAwMDAwMDAsImRlbGV0ZSI6OTAwMDAwMDAwMDAwfSwic2NoZW1hX3ZlcnNpb24iOiIxIn0=",
          "dependencies": [
            "module.aft.data.aws_partition.current",
            "module.aft.module.aft_account_request_framework.aws_vpc.aft_vpc"
          ],
          "create_before_destroy": true
        }
      ]
    },
    {
      "module": "module.aft.module.aft_account_request_framework",
      "mode": "managed",
      "type": "aws_security_group",
      "name": "aft_vpc_endpoint_sg",
      "provider": "module.aft.provider[\"registry.terraform.io/hashicorp/aws\"].aft_management",
      "instances": [
        {
          "index_key": 0,
          "schema_version": 1,
          "attributes": {
            "arn": "arn:aws:ec2:us-east-1:209330743040:security-group/sg-0db855c93b3da9979",
            "description": "Allow inbound HTTPS traffic and all Outbound",
            "egress": [
              {
                "cidr_blocks": [
                  "0.0.0.0/0"
                ],
                "description": "Allow outbound traffic to internet",
                "from_port": 0,
                "ipv6_cidr_blocks": [
                  "::/0"
                ],
                "prefix_list_ids": [],
                "protocol": "-1",
                "security_groups": [],
                "self": false,
                "to_port": 0
              }
            ],
            "id": "sg-0db855c93b3da9979",
            "ingress": [
              {
                "cidr_blocks": [
                  "192.168.0.0/22"
                ],
                "description": "Allow inbound SSH",
                "from_port": 22,
                "ipv6_cidr_blocks": [],
                "prefix_list_ids": [],
                "protocol": "tcp",
                "security_groups": [],
                "self": false,
                "to_port": 22
              },
              {
                "cidr_blocks": [
                  "192.168.0.0/22"
                ],
                "description": "Allow inbound TLS",
                "from_port": 443,
                "ipv6_cidr_blocks": [],
                "prefix_list_ids": [],
                "protocol": "tcp",
                "security_groups": [],
                "self": false,
                "to_port": 443
              }
            ],
            "name": "aft-endpoint-sg",
            "name_prefix": "",
            "owner_id": "209330743040",
            "region": "us-east-1",
            "revoke_rules_on_delete": false,
            "tags": {},
            "tags_all": {
              "managed_by": "AFT"
            },
            "timeouts": null,
            "vpc_id": "vpc-0b38a5ed7a9f588cd"
          },
          "sensitive_attributes": [],
          "identity_schema_version": 0,
          "identity": {
            "account_id": "209330743040",
            "id": "sg-0db855c93b3da9979",
            "region": "us-east-1"
          },
          "private": "eyJlMmJmYjczMC1lY2FhLTExZTYtOGY4OC0zNDM2M2JjN2M0YzAiOnsiY3JlYXRlIjo2MDAwMDAwMDAwMDAsImRlbGV0ZSI6OTAwMDAwMDAwMDAwfSwic2NoZW1hX3ZlcnNpb24iOiIxIn0=",
          "dependencies": [
            "module.aft.data.aws_partition.current",
            "module.aft.module.aft_account_request_framework.aws_vpc.aft_vpc",
            "module.aft.module.aft_account_request_framework.data.aws_vpc.aft"
          ]
        }
      ]
    },
    {
      "module": "module.aft.module.aft_account_request_framework",
      "mode": "managed",
      "type": "aws_sns_topic",
      "name": "aft_failure_notifications",
      "provider": "module.aft.provider[\"registry.terraform.io/hashicorp/aws\"].aft_management",
      "instances": [
        {
          "schema_version": 0,
          "attributes": {
            "application_failure_feedback_role_arn": "",
            "application_success_feedback_role_arn": "",
            "application_success_feedback_sample_rate": 0,
            "archive_policy": "",
            "arn": "arn:aws:sns:us-east-1:209330743040:aft-failure-notifications",
            "beginning_archive_time": "",
            "content_based_deduplication": false,
            "delivery_policy": "",
            "display_name": "",
            "fifo_throughput_scope": "",
            "fifo_topic": false,
            "firehose_failure_feedback_role_arn": "",
            "firehose_success_feedback_role_arn": "",
            "firehose_success_feedback_sample_rate": 0,
            "http_failure_feedback_role_arn": "",
            "http_success_feedback_role_arn": "",
            "http_success_feedback_sample_rate": 0,
            "id": "arn:aws:sns:us-east-1:209330743040:aft-failure-notifications",
            "kms_master_key_id": "alias/aws/sns",
            "lambda_failure_feedback_role_arn": "",
            "lambda_success_feedback_role_arn": "",
            "lambda_success_feedback_sample_rate": 0,
            "name": "aft-failure-notifications",
            "name_prefix": "",
            "owner": "209330743040",
            "policy": "{\"Id\":\"__default_policy_ID\",\"Statement\":[{\"Action\":[\"SNS:GetTopicAttributes\",\"SNS:SetTopicAttributes\",\"SNS:AddPermission\",\"SNS:RemovePermission\",\"SNS:DeleteTopic\",\"SNS:Subscribe\",\"SNS:ListSubscriptionsByTopic\",\"SNS:Publish\"],\"Condition\":{\"StringEquals\":{\"AWS:SourceOwner\":\"209330743040\"}},\"Effect\":\"Allow\",\"Principal\":{\"AWS\":\"*\"},\"Resource\":\"arn:aws:sns:us-east-1:209330743040:aft-failure-notifications\",\"Sid\":\"__default_statement_ID\"}],\"Version\":\"2008-10-17\"}",
            "region": "us-east-1",
            "signature_version": 0,
            "sqs_failure_feedback_role_arn": "",
            "sqs_success_feedback_role_arn": "",
            "sqs_success_feedback_sample_rate": 0,
            "tags": {},
            "tags_all": {
              "managed_by": "AFT"
            },
            "tracing_config": ""
          },
          "sensitive_attributes": [],
          "identity_schema_version": 0,
          "identity": {
            "arn": "arn:aws:sns:us-east-1:209330743040:aft-failure-notifications"
          },
          "private": "bnVsbA==",
          "dependencies": [
            "module.aft.data.aws_partition.current",
            "module.aft.module.aft_account_request_framework.aws_kms_key.aft",
            "module.aft.module.aft_account_request_framework.data.aws_caller_identity.aft-management",
            "module.aft.module.aft_account_request_framework.data.aws_partition.current",
            "module.aft.module.aft_account_request_framework.data.aws_region.aft-management"
          ]
        }
      ]
    },
    {
      "module": "module.aft.module.aft_account_request_framework",
      "mode": "managed",
      "type": "aws_sns_topic",
      "name": "aft_notifications",
      "provider": "module.aft.provider[\"registry.terraform.io/hashicorp/aws\"].aft_management",
      "instances": [
        {
          "schema_version": 0,
          "attributes": {
            "application_failure_feedback_role_arn": "",
            "application_success_feedback_role_arn": "",
            "application_success_feedback_sample_rate": 0,
            "archive_policy": "",
            "arn": "arn:aws:sns:us-east-1:209330743040:aft-notifications",
            "beginning_archive_time": "",
            "content_based_deduplication": false,
            "delivery_policy": "",
            "display_name": "",
            "fifo_throughput_scope": "",
            "fifo_topic": false,
            "firehose_failure_feedback_role_arn": "",
            "firehose_success_feedback_role_arn": "",
            "firehose_success_feedback_sample_rate": 0,
            "http_failure_feedback_role_arn": "",
            "http_success_feedback_role_arn": "",
            "http_success_feedback_sample_rate": 0,
            "id": "arn:aws:sns:us-east-1:209330743040:aft-notifications",
            "kms_master_key_id": "alias/aws/sns",
            "lambda_failure_feedback_role_arn": "",
            "lambda_success_feedback_role_arn": "",
            "lambda_success_feedback_sample_rate": 0,
            "name": "aft-notifications",
            "name_prefix": "",
            "owner": "209330743040",
            "policy": "{\"Id\":\"__default_policy_ID\",\"Statement\":[{\"Action\":[\"SNS:GetTopicAttributes\",\"SNS:SetTopicAttributes\",\"SNS:AddPermission\",\"SNS:RemovePermission\",\"SNS:DeleteTopic\",\"SNS:Subscribe\",\"SNS:ListSubscriptionsByTopic\",\"SNS:Publish\"],\"Condition\":{\"StringEquals\":{\"AWS:SourceOwner\":\"209330743040\"}},\"Effect\":\"Allow\",\"Principal\":{\"AWS\":\"*\"},\"Resource\":\"arn:aws:sns:us-east-1:209330743040:aft-notifications\",\"Sid\":\"__default_statement_ID\"}],\"Version\":\"2008-10-17\"}",
            "region": "us-east-1",
            "signature_version": 0,
            "sqs_failure_feedback_role_arn": "",
            "sqs_success_feedback_role_arn": "",
            "sqs_success_feedback_sample_rate": 0,
            "tags": {},
            "tags_all": {
              "managed_by": "AFT"
            },
            "tracing_config": ""
          },
          "sensitive_attributes": [],
          "identity_schema_version": 0,
          "identity": {
            "arn": "arn:aws:sns:us-east-1:209330743040:aft-notifications"
          },
          "private": "bnVsbA==",
          "dependencies": [
            "module.aft.data.aws_partition.current",
            "module.aft.module.aft_account_request_framework.aws_kms_key.aft",
            "module.aft.module.aft_account_request_framework.data.aws_caller_identity.aft-management",
            "module.aft.module.aft_account_request_framework.data.aws_partition.current",
            "module.aft.module.aft_account_request_framework.data.aws_region.aft-management"
          ]
        }
      ]
    },
    {
      "module": "module.aft.module.aft_account_request_framework",
      "mode": "managed",
      "type": "aws_sqs_queue",
      "name": "aft_account_request",
      "provider": "module.aft.provider[\"registry.terraform.io/hashicorp/aws\"].aft_management",
      "instances": [
        {
          "schema_version": 0,
          "attributes": {
            "arn": "arn:aws:sqs:us-east-1:209330743040:aft-account-request.fifo",
            "content_based_deduplication": false,
            "deduplication_scope": "queue",
            "delay_seconds": 0,
            "fifo_queue": true,
            "fifo_throughput_limit": "perQueue",
            "id": "https://sqs.us-east-1.amazonaws.com/209330743040/aft-account-request.fifo",
            "kms_data_key_reuse_period_seconds": 300,
            "kms_master_key_id": "alias/aft",
            "max_message_size": 262144,
            "message_retention_seconds": 345600,
            "name": "aft-account-request.fifo",
            "name_prefix": "",
            "policy": "",
            "receive_wait_time_seconds": 0,
            "redrive_allow_policy": "",
            "redrive_policy": "{\"deadLetterTargetArn\":\"arn:aws:sqs:us-east-1:209330743040:aft-account-request-dlq.fifo\",\"maxReceiveCount\":1}",
            "region": "us-east-1",
            "sqs_managed_sse_enabled": false,
            "tags": {},
            "tags_all": {
              "managed_by": "AFT"
            },
            "timeouts": null,
            "url": "https://sqs.us-east-1.amazonaws.com/209330743040/aft-account-request.fifo",
            "visibility_timeout_seconds": 240
          },
          "sensitive_attributes": [],
          "identity_schema_version": 1,
          "identity": {
            "url": "https://sqs.us-east-1.amazonaws.com/209330743040/aft-account-request.fifo"
          },
          "private": "eyJlMmJmYjczMC1lY2FhLTExZTYtOGY4OC0zNDM2M2JjN2M0YzAiOnsiY3JlYXRlIjoxODAwMDAwMDAwMDAsImRlbGV0ZSI6MTgwMDAwMDAwMDAwLCJ1cGRhdGUiOjE4MDAwMDAwMDAwMH19",
          "dependencies": [
            "module.aft.data.aws_partition.current",
            "module.aft.module.aft_account_request_framework.aws_kms_alias.aft",
            "module.aft.module.aft_account_request_framework.aws_kms_key.aft",
            "module.aft.module.aft_account_request_framework.aws_sqs_queue.aft_account_request_dlq",
            "module.aft.module.aft_account_request_framework.data.aws_caller_identity.aft-management",
            "module.aft.module.aft_account_request_framework.data.aws_partition.current",
            "module.aft.module.aft_account_request_framework.data.aws_region.aft-management"
          ]
        }
      ]
    },
    {
      "module": "module.aft.module.aft_account_request_framework",
      "mode": "managed",
      "type": "aws_sqs_queue",
      "name": "aft_account_request_dlq",
      "provider": "module.aft.provider[\"registry.terraform.io/hashicorp/aws\"].aft_management",
      "instances": [
        {
          "schema_version": 0,
          "attributes": {
            "arn": "arn:aws:sqs:us-east-1:209330743040:aft-account-request-dlq.fifo",
            "content_based_deduplication": false,
            "deduplication_scope": "queue",
            "delay_seconds": 0,
            "fifo_queue": true,
            "fifo_throughput_limit": "perQueue",
            "id": "https://sqs.us-east-1.amazonaws.com/209330743040/aft-account-request-dlq.fifo",
            "kms_data_key_reuse_period_seconds": 300,
            "kms_master_key_id": "alias/aft",
            "max_message_size": 262144,
            "message_retention_seconds": 345600,
            "name": "aft-account-request-dlq.fifo",
            "name_prefix": "",
            "policy": "",
            "receive_wait_time_seconds": 0,
            "redrive_allow_policy": "",
            "redrive_policy": "",
            "region": "us-east-1",
            "sqs_managed_sse_enabled": false,
            "tags": {},
            "tags_all": {
              "managed_by": "AFT"
            },
            "timeouts": null,
            "url": "https://sqs.us-east-1.amazonaws.com/209330743040/aft-account-request-dlq.fifo",
            "visibility_timeout_seconds": 30
          },
          "sensitive_attributes": [],
          "identity_schema_version": 1,
          "identity": {
            "url": "https://sqs.us-east-1.amazonaws.com/209330743040/aft-account-request-dlq.fifo"
          },
          "private": "eyJlMmJmYjczMC1lY2FhLTExZTYtOGY4OC0zNDM2M2JjN2M0YzAiOnsiY3JlYXRlIjoxODAwMDAwMDAwMDAsImRlbGV0ZSI6MTgwMDAwMDAwMDAwLCJ1cGRhdGUiOjE4MDAwMDAwMDAwMH19",
          "dependencies": [
            "module.aft.data.aws_partition.current",
            "module.aft.module.aft_account_request_framework.aws_kms_alias.aft",
            "module.aft.module.aft_account_request_framework.aws_kms_key.aft",
            "module.aft.module.aft_account_request_framework.data.aws_caller_identity.aft-management",
            "module.aft.module.aft_account_request_framework.data.aws_partition.current",
            "module.aft.module.aft_account_request_framework.data.aws_region.aft-management"
          ]
        }
      ]
    },
    {
      "module": "module.aft.module.aft_account_request_framework",
      "mode": "managed",
      "type": "aws_subnet",
      "name": "aft_vpc_private_subnet_01",
      "provider": "module.aft.provider[\"registry.terraform.io/hashicorp/aws\"].aft_management",
      "instances": [
        {
          "index_key": 0,
          "schema_version": 1,
          "attributes": {
            "arn": "arn:aws:ec2:us-east-1:209330743040:subnet/subnet-00b1782f1c5a9b770",
            "assign_ipv6_address_on_creation": false,
            "availability_zone": "us-east-1a",
            "availability_zone_id": "use1-az1",
            "cidr_block": "192.168.0.0/24",
            "customer_owned_ipv4_pool": "",
            "enable_dns64": false,
            "enable_lni_at_device_index": 0,
            "enable_resource_name_dns_a_record_on_launch": false,
            "enable_resource_name_dns_aaaa_record_on_launch": false,
            "id": "subnet-00b1782f1c5a9b770",
            "ipv4_ipam_pool_id": null,
            "ipv4_netmask_length": null,
            "ipv6_cidr_block": "",
            "ipv6_cidr_block_association_id": "",
            "ipv6_ipam_pool_id": null,
            "ipv6_native": false,
            "ipv6_netmask_length": null,
            "map_customer_owned_ip_on_launch": false,
            "map_public_ip_on_launch": false,
            "outpost_arn": "",
            "owner_id": "209330743040",
            "private_dns_hostname_type_on_launch": "ip-name",
            "region": "us-east-1",
            "tags": {
              "Name": "aft-vpc-private-subnet-01"
            },
            "tags_all": {
              "Name": "aft-vpc-private-subnet-01",
              "managed_by": "AFT"
            },
            "timeouts": null,
            "vpc_id": "vpc-0b38a5ed7a9f588cd"
          },
          "sensitive_attributes": [],
          "identity_schema_version": 0,
          "identity": {
            "account_id": "209330743040",
            "id": "subnet-00b1782f1c5a9b770",
            "region": "us-east-1"
          },
          "private": "eyJlMmJmYjczMC1lY2FhLTExZTYtOGY4OC0zNDM2M2JjN2M0YzAiOnsiY3JlYXRlIjo2MDAwMDAwMDAwMDAsImRlbGV0ZSI6MTIwMDAwMDAwMDAwMH0sInNjaGVtYV92ZXJzaW9uIjoiMSJ9",
          "dependencies": [
            "module.aft.data.aws_partition.current",
            "module.aft.module.aft_account_request_framework.aws_vpc.aft_vpc",
            "module.aft.module.aft_account_request_framework.data.aws_availability_zones.available"
          ],
          "create_before_destroy": true
        }
      ]
    },
    {
      "module": "module.aft.module.aft_account_request_framework",
      "mode": "managed",
      "type": "aws_subnet",
      "name": "aft_vpc_private_subnet_02",
      "provider": "module.aft.provider[\"registry.terraform.io/hashicorp/aws\"].aft_management",
      "instances": [
        {
          "index_key": 0,
          "schema_version": 1,
          "attributes": {
            "arn": "arn:aws:ec2:us-east-1:209330743040:subnet/subnet-01a0ef4e8ef095756",
            "assign_ipv6_address_on_creation": false,
            "availability_zone": "us-east-1b",
            "availability_zone_id": "use1-az2",
            "cidr_block": "192.168.1.0/24",
            "customer_owned_ipv4_pool": "",
            "enable_dns64": false,
            "enable_lni_at_device_index": 0,
            "enable_resource_name_dns_a_record_on_launch": false,
            "enable_resource_name_dns_aaaa_record_on_launch": false,
            "id": "subnet-01a0ef4e8ef095756",
            "ipv4_ipam_pool_id": null,
            "ipv4_netmask_length": null,
            "ipv6_cidr_block": "",
            "ipv6_cidr_block_association_id": "",
            "ipv6_ipam_pool_id": null,
            "ipv6_native": false,
            "ipv6_netmask_length": null,
            "map_customer_owned_ip_on_launch": false,
            "map_public_ip_on_launch": false,
            "outpost_arn": "",
            "owner_id": "209330743040",
            "private_dns_hostname_type_on_launch": "ip-name",
            "region": "us-east-1",
            "tags": {
              "Name": "aft-vpc-private-subnet-02"
            },
            "tags_all": {
              "Name": "aft-vpc-private-subnet-02",
              "managed_by": "AFT"
            },
            "timeouts": null,
            "vpc_id": "vpc-0b38a5ed7a9f588cd"
          },
          "sensitive_attributes": [],
          "identity_schema_version": 0,
          "identity": {
            "account_id": "209330743040",
            "id": "subnet-01a0ef4e8ef095756",
            "region": "us-east-1"
          },
          "private": "eyJlMmJmYjczMC1lY2FhLTExZTYtOGY4OC0zNDM2M2JjN2M0YzAiOnsiY3JlYXRlIjo2MDAwMDAwMDAwMDAsImRlbGV0ZSI6MTIwMDAwMDAwMDAwMH0sInNjaGVtYV92ZXJzaW9uIjoiMSJ9",
          "dependencies": [
            "module.aft.data.aws_partition.current",
            "module.aft.module.aft_account_request_framework.aws_vpc.aft_vpc",
            "module.aft.module.aft_account_request_framework.data.aws_availability_zones.available"
          ],
          "create_before_destroy": true
        }
      ]
    },
    {
      "module": "module.aft.module.aft_account_request_framework",
      "mode": "managed",
      "type": "aws_subnet",
      "name": "aft_vpc_public_subnet_01",
      "provider": "module.aft.provider[\"registry.terraform.io/hashicorp/aws\"].aft_management",
      "instances": [
        {
          "index_key": 0,
          "schema_version": 1,
          "attributes": {
            "arn": "arn:aws:ec2:us-east-1:209330743040:subnet/subnet-016f8243d8e7f73e2",
            "assign_ipv6_address_on_creation": false,
            "availability_zone": "us-east-1a",
            "availability_zone_id": "use1-az1",
            "cidr_block": "192.168.2.0/25",
            "customer_owned_ipv4_pool": "",
            "enable_dns64": false,
            "enable_lni_at_device_index": 0,
            "enable_resource_name_dns_a_record_on_launch": false,
            "enable_resource_name_dns_aaaa_record_on_launch": false,
            "id": "subnet-016f8243d8e7f73e2",
            "ipv4_ipam_pool_id": null,
            "ipv4_netmask_length": null,
            "ipv6_cidr_block": "",
            "ipv6_cidr_block_association_id": "",
            "ipv6_ipam_pool_id": null,
            "ipv6_native": false,
            "ipv6_netmask_length": null,
            "map_customer_owned_ip_on_launch": false,
            "map_public_ip_on_launch": false,
            "outpost_arn": "",
            "owner_id": "209330743040",
            "private_dns_hostname_type_on_launch": "ip-name",
            "region": "us-east-1",
            "tags": {
              "Name": "aft-vpc-public-subnet-01"
            },
            "tags_all": {
              "Name": "aft-vpc-public-subnet-01",
              "managed_by": "AFT"
            },
            "timeouts": null,
            "vpc_id": "vpc-0b38a5ed7a9f588cd"
          },
          "sensitive_attributes": [],
          "identity_schema_version": 0,
          "identity": {
            "account_id": "209330743040",
            "id": "subnet-016f8243d8e7f73e2",
            "region": "us-east-1"
          },
          "private": "eyJlMmJmYjczMC1lY2FhLTExZTYtOGY4OC0zNDM2M2JjN2M0YzAiOnsiY3JlYXRlIjo2MDAwMDAwMDAwMDAsImRlbGV0ZSI6MTIwMDAwMDAwMDAwMH0sInNjaGVtYV92ZXJzaW9uIjoiMSJ9",
          "dependencies": [
            "module.aft.data.aws_partition.current",
            "module.aft.module.aft_account_request_framework.aws_vpc.aft_vpc",
            "module.aft.module.aft_account_request_framework.data.aws_availability_zones.available"
          ]
        }
      ]
    },
    {
      "module": "module.aft.module.aft_account_request_framework",
      "mode": "managed",
      "type": "aws_subnet",
      "name": "aft_vpc_public_subnet_02",
      "provider": "module.aft.provider[\"registry.terraform.io/hashicorp/aws\"].aft_management",
      "instances": [
        {
          "index_key": 0,
          "schema_version": 1,
          "attributes": {
            "arn": "arn:aws:ec2:us-east-1:209330743040:subnet/subnet-002c1e6709cbe5390",
            "assign_ipv6_address_on_creation": false,
            "availability_zone": "us-east-1b",
            "availability_zone_id": "use1-az2",
            "cidr_block": "192.168.2.128/25",
            "customer_owned_ipv4_pool": "",
            "enable_dns64": false,
            "enable_lni_at_device_index": 0,
            "enable_resource_name_dns_a_record_on_launch": false,
            "enable_resource_name_dns_aaaa_record_on_launch": false,
            "id": "subnet-002c1e6709cbe5390",
            "ipv4_ipam_pool_id": null,
            "ipv4_netmask_length": null,
            "ipv6_cidr_block": "",
            "ipv6_cidr_block_association_id": "",
            "ipv6_ipam_pool_id": null,
            "ipv6_native": false,
            "ipv6_netmask_length": null,
            "map_customer_owned_ip_on_launch": false,
            "map_public_ip_on_launch": false,
            "outpost_arn": "",
            "owner_id": "209330743040",
            "private_dns_hostname_type_on_launch": "ip-name",
            "region": "us-east-1",
            "tags": {
              "Name": "aft-vpc-public-subnet-02"
            },
            "tags_all": {
              "Name": "aft-vpc-public-subnet-02",
              "managed_by": "AFT"
            },
            "timeouts": null,
            "vpc_id": "vpc-0b38a5ed7a9f588cd"
          },
          "sensitive_attributes": [],
          "identity_schema_version": 0,
          "identity": {
            "account_id": "209330743040",
            "id": "subnet-002c1e6709cbe5390",
            "region": "us-east-1"
          },
          "private": "eyJlMmJmYjczMC1lY2FhLTExZTYtOGY4OC0zNDM2M2JjN2M0YzAiOnsiY3JlYXRlIjo2MDAwMDAwMDAwMDAsImRlbGV0ZSI6MTIwMDAwMDAwMDAwMH0sInNjaGVtYV92ZXJzaW9uIjoiMSJ9",
          "dependencies": [
            "module.aft.data.aws_partition.current",
            "module.aft.module.aft_account_request_framework.aws_vpc.aft_vpc",
            "module.aft.module.aft_account_request_framework.data.aws_availability_zones.available"
          ]
        }
      ]
    },
    {
      "module": "module.aft.module.aft_account_request_framework",
      "mode": "managed",
      "type": "aws_vpc",
      "name": "aft_vpc",
      "provider": "module.aft.provider[\"registry.terraform.io/hashicorp/aws\"].aft_management",
      "instances": [
        {
          "index_key": 0,
          "schema_version": 1,
          "attributes": {
            "arn": "arn:aws:ec2:us-east-1:209330743040:vpc/vpc-0b38a5ed7a9f588cd",
            "assign_generated_ipv6_cidr_block": false,
            "cidr_block": "192.168.0.0/22",
            "default_network_acl_id": "acl-07130012becd9acd4",
            "default_route_table_id": "rtb-03066918acece1a36",
            "default_security_group_id": "sg-00687936c932a982a",
            "dhcp_options_id": "dopt-04a1c92caf3865505",
            "enable_dns_hostnames": true,
            "enable_dns_support": true,
            "enable_network_address_usage_metrics": false,
            "id": "vpc-0b38a5ed7a9f588cd",
            "instance_tenancy": "default",
            "ipv4_ipam_pool_id": null,
            "ipv4_netmask_length": null,
            "ipv6_association_id": "",
            "ipv6_cidr_block": "",
            "ipv6_cidr_block_network_border_group": "",
            "ipv6_ipam_pool_id": "",
            "ipv6_netmask_length": 0,
            "main_route_table_id": "rtb-03066918acece1a36",
            "owner_id": "209330743040",
            "region": "us-east-1",
            "tags": {
              "Name": "aft-management-vpc"
            },
            "tags_all": {
              "Name": "aft-management-vpc",
              "managed_by": "AFT"
            }
          },
          "sensitive_attributes": [],
          "identity_schema_version": 0,
          "identity": {
            "account_id": "209330743040",
            "id": "vpc-0b38a5ed7a9f588cd",
            "region": "us-east-1"
          },
          "private": "eyJzY2hlbWFfdmVyc2lvbiI6IjEifQ==",
          "dependencies": [
            "module.aft.data.aws_partition.current"
          ],
          "create_before_destroy": true
        }
      ]
    },
    {
      "module": "module.aft.module.aft_account_request_framework",
      "mode": "managed",
      "type": "aws_vpc_endpoint",
      "name": "codebuild",
      "provider": "module.aft.provider[\"registry.terraform.io/hashicorp/aws\"].aft_management",
      "instances": [
        {
          "index_key": 0,
          "schema_version": 0,
          "attributes": {
            "arn": "arn:aws:ec2:us-east-1:209330743040:vpc-endpoint/vpce-0a5ad9f5f1d643f63",
            "auto_accept": null,
            "cidr_blocks": [],
            "dns_entry": [
              {
                "dns_name": "vpce-0a5ad9f5f1d643f63-aqs2uhds.codebuild.us-east-1.vpce.amazonaws.com",
                "hosted_zone_id": "Z7HUB22UULQXV"
              },
              {
                "dns_name": "vpce-0a5ad9f5f1d643f63-aqs2uhds-us-east-1a.codebuild.us-east-1.vpce.amazonaws.com",
                "hosted_zone_id": "Z7HUB22UULQXV"
              },
              {
                "dns_name": "vpce-0a5ad9f5f1d643f63-aqs2uhds-us-east-1b.codebuild.us-east-1.vpce.amazonaws.com",
                "hosted_zone_id": "Z7HUB22UULQXV"
              },
              {
                "dns_name": "codebuild.us-east-1.amazonaws.com",
                "hosted_zone_id": "Z0635247263XLE5SQXG2A"
              },
              {
                "dns_name": "codebuild.us-east-1.api.aws",
                "hosted_zone_id": "Z063692053R1WZ8OL9F9"
              }
            ],
            "dns_options": [
              {
                "dns_record_ip_type": "ipv4",
                "private_dns_only_for_inbound_resolver_endpoint": false,
                "private_dns_preference": "",
                "private_dns_specified_domains": []
              }
            ],
            "id": "vpce-0a5ad9f5f1d643f63",
            "ip_address_type": "ipv4",
            "network_interface_ids": [
              "eni-01ac8858b12b5c9bc",
              "eni-0f8e2f8d4baf8f7ee"
            ],
            "owner_id": "209330743040",
            "policy": "{\"Statement\":[{\"Action\":\"*\",\"Effect\":\"Allow\",\"Principal\":\"*\",\"Resource\":\"*\"}]}",
            "prefix_list_id": null,
            "private_dns_enabled": true,
            "region": "us-east-1",
            "requester_managed": false,
            "resource_configuration_arn": "",
            "route_table_ids": [],
            "security_group_ids": [
              "sg-0db855c93b3da9979"
            ],
            "service_name": "com.amazonaws.us-east-1.codebuild",
            "service_network_arn": "",
            "service_region": "us-east-1",
            "state": "available",
            "subnet_configuration": [
              {
                "ipv4": "192.168.0.91",
                "ipv6": "",
                "subnet_id": "subnet-00b1782f1c5a9b770"
              },
              {
                "ipv4": "192.168.1.133",
                "ipv6": "",
                "subnet_id": "subnet-01a0ef4e8ef095756"
              }
            ],
            "subnet_ids": [
              "subnet-00b1782f1c5a9b770",
              "subnet-01a0ef4e8ef095756"
            ],
            "tags": {},
            "tags_all": {
              "managed_by": "AFT"
            },
            "timeouts": null,
            "vpc_endpoint_type": "Interface",
            "vpc_id": "vpc-0b38a5ed7a9f588cd"
          },
          "sensitive_attributes": [],
          "identity_schema_version": 0,
          "identity": {
            "account_id": "209330743040",
            "id": "vpce-0a5ad9f5f1d643f63",
            "region": "us-east-1"
          },
          "private": "eyJlMmJmYjczMC1lY2FhLTExZTYtOGY4OC0zNDM2M2JjN2M0YzAiOnsiY3JlYXRlIjo2MDAwMDAwMDAwMDAsImRlbGV0ZSI6NjAwMDAwMDAwMDAwLCJ1cGRhdGUiOjYwMDAwMDAwMDAwMH19",
          "dependencies": [
            "module.aft.data.aws_partition.current",
            "module.aft.module.aft_account_request_framework.aws_security_group.aft_vpc_endpoint_sg",
            "module.aft.module.aft_account_request_framework.aws_subnet.aft_vpc_private_subnet_01",
            "module.aft.module.aft_account_request_framework.aws_subnet.aft_vpc_private_subnet_02",
            "module.aft.module.aft_account_request_framework.aws_vpc.aft_vpc",
            "module.aft.module.aft_account_request_framework.data.aws_availability_zones.available",
            "module.aft.module.aft_account_request_framework.data.aws_subnets.codebuild",
            "module.aft.module.aft_account_request_framework.data.aws_vpc.aft",
            "module.aft.module.aft_account_request_framework.data.aws_vpc_endpoint_service.codebuild"
          ]
        }
      ]
    },
    {
      "module": "module.aft.module.aft_account_request_framework",
      "mode": "managed",
      "type": "aws_vpc_endpoint",
      "name": "codecommit",
      "provider": "module.aft.provider[\"registry.terraform.io/hashicorp/aws\"].aft_management",
      "instances": [
        {
          "index_key": 0,
          "schema_version": 0,
          "attributes": {
            "arn": "arn:aws:ec2:us-east-1:209330743040:vpc-endpoint/vpce-0f91a2a9d77dd0f5f",
            "auto_accept": null,
            "cidr_blocks": [],
            "dns_entry": [
              {
                "dns_name": "vpce-0f91a2a9d77dd0f5f-6beznvwh.codecommit.us-east-1.vpce.amazonaws.com",
                "hosted_zone_id": "Z7HUB22UULQXV"
              },
              {
                "dns_name": "vpce-0f91a2a9d77dd0f5f-6beznvwh-us-east-1b.codecommit.us-east-1.vpce.amazonaws.com",
                "hosted_zone_id": "Z7HUB22UULQXV"
              },
              {
                "dns_name": "vpce-0f91a2a9d77dd0f5f-6beznvwh-us-east-1a.codecommit.us-east-1.vpce.amazonaws.com",
                "hosted_zone_id": "Z7HUB22UULQXV"
              },
              {
                "dns_name": "codecommit.us-east-1.amazonaws.com",
                "hosted_zone_id": "Z06351782T75LEJ4WVQZC"
              },
              {
                "dns_name": "codecommit.us-east-1.api.aws",
                "hosted_zone_id": "Z09014384KD9S23G00FD"
              }
            ],
            "dns_options": [
              {
                "dns_record_ip_type": "ipv4",
                "private_dns_only_for_inbound_resolver_endpoint": false,
                "private_dns_preference": "",
                "private_dns_specified_domains": []
              }
            ],
            "id": "vpce-0f91a2a9d77dd0f5f",
            "ip_address_type": "ipv4",
            "network_interface_ids": [
              "eni-02c46ae9a460b4206",
              "eni-0c66252c343cd6c10"
            ],
            "owner_id": "209330743040",
            "policy": "{\"Statement\":[{\"Action\":\"*\",\"Effect\":\"Allow\",\"Principal\":\"*\",\"Resource\":\"*\"}]}",
            "prefix_list_id": null,
            "private_dns_enabled": true,
            "region": "us-east-1",
            "requester_managed": false,
            "resource_configuration_arn": "",
            "route_table_ids": [],
            "security_group_ids": [
              "sg-0db855c93b3da9979"
            ],
            "service_name": "com.amazonaws.us-east-1.codecommit",
            "service_network_arn": "",
            "service_region": "us-east-1",
            "state": "available",
            "subnet_configuration": [
              {
                "ipv4": "192.168.0.100",
                "ipv6": "",
                "subnet_id": "subnet-00b1782f1c5a9b770"
              },
              {
                "ipv4": "192.168.1.118",
                "ipv6": "",
                "subnet_id": "subnet-01a0ef4e8ef095756"
              }
            ],
            "subnet_ids": [
              "subnet-00b1782f1c5a9b770",
              "subnet-01a0ef4e8ef095756"
            ],
            "tags": {},
            "tags_all": {
              "managed_by": "AFT"
            },
            "timeouts": null,
            "vpc_endpoint_type": "Interface",
            "vpc_id": "vpc-0b38a5ed7a9f588cd"
          },
          "sensitive_attributes": [],
          "identity_schema_version": 0,
          "identity": {
            "account_id": "209330743040",
            "id": "vpce-0f91a2a9d77dd0f5f",
            "region": "us-east-1"
          },
          "private": "eyJlMmJmYjczMC1lY2FhLTExZTYtOGY4OC0zNDM2M2JjN2M0YzAiOnsiY3JlYXRlIjo2MDAwMDAwMDAwMDAsImRlbGV0ZSI6NjAwMDAwMDAwMDAwLCJ1cGRhdGUiOjYwMDAwMDAwMDAwMH19",
          "dependencies": [
            "module.aft.data.aws_partition.current",
            "module.aft.module.aft_account_request_framework.aws_security_group.aft_vpc_endpoint_sg",
            "module.aft.module.aft_account_request_framework.aws_subnet.aft_vpc_private_subnet_01",
            "module.aft.module.aft_account_request_framework.aws_subnet.aft_vpc_private_subnet_02",
            "module.aft.module.aft_account_request_framework.aws_vpc.aft_vpc",
            "module.aft.module.aft_account_request_framework.data.aws_availability_zones.available",
            "module.aft.module.aft_account_request_framework.data.aws_subnets.codecommit",
            "module.aft.module.aft_account_request_framework.data.aws_vpc.aft",
            "module.aft.module.aft_account_request_framework.data.aws_vpc_endpoint_service.codecommit"
          ]
        }
      ]
    },
    {
      "module": "module.aft.module.aft_account_request_framework",
      "mode": "managed",
      "type": "aws_vpc_endpoint",
      "name": "codepipeline",
      "provider": "module.aft.provider[\"registry.terraform.io/hashicorp/aws\"].aft_management",
      "instances": [
        {
          "index_key": 0,
          "schema_version": 0,
          "attributes": {
            "arn": "arn:aws:ec2:us-east-1:209330743040:vpc-endpoint/vpce-06b4ca94e0f52ba87",
            "auto_accept": null,
            "cidr_blocks": [],
            "dns_entry": [
              {
                "dns_name": "vpce-06b4ca94e0f52ba87-18z5npmz.codepipeline.us-east-1.vpce.amazonaws.com",
                "hosted_zone_id": "Z7HUB22UULQXV"
              },
              {
                "dns_name": "vpce-06b4ca94e0f52ba87-18z5npmz-us-east-1b.codepipeline.us-east-1.vpce.amazonaws.com",
                "hosted_zone_id": "Z7HUB22UULQXV"
              },
              {
                "dns_name": "vpce-06b4ca94e0f52ba87-18z5npmz-us-east-1a.codepipeline.us-east-1.vpce.amazonaws.com",
                "hosted_zone_id": "Z7HUB22UULQXV"
              },
              {
                "dns_name": "codepipeline.us-east-1.amazonaws.com",
                "hosted_zone_id": "Z04836732HUQCWNWWVLPH"
              }
            ],
            "dns_options": [
              {
                "dns_record_ip_type": "ipv4",
                "private_dns_only_for_inbound_resolver_endpoint": false,
                "private_dns_preference": "",
                "private_dns_specified_domains": []
              }
            ],
            "id": "vpce-06b4ca94e0f52ba87",
            "ip_address_type": "ipv4",
            "network_interface_ids": [
              "eni-0832f79d3f8112b8e",
              "eni-0c34b2fddeeff265a"
            ],
            "owner_id": "209330743040",
            "policy": "{\"Statement\":[{\"Action\":\"*\",\"Effect\":\"Allow\",\"Principal\":\"*\",\"Resource\":\"*\"}]}",
            "prefix_list_id": null,
            "private_dns_enabled": true,
            "region": "us-east-1",
            "requester_managed": false,
            "resource_configuration_arn": "",
            "route_table_ids": [],
            "security_group_ids": [
              "sg-0db855c93b3da9979"
            ],
            "service_name": "com.amazonaws.us-east-1.codepipeline",
            "service_network_arn": "",
            "service_region": "us-east-1",
            "state": "available",
            "subnet_configuration": [
              {
                "ipv4": "192.168.0.30",
                "ipv6": "",
                "subnet_id": "subnet-00b1782f1c5a9b770"
              },
              {
                "ipv4": "192.168.1.52",
                "ipv6": "",
                "subnet_id": "subnet-01a0ef4e8ef095756"
              }
            ],
            "subnet_ids": [
              "subnet-00b1782f1c5a9b770",
              "subnet-01a0ef4e8ef095756"
            ],
            "tags": {},
            "tags_all": {
              "managed_by": "AFT"
            },
            "timeouts": null,
            "vpc_endpoint_type": "Interface",
            "vpc_id": "vpc-0b38a5ed7a9f588cd"
          },
          "sensitive_attributes": [],
          "identity_schema_version": 0,
          "identity": {
            "account_id": "209330743040",
            "id": "vpce-06b4ca94e0f52ba87",
            "region": "us-east-1"
          },
          "private": "eyJlMmJmYjczMC1lY2FhLTExZTYtOGY4OC0zNDM2M2JjN2M0YzAiOnsiY3JlYXRlIjo2MDAwMDAwMDAwMDAsImRlbGV0ZSI6NjAwMDAwMDAwMDAwLCJ1cGRhdGUiOjYwMDAwMDAwMDAwMH19",
          "dependencies": [
            "module.aft.data.aws_partition.current",
            "module.aft.module.aft_account_request_framework.aws_security_group.aft_vpc_endpoint_sg",
            "module.aft.module.aft_account_request_framework.aws_subnet.aft_vpc_private_subnet_01",
            "module.aft.module.aft_account_request_framework.aws_subnet.aft_vpc_private_subnet_02",
            "module.aft.module.aft_account_request_framework.aws_vpc.aft_vpc",
            "module.aft.module.aft_account_request_framework.data.aws_availability_zones.available",
            "module.aft.module.aft_account_request_framework.data.aws_subnets.codepipeline",
            "module.aft.module.aft_account_request_framework.data.aws_vpc.aft",
            "module.aft.module.aft_account_request_framework.data.aws_vpc_endpoint_service.codepipeline"
          ]
        }
      ]
    },
    {
      "module": "module.aft.module.aft_account_request_framework",
      "mode": "managed",
      "type": "aws_vpc_endpoint",
      "name": "dynamodb",
      "provider": "module.aft.provider[\"registry.terraform.io/hashicorp/aws\"].aft_management",
      "instances": [
        {
          "index_key": 0,
          "schema_version": 0,
          "attributes": {
            "arn": "arn:aws:ec2:us-east-1:209330743040:vpc-endpoint/vpce-0a5becbc6b54be5fe",
            "auto_accept": null,
            "cidr_blocks": [
              "35.71.70.0/24",
              "3.218.182.0/24",
              "3.218.180.0/23",
              "35.71.68.0/23",
              "52.94.0.0/22",
              "52.119.224.0/20"
            ],
            "dns_entry": [],
            "dns_options": [
              {
                "dns_record_ip_type": "service-defined",
                "private_dns_only_for_inbound_resolver_endpoint": false,
                "private_dns_preference": "",
                "private_dns_specified_domains": []
              }
            ],
            "id": "vpce-0a5becbc6b54be5fe",
            "ip_address_type": "ipv4",
            "network_interface_ids": [],
            "owner_id": "209330743040",
            "policy": "{\"Statement\":[{\"Action\":\"*\",\"Effect\":\"Allow\",\"Principal\":\"*\",\"Resource\":\"*\"}],\"Version\":\"2008-10-17\"}",
            "prefix_list_id": "pl-02cd2c6b",
            "private_dns_enabled": false,
            "region": "us-east-1",
            "requester_managed": false,
            "resource_configuration_arn": "",
            "route_table_ids": [
              "rtb-0515f832e83d0357a",
              "rtb-08249b4ec1f728da1",
              "rtb-0e3f971af75d59e7d"
            ],
            "security_group_ids": [],
            "service_name": "com.amazonaws.us-east-1.dynamodb",
            "service_network_arn": "",
            "service_region": "us-east-1",
            "state": "available",
            "subnet_configuration": [],
            "subnet_ids": [],
            "tags": {},
            "tags_all": {
              "managed_by": "AFT"
            },
            "timeouts": null,
            "vpc_endpoint_type": "Gateway",
            "vpc_id": "vpc-0b38a5ed7a9f588cd"
          },
          "sensitive_attributes": [],
          "identity_schema_version": 0,
          "identity": {
            "account_id": "209330743040",
            "id": "vpce-0a5becbc6b54be5fe",
            "region": "us-east-1"
          },
          "private": "eyJlMmJmYjczMC1lY2FhLTExZTYtOGY4OC0zNDM2M2JjN2M0YzAiOnsiY3JlYXRlIjo2MDAwMDAwMDAwMDAsImRlbGV0ZSI6NjAwMDAwMDAwMDAwLCJ1cGRhdGUiOjYwMDAwMDAwMDAwMH19",
          "dependencies": [
            "module.aft.data.aws_partition.current",
            "module.aft.module.aft_account_request_framework.aws_subnet.aft_vpc_private_subnet_01",
            "module.aft.module.aft_account_request_framework.aws_subnet.aft_vpc_private_subnet_02",
            "module.aft.module.aft_account_request_framework.aws_subnet.aft_vpc_public_subnet_01",
            "module.aft.module.aft_account_request_framework.aws_subnet.aft_vpc_public_subnet_02",
            "module.aft.module.aft_account_request_framework.aws_vpc.aft_vpc",
            "module.aft.module.aft_account_request_framework.data.aws_availability_zones.available",
            "module.aft.module.aft_account_request_framework.data.aws_region.aft-management",
            "module.aft.module.aft_account_request_framework.data.aws_route_tables.aft_private_route_tables",
            "module.aft.module.aft_account_request_framework.data.aws_route_tables.aft_public_route_tables"
          ]
        }
      ]
    },
    {
      "module": "module.aft.module.aft_account_request_framework",
      "mode": "managed",
      "type": "aws_vpc_endpoint",
      "name": "events",
      "provider": "module.aft.provider[\"registry.terraform.io/hashicorp/aws\"].aft_management",
      "instances": [
        {
          "index_key": 0,
          "schema_version": 0,
          "attributes": {
            "arn": "arn:aws:ec2:us-east-1:209330743040:vpc-endpoint/vpce-0b96ee5ba656db538",
            "auto_accept": null,
            "cidr_blocks": [],
            "dns_entry": [
              {
                "dns_name": "vpce-0b96ee5ba656db538-gpjvjg2r.events.us-east-1.vpce.amazonaws.com",
                "hosted_zone_id": "Z7HUB22UULQXV"
              },
              {
                "dns_name": "vpce-0b96ee5ba656db538-gpjvjg2r-us-east-1a.events.us-east-1.vpce.amazonaws.com",
                "hosted_zone_id": "Z7HUB22UULQXV"
              },
              {
                "dns_name": "vpce-0b96ee5ba656db538-gpjvjg2r-us-east-1b.events.us-east-1.vpce.amazonaws.com",
                "hosted_zone_id": "Z7HUB22UULQXV"
              },
              {
                "dns_name": "events.us-east-1.amazonaws.com",
                "hosted_zone_id": "Z048305033HXWCX6H0QDG"
              },
              {
                "dns_name": "events.us-east-1.api.aws",
                "hosted_zone_id": "Z04830452RSHAVDLO7DWP"
              }
            ],
            "dns_options": [
              {
                "dns_record_ip_type": "ipv4",
                "private_dns_only_for_inbound_resolver_endpoint": false,
                "private_dns_preference": "",
                "private_dns_specified_domains": []
              }
            ],
            "id": "vpce-0b96ee5ba656db538",
            "ip_address_type": "ipv4",
            "network_interface_ids": [
              "eni-05ba032dba97aa729",
              "eni-0e30fa17733c80e1b"
            ],
            "owner_id": "209330743040",
            "policy": "{\"Statement\":[{\"Action\":\"*\",\"Effect\":\"Allow\",\"Principal\":\"*\",\"Resource\":\"*\"}]}",
            "prefix_list_id": null,
            "private_dns_enabled": true,
            "region": "us-east-1",
            "requester_managed": false,
            "resource_configuration_arn": "",
            "route_table_ids": [],
            "security_group_ids": [
              "sg-0db855c93b3da9979"
            ],
            "service_name": "com.amazonaws.us-east-1.events",
            "service_network_arn": "",
            "service_region": "us-east-1",
            "state": "available",
            "subnet_configuration": [
              {
                "ipv4": "192.168.0.173",
                "ipv6": "",
                "subnet_id": "subnet-00b1782f1c5a9b770"
              },
              {
                "ipv4": "192.168.1.67",
                "ipv6": "",
                "subnet_id": "subnet-01a0ef4e8ef095756"
              }
            ],
            "subnet_ids": [
              "subnet-00b1782f1c5a9b770",
              "subnet-01a0ef4e8ef095756"
            ],
            "tags": {},
            "tags_all": {
              "managed_by": "AFT"
            },
            "timeouts": null,
            "vpc_endpoint_type": "Interface",
            "vpc_id": "vpc-0b38a5ed7a9f588cd"
          },
          "sensitive_attributes": [],
          "identity_schema_version": 0,
          "identity": {
            "account_id": "209330743040",
            "id": "vpce-0b96ee5ba656db538",
            "region": "us-east-1"
          },
          "private": "eyJlMmJmYjczMC1lY2FhLTExZTYtOGY4OC0zNDM2M2JjN2M0YzAiOnsiY3JlYXRlIjo2MDAwMDAwMDAwMDAsImRlbGV0ZSI6NjAwMDAwMDAwMDAwLCJ1cGRhdGUiOjYwMDAwMDAwMDAwMH19",
          "dependencies": [
            "module.aft.data.aws_partition.current",
            "module.aft.module.aft_account_request_framework.aws_security_group.aft_vpc_endpoint_sg",
            "module.aft.module.aft_account_request_framework.aws_subnet.aft_vpc_private_subnet_01",
            "module.aft.module.aft_account_request_framework.aws_subnet.aft_vpc_private_subnet_02",
            "module.aft.module.aft_account_request_framework.aws_vpc.aft_vpc",
            "module.aft.module.aft_account_request_framework.data.aws_availability_zones.available",
            "module.aft.module.aft_account_request_framework.data.aws_subnets.events",
            "module.aft.module.aft_account_request_framework.data.aws_vpc.aft",
            "module.aft.module.aft_account_request_framework.data.aws_vpc_endpoint_service.events"
          ]
        }
      ]
    },
    {
      "module": "module.aft.module.aft_account_request_framework",
      "mode": "managed",
      "type": "aws_vpc_endpoint",
      "name": "git-codecommit",
      "provider": "module.aft.provider[\"registry.terraform.io/hashicorp/aws\"].aft_management",
      "instances": [
        {
          "index_key": 0,
          "schema_version": 0,
          "attributes": {
            "arn": "arn:aws:ec2:us-east-1:209330743040:vpc-endpoint/vpce-049cdd837977e8ae6",
            "auto_accept": null,
            "cidr_blocks": [],
            "dns_entry": [
              {
                "dns_name": "vpce-049cdd837977e8ae6-ewsotdtq.git-codecommit.us-east-1.vpce.amazonaws.com",
                "hosted_zone_id": "Z7HUB22UULQXV"
              },
              {
                "dns_name": "vpce-049cdd837977e8ae6-ewsotdtq-us-east-1b.git-codecommit.us-east-1.vpce.amazonaws.com",
                "hosted_zone_id": "Z7HUB22UULQXV"
              },
              {
                "dns_name": "vpce-049cdd837977e8ae6-ewsotdtq-us-east-1a.git-codecommit.us-east-1.vpce.amazonaws.com",
                "hosted_zone_id": "Z7HUB22UULQXV"
              },
              {
                "dns_name": "git-codecommit.us-east-1.amazonaws.com",
                "hosted_zone_id": "Z09020481VXBO1GR1KQRA"
              }
            ],
            "dns_options": [
              {
                "dns_record_ip_type": "ipv4",
                "private_dns_only_for_inbound_resolver_endpoint": false,
                "private_dns_preference": "",
                "private_dns_specified_domains": []
              }
            ],
            "id": "vpce-049cdd837977e8ae6",
            "ip_address_type": "ipv4",
            "network_interface_ids": [
              "eni-0a22b4211533e736a",
              "eni-0c583c8f6c093af91"
            ],
            "owner_id": "209330743040",
            "policy": "{\"Statement\":[{\"Action\":\"*\",\"Effect\":\"Allow\",\"Principal\":\"*\",\"Resource\":\"*\"}]}",
            "prefix_list_id": null,
            "private_dns_enabled": true,
            "region": "us-east-1",
            "requester_managed": false,
            "resource_configuration_arn": "",
            "route_table_ids": [],
            "security_group_ids": [
              "sg-0db855c93b3da9979"
            ],
            "service_name": "com.amazonaws.us-east-1.git-codecommit",
            "service_network_arn": "",
            "service_region": "us-east-1",
            "state": "available",
            "subnet_configuration": [
              {
                "ipv4": "192.168.0.218",
                "ipv6": "",
                "subnet_id": "subnet-00b1782f1c5a9b770"
              },
              {
                "ipv4": "192.168.1.150",
                "ipv6": "",
                "subnet_id": "subnet-01a0ef4e8ef095756"
              }
            ],
            "subnet_ids": [
              "subnet-00b1782f1c5a9b770",
              "subnet-01a0ef4e8ef095756"
            ],
            "tags": {},
            "tags_all": {
              "managed_by": "AFT"
            },
            "timeouts": null,
            "vpc_endpoint_type": "Interface",
            "vpc_id": "vpc-0b38a5ed7a9f588cd"
          },
          "sensitive_attributes": [],
          "identity_schema_version": 0,
          "identity": {
            "account_id": "209330743040",
            "id": "vpce-049cdd837977e8ae6",
            "region": "us-east-1"
          },
          "private": "eyJlMmJmYjczMC1lY2FhLTExZTYtOGY4OC0zNDM2M2JjN2M0YzAiOnsiY3JlYXRlIjo2MDAwMDAwMDAwMDAsImRlbGV0ZSI6NjAwMDAwMDAwMDAwLCJ1cGRhdGUiOjYwMDAwMDAwMDAwMH19",
          "dependencies": [
            "module.aft.data.aws_partition.current",
            "module.aft.module.aft_account_request_framework.aws_security_group.aft_vpc_endpoint_sg",
            "module.aft.module.aft_account_request_framework.aws_subnet.aft_vpc_private_subnet_01",
            "module.aft.module.aft_account_request_framework.aws_subnet.aft_vpc_private_subnet_02",
            "module.aft.module.aft_account_request_framework.aws_vpc.aft_vpc",
            "module.aft.module.aft_account_request_framework.data.aws_availability_zones.available",
            "module.aft.module.aft_account_request_framework.data.aws_subnets.git-codecommit",
            "module.aft.module.aft_account_request_framework.data.aws_vpc.aft",
            "module.aft.module.aft_account_request_framework.data.aws_vpc_endpoint_service.git-codecommit"
          ]
        }
      ]
    },
    {
      "module": "module.aft.module.aft_account_request_framework",
      "mode": "managed",
      "type": "aws_vpc_endpoint",
      "name": "kms",
      "provider": "module.aft.provider[\"registry.terraform.io/hashicorp/aws\"].aft_management",
      "instances": [
        {
          "index_key": 0,
          "schema_version": 0,
          "attributes": {
            "arn": "arn:aws:ec2:us-east-1:209330743040:vpc-endpoint/vpce-07794ebef8a0c6f90",
            "auto_accept": null,
            "cidr_blocks": [],
            "dns_entry": [
              {
                "dns_name": "vpce-07794ebef8a0c6f90-2mbh1k23.kms.us-east-1.vpce.amazonaws.com",
                "hosted_zone_id": "Z7HUB22UULQXV"
              },
              {
                "dns_name": "vpce-07794ebef8a0c6f90-2mbh1k23-us-east-1a.kms.us-east-1.vpce.amazonaws.com",
                "hosted_zone_id": "Z7HUB22UULQXV"
              },
              {
                "dns_name": "vpce-07794ebef8a0c6f90-2mbh1k23-us-east-1b.kms.us-east-1.vpce.amazonaws.com",
                "hosted_zone_id": "Z7HUB22UULQXV"
              },
              {
                "dns_name": "kms.us-east-1.amazonaws.com",
                "hosted_zone_id": "Z062630517ZQPD70PBFFM"
              },
              {
                "dns_name": "kms.us-east-1.api.aws",
                "hosted_zone_id": "Z09076723JDXFZENDHOU5"
              }
            ],
            "dns_options": [
              {
                "dns_record_ip_type": "ipv4",
                "private_dns_only_for_inbound_resolver_endpoint": false,
                "private_dns_preference": "",
                "private_dns_specified_domains": []
              }
            ],
            "id": "vpce-07794ebef8a0c6f90",
            "ip_address_type": "ipv4",
            "network_interface_ids": [
              "eni-082cc1593e7ba52b8",
              "eni-0a20feaf3292f051f"
            ],
            "owner_id": "209330743040",
            "policy": "{\"Statement\":[{\"Action\":\"*\",\"Effect\":\"Allow\",\"Principal\":\"*\",\"Resource\":\"*\"}]}",
            "prefix_list_id": null,
            "private_dns_enabled": true,
            "region": "us-east-1",
            "requester_managed": false,
            "resource_configuration_arn": "",
            "route_table_ids": [],
            "security_group_ids": [
              "sg-0db855c93b3da9979"
            ],
            "service_name": "com.amazonaws.us-east-1.kms",
            "service_network_arn": "",
            "service_region": "us-east-1",
            "state": "available",
            "subnet_configuration": [
              {
                "ipv4": "192.168.0.123",
                "ipv6": "",
                "subnet_id": "subnet-00b1782f1c5a9b770"
              },
              {
                "ipv4": "192.168.1.57",
                "ipv6": "",
                "subnet_id": "subnet-01a0ef4e8ef095756"
              }
            ],
            "subnet_ids": [
              "subnet-00b1782f1c5a9b770",
              "subnet-01a0ef4e8ef095756"
            ],
            "tags": {},
            "tags_all": {
              "managed_by": "AFT"
            },
            "timeouts": null,
            "vpc_endpoint_type": "Interface",
            "vpc_id": "vpc-0b38a5ed7a9f588cd"
          },
          "sensitive_attributes": [],
          "identity_schema_version": 0,
          "identity": {
            "account_id": "209330743040",
            "id": "vpce-07794ebef8a0c6f90",
            "region": "us-east-1"
          },
          "private": "eyJlMmJmYjczMC1lY2FhLTExZTYtOGY4OC0zNDM2M2JjN2M0YzAiOnsiY3JlYXRlIjo2MDAwMDAwMDAwMDAsImRlbGV0ZSI6NjAwMDAwMDAwMDAwLCJ1cGRhdGUiOjYwMDAwMDAwMDAwMH19",
          "dependencies": [
            "module.aft.data.aws_partition.current",
            "module.aft.module.aft_account_request_framework.aws_security_group.aft_vpc_endpoint_sg",
            "module.aft.module.aft_account_request_framework.aws_subnet.aft_vpc_private_subnet_01",
            "module.aft.module.aft_account_request_framework.aws_subnet.aft_vpc_private_subnet_02",
            "module.aft.module.aft_account_request_framework.aws_vpc.aft_vpc",
            "module.aft.module.aft_account_request_framework.data.aws_availability_zones.available",
            "module.aft.module.aft_account_request_framework.data.aws_subnets.kms",
            "module.aft.module.aft_account_request_framework.data.aws_vpc.aft",
            "module.aft.module.aft_account_request_framework.data.aws_vpc_endpoint_service.kms"
          ]
        }
      ]
    },
    {
      "module": "module.aft.module.aft_account_request_framework",
      "mode": "managed",
      "type": "aws_vpc_endpoint",
      "name": "lambda",
      "provider": "module.aft.provider[\"registry.terraform.io/hashicorp/aws\"].aft_management",
      "instances": [
        {
          "index_key": 0,
          "schema_version": 0,
          "attributes": {
            "arn": "arn:aws:ec2:us-east-1:209330743040:vpc-endpoint/vpce-04b4e0cdd83a41cc8",
            "auto_accept": null,
            "cidr_blocks": [],
            "dns_entry": [
              {
                "dns_name": "vpce-04b4e0cdd83a41cc8-wibh6ofr.lambda.us-east-1.vpce.amazonaws.com",
                "hosted_zone_id": "Z7HUB22UULQXV"
              },
              {
                "dns_name": "vpce-04b4e0cdd83a41cc8-wibh6ofr-us-east-1a.lambda.us-east-1.vpce.amazonaws.com",
                "hosted_zone_id": "Z7HUB22UULQXV"
              },
              {
                "dns_name": "vpce-04b4e0cdd83a41cc8-wibh6ofr-us-east-1b.lambda.us-east-1.vpce.amazonaws.com",
                "hosted_zone_id": "Z7HUB22UULQXV"
              },
              {
                "dns_name": "lambda.us-east-1.amazonaws.com",
                "hosted_zone_id": "Z04780493JLEY14RNIRS5"
              },
              {
                "dns_name": "lambda.us-east-1.api.aws",
                "hosted_zone_id": "Z06352541R5MM60IMEU5"
              }
            ],
            "dns_options": [
              {
                "dns_record_ip_type": "ipv4",
                "private_dns_only_for_inbound_resolver_endpoint": false,
                "private_dns_preference": "",
                "private_dns_specified_domains": []
              }
            ],
            "id": "vpce-04b4e0cdd83a41cc8",
            "ip_address_type": "ipv4",
            "network_interface_ids": [
              "eni-004b99d1265e10229",
              "eni-08a24aa687cd2d683"
            ],
            "owner_id": "209330743040",
            "policy": "{\"Statement\":[{\"Action\":\"*\",\"Effect\":\"Allow\",\"Principal\":\"*\",\"Resource\":\"*\"}]}",
            "prefix_list_id": null,
            "private_dns_enabled": true,
            "region": "us-east-1",
            "requester_managed": false,
            "resource_configuration_arn": "",
            "route_table_ids": [],
            "security_group_ids": [
              "sg-0db855c93b3da9979"
            ],
            "service_name": "com.amazonaws.us-east-1.lambda",
            "service_network_arn": "",
            "service_region": "us-east-1",
            "state": "available",
            "subnet_configuration": [
              {
                "ipv4": "192.168.0.67",
                "ipv6": "",
                "subnet_id": "subnet-00b1782f1c5a9b770"
              },
              {
                "ipv4": "192.168.1.85",
                "ipv6": "",
                "subnet_id": "subnet-01a0ef4e8ef095756"
              }
            ],
            "subnet_ids": [
              "subnet-00b1782f1c5a9b770",
              "subnet-01a0ef4e8ef095756"
            ],
            "tags": {},
            "tags_all": {
              "managed_by": "AFT"
            },
            "timeouts": null,
            "vpc_endpoint_type": "Interface",
            "vpc_id": "vpc-0b38a5ed7a9f588cd"
          },
          "sensitive_attributes": [],
          "identity_schema_version": 0,
          "identity": {
            "account_id": "209330743040",
            "id": "vpce-04b4e0cdd83a41cc8",
            "region": "us-east-1"
          },
          "private": "eyJlMmJmYjczMC1lY2FhLTExZTYtOGY4OC0zNDM2M2JjN2M0YzAiOnsiY3JlYXRlIjo2MDAwMDAwMDAwMDAsImRlbGV0ZSI6NjAwMDAwMDAwMDAwLCJ1cGRhdGUiOjYwMDAwMDAwMDAwMH19",
          "dependencies": [
            "module.aft.data.aws_partition.current",
            "module.aft.module.aft_account_request_framework.aws_security_group.aft_vpc_endpoint_sg",
            "module.aft.module.aft_account_request_framework.aws_subnet.aft_vpc_private_subnet_01",
            "module.aft.module.aft_account_request_framework.aws_subnet.aft_vpc_private_subnet_02",
            "module.aft.module.aft_account_request_framework.aws_vpc.aft_vpc",
            "module.aft.module.aft_account_request_framework.data.aws_availability_zones.available",
            "module.aft.module.aft_account_request_framework.data.aws_subnets.lambda",
            "module.aft.module.aft_account_request_framework.data.aws_vpc.aft",
            "module.aft.module.aft_account_request_framework.data.aws_vpc_endpoint_service.lambda"
          ]
        }
      ]
    },
    {
      "module": "module.aft.module.aft_account_request_framework",
      "mode": "managed",
      "type": "aws_vpc_endpoint",
      "name": "logs",
      "provider": "module.aft.provider[\"registry.terraform.io/hashicorp/aws\"].aft_management",
      "instances": [
        {
          "index_key": 0,
          "schema_version": 0,
          "attributes": {
            "arn": "arn:aws:ec2:us-east-1:209330743040:vpc-endpoint/vpce-047ce49fee093f4cd",
            "auto_accept": null,
            "cidr_blocks": [],
            "dns_entry": [
              {
                "dns_name": "vpce-047ce49fee093f4cd-j71aftqj.logs.us-east-1.vpce.amazonaws.com",
                "hosted_zone_id": "Z7HUB22UULQXV"
              },
              {
                "dns_name": "vpce-047ce49fee093f4cd-j71aftqj-us-east-1b.logs.us-east-1.vpce.amazonaws.com",
                "hosted_zone_id": "Z7HUB22UULQXV"
              },
              {
                "dns_name": "vpce-047ce49fee093f4cd-j71aftqj-us-east-1a.logs.us-east-1.vpce.amazonaws.com",
                "hosted_zone_id": "Z7HUB22UULQXV"
              },
              {
                "dns_name": "logs.us-east-1.amazonaws.com",
                "hosted_zone_id": "Z0902611GVPBDTDEMMTU"
              },
              {
                "dns_name": "streaming-logs.us-east-1.amazonaws.com",
                "hosted_zone_id": "Z09020961QBESD9Q7500B"
              },
              {
                "dns_name": "streaming-logs.us-east-1.api.aws",
                "hosted_zone_id": "Z06362022I1NFTQ4RZHJ9"
              },
              {
                "dns_name": "logs.us-east-1.api.aws",
                "hosted_zone_id": "Z04846043M751D6IXN9YH"
              }
            ],
            "dns_options": [
              {
                "dns_record_ip_type": "ipv4",
                "private_dns_only_for_inbound_resolver_endpoint": false,
                "private_dns_preference": "",
                "private_dns_specified_domains": []
              }
            ],
            "id": "vpce-047ce49fee093f4cd",
            "ip_address_type": "ipv4",
            "network_interface_ids": [
              "eni-04ed6fb704d0ff5ed",
              "eni-0ae88ec2f95aa8a87"
            ],
            "owner_id": "209330743040",
            "policy": "{\"Statement\":[{\"Action\":\"*\",\"Effect\":\"Allow\",\"Principal\":\"*\",\"Resource\":\"*\"}]}",
            "prefix_list_id": null,
            "private_dns_enabled": true,
            "region": "us-east-1",
            "requester_managed": false,
            "resource_configuration_arn": "",
            "route_table_ids": [],
            "security_group_ids": [
              "sg-0db855c93b3da9979"
            ],
            "service_name": "com.amazonaws.us-east-1.logs",
            "service_network_arn": "",
            "service_region": "us-east-1",
            "state": "available",
            "subnet_configuration": [
              {
                "ipv4": "192.168.0.246",
                "ipv6": "",
                "subnet_id": "subnet-00b1782f1c5a9b770"
              },
              {
                "ipv4": "192.168.1.147",
                "ipv6": "",
                "subnet_id": "subnet-01a0ef4e8ef095756"
              }
            ],
            "subnet_ids": [
              "subnet-00b1782f1c5a9b770",
              "subnet-01a0ef4e8ef095756"
            ],
            "tags": {},
            "tags_all": {
              "managed_by": "AFT"
            },
            "timeouts": null,
            "vpc_endpoint_type": "Interface",
            "vpc_id": "vpc-0b38a5ed7a9f588cd"
          },
          "sensitive_attributes": [],
          "identity_schema_version": 0,
          "identity": {
            "account_id": "209330743040",
            "id": "vpce-047ce49fee093f4cd",
            "region": "us-east-1"
          },
          "private": "eyJlMmJmYjczMC1lY2FhLTExZTYtOGY4OC0zNDM2M2JjN2M0YzAiOnsiY3JlYXRlIjo2MDAwMDAwMDAwMDAsImRlbGV0ZSI6NjAwMDAwMDAwMDAwLCJ1cGRhdGUiOjYwMDAwMDAwMDAwMH19",
          "dependencies": [
            "module.aft.data.aws_partition.current",
            "module.aft.module.aft_account_request_framework.aws_security_group.aft_vpc_endpoint_sg",
            "module.aft.module.aft_account_request_framework.aws_subnet.aft_vpc_private_subnet_01",
            "module.aft.module.aft_account_request_framework.aws_subnet.aft_vpc_private_subnet_02",
            "module.aft.module.aft_account_request_framework.aws_vpc.aft_vpc",
            "module.aft.module.aft_account_request_framework.data.aws_availability_zones.available",
            "module.aft.module.aft_account_request_framework.data.aws_subnets.logs",
            "module.aft.module.aft_account_request_framework.data.aws_vpc.aft",
            "module.aft.module.aft_account_request_framework.data.aws_vpc_endpoint_service.logs"
          ]
        }
      ]
    },
    {
      "module": "module.aft.module.aft_account_request_framework",
      "mode": "managed",
      "type": "aws_vpc_endpoint",
      "name": "organizations",
      "provider": "module.aft.provider[\"registry.terraform.io/hashicorp/aws\"].aft_management",
      "instances": [
        {
          "index_key": 0,
          "schema_version": 0,
          "attributes": {
            "arn": "arn:aws:ec2:us-east-1:209330743040:vpc-endpoint/vpce-00c0c5b0ff355c554",
            "auto_accept": null,
            "cidr_blocks": [],
            "dns_entry": [
              {
                "dns_name": "vpce-00c0c5b0ff355c554-2d1jexl7.organizations.us-east-1.vpce.amazonaws.com",
                "hosted_zone_id": "Z7HUB22UULQXV"
              },
              {
                "dns_name": "vpce-00c0c5b0ff355c554-2d1jexl7-us-east-1a.organizations.us-east-1.vpce.amazonaws.com",
                "hosted_zone_id": "Z7HUB22UULQXV"
              },
              {
                "dns_name": "vpce-00c0c5b0ff355c554-2d1jexl7-us-east-1b.organizations.us-east-1.vpce.amazonaws.com",
                "hosted_zone_id": "Z7HUB22UULQXV"
              },
              {
                "dns_name": "organizations.us-east-1.amazonaws.com",
                "hosted_zone_id": "Z0636842FPJ6X01OS6W9"
              },
              {
                "dns_name": "organizations.us-east-1.api.aws",
                "hosted_zone_id": "Z04769453E5RQCQV5RLR3"
              }
            ],
            "dns_options": [
              {
                "dns_record_ip_type": "ipv4",
                "private_dns_only_for_inbound_resolver_endpoint": false,
                "private_dns_preference": "",
                "private_dns_specified_domains": []
              }
            ],
            "id": "vpce-00c0c5b0ff355c554",
            "ip_address_type": "ipv4",
            "network_interface_ids": [
              "eni-049b467f05bd1a6bb",
              "eni-07f2d63bac1addbb5"
            ],
            "owner_id": "209330743040",
            "policy": "{\"Statement\":[{\"Action\":\"*\",\"Effect\":\"Allow\",\"Principal\":\"*\",\"Resource\":\"*\"}]}",
            "prefix_list_id": null,
            "private_dns_enabled": true,
            "region": "us-east-1",
            "requester_managed": false,
            "resource_configuration_arn": "",
            "route_table_ids": [],
            "security_group_ids": [
              "sg-0db855c93b3da9979"
            ],
            "service_name": "com.amazonaws.us-east-1.organizations",
            "service_network_arn": "",
            "service_region": "us-east-1",
            "state": "available",
            "subnet_configuration": [
              {
                "ipv4": "192.168.0.125",
                "ipv6": "",
                "subnet_id": "subnet-00b1782f1c5a9b770"
              },
              {
                "ipv4": "192.168.1.209",
                "ipv6": "",
                "subnet_id": "subnet-01a0ef4e8ef095756"
              }
            ],
            "subnet_ids": [
              "subnet-00b1782f1c5a9b770",
              "subnet-01a0ef4e8ef095756"
            ],
            "tags": {},
            "tags_all": {
              "managed_by": "AFT"
            },
            "timeouts": null,
            "vpc_endpoint_type": "Interface",
            "vpc_id": "vpc-0b38a5ed7a9f588cd"
          },
          "sensitive_attributes": [],
          "identity_schema_version": 0,
          "identity": {
            "account_id": "209330743040",
            "id": "vpce-00c0c5b0ff355c554",
            "region": "us-east-1"
          },
          "private": "eyJlMmJmYjczMC1lY2FhLTExZTYtOGY4OC0zNDM2M2JjN2M0YzAiOnsiY3JlYXRlIjo2MDAwMDAwMDAwMDAsImRlbGV0ZSI6NjAwMDAwMDAwMDAwLCJ1cGRhdGUiOjYwMDAwMDAwMDAwMH19",
          "dependencies": [
            "module.aft.data.aws_partition.current",
            "module.aft.module.aft_account_request_framework.aws_security_group.aft_vpc_endpoint_sg",
            "module.aft.module.aft_account_request_framework.aws_subnet.aft_vpc_private_subnet_01",
            "module.aft.module.aft_account_request_framework.aws_subnet.aft_vpc_private_subnet_02",
            "module.aft.module.aft_account_request_framework.aws_vpc.aft_vpc",
            "module.aft.module.aft_account_request_framework.data.aws_availability_zones.available",
            "module.aft.module.aft_account_request_framework.data.aws_region.aft-management",
            "module.aft.module.aft_account_request_framework.data.aws_subnets.organizations",
            "module.aft.module.aft_account_request_framework.data.aws_vpc.aft",
            "module.aft.module.aft_account_request_framework.data.aws_vpc_endpoint_service.organizations"
          ]
        }
      ]
    },
    {
      "module": "module.aft.module.aft_account_request_framework",
      "mode": "managed",
      "type": "aws_vpc_endpoint",
      "name": "s3",
      "provider": "module.aft.provider[\"registry.terraform.io/hashicorp/aws\"].aft_management",
      "instances": [
        {
          "index_key": 0,
          "schema_version": 0,
          "attributes": {
            "arn": "arn:aws:ec2:us-east-1:209330743040:vpc-endpoint/vpce-0e989df985c8cd6d9",
            "auto_accept": null,
            "cidr_blocks": [
              "16.15.176.0/20",
              "16.182.0.0/16",
              "18.34.0.0/19",
              "52.216.0.0/15",
              "54.231.0.0/16",
              "3.5.0.0/19",
              "18.34.232.0/21",
              "16.15.192.0/18"
            ],
            "dns_entry": [],
            "dns_options": [
              {
                "dns_record_ip_type": "service-defined",
                "private_dns_only_for_inbound_resolver_endpoint": false,
                "private_dns_preference": "",
                "private_dns_specified_domains": []
              }
            ],
            "id": "vpce-0e989df985c8cd6d9",
            "ip_address_type": "ipv4",
            "network_interface_ids": [],
            "owner_id": "209330743040",
            "policy": "{\"Statement\":[{\"Action\":\"*\",\"Effect\":\"Allow\",\"Principal\":\"*\",\"Resource\":\"*\"}],\"Version\":\"2008-10-17\"}",
            "prefix_list_id": "pl-63a5400a",
            "private_dns_enabled": false,
            "region": "us-east-1",
            "requester_managed": false,
            "resource_configuration_arn": "",
            "route_table_ids": [
              "rtb-0515f832e83d0357a",
              "rtb-08249b4ec1f728da1",
              "rtb-0e3f971af75d59e7d"
            ],
            "security_group_ids": [],
            "service_name": "com.amazonaws.us-east-1.s3",
            "service_network_arn": "",
            "service_region": "us-east-1",
            "state": "available",
            "subnet_configuration": [],
            "subnet_ids": [],
            "tags": {},
            "tags_all": {
              "managed_by": "AFT"
            },
            "timeouts": null,
            "vpc_endpoint_type": "Gateway",
            "vpc_id": "vpc-0b38a5ed7a9f588cd"
          },
          "sensitive_attributes": [],
          "identity_schema_version": 0,
          "identity": {
            "account_id": "209330743040",
            "id": "vpce-0e989df985c8cd6d9",
            "region": "us-east-1"
          },
          "private": "eyJlMmJmYjczMC1lY2FhLTExZTYtOGY4OC0zNDM2M2JjN2M0YzAiOnsiY3JlYXRlIjo2MDAwMDAwMDAwMDAsImRlbGV0ZSI6NjAwMDAwMDAwMDAwLCJ1cGRhdGUiOjYwMDAwMDAwMDAwMH19",
          "dependencies": [
            "module.aft.data.aws_partition.current",
            "module.aft.module.aft_account_request_framework.aws_subnet.aft_vpc_private_subnet_01",
            "module.aft.module.aft_account_request_framework.aws_subnet.aft_vpc_private_subnet_02",
            "module.aft.module.aft_account_request_framework.aws_subnet.aft_vpc_public_subnet_01",
            "module.aft.module.aft_account_request_framework.aws_subnet.aft_vpc_public_subnet_02",
            "module.aft.module.aft_account_request_framework.aws_vpc.aft_vpc",
            "module.aft.module.aft_account_request_framework.data.aws_availability_zones.available",
            "module.aft.module.aft_account_request_framework.data.aws_region.aft-management",
            "module.aft.module.aft_account_request_framework.data.aws_route_tables.aft_private_route_tables",
            "module.aft.module.aft_account_request_framework.data.aws_route_tables.aft_public_route_tables"
          ]
        }
      ]
    },
    {
      "module": "module.aft.module.aft_account_request_framework",
      "mode": "managed",
      "type": "aws_vpc_endpoint",
      "name": "servicecatalog",
      "provider": "module.aft.provider[\"registry.terraform.io/hashicorp/aws\"].aft_management",
      "instances": [
        {
          "index_key": 0,
          "schema_version": 0,
          "attributes": {
            "arn": "arn:aws:ec2:us-east-1:209330743040:vpc-endpoint/vpce-0d7688d1a760f8dd0",
            "auto_accept": null,
            "cidr_blocks": [],
            "dns_entry": [
              {
                "dns_name": "vpce-0d7688d1a760f8dd0-661io1l3.servicecatalog.us-east-1.vpce.amazonaws.com",
                "hosted_zone_id": "Z7HUB22UULQXV"
              },
              {
                "dns_name": "vpce-0d7688d1a760f8dd0-661io1l3-us-east-1a.servicecatalog.us-east-1.vpce.amazonaws.com",
                "hosted_zone_id": "Z7HUB22UULQXV"
              },
              {
                "dns_name": "vpce-0d7688d1a760f8dd0-661io1l3-us-east-1b.servicecatalog.us-east-1.vpce.amazonaws.com",
                "hosted_zone_id": "Z7HUB22UULQXV"
              },
              {
                "dns_name": "servicecatalog.us-east-1.amazonaws.com",
                "hosted_zone_id": "Z04775673IKURUVL7LMDR"
              },
              {
                "dns_name": "servicecatalog.us-east-1.api.aws",
                "hosted_zone_id": "Z04764932GNS0MOEBY6QJ"
              }
            ],
            "dns_options": [
              {
                "dns_record_ip_type": "ipv4",
                "private_dns_only_for_inbound_resolver_endpoint": false,
                "private_dns_preference": "",
                "private_dns_specified_domains": []
              }
            ],
            "id": "vpce-0d7688d1a760f8dd0",
            "ip_address_type": "ipv4",
            "network_interface_ids": [
              "eni-06753be0ecf48c93e",
              "eni-0c41d5d50267e16f5"
            ],
            "owner_id": "209330743040",
            "policy": "{\"Statement\":[{\"Action\":\"*\",\"Effect\":\"Allow\",\"Principal\":\"*\",\"Resource\":\"*\"}]}",
            "prefix_list_id": null,
            "private_dns_enabled": true,
            "region": "us-east-1",
            "requester_managed": false,
            "resource_configuration_arn": "",
            "route_table_ids": [],
            "security_group_ids": [
              "sg-0db855c93b3da9979"
            ],
            "service_name": "com.amazonaws.us-east-1.servicecatalog",
            "service_network_arn": "",
            "service_region": "us-east-1",
            "state": "available",
            "subnet_configuration": [
              {
                "ipv4": "192.168.0.233",
                "ipv6": "",
                "subnet_id": "subnet-00b1782f1c5a9b770"
              },
              {
                "ipv4": "192.168.1.166",
                "ipv6": "",
                "subnet_id": "subnet-01a0ef4e8ef095756"
              }
            ],
            "subnet_ids": [
              "subnet-00b1782f1c5a9b770",
              "subnet-01a0ef4e8ef095756"
            ],
            "tags": {},
            "tags_all": {
              "managed_by": "AFT"
            },
            "timeouts": null,
            "vpc_endpoint_type": "Interface",
            "vpc_id": "vpc-0b38a5ed7a9f588cd"
          },
          "sensitive_attributes": [],
          "identity_schema_version": 0,
          "identity": {
            "account_id": "209330743040",
            "id": "vpce-0d7688d1a760f8dd0",
            "region": "us-east-1"
          },
          "private": "eyJlMmJmYjczMC1lY2FhLTExZTYtOGY4OC0zNDM2M2JjN2M0YzAiOnsiY3JlYXRlIjo2MDAwMDAwMDAwMDAsImRlbGV0ZSI6NjAwMDAwMDAwMDAwLCJ1cGRhdGUiOjYwMDAwMDAwMDAwMH19",
          "dependencies": [
            "module.aft.data.aws_partition.current",
            "module.aft.module.aft_account_request_framework.aws_security_group.aft_vpc_endpoint_sg",
            "module.aft.module.aft_account_request_framework.aws_subnet.aft_vpc_private_subnet_01",
            "module.aft.module.aft_account_request_framework.aws_subnet.aft_vpc_private_subnet_02",
            "module.aft.module.aft_account_request_framework.aws_vpc.aft_vpc",
            "module.aft.module.aft_account_request_framework.data.aws_availability_zones.available",
            "module.aft.module.aft_account_request_framework.data.aws_subnets.servicecatalog",
            "module.aft.module.aft_account_request_framework.data.aws_vpc.aft",
            "module.aft.module.aft_account_request_framework.data.aws_vpc_endpoint_service.servicecatalog"
          ]
        }
      ]
    },
    {
      "module": "module.aft.module.aft_account_request_framework",
      "mode": "managed",
      "type": "aws_vpc_endpoint",
      "name": "sns",
      "provider": "module.aft.provider[\"registry.terraform.io/hashicorp/aws\"].aft_management",
      "instances": [
        {
          "index_key": 0,
          "schema_version": 0,
          "attributes": {
            "arn": "arn:aws:ec2:us-east-1:209330743040:vpc-endpoint/vpce-03db8b439fcce64f3",
            "auto_accept": null,
            "cidr_blocks": [],
            "dns_entry": [
              {
                "dns_name": "vpce-03db8b439fcce64f3-w8e5rvc7.sns.us-east-1.vpce.amazonaws.com",
                "hosted_zone_id": "Z7HUB22UULQXV"
              },
              {
                "dns_name": "vpce-03db8b439fcce64f3-w8e5rvc7-us-east-1a.sns.us-east-1.vpce.amazonaws.com",
                "hosted_zone_id": "Z7HUB22UULQXV"
              },
              {
                "dns_name": "vpce-03db8b439fcce64f3-w8e5rvc7-us-east-1b.sns.us-east-1.vpce.amazonaws.com",
                "hosted_zone_id": "Z7HUB22UULQXV"
              },
              {
                "dns_name": "sns.us-east-1.amazonaws.com",
                "hosted_zone_id": "Z049096733R0M453Q6PQH"
              },
              {
                "dns_name": "sns.us-east-1.api.aws",
                "hosted_zone_id": "Z0475273NGQAOMTSJJJ7"
              }
            ],
            "dns_options": [
              {
                "dns_record_ip_type": "ipv4",
                "private_dns_only_for_inbound_resolver_endpoint": false,
                "private_dns_preference": "",
                "private_dns_specified_domains": []
              }
            ],
            "id": "vpce-03db8b439fcce64f3",
            "ip_address_type": "ipv4",
            "network_interface_ids": [
              "eni-0073a6992e8b8fcc5",
              "eni-06cc7db3c74c06d6b"
            ],
            "owner_id": "209330743040",
            "policy": "{\"Statement\":[{\"Action\":\"*\",\"Effect\":\"Allow\",\"Principal\":\"*\",\"Resource\":\"*\"}]}",
            "prefix_list_id": null,
            "private_dns_enabled": true,
            "region": "us-east-1",
            "requester_managed": false,
            "resource_configuration_arn": "",
            "route_table_ids": [],
            "security_group_ids": [
              "sg-0db855c93b3da9979"
            ],
            "service_name": "com.amazonaws.us-east-1.sns",
            "service_network_arn": "",
            "service_region": "us-east-1",
            "state": "available",
            "subnet_configuration": [
              {
                "ipv4": "192.168.0.104",
                "ipv6": "",
                "subnet_id": "subnet-00b1782f1c5a9b770"
              },
              {
                "ipv4": "192.168.1.250",
                "ipv6": "",
                "subnet_id": "subnet-01a0ef4e8ef095756"
              }
            ],
            "subnet_ids": [
              "subnet-00b1782f1c5a9b770",
              "subnet-01a0ef4e8ef095756"
            ],
            "tags": {},
            "tags_all": {
              "managed_by": "AFT"
            },
            "timeouts": null,
            "vpc_endpoint_type": "Interface",
            "vpc_id": "vpc-0b38a5ed7a9f588cd"
          },
          "sensitive_attributes": [],
          "identity_schema_version": 0,
          "identity": {
            "account_id": "209330743040",
            "id": "vpce-03db8b439fcce64f3",
            "region": "us-east-1"
          },
          "private": "eyJlMmJmYjczMC1lY2FhLTExZTYtOGY4OC0zNDM2M2JjN2M0YzAiOnsiY3JlYXRlIjo2MDAwMDAwMDAwMDAsImRlbGV0ZSI6NjAwMDAwMDAwMDAwLCJ1cGRhdGUiOjYwMDAwMDAwMDAwMH19",
          "dependencies": [
            "module.aft.data.aws_partition.current",
            "module.aft.module.aft_account_request_framework.aws_security_group.aft_vpc_endpoint_sg",
            "module.aft.module.aft_account_request_framework.aws_subnet.aft_vpc_private_subnet_01",
            "module.aft.module.aft_account_request_framework.aws_subnet.aft_vpc_private_subnet_02",
            "module.aft.module.aft_account_request_framework.aws_vpc.aft_vpc",
            "module.aft.module.aft_account_request_framework.data.aws_availability_zones.available",
            "module.aft.module.aft_account_request_framework.data.aws_subnets.sns",
            "module.aft.module.aft_account_request_framework.data.aws_vpc.aft",
            "module.aft.module.aft_account_request_framework.data.aws_vpc_endpoint_service.sns"
          ]
        }
      ]
    },
    {
      "module": "module.aft.module.aft_account_request_framework",
      "mode": "managed",
      "type": "aws_vpc_endpoint",
      "name": "sqs",
      "provider": "module.aft.provider[\"registry.terraform.io/hashicorp/aws\"].aft_management",
      "instances": [
        {
          "index_key": 0,
          "schema_version": 0,
          "attributes": {
            "arn": "arn:aws:ec2:us-east-1:209330743040:vpc-endpoint/vpce-0ede9e3ed0768a948",
            "auto_accept": null,
            "cidr_blocks": [],
            "dns_entry": [
              {
                "dns_name": "vpce-0ede9e3ed0768a948-lshs9vyv.sqs.us-east-1.vpce.amazonaws.com",
                "hosted_zone_id": "Z7HUB22UULQXV"
              },
              {
                "dns_name": "vpce-0ede9e3ed0768a948-lshs9vyv-us-east-1b.sqs.us-east-1.vpce.amazonaws.com",
                "hosted_zone_id": "Z7HUB22UULQXV"
              },
              {
                "dns_name": "vpce-0ede9e3ed0768a948-lshs9vyv-us-east-1a.sqs.us-east-1.vpce.amazonaws.com",
                "hosted_zone_id": "Z7HUB22UULQXV"
              },
              {
                "dns_name": "sqs.us-east-1.amazonaws.com",
                "hosted_zone_id": "Z09026122X5SMZ8W7LLEI"
              },
              {
                "dns_name": "sqs.us-east-1.api.aws",
                "hosted_zone_id": "Z047543930DZS0FT7EG1R"
              }
            ],
            "dns_options": [
              {
                "dns_record_ip_type": "ipv4",
                "private_dns_only_for_inbound_resolver_endpoint": false,
                "private_dns_preference": "",
                "private_dns_specified_domains": []
              }
            ],
            "id": "vpce-0ede9e3ed0768a948",
            "ip_address_type": "ipv4",
            "network_interface_ids": [
              "eni-036a1d6185b651c0b",
              "eni-0660c3d2b2a132f3d"
            ],
            "owner_id": "209330743040",
            "policy": "{\"Statement\":[{\"Action\":\"*\",\"Effect\":\"Allow\",\"Principal\":\"*\",\"Resource\":\"*\"}]}",
            "prefix_list_id": null,
            "private_dns_enabled": true,
            "region": "us-east-1",
            "requester_managed": false,
            "resource_configuration_arn": "",
            "route_table_ids": [],
            "security_group_ids": [
              "sg-0db855c93b3da9979"
            ],
            "service_name": "com.amazonaws.us-east-1.sqs",
            "service_network_arn": "",
            "service_region": "us-east-1",
            "state": "available",
            "subnet_configuration": [
              {
                "ipv4": "192.168.0.39",
                "ipv6": "",
                "subnet_id": "subnet-00b1782f1c5a9b770"
              },
              {
                "ipv4": "192.168.1.186",
                "ipv6": "",
                "subnet_id": "subnet-01a0ef4e8ef095756"
              }
            ],
            "subnet_ids": [
              "subnet-00b1782f1c5a9b770",
              "subnet-01a0ef4e8ef095756"
            ],
            "tags": {},
            "tags_all": {
              "managed_by": "AFT"
            },
            "timeouts": null,
            "vpc_endpoint_type": "Interface",
            "vpc_id": "vpc-0b38a5ed7a9f588cd"
          },
          "sensitive_attributes": [],
          "identity_schema_version": 0,
          "identity": {
            "account_id": "209330743040",
            "id": "vpce-0ede9e3ed0768a948",
            "region": "us-east-1"
          },
          "private": "eyJlMmJmYjczMC1lY2FhLTExZTYtOGY4OC0zNDM2M2JjN2M0YzAiOnsiY3JlYXRlIjo2MDAwMDAwMDAwMDAsImRlbGV0ZSI6NjAwMDAwMDAwMDAwLCJ1cGRhdGUiOjYwMDAwMDAwMDAwMH19",
          "dependencies": [
            "module.aft.data.aws_partition.current",
            "module.aft.module.aft_account_request_framework.aws_security_group.aft_vpc_endpoint_sg",
            "module.aft.module.aft_account_request_framework.aws_subnet.aft_vpc_private_subnet_01",
            "module.aft.module.aft_account_request_framework.aws_subnet.aft_vpc_private_subnet_02",
            "module.aft.module.aft_account_request_framework.aws_vpc.aft_vpc",
            "module.aft.module.aft_account_request_framework.data.aws_availability_zones.available",
            "module.aft.module.aft_account_request_framework.data.aws_subnets.sqs",
            "module.aft.module.aft_account_request_framework.data.aws_vpc.aft",
            "module.aft.module.aft_account_request_framework.data.aws_vpc_endpoint_service.sqs"
          ]
        }
      ]
    },
    {
      "module": "module.aft.module.aft_account_request_framework",
      "mode": "managed",
      "type": "aws_vpc_endpoint",
      "name": "ssm",
      "provider": "module.aft.provider[\"registry.terraform.io/hashicorp/aws\"].aft_management",
      "instances": [
        {
          "index_key": 0,
          "schema_version": 0,
          "attributes": {
            "arn": "arn:aws:ec2:us-east-1:209330743040:vpc-endpoint/vpce-049aef5dd1a4bec8a",
            "auto_accept": null,
            "cidr_blocks": [],
            "dns_entry": [
              {
                "dns_name": "vpce-049aef5dd1a4bec8a-bofv3d1e.ssm.us-east-1.vpce.amazonaws.com",
                "hosted_zone_id": "Z7HUB22UULQXV"
              },
              {
                "dns_name": "vpce-049aef5dd1a4bec8a-bofv3d1e-us-east-1a.ssm.us-east-1.vpce.amazonaws.com",
                "hosted_zone_id": "Z7HUB22UULQXV"
              },
              {
                "dns_name": "vpce-049aef5dd1a4bec8a-bofv3d1e-us-east-1b.ssm.us-east-1.vpce.amazonaws.com",
                "hosted_zone_id": "Z7HUB22UULQXV"
              },
              {
                "dns_name": "ssm.us-east-1.amazonaws.com",
                "hosted_zone_id": "Z0909061277UEE14PJROR"
              },
              {
                "dns_name": "ssm.us-east-1.api.aws",
                "hosted_zone_id": "Z09090602BB6S0MYF5O5V"
              }
            ],
            "dns_options": [
              {
                "dns_record_ip_type": "ipv4",
                "private_dns_only_for_inbound_resolver_endpoint": false,
                "private_dns_preference": "",
                "private_dns_specified_domains": []
              }
            ],
            "id": "vpce-049aef5dd1a4bec8a",
            "ip_address_type": "ipv4",
            "network_interface_ids": [
              "eni-03d0ff318fb5653dd",
              "eni-0856f4a2bc4b71e3d"
            ],
            "owner_id": "209330743040",
            "policy": "{\"Statement\":[{\"Action\":\"*\",\"Effect\":\"Allow\",\"Principal\":\"*\",\"Resource\":\"*\"}]}",
            "prefix_list_id": null,
            "private_dns_enabled": true,
            "region": "us-east-1",
            "requester_managed": false,
            "resource_configuration_arn": "",
            "route_table_ids": [],
            "security_group_ids": [
              "sg-0db855c93b3da9979"
            ],
            "service_name": "com.amazonaws.us-east-1.ssm",
            "service_network_arn": "",
            "service_region": "us-east-1",
            "state": "available",
            "subnet_configuration": [
              {
                "ipv4": "192.168.0.134",
                "ipv6": "",
                "subnet_id": "subnet-00b1782f1c5a9b770"
              },
              {
                "ipv4": "192.168.1.97",
                "ipv6": "",
                "subnet_id": "subnet-01a0ef4e8ef095756"
              }
            ],
            "subnet_ids": [
              "subnet-00b1782f1c5a9b770",
              "subnet-01a0ef4e8ef095756"
            ],
            "tags": {},
            "tags_all": {
              "managed_by": "AFT"
            },
            "timeouts": null,
            "vpc_endpoint_type": "Interface",
            "vpc_id": "vpc-0b38a5ed7a9f588cd"
          },
          "sensitive_attributes": [],
          "identity_schema_version": 0,
          "identity": {
            "account_id": "209330743040",
            "id": "vpce-049aef5dd1a4bec8a",
            "region": "us-east-1"
          },
          "private": "eyJlMmJmYjczMC1lY2FhLTExZTYtOGY4OC0zNDM2M2JjN2M0YzAiOnsiY3JlYXRlIjo2MDAwMDAwMDAwMDAsImRlbGV0ZSI6NjAwMDAwMDAwMDAwLCJ1cGRhdGUiOjYwMDAwMDAwMDAwMH19",
          "dependencies": [
            "module.aft.data.aws_partition.current",
            "module.aft.module.aft_account_request_framework.aws_security_group.aft_vpc_endpoint_sg",
            "module.aft.module.aft_account_request_framework.aws_subnet.aft_vpc_private_subnet_01",
            "module.aft.module.aft_account_request_framework.aws_subnet.aft_vpc_private_subnet_02",
            "module.aft.module.aft_account_request_framework.aws_vpc.aft_vpc",
            "module.aft.module.aft_account_request_framework.data.aws_availability_zones.available",
            "module.aft.module.aft_account_request_framework.data.aws_subnets.ssm",
            "module.aft.module.aft_account_request_framework.data.aws_vpc.aft",
            "module.aft.module.aft_account_request_framework.data.aws_vpc_endpoint_service.ssm"
          ]
        }
      ]
    },
    {
      "module": "module.aft.module.aft_account_request_framework",
      "mode": "managed",
      "type": "aws_vpc_endpoint",
      "name": "states",
      "provider": "module.aft.provider[\"registry.terraform.io/hashicorp/aws\"].aft_management",
      "instances": [
        {
          "index_key": 0,
          "schema_version": 0,
          "attributes": {
            "arn": "arn:aws:ec2:us-east-1:209330743040:vpc-endpoint/vpce-0807d7916aa2ad5d3",
            "auto_accept": null,
            "cidr_blocks": [],
            "dns_entry": [
              {
                "dns_name": "vpce-0807d7916aa2ad5d3-obgnj1b8.states.us-east-1.vpce.amazonaws.com",
                "hosted_zone_id": "Z7HUB22UULQXV"
              },
              {
                "dns_name": "vpce-0807d7916aa2ad5d3-obgnj1b8-us-east-1a.states.us-east-1.vpce.amazonaws.com",
                "hosted_zone_id": "Z7HUB22UULQXV"
              },
              {
                "dns_name": "vpce-0807d7916aa2ad5d3-obgnj1b8-us-east-1b.states.us-east-1.vpce.amazonaws.com",
                "hosted_zone_id": "Z7HUB22UULQXV"
              },
              {
                "dns_name": "states.us-east-1.amazonaws.com",
                "hosted_zone_id": "Z04841701AUVRX0QAM8ES"
              },
              {
                "dns_name": "states-fips.us-east-1.amazonaws.com",
                "hosted_zone_id": "Z04754742ZKGATF6EPPU1"
              },
              {
                "dns_name": "states-fips.us-east-1.api.aws",
                "hosted_zone_id": "Z04903833SWAOSKXGHPC0"
              },
              {
                "dns_name": "states.us-east-1.api.aws",
                "hosted_zone_id": "Z06366611ADGT930VD5GW"
              }
            ],
            "dns_options": [
              {
                "dns_record_ip_type": "ipv4",
                "private_dns_only_for_inbound_resolver_endpoint": false,
                "private_dns_preference": "",
                "private_dns_specified_domains": []
              }
            ],
            "id": "vpce-0807d7916aa2ad5d3",
            "ip_address_type": "ipv4",
            "network_interface_ids": [
              "eni-08a18ffaeb779df25",
              "eni-08bf6993d052fca85"
            ],
            "owner_id": "209330743040",
            "policy": "{\"Statement\":[{\"Action\":\"*\",\"Effect\":\"Allow\",\"Principal\":\"*\",\"Resource\":\"*\"}]}",
            "prefix_list_id": null,
            "private_dns_enabled": true,
            "region": "us-east-1",
            "requester_managed": false,
            "resource_configuration_arn": "",
            "route_table_ids": [],
            "security_group_ids": [
              "sg-0db855c93b3da9979"
            ],
            "service_name": "com.amazonaws.us-east-1.states",
            "service_network_arn": "",
            "service_region": "us-east-1",
            "state": "available",
            "subnet_configuration": [
              {
                "ipv4": "192.168.0.191",
                "ipv6": "",
                "subnet_id": "subnet-00b1782f1c5a9b770"
              },
              {
                "ipv4": "192.168.1.73",
                "ipv6": "",
                "subnet_id": "subnet-01a0ef4e8ef095756"
              }
            ],
            "subnet_ids": [
              "subnet-00b1782f1c5a9b770",
              "subnet-01a0ef4e8ef095756"
            ],
            "tags": {},
            "tags_all": {
              "managed_by": "AFT"
            },
            "timeouts": null,
            "vpc_endpoint_type": "Interface",
            "vpc_id": "vpc-0b38a5ed7a9f588cd"
          },
          "sensitive_attributes": [],
          "identity_schema_version": 0,
          "identity": {
            "account_id": "209330743040",
            "id": "vpce-0807d7916aa2ad5d3",
            "region": "us-east-1"
          },
          "private": "eyJlMmJmYjczMC1lY2FhLTExZTYtOGY4OC0zNDM2M2JjN2M0YzAiOnsiY3JlYXRlIjo2MDAwMDAwMDAwMDAsImRlbGV0ZSI6NjAwMDAwMDAwMDAwLCJ1cGRhdGUiOjYwMDAwMDAwMDAwMH19",
          "dependencies": [
            "module.aft.data.aws_partition.current",
            "module.aft.module.aft_account_request_framework.aws_security_group.aft_vpc_endpoint_sg",
            "module.aft.module.aft_account_request_framework.aws_subnet.aft_vpc_private_subnet_01",
            "module.aft.module.aft_account_request_framework.aws_subnet.aft_vpc_private_subnet_02",
            "module.aft.module.aft_account_request_framework.aws_vpc.aft_vpc",
            "module.aft.module.aft_account_request_framework.data.aws_availability_zones.available",
            "module.aft.module.aft_account_request_framework.data.aws_subnets.states",
            "module.aft.module.aft_account_request_framework.data.aws_vpc.aft",
            "module.aft.module.aft_account_request_framework.data.aws_vpc_endpoint_service.states"
          ]
        }
      ]
    },
    {
      "module": "module.aft.module.aft_account_request_framework",
      "mode": "managed",
      "type": "aws_vpc_endpoint",
      "name": "sts",
      "provider": "module.aft.provider[\"registry.terraform.io/hashicorp/aws\"].aft_management",
      "instances": [
        {
          "index_key": 0,
          "schema_version": 0,
          "attributes": {
            "arn": "arn:aws:ec2:us-east-1:209330743040:vpc-endpoint/vpce-0d77df41f660dfc6d",
            "auto_accept": null,
            "cidr_blocks": [],
            "dns_entry": [
              {
                "dns_name": "vpce-0d77df41f660dfc6d-oj3a2nas.sts.us-east-1.vpce.amazonaws.com",
                "hosted_zone_id": "Z7HUB22UULQXV"
              },
              {
                "dns_name": "vpce-0d77df41f660dfc6d-oj3a2nas-us-east-1b.sts.us-east-1.vpce.amazonaws.com",
                "hosted_zone_id": "Z7HUB22UULQXV"
              },
              {
                "dns_name": "vpce-0d77df41f660dfc6d-oj3a2nas-us-east-1a.sts.us-east-1.vpce.amazonaws.com",
                "hosted_zone_id": "Z7HUB22UULQXV"
              },
              {
                "dns_name": "sts.us-east-1.amazonaws.com",
                "hosted_zone_id": "Z04909251P6TNWKAWM2C4"
              },
              {
                "dns_name": "sts.us-east-1.api.aws",
                "hosted_zone_id": "Z04891981QTEZ0RZMB8UA"
              }
            ],
            "dns_options": [
              {
                "dns_record_ip_type": "ipv4",
                "private_dns_only_for_inbound_resolver_endpoint": false,
                "private_dns_preference": "",
                "private_dns_specified_domains": []
              }
            ],
            "id": "vpce-0d77df41f660dfc6d",
            "ip_address_type": "ipv4",
            "network_interface_ids": [
              "eni-0b3b36e41a9c61ac6",
              "eni-0c892557f9492a2df"
            ],
            "owner_id": "209330743040",
            "policy": "{\"Statement\":[{\"Action\":\"*\",\"Effect\":\"Allow\",\"Principal\":\"*\",\"Resource\":\"*\"}]}",
            "prefix_list_id": null,
            "private_dns_enabled": true,
            "region": "us-east-1",
            "requester_managed": false,
            "resource_configuration_arn": "",
            "route_table_ids": [],
            "security_group_ids": [
              "sg-0db855c93b3da9979"
            ],
            "service_name": "com.amazonaws.us-east-1.sts",
            "service_network_arn": "",
            "service_region": "us-east-1",
            "state": "available",
            "subnet_configuration": [
              {
                "ipv4": "192.168.0.154",
                "ipv6": "",
                "subnet_id": "subnet-00b1782f1c5a9b770"
              },
              {
                "ipv4": "192.168.1.40",
                "ipv6": "",
                "subnet_id": "subnet-01a0ef4e8ef095756"
              }
            ],
            "subnet_ids": [
              "subnet-00b1782f1c5a9b770",
              "subnet-01a0ef4e8ef095756"
            ],
            "tags": {},
            "tags_all": {
              "managed_by": "AFT"
            },
            "timeouts": null,
            "vpc_endpoint_type": "Interface",
            "vpc_id": "vpc-0b38a5ed7a9f588cd"
          },
          "sensitive_attributes": [],
          "identity_schema_version": 0,
          "identity": {
            "account_id": "209330743040",
            "id": "vpce-0d77df41f660dfc6d",
            "region": "us-east-1"
          },
          "private": "eyJlMmJmYjczMC1lY2FhLTExZTYtOGY4OC0zNDM2M2JjN2M0YzAiOnsiY3JlYXRlIjo2MDAwMDAwMDAwMDAsImRlbGV0ZSI6NjAwMDAwMDAwMDAwLCJ1cGRhdGUiOjYwMDAwMDAwMDAwMH19",
          "dependencies": [
            "module.aft.data.aws_partition.current",
            "module.aft.module.aft_account_request_framework.aws_security_group.aft_vpc_endpoint_sg",
            "module.aft.module.aft_account_request_framework.aws_subnet.aft_vpc_private_subnet_01",
            "module.aft.module.aft_account_request_framework.aws_subnet.aft_vpc_private_subnet_02",
            "module.aft.module.aft_account_request_framework.aws_vpc.aft_vpc",
            "module.aft.module.aft_account_request_framework.data.aws_availability_zones.available",
            "module.aft.module.aft_account_request_framework.data.aws_subnets.sts",
            "module.aft.module.aft_account_request_framework.data.aws_vpc.aft",
            "module.aft.module.aft_account_request_framework.data.aws_vpc_endpoint_service.sts"
          ]
        }
      ]
    },
    {
      "module": "module.aft.module.aft_backend",
      "mode": "data",
      "type": "aws_caller_identity",
      "name": "current",
      "provider": "module.aft.provider[\"registry.terraform.io/hashicorp/aws\"].aft_management",
      "instances": [
        {
          "schema_version": 0,
          "attributes": {
            "account_id": "209330743040",
            "arn": "arn:aws:sts::209330743040:assumed-role/AWSControlTowerExecution/AWSAFT-Session",
            "id": "209330743040",
            "user_id": "AROATBPIVU4AJUUQ7NUJB:AWSAFT-Session"
          },
          "sensitive_attributes": [],
          "identity_schema_version": 0
        }
      ]
    },
    {
      "module": "module.aft.module.aft_backend",
      "mode": "managed",
      "type": "aws_dynamodb_table",
      "name": "lock-table",
      "provider": "module.aft.provider[\"registry.terraform.io/hashicorp/aws\"].aft_management",
      "instances": [
        {
          "schema_version": 1,
          "attributes": {
            "arn": "arn:aws:dynamodb:us-east-1:209330743040:table/aft-backend-209330743040",
            "attribute": [
              {
                "name": "LockID",
                "type": "S"
              }
            ],
            "billing_mode": "PAY_PER_REQUEST",
            "deletion_protection_enabled": false,
            "global_secondary_index": [],
            "global_table_witness": [],
            "hash_key": "LockID",
            "id": "aft-backend-209330743040",
            "import_table": [],
            "local_secondary_index": [],
            "name": "aft-backend-209330743040",
            "on_demand_throughput": [],
            "point_in_time_recovery": [
              {
                "enabled": false,
                "recovery_period_in_days": 0
              }
            ],
            "range_key": null,
            "read_capacity": 0,
            "region": "us-east-1",
            "replica": [
              {
                "arn": "arn:aws:dynamodb:us-east-2:209330743040:table/aft-backend-209330743040",
                "consistency_mode": "EVENTUAL",
                "deletion_protection_enabled": false,
                "kms_key_arn": "arn:aws:kms:us-east-2:209330743040:key/cf868a7f-ba1a-4b0c-bc7e-fa18f458c857",
                "point_in_time_recovery": false,
                "propagate_tags": false,
                "region_name": "us-east-2",
                "stream_arn": "arn:aws:dynamodb:us-east-2:209330743040:table/aft-backend-209330743040/stream/2026-03-03T13:17:35.776",
                "stream_label": "2026-03-03T13:17:35.776"
              }
            ],
            "restore_date_time": null,
            "restore_source_name": null,
            "restore_source_table_arn": null,
            "restore_to_latest_time": null,
            "server_side_encryption": [
              {
                "enabled": true,
                "kms_key_arn": "arn:aws:kms:us-east-1:209330743040:key/32db27d3-73ca-4a83-9ca5-d3654c073b1b"
              }
            ],
            "stream_arn": "arn:aws:dynamodb:us-east-1:209330743040:table/aft-backend-209330743040/stream/2026-03-03T13:17:12.981",
            "stream_enabled": true,
            "stream_label": "2026-03-03T13:17:12.981",
            "stream_view_type": "NEW_AND_OLD_IMAGES",
            "table_class": "STANDARD",
            "tags": {
              "Name": "aft-backend-209330743040"
            },
            "tags_all": {
              "Name": "aft-backend-209330743040",
              "managed_by": "AFT"
            },
            "timeouts": null,
            "ttl": [
              {
                "attribute_name": "",
                "enabled": false
              }
            ],
            "warm_throughput": [],
            "write_capacity": 0
          },
          "sensitive_attributes": [],
          "identity_schema_version": 0,
          "private": "eyJlMmJmYjczMC1lY2FhLTExZTYtOGY4OC0zNDM2M2JjN2M0YzAiOnsiY3JlYXRlIjoxODAwMDAwMDAwMDAwLCJkZWxldGUiOjYwMDAwMDAwMDAwMCwidXBkYXRlIjozNjAwMDAwMDAwMDAwfSwic2NoZW1hX3ZlcnNpb24iOiIxIn0=",
          "dependencies": [
            "module.aft.data.aws_partition.current",
            "module.aft.module.aft_backend.aws_kms_key.encrypt-primary-region",
            "module.aft.module.aft_backend.aws_kms_key.encrypt-secondary-region",
            "module.aft.module.aft_backend.data.aws_caller_identity.current"
          ]
        }
      ]
    },
    {
      "module": "module.aft.module.aft_backend",
      "mode": "managed",
      "type": "aws_iam_policy",
      "name": "replication",
      "provider": "module.aft.provider[\"registry.terraform.io/hashicorp/aws\"].aft_management",
      "instances": [
        {
          "index_key": 0,
          "schema_version": 0,
          "attributes": {
            "arn": "arn:aws:iam::209330743040:policy/aft-s3-terraform-backend-replication-policy",
            "attachment_count": 1,
            "delay_after_policy_creation_in_ms": null,
            "description": "",
            "id": "arn:aws:iam::209330743040:policy/aft-s3-terraform-backend-replication-policy",
            "name": "aft-s3-terraform-backend-replication-policy",
            "name_prefix": "",
            "path": "/",
            "policy": "{\"Statement\":[{\"Action\":[\"s3:GetReplicationConfiguration\",\"s3:ListBucket\"],\"Effect\":\"Allow\",\"Resource\":[\"arn:aws:s3:::aft-backend-209330743040-primary-region\"]},{\"Action\":[\"s3:GetObjectVersionForReplication\",\"s3:GetObjectVersionAcl\",\"s3:GetObjectVersionTagging\"],\"Effect\":\"Allow\",\"Resource\":[\"arn:aws:s3:::aft-backend-209330743040-primary-region/*\"]},{\"Action\":[\"s3:ReplicateObject\",\"s3:ReplicateDelete\",\"s3:ReplicateTags\"],\"Condition\":{\"StringLikeIfExists\":{\"s3:x-amz-server-side-encryption\":[\"aws:kms\",\"AES256\"],\"s3:x-amz-server-side-encryption-aws-kms-key-id\":[\"arn:aws:kms:us-east-2:209330743040:key/cf868a7f-ba1a-4b0c-bc7e-fa18f458c857\"]}},\"Effect\":\"Allow\",\"Resource\":\"arn:aws:s3:::aft-backend-209330743040-secondary-region/*\"},{\"Action\":[\"kms:Decrypt\"],\"Condition\":{\"StringLike\":{\"kms:EncryptionContext:aws:s3:arn\":[\"arn:aws:s3:::aft-backend-209330743040-primary-region/*\"],\"kms:ViaService\":\"s3.us-east-1.amazonaws.com\"}},\"Effect\":\"Allow\",\"Resource\":[\"arn:aws:kms:us-east-1:209330743040:key/32db27d3-73ca-4a83-9ca5-d3654c073b1b\"]},{\"Action\":[\"kms:Encrypt\"],\"Condition\":{\"StringLike\":{\"kms:EncryptionContext:aws:s3:arn\":[\"arn:aws:s3:::aft-backend-209330743040-primary-region/*\"],\"kms:ViaService\":\"s3.us-east-1.amazonaws.com\"}},\"Effect\":\"Allow\",\"Resource\":[\"arn:aws:kms:us-east-1:209330743040:key/32db27d3-73ca-4a83-9ca5-d3654c073b1b\"]},{\"Action\":[\"kms:Encrypt\"],\"Condition\":{\"StringLike\":{\"kms:EncryptionContext:aws:s3:arn\":[\"arn:aws:s3:::aft-backend-209330743040-secondary-region/*\"],\"kms:ViaService\":\"s3.us-east-2.amazonaws.com\"}},\"Effect\":\"Allow\",\"Resource\":[\"arn:aws:kms:us-east-2:209330743040:key/cf868a7f-ba1a-4b0c-bc7e-fa18f458c857\"]}],\"Version\":\"2012-10-17\"}",
            "policy_id": "ANPATBPIVU4AMJB5V562D",
            "tags": {},
            "tags_all": {
              "managed_by": "AFT"
            }
          },
          "sensitive_attributes": [],
          "identity_schema_version": 0,
          "identity": {
            "arn": "arn:aws:iam::209330743040:policy/aft-s3-terraform-backend-replication-policy"
          },
          "private": "bnVsbA==",
          "dependencies": [
            "module.aft.data.aws_partition.current",
            "module.aft.module.aft_backend.aws_kms_key.encrypt-primary-region",
            "module.aft.module.aft_backend.aws_kms_key.encrypt-secondary-region",
            "module.aft.module.aft_backend.aws_s3_bucket.primary-backend-bucket",
            "module.aft.module.aft_backend.aws_s3_bucket.secondary-backend-bucket",
            "module.aft.module.aft_backend.data.aws_caller_identity.current"
          ]
        }
      ]
    },
    {
      "module": "module.aft.module.aft_backend",
      "mode": "managed",
      "type": "aws_iam_role",
      "name": "replication",
      "provider": "module.aft.provider[\"registry.terraform.io/hashicorp/aws\"].aft_management",
      "instances": [
        {
          "index_key": 0,
          "schema_version": 0,
          "attributes": {
            "arn": "arn:aws:iam::209330743040:role/aft-s3-terraform-backend-replication",
            "assume_role_policy": "{\"Statement\":[{\"Action\":\"sts:AssumeRole\",\"Effect\":\"Allow\",\"Principal\":{\"Service\":\"s3.amazonaws.com\"}}],\"Version\":\"2012-10-17\"}",
            "create_date": "2026-03-03T12:28:41Z",
            "description": "",
            "force_detach_policies": false,
            "id": "aft-s3-terraform-backend-replication",
            "inline_policy": [],
            "managed_policy_arns": [
              "arn:aws:iam::209330743040:policy/aft-s3-terraform-backend-replication-policy"
            ],
            "max_session_duration": 3600,
            "name": "aft-s3-terraform-backend-replication",
            "name_prefix": "",
            "path": "/",
            "permissions_boundary": "",
            "tags": {},
            "tags_all": {
              "managed_by": "AFT"
            },
            "unique_id": "AROATBPIVU4ANKTIE4QAK"
          },
          "sensitive_attributes": [],
          "identity_schema_version": 0,
          "identity": {
            "account_id": "209330743040",
            "name": "aft-s3-terraform-backend-replication"
          },
          "private": "bnVsbA==",
          "dependencies": [
            "module.aft.data.aws_partition.current"
          ]
        }
      ]
    },
    {
      "module": "module.aft.module.aft_backend",
      "mode": "managed",
      "type": "aws_iam_role_policy_attachment",
      "name": "replication",
      "provider": "module.aft.provider[\"registry.terraform.io/hashicorp/aws\"].aft_management",
      "instances": [
        {
          "index_key": 0,
          "schema_version": 0,
          "attributes": {
            "id": "aft-s3-terraform-backend-replication/arn:aws:iam::209330743040:policy/aft-s3-terraform-backend-replication-policy",
            "policy_arn": "arn:aws:iam::209330743040:policy/aft-s3-terraform-backend-replication-policy",
            "role": "aft-s3-terraform-backend-replication"
          },
          "sensitive_attributes": [],
          "identity_schema_version": 0,
          "identity": {
            "account_id": "209330743040",
            "policy_arn": "arn:aws:iam::209330743040:policy/aft-s3-terraform-backend-replication-policy",
            "role": "aft-s3-terraform-backend-replication"
          },
          "private": "bnVsbA==",
          "dependencies": [
            "module.aft.data.aws_partition.current",
            "module.aft.module.aft_backend.aws_iam_policy.replication",
            "module.aft.module.aft_backend.aws_iam_role.replication",
            "module.aft.module.aft_backend.aws_kms_key.encrypt-primary-region",
            "module.aft.module.aft_backend.aws_kms_key.encrypt-secondary-region",
            "module.aft.module.aft_backend.aws_s3_bucket.primary-backend-bucket",
            "module.aft.module.aft_backend.aws_s3_bucket.secondary-backend-bucket",
            "module.aft.module.aft_backend.data.aws_caller_identity.current"
          ]
        }
      ]
    },
    {
      "module": "module.aft.module.aft_backend",
      "mode": "managed",
      "type": "aws_kms_alias",
      "name": "encrypt-alias-primary-region",
      "provider": "module.aft.provider[\"registry.terraform.io/hashicorp/aws\"].aft_management",
      "instances": [
        {
          "schema_version": 0,
          "attributes": {
            "arn": "arn:aws:kms:us-east-1:209330743040:alias/aft-backend-209330743040-kms-key",
            "id": "alias/aft-backend-209330743040-kms-key",
            "name": "alias/aft-backend-209330743040-kms-key",
            "name_prefix": "",
            "region": "us-east-1",
            "target_key_arn": "arn:aws:kms:us-east-1:209330743040:key/32db27d3-73ca-4a83-9ca5-d3654c073b1b",
            "target_key_id": "32db27d3-73ca-4a83-9ca5-d3654c073b1b"
          },
          "sensitive_attributes": [],
          "identity_schema_version": 0,
          "identity": {
            "account_id": "209330743040",
            "name": "alias/aft-backend-209330743040-kms-key",
            "region": "us-east-1"
          },
          "private": "bnVsbA==",
          "dependencies": [
            "module.aft.data.aws_partition.current",
            "module.aft.module.aft_backend.aws_kms_key.encrypt-primary-region",
            "module.aft.module.aft_backend.data.aws_caller_identity.current"
          ]
        }
      ]
    },
    {
      "module": "module.aft.module.aft_backend",
      "mode": "managed",
      "type": "aws_kms_alias",
      "name": "encrypt-alias-secondary-region",
      "provider": "module.aft.provider[\"registry.terraform.io/hashicorp/aws\"].tf_backend_secondary_region",
      "instances": [
        {
          "index_key": 0,
          "schema_version": 0,
          "attributes": {
            "arn": "arn:aws:kms:us-east-2:209330743040:alias/aft-backend-209330743040-kms-key",
            "id": "alias/aft-backend-209330743040-kms-key",
            "name": "alias/aft-backend-209330743040-kms-key",
            "name_prefix": "",
            "region": "us-east-2",
            "target_key_arn": "arn:aws:kms:us-east-2:209330743040:key/cf868a7f-ba1a-4b0c-bc7e-fa18f458c857",
            "target_key_id": "cf868a7f-ba1a-4b0c-bc7e-fa18f458c857"
          },
          "sensitive_attributes": [],
          "identity_schema_version": 0,
          "identity": {
            "account_id": "209330743040",
            "name": "alias/aft-backend-209330743040-kms-key",
            "region": "us-east-2"
          },
          "private": "bnVsbA==",
          "dependencies": [
            "module.aft.data.aws_partition.current",
            "module.aft.module.aft_backend.aws_kms_key.encrypt-secondary-region",
            "module.aft.module.aft_backend.data.aws_caller_identity.current"
          ]
        }
      ]
    },
    {
      "module": "module.aft.module.aft_backend",
      "mode": "managed",
      "type": "aws_kms_key",
      "name": "aft_access_logs_primary_backend_bucket",
      "provider": "module.aft.provider[\"registry.terraform.io/hashicorp/aws\"].aft_management",
      "instances": [
        {
          "schema_version": 0,
          "attributes": {
            "arn": "arn:aws:kms:us-east-1:209330743040:key/71baa3ad-be45-4fae-9794-e57e8b596032",
            "bypass_policy_lockout_safety_check": false,
            "custom_key_store_id": "",
            "customer_master_key_spec": "SYMMETRIC_DEFAULT",
            "deletion_window_in_days": null,
            "description": "",
            "enable_key_rotation": true,
            "id": "71baa3ad-be45-4fae-9794-e57e8b596032",
            "is_enabled": true,
            "key_id": "71baa3ad-be45-4fae-9794-e57e8b596032",
            "key_usage": "ENCRYPT_DECRYPT",
            "multi_region": false,
            "policy": "{\"Id\":\"key-default-1\",\"Statement\":[{\"Action\":\"kms:*\",\"Effect\":\"Allow\",\"Principal\":{\"AWS\":\"arn:aws:iam::209330743040:root\"},\"Resource\":\"*\",\"Sid\":\"Enable IAM User Permissions\"}],\"Version\":\"2012-10-17\"}",
            "region": "us-east-1",
            "rotation_period_in_days": 365,
            "tags": {},
            "tags_all": {
              "managed_by": "AFT"
            },
            "timeouts": null,
            "xks_key_id": ""
          },
          "sensitive_attributes": [],
          "identity_schema_version": 0,
          "identity": {
            "account_id": "209330743040",
            "id": "71baa3ad-be45-4fae-9794-e57e8b596032",
            "region": "us-east-1"
          },
          "private": "eyJlMmJmYjczMC1lY2FhLTExZTYtOGY4OC0zNDM2M2JjN2M0YzAiOnsiY3JlYXRlIjoxMjAwMDAwMDAwMDB9fQ==",
          "dependencies": [
            "module.aft.data.aws_partition.current"
          ]
        }
      ]
    },
    {
      "module": "module.aft.module.aft_backend",
      "mode": "managed",
      "type": "aws_kms_key",
      "name": "encrypt-primary-region",
      "provider": "module.aft.provider[\"registry.terraform.io/hashicorp/aws\"].aft_management",
      "instances": [
        {
          "schema_version": 0,
          "attributes": {
            "arn": "arn:aws:kms:us-east-1:209330743040:key/32db27d3-73ca-4a83-9ca5-d3654c073b1b",
            "bypass_policy_lockout_safety_check": false,
            "custom_key_store_id": "",
            "customer_master_key_spec": "SYMMETRIC_DEFAULT",
            "deletion_window_in_days": 30,
            "description": "Terraform backend KMS key.",
            "enable_key_rotation": true,
            "id": "32db27d3-73ca-4a83-9ca5-d3654c073b1b",
            "is_enabled": true,
            "key_id": "32db27d3-73ca-4a83-9ca5-d3654c073b1b",
            "key_usage": "ENCRYPT_DECRYPT",
            "multi_region": false,
            "policy": "{\"Id\":\"key-default-1\",\"Statement\":[{\"Action\":\"kms:*\",\"Effect\":\"Allow\",\"Principal\":{\"AWS\":\"arn:aws:iam::209330743040:root\"},\"Resource\":\"*\",\"Sid\":\"Enable IAM User Permissions\"}],\"Version\":\"2012-10-17\"}",
            "region": "us-east-1",
            "rotation_period_in_days": 365,
            "tags": {
              "Name": "aft-backend-209330743040-primary-region-kms-key"
            },
            "tags_all": {
              "Name": "aft-backend-209330743040-primary-region-kms-key",
              "managed_by": "AFT"
            },
            "timeouts": null,
            "xks_key_id": ""
          },
          "sensitive_attributes": [],
          "identity_schema_version": 0,
          "identity": {
            "account_id": "209330743040",
            "id": "32db27d3-73ca-4a83-9ca5-d3654c073b1b",
            "region": "us-east-1"
          },
          "private": "eyJlMmJmYjczMC1lY2FhLTExZTYtOGY4OC0zNDM2M2JjN2M0YzAiOnsiY3JlYXRlIjoxMjAwMDAwMDAwMDB9fQ==",
          "dependencies": [
            "module.aft.data.aws_partition.current",
            "module.aft.module.aft_backend.data.aws_caller_identity.current"
          ]
        }
      ]
    },
    {
      "module": "module.aft.module.aft_backend",
      "mode": "managed",
      "type": "aws_kms_key",
      "name": "encrypt-secondary-region",
      "provider": "module.aft.provider[\"registry.terraform.io/hashicorp/aws\"].tf_backend_secondary_region",
      "instances": [
        {
          "index_key": 0,
          "schema_version": 0,
          "attributes": {
            "arn": "arn:aws:kms:us-east-2:209330743040:key/cf868a7f-ba1a-4b0c-bc7e-fa18f458c857",
            "bypass_policy_lockout_safety_check": false,
            "custom_key_store_id": "",
            "customer_master_key_spec": "SYMMETRIC_DEFAULT",
            "deletion_window_in_days": 30,
            "description": "Terraform backend KMS key.",
            "enable_key_rotation": true,
            "id": "cf868a7f-ba1a-4b0c-bc7e-fa18f458c857",
            "is_enabled": true,
            "key_id": "cf868a7f-ba1a-4b0c-bc7e-fa18f458c857",
            "key_usage": "ENCRYPT_DECRYPT",
            "multi_region": false,
            "policy": "{\"Id\":\"key-default-1\",\"Statement\":[{\"Action\":\"kms:*\",\"Effect\":\"Allow\",\"Principal\":{\"AWS\":\"arn:aws:iam::209330743040:root\"},\"Resource\":\"*\",\"Sid\":\"Enable IAM User Permissions\"}],\"Version\":\"2012-10-17\"}",
            "region": "us-east-2",
            "rotation_period_in_days": 365,
            "tags": {
              "Name": "aft-backend-209330743040-secondary-region-kms-key"
            },
            "tags_all": {
              "Name": "aft-backend-209330743040-secondary-region-kms-key",
              "managed_by": "AFT"
            },
            "timeouts": null,
            "xks_key_id": ""
          },
          "sensitive_attributes": [],
          "identity_schema_version": 0,
          "identity": {
            "account_id": "209330743040",
            "id": "cf868a7f-ba1a-4b0c-bc7e-fa18f458c857",
            "region": "us-east-2"
          },
          "private": "eyJlMmJmYjczMC1lY2FhLTExZTYtOGY4OC0zNDM2M2JjN2M0YzAiOnsiY3JlYXRlIjoxMjAwMDAwMDAwMDB9fQ==",
          "dependencies": [
            "module.aft.data.aws_partition.current",
            "module.aft.module.aft_backend.data.aws_caller_identity.current"
          ]
        }
      ]
    },
    {
      "module": "module.aft.module.aft_backend",
      "mode": "managed",
      "type": "aws_s3_bucket",
      "name": "aft_access_logs_primary_backend_bucket",
      "provider": "module.aft.provider[\"registry.terraform.io/hashicorp/aws\"].aft_management",
      "instances": [
        {
          "schema_version": 0,
          "attributes": {
            "acceleration_status": "",
            "acl": null,
            "arn": "arn:aws:s3:::aft-backend-209330743040-primary-region-access-logs",
            "bucket": "aft-backend-209330743040-primary-region-access-logs",
            "bucket_domain_name": "aft-backend-209330743040-primary-region-access-logs.s3.amazonaws.com",
            "bucket_prefix": "",
            "bucket_region": "us-east-1",
            "bucket_regional_domain_name": "aft-backend-209330743040-primary-region-access-logs.s3.us-east-1.amazonaws.com",
            "cors_rule": [],
            "force_destroy": false,
            "grant": [
              {
                "id": "52d59e3c575ff4e9288f4092e7c6dec80ce874cfacf774441fb16a2b8c6ae40f",
                "permissions": [
                  "FULL_CONTROL"
                ],
                "type": "CanonicalUser",
                "uri": ""
              }
            ],
            "hosted_zone_id": "Z3AQBSTGFYJSTF",
            "id": "aft-backend-209330743040-primary-region-access-logs",
            "lifecycle_rule": [
              {
                "abort_incomplete_multipart_upload_days": 0,
                "enabled": true,
                "expiration": [],
                "id": "aft_primary_backend_bucket_access_logs_lifecycle_configuration_rule",
                "noncurrent_version_expiration": [
                  {
                    "days": 365
                  }
                ],
                "noncurrent_version_transition": [],
                "prefix": "log/",
                "tags": {},
                "transition": []
              }
            ],
            "logging": [],
            "object_lock_configuration": [],
            "object_lock_enabled": false,
            "policy": "{\"Statement\":[{\"Action\":\"s3:PutObject\",\"Condition\":{\"ArnLike\":{\"aws:SourceArn\":\"arn:aws:s3:::aft-backend-209330743040-primary-region\"},\"StringEquals\":{\"aws:SourceAccount\":\"209330743040\"}},\"Effect\":\"Allow\",\"Principal\":{\"Service\":\"logging.s3.amazonaws.com\"},\"Resource\":\"arn:aws:s3:::aft-backend-209330743040-primary-region-access-logs/*\",\"Sid\":\"Allow PutObject\"},{\"Action\":\"s3:*\",\"Condition\":{\"Bool\":{\"aws:SecureTransport\":\"false\"}},\"Effect\":\"Deny\",\"Principal\":\"*\",\"Resource\":[\"arn:aws:s3:::aft-backend-209330743040-primary-region-access-logs\",\"arn:aws:s3:::aft-backend-209330743040-primary-region-access-logs/*\"],\"Sid\":\"AllowSSLRequestsOnly\"}],\"Version\":\"2012-10-17\"}",
            "region": "us-east-1",
            "replication_configuration": [],
            "request_payer": "BucketOwner",
            "server_side_encryption_configuration": [
              {
                "rule": [
                  {
                    "apply_server_side_encryption_by_default": [
                      {
                        "kms_master_key_id": "arn:aws:kms:us-east-1:209330743040:key/71baa3ad-be45-4fae-9794-e57e8b596032",
                        "sse_algorithm": "aws:kms"
                      }
                    ],
                    "bucket_key_enabled": false
                  }
                ]
              }
            ],
            "tags": {},
            "tags_all": {
              "managed_by": "AFT"
            },
            "timeouts": null,
            "versioning": [
              {
                "enabled": true,
                "mfa_delete": false
              }
            ],
            "website": [],
            "website_domain": null,
            "website_endpoint": null
          },
          "sensitive_attributes": [],
          "identity_schema_version": 0,
          "identity": {
            "account_id": "209330743040",
            "bucket": "aft-backend-209330743040-primary-region-access-logs",
            "region": "us-east-1"
          },
          "private": "eyJlMmJmYjczMC1lY2FhLTExZTYtOGY4OC0zNDM2M2JjN2M0YzAiOnsiY3JlYXRlIjoxMjAwMDAwMDAwMDAwLCJkZWxldGUiOjM2MDAwMDAwMDAwMDAsInJlYWQiOjEyMDAwMDAwMDAwMDAsInVwZGF0ZSI6MTIwMDAwMDAwMDAwMH19",
          "dependencies": [
            "module.aft.data.aws_partition.current",
            "module.aft.module.aft_backend.data.aws_caller_identity.current"
          ]
        }
      ]
    },
    {
      "module": "module.aft.module.aft_backend",
      "mode": "managed",
      "type": "aws_s3_bucket",
      "name": "primary-backend-bucket",
      "provider": "module.aft.provider[\"registry.terraform.io/hashicorp/aws\"].aft_management",
      "instances": [
        {
          "schema_version": 0,
          "attributes": {
            "acceleration_status": "",
            "acl": null,
            "arn": "arn:aws:s3:::aft-backend-209330743040-primary-region",
            "bucket": "aft-backend-209330743040-primary-region",
            "bucket_domain_name": "aft-backend-209330743040-primary-region.s3.amazonaws.com",
            "bucket_prefix": "",
            "bucket_region": "us-east-1",
            "bucket_regional_domain_name": "aft-backend-209330743040-primary-region.s3.us-east-1.amazonaws.com",
            "cors_rule": [],
            "force_destroy": false,
            "grant": [
              {
                "id": "52d59e3c575ff4e9288f4092e7c6dec80ce874cfacf774441fb16a2b8c6ae40f",
                "permissions": [
                  "FULL_CONTROL"
                ],
                "type": "CanonicalUser",
                "uri": ""
              }
            ],
            "hosted_zone_id": "Z3AQBSTGFYJSTF",
            "id": "aft-backend-209330743040-primary-region",
            "lifecycle_rule": [],
            "logging": [
              {
                "target_bucket": "aft-backend-209330743040-primary-region-access-logs",
                "target_prefix": "log/"
              }
            ],
            "object_lock_configuration": [],
            "object_lock_enabled": false,
            "policy": "{\"Statement\":[{\"Action\":\"s3:*\",\"Condition\":{\"Bool\":{\"aws:SecureTransport\":\"false\"}},\"Effect\":\"Deny\",\"Principal\":\"*\",\"Resource\":[\"arn:aws:s3:::aft-backend-209330743040-primary-region\",\"arn:aws:s3:::aft-backend-209330743040-primary-region/*\"],\"Sid\":\"AllowSSLRequestsOnly\"}],\"Version\":\"2012-10-17\"}",
            "region": "us-east-1",
            "replication_configuration": [
              {
                "role": "arn:aws:iam::209330743040:role/aft-s3-terraform-backend-replication",
                "rules": [
                  {
                    "delete_marker_replication_status": "",
                    "destination": [
                      {
                        "access_control_translation": [],
                        "account_id": "",
                        "bucket": "arn:aws:s3:::aft-backend-209330743040-secondary-region",
                        "metrics": [],
                        "replica_kms_key_id": "arn:aws:kms:us-east-2:209330743040:key/cf868a7f-ba1a-4b0c-bc7e-fa18f458c857",
                        "replication_time": [],
                        "storage_class": "STANDARD"
                      }
                    ],
                    "filter": [],
                    "id": "0",
                    "prefix": "",
                    "priority": 0,
                    "source_selection_criteria": [
                      {
                        "sse_kms_encrypted_objects": [
                          {
                            "enabled": true
                          }
                        ]
                      }
                    ],
                    "status": "Enabled"
                  }
                ]
              }
            ],
            "request_payer": "BucketOwner",
            "server_side_encryption_configuration": [
              {
                "rule": [
                  {
                    "apply_server_side_encryption_by_default": [
                      {
                        "kms_master_key_id": "arn:aws:kms:us-east-1:209330743040:key/32db27d3-73ca-4a83-9ca5-d3654c073b1b",
                        "sse_algorithm": "aws:kms"
                      }
                    ],
                    "bucket_key_enabled": false
                  }
                ]
              }
            ],
            "tags": {
              "Name": "aft-backend-209330743040-primary-region"
            },
            "tags_all": {
              "Name": "aft-backend-209330743040-primary-region",
              "managed_by": "AFT"
            },
            "timeouts": null,
            "versioning": [
              {
                "enabled": true,
                "mfa_delete": false
              }
            ],
            "website": [],
            "website_domain": null,
            "website_endpoint": null
          },
          "sensitive_attributes": [],
          "identity_schema_version": 0,
          "identity": {
            "account_id": "209330743040",
            "bucket": "aft-backend-209330743040-primary-region",
            "region": "us-east-1"
          },
          "private": "eyJlMmJmYjczMC1lY2FhLTExZTYtOGY4OC0zNDM2M2JjN2M0YzAiOnsiY3JlYXRlIjoxMjAwMDAwMDAwMDAwLCJkZWxldGUiOjM2MDAwMDAwMDAwMDAsInJlYWQiOjEyMDAwMDAwMDAwMDAsInVwZGF0ZSI6MTIwMDAwMDAwMDAwMH19",
          "dependencies": [
            "module.aft.data.aws_partition.current",
            "module.aft.module.aft_backend.data.aws_caller_identity.current"
          ]
        }
      ]
    },
    {
      "module": "module.aft.module.aft_backend",
      "mode": "managed",
      "type": "aws_s3_bucket",
      "name": "secondary-backend-bucket",
      "provider": "module.aft.provider[\"registry.terraform.io/hashicorp/aws\"].tf_backend_secondary_region",
      "instances": [
        {
          "index_key": 0,
          "schema_version": 0,
          "attributes": {
            "acceleration_status": "",
            "acl": null,
            "arn": "arn:aws:s3:::aft-backend-209330743040-secondary-region",
            "bucket": "aft-backend-209330743040-secondary-region",
            "bucket_domain_name": "aft-backend-209330743040-secondary-region.s3.amazonaws.com",
            "bucket_prefix": "",
            "bucket_region": "us-east-2",
            "bucket_regional_domain_name": "aft-backend-209330743040-secondary-region.s3.us-east-2.amazonaws.com",
            "cors_rule": [],
            "force_destroy": false,
            "grant": [
              {
                "id": "52d59e3c575ff4e9288f4092e7c6dec80ce874cfacf774441fb16a2b8c6ae40f",
                "permissions": [
                  "FULL_CONTROL"
                ],
                "type": "CanonicalUser",
                "uri": ""
              }
            ],
            "hosted_zone_id": "Z2O1EMRO9K5GLX",
            "id": "aft-backend-209330743040-secondary-region",
            "lifecycle_rule": [],
            "logging": [],
            "object_lock_configuration": [],
            "object_lock_enabled": false,
            "policy": "{\"Statement\":[{\"Action\":\"s3:*\",\"Condition\":{\"Bool\":{\"aws:SecureTransport\":\"false\"}},\"Effect\":\"Deny\",\"Principal\":\"*\",\"Resource\":[\"arn:aws:s3:::aft-backend-209330743040-secondary-region\",\"arn:aws:s3:::aft-backend-209330743040-secondary-region/*\"],\"Sid\":\"AllowSSLRequestsOnly\"}],\"Version\":\"2012-10-17\"}",
            "region": "us-east-2",
            "replication_configuration": [],
            "request_payer": "BucketOwner",
            "server_side_encryption_configuration": [
              {
                "rule": [
                  {
                    "apply_server_side_encryption_by_default": [
                      {
                        "kms_master_key_id": "arn:aws:kms:us-east-2:209330743040:key/cf868a7f-ba1a-4b0c-bc7e-fa18f458c857",
                        "sse_algorithm": "aws:kms"
                      }
                    ],
                    "bucket_key_enabled": false
                  }
                ]
              }
            ],
            "tags": {
              "Name": "aft-backend-209330743040-secondary-region"
            },
            "tags_all": {
              "Name": "aft-backend-209330743040-secondary-region",
              "managed_by": "AFT"
            },
            "timeouts": null,
            "versioning": [
              {
                "enabled": true,
                "mfa_delete": false
              }
            ],
            "website": [],
            "website_domain": null,
            "website_endpoint": null
          },
          "sensitive_attributes": [],
          "identity_schema_version": 0,
          "identity": {
            "account_id": "209330743040",
            "bucket": "aft-backend-209330743040-secondary-region",
            "region": "us-east-2"
          },
          "private": "eyJlMmJmYjczMC1lY2FhLTExZTYtOGY4OC0zNDM2M2JjN2M0YzAiOnsiY3JlYXRlIjoxMjAwMDAwMDAwMDAwLCJkZWxldGUiOjM2MDAwMDAwMDAwMDAsInJlYWQiOjEyMDAwMDAwMDAwMDAsInVwZGF0ZSI6MTIwMDAwMDAwMDAwMH19",
          "dependencies": [
            "module.aft.data.aws_partition.current",
            "module.aft.module.aft_backend.data.aws_caller_identity.current"
          ]
        }
      ]
    },
    {
      "module": "module.aft.module.aft_backend",
      "mode": "managed",
      "type": "aws_s3_bucket_lifecycle_configuration",
      "name": "aft_access_logs_primary_backend_bucket",
      "provider": "module.aft.provider[\"registry.terraform.io/hashicorp/aws\"].aft_management",
      "instances": [
        {
          "schema_version": 1,
          "attributes": {
            "bucket": "aft-backend-209330743040-primary-region-access-logs",
            "expected_bucket_owner": "",
            "id": "aft-backend-209330743040-primary-region-access-logs",
            "region": "us-east-1",
            "rule": [
              {
                "abort_incomplete_multipart_upload": [],
                "expiration": [],
                "filter": [
                  {
                    "and": [],
                    "object_size_greater_than": null,
                    "object_size_less_than": null,
                    "prefix": "log/",
                    "tag": []
                  }
                ],
                "id": "aft_primary_backend_bucket_access_logs_lifecycle_configuration_rule",
                "noncurrent_version_expiration": [
                  {
                    "newer_noncurrent_versions": null,
                    "noncurrent_days": 365
                  }
                ],
                "noncurrent_version_transition": [],
                "prefix": "",
                "status": "Enabled",
                "transition": []
              }
            ],
            "timeouts": null,
            "transition_default_minimum_object_size": "all_storage_classes_128K"
          },
          "sensitive_attributes": [],
          "identity_schema_version": 0,
          "identity": {
            "account_id": "209330743040",
            "bucket": "aft-backend-209330743040-primary-region-access-logs",
            "region": "us-east-1"
          },
          "dependencies": [
            "module.aft.data.aws_partition.current",
            "module.aft.module.aft_backend.aws_s3_bucket.aft_access_logs_primary_backend_bucket",
            "module.aft.module.aft_backend.data.aws_caller_identity.current"
          ]
        }
      ]
    },
    {
      "module": "module.aft.module.aft_backend",
      "mode": "managed",
      "type": "aws_s3_bucket_logging",
      "name": "primary-backend-bucket-logging",
      "provider": "module.aft.provider[\"registry.terraform.io/hashicorp/aws\"].aft_management",
      "instances": [
        {
          "schema_version": 0,
          "attributes": {
            "bucket": "aft-backend-209330743040-primary-region",
            "expected_bucket_owner": "",
            "id": "aft-backend-209330743040-primary-region",
            "region": "us-east-1",
            "target_bucket": "aft-backend-209330743040-primary-region-access-logs",
            "target_grant": [],
            "target_object_key_format": [],
            "target_prefix": "log/"
          },
          "sensitive_attributes": [],
          "identity_schema_version": 1,
          "identity": {
            "account_id": "209330743040",
            "bucket": "aft-backend-209330743040-primary-region",
            "region": "us-east-1"
          },
          "private": "bnVsbA==",
          "dependencies": [
            "module.aft.data.aws_partition.current",
            "module.aft.module.aft_backend.aws_s3_bucket.aft_access_logs_primary_backend_bucket",
            "module.aft.module.aft_backend.aws_s3_bucket.primary-backend-bucket",
            "module.aft.module.aft_backend.data.aws_caller_identity.current"
          ]
        }
      ]
    },
    {
      "module": "module.aft.module.aft_backend",
      "mode": "managed",
      "type": "aws_s3_bucket_policy",
      "name": "aft_access_logs_primary_backend_bucket",
      "provider": "module.aft.provider[\"registry.terraform.io/hashicorp/aws\"].aft_management",
      "instances": [
        {
          "schema_version": 0,
          "attributes": {
            "bucket": "aft-backend-209330743040-primary-region-access-logs",
            "id": "aft-backend-209330743040-primary-region-access-logs",
            "policy": "{\"Statement\":[{\"Action\":\"s3:PutObject\",\"Condition\":{\"ArnLike\":{\"aws:SourceArn\":\"arn:aws:s3:::aft-backend-209330743040-primary-region\"},\"StringEquals\":{\"aws:SourceAccount\":\"209330743040\"}},\"Effect\":\"Allow\",\"Principal\":{\"Service\":[\"logging.s3.amazonaws.com\"]},\"Resource\":[\"arn:aws:s3:::aft-backend-209330743040-primary-region-access-logs/*\"],\"Sid\":\"Allow PutObject\"},{\"Action\":\"s3:*\",\"Condition\":{\"Bool\":{\"aws:SecureTransport\":\"false\"}},\"Effect\":\"Deny\",\"Principal\":\"*\",\"Resource\":[\"arn:aws:s3:::aft-backend-209330743040-primary-region-access-logs\",\"arn:aws:s3:::aft-backend-209330743040-primary-region-access-logs/*\"],\"Sid\":\"AllowSSLRequestsOnly\"}],\"Version\":\"2012-10-17\"}",
            "region": "us-east-1"
          },
          "sensitive_attributes": [],
          "identity_schema_version": 0,
          "identity": {
            "account_id": "209330743040",
            "bucket": "aft-backend-209330743040-primary-region-access-logs",
            "region": "us-east-1"
          },
          "private": "bnVsbA==",
          "dependencies": [
            "module.aft.data.aws_partition.current",
            "module.aft.module.aft_backend.aws_s3_bucket.aft_access_logs_primary_backend_bucket",
            "module.aft.module.aft_backend.aws_s3_bucket.primary-backend-bucket",
            "module.aft.module.aft_backend.data.aws_caller_identity.current"
          ]
        }
      ]
    },
    {
      "module": "module.aft.module.aft_backend",
      "mode": "managed",
      "type": "aws_s3_bucket_policy",
      "name": "primary-backend-bucket",
      "provider": "module.aft.provider[\"registry.terraform.io/hashicorp/aws\"].aft_management",
      "instances": [
        {
          "schema_version": 0,
          "attributes": {
            "bucket": "aft-backend-209330743040-primary-region",
            "id": "aft-backend-209330743040-primary-region",
            "policy": "{\"Statement\":[{\"Action\":\"s3:*\",\"Condition\":{\"Bool\":{\"aws:SecureTransport\":\"false\"}},\"Effect\":\"Deny\",\"Principal\":\"*\",\"Resource\":[\"arn:aws:s3:::aft-backend-209330743040-primary-region\",\"arn:aws:s3:::aft-backend-209330743040-primary-region/*\"],\"Sid\":\"AllowSSLRequestsOnly\"}],\"Version\":\"2012-10-17\"}",
            "region": "us-east-1"
          },
          "sensitive_attributes": [],
          "identity_schema_version": 0,
          "identity": {
            "account_id": "209330743040",
            "bucket": "aft-backend-209330743040-primary-region",
            "region": "us-east-1"
          },
          "private": "bnVsbA==",
          "dependencies": [
            "module.aft.data.aws_partition.current",
            "module.aft.module.aft_backend.aws_s3_bucket.primary-backend-bucket",
            "module.aft.module.aft_backend.data.aws_caller_identity.current"
          ]
        }
      ]
    },
    {
      "module": "module.aft.module.aft_backend",
      "mode": "managed",
      "type": "aws_s3_bucket_policy",
      "name": "secondary-backend-bucket",
      "provider": "module.aft.provider[\"registry.terraform.io/hashicorp/aws\"].tf_backend_secondary_region",
      "instances": [
        {
          "index_key": 0,
          "schema_version": 0,
          "attributes": {
            "bucket": "aft-backend-209330743040-secondary-region",
            "id": "aft-backend-209330743040-secondary-region",
            "policy": "{\"Statement\":[{\"Action\":\"s3:*\",\"Condition\":{\"Bool\":{\"aws:SecureTransport\":\"false\"}},\"Effect\":\"Deny\",\"Principal\":\"*\",\"Resource\":[\"arn:aws:s3:::aft-backend-209330743040-secondary-region\",\"arn:aws:s3:::aft-backend-209330743040-secondary-region/*\"],\"Sid\":\"AllowSSLRequestsOnly\"}],\"Version\":\"2012-10-17\"}",
            "region": "us-east-2"
          },
          "sensitive_attributes": [],
          "identity_schema_version": 0,
          "identity": {
            "account_id": "209330743040",
            "bucket": "aft-backend-209330743040-secondary-region",
            "region": "us-east-2"
          },
          "private": "bnVsbA==",
          "dependencies": [
            "module.aft.data.aws_partition.current",
            "module.aft.module.aft_backend.aws_s3_bucket.secondary-backend-bucket",
            "module.aft.module.aft_backend.data.aws_caller_identity.current"
          ]
        }
      ]
    },
    {
      "module": "module.aft.module.aft_backend",
      "mode": "managed",
      "type": "aws_s3_bucket_public_access_block",
      "name": "aft_access_logs_primary_backend_bucket",
      "provider": "module.aft.provider[\"registry.terraform.io/hashicorp/aws\"].aft_management",
      "instances": [
        {
          "schema_version": 0,
          "attributes": {
            "block_public_acls": true,
            "block_public_policy": true,
            "bucket": "aft-backend-209330743040-primary-region-access-logs",
            "id": "aft-backend-209330743040-primary-region-access-logs",
            "ignore_public_acls": true,
            "region": "us-east-1",
            "restrict_public_buckets": true,
            "skip_destroy": null
          },
          "sensitive_attributes": [],
          "identity_schema_version": 0,
          "identity": {
            "account_id": "209330743040",
            "bucket": "aft-backend-209330743040-primary-region-access-logs",
            "region": "us-east-1"
          },
          "private": "bnVsbA==",
          "dependencies": [
            "module.aft.data.aws_partition.current",
            "module.aft.module.aft_backend.aws_s3_bucket.aft_access_logs_primary_backend_bucket",
            "module.aft.module.aft_backend.data.aws_caller_identity.current"
          ]
        }
      ]
    },
    {
      "module": "module.aft.module.aft_backend",
      "mode": "managed",
      "type": "aws_s3_bucket_public_access_block",
      "name": "primary-backend-bucket",
      "provider": "module.aft.provider[\"registry.terraform.io/hashicorp/aws\"].aft_management",
      "instances": [
        {
          "schema_version": 0,
          "attributes": {
            "block_public_acls": true,
            "block_public_policy": true,
            "bucket": "aft-backend-209330743040-primary-region",
            "id": "aft-backend-209330743040-primary-region",
            "ignore_public_acls": true,
            "region": "us-east-1",
            "restrict_public_buckets": true,
            "skip_destroy": null
          },
          "sensitive_attributes": [],
          "identity_schema_version": 0,
          "identity": {
            "account_id": "209330743040",
            "bucket": "aft-backend-209330743040-primary-region",
            "region": "us-east-1"
          },
          "private": "bnVsbA==",
          "dependencies": [
            "module.aft.data.aws_partition.current",
            "module.aft.module.aft_backend.aws_s3_bucket.primary-backend-bucket",
            "module.aft.module.aft_backend.data.aws_caller_identity.current"
          ]
        }
      ]
    },
    {
      "module": "module.aft.module.aft_backend",
      "mode": "managed",
      "type": "aws_s3_bucket_public_access_block",
      "name": "secondary-backend-bucket",
      "provider": "module.aft.provider[\"registry.terraform.io/hashicorp/aws\"].tf_backend_secondary_region",
      "instances": [
        {
          "index_key": 0,
          "schema_version": 0,
          "attributes": {
            "block_public_acls": true,
            "block_public_policy": true,
            "bucket": "aft-backend-209330743040-secondary-region",
            "id": "aft-backend-209330743040-secondary-region",
            "ignore_public_acls": true,
            "region": "us-east-2",
            "restrict_public_buckets": true,
            "skip_destroy": null
          },
          "sensitive_attributes": [],
          "identity_schema_version": 0,
          "identity": {
            "account_id": "209330743040",
            "bucket": "aft-backend-209330743040-secondary-region",
            "region": "us-east-2"
          },
          "private": "bnVsbA==",
          "dependencies": [
            "module.aft.data.aws_partition.current",
            "module.aft.module.aft_backend.aws_s3_bucket.secondary-backend-bucket",
            "module.aft.module.aft_backend.data.aws_caller_identity.current"
          ]
        }
      ]
    },
    {
      "module": "module.aft.module.aft_backend",
      "mode": "managed",
      "type": "aws_s3_bucket_replication_configuration",
      "name": "primary-backend-bucket-replication",
      "provider": "module.aft.provider[\"registry.terraform.io/hashicorp/aws\"].aft_management",
      "instances": [
        {
          "index_key": 0,
          "schema_version": 0,
          "attributes": {
            "bucket": "aft-backend-209330743040-primary-region",
            "id": "aft-backend-209330743040-primary-region",
            "region": "us-east-1",
            "role": "arn:aws:iam::209330743040:role/aft-s3-terraform-backend-replication",
            "rule": [
              {
                "delete_marker_replication": [],
                "destination": [
                  {
                    "access_control_translation": [],
                    "account": "",
                    "bucket": "arn:aws:s3:::aft-backend-209330743040-secondary-region",
                    "encryption_configuration": [
                      {
                        "replica_kms_key_id": "arn:aws:kms:us-east-2:209330743040:key/cf868a7f-ba1a-4b0c-bc7e-fa18f458c857"
                      }
                    ],
                    "metrics": [],
                    "replication_time": [],
                    "storage_class": "STANDARD"
                  }
                ],
                "existing_object_replication": [],
                "filter": [],
                "id": "0",
                "prefix": "",
                "priority": 0,
                "source_selection_criteria": [
                  {
                    "replica_modifications": [],
                    "sse_kms_encrypted_objects": [
                      {
                        "status": "Enabled"
                      }
                    ]
                  }
                ],
                "status": "Enabled"
              }
            ],
            "token": null
          },
          "sensitive_attributes": [
            [
              {
                "type": "get_attr",
                "value": "token"
              }
            ]
          ],
          "identity_schema_version": 0,
          "private": "bnVsbA==",
          "dependencies": [
            "module.aft.data.aws_partition.current",
            "module.aft.module.aft_backend.aws_iam_role.replication",
            "module.aft.module.aft_backend.aws_kms_key.encrypt-secondary-region",
            "module.aft.module.aft_backend.aws_s3_bucket.primary-backend-bucket",
            "module.aft.module.aft_backend.aws_s3_bucket.secondary-backend-bucket",
            "module.aft.module.aft_backend.data.aws_caller_identity.current"
          ]
        }
      ]
    },
    {
      "module": "module.aft.module.aft_backend",
      "mode": "managed",
      "type": "aws_s3_bucket_server_side_encryption_configuration",
      "name": "aft_access_logs_primary_backend_bucket",
      "provider": "module.aft.provider[\"registry.terraform.io/hashicorp/aws\"].aft_management",
      "instances": [
        {
          "schema_version": 0,
          "attributes": {
            "bucket": "aft-backend-209330743040-primary-region-access-logs",
            "expected_bucket_owner": "",
            "id": "aft-backend-209330743040-primary-region-access-logs",
            "region": "us-east-1",
            "rule": [
              {
                "apply_server_side_encryption_by_default": [
                  {
                    "kms_master_key_id": "arn:aws:kms:us-east-1:209330743040:key/71baa3ad-be45-4fae-9794-e57e8b596032",
                    "sse_algorithm": "aws:kms"
                  }
                ],
                "blocked_encryption_types": [],
                "bucket_key_enabled": false
              }
            ]
          },
          "sensitive_attributes": [],
          "identity_schema_version": 1,
          "identity": {
            "account_id": "209330743040",
            "bucket": "aft-backend-209330743040-primary-region-access-logs",
            "region": "us-east-1"
          },
          "private": "bnVsbA==",
          "dependencies": [
            "module.aft.data.aws_partition.current",
            "module.aft.module.aft_backend.aws_kms_key.aft_access_logs_primary_backend_bucket",
            "module.aft.module.aft_backend.aws_s3_bucket.aft_access_logs_primary_backend_bucket",
            "module.aft.module.aft_backend.data.aws_caller_identity.current"
          ]
        }
      ]
    },
    {
      "module": "module.aft.module.aft_backend",
      "mode": "managed",
      "type": "aws_s3_bucket_server_side_encryption_configuration",
      "name": "primary-backend-bucket-encryption",
      "provider": "module.aft.provider[\"registry.terraform.io/hashicorp/aws\"].aft_management",
      "instances": [
        {
          "schema_version": 0,
          "attributes": {
            "bucket": "aft-backend-209330743040-primary-region",
            "expected_bucket_owner": "",
            "id": "aft-backend-209330743040-primary-region",
            "region": "us-east-1",
            "rule": [
              {
                "apply_server_side_encryption_by_default": [
                  {
                    "kms_master_key_id": "arn:aws:kms:us-east-1:209330743040:key/32db27d3-73ca-4a83-9ca5-d3654c073b1b",
                    "sse_algorithm": "aws:kms"
                  }
                ],
                "blocked_encryption_types": [],
                "bucket_key_enabled": false
              }
            ]
          },
          "sensitive_attributes": [],
          "identity_schema_version": 1,
          "identity": {
            "account_id": "209330743040",
            "bucket": "aft-backend-209330743040-primary-region",
            "region": "us-east-1"
          },
          "private": "bnVsbA==",
          "dependencies": [
            "module.aft.data.aws_partition.current",
            "module.aft.module.aft_backend.aws_kms_key.encrypt-primary-region",
            "module.aft.module.aft_backend.aws_s3_bucket.primary-backend-bucket",
            "module.aft.module.aft_backend.data.aws_caller_identity.current"
          ]
        }
      ]
    },
    {
      "module": "module.aft.module.aft_backend",
      "mode": "managed",
      "type": "aws_s3_bucket_server_side_encryption_configuration",
      "name": "secondary-backend-bucket-encryption",
      "provider": "module.aft.provider[\"registry.terraform.io/hashicorp/aws\"].tf_backend_secondary_region",
      "instances": [
        {
          "index_key": 0,
          "schema_version": 0,
          "attributes": {
            "bucket": "aft-backend-209330743040-secondary-region",
            "expected_bucket_owner": "",
            "id": "aft-backend-209330743040-secondary-region",
            "region": "us-east-2",
            "rule": [
              {
                "apply_server_side_encryption_by_default": [
                  {
                    "kms_master_key_id": "arn:aws:kms:us-east-2:209330743040:key/cf868a7f-ba1a-4b0c-bc7e-fa18f458c857",
                    "sse_algorithm": "aws:kms"
                  }
                ],
                "blocked_encryption_types": [],
                "bucket_key_enabled": false
              }
            ]
          },
          "sensitive_attributes": [],
          "identity_schema_version": 1,
          "identity": {
            "account_id": "209330743040",
            "bucket": "aft-backend-209330743040-secondary-region",
            "region": "us-east-2"
          },
          "private": "bnVsbA==",
          "dependencies": [
            "module.aft.data.aws_partition.current",
            "module.aft.module.aft_backend.aws_kms_key.encrypt-secondary-region",
            "module.aft.module.aft_backend.aws_s3_bucket.secondary-backend-bucket",
            "module.aft.module.aft_backend.data.aws_caller_identity.current"
          ]
        }
      ]
    },
    {
      "module": "module.aft.module.aft_backend",
      "mode": "managed",
      "type": "aws_s3_bucket_versioning",
      "name": "aft_access_logs_primary_backend_bucket",
      "provider": "module.aft.provider[\"registry.terraform.io/hashicorp/aws\"].aft_management",
      "instances": [
        {
          "schema_version": 0,
          "attributes": {
            "bucket": "aft-backend-209330743040-primary-region-access-logs",
            "expected_bucket_owner": "",
            "id": "aft-backend-209330743040-primary-region-access-logs",
            "mfa": null,
            "region": "us-east-1",
            "versioning_configuration": [
              {
                "mfa_delete": "",
                "status": "Enabled"
              }
            ]
          },
          "sensitive_attributes": [],
          "identity_schema_version": 1,
          "identity": {
            "account_id": "209330743040",
            "bucket": "aft-backend-209330743040-primary-region-access-logs",
            "region": "us-east-1"
          },
          "private": "bnVsbA==",
          "dependencies": [
            "module.aft.data.aws_partition.current",
            "module.aft.module.aft_backend.aws_s3_bucket.aft_access_logs_primary_backend_bucket",
            "module.aft.module.aft_backend.data.aws_caller_identity.current"
          ]
        }
      ]
    },
    {
      "module": "module.aft.module.aft_backend",
      "mode": "managed",
      "type": "aws_s3_bucket_versioning",
      "name": "primary-backend-bucket-versioning",
      "provider": "module.aft.provider[\"registry.terraform.io/hashicorp/aws\"].aft_management",
      "instances": [
        {
          "schema_version": 0,
          "attributes": {
            "bucket": "aft-backend-209330743040-primary-region",
            "expected_bucket_owner": "",
            "id": "aft-backend-209330743040-primary-region",
            "mfa": null,
            "region": "us-east-1",
            "versioning_configuration": [
              {
                "mfa_delete": "",
                "status": "Enabled"
              }
            ]
          },
          "sensitive_attributes": [],
          "identity_schema_version": 1,
          "identity": {
            "account_id": "209330743040",
            "bucket": "aft-backend-209330743040-primary-region",
            "region": "us-east-1"
          },
          "private": "bnVsbA==",
          "dependencies": [
            "module.aft.data.aws_partition.current",
            "module.aft.module.aft_backend.aws_s3_bucket.primary-backend-bucket",
            "module.aft.module.aft_backend.data.aws_caller_identity.current"
          ]
        }
      ]
    },
    {
      "module": "module.aft.module.aft_backend",
      "mode": "managed",
      "type": "aws_s3_bucket_versioning",
      "name": "secondary-backend-bucket-versioning",
      "provider": "module.aft.provider[\"registry.terraform.io/hashicorp/aws\"].tf_backend_secondary_region",
      "instances": [
        {
          "index_key": 0,
          "schema_version": 0,
          "attributes": {
            "bucket": "aft-backend-209330743040-secondary-region",
            "expected_bucket_owner": "",
            "id": "aft-backend-209330743040-secondary-region",
            "mfa": null,
            "region": "us-east-2",
            "versioning_configuration": [
              {
                "mfa_delete": "",
                "status": "Enabled"
              }
            ]
          },
          "sensitive_attributes": [],
          "identity_schema_version": 1,
          "identity": {
            "account_id": "209330743040",
            "bucket": "aft-backend-209330743040-secondary-region",
            "region": "us-east-2"
          },
          "private": "bnVsbA==",
          "dependencies": [
            "module.aft.data.aws_partition.current",
            "module.aft.module.aft_backend.aws_s3_bucket.secondary-backend-bucket",
            "module.aft.module.aft_backend.data.aws_caller_identity.current"
          ]
        }
      ]
    },
    {
      "module": "module.aft.module.aft_code_repositories",
      "mode": "data",
      "type": "aws_caller_identity",
      "name": "current",
      "provider": "module.aft.provider[\"registry.terraform.io/hashicorp/aws\"].aft_management",
      "instances": [
        {
          "schema_version": 0,
          "attributes": {
            "account_id": "209330743040",
            "arn": "arn:aws:sts::209330743040:assumed-role/AWSControlTowerExecution/AWSAFT-Session",
            "id": "209330743040",
            "user_id": "AROATBPIVU4AJUUQ7NUJB:AWSAFT-Session"
          },
          "sensitive_attributes": [],
          "identity_schema_version": 0
        }
      ]
    },
    {
      "module": "module.aft.module.aft_code_repositories",
      "mode": "data",
      "type": "aws_partition",
      "name": "current",
      "provider": "module.aft.provider[\"registry.terraform.io/hashicorp/aws\"].aft_management",
      "instances": [
        {
          "schema_version": 0,
          "attributes": {
            "dns_suffix": "amazonaws.com",
            "id": "aws",
            "partition": "aws",
            "reverse_dns_prefix": "com.amazonaws"
          },
          "sensitive_attributes": [],
          "identity_schema_version": 0
        }
      ]
    },
    {
      "module": "module.aft.module.aft_code_repositories",
      "mode": "data",
      "type": "aws_region",
      "name": "current",
      "provider": "module.aft.provider[\"registry.terraform.io/hashicorp/aws\"].aft_management",
      "instances": [
        {
          "schema_version": 0,
          "attributes": {
            "description": "US East (N. Virginia)",
            "endpoint": "ec2.us-east-1.amazonaws.com",
            "id": "us-east-1",
            "name": "us-east-1",
            "region": "us-east-1"
          },
          "sensitive_attributes": [],
          "identity_schema_version": 0
        }
      ]
    },
    {
      "module": "module.aft.module.aft_code_repositories",
      "mode": "data",
      "type": "local_file",
      "name": "account_provisioning_customizations_buildspec",
      "provider": "provider[\"registry.terraform.io/hashicorp/local\"]",
      "instances": [
        {
          "schema_version": 0,
          "attributes": {
            "content": "# Copyright Amazon.com, Inc. or its affiliates. All rights reserved.\r\n# SPDX-License-Identifier: Apache-2.0\r\n#\r\nversion: 0.2\r\n\r\nphases:\r\n  pre_build:\r\n    commands:\r\n      - DEFAULT_PATH=$(pwd)\r\n      - TIMESTAMP=$(date '+%Y-%m-%d %H:%M:%S')\r\n      - AWS_MODULE_SOURCE=$(aws ssm get-parameter --name \"/aft/config/aft-pipeline-code-source/repo-url\" --query \"Parameter.Value\" --output text)\r\n      - AWS_MODULE_GIT_REF=$(aws ssm get-parameter --name \"/aft/config/aft-pipeline-code-source/repo-git-ref\" --query \"Parameter.Value\" --output text)\r\n      - TF_VERSION=$(aws ssm get-parameter --name \"/aft/config/terraform/version\" --query \"Parameter.Value\" --output text)\r\n      - TF_DISTRIBUTION=$(aws ssm get-parameter --name \"/aft/config/terraform/distribution\" --query \"Parameter.Value\" --output text)\r\n      - CT_MGMT_REGION=$(aws ssm get-parameter --name \"/aft/config/ct-management-region\" --query \"Parameter.Value\" --output text)\r\n      - AFT_MGMT_ACCOUNT=$(aws sts get-caller-identity --query Account --output text)\r\n      - AFT_EXEC_ROLE_ARN=arn:$AWS_PARTITION:iam::$AFT_MGMT_ACCOUNT:role/AWSAFTExecution\r\n      - AFT_ADMIN_ROLE_NAME=$(aws ssm get-parameter --name /aft/resources/iam/aft-administrator-role-name | jq --raw-output \".Parameter.Value\")\r\n      - AFT_ADMIN_ROLE_ARN=arn:$AWS_PARTITION:iam::$AFT_MGMT_ACCOUNT:role/$AFT_ADMIN_ROLE_NAME\r\n      - ROLE_SESSION_NAME=$(aws ssm get-parameter --name /aft/resources/iam/aft-session-name | jq --raw-output \".Parameter.Value\")\r\n      - |\r\n        ssh_key_parameter=$(aws ssm get-parameter --name /aft/config/aft-ssh-key --with-decryption 2\u003e /dev/null || echo \"None\")\r\n        if [[ $ssh_key_parameter != \"None\" ]]; then\r\n          ssh_key=$(jq --raw-output \".Parameter.Value\" \u003c\u003c\u003c $ssh_key_parameter)\r\n          mkdir -p ~/.ssh\r\n          echo \"Host *\" \u003e\u003e ~/.ssh/config\r\n          echo \"StrictHostKeyChecking no\" \u003e\u003e ~/.ssh/config\r\n          echo \"UserKnownHostsFile=/dev/null\" \u003e\u003e ~/.ssh/config\r\n          echo \"$ssh_key\" \u003e ~/.ssh/ssh_key\r\n          echo -e \"\\n\\n\" \u003e\u003e  ~/.ssh/ssh_key\r\n          chmod 600 ~/.ssh/ssh_key\r\n          eval \"$(ssh-agent -s)\"\r\n          ssh-add ~/.ssh/ssh_key\r\n        fi\r\n      - git config --global credential.helper '!aws codecommit credential-helper $@'\r\n      - git config --global credential.UseHttpPath true\r\n      - git clone -b $AWS_MODULE_GIT_REF $AWS_MODULE_SOURCE aws-aft-core-framework\r\n      - python3 -m venv ./venv\r\n      - source ./venv/bin/activate\r\n      - pip install -U pip\r\n      - pip install jinja2-cli==0.7.0 Jinja2==3.0.1 MarkupSafe==2.0.1 boto3==1.18.56 requests==2.26.0\r\n      - |\r\n        if [ $TF_DISTRIBUTION = \"oss\" ]; then\r\n          TF_BACKEND_REGION=$(aws ssm get-parameter --name \"/aft/config/oss-backend/primary-region\" --query \"Parameter.Value\" --output text)\r\n          TF_KMS_KEY_ID=$(aws ssm get-parameter --name \"/aft/config/oss-backend/kms-key-id\" --query \"Parameter.Value\" --output text)\r\n          TF_DDB_TABLE=$(aws ssm get-parameter --name \"/aft/config/oss-backend/table-id\" --query \"Parameter.Value\" --output text)\r\n          TF_S3_BUCKET=$(aws ssm get-parameter --name \"/aft/config/oss-backend/bucket-id\" --query \"Parameter.Value\" --output text)\r\n          TF_S3_KEY=account-provisioning-customizations/terraform.tfstate\r\n          cd /tmp\r\n          echo \"Installing Terraform\"\r\n          curl -o terraform_${TF_VERSION}_linux_amd64.zip https://releases.hashicorp.com/terraform/${TF_VERSION}/terraform_${TF_VERSION}_linux_amd64.zip\r\n          unzip -o terraform_${TF_VERSION}_linux_amd64.zip \u0026\u0026 mv terraform /usr/bin\r\n          terraform -no-color --version\r\n          cd $DEFAULT_PATH/terraform\r\n          if ls *.jinja \u003e/dev/null 2\u003e\u00261; then\r\n            for f in *.jinja; do\r\n              jinja2 \"$f\" -D timestamp=\"$TIMESTAMP\" -D tf_distribution_type=$TF_DISTRIBUTION \\\r\n                -D region=\"$TF_BACKEND_REGION\" -D provider_region=\"$CT_MGMT_REGION\" -D bucket=\"$TF_S3_BUCKET\" \\\r\n                -D key=\"$TF_S3_KEY\" -D dynamodb_table=\"$TF_DDB_TABLE\" -D kms_key_id=\"$TF_KMS_KEY_ID\" \\\r\n                -D aft_admin_role_arn=\"$AFT_EXEC_ROLE_ARN\" -D tf_version=\"$TF_VERSION\" \u003e\u003e \"./$(basename \"$f\" .jinja).tf\"\r\n            done\r\n          else\r\n            echo \"No Jinja2 templates found - skipping template processing\"\r\n          fi\r\n          for f in *.tf; do echo \"\\n \\n\"; echo $f; cat $f; done\r\n          JSON=$(aws sts assume-role --role-arn ${AFT_ADMIN_ROLE_ARN} --role-session-name ${ROLE_SESSION_NAME})\r\n          #Make newly assumed role default session\r\n          export AWS_ACCESS_KEY_ID=$(echo ${JSON} | jq --raw-output \".Credentials[\\\"AccessKeyId\\\"]\")\r\n          export AWS_SECRET_ACCESS_KEY=$(echo ${JSON} | jq --raw-output \".Credentials[\\\"SecretAccessKey\\\"]\")\r\n          export AWS_SESSION_TOKEN=$(echo ${JSON} | jq --raw-output \".Credentials[\\\"SessionToken\\\"]\")\r\n          terraform init -no-color\r\n        else\r\n          TF_BACKEND_REGION=$(aws ssm get-parameter --name \"/aft/config/oss-backend/primary-region\" --query \"Parameter.Value\" --output text)\r\n          TF_ORG_NAME=$(aws ssm get-parameter --name \"/aft/config/terraform/org-name\" --query \"Parameter.Value\" --output text)\r\n          TF_TOKEN=$(aws ssm get-parameter --name \"/aft/config/terraform/token\" --with-decryption --query \"Parameter.Value\" --output text)\r\n          TF_ENDPOINT=$(aws ssm get-parameter --name \"/aft/config/terraform/api-endpoint\" --query \"Parameter.Value\" --output text)\r\n          TF_PROJECT_NAME=$(aws ssm get-parameter --name \"/aft/config/terraform/project-name\" --query \"Parameter.Value\" --output text)\r\n          TF_WORKSPACE_NAME=\"ct-aft-account-provisioning-customizations\"\r\n          TF_CONFIG_PATH=\"./temp_configuration_file.tar.gz\"\r\n          cd $DEFAULT_PATH/terraform\r\n          if ls *.jinja \u003e/dev/null 2\u003e\u00261; then\r\n            for f in *.jinja; do\r\n              jinja2 \"$f\" -D timestamp=\"$TIMESTAMP\" -D provider_region=\"$CT_MGMT_REGION\" -D tf_distribution_type=\"$TF_DISTRIBUTION\" \\\r\n                -D terraform_org_name=\"$TF_ORG_NAME\" -D terraform_workspace_name=\"$TF_WORKSPACE_NAME\" \\\r\n                -D aft_admin_role_arn=\"$AFT_EXEC_ROLE_ARN\" \u003e\u003e \"./$(basename \"$f\" .jinja).tf\"\r\n            done\r\n          else\r\n            echo \"No Jinja2 templates found - skipping template processing\"\r\n          fi\r\n          for f in *.tf; do echo \"\\n \\n\"; echo $f; cat $f; done\r\n          cd $DEFAULT_PATH\r\n          tar -czf temp_configuration_file.tar.gz -C terraform --exclude .git --exclude venv .\r\n          python3 $DEFAULT_PATH/aws-aft-core-framework/sources/scripts/workspace_manager.py --operation \"deploy\" --organization_name $TF_ORG_NAME --workspace_name $TF_WORKSPACE_NAME --assume_role_arn $AFT_ADMIN_ROLE_ARN --assume_role_session_name $ROLE_SESSION_NAME --api_endpoint $TF_ENDPOINT --api_token $TF_TOKEN --terraform_version $TF_VERSION --config_file $TF_CONFIG_PATH --project_name \"$TF_PROJECT_NAME\"\r\n        fi\r\n\r\n  build:\r\n    commands:\r\n      - |\r\n        if [ $TF_DISTRIBUTION = \"oss\" ]; then\r\n          terraform apply -no-color --auto-approve\r\n        fi\r\n  post_build:\r\n    commands:\r\n      - echo \"Post-Build\"\r\n",
            "content_base64": "IyBDb3B5cmlnaHQgQW1hem9uLmNvbSwgSW5jLiBvciBpdHMgYWZmaWxpYXRlcy4gQWxsIHJpZ2h0cyByZXNlcnZlZC4NCiMgU1BEWC1MaWNlbnNlLUlkZW50aWZpZXI6IEFwYWNoZS0yLjANCiMNCnZlcnNpb246IDAuMg0KDQpwaGFzZXM6DQogIHByZV9idWlsZDoNCiAgICBjb21tYW5kczoNCiAgICAgIC0gREVGQVVMVF9QQVRIPSQocHdkKQ0KICAgICAgLSBUSU1FU1RBTVA9JChkYXRlICcrJVktJW0tJWQgJUg6JU06JVMnKQ0KICAgICAgLSBBV1NfTU9EVUxFX1NPVVJDRT0kKGF3cyBzc20gZ2V0LXBhcmFtZXRlciAtLW5hbWUgIi9hZnQvY29uZmlnL2FmdC1waXBlbGluZS1jb2RlLXNvdXJjZS9yZXBvLXVybCIgLS1xdWVyeSAiUGFyYW1ldGVyLlZhbHVlIiAtLW91dHB1dCB0ZXh0KQ0KICAgICAgLSBBV1NfTU9EVUxFX0dJVF9SRUY9JChhd3Mgc3NtIGdldC1wYXJhbWV0ZXIgLS1uYW1lICIvYWZ0L2NvbmZpZy9hZnQtcGlwZWxpbmUtY29kZS1zb3VyY2UvcmVwby1naXQtcmVmIiAtLXF1ZXJ5ICJQYXJhbWV0ZXIuVmFsdWUiIC0tb3V0cHV0IHRleHQpDQogICAgICAtIFRGX1ZFUlNJT049JChhd3Mgc3NtIGdldC1wYXJhbWV0ZXIgLS1uYW1lICIvYWZ0L2NvbmZpZy90ZXJyYWZvcm0vdmVyc2lvbiIgLS1xdWVyeSAiUGFyYW1ldGVyLlZhbHVlIiAtLW91dHB1dCB0ZXh0KQ0KICAgICAgLSBURl9ESVNUUklCVVRJT049JChhd3Mgc3NtIGdldC1wYXJhbWV0ZXIgLS1uYW1lICIvYWZ0L2NvbmZpZy90ZXJyYWZvcm0vZGlzdHJpYnV0aW9uIiAtLXF1ZXJ5ICJQYXJhbWV0ZXIuVmFsdWUiIC0tb3V0cHV0IHRleHQpDQogICAgICAtIENUX01HTVRfUkVHSU9OPSQoYXdzIHNzbSBnZXQtcGFyYW1ldGVyIC0tbmFtZSAiL2FmdC9jb25maWcvY3QtbWFuYWdlbWVudC1yZWdpb24iIC0tcXVlcnkgIlBhcmFtZXRlci5WYWx1ZSIgLS1vdXRwdXQgdGV4dCkNCiAgICAgIC0gQUZUX01HTVRfQUNDT1VOVD0kKGF3cyBzdHMgZ2V0LWNhbGxlci1pZGVudGl0eSAtLXF1ZXJ5IEFjY291bnQgLS1vdXRwdXQgdGV4dCkNCiAgICAgIC0gQUZUX0VYRUNfUk9MRV9BUk49YXJuOiRBV1NfUEFSVElUSU9OOmlhbTo6JEFGVF9NR01UX0FDQ09VTlQ6cm9sZS9BV1NBRlRFeGVjdXRpb24NCiAgICAgIC0gQUZUX0FETUlOX1JPTEVfTkFNRT0kKGF3cyBzc20gZ2V0LXBhcmFtZXRlciAtLW5hbWUgL2FmdC9yZXNvdXJjZXMvaWFtL2FmdC1hZG1pbmlzdHJhdG9yLXJvbGUtbmFtZSB8IGpxIC0tcmF3LW91dHB1dCAiLlBhcmFtZXRlci5WYWx1ZSIpDQogICAgICAtIEFGVF9BRE1JTl9ST0xFX0FSTj1hcm46JEFXU19QQVJUSVRJT046aWFtOjokQUZUX01HTVRfQUNDT1VOVDpyb2xlLyRBRlRfQURNSU5fUk9MRV9OQU1FDQogICAgICAtIFJPTEVfU0VTU0lPTl9OQU1FPSQoYXdzIHNzbSBnZXQtcGFyYW1ldGVyIC0tbmFtZSAvYWZ0L3Jlc291cmNlcy9pYW0vYWZ0LXNlc3Npb24tbmFtZSB8IGpxIC0tcmF3LW91dHB1dCAiLlBhcmFtZXRlci5WYWx1ZSIpDQogICAgICAtIHwNCiAgICAgICAgc3NoX2tleV9wYXJhbWV0ZXI9JChhd3Mgc3NtIGdldC1wYXJhbWV0ZXIgLS1uYW1lIC9hZnQvY29uZmlnL2FmdC1zc2gta2V5IC0td2l0aC1kZWNyeXB0aW9uIDI+IC9kZXYvbnVsbCB8fCBlY2hvICJOb25lIikNCiAgICAgICAgaWYgW1sgJHNzaF9rZXlfcGFyYW1ldGVyICE9ICJOb25lIiBdXTsgdGhlbg0KICAgICAgICAgIHNzaF9rZXk9JChqcSAtLXJhdy1vdXRwdXQgIi5QYXJhbWV0ZXIuVmFsdWUiIDw8PCAkc3NoX2tleV9wYXJhbWV0ZXIpDQogICAgICAgICAgbWtkaXIgLXAgfi8uc3NoDQogICAgICAgICAgZWNobyAiSG9zdCAqIiA+PiB+Ly5zc2gvY29uZmlnDQogICAgICAgICAgZWNobyAiU3RyaWN0SG9zdEtleUNoZWNraW5nIG5vIiA+PiB+Ly5zc2gvY29uZmlnDQogICAgICAgICAgZWNobyAiVXNlcktub3duSG9zdHNGaWxlPS9kZXYvbnVsbCIgPj4gfi8uc3NoL2NvbmZpZw0KICAgICAgICAgIGVjaG8gIiRzc2hfa2V5IiA+IH4vLnNzaC9zc2hfa2V5DQogICAgICAgICAgZWNobyAtZSAiXG5cbiIgPj4gIH4vLnNzaC9zc2hfa2V5DQogICAgICAgICAgY2htb2QgNjAwIH4vLnNzaC9zc2hfa2V5DQogICAgICAgICAgZXZhbCAiJChzc2gtYWdlbnQgLXMpIg0KICAgICAgICAgIHNzaC1hZGQgfi8uc3NoL3NzaF9rZXkNCiAgICAgICAgZmkNCiAgICAgIC0gZ2l0IGNvbmZpZyAtLWdsb2JhbCBjcmVkZW50aWFsLmhlbHBlciAnIWF3cyBjb2RlY29tbWl0IGNyZWRlbnRpYWwtaGVscGVyICRAJw0KICAgICAgLSBnaXQgY29uZmlnIC0tZ2xvYmFsIGNyZWRlbnRpYWwuVXNlSHR0cFBhdGggdHJ1ZQ0KICAgICAgLSBnaXQgY2xvbmUgLWIgJEFXU19NT0RVTEVfR0lUX1JFRiAkQVdTX01PRFVMRV9TT1VSQ0UgYXdzLWFmdC1jb3JlLWZyYW1ld29yaw0KICAgICAgLSBweXRob24zIC1tIHZlbnYgLi92ZW52DQogICAgICAtIHNvdXJjZSAuL3ZlbnYvYmluL2FjdGl2YXRlDQogICAgICAtIHBpcCBpbnN0YWxsIC1VIHBpcA0KICAgICAgLSBwaXAgaW5zdGFsbCBqaW5qYTItY2xpPT0wLjcuMCBKaW5qYTI9PTMuMC4xIE1hcmt1cFNhZmU9PTIuMC4xIGJvdG8zPT0xLjE4LjU2IHJlcXVlc3RzPT0yLjI2LjANCiAgICAgIC0gfA0KICAgICAgICBpZiBbICRURl9ESVNUUklCVVRJT04gPSAib3NzIiBdOyB0aGVuDQogICAgICAgICAgVEZfQkFDS0VORF9SRUdJT049JChhd3Mgc3NtIGdldC1wYXJhbWV0ZXIgLS1uYW1lICIvYWZ0L2NvbmZpZy9vc3MtYmFja2VuZC9wcmltYXJ5LXJlZ2lvbiIgLS1xdWVyeSAiUGFyYW1ldGVyLlZhbHVlIiAtLW91dHB1dCB0ZXh0KQ0KICAgICAgICAgIFRGX0tNU19LRVlfSUQ9JChhd3Mgc3NtIGdldC1wYXJhbWV0ZXIgLS1uYW1lICIvYWZ0L2NvbmZpZy9vc3MtYmFja2VuZC9rbXMta2V5LWlkIiAtLXF1ZXJ5ICJQYXJhbWV0ZXIuVmFsdWUiIC0tb3V0cHV0IHRleHQpDQogICAgICAgICAgVEZfRERCX1RBQkxFPSQoYXdzIHNzbSBnZXQtcGFyYW1ldGVyIC0tbmFtZSAiL2FmdC9jb25maWcvb3NzLWJhY2tlbmQvdGFibGUtaWQiIC0tcXVlcnkgIlBhcmFtZXRlci5WYWx1ZSIgLS1vdXRwdXQgdGV4dCkNCiAgICAgICAgICBURl9TM19CVUNLRVQ9JChhd3Mgc3NtIGdldC1wYXJhbWV0ZXIgLS1uYW1lICIvYWZ0L2NvbmZpZy9vc3MtYmFja2VuZC9idWNrZXQtaWQiIC0tcXVlcnkgIlBhcmFtZXRlci5WYWx1ZSIgLS1vdXRwdXQgdGV4dCkNCiAgICAgICAgICBURl9TM19LRVk9YWNjb3VudC1wcm92aXNpb25pbmctY3VzdG9taXphdGlvbnMvdGVycmFmb3JtLnRmc3RhdGUNCiAgICAgICAgICBjZCAvdG1wDQogICAgICAgICAgZWNobyAiSW5zdGFsbGluZyBUZXJyYWZvcm0iDQogICAgICAgICAgY3VybCAtbyB0ZXJyYWZvcm1fJHtURl9WRVJTSU9OfV9saW51eF9hbWQ2NC56aXAgaHR0cHM6Ly9yZWxlYXNlcy5oYXNoaWNvcnAuY29tL3RlcnJhZm9ybS8ke1RGX1ZFUlNJT059L3RlcnJhZm9ybV8ke1RGX1ZFUlNJT059X2xpbnV4X2FtZDY0LnppcA0KICAgICAgICAgIHVuemlwIC1vIHRlcnJhZm9ybV8ke1RGX1ZFUlNJT059X2xpbnV4X2FtZDY0LnppcCAmJiBtdiB0ZXJyYWZvcm0gL3Vzci9iaW4NCiAgICAgICAgICB0ZXJyYWZvcm0gLW5vLWNvbG9yIC0tdmVyc2lvbg0KICAgICAgICAgIGNkICRERUZBVUxUX1BBVEgvdGVycmFmb3JtDQogICAgICAgICAgaWYgbHMgKi5qaW5qYSA+L2Rldi9udWxsIDI+JjE7IHRoZW4NCiAgICAgICAgICAgIGZvciBmIGluICouamluamE7IGRvDQogICAgICAgICAgICAgIGppbmphMiAiJGYiIC1EIHRpbWVzdGFtcD0iJFRJTUVTVEFNUCIgLUQgdGZfZGlzdHJpYnV0aW9uX3R5cGU9JFRGX0RJU1RSSUJVVElPTiBcDQogICAgICAgICAgICAgICAgLUQgcmVnaW9uPSIkVEZfQkFDS0VORF9SRUdJT04iIC1EIHByb3ZpZGVyX3JlZ2lvbj0iJENUX01HTVRfUkVHSU9OIiAtRCBidWNrZXQ9IiRURl9TM19CVUNLRVQiIFwNCiAgICAgICAgICAgICAgICAtRCBrZXk9IiRURl9TM19LRVkiIC1EIGR5bmFtb2RiX3RhYmxlPSIkVEZfRERCX1RBQkxFIiAtRCBrbXNfa2V5X2lkPSIkVEZfS01TX0tFWV9JRCIgXA0KICAgICAgICAgICAgICAgIC1EIGFmdF9hZG1pbl9yb2xlX2Fybj0iJEFGVF9FWEVDX1JPTEVfQVJOIiAtRCB0Zl92ZXJzaW9uPSIkVEZfVkVSU0lPTiIgPj4gIi4vJChiYXNlbmFtZSAiJGYiIC5qaW5qYSkudGYiDQogICAgICAgICAgICBkb25lDQogICAgICAgICAgZWxzZQ0KICAgICAgICAgICAgZWNobyAiTm8gSmluamEyIHRlbXBsYXRlcyBmb3VuZCAtIHNraXBwaW5nIHRlbXBsYXRlIHByb2Nlc3NpbmciDQogICAgICAgICAgZmkNCiAgICAgICAgICBmb3IgZiBpbiAqLnRmOyBkbyBlY2hvICJcbiBcbiI7IGVjaG8gJGY7IGNhdCAkZjsgZG9uZQ0KICAgICAgICAgIEpTT049JChhd3Mgc3RzIGFzc3VtZS1yb2xlIC0tcm9sZS1hcm4gJHtBRlRfQURNSU5fUk9MRV9BUk59IC0tcm9sZS1zZXNzaW9uLW5hbWUgJHtST0xFX1NFU1NJT05fTkFNRX0pDQogICAgICAgICAgI01ha2UgbmV3bHkgYXNzdW1lZCByb2xlIGRlZmF1bHQgc2Vzc2lvbg0KICAgICAgICAgIGV4cG9ydCBBV1NfQUNDRVNTX0tFWV9JRD0kKGVjaG8gJHtKU09OfSB8IGpxIC0tcmF3LW91dHB1dCAiLkNyZWRlbnRpYWxzW1wiQWNjZXNzS2V5SWRcIl0iKQ0KICAgICAgICAgIGV4cG9ydCBBV1NfU0VDUkVUX0FDQ0VTU19LRVk9JChlY2hvICR7SlNPTn0gfCBqcSAtLXJhdy1vdXRwdXQgIi5DcmVkZW50aWFsc1tcIlNlY3JldEFjY2Vzc0tleVwiXSIpDQogICAgICAgICAgZXhwb3J0IEFXU19TRVNTSU9OX1RPS0VOPSQoZWNobyAke0pTT059IHwganEgLS1yYXctb3V0cHV0ICIuQ3JlZGVudGlhbHNbXCJTZXNzaW9uVG9rZW5cIl0iKQ0KICAgICAgICAgIHRlcnJhZm9ybSBpbml0IC1uby1jb2xvcg0KICAgICAgICBlbHNlDQogICAgICAgICAgVEZfQkFDS0VORF9SRUdJT049JChhd3Mgc3NtIGdldC1wYXJhbWV0ZXIgLS1uYW1lICIvYWZ0L2NvbmZpZy9vc3MtYmFja2VuZC9wcmltYXJ5LXJlZ2lvbiIgLS1xdWVyeSAiUGFyYW1ldGVyLlZhbHVlIiAtLW91dHB1dCB0ZXh0KQ0KICAgICAgICAgIFRGX09SR19OQU1FPSQoYXdzIHNzbSBnZXQtcGFyYW1ldGVyIC0tbmFtZSAiL2FmdC9jb25maWcvdGVycmFmb3JtL29yZy1uYW1lIiAtLXF1ZXJ5ICJQYXJhbWV0ZXIuVmFsdWUiIC0tb3V0cHV0IHRleHQpDQogICAgICAgICAgVEZfVE9LRU49JChhd3Mgc3NtIGdldC1wYXJhbWV0ZXIgLS1uYW1lICIvYWZ0L2NvbmZpZy90ZXJyYWZvcm0vdG9rZW4iIC0td2l0aC1kZWNyeXB0aW9uIC0tcXVlcnkgIlBhcmFtZXRlci5WYWx1ZSIgLS1vdXRwdXQgdGV4dCkNCiAgICAgICAgICBURl9FTkRQT0lOVD0kKGF3cyBzc20gZ2V0LXBhcmFtZXRlciAtLW5hbWUgIi9hZnQvY29uZmlnL3RlcnJhZm9ybS9hcGktZW5kcG9pbnQiIC0tcXVlcnkgIlBhcmFtZXRlci5WYWx1ZSIgLS1vdXRwdXQgdGV4dCkNCiAgICAgICAgICBURl9QUk9KRUNUX05BTUU9JChhd3Mgc3NtIGdldC1wYXJhbWV0ZXIgLS1uYW1lICIvYWZ0L2NvbmZpZy90ZXJyYWZvcm0vcHJvamVjdC1uYW1lIiAtLXF1ZXJ5ICJQYXJhbWV0ZXIuVmFsdWUiIC0tb3V0cHV0IHRleHQpDQogICAgICAgICAgVEZfV09SS1NQQUNFX05BTUU9ImN0LWFmdC1hY2NvdW50LXByb3Zpc2lvbmluZy1jdXN0b21pemF0aW9ucyINCiAgICAgICAgICBURl9DT05GSUdfUEFUSD0iLi90ZW1wX2NvbmZpZ3VyYXRpb25fZmlsZS50YXIuZ3oiDQogICAgICAgICAgY2QgJERFRkFVTFRfUEFUSC90ZXJyYWZvcm0NCiAgICAgICAgICBpZiBscyAqLmppbmphID4vZGV2L251bGwgMj4mMTsgdGhlbg0KICAgICAgICAgICAgZm9yIGYgaW4gKi5qaW5qYTsgZG8NCiAgICAgICAgICAgICAgamluamEyICIkZiIgLUQgdGltZXN0YW1wPSIkVElNRVNUQU1QIiAtRCBwcm92aWRlcl9yZWdpb249IiRDVF9NR01UX1JFR0lPTiIgLUQgdGZfZGlzdHJpYnV0aW9uX3R5cGU9IiRURl9ESVNUUklCVVRJT04iIFwNCiAgICAgICAgICAgICAgICAtRCB0ZXJyYWZvcm1fb3JnX25hbWU9IiRURl9PUkdfTkFNRSIgLUQgdGVycmFmb3JtX3dvcmtzcGFjZV9uYW1lPSIkVEZfV09SS1NQQUNFX05BTUUiIFwNCiAgICAgICAgICAgICAgICAtRCBhZnRfYWRtaW5fcm9sZV9hcm49IiRBRlRfRVhFQ19ST0xFX0FSTiIgPj4gIi4vJChiYXNlbmFtZSAiJGYiIC5qaW5qYSkudGYiDQogICAgICAgICAgICBkb25lDQogICAgICAgICAgZWxzZQ0KICAgICAgICAgICAgZWNobyAiTm8gSmluamEyIHRlbXBsYXRlcyBmb3VuZCAtIHNraXBwaW5nIHRlbXBsYXRlIHByb2Nlc3NpbmciDQogICAgICAgICAgZmkNCiAgICAgICAgICBmb3IgZiBpbiAqLnRmOyBkbyBlY2hvICJcbiBcbiI7IGVjaG8gJGY7IGNhdCAkZjsgZG9uZQ0KICAgICAgICAgIGNkICRERUZBVUxUX1BBVEgNCiAgICAgICAgICB0YXIgLWN6ZiB0ZW1wX2NvbmZpZ3VyYXRpb25fZmlsZS50YXIuZ3ogLUMgdGVycmFmb3JtIC0tZXhjbHVkZSAuZ2l0IC0tZXhjbHVkZSB2ZW52IC4NCiAgICAgICAgICBweXRob24zICRERUZBVUxUX1BBVEgvYXdzLWFmdC1jb3JlLWZyYW1ld29yay9zb3VyY2VzL3NjcmlwdHMvd29ya3NwYWNlX21hbmFnZXIucHkgLS1vcGVyYXRpb24gImRlcGxveSIgLS1vcmdhbml6YXRpb25fbmFtZSAkVEZfT1JHX05BTUUgLS13b3Jrc3BhY2VfbmFtZSAkVEZfV09SS1NQQUNFX05BTUUgLS1hc3N1bWVfcm9sZV9hcm4gJEFGVF9BRE1JTl9ST0xFX0FSTiAtLWFzc3VtZV9yb2xlX3Nlc3Npb25fbmFtZSAkUk9MRV9TRVNTSU9OX05BTUUgLS1hcGlfZW5kcG9pbnQgJFRGX0VORFBPSU5UIC0tYXBpX3Rva2VuICRURl9UT0tFTiAtLXRlcnJhZm9ybV92ZXJzaW9uICRURl9WRVJTSU9OIC0tY29uZmlnX2ZpbGUgJFRGX0NPTkZJR19QQVRIIC0tcHJvamVjdF9uYW1lICIkVEZfUFJPSkVDVF9OQU1FIg0KICAgICAgICBmaQ0KDQogIGJ1aWxkOg0KICAgIGNvbW1hbmRzOg0KICAgICAgLSB8DQogICAgICAgIGlmIFsgJFRGX0RJU1RSSUJVVElPTiA9ICJvc3MiIF07IHRoZW4NCiAgICAgICAgICB0ZXJyYWZvcm0gYXBwbHkgLW5vLWNvbG9yIC0tYXV0by1hcHByb3ZlDQogICAgICAgIGZpDQogIHBvc3RfYnVpbGQ6DQogICAgY29tbWFuZHM6DQogICAgICAtIGVjaG8gIlBvc3QtQnVpbGQiDQo=",
            "content_base64sha256": "qfygcN2yzwtnovn4dgEVTMpbfGM+kUrTY11ckDtpZUs=",
            "content_base64sha512": "sq6txpSfoI0NeB5flL8bvo8dkJpmjE7619m5S0N/NWkF5QpXXB+BhWAaPusIaYPV0Na1yLnXveyFTdPXSqvP3A==",
            "content_md5": "ed7322ce25545d7836e46aa65fe81385",
            "content_sha1": "ec421e900d7c8f8008d3c4a305e2e42be4bc1dbe",
            "content_sha256": "a9fca070ddb2cf0b67a2f9f87601154cca5b7c633e914ad3635d5c903b69654b",
            "content_sha512": "b2aeadc6949fa08d0d781e5f94bf1bbe8f1d909a668c4efad7d9b94b437f356905e50a575c1f8185601a3eeb086983d5d0d6b5c8b9d7bdec854dd3d74aabcfdc",
            "filename": ".terraform/modules/aft/modules/aft-code-repositories/buildspecs/ct-aft-account-provisioning-customizations.yml",
            "id": "ec421e900d7c8f8008d3c4a305e2e42be4bc1dbe"
          },
          "sensitive_attributes": [],
          "identity_schema_version": 0
        }
      ]
    },
    {
      "module": "module.aft.module.aft_code_repositories",
      "mode": "data",
      "type": "local_file",
      "name": "account_request_buildspec",
      "provider": "provider[\"registry.terraform.io/hashicorp/local\"]",
      "instances": [
        {
          "schema_version": 0,
          "attributes": {
            "content": "# Copyright Amazon.com, Inc. or its affiliates. All rights reserved.\r\n# SPDX-License-Identifier: Apache-2.0\r\n#\r\nversion: 0.2\r\n\r\nphases:\r\n  pre_build:\r\n    commands:\r\n      - DEFAULT_PATH=$(pwd)\r\n      - TIMESTAMP=$(date '+%Y-%m-%d %H:%M:%S')\r\n      - AWS_MODULE_SOURCE=$(aws ssm get-parameter --name \"/aft/config/aft-pipeline-code-source/repo-url\" --query \"Parameter.Value\" --output text)\r\n      - AWS_MODULE_GIT_REF=$(aws ssm get-parameter --name \"/aft/config/aft-pipeline-code-source/repo-git-ref\" --query \"Parameter.Value\" --output text)\r\n      - TF_VERSION=$(aws ssm get-parameter --name \"/aft/config/terraform/version\" --query \"Parameter.Value\" --output text)\r\n      - TF_DISTRIBUTION=$(aws ssm get-parameter --name \"/aft/config/terraform/distribution\" --query \"Parameter.Value\" --output text)\r\n      - CT_MGMT_REGION=$(aws ssm get-parameter --name \"/aft/config/ct-management-region\" --query \"Parameter.Value\" --output text)\r\n      - AFT_MGMT_ACCOUNT=$(aws sts get-caller-identity --query Account --output text)\r\n      - AFT_EXEC_ROLE_ARN=arn:$AWS_PARTITION:iam::$AFT_MGMT_ACCOUNT:role/AWSAFTExecution\r\n      - AFT_ADMIN_ROLE_NAME=$(aws ssm get-parameter --name /aft/resources/iam/aft-administrator-role-name | jq --raw-output \".Parameter.Value\")\r\n      - AFT_ADMIN_ROLE_ARN=arn:$AWS_PARTITION:iam::$AFT_MGMT_ACCOUNT:role/$AFT_ADMIN_ROLE_NAME\r\n      - ROLE_SESSION_NAME=$(aws ssm get-parameter --name /aft/resources/iam/aft-session-name | jq --raw-output \".Parameter.Value\")\r\n      - |\r\n        ssh_key_parameter=$(aws ssm get-parameter --name /aft/config/aft-ssh-key --with-decryption 2\u003e /dev/null || echo \"None\")\r\n        if [[ $ssh_key_parameter != \"None\" ]]; then\r\n          ssh_key=$(jq --raw-output \".Parameter.Value\" \u003c\u003c\u003c $ssh_key_parameter)\r\n          mkdir -p ~/.ssh\r\n          echo \"Host *\" \u003e\u003e ~/.ssh/config\r\n          echo \"StrictHostKeyChecking no\" \u003e\u003e ~/.ssh/config\r\n          echo \"UserKnownHostsFile=/dev/null\" \u003e\u003e ~/.ssh/config\r\n          echo \"$ssh_key\" \u003e ~/.ssh/ssh_key\r\n          echo -e \"\\n\\n\" \u003e\u003e  ~/.ssh/ssh_key\r\n          chmod 600 ~/.ssh/ssh_key\r\n          eval \"$(ssh-agent -s)\"\r\n          ssh-add ~/.ssh/ssh_key\r\n        fi\r\n      - git config --global credential.helper '!aws codecommit credential-helper $@'\r\n      - git config --global credential.UseHttpPath true\r\n      - git clone -b $AWS_MODULE_GIT_REF $AWS_MODULE_SOURCE aws-aft-core-framework\r\n      - python3 -m venv ./venv\r\n      - source ./venv/bin/activate\r\n      - pip install -U pip\r\n      - pip install jinja2-cli==0.7.0 Jinja2==3.0.1 MarkupSafe==2.0.1 boto3==1.18.56 requests==2.26.0\r\n      - |\r\n        if [ $TF_DISTRIBUTION = \"oss\" ]; then\r\n          TF_BACKEND_REGION=$(aws ssm get-parameter --name \"/aft/config/oss-backend/primary-region\" --query \"Parameter.Value\" --output text)\r\n          TF_KMS_KEY_ID=$(aws ssm get-parameter --name \"/aft/config/oss-backend/kms-key-id\" --query \"Parameter.Value\" --output text)\r\n          TF_DDB_TABLE=$(aws ssm get-parameter --name \"/aft/config/oss-backend/table-id\" --query \"Parameter.Value\" --output text)\r\n          TF_S3_BUCKET=$(aws ssm get-parameter --name \"/aft/config/oss-backend/bucket-id\" --query \"Parameter.Value\" --output text)\r\n          TF_S3_KEY=account-request/terraform.tfstate\r\n          cd /tmp\r\n          echo \"Installing Terraform\"\r\n          curl -o terraform_${TF_VERSION}_linux_amd64.zip https://releases.hashicorp.com/terraform/${TF_VERSION}/terraform_${TF_VERSION}_linux_amd64.zip\r\n          unzip -o terraform_${TF_VERSION}_linux_amd64.zip \u0026\u0026 mv terraform /usr/bin\r\n          terraform --version\r\n          cd $DEFAULT_PATH/terraform\r\n          if ls *.jinja \u003e/dev/null 2\u003e\u00261; then\r\n            for f in *.jinja; do\r\n              jinja2 \"$f\" -D timestamp=\"$TIMESTAMP\" -D tf_distribution_type=\"$TF_DISTRIBUTION\" \\\r\n              -D provider_region=\"$CT_MGMT_REGION\" -D region=\"$TF_BACKEND_REGION\" -D bucket=\"$TF_S3_BUCKET\" \\\r\n              -D key=\"$TF_S3_KEY\" -D dynamodb_table=\"$TF_DDB_TABLE\" -D kms_key_id=\"$TF_KMS_KEY_ID\" \\\r\n              -D aft_admin_role_arn=\"$AFT_EXEC_ROLE_ARN\" -D tf_version=\"$TF_VERSION\" \u003e\u003e \"./$(basename \"$f\" .jinja).tf\"\r\n            done\r\n          else\r\n            echo \"No Jinja2 templates found - skipping template processing\"\r\n          fi\r\n          for f in *.tf; do echo \"\\n \\n\"; echo $f; cat $f; done\r\n          JSON=$(aws sts assume-role --role-arn ${AFT_ADMIN_ROLE_ARN} --role-session-name ${ROLE_SESSION_NAME})\r\n          #Make newly assumed role default session\r\n          export AWS_ACCESS_KEY_ID=$(echo ${JSON} | jq --raw-output \".Credentials[\\\"AccessKeyId\\\"]\")\r\n          export AWS_SECRET_ACCESS_KEY=$(echo ${JSON} | jq --raw-output \".Credentials[\\\"SecretAccessKey\\\"]\")\r\n          export AWS_SESSION_TOKEN=$(echo ${JSON} | jq --raw-output \".Credentials[\\\"SessionToken\\\"]\")\r\n          terraform init -no-color\r\n        else\r\n          TF_ORG_NAME=$(aws ssm get-parameter --name \"/aft/config/terraform/org-name\" --query \"Parameter.Value\" --output text)\r\n          TF_TOKEN=$(aws ssm get-parameter --name \"/aft/config/terraform/token\" --with-decryption --query \"Parameter.Value\" --output text)\r\n          TF_ENDPOINT=$(aws ssm get-parameter --name \"/aft/config/terraform/api-endpoint\" --query \"Parameter.Value\" --output text)\r\n          TF_PROJECT_NAME=$(aws ssm get-parameter --name \"/aft/config/terraform/project-name\" --query \"Parameter.Value\" --output text)\r\n          TF_WORKSPACE_NAME=\"ct-aft-account-request\"\r\n          TF_CONFIG_PATH=\"./temp_configuration_file.tar.gz\"\r\n          cd $DEFAULT_PATH/terraform\r\n          if ls *.jinja \u003e/dev/null 2\u003e\u00261; then\r\n            for f in *.jinja; do\r\n              jinja2 \"$f\" -D timestamp=\"$TIMESTAMP\" -D provider_region=\"$CT_MGMT_REGION\" -D tf_distribution_type=\"$TF_DISTRIBUTION\" \\\r\n                -D terraform_org_name=\"$TF_ORG_NAME\" -D terraform_workspace_name=\"$TF_WORKSPACE_NAME\" \\\r\n                -D aft_admin_role_arn=\"$AFT_EXEC_ROLE_ARN\" \u003e\u003e \"./$(basename \"$f\" .jinja).tf\"\r\n            done\r\n          else\r\n            echo \"No Jinja2 templates found - skipping template processing\"\r\n          fi\r\n          for f in *.tf; do echo \"\\n \\n\"; echo $f; cat $f; done\r\n          cd $DEFAULT_PATH\r\n          tar -czf temp_configuration_file.tar.gz -C terraform --exclude .git --exclude venv .\r\n          python3 $DEFAULT_PATH/aws-aft-core-framework/sources/scripts/workspace_manager.py --operation \"deploy\" --organization_name $TF_ORG_NAME --workspace_name $TF_WORKSPACE_NAME --assume_role_arn $AFT_ADMIN_ROLE_ARN --assume_role_session_name $ROLE_SESSION_NAME --api_endpoint $TF_ENDPOINT --api_token $TF_TOKEN --terraform_version $TF_VERSION --config_file $TF_CONFIG_PATH --project_name \"$TF_PROJECT_NAME\"\r\n        fi\r\n\r\n  build:\r\n    commands:\r\n      - |\r\n        if [ $TF_DISTRIBUTION = \"oss\" ]; then\r\n          terraform apply -no-color --auto-approve\r\n        fi\r\n  post_build:\r\n    commands:\r\n      - echo \"Post-Build\"\r\n",
            "content_base64": "IyBDb3B5cmlnaHQgQW1hem9uLmNvbSwgSW5jLiBvciBpdHMgYWZmaWxpYXRlcy4gQWxsIHJpZ2h0cyByZXNlcnZlZC4NCiMgU1BEWC1MaWNlbnNlLUlkZW50aWZpZXI6IEFwYWNoZS0yLjANCiMNCnZlcnNpb246IDAuMg0KDQpwaGFzZXM6DQogIHByZV9idWlsZDoNCiAgICBjb21tYW5kczoNCiAgICAgIC0gREVGQVVMVF9QQVRIPSQocHdkKQ0KICAgICAgLSBUSU1FU1RBTVA9JChkYXRlICcrJVktJW0tJWQgJUg6JU06JVMnKQ0KICAgICAgLSBBV1NfTU9EVUxFX1NPVVJDRT0kKGF3cyBzc20gZ2V0LXBhcmFtZXRlciAtLW5hbWUgIi9hZnQvY29uZmlnL2FmdC1waXBlbGluZS1jb2RlLXNvdXJjZS9yZXBvLXVybCIgLS1xdWVyeSAiUGFyYW1ldGVyLlZhbHVlIiAtLW91dHB1dCB0ZXh0KQ0KICAgICAgLSBBV1NfTU9EVUxFX0dJVF9SRUY9JChhd3Mgc3NtIGdldC1wYXJhbWV0ZXIgLS1uYW1lICIvYWZ0L2NvbmZpZy9hZnQtcGlwZWxpbmUtY29kZS1zb3VyY2UvcmVwby1naXQtcmVmIiAtLXF1ZXJ5ICJQYXJhbWV0ZXIuVmFsdWUiIC0tb3V0cHV0IHRleHQpDQogICAgICAtIFRGX1ZFUlNJT049JChhd3Mgc3NtIGdldC1wYXJhbWV0ZXIgLS1uYW1lICIvYWZ0L2NvbmZpZy90ZXJyYWZvcm0vdmVyc2lvbiIgLS1xdWVyeSAiUGFyYW1ldGVyLlZhbHVlIiAtLW91dHB1dCB0ZXh0KQ0KICAgICAgLSBURl9ESVNUUklCVVRJT049JChhd3Mgc3NtIGdldC1wYXJhbWV0ZXIgLS1uYW1lICIvYWZ0L2NvbmZpZy90ZXJyYWZvcm0vZGlzdHJpYnV0aW9uIiAtLXF1ZXJ5ICJQYXJhbWV0ZXIuVmFsdWUiIC0tb3V0cHV0IHRleHQpDQogICAgICAtIENUX01HTVRfUkVHSU9OPSQoYXdzIHNzbSBnZXQtcGFyYW1ldGVyIC0tbmFtZSAiL2FmdC9jb25maWcvY3QtbWFuYWdlbWVudC1yZWdpb24iIC0tcXVlcnkgIlBhcmFtZXRlci5WYWx1ZSIgLS1vdXRwdXQgdGV4dCkNCiAgICAgIC0gQUZUX01HTVRfQUNDT1VOVD0kKGF3cyBzdHMgZ2V0LWNhbGxlci1pZGVudGl0eSAtLXF1ZXJ5IEFjY291bnQgLS1vdXRwdXQgdGV4dCkNCiAgICAgIC0gQUZUX0VYRUNfUk9MRV9BUk49YXJuOiRBV1NfUEFSVElUSU9OOmlhbTo6JEFGVF9NR01UX0FDQ09VTlQ6cm9sZS9BV1NBRlRFeGVjdXRpb24NCiAgICAgIC0gQUZUX0FETUlOX1JPTEVfTkFNRT0kKGF3cyBzc20gZ2V0LXBhcmFtZXRlciAtLW5hbWUgL2FmdC9yZXNvdXJjZXMvaWFtL2FmdC1hZG1pbmlzdHJhdG9yLXJvbGUtbmFtZSB8IGpxIC0tcmF3LW91dHB1dCAiLlBhcmFtZXRlci5WYWx1ZSIpDQogICAgICAtIEFGVF9BRE1JTl9ST0xFX0FSTj1hcm46JEFXU19QQVJUSVRJT046aWFtOjokQUZUX01HTVRfQUNDT1VOVDpyb2xlLyRBRlRfQURNSU5fUk9MRV9OQU1FDQogICAgICAtIFJPTEVfU0VTU0lPTl9OQU1FPSQoYXdzIHNzbSBnZXQtcGFyYW1ldGVyIC0tbmFtZSAvYWZ0L3Jlc291cmNlcy9pYW0vYWZ0LXNlc3Npb24tbmFtZSB8IGpxIC0tcmF3LW91dHB1dCAiLlBhcmFtZXRlci5WYWx1ZSIpDQogICAgICAtIHwNCiAgICAgICAgc3NoX2tleV9wYXJhbWV0ZXI9JChhd3Mgc3NtIGdldC1wYXJhbWV0ZXIgLS1uYW1lIC9hZnQvY29uZmlnL2FmdC1zc2gta2V5IC0td2l0aC1kZWNyeXB0aW9uIDI+IC9kZXYvbnVsbCB8fCBlY2hvICJOb25lIikNCiAgICAgICAgaWYgW1sgJHNzaF9rZXlfcGFyYW1ldGVyICE9ICJOb25lIiBdXTsgdGhlbg0KICAgICAgICAgIHNzaF9rZXk9JChqcSAtLXJhdy1vdXRwdXQgIi5QYXJhbWV0ZXIuVmFsdWUiIDw8PCAkc3NoX2tleV9wYXJhbWV0ZXIpDQogICAgICAgICAgbWtkaXIgLXAgfi8uc3NoDQogICAgICAgICAgZWNobyAiSG9zdCAqIiA+PiB+Ly5zc2gvY29uZmlnDQogICAgICAgICAgZWNobyAiU3RyaWN0SG9zdEtleUNoZWNraW5nIG5vIiA+PiB+Ly5zc2gvY29uZmlnDQogICAgICAgICAgZWNobyAiVXNlcktub3duSG9zdHNGaWxlPS9kZXYvbnVsbCIgPj4gfi8uc3NoL2NvbmZpZw0KICAgICAgICAgIGVjaG8gIiRzc2hfa2V5IiA+IH4vLnNzaC9zc2hfa2V5DQogICAgICAgICAgZWNobyAtZSAiXG5cbiIgPj4gIH4vLnNzaC9zc2hfa2V5DQogICAgICAgICAgY2htb2QgNjAwIH4vLnNzaC9zc2hfa2V5DQogICAgICAgICAgZXZhbCAiJChzc2gtYWdlbnQgLXMpIg0KICAgICAgICAgIHNzaC1hZGQgfi8uc3NoL3NzaF9rZXkNCiAgICAgICAgZmkNCiAgICAgIC0gZ2l0IGNvbmZpZyAtLWdsb2JhbCBjcmVkZW50aWFsLmhlbHBlciAnIWF3cyBjb2RlY29tbWl0IGNyZWRlbnRpYWwtaGVscGVyICRAJw0KICAgICAgLSBnaXQgY29uZmlnIC0tZ2xvYmFsIGNyZWRlbnRpYWwuVXNlSHR0cFBhdGggdHJ1ZQ0KICAgICAgLSBnaXQgY2xvbmUgLWIgJEFXU19NT0RVTEVfR0lUX1JFRiAkQVdTX01PRFVMRV9TT1VSQ0UgYXdzLWFmdC1jb3JlLWZyYW1ld29yaw0KICAgICAgLSBweXRob24zIC1tIHZlbnYgLi92ZW52DQogICAgICAtIHNvdXJjZSAuL3ZlbnYvYmluL2FjdGl2YXRlDQogICAgICAtIHBpcCBpbnN0YWxsIC1VIHBpcA0KICAgICAgLSBwaXAgaW5zdGFsbCBqaW5qYTItY2xpPT0wLjcuMCBKaW5qYTI9PTMuMC4xIE1hcmt1cFNhZmU9PTIuMC4xIGJvdG8zPT0xLjE4LjU2IHJlcXVlc3RzPT0yLjI2LjANCiAgICAgIC0gfA0KICAgICAgICBpZiBbICRURl9ESVNUUklCVVRJT04gPSAib3NzIiBdOyB0aGVuDQogICAgICAgICAgVEZfQkFDS0VORF9SRUdJT049JChhd3Mgc3NtIGdldC1wYXJhbWV0ZXIgLS1uYW1lICIvYWZ0L2NvbmZpZy9vc3MtYmFja2VuZC9wcmltYXJ5LXJlZ2lvbiIgLS1xdWVyeSAiUGFyYW1ldGVyLlZhbHVlIiAtLW91dHB1dCB0ZXh0KQ0KICAgICAgICAgIFRGX0tNU19LRVlfSUQ9JChhd3Mgc3NtIGdldC1wYXJhbWV0ZXIgLS1uYW1lICIvYWZ0L2NvbmZpZy9vc3MtYmFja2VuZC9rbXMta2V5LWlkIiAtLXF1ZXJ5ICJQYXJhbWV0ZXIuVmFsdWUiIC0tb3V0cHV0IHRleHQpDQogICAgICAgICAgVEZfRERCX1RBQkxFPSQoYXdzIHNzbSBnZXQtcGFyYW1ldGVyIC0tbmFtZSAiL2FmdC9jb25maWcvb3NzLWJhY2tlbmQvdGFibGUtaWQiIC0tcXVlcnkgIlBhcmFtZXRlci5WYWx1ZSIgLS1vdXRwdXQgdGV4dCkNCiAgICAgICAgICBURl9TM19CVUNLRVQ9JChhd3Mgc3NtIGdldC1wYXJhbWV0ZXIgLS1uYW1lICIvYWZ0L2NvbmZpZy9vc3MtYmFja2VuZC9idWNrZXQtaWQiIC0tcXVlcnkgIlBhcmFtZXRlci5WYWx1ZSIgLS1vdXRwdXQgdGV4dCkNCiAgICAgICAgICBURl9TM19LRVk9YWNjb3VudC1yZXF1ZXN0L3RlcnJhZm9ybS50ZnN0YXRlDQogICAgICAgICAgY2QgL3RtcA0KICAgICAgICAgIGVjaG8gIkluc3RhbGxpbmcgVGVycmFmb3JtIg0KICAgICAgICAgIGN1cmwgLW8gdGVycmFmb3JtXyR7VEZfVkVSU0lPTn1fbGludXhfYW1kNjQuemlwIGh0dHBzOi8vcmVsZWFzZXMuaGFzaGljb3JwLmNvbS90ZXJyYWZvcm0vJHtURl9WRVJTSU9OfS90ZXJyYWZvcm1fJHtURl9WRVJTSU9OfV9saW51eF9hbWQ2NC56aXANCiAgICAgICAgICB1bnppcCAtbyB0ZXJyYWZvcm1fJHtURl9WRVJTSU9OfV9saW51eF9hbWQ2NC56aXAgJiYgbXYgdGVycmFmb3JtIC91c3IvYmluDQogICAgICAgICAgdGVycmFmb3JtIC0tdmVyc2lvbg0KICAgICAgICAgIGNkICRERUZBVUxUX1BBVEgvdGVycmFmb3JtDQogICAgICAgICAgaWYgbHMgKi5qaW5qYSA+L2Rldi9udWxsIDI+JjE7IHRoZW4NCiAgICAgICAgICAgIGZvciBmIGluICouamluamE7IGRvDQogICAgICAgICAgICAgIGppbmphMiAiJGYiIC1EIHRpbWVzdGFtcD0iJFRJTUVTVEFNUCIgLUQgdGZfZGlzdHJpYnV0aW9uX3R5cGU9IiRURl9ESVNUUklCVVRJT04iIFwNCiAgICAgICAgICAgICAgLUQgcHJvdmlkZXJfcmVnaW9uPSIkQ1RfTUdNVF9SRUdJT04iIC1EIHJlZ2lvbj0iJFRGX0JBQ0tFTkRfUkVHSU9OIiAtRCBidWNrZXQ9IiRURl9TM19CVUNLRVQiIFwNCiAgICAgICAgICAgICAgLUQga2V5PSIkVEZfUzNfS0VZIiAtRCBkeW5hbW9kYl90YWJsZT0iJFRGX0REQl9UQUJMRSIgLUQga21zX2tleV9pZD0iJFRGX0tNU19LRVlfSUQiIFwNCiAgICAgICAgICAgICAgLUQgYWZ0X2FkbWluX3JvbGVfYXJuPSIkQUZUX0VYRUNfUk9MRV9BUk4iIC1EIHRmX3ZlcnNpb249IiRURl9WRVJTSU9OIiA+PiAiLi8kKGJhc2VuYW1lICIkZiIgLmppbmphKS50ZiINCiAgICAgICAgICAgIGRvbmUNCiAgICAgICAgICBlbHNlDQogICAgICAgICAgICBlY2hvICJObyBKaW5qYTIgdGVtcGxhdGVzIGZvdW5kIC0gc2tpcHBpbmcgdGVtcGxhdGUgcHJvY2Vzc2luZyINCiAgICAgICAgICBmaQ0KICAgICAgICAgIGZvciBmIGluICoudGY7IGRvIGVjaG8gIlxuIFxuIjsgZWNobyAkZjsgY2F0ICRmOyBkb25lDQogICAgICAgICAgSlNPTj0kKGF3cyBzdHMgYXNzdW1lLXJvbGUgLS1yb2xlLWFybiAke0FGVF9BRE1JTl9ST0xFX0FSTn0gLS1yb2xlLXNlc3Npb24tbmFtZSAke1JPTEVfU0VTU0lPTl9OQU1FfSkNCiAgICAgICAgICAjTWFrZSBuZXdseSBhc3N1bWVkIHJvbGUgZGVmYXVsdCBzZXNzaW9uDQogICAgICAgICAgZXhwb3J0IEFXU19BQ0NFU1NfS0VZX0lEPSQoZWNobyAke0pTT059IHwganEgLS1yYXctb3V0cHV0ICIuQ3JlZGVudGlhbHNbXCJBY2Nlc3NLZXlJZFwiXSIpDQogICAgICAgICAgZXhwb3J0IEFXU19TRUNSRVRfQUNDRVNTX0tFWT0kKGVjaG8gJHtKU09OfSB8IGpxIC0tcmF3LW91dHB1dCAiLkNyZWRlbnRpYWxzW1wiU2VjcmV0QWNjZXNzS2V5XCJdIikNCiAgICAgICAgICBleHBvcnQgQVdTX1NFU1NJT05fVE9LRU49JChlY2hvICR7SlNPTn0gfCBqcSAtLXJhdy1vdXRwdXQgIi5DcmVkZW50aWFsc1tcIlNlc3Npb25Ub2tlblwiXSIpDQogICAgICAgICAgdGVycmFmb3JtIGluaXQgLW5vLWNvbG9yDQogICAgICAgIGVsc2UNCiAgICAgICAgICBURl9PUkdfTkFNRT0kKGF3cyBzc20gZ2V0LXBhcmFtZXRlciAtLW5hbWUgIi9hZnQvY29uZmlnL3RlcnJhZm9ybS9vcmctbmFtZSIgLS1xdWVyeSAiUGFyYW1ldGVyLlZhbHVlIiAtLW91dHB1dCB0ZXh0KQ0KICAgICAgICAgIFRGX1RPS0VOPSQoYXdzIHNzbSBnZXQtcGFyYW1ldGVyIC0tbmFtZSAiL2FmdC9jb25maWcvdGVycmFmb3JtL3Rva2VuIiAtLXdpdGgtZGVjcnlwdGlvbiAtLXF1ZXJ5ICJQYXJhbWV0ZXIuVmFsdWUiIC0tb3V0cHV0IHRleHQpDQogICAgICAgICAgVEZfRU5EUE9JTlQ9JChhd3Mgc3NtIGdldC1wYXJhbWV0ZXIgLS1uYW1lICIvYWZ0L2NvbmZpZy90ZXJyYWZvcm0vYXBpLWVuZHBvaW50IiAtLXF1ZXJ5ICJQYXJhbWV0ZXIuVmFsdWUiIC0tb3V0cHV0IHRleHQpDQogICAgICAgICAgVEZfUFJPSkVDVF9OQU1FPSQoYXdzIHNzbSBnZXQtcGFyYW1ldGVyIC0tbmFtZSAiL2FmdC9jb25maWcvdGVycmFmb3JtL3Byb2plY3QtbmFtZSIgLS1xdWVyeSAiUGFyYW1ldGVyLlZhbHVlIiAtLW91dHB1dCB0ZXh0KQ0KICAgICAgICAgIFRGX1dPUktTUEFDRV9OQU1FPSJjdC1hZnQtYWNjb3VudC1yZXF1ZXN0Ig0KICAgICAgICAgIFRGX0NPTkZJR19QQVRIPSIuL3RlbXBfY29uZmlndXJhdGlvbl9maWxlLnRhci5neiINCiAgICAgICAgICBjZCAkREVGQVVMVF9QQVRIL3RlcnJhZm9ybQ0KICAgICAgICAgIGlmIGxzICouamluamEgPi9kZXYvbnVsbCAyPiYxOyB0aGVuDQogICAgICAgICAgICBmb3IgZiBpbiAqLmppbmphOyBkbw0KICAgICAgICAgICAgICBqaW5qYTIgIiRmIiAtRCB0aW1lc3RhbXA9IiRUSU1FU1RBTVAiIC1EIHByb3ZpZGVyX3JlZ2lvbj0iJENUX01HTVRfUkVHSU9OIiAtRCB0Zl9kaXN0cmlidXRpb25fdHlwZT0iJFRGX0RJU1RSSUJVVElPTiIgXA0KICAgICAgICAgICAgICAgIC1EIHRlcnJhZm9ybV9vcmdfbmFtZT0iJFRGX09SR19OQU1FIiAtRCB0ZXJyYWZvcm1fd29ya3NwYWNlX25hbWU9IiRURl9XT1JLU1BBQ0VfTkFNRSIgXA0KICAgICAgICAgICAgICAgIC1EIGFmdF9hZG1pbl9yb2xlX2Fybj0iJEFGVF9FWEVDX1JPTEVfQVJOIiA+PiAiLi8kKGJhc2VuYW1lICIkZiIgLmppbmphKS50ZiINCiAgICAgICAgICAgIGRvbmUNCiAgICAgICAgICBlbHNlDQogICAgICAgICAgICBlY2hvICJObyBKaW5qYTIgdGVtcGxhdGVzIGZvdW5kIC0gc2tpcHBpbmcgdGVtcGxhdGUgcHJvY2Vzc2luZyINCiAgICAgICAgICBmaQ0KICAgICAgICAgIGZvciBmIGluICoudGY7IGRvIGVjaG8gIlxuIFxuIjsgZWNobyAkZjsgY2F0ICRmOyBkb25lDQogICAgICAgICAgY2QgJERFRkFVTFRfUEFUSA0KICAgICAgICAgIHRhciAtY3pmIHRlbXBfY29uZmlndXJhdGlvbl9maWxlLnRhci5neiAtQyB0ZXJyYWZvcm0gLS1leGNsdWRlIC5naXQgLS1leGNsdWRlIHZlbnYgLg0KICAgICAgICAgIHB5dGhvbjMgJERFRkFVTFRfUEFUSC9hd3MtYWZ0LWNvcmUtZnJhbWV3b3JrL3NvdXJjZXMvc2NyaXB0cy93b3Jrc3BhY2VfbWFuYWdlci5weSAtLW9wZXJhdGlvbiAiZGVwbG95IiAtLW9yZ2FuaXphdGlvbl9uYW1lICRURl9PUkdfTkFNRSAtLXdvcmtzcGFjZV9uYW1lICRURl9XT1JLU1BBQ0VfTkFNRSAtLWFzc3VtZV9yb2xlX2FybiAkQUZUX0FETUlOX1JPTEVfQVJOIC0tYXNzdW1lX3JvbGVfc2Vzc2lvbl9uYW1lICRST0xFX1NFU1NJT05fTkFNRSAtLWFwaV9lbmRwb2ludCAkVEZfRU5EUE9JTlQgLS1hcGlfdG9rZW4gJFRGX1RPS0VOIC0tdGVycmFmb3JtX3ZlcnNpb24gJFRGX1ZFUlNJT04gLS1jb25maWdfZmlsZSAkVEZfQ09ORklHX1BBVEggLS1wcm9qZWN0X25hbWUgIiRURl9QUk9KRUNUX05BTUUiDQogICAgICAgIGZpDQoNCiAgYnVpbGQ6DQogICAgY29tbWFuZHM6DQogICAgICAtIHwNCiAgICAgICAgaWYgWyAkVEZfRElTVFJJQlVUSU9OID0gIm9zcyIgXTsgdGhlbg0KICAgICAgICAgIHRlcnJhZm9ybSBhcHBseSAtbm8tY29sb3IgLS1hdXRvLWFwcHJvdmUNCiAgICAgICAgZmkNCiAgcG9zdF9idWlsZDoNCiAgICBjb21tYW5kczoNCiAgICAgIC0gZWNobyAiUG9zdC1CdWlsZCINCg==",
            "content_base64sha256": "vkSlVXtAjgHVsH4dZn6rnAEwWcr9wZRj7GDB2G6Gvco=",
            "content_base64sha512": "Q1h2qZFJO0F5oul200Ch1X0V8oZ7KoJlssWCbfmdy859SO8s2UOLHisROOz+bfRpum8iYN2x4m1PQCOfgNxu8g==",
            "content_md5": "a0f8098e63f267814246d0daa1d5e637",
            "content_sha1": "0177417d4919f9dba5384812f4843d724dd76c2d",
            "content_sha256": "be44a5557b408e01d5b07e1d667eab9c013059cafdc19463ec60c1d86e86bdca",
            "content_sha512": "435876a991493b4179a2e976d340a1d57d15f2867b2a8265b2c5826df99dcbce7d48ef2cd9438b1e2b1138ecfe6df469ba6f2260ddb1e26d4f40239f80dc6ef2",
            "filename": ".terraform/modules/aft/modules/aft-code-repositories/buildspecs/ct-aft-account-request.yml",
            "id": "0177417d4919f9dba5384812f4843d724dd76c2d"
          },
          "sensitive_attributes": [],
          "identity_schema_version": 0
        }
      ]
    },
    {
      "module": "module.aft.module.aft_code_repositories",
      "mode": "managed",
      "type": "aws_cloudwatch_event_rule",
      "name": "account_provisioning_customizations",
      "provider": "module.aft.provider[\"registry.terraform.io/hashicorp/aws\"].aft_management",
      "instances": []
    },
    {
      "module": "module.aft.module.aft_code_repositories",
      "mode": "managed",
      "type": "aws_cloudwatch_event_rule",
      "name": "account_request",
      "provider": "module.aft.provider[\"registry.terraform.io/hashicorp/aws\"].aft_management",
      "instances": []
    },
    {
      "module": "module.aft.module.aft_code_repositories",
      "mode": "managed",
      "type": "aws_cloudwatch_event_target",
      "name": "account_provisioning_customizations",
      "provider": "module.aft.provider[\"registry.terraform.io/hashicorp/aws\"].aft_management",
      "instances": []
    },
    {
      "module": "module.aft.module.aft_code_repositories",
      "mode": "managed",
      "type": "aws_cloudwatch_event_target",
      "name": "account_request",
      "provider": "module.aft.provider[\"registry.terraform.io/hashicorp/aws\"].aft_management",
      "instances": []
    },
    {
      "module": "module.aft.module.aft_code_repositories",
      "mode": "managed",
      "type": "aws_cloudwatch_log_group",
      "name": "account_provisioning_customizations",
      "provider": "module.aft.provider[\"registry.terraform.io/hashicorp/aws\"].aft_management",
      "instances": [
        {
          "schema_version": 0,
          "attributes": {
            "arn": "arn:aws:logs:us-east-1:209330743040:log-group:/aws/codebuild/ct-aft-account-provisioning-customizations",
            "deletion_protection_enabled": false,
            "id": "/aws/codebuild/ct-aft-account-provisioning-customizations",
            "kms_key_id": "",
            "log_group_class": "STANDARD",
            "name": "/aws/codebuild/ct-aft-account-provisioning-customizations",
            "name_prefix": "",
            "region": "us-east-1",
            "retention_in_days": 0,
            "skip_destroy": false,
            "tags": {},
            "tags_all": {
              "managed_by": "AFT"
            }
          },
          "sensitive_attributes": [],
          "identity_schema_version": 0,
          "identity": {
            "account_id": "209330743040",
            "name": "/aws/codebuild/ct-aft-account-provisioning-customizations",
            "region": "us-east-1"
          },
          "private": "bnVsbA==",
          "dependencies": [
            "module.aft.data.aws_partition.current",
            "module.aft.module.aft_account_request_framework.aws_kms_key.aft",
            "module.aft.module.aft_account_request_framework.data.aws_caller_identity.aft-management",
            "module.aft.module.aft_account_request_framework.data.aws_partition.current",
            "module.aft.module.aft_account_request_framework.data.aws_region.aft-management"
          ]
        }
      ]
    },
    {
      "module": "module.aft.module.aft_code_repositories",
      "mode": "managed",
      "type": "aws_cloudwatch_log_group",
      "name": "account_request",
      "provider": "module.aft.provider[\"registry.terraform.io/hashicorp/aws\"].aft_management",
      "instances": [
        {
          "schema_version": 0,
          "attributes": {
            "arn": "arn:aws:logs:us-east-1:209330743040:log-group:/aws/codebuild/ct-aft-account-request",
            "deletion_protection_enabled": false,
            "id": "/aws/codebuild/ct-aft-account-request",
            "kms_key_id": "",
            "log_group_class": "STANDARD",
            "name": "/aws/codebuild/ct-aft-account-request",
            "name_prefix": "",
            "region": "us-east-1",
            "retention_in_days": 0,
            "skip_destroy": false,
            "tags": {},
            "tags_all": {
              "managed_by": "AFT"
            }
          },
          "sensitive_attributes": [],
          "identity_schema_version": 0,
          "identity": {
            "account_id": "209330743040",
            "name": "/aws/codebuild/ct-aft-account-request",
            "region": "us-east-1"
          },
          "private": "bnVsbA==",
          "dependencies": [
            "module.aft.data.aws_partition.current",
            "module.aft.module.aft_account_request_framework.aws_kms_key.aft",
            "module.aft.module.aft_account_request_framework.data.aws_caller_identity.aft-management",
            "module.aft.module.aft_account_request_framework.data.aws_partition.current",
            "module.aft.module.aft_account_request_framework.data.aws_region.aft-management"
          ]
        }
      ]
    },
    {
      "module": "module.aft.module.aft_code_repositories",
      "mode": "managed",
      "type": "aws_codebuild_project",
      "name": "account_provisioning_customizations_pipeline",
      "provider": "module.aft.provider[\"registry.terraform.io/hashicorp/aws\"].aft_management",
      "instances": [
        {
          "schema_version": 0,
          "attributes": {
            "arn": "arn:aws:codebuild:us-east-1:209330743040:project/ct-aft-account-provisioning-customizations",
            "artifacts": [
              {
                "artifact_identifier": "",
                "bucket_owner_access": "",
                "encryption_disabled": false,
                "location": "",
                "name": "ct-aft-account-provisioning-customizations",
                "namespace_type": "",
                "override_artifact_name": false,
                "packaging": "NONE",
                "path": "",
                "type": "CODEPIPELINE"
              }
            ],
            "auto_retry_limit": 0,
            "badge_enabled": false,
            "badge_url": "",
            "build_batch_config": [],
            "build_timeout": 60,
            "cache": [
              {
                "cache_namespace": "",
                "location": "",
                "modes": [],
                "type": "NO_CACHE"
              }
            ],
            "concurrent_build_limit": 0,
            "description": "Deploys the Account Provisioning Customizations terraform project",
            "encryption_key": "arn:aws:kms:us-east-1:209330743040:key/89104c7a-ebe1-42ee-930b-caa51544f46a",
            "environment": [
              {
                "certificate": "",
                "compute_type": "BUILD_GENERAL1_MEDIUM",
                "docker_server": [],
                "environment_variable": [
                  {
                    "name": "AWS_PARTITION",
                    "type": "PLAINTEXT",
                    "value": "aws"
                  }
                ],
                "fleet": [],
                "image": "aws/codebuild/amazonlinux2-x86_64-standard:5.0",
                "image_pull_credentials_type": "CODEBUILD",
                "privileged_mode": false,
                "registry_credential": [],
                "type": "LINUX_CONTAINER"
              }
            ],
            "file_system_locations": [],
            "id": "arn:aws:codebuild:us-east-1:209330743040:project/ct-aft-account-provisioning-customizations",
            "logs_config": [
              {
                "cloudwatch_logs": [
                  {
                    "group_name": "/aws/codebuild/ct-aft-account-provisioning-customizations",
                    "status": "ENABLED",
                    "stream_name": ""
                  }
                ],
                "s3_logs": [
                  {
                    "bucket_owner_access": "",
                    "encryption_disabled": false,
                    "location": "aft-customizations-pipeline-209330743040/ct-aft-account-provisioning-customization-logs",
                    "status": "ENABLED"
                  }
                ]
              }
            ],
            "name": "ct-aft-account-provisioning-customizations",
            "project_visibility": "PRIVATE",
            "public_project_alias": "",
            "queued_timeout": 480,
            "region": "us-east-1",
            "resource_access_role": "",
            "secondary_artifacts": [],
            "secondary_source_version": [],
            "secondary_sources": [],
            "service_role": "arn:aws:iam::209330743040:role/ct-aft-codebuild-account-provisioning-customizations-role",
            "source": [
              {
                "auth": [],
                "build_status_config": [],
                "buildspec": "# Copyright Amazon.com, Inc. or its affiliates. All rights reserved.\r\n# SPDX-License-Identifier: Apache-2.0\r\n#\r\nversion: 0.2\r\n\r\nphases:\r\n  pre_build:\r\n    commands:\r\n      - DEFAULT_PATH=$(pwd)\r\n      - TIMESTAMP=$(date '+%Y-%m-%d %H:%M:%S')\r\n      - AWS_MODULE_SOURCE=$(aws ssm get-parameter --name \"/aft/config/aft-pipeline-code-source/repo-url\" --query \"Parameter.Value\" --output text)\r\n      - AWS_MODULE_GIT_REF=$(aws ssm get-parameter --name \"/aft/config/aft-pipeline-code-source/repo-git-ref\" --query \"Parameter.Value\" --output text)\r\n      - TF_VERSION=$(aws ssm get-parameter --name \"/aft/config/terraform/version\" --query \"Parameter.Value\" --output text)\r\n      - TF_DISTRIBUTION=$(aws ssm get-parameter --name \"/aft/config/terraform/distribution\" --query \"Parameter.Value\" --output text)\r\n      - CT_MGMT_REGION=$(aws ssm get-parameter --name \"/aft/config/ct-management-region\" --query \"Parameter.Value\" --output text)\r\n      - AFT_MGMT_ACCOUNT=$(aws sts get-caller-identity --query Account --output text)\r\n      - AFT_EXEC_ROLE_ARN=arn:$AWS_PARTITION:iam::$AFT_MGMT_ACCOUNT:role/AWSAFTExecution\r\n      - AFT_ADMIN_ROLE_NAME=$(aws ssm get-parameter --name /aft/resources/iam/aft-administrator-role-name | jq --raw-output \".Parameter.Value\")\r\n      - AFT_ADMIN_ROLE_ARN=arn:$AWS_PARTITION:iam::$AFT_MGMT_ACCOUNT:role/$AFT_ADMIN_ROLE_NAME\r\n      - ROLE_SESSION_NAME=$(aws ssm get-parameter --name /aft/resources/iam/aft-session-name | jq --raw-output \".Parameter.Value\")\r\n      - |\r\n        ssh_key_parameter=$(aws ssm get-parameter --name /aft/config/aft-ssh-key --with-decryption 2\u003e /dev/null || echo \"None\")\r\n        if [[ $ssh_key_parameter != \"None\" ]]; then\r\n          ssh_key=$(jq --raw-output \".Parameter.Value\" \u003c\u003c\u003c $ssh_key_parameter)\r\n          mkdir -p ~/.ssh\r\n          echo \"Host *\" \u003e\u003e ~/.ssh/config\r\n          echo \"StrictHostKeyChecking no\" \u003e\u003e ~/.ssh/config\r\n          echo \"UserKnownHostsFile=/dev/null\" \u003e\u003e ~/.ssh/config\r\n          echo \"$ssh_key\" \u003e ~/.ssh/ssh_key\r\n          echo -e \"\\n\\n\" \u003e\u003e  ~/.ssh/ssh_key\r\n          chmod 600 ~/.ssh/ssh_key\r\n          eval \"$(ssh-agent -s)\"\r\n          ssh-add ~/.ssh/ssh_key\r\n        fi\r\n      - git config --global credential.helper '!aws codecommit credential-helper $@'\r\n      - git config --global credential.UseHttpPath true\r\n      - git clone -b $AWS_MODULE_GIT_REF $AWS_MODULE_SOURCE aws-aft-core-framework\r\n      - python3 -m venv ./venv\r\n      - source ./venv/bin/activate\r\n      - pip install -U pip\r\n      - pip install jinja2-cli==0.7.0 Jinja2==3.0.1 MarkupSafe==2.0.1 boto3==1.18.56 requests==2.26.0\r\n      - |\r\n        if [ $TF_DISTRIBUTION = \"oss\" ]; then\r\n          TF_BACKEND_REGION=$(aws ssm get-parameter --name \"/aft/config/oss-backend/primary-region\" --query \"Parameter.Value\" --output text)\r\n          TF_KMS_KEY_ID=$(aws ssm get-parameter --name \"/aft/config/oss-backend/kms-key-id\" --query \"Parameter.Value\" --output text)\r\n          TF_DDB_TABLE=$(aws ssm get-parameter --name \"/aft/config/oss-backend/table-id\" --query \"Parameter.Value\" --output text)\r\n          TF_S3_BUCKET=$(aws ssm get-parameter --name \"/aft/config/oss-backend/bucket-id\" --query \"Parameter.Value\" --output text)\r\n          TF_S3_KEY=account-provisioning-customizations/terraform.tfstate\r\n          cd /tmp\r\n          echo \"Installing Terraform\"\r\n          curl -o terraform_${TF_VERSION}_linux_amd64.zip https://releases.hashicorp.com/terraform/${TF_VERSION}/terraform_${TF_VERSION}_linux_amd64.zip\r\n          unzip -o terraform_${TF_VERSION}_linux_amd64.zip \u0026\u0026 mv terraform /usr/bin\r\n          terraform -no-color --version\r\n          cd $DEFAULT_PATH/terraform\r\n          if ls *.jinja \u003e/dev/null 2\u003e\u00261; then\r\n            for f in *.jinja; do\r\n              jinja2 \"$f\" -D timestamp=\"$TIMESTAMP\" -D tf_distribution_type=$TF_DISTRIBUTION \\\r\n                -D region=\"$TF_BACKEND_REGION\" -D provider_region=\"$CT_MGMT_REGION\" -D bucket=\"$TF_S3_BUCKET\" \\\r\n                -D key=\"$TF_S3_KEY\" -D dynamodb_table=\"$TF_DDB_TABLE\" -D kms_key_id=\"$TF_KMS_KEY_ID\" \\\r\n                -D aft_admin_role_arn=\"$AFT_EXEC_ROLE_ARN\" -D tf_version=\"$TF_VERSION\" \u003e\u003e \"./$(basename \"$f\" .jinja).tf\"\r\n            done\r\n          else\r\n            echo \"No Jinja2 templates found - skipping template processing\"\r\n          fi\r\n          for f in *.tf; do echo \"\\n \\n\"; echo $f; cat $f; done\r\n          JSON=$(aws sts assume-role --role-arn ${AFT_ADMIN_ROLE_ARN} --role-session-name ${ROLE_SESSION_NAME})\r\n          #Make newly assumed role default session\r\n          export AWS_ACCESS_KEY_ID=$(echo ${JSON} | jq --raw-output \".Credentials[\\\"AccessKeyId\\\"]\")\r\n          export AWS_SECRET_ACCESS_KEY=$(echo ${JSON} | jq --raw-output \".Credentials[\\\"SecretAccessKey\\\"]\")\r\n          export AWS_SESSION_TOKEN=$(echo ${JSON} | jq --raw-output \".Credentials[\\\"SessionToken\\\"]\")\r\n          terraform init -no-color\r\n        else\r\n          TF_BACKEND_REGION=$(aws ssm get-parameter --name \"/aft/config/oss-backend/primary-region\" --query \"Parameter.Value\" --output text)\r\n          TF_ORG_NAME=$(aws ssm get-parameter --name \"/aft/config/terraform/org-name\" --query \"Parameter.Value\" --output text)\r\n          TF_TOKEN=$(aws ssm get-parameter --name \"/aft/config/terraform/token\" --with-decryption --query \"Parameter.Value\" --output text)\r\n          TF_ENDPOINT=$(aws ssm get-parameter --name \"/aft/config/terraform/api-endpoint\" --query \"Parameter.Value\" --output text)\r\n          TF_PROJECT_NAME=$(aws ssm get-parameter --name \"/aft/config/terraform/project-name\" --query \"Parameter.Value\" --output text)\r\n          TF_WORKSPACE_NAME=\"ct-aft-account-provisioning-customizations\"\r\n          TF_CONFIG_PATH=\"./temp_configuration_file.tar.gz\"\r\n          cd $DEFAULT_PATH/terraform\r\n          if ls *.jinja \u003e/dev/null 2\u003e\u00261; then\r\n            for f in *.jinja; do\r\n              jinja2 \"$f\" -D timestamp=\"$TIMESTAMP\" -D provider_region=\"$CT_MGMT_REGION\" -D tf_distribution_type=\"$TF_DISTRIBUTION\" \\\r\n                -D terraform_org_name=\"$TF_ORG_NAME\" -D terraform_workspace_name=\"$TF_WORKSPACE_NAME\" \\\r\n                -D aft_admin_role_arn=\"$AFT_EXEC_ROLE_ARN\" \u003e\u003e \"./$(basename \"$f\" .jinja).tf\"\r\n            done\r\n          else\r\n            echo \"No Jinja2 templates found - skipping template processing\"\r\n          fi\r\n          for f in *.tf; do echo \"\\n \\n\"; echo $f; cat $f; done\r\n          cd $DEFAULT_PATH\r\n          tar -czf temp_configuration_file.tar.gz -C terraform --exclude .git --exclude venv .\r\n          python3 $DEFAULT_PATH/aws-aft-core-framework/sources/scripts/workspace_manager.py --operation \"deploy\" --organization_name $TF_ORG_NAME --workspace_name $TF_WORKSPACE_NAME --assume_role_arn $AFT_ADMIN_ROLE_ARN --assume_role_session_name $ROLE_SESSION_NAME --api_endpoint $TF_ENDPOINT --api_token $TF_TOKEN --terraform_version $TF_VERSION --config_file $TF_CONFIG_PATH --project_name \"$TF_PROJECT_NAME\"\r\n        fi\r\n\r\n  build:\r\n    commands:\r\n      - |\r\n        if [ $TF_DISTRIBUTION = \"oss\" ]; then\r\n          terraform apply -no-color --auto-approve\r\n        fi\r\n  post_build:\r\n    commands:\r\n      - echo \"Post-Build\"\r\n",
                "git_clone_depth": 0,
                "git_submodules_config": [],
                "insecure_ssl": false,
                "location": "",
                "report_build_status": false,
                "type": "CODEPIPELINE"
              }
            ],
            "source_version": "",
            "tags": {},
            "tags_all": {
              "managed_by": "AFT"
            },
            "vpc_config": [
              {
                "security_group_ids": [
                  "sg-09cf321705340ff35"
                ],
                "subnets": [
                  "subnet-00b1782f1c5a9b770",
                  "subnet-01a0ef4e8ef095756"
                ],
                "vpc_id": "vpc-0b38a5ed7a9f588cd"
              }
            ]
          },
          "sensitive_attributes": [],
          "identity_schema_version": 0,
          "identity": {
            "arn": "arn:aws:codebuild:us-east-1:209330743040:project/ct-aft-account-provisioning-customizations"
          },
          "private": "bnVsbA==",
          "dependencies": [
            "module.aft.data.aws_partition.current",
            "module.aft.module.aft_account_request_framework.aws_kms_key.aft",
            "module.aft.module.aft_account_request_framework.aws_security_group.aft_vpc_default_sg",
            "module.aft.module.aft_account_request_framework.aws_subnet.aft_vpc_private_subnet_01",
            "module.aft.module.aft_account_request_framework.aws_subnet.aft_vpc_private_subnet_02",
            "module.aft.module.aft_account_request_framework.aws_vpc.aft_vpc",
            "module.aft.module.aft_account_request_framework.data.aws_availability_zones.available",
            "module.aft.module.aft_account_request_framework.data.aws_caller_identity.aft-management",
            "module.aft.module.aft_account_request_framework.data.aws_partition.current",
            "module.aft.module.aft_account_request_framework.data.aws_region.aft-management",
            "module.aft.module.aft_code_repositories.aws_cloudwatch_log_group.account_provisioning_customizations",
            "module.aft.module.aft_code_repositories.aws_cloudwatch_log_group.account_request",
            "module.aft.module.aft_code_repositories.aws_iam_role.account_provisioning_customizations_codebuild_role",
            "module.aft.module.aft_code_repositories.aws_iam_role.account_request_codebuild_role",
            "module.aft.module.aft_code_repositories.data.aws_partition.current",
            "module.aft.module.aft_code_repositories.data.local_file.account_provisioning_customizations_buildspec",
            "module.aft.module.aft_code_repositories.time_sleep.iam_eventual_consistency",
            "module.aft.module.aft_customizations.aws_s3_bucket.aft_codepipeline_customizations_bucket",
            "module.aft.module.aft_customizations.data.aws_caller_identity.current"
          ]
        }
      ]
    },
    {
      "module": "module.aft.module.aft_code_repositories",
      "mode": "managed",
      "type": "aws_codebuild_project",
      "name": "account_request",
      "provider": "module.aft.provider[\"registry.terraform.io/hashicorp/aws\"].aft_management",
      "instances": [
        {
          "schema_version": 0,
          "attributes": {
            "arn": "arn:aws:codebuild:us-east-1:209330743040:project/ct-aft-account-request",
            "artifacts": [
              {
                "artifact_identifier": "",
                "bucket_owner_access": "",
                "encryption_disabled": false,
                "location": "",
                "name": "ct-aft-account-request",
                "namespace_type": "",
                "override_artifact_name": false,
                "packaging": "NONE",
                "path": "",
                "type": "CODEPIPELINE"
              }
            ],
            "auto_retry_limit": 0,
            "badge_enabled": false,
            "badge_url": "",
            "build_batch_config": [],
            "build_timeout": 60,
            "cache": [
              {
                "cache_namespace": "",
                "location": "",
                "modes": [],
                "type": "NO_CACHE"
              }
            ],
            "concurrent_build_limit": 0,
            "description": "Job to apply Terraform for Account Requests",
            "encryption_key": "arn:aws:kms:us-east-1:209330743040:key/89104c7a-ebe1-42ee-930b-caa51544f46a",
            "environment": [
              {
                "certificate": "",
                "compute_type": "BUILD_GENERAL1_MEDIUM",
                "docker_server": [],
                "environment_variable": [
                  {
                    "name": "AWS_PARTITION",
                    "type": "PLAINTEXT",
                    "value": "aws"
                  }
                ],
                "fleet": [],
                "image": "aws/codebuild/amazonlinux2-x86_64-standard:5.0",
                "image_pull_credentials_type": "CODEBUILD",
                "privileged_mode": false,
                "registry_credential": [],
                "type": "LINUX_CONTAINER"
              }
            ],
            "file_system_locations": [],
            "id": "arn:aws:codebuild:us-east-1:209330743040:project/ct-aft-account-request",
            "logs_config": [
              {
                "cloudwatch_logs": [
                  {
                    "group_name": "/aws/codebuild/ct-aft-account-request",
                    "status": "ENABLED",
                    "stream_name": ""
                  }
                ],
                "s3_logs": [
                  {
                    "bucket_owner_access": "",
                    "encryption_disabled": false,
                    "location": "aft-customizations-pipeline-209330743040/ct-aft-account-request-logs",
                    "status": "ENABLED"
                  }
                ]
              }
            ],
            "name": "ct-aft-account-request",
            "project_visibility": "PRIVATE",
            "public_project_alias": "",
            "queued_timeout": 480,
            "region": "us-east-1",
            "resource_access_role": "",
            "secondary_artifacts": [],
            "secondary_source_version": [],
            "secondary_sources": [],
            "service_role": "arn:aws:iam::209330743040:role/ct-aft-codebuild-account-request-role",
            "source": [
              {
                "auth": [],
                "build_status_config": [],
                "buildspec": "# Copyright Amazon.com, Inc. or its affiliates. All rights reserved.\r\n# SPDX-License-Identifier: Apache-2.0\r\n#\r\nversion: 0.2\r\n\r\nphases:\r\n  pre_build:\r\n    commands:\r\n      - DEFAULT_PATH=$(pwd)\r\n      - TIMESTAMP=$(date '+%Y-%m-%d %H:%M:%S')\r\n      - AWS_MODULE_SOURCE=$(aws ssm get-parameter --name \"/aft/config/aft-pipeline-code-source/repo-url\" --query \"Parameter.Value\" --output text)\r\n      - AWS_MODULE_GIT_REF=$(aws ssm get-parameter --name \"/aft/config/aft-pipeline-code-source/repo-git-ref\" --query \"Parameter.Value\" --output text)\r\n      - TF_VERSION=$(aws ssm get-parameter --name \"/aft/config/terraform/version\" --query \"Parameter.Value\" --output text)\r\n      - TF_DISTRIBUTION=$(aws ssm get-parameter --name \"/aft/config/terraform/distribution\" --query \"Parameter.Value\" --output text)\r\n      - CT_MGMT_REGION=$(aws ssm get-parameter --name \"/aft/config/ct-management-region\" --query \"Parameter.Value\" --output text)\r\n      - AFT_MGMT_ACCOUNT=$(aws sts get-caller-identity --query Account --output text)\r\n      - AFT_EXEC_ROLE_ARN=arn:$AWS_PARTITION:iam::$AFT_MGMT_ACCOUNT:role/AWSAFTExecution\r\n      - AFT_ADMIN_ROLE_NAME=$(aws ssm get-parameter --name /aft/resources/iam/aft-administrator-role-name | jq --raw-output \".Parameter.Value\")\r\n      - AFT_ADMIN_ROLE_ARN=arn:$AWS_PARTITION:iam::$AFT_MGMT_ACCOUNT:role/$AFT_ADMIN_ROLE_NAME\r\n      - ROLE_SESSION_NAME=$(aws ssm get-parameter --name /aft/resources/iam/aft-session-name | jq --raw-output \".Parameter.Value\")\r\n      - |\r\n        ssh_key_parameter=$(aws ssm get-parameter --name /aft/config/aft-ssh-key --with-decryption 2\u003e /dev/null || echo \"None\")\r\n        if [[ $ssh_key_parameter != \"None\" ]]; then\r\n          ssh_key=$(jq --raw-output \".Parameter.Value\" \u003c\u003c\u003c $ssh_key_parameter)\r\n          mkdir -p ~/.ssh\r\n          echo \"Host *\" \u003e\u003e ~/.ssh/config\r\n          echo \"StrictHostKeyChecking no\" \u003e\u003e ~/.ssh/config\r\n          echo \"UserKnownHostsFile=/dev/null\" \u003e\u003e ~/.ssh/config\r\n          echo \"$ssh_key\" \u003e ~/.ssh/ssh_key\r\n          echo -e \"\\n\\n\" \u003e\u003e  ~/.ssh/ssh_key\r\n          chmod 600 ~/.ssh/ssh_key\r\n          eval \"$(ssh-agent -s)\"\r\n          ssh-add ~/.ssh/ssh_key\r\n        fi\r\n      - git config --global credential.helper '!aws codecommit credential-helper $@'\r\n      - git config --global credential.UseHttpPath true\r\n      - git clone -b $AWS_MODULE_GIT_REF $AWS_MODULE_SOURCE aws-aft-core-framework\r\n      - python3 -m venv ./venv\r\n      - source ./venv/bin/activate\r\n      - pip install -U pip\r\n      - pip install jinja2-cli==0.7.0 Jinja2==3.0.1 MarkupSafe==2.0.1 boto3==1.18.56 requests==2.26.0\r\n      - |\r\n        if [ $TF_DISTRIBUTION = \"oss\" ]; then\r\n          TF_BACKEND_REGION=$(aws ssm get-parameter --name \"/aft/config/oss-backend/primary-region\" --query \"Parameter.Value\" --output text)\r\n          TF_KMS_KEY_ID=$(aws ssm get-parameter --name \"/aft/config/oss-backend/kms-key-id\" --query \"Parameter.Value\" --output text)\r\n          TF_DDB_TABLE=$(aws ssm get-parameter --name \"/aft/config/oss-backend/table-id\" --query \"Parameter.Value\" --output text)\r\n          TF_S3_BUCKET=$(aws ssm get-parameter --name \"/aft/config/oss-backend/bucket-id\" --query \"Parameter.Value\" --output text)\r\n          TF_S3_KEY=account-request/terraform.tfstate\r\n          cd /tmp\r\n          echo \"Installing Terraform\"\r\n          curl -o terraform_${TF_VERSION}_linux_amd64.zip https://releases.hashicorp.com/terraform/${TF_VERSION}/terraform_${TF_VERSION}_linux_amd64.zip\r\n          unzip -o terraform_${TF_VERSION}_linux_amd64.zip \u0026\u0026 mv terraform /usr/bin\r\n          terraform --version\r\n          cd $DEFAULT_PATH/terraform\r\n          if ls *.jinja \u003e/dev/null 2\u003e\u00261; then\r\n            for f in *.jinja; do\r\n              jinja2 \"$f\" -D timestamp=\"$TIMESTAMP\" -D tf_distribution_type=\"$TF_DISTRIBUTION\" \\\r\n              -D provider_region=\"$CT_MGMT_REGION\" -D region=\"$TF_BACKEND_REGION\" -D bucket=\"$TF_S3_BUCKET\" \\\r\n              -D key=\"$TF_S3_KEY\" -D dynamodb_table=\"$TF_DDB_TABLE\" -D kms_key_id=\"$TF_KMS_KEY_ID\" \\\r\n              -D aft_admin_role_arn=\"$AFT_EXEC_ROLE_ARN\" -D tf_version=\"$TF_VERSION\" \u003e\u003e \"./$(basename \"$f\" .jinja).tf\"\r\n            done\r\n          else\r\n            echo \"No Jinja2 templates found - skipping template processing\"\r\n          fi\r\n          for f in *.tf; do echo \"\\n \\n\"; echo $f; cat $f; done\r\n          JSON=$(aws sts assume-role --role-arn ${AFT_ADMIN_ROLE_ARN} --role-session-name ${ROLE_SESSION_NAME})\r\n          #Make newly assumed role default session\r\n          export AWS_ACCESS_KEY_ID=$(echo ${JSON} | jq --raw-output \".Credentials[\\\"AccessKeyId\\\"]\")\r\n          export AWS_SECRET_ACCESS_KEY=$(echo ${JSON} | jq --raw-output \".Credentials[\\\"SecretAccessKey\\\"]\")\r\n          export AWS_SESSION_TOKEN=$(echo ${JSON} | jq --raw-output \".Credentials[\\\"SessionToken\\\"]\")\r\n          terraform init -no-color\r\n        else\r\n          TF_ORG_NAME=$(aws ssm get-parameter --name \"/aft/config/terraform/org-name\" --query \"Parameter.Value\" --output text)\r\n          TF_TOKEN=$(aws ssm get-parameter --name \"/aft/config/terraform/token\" --with-decryption --query \"Parameter.Value\" --output text)\r\n          TF_ENDPOINT=$(aws ssm get-parameter --name \"/aft/config/terraform/api-endpoint\" --query \"Parameter.Value\" --output text)\r\n          TF_PROJECT_NAME=$(aws ssm get-parameter --name \"/aft/config/terraform/project-name\" --query \"Parameter.Value\" --output text)\r\n          TF_WORKSPACE_NAME=\"ct-aft-account-request\"\r\n          TF_CONFIG_PATH=\"./temp_configuration_file.tar.gz\"\r\n          cd $DEFAULT_PATH/terraform\r\n          if ls *.jinja \u003e/dev/null 2\u003e\u00261; then\r\n            for f in *.jinja; do\r\n              jinja2 \"$f\" -D timestamp=\"$TIMESTAMP\" -D provider_region=\"$CT_MGMT_REGION\" -D tf_distribution_type=\"$TF_DISTRIBUTION\" \\\r\n                -D terraform_org_name=\"$TF_ORG_NAME\" -D terraform_workspace_name=\"$TF_WORKSPACE_NAME\" \\\r\n                -D aft_admin_role_arn=\"$AFT_EXEC_ROLE_ARN\" \u003e\u003e \"./$(basename \"$f\" .jinja).tf\"\r\n            done\r\n          else\r\n            echo \"No Jinja2 templates found - skipping template processing\"\r\n          fi\r\n          for f in *.tf; do echo \"\\n \\n\"; echo $f; cat $f; done\r\n          cd $DEFAULT_PATH\r\n          tar -czf temp_configuration_file.tar.gz -C terraform --exclude .git --exclude venv .\r\n          python3 $DEFAULT_PATH/aws-aft-core-framework/sources/scripts/workspace_manager.py --operation \"deploy\" --organization_name $TF_ORG_NAME --workspace_name $TF_WORKSPACE_NAME --assume_role_arn $AFT_ADMIN_ROLE_ARN --assume_role_session_name $ROLE_SESSION_NAME --api_endpoint $TF_ENDPOINT --api_token $TF_TOKEN --terraform_version $TF_VERSION --config_file $TF_CONFIG_PATH --project_name \"$TF_PROJECT_NAME\"\r\n        fi\r\n\r\n  build:\r\n    commands:\r\n      - |\r\n        if [ $TF_DISTRIBUTION = \"oss\" ]; then\r\n          terraform apply -no-color --auto-approve\r\n        fi\r\n  post_build:\r\n    commands:\r\n      - echo \"Post-Build\"\r\n",
                "git_clone_depth": 0,
                "git_submodules_config": [],
                "insecure_ssl": false,
                "location": "",
                "report_build_status": false,
                "type": "CODEPIPELINE"
              }
            ],
            "source_version": "",
            "tags": {},
            "tags_all": {
              "managed_by": "AFT"
            },
            "vpc_config": [
              {
                "security_group_ids": [
                  "sg-09cf321705340ff35"
                ],
                "subnets": [
                  "subnet-00b1782f1c5a9b770",
                  "subnet-01a0ef4e8ef095756"
                ],
                "vpc_id": "vpc-0b38a5ed7a9f588cd"
              }
            ]
          },
          "sensitive_attributes": [],
          "identity_schema_version": 0,
          "identity": {
            "arn": "arn:aws:codebuild:us-east-1:209330743040:project/ct-aft-account-request"
          },
          "private": "bnVsbA==",
          "dependencies": [
            "module.aft.data.aws_partition.current",
            "module.aft.module.aft_account_request_framework.aws_kms_key.aft",
            "module.aft.module.aft_account_request_framework.aws_security_group.aft_vpc_default_sg",
            "module.aft.module.aft_account_request_framework.aws_subnet.aft_vpc_private_subnet_01",
            "module.aft.module.aft_account_request_framework.aws_subnet.aft_vpc_private_subnet_02",
            "module.aft.module.aft_account_request_framework.aws_vpc.aft_vpc",
            "module.aft.module.aft_account_request_framework.data.aws_availability_zones.available",
            "module.aft.module.aft_account_request_framework.data.aws_caller_identity.aft-management",
            "module.aft.module.aft_account_request_framework.data.aws_partition.current",
            "module.aft.module.aft_account_request_framework.data.aws_region.aft-management",
            "module.aft.module.aft_code_repositories.aws_cloudwatch_log_group.account_request",
            "module.aft.module.aft_code_repositories.aws_iam_role.account_request_codebuild_role",
            "module.aft.module.aft_code_repositories.data.aws_partition.current",
            "module.aft.module.aft_code_repositories.data.local_file.account_request_buildspec",
            "module.aft.module.aft_code_repositories.time_sleep.iam_eventual_consistency",
            "module.aft.module.aft_customizations.aws_s3_bucket.aft_codepipeline_customizations_bucket",
            "module.aft.module.aft_customizations.data.aws_caller_identity.current"
          ]
        }
      ]
    },
    {
      "module": "module.aft.module.aft_code_repositories",
      "mode": "managed",
      "type": "aws_codecommit_repository",
      "name": "account_customizations",
      "provider": "module.aft.provider[\"registry.terraform.io/hashicorp/aws\"].aft_management",
      "instances": []
    },
    {
      "module": "module.aft.module.aft_code_repositories",
      "mode": "managed",
      "type": "aws_codecommit_repository",
      "name": "account_provisioning_customizations",
      "provider": "module.aft.provider[\"registry.terraform.io/hashicorp/aws\"].aft_management",
      "instances": []
    },
    {
      "module": "module.aft.module.aft_code_repositories",
      "mode": "managed",
      "type": "aws_codecommit_repository",
      "name": "account_request",
      "provider": "module.aft.provider[\"registry.terraform.io/hashicorp/aws\"].aft_management",
      "instances": []
    },
    {
      "module": "module.aft.module.aft_code_repositories",
      "mode": "managed",
      "type": "aws_codecommit_repository",
      "name": "global_customizations",
      "provider": "module.aft.provider[\"registry.terraform.io/hashicorp/aws\"].aft_management",
      "instances": []
    },
    {
      "module": "module.aft.module.aft_code_repositories",
      "mode": "managed",
      "type": "aws_codeconnections_connection",
      "name": "azuredevops",
      "provider": "module.aft.provider[\"registry.terraform.io/hashicorp/aws\"].aft_management",
      "instances": []
    },
    {
      "module": "module.aft.module.aft_code_repositories",
      "mode": "managed",
      "type": "aws_codeconnections_connection",
      "name": "bitbucket",
      "provider": "module.aft.provider[\"registry.terraform.io/hashicorp/aws\"].aft_management",
      "instances": []
    },
    {
      "module": "module.aft.module.aft_code_repositories",
      "mode": "managed",
      "type": "aws_codeconnections_connection",
      "name": "github",
      "provider": "module.aft.provider[\"registry.terraform.io/hashicorp/aws\"].aft_management",
      "instances": [
        {
          "index_key": 0,
          "schema_version": 0,
          "attributes": {
            "arn": "arn:aws:codeconnections:us-east-1:209330743040:connection/1f7285bd-e79e-45fb-86f5-b644e759c902",
            "connection_status": "PENDING",
            "host_arn": null,
            "id": "arn:aws:codeconnections:us-east-1:209330743040:connection/1f7285bd-e79e-45fb-86f5-b644e759c902",
            "name": "ct-aft-github-connection",
            "owner_account_id": "209330743040",
            "provider_type": "GitHub",
            "region": "us-east-1",
            "tags": null,
            "tags_all": {
              "managed_by": "AFT"
            },
            "timeouts": null
          },
          "sensitive_attributes": [],
          "identity_schema_version": 0,
          "identity": {
            "arn": "arn:aws:codeconnections:us-east-1:209330743040:connection/1f7285bd-e79e-45fb-86f5-b644e759c902"
          },
          "dependencies": [
            "module.aft.data.aws_partition.current"
          ]
        }
      ]
    },
    {
      "module": "module.aft.module.aft_code_repositories",
      "mode": "managed",
      "type": "aws_codeconnections_connection",
      "name": "githubenterprise",
      "provider": "module.aft.provider[\"registry.terraform.io/hashicorp/aws\"].aft_management",
      "instances": []
    },
    {
      "module": "module.aft.module.aft_code_repositories",
      "mode": "managed",
      "type": "aws_codeconnections_connection",
      "name": "gitlab",
      "provider": "module.aft.provider[\"registry.terraform.io/hashicorp/aws\"].aft_management",
      "instances": []
    },
    {
      "module": "module.aft.module.aft_code_repositories",
      "mode": "managed",
      "type": "aws_codeconnections_connection",
      "name": "gitlabselfmanaged",
      "provider": "module.aft.provider[\"registry.terraform.io/hashicorp/aws\"].aft_management",
      "instances": []
    },
    {
      "module": "module.aft.module.aft_code_repositories",
      "mode": "managed",
      "type": "aws_codeconnections_host",
      "name": "githubenterprise",
      "provider": "module.aft.provider[\"registry.terraform.io/hashicorp/aws\"].aft_management",
      "instances": []
    },
    {
      "module": "module.aft.module.aft_code_repositories",
      "mode": "managed",
      "type": "aws_codeconnections_host",
      "name": "gitlabselfmanaged",
      "provider": "module.aft.provider[\"registry.terraform.io/hashicorp/aws\"].aft_management",
      "instances": []
    },
    {
      "module": "module.aft.module.aft_code_repositories",
      "mode": "managed",
      "type": "aws_codepipeline",
      "name": "codecommit_account_provisioning_customizations",
      "provider": "module.aft.provider[\"registry.terraform.io/hashicorp/aws\"].aft_management",
      "instances": []
    },
    {
      "module": "module.aft.module.aft_code_repositories",
      "mode": "managed",
      "type": "aws_codepipeline",
      "name": "codecommit_account_request",
      "provider": "module.aft.provider[\"registry.terraform.io/hashicorp/aws\"].aft_management",
      "instances": []
    },
    {
      "module": "module.aft.module.aft_code_repositories",
      "mode": "managed",
      "type": "aws_codepipeline",
      "name": "codeconnections_account_provisioning_customizations",
      "provider": "module.aft.provider[\"registry.terraform.io/hashicorp/aws\"].aft_management",
      "instances": [
        {
          "index_key": 0,
          "schema_version": 0,
          "attributes": {
            "arn": "arn:aws:codepipeline:us-east-1:209330743040:ct-aft-account-provisioning-customizations",
            "artifact_store": [
              {
                "encryption_key": [
                  {
                    "id": "arn:aws:kms:us-east-1:209330743040:key/89104c7a-ebe1-42ee-930b-caa51544f46a",
                    "type": "KMS"
                  }
                ],
                "location": "aft-customizations-pipeline-209330743040",
                "region": "",
                "type": "S3"
              }
            ],
            "execution_mode": "SUPERSEDED",
            "id": "ct-aft-account-provisioning-customizations",
            "name": "ct-aft-account-provisioning-customizations",
            "pipeline_type": "V2",
            "region": "us-east-1",
            "role_arn": "arn:aws:iam::209330743040:role/ct-aft-codepipeline-account-provisioning-customizations-role",
            "stage": [
              {
                "action": [
                  {
                    "category": "Source",
                    "configuration": {
                      "BranchName": "main",
                      "ConnectionArn": "arn:aws:codeconnections:us-east-1:209330743040:connection/1f7285bd-e79e-45fb-86f5-b644e759c902",
                      "DetectChanges": "true",
                      "FullRepositoryId": "NavenC/learn-terraform-aft-account-provisioning-customizations",
                      "OutputArtifactFormat": "CODE_ZIP"
                    },
                    "input_artifacts": [],
                    "name": "account-provisioning-customizations",
                    "namespace": "",
                    "output_artifacts": [
                      "account-provisioning-customizations"
                    ],
                    "owner": "AWS",
                    "provider": "CodeStarSourceConnection",
                    "region": "",
                    "role_arn": "",
                    "run_order": 1,
                    "timeout_in_minutes": 0,
                    "version": "1"
                  }
                ],
                "before_entry": [],
                "name": "Source",
                "on_failure": [],
                "on_success": []
              },
              {
                "action": [
                  {
                    "category": "Build",
                    "configuration": {
                      "ProjectName": "ct-aft-account-provisioning-customizations"
                    },
                    "input_artifacts": [
                      "account-provisioning-customizations"
                    ],
                    "name": "Apply-Terraform",
                    "namespace": "",
                    "output_artifacts": [
                      "account-provisioning-customizations-output"
                    ],
                    "owner": "AWS",
                    "provider": "CodeBuild",
                    "region": "",
                    "role_arn": "",
                    "run_order": 2,
                    "timeout_in_minutes": 0,
                    "version": "1"
                  }
                ],
                "before_entry": [],
                "name": "terraform-apply",
                "on_failure": [],
                "on_success": []
              }
            ],
            "tags": {},
            "tags_all": {
              "managed_by": "AFT"
            },
            "trigger": [],
            "trigger_all": [
              {
                "git_configuration": [
                  {
                    "pull_request": [],
                    "push": [
                      {
                        "branches": [
                          {
                            "excludes": [],
                            "includes": [
                              "main"
                            ]
                          }
                        ],
                        "file_paths": [],
                        "tags": []
                      }
                    ],
                    "source_action_name": "account-provisioning-customizations"
                  }
                ],
                "provider_type": "CodeStarSourceConnection"
              }
            ],
            "variable": []
          },
          "sensitive_attributes": [],
          "identity_schema_version": 0,
          "private": "bnVsbA==",
          "dependencies": [
            "module.aft.data.aws_partition.current",
            "module.aft.module.aft_account_request_framework.aws_kms_key.aft",
            "module.aft.module.aft_account_request_framework.aws_security_group.aft_vpc_default_sg",
            "module.aft.module.aft_account_request_framework.aws_subnet.aft_vpc_private_subnet_01",
            "module.aft.module.aft_account_request_framework.aws_subnet.aft_vpc_private_subnet_02",
            "module.aft.module.aft_account_request_framework.aws_vpc.aft_vpc",
            "module.aft.module.aft_account_request_framework.data.aws_availability_zones.available",
            "module.aft.module.aft_account_request_framework.data.aws_caller_identity.aft-management",
            "module.aft.module.aft_account_request_framework.data.aws_partition.current",
            "module.aft.module.aft_account_request_framework.data.aws_region.aft-management",
            "module.aft.module.aft_code_repositories.aws_cloudwatch_log_group.account_provisioning_customizations",
            "module.aft.module.aft_code_repositories.aws_cloudwatch_log_group.account_request",
            "module.aft.module.aft_code_repositories.aws_codebuild_project.account_provisioning_customizations_pipeline",
            "module.aft.module.aft_code_repositories.aws_codeconnections_connection.azuredevops",
            "module.aft.module.aft_code_repositories.aws_codeconnections_connection.bitbucket",
            "module.aft.module.aft_code_repositories.aws_codeconnections_connection.github",
            "module.aft.module.aft_code_repositories.aws_codeconnections_connection.githubenterprise",
            "module.aft.module.aft_code_repositories.aws_codeconnections_connection.gitlab",
            "module.aft.module.aft_code_repositories.aws_codeconnections_connection.gitlabselfmanaged",
            "module.aft.module.aft_code_repositories.aws_codeconnections_host.githubenterprise",
            "module.aft.module.aft_code_repositories.aws_codeconnections_host.gitlabselfmanaged",
            "module.aft.module.aft_code_repositories.aws_iam_role.account_provisioning_customizations_codebuild_role",
            "module.aft.module.aft_code_repositories.aws_iam_role.account_provisioning_customizations_codepipeline_role",
            "module.aft.module.aft_code_repositories.aws_iam_role.account_request_codebuild_role",
            "module.aft.module.aft_code_repositories.data.aws_partition.current",
            "module.aft.module.aft_code_repositories.data.local_file.account_provisioning_customizations_buildspec",
            "module.aft.module.aft_code_repositories.time_sleep.iam_eventual_consistency",
            "module.aft.module.aft_customizations.aws_s3_bucket.aft_codepipeline_customizations_bucket",
            "module.aft.module.aft_customizations.data.aws_caller_identity.current"
          ]
        }
      ]
    },
    {
      "module": "module.aft.module.aft_code_repositories",
      "mode": "managed",
      "type": "aws_codepipeline",
      "name": "codeconnections_account_request",
      "provider": "module.aft.provider[\"registry.terraform.io/hashicorp/aws\"].aft_management",
      "instances": [
        {
          "index_key": 0,
          "schema_version": 0,
          "attributes": {
            "arn": "arn:aws:codepipeline:us-east-1:209330743040:ct-aft-account-request",
            "artifact_store": [
              {
                "encryption_key": [
                  {
                    "id": "arn:aws:kms:us-east-1:209330743040:key/89104c7a-ebe1-42ee-930b-caa51544f46a",
                    "type": "KMS"
                  }
                ],
                "location": "aft-customizations-pipeline-209330743040",
                "region": "",
                "type": "S3"
              }
            ],
            "execution_mode": "SUPERSEDED",
            "id": "ct-aft-account-request",
            "name": "ct-aft-account-request",
            "pipeline_type": "V2",
            "region": "us-east-1",
            "role_arn": "arn:aws:iam::209330743040:role/ct-aft-codepipeline-account-request-role",
            "stage": [
              {
                "action": [
                  {
                    "category": "Source",
                    "configuration": {
                      "BranchName": "main",
                      "ConnectionArn": "arn:aws:codeconnections:us-east-1:209330743040:connection/1f7285bd-e79e-45fb-86f5-b644e759c902",
                      "DetectChanges": "true",
                      "FullRepositoryId": "NavenC/learn-terraform-aft-account-request",
                      "OutputArtifactFormat": "CODE_ZIP"
                    },
                    "input_artifacts": [],
                    "name": "account-request",
                    "namespace": "",
                    "output_artifacts": [
                      "account-request"
                    ],
                    "owner": "AWS",
                    "provider": "CodeStarSourceConnection",
                    "region": "",
                    "role_arn": "",
                    "run_order": 1,
                    "timeout_in_minutes": 0,
                    "version": "1"
                  }
                ],
                "before_entry": [],
                "name": "Source",
                "on_failure": [],
                "on_success": []
              },
              {
                "action": [
                  {
                    "category": "Build",
                    "configuration": {
                      "ProjectName": "ct-aft-account-request"
                    },
                    "input_artifacts": [
                      "account-request"
                    ],
                    "name": "Apply-Terraform",
                    "namespace": "",
                    "output_artifacts": [
                      "account-request-terraform"
                    ],
                    "owner": "AWS",
                    "provider": "CodeBuild",
                    "region": "",
                    "role_arn": "",
                    "run_order": 2,
                    "timeout_in_minutes": 0,
                    "version": "1"
                  }
                ],
                "before_entry": [],
                "name": "terraform-apply",
                "on_failure": [],
                "on_success": []
              }
            ],
            "tags": {},
            "tags_all": {
              "managed_by": "AFT"
            },
            "trigger": [],
            "trigger_all": [
              {
                "git_configuration": [
                  {
                    "pull_request": [],
                    "push": [
                      {
                        "branches": [
                          {
                            "excludes": [],
                            "includes": [
                              "main"
                            ]
                          }
                        ],
                        "file_paths": [],
                        "tags": []
                      }
                    ],
                    "source_action_name": "account-request"
                  }
                ],
                "provider_type": "CodeStarSourceConnection"
              }
            ],
            "variable": []
          },
          "sensitive_attributes": [],
          "identity_schema_version": 0,
          "private": "bnVsbA==",
          "dependencies": [
            "module.aft.data.aws_partition.current",
            "module.aft.module.aft_account_request_framework.aws_kms_key.aft",
            "module.aft.module.aft_account_request_framework.aws_security_group.aft_vpc_default_sg",
            "module.aft.module.aft_account_request_framework.aws_subnet.aft_vpc_private_subnet_01",
            "module.aft.module.aft_account_request_framework.aws_subnet.aft_vpc_private_subnet_02",
            "module.aft.module.aft_account_request_framework.aws_vpc.aft_vpc",
            "module.aft.module.aft_account_request_framework.data.aws_availability_zones.available",
            "module.aft.module.aft_account_request_framework.data.aws_caller_identity.aft-management",
            "module.aft.module.aft_account_request_framework.data.aws_partition.current",
            "module.aft.module.aft_account_request_framework.data.aws_region.aft-management",
            "module.aft.module.aft_code_repositories.aws_cloudwatch_log_group.account_request",
            "module.aft.module.aft_code_repositories.aws_codebuild_project.account_request",
            "module.aft.module.aft_code_repositories.aws_codeconnections_connection.azuredevops",
            "module.aft.module.aft_code_repositories.aws_codeconnections_connection.bitbucket",
            "module.aft.module.aft_code_repositories.aws_codeconnections_connection.github",
            "module.aft.module.aft_code_repositories.aws_codeconnections_connection.githubenterprise",
            "module.aft.module.aft_code_repositories.aws_codeconnections_connection.gitlab",
            "module.aft.module.aft_code_repositories.aws_codeconnections_connection.gitlabselfmanaged",
            "module.aft.module.aft_code_repositories.aws_codeconnections_host.githubenterprise",
            "module.aft.module.aft_code_repositories.aws_codeconnections_host.gitlabselfmanaged",
            "module.aft.module.aft_code_repositories.aws_iam_role.account_request_codebuild_role",
            "module.aft.module.aft_code_repositories.aws_iam_role.account_request_codepipeline_role",
            "module.aft.module.aft_code_repositories.data.aws_partition.current",
            "module.aft.module.aft_code_repositories.data.local_file.account_request_buildspec",
            "module.aft.module.aft_code_repositories.time_sleep.iam_eventual_consistency",
            "module.aft.module.aft_customizations.aws_s3_bucket.aft_codepipeline_customizations_bucket",
            "module.aft.module.aft_customizations.data.aws_caller_identity.current"
          ]
        }
      ]
    },
    {
      "module": "module.aft.module.aft_code_repositories",
      "mode": "managed",
      "type": "aws_iam_role",
      "name": "account_provisioning_customizations_codebuild_role",
      "provider": "module.aft.provider[\"registry.terraform.io/hashicorp/aws\"].aft_management",
      "instances": [
        {
          "schema_version": 0,
          "attributes": {
            "arn": "arn:aws:iam::209330743040:role/ct-aft-codebuild-account-provisioning-customizations-role",
            "assume_role_policy": "{\"Statement\":[{\"Action\":\"sts:AssumeRole\",\"Effect\":\"Allow\",\"Principal\":{\"Service\":\"codebuild.amazonaws.com\"}}],\"Version\":\"2012-10-17\"}",
            "create_date": "2026-03-03T12:28:42Z",
            "description": "",
            "force_detach_policies": false,
            "id": "ct-aft-codebuild-account-provisioning-customizations-role",
            "inline_policy": [
              {
                "name": "ct-aft-codebuild-account-provisioning-customizations-policy",
                "policy": "{\"Version\":\"2012-10-17\",\"Statement\":[{\"Action\":[\"logs:CreateLogStream\",\"logs:PutLogEvents\"],\"Effect\":\"Allow\",\"Resource\":\"arn:aws:logs:us-east-1:209330743040:log-group:/aws/codebuild/ct-aft*\"},{\"Action\":[\"ec2:CreateNetworkInterface\",\"ec2:DescribeDhcpOptions\",\"ec2:DescribeNetworkInterfaces\",\"ec2:DeleteNetworkInterface\",\"ec2:DescribeSubnets\",\"ec2:DescribeSecurityGroups\",\"ec2:DescribeVpcs\"],\"Effect\":\"Allow\",\"Resource\":\"*\"},{\"Action\":[\"ec2:CreateNetworkInterfacePermission\"],\"Effect\":\"Allow\",\"Resource\":[\"arn:aws:ec2:us-east-1:209330743040:network-interface/*\"]},{\"Action\":[\"dynamodb:*Item\"],\"Effect\":\"Allow\",\"Resource\":[\"arn:aws:dynamodb:us-east-1:209330743040:table/aft-request\"]},{\"Action\":[\"s3:GetObject\",\"s3:GetObjectVersion\",\"s3:GetBucketVersioning\",\"s3:List*\",\"s3:PutObjectAcl\",\"s3:PutObject\"],\"Effect\":\"Allow\",\"Resource\":[\"arn:aws:s3:::aft-customizations-pipeline-209330743040\",\"arn:aws:s3:::aft-customizations-pipeline-209330743040/*\"]},{\"Action\":[\"kms:Decrypt\",\"kms:Encrypt\",\"kms:GenerateDataKey\"],\"Effect\":\"Allow\",\"Resource\":\"arn:aws:kms:us-east-1:209330743040:key/89104c7a-ebe1-42ee-930b-caa51544f46a\"},{\"Action\":[\"ssm:GetParameters\",\"ssm:GetParameter\"],\"Effect\":\"Allow\",\"Resource\":[\"arn:aws:ssm:us-east-1:209330743040:parameter/aft/*\"]},{\"Action\":[\"codecommit:GetBranch\",\"codecommit:GetRepository\",\"codecommit:GetCommit\",\"codecommit:GitPull\",\"codecommit:UploadArchive\",\"codecommit:GetUploadArchiveStatus\",\"codecommit:CancelUploadArchive\"],\"Effect\":\"Allow\",\"Resource\":\"arn:aws:codecommit:us-east-1:209330743040:*account-request*\"},{\"Action\":[\"sts:AssumeRole\"],\"Effect\":\"Allow\",\"Resource\":[\"arn:aws:iam::209330743040:role/AWSAFTAdmin\"]}]}"
              },
              {
                "name": "ct-aft-codebuild-terraform-oss-backend-policy",
                "policy": "{\"Version\":\"2012-10-17\",\"Statement\":[{\"Action\":[\"dynamodb:*Item\"],\"Effect\":\"Allow\",\"Resource\":[\"arn:aws:dynamodb:us-east-1:209330743040:table/aft-backend-209330743040\"]},{\"Action\":[\"s3:GetObject\",\"s3:GetObjectVersion\",\"s3:GetBucketVersioning\",\"s3:List*\",\"s3:PutObjectAcl\",\"s3:PutObject\"],\"Effect\":\"Allow\",\"Resource\":[\"arn:aws:s3:::aft-backend-209330743040-primary-region\",\"arn:aws:s3:::aft-backend-209330743040-primary-region/*\"]},{\"Action\":[\"kms:Decrypt\",\"kms:Encrypt\",\"kms:GenerateDataKey\"],\"Effect\":\"Allow\",\"Resource\":\"arn:aws:kms:us-east-1:209330743040:key/32db27d3-73ca-4a83-9ca5-d3654c073b1b\"}]}"
              }
            ],
            "managed_policy_arns": [],
            "max_session_duration": 3600,
            "name": "ct-aft-codebuild-account-provisioning-customizations-role",
            "name_prefix": "",
            "path": "/",
            "permissions_boundary": "",
            "tags": {},
            "tags_all": {
              "managed_by": "AFT"
            },
            "unique_id": "AROATBPIVU4ABGRSWUCXN"
          },
          "sensitive_attributes": [],
          "identity_schema_version": 0,
          "identity": {
            "account_id": "209330743040",
            "name": "ct-aft-codebuild-account-provisioning-customizations-role"
          },
          "private": "bnVsbA==",
          "dependencies": [
            "module.aft.data.aws_partition.current"
          ]
        }
      ]
    },
    {
      "module": "module.aft.module.aft_code_repositories",
      "mode": "managed",
      "type": "aws_iam_role",
      "name": "account_provisioning_customizations_codepipeline_role",
      "provider": "module.aft.provider[\"registry.terraform.io/hashicorp/aws\"].aft_management",
      "instances": [
        {
          "schema_version": 0,
          "attributes": {
            "arn": "arn:aws:iam::209330743040:role/ct-aft-codepipeline-account-provisioning-customizations-role",
            "assume_role_policy": "{\"Statement\":[{\"Action\":\"sts:AssumeRole\",\"Effect\":\"Allow\",\"Principal\":{\"Service\":\"codepipeline.amazonaws.com\"}}],\"Version\":\"2012-10-17\"}",
            "create_date": "2026-03-03T12:28:31Z",
            "description": "",
            "force_detach_policies": false,
            "id": "ct-aft-codepipeline-account-provisioning-customizations-role",
            "inline_policy": [
              {
                "name": "ct-aft-codepipeline-account-provisioning-customizations-policy",
                "policy": "{\"Version\":\"2012-10-17\",\"Statement\":[{\"Action\":[\"s3:GetObject\",\"s3:GetObjectVersion\",\"s3:GetBucketVersioning\",\"s3:List*\",\"s3:PutObjectAcl\",\"s3:PutObject\"],\"Effect\":\"Allow\",\"Resource\":[\"arn:aws:s3:::aft-customizations-pipeline-209330743040\",\"arn:aws:s3:::aft-customizations-pipeline-209330743040/*\"]},{\"Action\":[\"codebuild:BatchGetBuilds\",\"codebuild:StartBuild\"],\"Effect\":\"Allow\",\"Resource\":\"arn:aws:codebuild:us-east-1:209330743040:*account-provisioning*\"},{\"Action\":[\"codecommit:GetBranch\",\"codecommit:GetRepository\",\"codecommit:GetCommit\",\"codecommit:GitPull\",\"codecommit:UploadArchive\",\"codecommit:GetUploadArchiveStatus\",\"codecommit:CancelUploadArchive\"],\"Effect\":\"Allow\",\"Resource\":\"arn:aws:codecommit:us-east-1:209330743040:*account-provisioning*\"},{\"Action\":[\"kms:Decrypt\",\"kms:Encrypt\",\"kms:GenerateDataKey\"],\"Effect\":\"Allow\",\"Resource\":\"arn:aws:kms:us-east-1:209330743040:key/89104c7a-ebe1-42ee-930b-caa51544f46a\"},{\"Action\":[\"codestar-connections:UseConnection\",\"codeconnections:UseConnection\"],\"Effect\":\"Allow\",\"Resource\":\"*\"}]}"
              }
            ],
            "managed_policy_arns": [],
            "max_session_duration": 3600,
            "name": "ct-aft-codepipeline-account-provisioning-customizations-role",
            "name_prefix": "",
            "path": "/",
            "permissions_boundary": "",
            "tags": {},
            "tags_all": {
              "managed_by": "AFT"
            },
            "unique_id": "AROATBPIVU4AKOIULM7GK"
          },
          "sensitive_attributes": [],
          "identity_schema_version": 0,
          "identity": {
            "account_id": "209330743040",
            "name": "ct-aft-codepipeline-account-provisioning-customizations-role"
          },
          "private": "bnVsbA==",
          "dependencies": [
            "module.aft.data.aws_partition.current"
          ]
        }
      ]
    },
    {
      "module": "module.aft.module.aft_code_repositories",
      "mode": "managed",
      "type": "aws_iam_role",
      "name": "account_request_codebuild_role",
      "provider": "module.aft.provider[\"registry.terraform.io/hashicorp/aws\"].aft_management",
      "instances": [
        {
          "schema_version": 0,
          "attributes": {
            "arn": "arn:aws:iam::209330743040:role/ct-aft-codebuild-account-request-role",
            "assume_role_policy": "{\"Statement\":[{\"Action\":\"sts:AssumeRole\",\"Effect\":\"Allow\",\"Principal\":{\"Service\":\"codebuild.amazonaws.com\"}}],\"Version\":\"2012-10-17\"}",
            "create_date": "2026-03-03T12:28:30Z",
            "description": "",
            "force_detach_policies": false,
            "id": "ct-aft-codebuild-account-request-role",
            "inline_policy": [
              {
                "name": "ct-aft-codebuild-account-request-policy",
                "policy": "{\"Version\":\"2012-10-17\",\"Statement\":[{\"Action\":[\"logs:CreateLogStream\",\"logs:PutLogEvents\"],\"Effect\":\"Allow\",\"Resource\":\"arn:aws:logs:us-east-1:209330743040:log-group:/aws/codebuild/ct-aft*\"},{\"Action\":[\"ec2:CreateNetworkInterface\",\"ec2:DescribeDhcpOptions\",\"ec2:DescribeNetworkInterfaces\",\"ec2:DeleteNetworkInterface\",\"ec2:DescribeSubnets\",\"ec2:DescribeSecurityGroups\",\"ec2:DescribeVpcs\"],\"Effect\":\"Allow\",\"Resource\":\"*\"},{\"Action\":[\"ec2:CreateNetworkInterfacePermission\"],\"Effect\":\"Allow\",\"Resource\":[\"arn:aws:ec2:us-east-1:209330743040:network-interface/*\"]},{\"Action\":[\"dynamodb:*Item\"],\"Effect\":\"Allow\",\"Resource\":[\"arn:aws:dynamodb:us-east-1:209330743040:table/aft-request\"]},{\"Action\":[\"s3:GetObject\",\"s3:GetObjectVersion\",\"s3:GetBucketVersioning\",\"s3:List*\",\"s3:PutObjectAcl\",\"s3:PutObject\"],\"Effect\":\"Allow\",\"Resource\":[\"arn:aws:s3:::aft-customizations-pipeline-209330743040\",\"arn:aws:s3:::aft-customizations-pipeline-209330743040/*\"]},{\"Action\":[\"kms:Decrypt\",\"kms:Encrypt\",\"kms:GenerateDataKey\"],\"Effect\":\"Allow\",\"Resource\":\"arn:aws:kms:us-east-1:209330743040:key/89104c7a-ebe1-42ee-930b-caa51544f46a\"},{\"Action\":[\"ssm:GetParameters\",\"ssm:GetParameter\"],\"Effect\":\"Allow\",\"Resource\":[\"arn:aws:ssm:us-east-1:209330743040:parameter/aft/*\"]},{\"Action\":[\"codecommit:GetBranch\",\"codecommit:GetRepository\",\"codecommit:GetCommit\",\"codecommit:GitPull\",\"codecommit:UploadArchive\",\"codecommit:GetUploadArchiveStatus\",\"codecommit:CancelUploadArchive\"],\"Effect\":\"Allow\",\"Resource\":\"arn:aws:codecommit:us-east-1:209330743040:*account-request*\"},{\"Action\":[\"sts:AssumeRole\"],\"Effect\":\"Allow\",\"Resource\":[\"arn:aws:iam::209330743040:role/AWSAFTAdmin\"]}]}"
              },
              {
                "name": "ct-aft-codebuild-terraform-oss-backend-policy",
                "policy": "{\"Version\":\"2012-10-17\",\"Statement\":[{\"Action\":[\"dynamodb:*Item\"],\"Effect\":\"Allow\",\"Resource\":[\"arn:aws:dynamodb:us-east-1:209330743040:table/aft-backend-209330743040\"]},{\"Action\":[\"s3:GetObject\",\"s3:GetObjectVersion\",\"s3:GetBucketVersioning\",\"s3:List*\",\"s3:PutObjectAcl\",\"s3:PutObject\"],\"Effect\":\"Allow\",\"Resource\":[\"arn:aws:s3:::aft-backend-209330743040-primary-region\",\"arn:aws:s3:::aft-backend-209330743040-primary-region/*\"]},{\"Action\":[\"kms:Decrypt\",\"kms:Encrypt\",\"kms:GenerateDataKey\"],\"Effect\":\"Allow\",\"Resource\":\"arn:aws:kms:us-east-1:209330743040:key/32db27d3-73ca-4a83-9ca5-d3654c073b1b\"}]}"
              }
            ],
            "managed_policy_arns": [],
            "max_session_duration": 3600,
            "name": "ct-aft-codebuild-account-request-role",
            "name_prefix": "",
            "path": "/",
            "permissions_boundary": "",
            "tags": {},
            "tags_all": {
              "managed_by": "AFT"
            },
            "unique_id": "AROATBPIVU4ACD64VI6JN"
          },
          "sensitive_attributes": [],
          "identity_schema_version": 0,
          "identity": {
            "account_id": "209330743040",
            "name": "ct-aft-codebuild-account-request-role"
          },
          "private": "bnVsbA==",
          "dependencies": [
            "module.aft.data.aws_partition.current"
          ]
        }
      ]
    },
    {
      "module": "module.aft.module.aft_code_repositories",
      "mode": "managed",
      "type": "aws_iam_role",
      "name": "account_request_codepipeline_role",
      "provider": "module.aft.provider[\"registry.terraform.io/hashicorp/aws\"].aft_management",
      "instances": [
        {
          "schema_version": 0,
          "attributes": {
            "arn": "arn:aws:iam::209330743040:role/ct-aft-codepipeline-account-request-role",
            "assume_role_policy": "{\"Statement\":[{\"Action\":\"sts:AssumeRole\",\"Effect\":\"Allow\",\"Principal\":{\"Service\":\"codepipeline.amazonaws.com\"}}],\"Version\":\"2012-10-17\"}",
            "create_date": "2026-03-03T12:28:38Z",
            "description": "",
            "force_detach_policies": false,
            "id": "ct-aft-codepipeline-account-request-role",
            "inline_policy": [
              {
                "name": "ct-aft-codepipeline-account-request-policy",
                "policy": "{\"Version\":\"2012-10-17\",\"Statement\":[{\"Action\":[\"s3:GetObject\",\"s3:GetObjectVersion\",\"s3:GetBucketVersioning\",\"s3:List*\",\"s3:PutObjectAcl\",\"s3:PutObject\"],\"Effect\":\"Allow\",\"Resource\":[\"arn:aws:s3:::aft-customizations-pipeline-209330743040\",\"arn:aws:s3:::aft-customizations-pipeline-209330743040/*\"]},{\"Action\":[\"codebuild:BatchGetBuilds\",\"codebuild:StartBuild\"],\"Effect\":\"Allow\",\"Resource\":\"arn:aws:codebuild:us-east-1:209330743040:*account-request*\"},{\"Action\":[\"codecommit:GetBranch\",\"codecommit:GetRepository\",\"codecommit:GetCommit\",\"codecommit:GitPull\",\"codecommit:UploadArchive\",\"codecommit:GetUploadArchiveStatus\",\"codecommit:CancelUploadArchive\"],\"Effect\":\"Allow\",\"Resource\":\"arn:aws:codecommit:us-east-1:209330743040:*account-request*\"},{\"Action\":[\"kms:Decrypt\",\"kms:Encrypt\",\"kms:GenerateDataKey\"],\"Effect\":\"Allow\",\"Resource\":\"arn:aws:kms:us-east-1:209330743040:key/89104c7a-ebe1-42ee-930b-caa51544f46a\"},{\"Action\":[\"codestar-connections:UseConnection\",\"codeconnections:UseConnection\"],\"Effect\":\"Allow\",\"Resource\":\"*\"}]}"
              }
            ],
            "managed_policy_arns": [],
            "max_session_duration": 3600,
            "name": "ct-aft-codepipeline-account-request-role",
            "name_prefix": "",
            "path": "/",
            "permissions_boundary": "",
            "tags": {},
            "tags_all": {
              "managed_by": "AFT"
            },
            "unique_id": "AROATBPIVU4AO7RWHEHLF"
          },
          "sensitive_attributes": [],
          "identity_schema_version": 0,
          "identity": {
            "account_id": "209330743040",
            "name": "ct-aft-codepipeline-account-request-role"
          },
          "private": "bnVsbA==",
          "dependencies": [
            "module.aft.data.aws_partition.current"
          ]
        }
      ]
    },
    {
      "module": "module.aft.module.aft_code_repositories",
      "mode": "managed",
      "type": "aws_iam_role",
      "name": "cloudwatch_events_codepipeline_role",
      "provider": "module.aft.provider[\"registry.terraform.io/hashicorp/aws\"].aft_management",
      "instances": []
    },
    {
      "module": "module.aft.module.aft_code_repositories",
      "mode": "managed",
      "type": "aws_iam_role_policy",
      "name": "account_provisioning_customizations_codebuild_policy",
      "provider": "module.aft.provider[\"registry.terraform.io/hashicorp/aws\"].aft_management",
      "instances": [
        {
          "schema_version": 0,
          "attributes": {
            "id": "ct-aft-codebuild-account-provisioning-customizations-role:ct-aft-codebuild-account-provisioning-customizations-policy",
            "name": "ct-aft-codebuild-account-provisioning-customizations-policy",
            "name_prefix": "",
            "policy": "{\"Version\":\"2012-10-17\",\"Statement\":[{\"Action\":[\"logs:CreateLogStream\",\"logs:PutLogEvents\"],\"Effect\":\"Allow\",\"Resource\":\"arn:aws:logs:us-east-1:209330743040:log-group:/aws/codebuild/ct-aft*\"},{\"Action\":[\"ec2:CreateNetworkInterface\",\"ec2:DescribeDhcpOptions\",\"ec2:DescribeNetworkInterfaces\",\"ec2:DeleteNetworkInterface\",\"ec2:DescribeSubnets\",\"ec2:DescribeSecurityGroups\",\"ec2:DescribeVpcs\"],\"Effect\":\"Allow\",\"Resource\":\"*\"},{\"Action\":[\"ec2:CreateNetworkInterfacePermission\"],\"Effect\":\"Allow\",\"Resource\":[\"arn:aws:ec2:us-east-1:209330743040:network-interface/*\"]},{\"Action\":[\"dynamodb:*Item\"],\"Effect\":\"Allow\",\"Resource\":[\"arn:aws:dynamodb:us-east-1:209330743040:table/aft-request\"]},{\"Action\":[\"s3:GetObject\",\"s3:GetObjectVersion\",\"s3:GetBucketVersioning\",\"s3:List*\",\"s3:PutObjectAcl\",\"s3:PutObject\"],\"Effect\":\"Allow\",\"Resource\":[\"arn:aws:s3:::aft-customizations-pipeline-209330743040\",\"arn:aws:s3:::aft-customizations-pipeline-209330743040/*\"]},{\"Action\":[\"kms:Decrypt\",\"kms:Encrypt\",\"kms:GenerateDataKey\"],\"Effect\":\"Allow\",\"Resource\":\"arn:aws:kms:us-east-1:209330743040:key/89104c7a-ebe1-42ee-930b-caa51544f46a\"},{\"Action\":[\"ssm:GetParameters\",\"ssm:GetParameter\"],\"Effect\":\"Allow\",\"Resource\":[\"arn:aws:ssm:us-east-1:209330743040:parameter/aft/*\"]},{\"Action\":[\"codecommit:GetBranch\",\"codecommit:GetRepository\",\"codecommit:GetCommit\",\"codecommit:GitPull\",\"codecommit:UploadArchive\",\"codecommit:GetUploadArchiveStatus\",\"codecommit:CancelUploadArchive\"],\"Effect\":\"Allow\",\"Resource\":\"arn:aws:codecommit:us-east-1:209330743040:*account-request*\"},{\"Action\":[\"sts:AssumeRole\"],\"Effect\":\"Allow\",\"Resource\":[\"arn:aws:iam::209330743040:role/AWSAFTAdmin\"]}]}",
            "role": "ct-aft-codebuild-account-provisioning-customizations-role"
          },
          "sensitive_attributes": [],
          "identity_schema_version": 0,
          "identity": {
            "account_id": "209330743040",
            "name": "ct-aft-codebuild-account-provisioning-customizations-policy",
            "role": "ct-aft-codebuild-account-provisioning-customizations-role"
          },
          "private": "bnVsbA==",
          "dependencies": [
            "module.aft.data.aws_partition.current",
            "module.aft.module.aft_account_request_framework.aws_dynamodb_table.aft_request",
            "module.aft.module.aft_account_request_framework.aws_kms_key.aft",
            "module.aft.module.aft_account_request_framework.data.aws_caller_identity.aft-management",
            "module.aft.module.aft_account_request_framework.data.aws_partition.current",
            "module.aft.module.aft_account_request_framework.data.aws_region.aft-management",
            "module.aft.module.aft_code_repositories.aws_iam_role.account_provisioning_customizations_codebuild_role",
            "module.aft.module.aft_code_repositories.data.aws_caller_identity.current",
            "module.aft.module.aft_code_repositories.data.aws_partition.current",
            "module.aft.module.aft_code_repositories.data.aws_region.current",
            "module.aft.module.aft_customizations.aws_s3_bucket.aft_codepipeline_customizations_bucket",
            "module.aft.module.aft_customizations.data.aws_caller_identity.current"
          ]
        }
      ]
    },
    {
      "module": "module.aft.module.aft_code_repositories",
      "mode": "managed",
      "type": "aws_iam_role_policy",
      "name": "account_provisioning_customizations_codepipeline_policy",
      "provider": "module.aft.provider[\"registry.terraform.io/hashicorp/aws\"].aft_management",
      "instances": [
        {
          "schema_version": 0,
          "attributes": {
            "id": "ct-aft-codepipeline-account-provisioning-customizations-role:ct-aft-codepipeline-account-provisioning-customizations-policy",
            "name": "ct-aft-codepipeline-account-provisioning-customizations-policy",
            "name_prefix": "",
            "policy": "{\"Version\":\"2012-10-17\",\"Statement\":[{\"Action\":[\"s3:GetObject\",\"s3:GetObjectVersion\",\"s3:GetBucketVersioning\",\"s3:List*\",\"s3:PutObjectAcl\",\"s3:PutObject\"],\"Effect\":\"Allow\",\"Resource\":[\"arn:aws:s3:::aft-customizations-pipeline-209330743040\",\"arn:aws:s3:::aft-customizations-pipeline-209330743040/*\"]},{\"Action\":[\"codebuild:BatchGetBuilds\",\"codebuild:StartBuild\"],\"Effect\":\"Allow\",\"Resource\":\"arn:aws:codebuild:us-east-1:209330743040:*account-provisioning*\"},{\"Action\":[\"codecommit:GetBranch\",\"codecommit:GetRepository\",\"codecommit:GetCommit\",\"codecommit:GitPull\",\"codecommit:UploadArchive\",\"codecommit:GetUploadArchiveStatus\",\"codecommit:CancelUploadArchive\"],\"Effect\":\"Allow\",\"Resource\":\"arn:aws:codecommit:us-east-1:209330743040:*account-provisioning*\"},{\"Action\":[\"kms:Decrypt\",\"kms:Encrypt\",\"kms:GenerateDataKey\"],\"Effect\":\"Allow\",\"Resource\":\"arn:aws:kms:us-east-1:209330743040:key/89104c7a-ebe1-42ee-930b-caa51544f46a\"},{\"Action\":[\"codestar-connections:UseConnection\",\"codeconnections:UseConnection\"],\"Effect\":\"Allow\",\"Resource\":\"*\"}]}",
            "role": "ct-aft-codepipeline-account-provisioning-customizations-role"
          },
          "sensitive_attributes": [],
          "identity_schema_version": 0,
          "identity": {
            "account_id": "209330743040",
            "name": "ct-aft-codepipeline-account-provisioning-customizations-policy",
            "role": "ct-aft-codepipeline-account-provisioning-customizations-role"
          },
          "private": "bnVsbA==",
          "dependencies": [
            "module.aft.data.aws_partition.current",
            "module.aft.module.aft_account_request_framework.aws_kms_key.aft",
            "module.aft.module.aft_account_request_framework.data.aws_caller_identity.aft-management",
            "module.aft.module.aft_account_request_framework.data.aws_partition.current",
            "module.aft.module.aft_account_request_framework.data.aws_region.aft-management",
            "module.aft.module.aft_code_repositories.aws_iam_role.account_provisioning_customizations_codepipeline_role",
            "module.aft.module.aft_code_repositories.data.aws_caller_identity.current",
            "module.aft.module.aft_code_repositories.data.aws_partition.current",
            "module.aft.module.aft_code_repositories.data.aws_region.current",
            "module.aft.module.aft_customizations.aws_s3_bucket.aft_codepipeline_customizations_bucket",
            "module.aft.module.aft_customizations.data.aws_caller_identity.current"
          ]
        }
      ]
    },
    {
      "module": "module.aft.module.aft_code_repositories",
      "mode": "managed",
      "type": "aws_iam_role_policy",
      "name": "account_request_codebuild_policy",
      "provider": "module.aft.provider[\"registry.terraform.io/hashicorp/aws\"].aft_management",
      "instances": [
        {
          "schema_version": 0,
          "attributes": {
            "id": "ct-aft-codebuild-account-request-role:ct-aft-codebuild-account-request-policy",
            "name": "ct-aft-codebuild-account-request-policy",
            "name_prefix": "",
            "policy": "{\"Version\":\"2012-10-17\",\"Statement\":[{\"Action\":[\"logs:CreateLogStream\",\"logs:PutLogEvents\"],\"Effect\":\"Allow\",\"Resource\":\"arn:aws:logs:us-east-1:209330743040:log-group:/aws/codebuild/ct-aft*\"},{\"Action\":[\"ec2:CreateNetworkInterface\",\"ec2:DescribeDhcpOptions\",\"ec2:DescribeNetworkInterfaces\",\"ec2:DeleteNetworkInterface\",\"ec2:DescribeSubnets\",\"ec2:DescribeSecurityGroups\",\"ec2:DescribeVpcs\"],\"Effect\":\"Allow\",\"Resource\":\"*\"},{\"Action\":[\"ec2:CreateNetworkInterfacePermission\"],\"Effect\":\"Allow\",\"Resource\":[\"arn:aws:ec2:us-east-1:209330743040:network-interface/*\"]},{\"Action\":[\"dynamodb:*Item\"],\"Effect\":\"Allow\",\"Resource\":[\"arn:aws:dynamodb:us-east-1:209330743040:table/aft-request\"]},{\"Action\":[\"s3:GetObject\",\"s3:GetObjectVersion\",\"s3:GetBucketVersioning\",\"s3:List*\",\"s3:PutObjectAcl\",\"s3:PutObject\"],\"Effect\":\"Allow\",\"Resource\":[\"arn:aws:s3:::aft-customizations-pipeline-209330743040\",\"arn:aws:s3:::aft-customizations-pipeline-209330743040/*\"]},{\"Action\":[\"kms:Decrypt\",\"kms:Encrypt\",\"kms:GenerateDataKey\"],\"Effect\":\"Allow\",\"Resource\":\"arn:aws:kms:us-east-1:209330743040:key/89104c7a-ebe1-42ee-930b-caa51544f46a\"},{\"Action\":[\"ssm:GetParameters\",\"ssm:GetParameter\"],\"Effect\":\"Allow\",\"Resource\":[\"arn:aws:ssm:us-east-1:209330743040:parameter/aft/*\"]},{\"Action\":[\"codecommit:GetBranch\",\"codecommit:GetRepository\",\"codecommit:GetCommit\",\"codecommit:GitPull\",\"codecommit:UploadArchive\",\"codecommit:GetUploadArchiveStatus\",\"codecommit:CancelUploadArchive\"],\"Effect\":\"Allow\",\"Resource\":\"arn:aws:codecommit:us-east-1:209330743040:*account-request*\"},{\"Action\":[\"sts:AssumeRole\"],\"Effect\":\"Allow\",\"Resource\":[\"arn:aws:iam::209330743040:role/AWSAFTAdmin\"]}]}",
            "role": "ct-aft-codebuild-account-request-role"
          },
          "sensitive_attributes": [],
          "identity_schema_version": 0,
          "identity": {
            "account_id": "209330743040",
            "name": "ct-aft-codebuild-account-request-policy",
            "role": "ct-aft-codebuild-account-request-role"
          },
          "private": "bnVsbA==",
          "dependencies": [
            "module.aft.data.aws_partition.current",
            "module.aft.module.aft_account_request_framework.aws_dynamodb_table.aft_request",
            "module.aft.module.aft_account_request_framework.aws_kms_key.aft",
            "module.aft.module.aft_account_request_framework.data.aws_caller_identity.aft-management",
            "module.aft.module.aft_account_request_framework.data.aws_partition.current",
            "module.aft.module.aft_account_request_framework.data.aws_region.aft-management",
            "module.aft.module.aft_code_repositories.aws_iam_role.account_request_codebuild_role",
            "module.aft.module.aft_code_repositories.data.aws_caller_identity.current",
            "module.aft.module.aft_code_repositories.data.aws_partition.current",
            "module.aft.module.aft_code_repositories.data.aws_region.current",
            "module.aft.module.aft_customizations.aws_s3_bucket.aft_codepipeline_customizations_bucket",
            "module.aft.module.aft_customizations.data.aws_caller_identity.current"
          ]
        }
      ]
    },
    {
      "module": "module.aft.module.aft_code_repositories",
      "mode": "managed",
      "type": "aws_iam_role_policy",
      "name": "account_request_codepipeline_policy",
      "provider": "module.aft.provider[\"registry.terraform.io/hashicorp/aws\"].aft_management",
      "instances": [
        {
          "schema_version": 0,
          "attributes": {
            "id": "ct-aft-codepipeline-account-request-role:ct-aft-codepipeline-account-request-policy",
            "name": "ct-aft-codepipeline-account-request-policy",
            "name_prefix": "",
            "policy": "{\"Version\":\"2012-10-17\",\"Statement\":[{\"Action\":[\"s3:GetObject\",\"s3:GetObjectVersion\",\"s3:GetBucketVersioning\",\"s3:List*\",\"s3:PutObjectAcl\",\"s3:PutObject\"],\"Effect\":\"Allow\",\"Resource\":[\"arn:aws:s3:::aft-customizations-pipeline-209330743040\",\"arn:aws:s3:::aft-customizations-pipeline-209330743040/*\"]},{\"Action\":[\"codebuild:BatchGetBuilds\",\"codebuild:StartBuild\"],\"Effect\":\"Allow\",\"Resource\":\"arn:aws:codebuild:us-east-1:209330743040:*account-request*\"},{\"Action\":[\"codecommit:GetBranch\",\"codecommit:GetRepository\",\"codecommit:GetCommit\",\"codecommit:GitPull\",\"codecommit:UploadArchive\",\"codecommit:GetUploadArchiveStatus\",\"codecommit:CancelUploadArchive\"],\"Effect\":\"Allow\",\"Resource\":\"arn:aws:codecommit:us-east-1:209330743040:*account-request*\"},{\"Action\":[\"kms:Decrypt\",\"kms:Encrypt\",\"kms:GenerateDataKey\"],\"Effect\":\"Allow\",\"Resource\":\"arn:aws:kms:us-east-1:209330743040:key/89104c7a-ebe1-42ee-930b-caa51544f46a\"},{\"Action\":[\"codestar-connections:UseConnection\",\"codeconnections:UseConnection\"],\"Effect\":\"Allow\",\"Resource\":\"*\"}]}",
            "role": "ct-aft-codepipeline-account-request-role"
          },
          "sensitive_attributes": [],
          "identity_schema_version": 0,
          "identity": {
            "account_id": "209330743040",
            "name": "ct-aft-codepipeline-account-request-policy",
            "role": "ct-aft-codepipeline-account-request-role"
          },
          "private": "bnVsbA==",
          "dependencies": [
            "module.aft.data.aws_partition.current",
            "module.aft.module.aft_account_request_framework.aws_kms_key.aft",
            "module.aft.module.aft_account_request_framework.data.aws_caller_identity.aft-management",
            "module.aft.module.aft_account_request_framework.data.aws_partition.current",
            "module.aft.module.aft_account_request_framework.data.aws_region.aft-management",
            "module.aft.module.aft_code_repositories.aws_iam_role.account_request_codepipeline_role",
            "module.aft.module.aft_code_repositories.data.aws_caller_identity.current",
            "module.aft.module.aft_code_repositories.data.aws_partition.current",
            "module.aft.module.aft_code_repositories.data.aws_region.current",
            "module.aft.module.aft_customizations.aws_s3_bucket.aft_codepipeline_customizations_bucket",
            "module.aft.module.aft_customizations.data.aws_caller_identity.current"
          ]
        }
      ]
    },
    {
      "module": "module.aft.module.aft_code_repositories",
      "mode": "managed",
      "type": "aws_iam_role_policy",
      "name": "cloudwatch_events_codepipeline_role",
      "provider": "module.aft.provider[\"registry.terraform.io/hashicorp/aws\"].aft_management",
      "instances": []
    },
    {
      "module": "module.aft.module.aft_code_repositories",
      "mode": "managed",
      "type": "aws_iam_role_policy",
      "name": "terraform_oss_backend_account_provisioning_customizations_codebuild_policy",
      "provider": "module.aft.provider[\"registry.terraform.io/hashicorp/aws\"].aft_management",
      "instances": [
        {
          "index_key": 0,
          "schema_version": 0,
          "attributes": {
            "id": "ct-aft-codebuild-account-provisioning-customizations-role:ct-aft-codebuild-terraform-oss-backend-policy",
            "name": "ct-aft-codebuild-terraform-oss-backend-policy",
            "name_prefix": "",
            "policy": "{\"Version\":\"2012-10-17\",\"Statement\":[{\"Action\":[\"dynamodb:*Item\"],\"Effect\":\"Allow\",\"Resource\":[\"arn:aws:dynamodb:us-east-1:209330743040:table/aft-backend-209330743040\"]},{\"Action\":[\"s3:GetObject\",\"s3:GetObjectVersion\",\"s3:GetBucketVersioning\",\"s3:List*\",\"s3:PutObjectAcl\",\"s3:PutObject\"],\"Effect\":\"Allow\",\"Resource\":[\"arn:aws:s3:::aft-backend-209330743040-primary-region\",\"arn:aws:s3:::aft-backend-209330743040-primary-region/*\"]},{\"Action\":[\"kms:Decrypt\",\"kms:Encrypt\",\"kms:GenerateDataKey\"],\"Effect\":\"Allow\",\"Resource\":\"arn:aws:kms:us-east-1:209330743040:key/32db27d3-73ca-4a83-9ca5-d3654c073b1b\"}]}",
            "role": "ct-aft-codebuild-account-provisioning-customizations-role"
          },
          "sensitive_attributes": [],
          "identity_schema_version": 0,
          "identity": {
            "account_id": "209330743040",
            "name": "ct-aft-codebuild-terraform-oss-backend-policy",
            "role": "ct-aft-codebuild-account-provisioning-customizations-role"
          },
          "private": "bnVsbA==",
          "dependencies": [
            "module.aft.data.aws_partition.current",
            "module.aft.module.aft_backend.aws_dynamodb_table.lock-table",
            "module.aft.module.aft_backend.aws_kms_key.encrypt-primary-region",
            "module.aft.module.aft_backend.aws_kms_key.encrypt-secondary-region",
            "module.aft.module.aft_backend.aws_s3_bucket.primary-backend-bucket",
            "module.aft.module.aft_backend.data.aws_caller_identity.current",
            "module.aft.module.aft_code_repositories.aws_iam_role.account_provisioning_customizations_codebuild_role",
            "module.aft.module.aft_code_repositories.data.aws_caller_identity.current",
            "module.aft.module.aft_code_repositories.data.aws_partition.current",
            "module.aft.module.aft_code_repositories.data.aws_region.current"
          ]
        }
      ]
    },
    {
      "module": "module.aft.module.aft_code_repositories",
      "mode": "managed",
      "type": "aws_iam_role_policy",
      "name": "terraform_oss_backend_account_request_codebuild_policy",
      "provider": "module.aft.provider[\"registry.terraform.io/hashicorp/aws\"].aft_management",
      "instances": [
        {
          "index_key": 0,
          "schema_version": 0,
          "attributes": {
            "id": "ct-aft-codebuild-account-request-role:ct-aft-codebuild-terraform-oss-backend-policy",
            "name": "ct-aft-codebuild-terraform-oss-backend-policy",
            "name_prefix": "",
            "policy": "{\"Version\":\"2012-10-17\",\"Statement\":[{\"Action\":[\"dynamodb:*Item\"],\"Effect\":\"Allow\",\"Resource\":[\"arn:aws:dynamodb:us-east-1:209330743040:table/aft-backend-209330743040\"]},{\"Action\":[\"s3:GetObject\",\"s3:GetObjectVersion\",\"s3:GetBucketVersioning\",\"s3:List*\",\"s3:PutObjectAcl\",\"s3:PutObject\"],\"Effect\":\"Allow\",\"Resource\":[\"arn:aws:s3:::aft-backend-209330743040-primary-region\",\"arn:aws:s3:::aft-backend-209330743040-primary-region/*\"]},{\"Action\":[\"kms:Decrypt\",\"kms:Encrypt\",\"kms:GenerateDataKey\"],\"Effect\":\"Allow\",\"Resource\":\"arn:aws:kms:us-east-1:209330743040:key/32db27d3-73ca-4a83-9ca5-d3654c073b1b\"}]}",
            "role": "ct-aft-codebuild-account-request-role"
          },
          "sensitive_attributes": [],
          "identity_schema_version": 0,
          "identity": {
            "account_id": "209330743040",
            "name": "ct-aft-codebuild-terraform-oss-backend-policy",
            "role": "ct-aft-codebuild-account-request-role"
          },
          "private": "bnVsbA==",
          "dependencies": [
            "module.aft.data.aws_partition.current",
            "module.aft.module.aft_backend.aws_dynamodb_table.lock-table",
            "module.aft.module.aft_backend.aws_kms_key.encrypt-primary-region",
            "module.aft.module.aft_backend.aws_kms_key.encrypt-secondary-region",
            "module.aft.module.aft_backend.aws_s3_bucket.primary-backend-bucket",
            "module.aft.module.aft_backend.data.aws_caller_identity.current",
            "module.aft.module.aft_code_repositories.aws_iam_role.account_request_codebuild_role",
            "module.aft.module.aft_code_repositories.data.aws_caller_identity.current",
            "module.aft.module.aft_code_repositories.data.aws_partition.current",
            "module.aft.module.aft_code_repositories.data.aws_region.current"
          ]
        }
      ]
    },
    {
      "module": "module.aft.module.aft_code_repositories",
      "mode": "managed",
      "type": "time_sleep",
      "name": "iam_eventual_consistency",
      "provider": "provider[\"registry.terraform.io/hashicorp/time\"]",
      "instances": [
        {
          "schema_version": 0,
          "attributes": {
            "create_duration": "60s",
            "destroy_duration": null,
            "id": "2026-03-03T12:29:42Z",
            "triggers": null
          },
          "sensitive_attributes": [],
          "identity_schema_version": 0,
          "dependencies": [
            "module.aft.data.aws_partition.current",
            "module.aft.module.aft_code_repositories.aws_iam_role.account_request_codebuild_role"
          ]
        }
      ]
    },
    {
      "module": "module.aft.module.aft_customizations",
      "mode": "data",
      "type": "aws_caller_identity",
      "name": "aft_management",
      "provider": "module.aft.provider[\"registry.terraform.io/hashicorp/aws\"].aft_management",
      "instances": [
        {
          "schema_version": 0,
          "attributes": {
            "account_id": "209330743040",
            "arn": "arn:aws:sts::209330743040:assumed-role/AWSControlTowerExecution/AWSAFT-Session",
            "id": "209330743040",
            "user_id": "AROATBPIVU4AJUUQ7NUJB:AWSAFT-Session"
          },
          "sensitive_attributes": [],
          "identity_schema_version": 0
        }
      ]
    },
    {
      "module": "module.aft.module.aft_customizations",
      "mode": "data",
      "type": "aws_caller_identity",
      "name": "current",
      "provider": "module.aft.provider[\"registry.terraform.io/hashicorp/aws\"].aft_management",
      "instances": [
        {
          "schema_version": 0,
          "attributes": {
            "account_id": "209330743040",
            "arn": "arn:aws:sts::209330743040:assumed-role/AWSControlTowerExecution/AWSAFT-Session",
            "id": "209330743040",
            "user_id": "AROATBPIVU4AJUUQ7NUJB:AWSAFT-Session"
          },
          "sensitive_attributes": [],
          "identity_schema_version": 0
        }
      ]
    },
    {
      "module": "module.aft.module.aft_customizations",
      "mode": "data",
      "type": "aws_iam_policy",
      "name": "AWSLambdaBasicExecutionRole",
      "provider": "module.aft.provider[\"registry.terraform.io/hashicorp/aws\"].aft_management",
      "instances": [
        {
          "schema_version": 0,
          "attributes": {
            "arn": "arn:aws:iam::aws:policy/service-role/AWSLambdaBasicExecutionRole",
            "attachment_count": 17,
            "description": "Provides write permissions to CloudWatch Logs.",
            "id": "arn:aws:iam::aws:policy/service-role/AWSLambdaBasicExecutionRole",
            "name": "AWSLambdaBasicExecutionRole",
            "path": "/service-role/",
            "path_prefix": null,
            "policy": "{\"Statement\":[{\"Action\":[\"logs:CreateLogGroup\",\"logs:CreateLogStream\",\"logs:PutLogEvents\"],\"Effect\":\"Allow\",\"Resource\":\"*\"}],\"Version\":\"2012-10-17\"}",
            "policy_id": "ANPAJNCQGXC42545SKXIK",
            "tags": {}
          },
          "sensitive_attributes": [],
          "identity_schema_version": 0
        }
      ]
    },
    {
      "module": "module.aft.module.aft_customizations",
      "mode": "data",
      "type": "aws_iam_policy",
      "name": "AWSLambdaVPCAccessExecutionRole",
      "provider": "module.aft.provider[\"registry.terraform.io/hashicorp/aws\"].aft_management",
      "instances": [
        {
          "schema_version": 0,
          "attributes": {
            "arn": "arn:aws:iam::aws:policy/service-role/AWSLambdaVPCAccessExecutionRole",
            "attachment_count": 16,
            "description": "Provides minimum permissions for a Lambda function to execute while accessing a resource within a VPC - create, describe, delete network interfaces and write permissions to CloudWatch Logs. ",
            "id": "arn:aws:iam::aws:policy/service-role/AWSLambdaVPCAccessExecutionRole",
            "name": "AWSLambdaVPCAccessExecutionRole",
            "path": "/service-role/",
            "path_prefix": null,
            "policy": "{\"Statement\":[{\"Action\":[\"logs:CreateLogGroup\",\"logs:CreateLogStream\",\"logs:PutLogEvents\",\"ec2:CreateNetworkInterface\",\"ec2:DescribeNetworkInterfaces\",\"ec2:DescribeSubnets\",\"ec2:DeleteNetworkInterface\",\"ec2:AssignPrivateIpAddresses\",\"ec2:UnassignPrivateIpAddresses\"],\"Effect\":\"Allow\",\"Resource\":\"*\",\"Sid\":\"AWSLambdaVPCAccessExecutionPermissions\"}],\"Version\":\"2012-10-17\"}",
            "policy_id": "ANPAJVTME3YLVNL72YR2K",
            "tags": {}
          },
          "sensitive_attributes": [],
          "identity_schema_version": 0
        }
      ]
    },
    {
      "module": "module.aft.module.aft_customizations",
      "mode": "data",
      "type": "aws_partition",
      "name": "current",
      "provider": "module.aft.provider[\"registry.terraform.io/hashicorp/aws\"].aft_management",
      "instances": [
        {
          "schema_version": 0,
          "attributes": {
            "dns_suffix": "amazonaws.com",
            "id": "aws",
            "partition": "aws",
            "reverse_dns_prefix": "com.amazonaws"
          },
          "sensitive_attributes": [],
          "identity_schema_version": 0
        }
      ]
    },
    {
      "module": "module.aft.module.aft_customizations",
      "mode": "data",
      "type": "aws_region",
      "name": "aft_management",
      "provider": "module.aft.provider[\"registry.terraform.io/hashicorp/aws\"].aft_management",
      "instances": [
        {
          "schema_version": 0,
          "attributes": {
            "description": "US East (N. Virginia)",
            "endpoint": "ec2.us-east-1.amazonaws.com",
            "id": "us-east-1",
            "name": "us-east-1",
            "region": "us-east-1"
          },
          "sensitive_attributes": [],
          "identity_schema_version": 0
        }
      ]
    },
    {
      "module": "module.aft.module.aft_customizations",
      "mode": "data",
      "type": "aws_region",
      "name": "current",
      "provider": "module.aft.provider[\"registry.terraform.io/hashicorp/aws\"].aft_management",
      "instances": [
        {
          "schema_version": 0,
          "attributes": {
            "description": "US East (N. Virginia)",
            "endpoint": "ec2.us-east-1.amazonaws.com",
            "id": "us-east-1",
            "name": "us-east-1",
            "region": "us-east-1"
          },
          "sensitive_attributes": [],
          "identity_schema_version": 0
        }
      ]
    },
    {
      "module": "module.aft.module.aft_customizations",
      "mode": "data",
      "type": "local_file",
      "name": "aft_account_customizations_terraform",
      "provider": "provider[\"registry.terraform.io/hashicorp/local\"]",
      "instances": [
        {
          "schema_version": 0,
          "attributes": {
            "content": "# Copyright Amazon.com, Inc. or its affiliates. All rights reserved.\r\n# SPDX-License-Identifier: Apache-2.0\r\n#\r\nversion: 0.2\r\n\r\nphases:\r\n  install:\r\n    on-failure: ABORT\r\n    commands:\r\n      - set -e\r\n      # Populate Required Variables\r\n      - DEFAULT_PATH=$(pwd)\r\n      - TIMESTAMP=$(date '+%Y-%m-%d %H:%M:%S')\r\n      - TF_VERSION=$(aws ssm get-parameter --name \"/aft/config/terraform/version\" --query \"Parameter.Value\" --output text)\r\n      - TF_DISTRIBUTION=$(aws ssm get-parameter --name \"/aft/config/terraform/distribution\" --query \"Parameter.Value\" --output text)\r\n      - CT_MGMT_REGION=$(aws ssm get-parameter --name \"/aft/config/ct-management-region\" --query \"Parameter.Value\" --output text)\r\n      - AFT_MGMT_ACCOUNT=$(aws ssm get-parameter --name \"/aft/account/aft-management/account-id\" --query \"Parameter.Value\" --output text)\r\n      - AFT_EXEC_ROLE_ARN=arn:$AWS_PARTITION:iam::$AFT_MGMT_ACCOUNT:role/AWSAFTExecution\r\n      - VENDED_EXEC_ROLE_ARN=arn:$AWS_PARTITION:iam::$VENDED_ACCOUNT_ID:role/AWSAFTExecution\r\n      - AFT_ADMIN_ROLE_NAME=$(aws ssm get-parameter --name /aft/resources/iam/aft-administrator-role-name | jq --raw-output \".Parameter.Value\")\r\n      - AFT_ADMIN_ROLE_ARN=arn:$AWS_PARTITION:iam::$AFT_MGMT_ACCOUNT:role/$AFT_ADMIN_ROLE_NAME\r\n      - ROLE_SESSION_NAME=$(aws ssm get-parameter --name /aft/resources/iam/aft-session-name | jq --raw-output \".Parameter.Value\")\r\n      - |\r\n        CUSTOMIZATION=$(aws dynamodb get-item --table-name aft-request-metadata --key \"{\\\"id\\\": {\\\"S\\\": \\\"$VENDED_ACCOUNT_ID\\\"}}\" --attributes-to-get \"account_customizations_name\" | jq --raw-output \".Item.account_customizations_name.S\")\r\n\r\n      # Check if customization directory exists       \r\n      - |\r\n        if [[ ! -z \"$CUSTOMIZATION\" ]]; then  \r\n          if [[ ! -d \"$DEFAULT_PATH/$CUSTOMIZATION\" ]]; then\r\n            echo \"Error: ${CUSTOMIZATION} directory does not exist\"\r\n            exit 1\r\n          fi\r\n          \r\n          echo \"Found customization\" $CUSTOMIZATION\r\n\r\n          # Configure Development SSH Key\r\n          ssh_key_parameter=$(aws ssm get-parameter --name /aft/config/aft-ssh-key --with-decryption 2\u003e /dev/null || echo \"None\")\r\n\r\n          if [[ $ssh_key_parameter != \"None\" ]]; then\r\n            ssh_key=$(jq --raw-output \".Parameter.Value\" \u003c\u003c\u003c $ssh_key_parameter)\r\n            mkdir -p ~/.ssh\r\n            echo \"Host *\" \u003e\u003e ~/.ssh/config\r\n            echo \"StrictHostKeyChecking no\" \u003e\u003e ~/.ssh/config\r\n            echo \"UserKnownHostsFile=/dev/null\" \u003e\u003e ~/.ssh/config\r\n            echo \"$ssh_key\" \u003e ~/.ssh/ssh_key\r\n            echo -e \"\\n\\n\" \u003e\u003e  ~/.ssh/ssh_key\r\n            chmod 600 ~/.ssh/ssh_key\r\n            eval \"$(ssh-agent -s)\"\r\n            ssh-add ~/.ssh/ssh_key\r\n          fi   \r\n\r\n          # Clone AFT\r\n          AWS_MODULE_SOURCE=$(aws ssm get-parameter --name \"/aft/config/aft-pipeline-code-source/repo-url\" --query \"Parameter.Value\" --output text)\r\n          AWS_MODULE_GIT_REF=$(aws ssm get-parameter --name \"/aft/config/aft-pipeline-code-source/repo-git-ref\" --query \"Parameter.Value\" --output text)\r\n          git config --global credential.helper '!aws codecommit credential-helper $@'\r\n          git config --global credential.UseHttpPath true\r\n          git clone --quiet -b $AWS_MODULE_GIT_REF $AWS_MODULE_SOURCE aws-aft-core-framework\r\n\r\n          # Install AFT Python Dependencies\r\n          python3 -m venv $DEFAULT_PATH/aft-venv\r\n          $DEFAULT_PATH/aft-venv/bin/pip install -U pip\r\n          $DEFAULT_PATH/aft-venv/bin/pip install jinja2-cli==0.7.0 Jinja2==3.0.1 MarkupSafe==2.0.1 boto3==1.18.56 requests==2.26.0\r\n\r\n          # Install API Helper Python Dependencies\r\n          python3 -m venv $DEFAULT_PATH/api-helpers-venv\r\n          $DEFAULT_PATH/api-helpers-venv/bin/pip install -r $DEFAULT_PATH/$CUSTOMIZATION/api_helpers/python/requirements.txt\r\n\r\n          # Mark helper scripts as executable\r\n          chmod +x $DEFAULT_PATH/$CUSTOMIZATION/api_helpers/pre-api-helpers.sh\r\n          chmod +x $DEFAULT_PATH/$CUSTOMIZATION/api_helpers/post-api-helpers.sh\r\n\r\n          # Generate session profiles\r\n          chmod +x $DEFAULT_PATH/aws-aft-core-framework/sources/scripts/creds.sh\r\n          $DEFAULT_PATH/aws-aft-core-framework/sources/scripts/creds.sh\r\n        fi\r\n\r\n\r\n  pre_build:\r\n    on-failure: ABORT\r\n    commands:\r\n      - |\r\n        if [[ ! -z \"$CUSTOMIZATION\" ]]; then \r\n          source $DEFAULT_PATH/api-helpers-venv/bin/activate\r\n          export AWS_PROFILE=aft-target\r\n          $DEFAULT_PATH/$CUSTOMIZATION/api_helpers/pre-api-helpers.sh || exit 1\r\n          unset AWS_PROFILE\r\n        fi\r\n\r\n  build:\r\n    on-failure: CONTINUE\r\n    commands:\r\n      # Apply Customizations\r\n      - |\r\n        if [[ ! -z \"$CUSTOMIZATION\" ]]; then \r\n          source $DEFAULT_PATH/aft-venv/bin/activate\r\n          if [ $TF_DISTRIBUTION = \"oss\" ]; then\r\n            TF_BACKEND_REGION=$(aws ssm get-parameter --name \"/aft/config/oss-backend/primary-region\" --query \"Parameter.Value\" --output text)\r\n            TF_KMS_KEY_ID=$(aws ssm get-parameter --name \"/aft/config/oss-backend/kms-key-id\" --query \"Parameter.Value\" --output text)\r\n            TF_DDB_TABLE=$(aws ssm get-parameter --name \"/aft/config/oss-backend/table-id\" --query \"Parameter.Value\" --output text)\r\n            TF_S3_BUCKET=$(aws ssm get-parameter --name \"/aft/config/oss-backend/bucket-id\" --query \"Parameter.Value\" --output text)\r\n            TF_S3_KEY=$VENDED_ACCOUNT_ID-aft-account-customizations/terraform.tfstate\r\n\r\n            cd /tmp\r\n            echo \"Installing Terraform\"\r\n            curl -q -o terraform_${TF_VERSION}_linux_amd64.zip https://releases.hashicorp.com/terraform/${TF_VERSION}/terraform_${TF_VERSION}_linux_amd64.zip\r\n            mkdir -p /opt/aft/bin\r\n            unzip -q -o terraform_${TF_VERSION}_linux_amd64.zip \r\n            mv terraform /opt/aft/bin\r\n            /opt/aft/bin/terraform -no-color --version\r\n\r\n            cd $DEFAULT_PATH/$CUSTOMIZATION/terraform\r\n            if ls *.jinja \u003e/dev/null 2\u003e\u00261; then\r\n              for f in *.jinja; do\r\n                jinja2 \"$f\" -D timestamp=\"$TIMESTAMP\" -D tf_distribution_type=\"$TF_DISTRIBUTION\" \\\r\n                  -D provider_region=\"$CT_MGMT_REGION\" -D region=\"$TF_BACKEND_REGION\" \\\r\n                  -D aft_admin_role_arn=\"$AFT_EXEC_ROLE_ARN\" -D target_admin_role_arn=\"$VENDED_EXEC_ROLE_ARN\" \\\r\n                  -D bucket=\"$TF_S3_BUCKET\" -D key=\"$TF_S3_KEY\" -D dynamodb_table=\"$TF_DDB_TABLE\" \\\r\n                  -D kms_key_id=\"$TF_KMS_KEY_ID\" -D tf_version=\"$TF_VERSION\" \u003e\u003e \"./$(basename \"$f\" .jinja).tf\"\r\n              done\r\n            else\r\n              echo \"No Jinja2 templates found - skipping template processing\"\r\n            fi\r\n            for f in *.tf; do echo \"\\n \\n\"; echo $f; cat $f; done\r\n            \r\n            cd $DEFAULT_PATH/$CUSTOMIZATION/terraform\r\n            export AWS_PROFILE=aft-management-admin\r\n            /opt/aft/bin/terraform init -no-color\r\n            /opt/aft/bin/terraform apply -no-color --auto-approve\r\n          else\r\n            TF_BACKEND_REGION=$(aws ssm get-parameter --name \"/aft/config/oss-backend/primary-region\" --query \"Parameter.Value\" --output text)\r\n            TF_ORG_NAME=$(aws ssm get-parameter --name \"/aft/config/terraform/org-name\" --query \"Parameter.Value\" --output text)\r\n            TF_TOKEN=$(aws ssm get-parameter --name \"/aft/config/terraform/token\" --with-decryption --query \"Parameter.Value\" --output text)\r\n            TF_ENDPOINT=$(aws ssm get-parameter --name \"/aft/config/terraform/api-endpoint\" --query \"Parameter.Value\" --output text)\r\n            TF_PROJECT_NAME=$(aws ssm get-parameter --name \"/aft/config/terraform/project-name\" --query \"Parameter.Value\" --output text)\r\n            TF_WORKSPACE_NAME=$VENDED_ACCOUNT_ID-aft-account-customizations\r\n            TF_CONFIG_PATH=\"./temp_configuration_file.tar.gz\"\r\n\r\n            cd $DEFAULT_PATH/$CUSTOMIZATION/terraform\r\n            if ls *.jinja \u003e/dev/null 2\u003e\u00261; then\r\n              for f in *.jinja; do\r\n                jinja2 \"$f\" -D timestamp=\"$TIMESTAMP\" -D provider_region=\"$CT_MGMT_REGION\" \\\r\n                  -D tf_distribution_type=\"$TF_DISTRIBUTION\" -D aft_admin_role_arn=\"$AFT_EXEC_ROLE_ARN\" \\\r\n                  -D target_admin_role_arn=\"$VENDED_EXEC_ROLE_ARN\" -D terraform_org_name=\"$TF_ORG_NAME\" \\\r\n                  -D terraform_workspace_name=\"$TF_WORKSPACE_NAME\"  \u003e\u003e \"./$(basename \"$f\" .jinja).tf\"\r\n              done\r\n            else\r\n              echo \"No Jinja2 templates found - skipping template processing\"\r\n            fi\r\n            for f in *.tf; do echo \"\\n \\n\"; echo $f; cat $f; done\r\n            \r\n            cd $DEFAULT_PATH/$CUSTOMIZATION\r\n            tar -czf temp_configuration_file.tar.gz -C terraform --exclude .git --exclude venv .\r\n            python3 $DEFAULT_PATH/aws-aft-core-framework/sources/scripts/workspace_manager.py --operation \"deploy\" --organization_name $TF_ORG_NAME --workspace_name $TF_WORKSPACE_NAME --assume_role_arn $AFT_ADMIN_ROLE_ARN --assume_role_session_name $ROLE_SESSION_NAME --api_endpoint $TF_ENDPOINT --api_token $TF_TOKEN --terraform_version $TF_VERSION --config_file $TF_CONFIG_PATH --project_name \"$TF_PROJECT_NAME\"\r\n          fi\r\n        fi\r\n  post_build:\r\n    on-failure: ABORT\r\n    commands:\r\n      - |\r\n        if [[ ! -z \"$CUSTOMIZATION\" ]]; then\r\n          export PYTHONPATH=\"$DEFAULT_PATH/aws-aft-core-framework/sources/aft-lambda-layer:$PYTHONPATH\"\r\n          export AWS_PROFILE=aft-management\r\n          python3 $DEFAULT_PATH/aws-aft-core-framework/sources/aft-lambda-layer/aft_common/metrics.py --codebuild-name \"aft-account-customizations\" --codebuild-status $CODEBUILD_BUILD_SUCCEEDING\r\n          unset AWS_PROFILE\r\n        fi\r\n      - |\r\n        if [[ $CODEBUILD_BUILD_SUCCEEDING == 0 ]]; then\r\n          exit 1\r\n        fi\r\n      - |\r\n        if [[ ! -z \"$CUSTOMIZATION\" ]]; then \r\n          source $DEFAULT_PATH/api-helpers-venv/bin/activate\r\n          export AWS_PROFILE=aft-target\r\n          $DEFAULT_PATH/$CUSTOMIZATION/api_helpers/post-api-helpers.sh || exit 1\r\n        fi\r\n",
            "content_base64": "IyBDb3B5cmlnaHQgQW1hem9uLmNvbSwgSW5jLiBvciBpdHMgYWZmaWxpYXRlcy4gQWxsIHJpZ2h0cyByZXNlcnZlZC4NCiMgU1BEWC1MaWNlbnNlLUlkZW50aWZpZXI6IEFwYWNoZS0yLjANCiMNCnZlcnNpb246IDAuMg0KDQpwaGFzZXM6DQogIGluc3RhbGw6DQogICAgb24tZmFpbHVyZTogQUJPUlQNCiAgICBjb21tYW5kczoNCiAgICAgIC0gc2V0IC1lDQogICAgICAjIFBvcHVsYXRlIFJlcXVpcmVkIFZhcmlhYmxlcw0KICAgICAgLSBERUZBVUxUX1BBVEg9JChwd2QpDQogICAgICAtIFRJTUVTVEFNUD0kKGRhdGUgJyslWS0lbS0lZCAlSDolTTolUycpDQogICAgICAtIFRGX1ZFUlNJT049JChhd3Mgc3NtIGdldC1wYXJhbWV0ZXIgLS1uYW1lICIvYWZ0L2NvbmZpZy90ZXJyYWZvcm0vdmVyc2lvbiIgLS1xdWVyeSAiUGFyYW1ldGVyLlZhbHVlIiAtLW91dHB1dCB0ZXh0KQ0KICAgICAgLSBURl9ESVNUUklCVVRJT049JChhd3Mgc3NtIGdldC1wYXJhbWV0ZXIgLS1uYW1lICIvYWZ0L2NvbmZpZy90ZXJyYWZvcm0vZGlzdHJpYnV0aW9uIiAtLXF1ZXJ5ICJQYXJhbWV0ZXIuVmFsdWUiIC0tb3V0cHV0IHRleHQpDQogICAgICAtIENUX01HTVRfUkVHSU9OPSQoYXdzIHNzbSBnZXQtcGFyYW1ldGVyIC0tbmFtZSAiL2FmdC9jb25maWcvY3QtbWFuYWdlbWVudC1yZWdpb24iIC0tcXVlcnkgIlBhcmFtZXRlci5WYWx1ZSIgLS1vdXRwdXQgdGV4dCkNCiAgICAgIC0gQUZUX01HTVRfQUNDT1VOVD0kKGF3cyBzc20gZ2V0LXBhcmFtZXRlciAtLW5hbWUgIi9hZnQvYWNjb3VudC9hZnQtbWFuYWdlbWVudC9hY2NvdW50LWlkIiAtLXF1ZXJ5ICJQYXJhbWV0ZXIuVmFsdWUiIC0tb3V0cHV0IHRleHQpDQogICAgICAtIEFGVF9FWEVDX1JPTEVfQVJOPWFybjokQVdTX1BBUlRJVElPTjppYW06OiRBRlRfTUdNVF9BQ0NPVU5UOnJvbGUvQVdTQUZURXhlY3V0aW9uDQogICAgICAtIFZFTkRFRF9FWEVDX1JPTEVfQVJOPWFybjokQVdTX1BBUlRJVElPTjppYW06OiRWRU5ERURfQUNDT1VOVF9JRDpyb2xlL0FXU0FGVEV4ZWN1dGlvbg0KICAgICAgLSBBRlRfQURNSU5fUk9MRV9OQU1FPSQoYXdzIHNzbSBnZXQtcGFyYW1ldGVyIC0tbmFtZSAvYWZ0L3Jlc291cmNlcy9pYW0vYWZ0LWFkbWluaXN0cmF0b3Itcm9sZS1uYW1lIHwganEgLS1yYXctb3V0cHV0ICIuUGFyYW1ldGVyLlZhbHVlIikNCiAgICAgIC0gQUZUX0FETUlOX1JPTEVfQVJOPWFybjokQVdTX1BBUlRJVElPTjppYW06OiRBRlRfTUdNVF9BQ0NPVU5UOnJvbGUvJEFGVF9BRE1JTl9ST0xFX05BTUUNCiAgICAgIC0gUk9MRV9TRVNTSU9OX05BTUU9JChhd3Mgc3NtIGdldC1wYXJhbWV0ZXIgLS1uYW1lIC9hZnQvcmVzb3VyY2VzL2lhbS9hZnQtc2Vzc2lvbi1uYW1lIHwganEgLS1yYXctb3V0cHV0ICIuUGFyYW1ldGVyLlZhbHVlIikNCiAgICAgIC0gfA0KICAgICAgICBDVVNUT01JWkFUSU9OPSQoYXdzIGR5bmFtb2RiIGdldC1pdGVtIC0tdGFibGUtbmFtZSBhZnQtcmVxdWVzdC1tZXRhZGF0YSAtLWtleSAie1wiaWRcIjoge1wiU1wiOiBcIiRWRU5ERURfQUNDT1VOVF9JRFwifX0iIC0tYXR0cmlidXRlcy10by1nZXQgImFjY291bnRfY3VzdG9taXphdGlvbnNfbmFtZSIgfCBqcSAtLXJhdy1vdXRwdXQgIi5JdGVtLmFjY291bnRfY3VzdG9taXphdGlvbnNfbmFtZS5TIikNCg0KICAgICAgIyBDaGVjayBpZiBjdXN0b21pemF0aW9uIGRpcmVjdG9yeSBleGlzdHMgICAgICAgDQogICAgICAtIHwNCiAgICAgICAgaWYgW1sgISAteiAiJENVU1RPTUlaQVRJT04iIF1dOyB0aGVuICANCiAgICAgICAgICBpZiBbWyAhIC1kICIkREVGQVVMVF9QQVRILyRDVVNUT01JWkFUSU9OIiBdXTsgdGhlbg0KICAgICAgICAgICAgZWNobyAiRXJyb3I6ICR7Q1VTVE9NSVpBVElPTn0gZGlyZWN0b3J5IGRvZXMgbm90IGV4aXN0Ig0KICAgICAgICAgICAgZXhpdCAxDQogICAgICAgICAgZmkNCiAgICAgICAgICANCiAgICAgICAgICBlY2hvICJGb3VuZCBjdXN0b21pemF0aW9uIiAkQ1VTVE9NSVpBVElPTg0KDQogICAgICAgICAgIyBDb25maWd1cmUgRGV2ZWxvcG1lbnQgU1NIIEtleQ0KICAgICAgICAgIHNzaF9rZXlfcGFyYW1ldGVyPSQoYXdzIHNzbSBnZXQtcGFyYW1ldGVyIC0tbmFtZSAvYWZ0L2NvbmZpZy9hZnQtc3NoLWtleSAtLXdpdGgtZGVjcnlwdGlvbiAyPiAvZGV2L251bGwgfHwgZWNobyAiTm9uZSIpDQoNCiAgICAgICAgICBpZiBbWyAkc3NoX2tleV9wYXJhbWV0ZXIgIT0gIk5vbmUiIF1dOyB0aGVuDQogICAgICAgICAgICBzc2hfa2V5PSQoanEgLS1yYXctb3V0cHV0ICIuUGFyYW1ldGVyLlZhbHVlIiA8PDwgJHNzaF9rZXlfcGFyYW1ldGVyKQ0KICAgICAgICAgICAgbWtkaXIgLXAgfi8uc3NoDQogICAgICAgICAgICBlY2hvICJIb3N0ICoiID4+IH4vLnNzaC9jb25maWcNCiAgICAgICAgICAgIGVjaG8gIlN0cmljdEhvc3RLZXlDaGVja2luZyBubyIgPj4gfi8uc3NoL2NvbmZpZw0KICAgICAgICAgICAgZWNobyAiVXNlcktub3duSG9zdHNGaWxlPS9kZXYvbnVsbCIgPj4gfi8uc3NoL2NvbmZpZw0KICAgICAgICAgICAgZWNobyAiJHNzaF9rZXkiID4gfi8uc3NoL3NzaF9rZXkNCiAgICAgICAgICAgIGVjaG8gLWUgIlxuXG4iID4+ICB+Ly5zc2gvc3NoX2tleQ0KICAgICAgICAgICAgY2htb2QgNjAwIH4vLnNzaC9zc2hfa2V5DQogICAgICAgICAgICBldmFsICIkKHNzaC1hZ2VudCAtcykiDQogICAgICAgICAgICBzc2gtYWRkIH4vLnNzaC9zc2hfa2V5DQogICAgICAgICAgZmkgICANCg0KICAgICAgICAgICMgQ2xvbmUgQUZUDQogICAgICAgICAgQVdTX01PRFVMRV9TT1VSQ0U9JChhd3Mgc3NtIGdldC1wYXJhbWV0ZXIgLS1uYW1lICIvYWZ0L2NvbmZpZy9hZnQtcGlwZWxpbmUtY29kZS1zb3VyY2UvcmVwby11cmwiIC0tcXVlcnkgIlBhcmFtZXRlci5WYWx1ZSIgLS1vdXRwdXQgdGV4dCkNCiAgICAgICAgICBBV1NfTU9EVUxFX0dJVF9SRUY9JChhd3Mgc3NtIGdldC1wYXJhbWV0ZXIgLS1uYW1lICIvYWZ0L2NvbmZpZy9hZnQtcGlwZWxpbmUtY29kZS1zb3VyY2UvcmVwby1naXQtcmVmIiAtLXF1ZXJ5ICJQYXJhbWV0ZXIuVmFsdWUiIC0tb3V0cHV0IHRleHQpDQogICAgICAgICAgZ2l0IGNvbmZpZyAtLWdsb2JhbCBjcmVkZW50aWFsLmhlbHBlciAnIWF3cyBjb2RlY29tbWl0IGNyZWRlbnRpYWwtaGVscGVyICRAJw0KICAgICAgICAgIGdpdCBjb25maWcgLS1nbG9iYWwgY3JlZGVudGlhbC5Vc2VIdHRwUGF0aCB0cnVlDQogICAgICAgICAgZ2l0IGNsb25lIC0tcXVpZXQgLWIgJEFXU19NT0RVTEVfR0lUX1JFRiAkQVdTX01PRFVMRV9TT1VSQ0UgYXdzLWFmdC1jb3JlLWZyYW1ld29yaw0KDQogICAgICAgICAgIyBJbnN0YWxsIEFGVCBQeXRob24gRGVwZW5kZW5jaWVzDQogICAgICAgICAgcHl0aG9uMyAtbSB2ZW52ICRERUZBVUxUX1BBVEgvYWZ0LXZlbnYNCiAgICAgICAgICAkREVGQVVMVF9QQVRIL2FmdC12ZW52L2Jpbi9waXAgaW5zdGFsbCAtVSBwaXANCiAgICAgICAgICAkREVGQVVMVF9QQVRIL2FmdC12ZW52L2Jpbi9waXAgaW5zdGFsbCBqaW5qYTItY2xpPT0wLjcuMCBKaW5qYTI9PTMuMC4xIE1hcmt1cFNhZmU9PTIuMC4xIGJvdG8zPT0xLjE4LjU2IHJlcXVlc3RzPT0yLjI2LjANCg0KICAgICAgICAgICMgSW5zdGFsbCBBUEkgSGVscGVyIFB5dGhvbiBEZXBlbmRlbmNpZXMNCiAgICAgICAgICBweXRob24zIC1tIHZlbnYgJERFRkFVTFRfUEFUSC9hcGktaGVscGVycy12ZW52DQogICAgICAgICAgJERFRkFVTFRfUEFUSC9hcGktaGVscGVycy12ZW52L2Jpbi9waXAgaW5zdGFsbCAtciAkREVGQVVMVF9QQVRILyRDVVNUT01JWkFUSU9OL2FwaV9oZWxwZXJzL3B5dGhvbi9yZXF1aXJlbWVudHMudHh0DQoNCiAgICAgICAgICAjIE1hcmsgaGVscGVyIHNjcmlwdHMgYXMgZXhlY3V0YWJsZQ0KICAgICAgICAgIGNobW9kICt4ICRERUZBVUxUX1BBVEgvJENVU1RPTUlaQVRJT04vYXBpX2hlbHBlcnMvcHJlLWFwaS1oZWxwZXJzLnNoDQogICAgICAgICAgY2htb2QgK3ggJERFRkFVTFRfUEFUSC8kQ1VTVE9NSVpBVElPTi9hcGlfaGVscGVycy9wb3N0LWFwaS1oZWxwZXJzLnNoDQoNCiAgICAgICAgICAjIEdlbmVyYXRlIHNlc3Npb24gcHJvZmlsZXMNCiAgICAgICAgICBjaG1vZCAreCAkREVGQVVMVF9QQVRIL2F3cy1hZnQtY29yZS1mcmFtZXdvcmsvc291cmNlcy9zY3JpcHRzL2NyZWRzLnNoDQogICAgICAgICAgJERFRkFVTFRfUEFUSC9hd3MtYWZ0LWNvcmUtZnJhbWV3b3JrL3NvdXJjZXMvc2NyaXB0cy9jcmVkcy5zaA0KICAgICAgICBmaQ0KDQoNCiAgcHJlX2J1aWxkOg0KICAgIG9uLWZhaWx1cmU6IEFCT1JUDQogICAgY29tbWFuZHM6DQogICAgICAtIHwNCiAgICAgICAgaWYgW1sgISAteiAiJENVU1RPTUlaQVRJT04iIF1dOyB0aGVuIA0KICAgICAgICAgIHNvdXJjZSAkREVGQVVMVF9QQVRIL2FwaS1oZWxwZXJzLXZlbnYvYmluL2FjdGl2YXRlDQogICAgICAgICAgZXhwb3J0IEFXU19QUk9GSUxFPWFmdC10YXJnZXQNCiAgICAgICAgICAkREVGQVVMVF9QQVRILyRDVVNUT01JWkFUSU9OL2FwaV9oZWxwZXJzL3ByZS1hcGktaGVscGVycy5zaCB8fCBleGl0IDENCiAgICAgICAgICB1bnNldCBBV1NfUFJPRklMRQ0KICAgICAgICBmaQ0KDQogIGJ1aWxkOg0KICAgIG9uLWZhaWx1cmU6IENPTlRJTlVFDQogICAgY29tbWFuZHM6DQogICAgICAjIEFwcGx5IEN1c3RvbWl6YXRpb25zDQogICAgICAtIHwNCiAgICAgICAgaWYgW1sgISAteiAiJENVU1RPTUlaQVRJT04iIF1dOyB0aGVuIA0KICAgICAgICAgIHNvdXJjZSAkREVGQVVMVF9QQVRIL2FmdC12ZW52L2Jpbi9hY3RpdmF0ZQ0KICAgICAgICAgIGlmIFsgJFRGX0RJU1RSSUJVVElPTiA9ICJvc3MiIF07IHRoZW4NCiAgICAgICAgICAgIFRGX0JBQ0tFTkRfUkVHSU9OPSQoYXdzIHNzbSBnZXQtcGFyYW1ldGVyIC0tbmFtZSAiL2FmdC9jb25maWcvb3NzLWJhY2tlbmQvcHJpbWFyeS1yZWdpb24iIC0tcXVlcnkgIlBhcmFtZXRlci5WYWx1ZSIgLS1vdXRwdXQgdGV4dCkNCiAgICAgICAgICAgIFRGX0tNU19LRVlfSUQ9JChhd3Mgc3NtIGdldC1wYXJhbWV0ZXIgLS1uYW1lICIvYWZ0L2NvbmZpZy9vc3MtYmFja2VuZC9rbXMta2V5LWlkIiAtLXF1ZXJ5ICJQYXJhbWV0ZXIuVmFsdWUiIC0tb3V0cHV0IHRleHQpDQogICAgICAgICAgICBURl9EREJfVEFCTEU9JChhd3Mgc3NtIGdldC1wYXJhbWV0ZXIgLS1uYW1lICIvYWZ0L2NvbmZpZy9vc3MtYmFja2VuZC90YWJsZS1pZCIgLS1xdWVyeSAiUGFyYW1ldGVyLlZhbHVlIiAtLW91dHB1dCB0ZXh0KQ0KICAgICAgICAgICAgVEZfUzNfQlVDS0VUPSQoYXdzIHNzbSBnZXQtcGFyYW1ldGVyIC0tbmFtZSAiL2FmdC9jb25maWcvb3NzLWJhY2tlbmQvYnVja2V0LWlkIiAtLXF1ZXJ5ICJQYXJhbWV0ZXIuVmFsdWUiIC0tb3V0cHV0IHRleHQpDQogICAgICAgICAgICBURl9TM19LRVk9JFZFTkRFRF9BQ0NPVU5UX0lELWFmdC1hY2NvdW50LWN1c3RvbWl6YXRpb25zL3RlcnJhZm9ybS50ZnN0YXRlDQoNCiAgICAgICAgICAgIGNkIC90bXANCiAgICAgICAgICAgIGVjaG8gIkluc3RhbGxpbmcgVGVycmFmb3JtIg0KICAgICAgICAgICAgY3VybCAtcSAtbyB0ZXJyYWZvcm1fJHtURl9WRVJTSU9OfV9saW51eF9hbWQ2NC56aXAgaHR0cHM6Ly9yZWxlYXNlcy5oYXNoaWNvcnAuY29tL3RlcnJhZm9ybS8ke1RGX1ZFUlNJT059L3RlcnJhZm9ybV8ke1RGX1ZFUlNJT059X2xpbnV4X2FtZDY0LnppcA0KICAgICAgICAgICAgbWtkaXIgLXAgL29wdC9hZnQvYmluDQogICAgICAgICAgICB1bnppcCAtcSAtbyB0ZXJyYWZvcm1fJHtURl9WRVJTSU9OfV9saW51eF9hbWQ2NC56aXAgDQogICAgICAgICAgICBtdiB0ZXJyYWZvcm0gL29wdC9hZnQvYmluDQogICAgICAgICAgICAvb3B0L2FmdC9iaW4vdGVycmFmb3JtIC1uby1jb2xvciAtLXZlcnNpb24NCg0KICAgICAgICAgICAgY2QgJERFRkFVTFRfUEFUSC8kQ1VTVE9NSVpBVElPTi90ZXJyYWZvcm0NCiAgICAgICAgICAgIGlmIGxzICouamluamEgPi9kZXYvbnVsbCAyPiYxOyB0aGVuDQogICAgICAgICAgICAgIGZvciBmIGluICouamluamE7IGRvDQogICAgICAgICAgICAgICAgamluamEyICIkZiIgLUQgdGltZXN0YW1wPSIkVElNRVNUQU1QIiAtRCB0Zl9kaXN0cmlidXRpb25fdHlwZT0iJFRGX0RJU1RSSUJVVElPTiIgXA0KICAgICAgICAgICAgICAgICAgLUQgcHJvdmlkZXJfcmVnaW9uPSIkQ1RfTUdNVF9SRUdJT04iIC1EIHJlZ2lvbj0iJFRGX0JBQ0tFTkRfUkVHSU9OIiBcDQogICAgICAgICAgICAgICAgICAtRCBhZnRfYWRtaW5fcm9sZV9hcm49IiRBRlRfRVhFQ19ST0xFX0FSTiIgLUQgdGFyZ2V0X2FkbWluX3JvbGVfYXJuPSIkVkVOREVEX0VYRUNfUk9MRV9BUk4iIFwNCiAgICAgICAgICAgICAgICAgIC1EIGJ1Y2tldD0iJFRGX1MzX0JVQ0tFVCIgLUQga2V5PSIkVEZfUzNfS0VZIiAtRCBkeW5hbW9kYl90YWJsZT0iJFRGX0REQl9UQUJMRSIgXA0KICAgICAgICAgICAgICAgICAgLUQga21zX2tleV9pZD0iJFRGX0tNU19LRVlfSUQiIC1EIHRmX3ZlcnNpb249IiRURl9WRVJTSU9OIiA+PiAiLi8kKGJhc2VuYW1lICIkZiIgLmppbmphKS50ZiINCiAgICAgICAgICAgICAgZG9uZQ0KICAgICAgICAgICAgZWxzZQ0KICAgICAgICAgICAgICBlY2hvICJObyBKaW5qYTIgdGVtcGxhdGVzIGZvdW5kIC0gc2tpcHBpbmcgdGVtcGxhdGUgcHJvY2Vzc2luZyINCiAgICAgICAgICAgIGZpDQogICAgICAgICAgICBmb3IgZiBpbiAqLnRmOyBkbyBlY2hvICJcbiBcbiI7IGVjaG8gJGY7IGNhdCAkZjsgZG9uZQ0KICAgICAgICAgICAgDQogICAgICAgICAgICBjZCAkREVGQVVMVF9QQVRILyRDVVNUT01JWkFUSU9OL3RlcnJhZm9ybQ0KICAgICAgICAgICAgZXhwb3J0IEFXU19QUk9GSUxFPWFmdC1tYW5hZ2VtZW50LWFkbWluDQogICAgICAgICAgICAvb3B0L2FmdC9iaW4vdGVycmFmb3JtIGluaXQgLW5vLWNvbG9yDQogICAgICAgICAgICAvb3B0L2FmdC9iaW4vdGVycmFmb3JtIGFwcGx5IC1uby1jb2xvciAtLWF1dG8tYXBwcm92ZQ0KICAgICAgICAgIGVsc2UNCiAgICAgICAgICAgIFRGX0JBQ0tFTkRfUkVHSU9OPSQoYXdzIHNzbSBnZXQtcGFyYW1ldGVyIC0tbmFtZSAiL2FmdC9jb25maWcvb3NzLWJhY2tlbmQvcHJpbWFyeS1yZWdpb24iIC0tcXVlcnkgIlBhcmFtZXRlci5WYWx1ZSIgLS1vdXRwdXQgdGV4dCkNCiAgICAgICAgICAgIFRGX09SR19OQU1FPSQoYXdzIHNzbSBnZXQtcGFyYW1ldGVyIC0tbmFtZSAiL2FmdC9jb25maWcvdGVycmFmb3JtL29yZy1uYW1lIiAtLXF1ZXJ5ICJQYXJhbWV0ZXIuVmFsdWUiIC0tb3V0cHV0IHRleHQpDQogICAgICAgICAgICBURl9UT0tFTj0kKGF3cyBzc20gZ2V0LXBhcmFtZXRlciAtLW5hbWUgIi9hZnQvY29uZmlnL3RlcnJhZm9ybS90b2tlbiIgLS13aXRoLWRlY3J5cHRpb24gLS1xdWVyeSAiUGFyYW1ldGVyLlZhbHVlIiAtLW91dHB1dCB0ZXh0KQ0KICAgICAgICAgICAgVEZfRU5EUE9JTlQ9JChhd3Mgc3NtIGdldC1wYXJhbWV0ZXIgLS1uYW1lICIvYWZ0L2NvbmZpZy90ZXJyYWZvcm0vYXBpLWVuZHBvaW50IiAtLXF1ZXJ5ICJQYXJhbWV0ZXIuVmFsdWUiIC0tb3V0cHV0IHRleHQpDQogICAgICAgICAgICBURl9QUk9KRUNUX05BTUU9JChhd3Mgc3NtIGdldC1wYXJhbWV0ZXIgLS1uYW1lICIvYWZ0L2NvbmZpZy90ZXJyYWZvcm0vcHJvamVjdC1uYW1lIiAtLXF1ZXJ5ICJQYXJhbWV0ZXIuVmFsdWUiIC0tb3V0cHV0IHRleHQpDQogICAgICAgICAgICBURl9XT1JLU1BBQ0VfTkFNRT0kVkVOREVEX0FDQ09VTlRfSUQtYWZ0LWFjY291bnQtY3VzdG9taXphdGlvbnMNCiAgICAgICAgICAgIFRGX0NPTkZJR19QQVRIPSIuL3RlbXBfY29uZmlndXJhdGlvbl9maWxlLnRhci5neiINCg0KICAgICAgICAgICAgY2QgJERFRkFVTFRfUEFUSC8kQ1VTVE9NSVpBVElPTi90ZXJyYWZvcm0NCiAgICAgICAgICAgIGlmIGxzICouamluamEgPi9kZXYvbnVsbCAyPiYxOyB0aGVuDQogICAgICAgICAgICAgIGZvciBmIGluICouamluamE7IGRvDQogICAgICAgICAgICAgICAgamluamEyICIkZiIgLUQgdGltZXN0YW1wPSIkVElNRVNUQU1QIiAtRCBwcm92aWRlcl9yZWdpb249IiRDVF9NR01UX1JFR0lPTiIgXA0KICAgICAgICAgICAgICAgICAgLUQgdGZfZGlzdHJpYnV0aW9uX3R5cGU9IiRURl9ESVNUUklCVVRJT04iIC1EIGFmdF9hZG1pbl9yb2xlX2Fybj0iJEFGVF9FWEVDX1JPTEVfQVJOIiBcDQogICAgICAgICAgICAgICAgICAtRCB0YXJnZXRfYWRtaW5fcm9sZV9hcm49IiRWRU5ERURfRVhFQ19ST0xFX0FSTiIgLUQgdGVycmFmb3JtX29yZ19uYW1lPSIkVEZfT1JHX05BTUUiIFwNCiAgICAgICAgICAgICAgICAgIC1EIHRlcnJhZm9ybV93b3Jrc3BhY2VfbmFtZT0iJFRGX1dPUktTUEFDRV9OQU1FIiAgPj4gIi4vJChiYXNlbmFtZSAiJGYiIC5qaW5qYSkudGYiDQogICAgICAgICAgICAgIGRvbmUNCiAgICAgICAgICAgIGVsc2UNCiAgICAgICAgICAgICAgZWNobyAiTm8gSmluamEyIHRlbXBsYXRlcyBmb3VuZCAtIHNraXBwaW5nIHRlbXBsYXRlIHByb2Nlc3NpbmciDQogICAgICAgICAgICBmaQ0KICAgICAgICAgICAgZm9yIGYgaW4gKi50ZjsgZG8gZWNobyAiXG4gXG4iOyBlY2hvICRmOyBjYXQgJGY7IGRvbmUNCiAgICAgICAgICAgIA0KICAgICAgICAgICAgY2QgJERFRkFVTFRfUEFUSC8kQ1VTVE9NSVpBVElPTg0KICAgICAgICAgICAgdGFyIC1jemYgdGVtcF9jb25maWd1cmF0aW9uX2ZpbGUudGFyLmd6IC1DIHRlcnJhZm9ybSAtLWV4Y2x1ZGUgLmdpdCAtLWV4Y2x1ZGUgdmVudiAuDQogICAgICAgICAgICBweXRob24zICRERUZBVUxUX1BBVEgvYXdzLWFmdC1jb3JlLWZyYW1ld29yay9zb3VyY2VzL3NjcmlwdHMvd29ya3NwYWNlX21hbmFnZXIucHkgLS1vcGVyYXRpb24gImRlcGxveSIgLS1vcmdhbml6YXRpb25fbmFtZSAkVEZfT1JHX05BTUUgLS13b3Jrc3BhY2VfbmFtZSAkVEZfV09SS1NQQUNFX05BTUUgLS1hc3N1bWVfcm9sZV9hcm4gJEFGVF9BRE1JTl9ST0xFX0FSTiAtLWFzc3VtZV9yb2xlX3Nlc3Npb25fbmFtZSAkUk9MRV9TRVNTSU9OX05BTUUgLS1hcGlfZW5kcG9pbnQgJFRGX0VORFBPSU5UIC0tYXBpX3Rva2VuICRURl9UT0tFTiAtLXRlcnJhZm9ybV92ZXJzaW9uICRURl9WRVJTSU9OIC0tY29uZmlnX2ZpbGUgJFRGX0NPTkZJR19QQVRIIC0tcHJvamVjdF9uYW1lICIkVEZfUFJPSkVDVF9OQU1FIg0KICAgICAgICAgIGZpDQogICAgICAgIGZpDQogIHBvc3RfYnVpbGQ6DQogICAgb24tZmFpbHVyZTogQUJPUlQNCiAgICBjb21tYW5kczoNCiAgICAgIC0gfA0KICAgICAgICBpZiBbWyAhIC16ICIkQ1VTVE9NSVpBVElPTiIgXV07IHRoZW4NCiAgICAgICAgICBleHBvcnQgUFlUSE9OUEFUSD0iJERFRkFVTFRfUEFUSC9hd3MtYWZ0LWNvcmUtZnJhbWV3b3JrL3NvdXJjZXMvYWZ0LWxhbWJkYS1sYXllcjokUFlUSE9OUEFUSCINCiAgICAgICAgICBleHBvcnQgQVdTX1BST0ZJTEU9YWZ0LW1hbmFnZW1lbnQNCiAgICAgICAgICBweXRob24zICRERUZBVUxUX1BBVEgvYXdzLWFmdC1jb3JlLWZyYW1ld29yay9zb3VyY2VzL2FmdC1sYW1iZGEtbGF5ZXIvYWZ0X2NvbW1vbi9tZXRyaWNzLnB5IC0tY29kZWJ1aWxkLW5hbWUgImFmdC1hY2NvdW50LWN1c3RvbWl6YXRpb25zIiAtLWNvZGVidWlsZC1zdGF0dXMgJENPREVCVUlMRF9CVUlMRF9TVUNDRUVESU5HDQogICAgICAgICAgdW5zZXQgQVdTX1BST0ZJTEUNCiAgICAgICAgZmkNCiAgICAgIC0gfA0KICAgICAgICBpZiBbWyAkQ09ERUJVSUxEX0JVSUxEX1NVQ0NFRURJTkcgPT0gMCBdXTsgdGhlbg0KICAgICAgICAgIGV4aXQgMQ0KICAgICAgICBmaQ0KICAgICAgLSB8DQogICAgICAgIGlmIFtbICEgLXogIiRDVVNUT01JWkFUSU9OIiBdXTsgdGhlbiANCiAgICAgICAgICBzb3VyY2UgJERFRkFVTFRfUEFUSC9hcGktaGVscGVycy12ZW52L2Jpbi9hY3RpdmF0ZQ0KICAgICAgICAgIGV4cG9ydCBBV1NfUFJPRklMRT1hZnQtdGFyZ2V0DQogICAgICAgICAgJERFRkFVTFRfUEFUSC8kQ1VTVE9NSVpBVElPTi9hcGlfaGVscGVycy9wb3N0LWFwaS1oZWxwZXJzLnNoIHx8IGV4aXQgMQ0KICAgICAgICBmaQ0K",
            "content_base64sha256": "sdXP2tyURU8IJ7oK3nS2Dbh2CBQTbxoV2tTGsLkO8Qg=",
            "content_base64sha512": "N71HDUgRKuUqcoM1NHltvCv74hVZsBYDAEYzcJSdn8odPh/ka8A536FyHm62PnbI7sjLerxLgWJ7C3bSM8g9Mw==",
            "content_md5": "f144845c809503e6f63f7a11132aa0ad",
            "content_sha1": "eb7b4b6bc9fd14dc567e27732ab5f74176f62aa0",
            "content_sha256": "b1d5cfdadc94454f0827ba0ade74b60db8760814136f1a15dad4c6b0b90ef108",
            "content_sha512": "37bd470d48112ae52a72833534796dbc2bfbe21559b0160300463370949d9fca1d3e1fe46bc039dfa1721e6eb63e76c8eec8cb7abc4b81627b0b76d233c83d33",
            "filename": ".terraform/modules/aft/modules/aft-customizations/buildspecs/aft-account-customizations-terraform.yml",
            "id": "eb7b4b6bc9fd14dc567e27732ab5f74176f62aa0"
          },
          "sensitive_attributes": [],
          "identity_schema_version": 0
        }
      ]
    },
    {
      "module": "module.aft.module.aft_customizations",
      "mode": "data",
      "type": "local_file",
      "name": "aft_create_pipeline",
      "provider": "provider[\"registry.terraform.io/hashicorp/local\"]",
      "instances": [
        {
          "schema_version": 0,
          "attributes": {
            "content": "# Copyright Amazon.com, Inc. or its affiliates. All rights reserved.\r\n# SPDX-License-Identifier: Apache-2.0\r\n#\r\nversion: 0.2\r\n\r\nphases:\r\n  install:\r\n    commands:\r\n      - set -e\r\n      # Populate Required Variables\r\n      - DEFAULT_PATH=$(pwd)\r\n      - TIMESTAMP=$(date '+%Y-%m-%d %H:%M:%S')\r\n      - TF_S3_BUCKET=$(aws ssm get-parameter --name $SSM_TF_S3_BUCKET --query \"Parameter.Value\" --output text)\r\n      - TF_S3_KEY=$VENDED_ACCOUNT_ID-customizations-pipeline/terraform.tfstate\r\n      - TF_BACKEND_REGION=$(aws ssm get-parameter --name $SSM_TF_BACKEND_REGION --query \"Parameter.Value\" --output text)\r\n      - TF_KMS_KEY_ID=$(aws ssm get-parameter --name $SSM_TF_KMS_KEY_ID --query \"Parameter.Value\" --output text)\r\n      - TF_DDB_TABLE=$(aws ssm get-parameter --name $SSM_TF_DDB_TABLE --query \"Parameter.Value\" --output text)\r\n      - TF_VERSION=$(aws ssm get-parameter --name $SSM_TF_VERSION --query \"Parameter.Value\" --output text)\r\n\r\n\r\n      # Configure Development SSH Key\r\n      - |\r\n        ssh_key_parameter=$(aws ssm get-parameter --name /aft/config/aft-ssh-key --with-decryption 2\u003e /dev/null || echo \"None\")\r\n        if [[ $ssh_key_parameter != \"None\" ]]; then\r\n          ssh_key=$(jq --raw-output \".Parameter.Value\" \u003c\u003c\u003c $ssh_key_parameter)\r\n          mkdir -p ~/.ssh\r\n          echo \"Host *\" \u003e\u003e ~/.ssh/config\r\n          echo \"StrictHostKeyChecking no\" \u003e\u003e ~/.ssh/config\r\n          echo \"UserKnownHostsFile=/dev/null\" \u003e\u003e ~/.ssh/config\r\n          echo \"$ssh_key\" \u003e ~/.ssh/ssh_key\r\n          echo -e \"\\n\\n\" \u003e\u003e  ~/.ssh/ssh_key\r\n          chmod 600 ~/.ssh/ssh_key\r\n          eval \"$(ssh-agent -s)\"\r\n          ssh-add ~/.ssh/ssh_key\r\n        fi\r\n\r\n      # Clone AFT\r\n      - AWS_MODULE_SOURCE=$(aws ssm get-parameter --name $SSM_AWS_MODULE_SOURCE --query \"Parameter.Value\" --output text)\r\n      - AWS_MODULE_GIT_REF=$(aws ssm get-parameter --name $SSM_AWS_MODULE_GIT_REF --query \"Parameter.Value\" --output text)\r\n      - git config --global credential.helper '!aws codecommit credential-helper $@'\r\n      - git config --global credential.UseHttpPath true\r\n      - git clone --quiet -b $AWS_MODULE_GIT_REF $AWS_MODULE_SOURCE aws-aft-core-framework\r\n\r\n      # Generate session profiles\r\n      - chmod +x $DEFAULT_PATH/aws-aft-core-framework/sources/scripts/creds.sh\r\n      - $DEFAULT_PATH/aws-aft-core-framework/sources/scripts/creds.sh\r\n\r\n      # Install Terraform\r\n      - cd /tmp\r\n      - echo \"Installing Terraform\"\r\n      - curl -q -o terraform_${TF_VERSION}_linux_amd64.zip https://releases.hashicorp.com/terraform/${TF_VERSION}/terraform_${TF_VERSION}_linux_amd64.zip\r\n      - unzip -q -o terraform_${TF_VERSION}_linux_amd64.zip \u0026\u0026 mv terraform /usr/bin\r\n      - terraform --version\r\n\r\n      # Install Python Dependencies\r\n      - python3 -m venv ./venv\r\n      - source ./venv/bin/activate\r\n      - pip install -U pip\r\n      - pip install jinja2-cli==0.7.0 Jinja2==3.0.1\r\n\r\n  pre_build:\r\n    on-failure: ABORT\r\n    commands:\r\n      - cd $DEFAULT_PATH/aws-aft-core-framework/sources/aft-customizations-common/templates/customizations_pipeline\r\n      - |\r\n        if ls *.jinja \u003e/dev/null 2\u003e\u00261; then\r\n          for f in *.jinja; do\r\n            jinja2 \"$f\" -D timestamp=\"$TIMESTAMP\" -D region=\"$TF_BACKEND_REGION\" -D bucket=\"$TF_S3_BUCKET\" \\\r\n              -D key=\"$TF_S3_KEY\" -D dynamodb_table=\"$TF_DDB_TABLE\" -D kms_key_id=\"$TF_KMS_KEY_ID\" \\\r\n              -D tf_version=\"$TF_VERSION\" \u003e\u003e \"$(basename \"$f\" .jinja).tf\"\r\n          done\r\n        else\r\n          echo \"No Jinja2 templates found - skipping template processing\"\r\n        fi\r\n      - for f in *.tf; do echo \"\\n \\n\"; echo $f; cat $f; done\r\n  build:\r\n    on-failure: ABORT\r\n    commands:\r\n      - export AWS_PROFILE=aft-management-admin\r\n      - terraform init -no-color\r\n      - terraform apply -var=\"account_id=$VENDED_ACCOUNT_ID\" -no-color --auto-approve\r\n",
            "content_base64": "IyBDb3B5cmlnaHQgQW1hem9uLmNvbSwgSW5jLiBvciBpdHMgYWZmaWxpYXRlcy4gQWxsIHJpZ2h0cyByZXNlcnZlZC4NCiMgU1BEWC1MaWNlbnNlLUlkZW50aWZpZXI6IEFwYWNoZS0yLjANCiMNCnZlcnNpb246IDAuMg0KDQpwaGFzZXM6DQogIGluc3RhbGw6DQogICAgY29tbWFuZHM6DQogICAgICAtIHNldCAtZQ0KICAgICAgIyBQb3B1bGF0ZSBSZXF1aXJlZCBWYXJpYWJsZXMNCiAgICAgIC0gREVGQVVMVF9QQVRIPSQocHdkKQ0KICAgICAgLSBUSU1FU1RBTVA9JChkYXRlICcrJVktJW0tJWQgJUg6JU06JVMnKQ0KICAgICAgLSBURl9TM19CVUNLRVQ9JChhd3Mgc3NtIGdldC1wYXJhbWV0ZXIgLS1uYW1lICRTU01fVEZfUzNfQlVDS0VUIC0tcXVlcnkgIlBhcmFtZXRlci5WYWx1ZSIgLS1vdXRwdXQgdGV4dCkNCiAgICAgIC0gVEZfUzNfS0VZPSRWRU5ERURfQUNDT1VOVF9JRC1jdXN0b21pemF0aW9ucy1waXBlbGluZS90ZXJyYWZvcm0udGZzdGF0ZQ0KICAgICAgLSBURl9CQUNLRU5EX1JFR0lPTj0kKGF3cyBzc20gZ2V0LXBhcmFtZXRlciAtLW5hbWUgJFNTTV9URl9CQUNLRU5EX1JFR0lPTiAtLXF1ZXJ5ICJQYXJhbWV0ZXIuVmFsdWUiIC0tb3V0cHV0IHRleHQpDQogICAgICAtIFRGX0tNU19LRVlfSUQ9JChhd3Mgc3NtIGdldC1wYXJhbWV0ZXIgLS1uYW1lICRTU01fVEZfS01TX0tFWV9JRCAtLXF1ZXJ5ICJQYXJhbWV0ZXIuVmFsdWUiIC0tb3V0cHV0IHRleHQpDQogICAgICAtIFRGX0REQl9UQUJMRT0kKGF3cyBzc20gZ2V0LXBhcmFtZXRlciAtLW5hbWUgJFNTTV9URl9EREJfVEFCTEUgLS1xdWVyeSAiUGFyYW1ldGVyLlZhbHVlIiAtLW91dHB1dCB0ZXh0KQ0KICAgICAgLSBURl9WRVJTSU9OPSQoYXdzIHNzbSBnZXQtcGFyYW1ldGVyIC0tbmFtZSAkU1NNX1RGX1ZFUlNJT04gLS1xdWVyeSAiUGFyYW1ldGVyLlZhbHVlIiAtLW91dHB1dCB0ZXh0KQ0KDQoNCiAgICAgICMgQ29uZmlndXJlIERldmVsb3BtZW50IFNTSCBLZXkNCiAgICAgIC0gfA0KICAgICAgICBzc2hfa2V5X3BhcmFtZXRlcj0kKGF3cyBzc20gZ2V0LXBhcmFtZXRlciAtLW5hbWUgL2FmdC9jb25maWcvYWZ0LXNzaC1rZXkgLS13aXRoLWRlY3J5cHRpb24gMj4gL2Rldi9udWxsIHx8IGVjaG8gIk5vbmUiKQ0KICAgICAgICBpZiBbWyAkc3NoX2tleV9wYXJhbWV0ZXIgIT0gIk5vbmUiIF1dOyB0aGVuDQogICAgICAgICAgc3NoX2tleT0kKGpxIC0tcmF3LW91dHB1dCAiLlBhcmFtZXRlci5WYWx1ZSIgPDw8ICRzc2hfa2V5X3BhcmFtZXRlcikNCiAgICAgICAgICBta2RpciAtcCB+Ly5zc2gNCiAgICAgICAgICBlY2hvICJIb3N0ICoiID4+IH4vLnNzaC9jb25maWcNCiAgICAgICAgICBlY2hvICJTdHJpY3RIb3N0S2V5Q2hlY2tpbmcgbm8iID4+IH4vLnNzaC9jb25maWcNCiAgICAgICAgICBlY2hvICJVc2VyS25vd25Ib3N0c0ZpbGU9L2Rldi9udWxsIiA+PiB+Ly5zc2gvY29uZmlnDQogICAgICAgICAgZWNobyAiJHNzaF9rZXkiID4gfi8uc3NoL3NzaF9rZXkNCiAgICAgICAgICBlY2hvIC1lICJcblxuIiA+PiAgfi8uc3NoL3NzaF9rZXkNCiAgICAgICAgICBjaG1vZCA2MDAgfi8uc3NoL3NzaF9rZXkNCiAgICAgICAgICBldmFsICIkKHNzaC1hZ2VudCAtcykiDQogICAgICAgICAgc3NoLWFkZCB+Ly5zc2gvc3NoX2tleQ0KICAgICAgICBmaQ0KDQogICAgICAjIENsb25lIEFGVA0KICAgICAgLSBBV1NfTU9EVUxFX1NPVVJDRT0kKGF3cyBzc20gZ2V0LXBhcmFtZXRlciAtLW5hbWUgJFNTTV9BV1NfTU9EVUxFX1NPVVJDRSAtLXF1ZXJ5ICJQYXJhbWV0ZXIuVmFsdWUiIC0tb3V0cHV0IHRleHQpDQogICAgICAtIEFXU19NT0RVTEVfR0lUX1JFRj0kKGF3cyBzc20gZ2V0LXBhcmFtZXRlciAtLW5hbWUgJFNTTV9BV1NfTU9EVUxFX0dJVF9SRUYgLS1xdWVyeSAiUGFyYW1ldGVyLlZhbHVlIiAtLW91dHB1dCB0ZXh0KQ0KICAgICAgLSBnaXQgY29uZmlnIC0tZ2xvYmFsIGNyZWRlbnRpYWwuaGVscGVyICchYXdzIGNvZGVjb21taXQgY3JlZGVudGlhbC1oZWxwZXIgJEAnDQogICAgICAtIGdpdCBjb25maWcgLS1nbG9iYWwgY3JlZGVudGlhbC5Vc2VIdHRwUGF0aCB0cnVlDQogICAgICAtIGdpdCBjbG9uZSAtLXF1aWV0IC1iICRBV1NfTU9EVUxFX0dJVF9SRUYgJEFXU19NT0RVTEVfU09VUkNFIGF3cy1hZnQtY29yZS1mcmFtZXdvcmsNCg0KICAgICAgIyBHZW5lcmF0ZSBzZXNzaW9uIHByb2ZpbGVzDQogICAgICAtIGNobW9kICt4ICRERUZBVUxUX1BBVEgvYXdzLWFmdC1jb3JlLWZyYW1ld29yay9zb3VyY2VzL3NjcmlwdHMvY3JlZHMuc2gNCiAgICAgIC0gJERFRkFVTFRfUEFUSC9hd3MtYWZ0LWNvcmUtZnJhbWV3b3JrL3NvdXJjZXMvc2NyaXB0cy9jcmVkcy5zaA0KDQogICAgICAjIEluc3RhbGwgVGVycmFmb3JtDQogICAgICAtIGNkIC90bXANCiAgICAgIC0gZWNobyAiSW5zdGFsbGluZyBUZXJyYWZvcm0iDQogICAgICAtIGN1cmwgLXEgLW8gdGVycmFmb3JtXyR7VEZfVkVSU0lPTn1fbGludXhfYW1kNjQuemlwIGh0dHBzOi8vcmVsZWFzZXMuaGFzaGljb3JwLmNvbS90ZXJyYWZvcm0vJHtURl9WRVJTSU9OfS90ZXJyYWZvcm1fJHtURl9WRVJTSU9OfV9saW51eF9hbWQ2NC56aXANCiAgICAgIC0gdW56aXAgLXEgLW8gdGVycmFmb3JtXyR7VEZfVkVSU0lPTn1fbGludXhfYW1kNjQuemlwICYmIG12IHRlcnJhZm9ybSAvdXNyL2Jpbg0KICAgICAgLSB0ZXJyYWZvcm0gLS12ZXJzaW9uDQoNCiAgICAgICMgSW5zdGFsbCBQeXRob24gRGVwZW5kZW5jaWVzDQogICAgICAtIHB5dGhvbjMgLW0gdmVudiAuL3ZlbnYNCiAgICAgIC0gc291cmNlIC4vdmVudi9iaW4vYWN0aXZhdGUNCiAgICAgIC0gcGlwIGluc3RhbGwgLVUgcGlwDQogICAgICAtIHBpcCBpbnN0YWxsIGppbmphMi1jbGk9PTAuNy4wIEppbmphMj09My4wLjENCg0KICBwcmVfYnVpbGQ6DQogICAgb24tZmFpbHVyZTogQUJPUlQNCiAgICBjb21tYW5kczoNCiAgICAgIC0gY2QgJERFRkFVTFRfUEFUSC9hd3MtYWZ0LWNvcmUtZnJhbWV3b3JrL3NvdXJjZXMvYWZ0LWN1c3RvbWl6YXRpb25zLWNvbW1vbi90ZW1wbGF0ZXMvY3VzdG9taXphdGlvbnNfcGlwZWxpbmUNCiAgICAgIC0gfA0KICAgICAgICBpZiBscyAqLmppbmphID4vZGV2L251bGwgMj4mMTsgdGhlbg0KICAgICAgICAgIGZvciBmIGluICouamluamE7IGRvDQogICAgICAgICAgICBqaW5qYTIgIiRmIiAtRCB0aW1lc3RhbXA9IiRUSU1FU1RBTVAiIC1EIHJlZ2lvbj0iJFRGX0JBQ0tFTkRfUkVHSU9OIiAtRCBidWNrZXQ9IiRURl9TM19CVUNLRVQiIFwNCiAgICAgICAgICAgICAgLUQga2V5PSIkVEZfUzNfS0VZIiAtRCBkeW5hbW9kYl90YWJsZT0iJFRGX0REQl9UQUJMRSIgLUQga21zX2tleV9pZD0iJFRGX0tNU19LRVlfSUQiIFwNCiAgICAgICAgICAgICAgLUQgdGZfdmVyc2lvbj0iJFRGX1ZFUlNJT04iID4+ICIkKGJhc2VuYW1lICIkZiIgLmppbmphKS50ZiINCiAgICAgICAgICBkb25lDQogICAgICAgIGVsc2UNCiAgICAgICAgICBlY2hvICJObyBKaW5qYTIgdGVtcGxhdGVzIGZvdW5kIC0gc2tpcHBpbmcgdGVtcGxhdGUgcHJvY2Vzc2luZyINCiAgICAgICAgZmkNCiAgICAgIC0gZm9yIGYgaW4gKi50ZjsgZG8gZWNobyAiXG4gXG4iOyBlY2hvICRmOyBjYXQgJGY7IGRvbmUNCiAgYnVpbGQ6DQogICAgb24tZmFpbHVyZTogQUJPUlQNCiAgICBjb21tYW5kczoNCiAgICAgIC0gZXhwb3J0IEFXU19QUk9GSUxFPWFmdC1tYW5hZ2VtZW50LWFkbWluDQogICAgICAtIHRlcnJhZm9ybSBpbml0IC1uby1jb2xvcg0KICAgICAgLSB0ZXJyYWZvcm0gYXBwbHkgLXZhcj0iYWNjb3VudF9pZD0kVkVOREVEX0FDQ09VTlRfSUQiIC1uby1jb2xvciAtLWF1dG8tYXBwcm92ZQ0K",
            "content_base64sha256": "OEI67OGGinvG5EgTITuuiZB9GYM0MePntxaS5aVFORU=",
            "content_base64sha512": "yCre/8mWD0IDSFA77MNB3fEwbma8Cz9SEDSXvwqETbINxwv7D6eriQR03bFVLYMq5lnyZMm+bWWh9Blr6+ItnQ==",
            "content_md5": "72df9e77f7968f8a104c018d4c336651",
            "content_sha1": "5695be00bfdbf9a971b9bd6979fbde313f7126b6",
            "content_sha256": "38423aece1868a7bc6e44813213bae89907d19833431e3e7b71692e5a5453915",
            "content_sha512": "c82adeffc9960f420348503becc341ddf1306e66bc0b3f52103497bf0a844db20dc70bfb0fa7ab890474ddb1552d832ae659f264c9be6d65a1f4196bebe22d9d",
            "filename": ".terraform/modules/aft/modules/aft-customizations/buildspecs/aft-create-pipeline.yml",
            "id": "5695be00bfdbf9a971b9bd6979fbde313f7126b6"
          },
          "sensitive_attributes": [],
          "identity_schema_version": 0
        }
      ]
    },
    {
      "module": "module.aft.module.aft_customizations",
      "mode": "data",
      "type": "local_file",
      "name": "aft_global_customizations_terraform",
      "provider": "provider[\"registry.terraform.io/hashicorp/local\"]",
      "instances": [
        {
          "schema_version": 0,
          "attributes": {
            "content": "# Copyright Amazon.com, Inc. or its affiliates. All rights reserved.\r\n# SPDX-License-Identifier: Apache-2.0\r\n#\r\nversion: 0.2\r\n\r\nphases:\r\n  install:\r\n    commands:\r\n      - set -e\r\n      # Populate Required Variables\r\n      - DEFAULT_PATH=$(pwd)\r\n      - TIMESTAMP=$(date '+%Y-%m-%d %H:%M:%S')\r\n      - TF_VERSION=$(aws ssm get-parameter --name \"/aft/config/terraform/version\" --query \"Parameter.Value\" --output text)\r\n      - TF_DISTRIBUTION=$(aws ssm get-parameter --name \"/aft/config/terraform/distribution\" --query \"Parameter.Value\" --output text)\r\n      - CT_MGMT_REGION=$(aws ssm get-parameter --name \"/aft/config/ct-management-region\" --query \"Parameter.Value\" --output text)\r\n      - AFT_MGMT_ACCOUNT=$(aws ssm get-parameter --name \"/aft/account/aft-management/account-id\" --query \"Parameter.Value\" --output text)\r\n      - AFT_EXEC_ROLE_ARN=arn:$AWS_PARTITION:iam::$AFT_MGMT_ACCOUNT:role/AWSAFTExecution\r\n      - VENDED_EXEC_ROLE_ARN=arn:$AWS_PARTITION:iam::$VENDED_ACCOUNT_ID:role/AWSAFTExecution\r\n      - AFT_ADMIN_ROLE_NAME=$(aws ssm get-parameter --name /aft/resources/iam/aft-administrator-role-name | jq --raw-output \".Parameter.Value\")\r\n      - AFT_ADMIN_ROLE_ARN=arn:$AWS_PARTITION:iam::$AFT_MGMT_ACCOUNT:role/$AFT_ADMIN_ROLE_NAME\r\n      - ROLE_SESSION_NAME=$(aws ssm get-parameter --name /aft/resources/iam/aft-session-name | jq --raw-output \".Parameter.Value\")\r\n\r\n      # Configure Development SSH Key\r\n      - |\r\n        ssh_key_parameter=$(aws ssm get-parameter --name /aft/config/aft-ssh-key --with-decryption 2\u003e /dev/null || echo \"None\")\r\n        if [[ $ssh_key_parameter != \"None\" ]]; then\r\n          ssh_key=$(jq --raw-output \".Parameter.Value\" \u003c\u003c\u003c $ssh_key_parameter)\r\n          mkdir -p ~/.ssh\r\n          echo \"Host *\" \u003e\u003e ~/.ssh/config\r\n          echo \"StrictHostKeyChecking no\" \u003e\u003e ~/.ssh/config\r\n          echo \"UserKnownHostsFile=/dev/null\" \u003e\u003e ~/.ssh/config\r\n          echo \"$ssh_key\" \u003e ~/.ssh/ssh_key\r\n          echo -e \"\\n\\n\" \u003e\u003e  ~/.ssh/ssh_key\r\n          chmod 600 ~/.ssh/ssh_key\r\n          eval \"$(ssh-agent -s)\"\r\n          ssh-add ~/.ssh/ssh_key\r\n        fi\r\n\r\n      # Clone AFT\r\n      - AWS_MODULE_SOURCE=$(aws ssm get-parameter --name \"/aft/config/aft-pipeline-code-source/repo-url\" --query \"Parameter.Value\" --output text)\r\n      - AWS_MODULE_GIT_REF=$(aws ssm get-parameter --name \"/aft/config/aft-pipeline-code-source/repo-git-ref\" --query \"Parameter.Value\" --output text)\r\n      - git config --global credential.helper '!aws codecommit credential-helper $@'\r\n      - git config --global credential.UseHttpPath true\r\n      - git clone --quiet -b $AWS_MODULE_GIT_REF $AWS_MODULE_SOURCE aws-aft-core-framework\r\n\r\n      # Generate session profiles\r\n      - chmod +x $DEFAULT_PATH/aws-aft-core-framework/sources/scripts/creds.sh\r\n      - $DEFAULT_PATH/aws-aft-core-framework/sources/scripts/creds.sh\r\n\r\n      # Install AFT Python Dependencies\r\n      - python3 -m venv $DEFAULT_PATH/aft-venv\r\n      - $DEFAULT_PATH/aft-venv/bin/pip install -U pip\r\n      - $DEFAULT_PATH/aft-venv/bin/pip install jinja2-cli==0.7.0 Jinja2==3.0.1 MarkupSafe==2.0.1 boto3==1.18.56 requests==2.26.0\r\n\r\n      # Install API Helper Python Dependencies\r\n      - python3 -m venv $DEFAULT_PATH/api-helpers-venv\r\n      - $DEFAULT_PATH/api-helpers-venv/bin/pip install -r $DEFAULT_PATH/api_helpers/python/requirements.txt\r\n\r\n      # Mark helper scripts as executable\r\n      - chmod +x $DEFAULT_PATH/api_helpers/pre-api-helpers.sh\r\n      - chmod +x $DEFAULT_PATH/api_helpers/post-api-helpers.sh\r\n      \r\n  pre_build:\r\n    on-failure: ABORT\r\n    commands:\r\n      - source $DEFAULT_PATH/api-helpers-venv/bin/activate\r\n      - export AWS_PROFILE=aft-target\r\n      - $DEFAULT_PATH/api_helpers/pre-api-helpers.sh || exit 1\r\n      - unset AWS_PROFILE\r\n\r\n  build:\r\n    on-failure: CONTINUE\r\n    commands:\r\n      # Apply customizations\r\n      - source $DEFAULT_PATH/aft-venv/bin/activate\r\n      - |\r\n        if [ $TF_DISTRIBUTION = \"oss\" ]; then\r\n          TF_BACKEND_REGION=$(aws ssm get-parameter --name \"/aft/config/oss-backend/primary-region\" --query \"Parameter.Value\" --output text)\r\n          TF_KMS_KEY_ID=$(aws ssm get-parameter --name \"/aft/config/oss-backend/kms-key-id\" --query \"Parameter.Value\" --output text)\r\n          TF_DDB_TABLE=$(aws ssm get-parameter --name \"/aft/config/oss-backend/table-id\" --query \"Parameter.Value\" --output text)\r\n          TF_S3_BUCKET=$(aws ssm get-parameter --name \"/aft/config/oss-backend/bucket-id\" --query \"Parameter.Value\" --output text)\r\n          TF_S3_KEY=$VENDED_ACCOUNT_ID-aft-global-customizations/terraform.tfstate\r\n\r\n          cd /tmp\r\n          echo \"Installing Terraform\"\r\n          curl -q -o terraform_${TF_VERSION}_linux_amd64.zip https://releases.hashicorp.com/terraform/${TF_VERSION}/terraform_${TF_VERSION}_linux_amd64.zip\r\n          mkdir -p /opt/aft/bin\r\n          unzip -q -o terraform_${TF_VERSION}_linux_amd64.zip\r\n          mv terraform /opt/aft/bin\r\n          /opt/aft/bin/terraform -no-color --version\r\n\r\n          # Move back to customization module\r\n          cd $DEFAULT_PATH/terraform\r\n          if ls *.jinja \u003e/dev/null 2\u003e\u00261; then\r\n            for f in *.jinja; do\r\n              jinja2 \"$f\" -D timestamp=\"$TIMESTAMP\" -D tf_distribution_type=\"$TF_DISTRIBUTION\" \\\r\n                -D provider_region=\"$CT_MGMT_REGION\" -D region=\"$TF_BACKEND_REGION\" \\\r\n                -D aft_admin_role_arn=\"$AFT_EXEC_ROLE_ARN\" -D target_admin_role_arn=\"$VENDED_EXEC_ROLE_ARN\" \\\r\n                -D bucket=\"$TF_S3_BUCKET\" -D key=\"$TF_S3_KEY\" -D dynamodb_table=\"$TF_DDB_TABLE\" \\\r\n                -D kms_key_id=\"$TF_KMS_KEY_ID\" -D tf_version=\"$TF_VERSION\" \u003e\u003e \"./$(basename \"$f\" .jinja).tf\"\r\n            done\r\n          else\r\n            echo \"No Jinja2 templates found - skipping template processing\"\r\n          fi\r\n          for f in *.tf; do echo \"\\n \\n\"; echo $f; cat $f; done\r\n\r\n          cd $DEFAULT_PATH/terraform\r\n          export AWS_PROFILE=aft-management-admin\r\n          /opt/aft/bin/terraform init -no-color\r\n          /opt/aft/bin/terraform apply -no-color --auto-approve\r\n        else\r\n          TF_ORG_NAME=$(aws ssm get-parameter --name \"/aft/config/terraform/org-name\" --query \"Parameter.Value\" --output text)\r\n          TF_TOKEN=$(aws ssm get-parameter --name \"/aft/config/terraform/token\" --with-decryption --query \"Parameter.Value\" --output text)\r\n          TF_ENDPOINT=$(aws ssm get-parameter --name \"/aft/config/terraform/api-endpoint\" --query \"Parameter.Value\" --output text)\r\n          TF_PROJECT_NAME=$(aws ssm get-parameter --name \"/aft/config/terraform/project-name\" --query \"Parameter.Value\" --output text)\r\n          TF_WORKSPACE_NAME=$VENDED_ACCOUNT_ID-aft-global-customizations\r\n          TF_CONFIG_PATH=\"./temp_configuration_file.tar.gz\"\r\n          cd $DEFAULT_PATH/terraform\r\n          if ls *.jinja \u003e/dev/null 2\u003e\u00261; then\r\n            for f in *.jinja; do\r\n              jinja2 \"$f\" -D timestamp=\"$TIMESTAMP\" -D provider_region=\"$CT_MGMT_REGION\" \\\r\n                -D tf_distribution_type=\"$TF_DISTRIBUTION\" -D aft_admin_role_arn=\"$AFT_EXEC_ROLE_ARN\" \\\r\n                -D target_admin_role_arn=\"$VENDED_EXEC_ROLE_ARN\" -D terraform_org_name=\"$TF_ORG_NAME\" \\\r\n                -D terraform_workspace_name=\"$TF_WORKSPACE_NAME\"  \u003e\u003e \"./$(basename \"$f\" .jinja).tf\"\r\n            done\r\n          else\r\n            echo \"No Jinja2 templates found - skipping template processing\"\r\n          fi\r\n          for f in *.tf; do echo \"\\n \\n\"; echo $f; cat $f; done\r\n          cd $DEFAULT_PATH\r\n          tar -czf temp_configuration_file.tar.gz -C terraform --exclude .git --exclude venv .\r\n          python3 $DEFAULT_PATH/aws-aft-core-framework/sources/scripts/workspace_manager.py --operation \"deploy\" --organization_name $TF_ORG_NAME --workspace_name $TF_WORKSPACE_NAME --assume_role_arn $AFT_ADMIN_ROLE_ARN --assume_role_session_name $ROLE_SESSION_NAME --api_endpoint $TF_ENDPOINT --api_token $TF_TOKEN --terraform_version $TF_VERSION --config_file $TF_CONFIG_PATH --project_name \"$TF_PROJECT_NAME\"\r\n        fi\r\n\r\n  post_build:\r\n    on-failure: ABORT\r\n    commands:\r\n      - export PYTHONPATH=\"$DEFAULT_PATH/aws-aft-core-framework/sources/aft-lambda-layer:$PYTHONPATH\"\r\n      - export AWS_PROFILE=aft-management\r\n      - python3 $DEFAULT_PATH/aws-aft-core-framework/sources/aft-lambda-layer/aft_common/metrics.py --codebuild-name \"aft-global-customizations\" --codebuild-status $CODEBUILD_BUILD_SUCCEEDING\r\n      - unset AWS_PROFILE\r\n      - |\r\n        if [[ $CODEBUILD_BUILD_SUCCEEDING == 0 ]]; then\r\n          exit 1\r\n        fi\r\n      - source $DEFAULT_PATH/api-helpers-venv/bin/activate\r\n      - export AWS_PROFILE=aft-target\r\n      - $DEFAULT_PATH/api_helpers/post-api-helpers.sh || exit 1\r\n",
            "content_base64": "IyBDb3B5cmlnaHQgQW1hem9uLmNvbSwgSW5jLiBvciBpdHMgYWZmaWxpYXRlcy4gQWxsIHJpZ2h0cyByZXNlcnZlZC4NCiMgU1BEWC1MaWNlbnNlLUlkZW50aWZpZXI6IEFwYWNoZS0yLjANCiMNCnZlcnNpb246IDAuMg0KDQpwaGFzZXM6DQogIGluc3RhbGw6DQogICAgY29tbWFuZHM6DQogICAgICAtIHNldCAtZQ0KICAgICAgIyBQb3B1bGF0ZSBSZXF1aXJlZCBWYXJpYWJsZXMNCiAgICAgIC0gREVGQVVMVF9QQVRIPSQocHdkKQ0KICAgICAgLSBUSU1FU1RBTVA9JChkYXRlICcrJVktJW0tJWQgJUg6JU06JVMnKQ0KICAgICAgLSBURl9WRVJTSU9OPSQoYXdzIHNzbSBnZXQtcGFyYW1ldGVyIC0tbmFtZSAiL2FmdC9jb25maWcvdGVycmFmb3JtL3ZlcnNpb24iIC0tcXVlcnkgIlBhcmFtZXRlci5WYWx1ZSIgLS1vdXRwdXQgdGV4dCkNCiAgICAgIC0gVEZfRElTVFJJQlVUSU9OPSQoYXdzIHNzbSBnZXQtcGFyYW1ldGVyIC0tbmFtZSAiL2FmdC9jb25maWcvdGVycmFmb3JtL2Rpc3RyaWJ1dGlvbiIgLS1xdWVyeSAiUGFyYW1ldGVyLlZhbHVlIiAtLW91dHB1dCB0ZXh0KQ0KICAgICAgLSBDVF9NR01UX1JFR0lPTj0kKGF3cyBzc20gZ2V0LXBhcmFtZXRlciAtLW5hbWUgIi9hZnQvY29uZmlnL2N0LW1hbmFnZW1lbnQtcmVnaW9uIiAtLXF1ZXJ5ICJQYXJhbWV0ZXIuVmFsdWUiIC0tb3V0cHV0IHRleHQpDQogICAgICAtIEFGVF9NR01UX0FDQ09VTlQ9JChhd3Mgc3NtIGdldC1wYXJhbWV0ZXIgLS1uYW1lICIvYWZ0L2FjY291bnQvYWZ0LW1hbmFnZW1lbnQvYWNjb3VudC1pZCIgLS1xdWVyeSAiUGFyYW1ldGVyLlZhbHVlIiAtLW91dHB1dCB0ZXh0KQ0KICAgICAgLSBBRlRfRVhFQ19ST0xFX0FSTj1hcm46JEFXU19QQVJUSVRJT046aWFtOjokQUZUX01HTVRfQUNDT1VOVDpyb2xlL0FXU0FGVEV4ZWN1dGlvbg0KICAgICAgLSBWRU5ERURfRVhFQ19ST0xFX0FSTj1hcm46JEFXU19QQVJUSVRJT046aWFtOjokVkVOREVEX0FDQ09VTlRfSUQ6cm9sZS9BV1NBRlRFeGVjdXRpb24NCiAgICAgIC0gQUZUX0FETUlOX1JPTEVfTkFNRT0kKGF3cyBzc20gZ2V0LXBhcmFtZXRlciAtLW5hbWUgL2FmdC9yZXNvdXJjZXMvaWFtL2FmdC1hZG1pbmlzdHJhdG9yLXJvbGUtbmFtZSB8IGpxIC0tcmF3LW91dHB1dCAiLlBhcmFtZXRlci5WYWx1ZSIpDQogICAgICAtIEFGVF9BRE1JTl9ST0xFX0FSTj1hcm46JEFXU19QQVJUSVRJT046aWFtOjokQUZUX01HTVRfQUNDT1VOVDpyb2xlLyRBRlRfQURNSU5fUk9MRV9OQU1FDQogICAgICAtIFJPTEVfU0VTU0lPTl9OQU1FPSQoYXdzIHNzbSBnZXQtcGFyYW1ldGVyIC0tbmFtZSAvYWZ0L3Jlc291cmNlcy9pYW0vYWZ0LXNlc3Npb24tbmFtZSB8IGpxIC0tcmF3LW91dHB1dCAiLlBhcmFtZXRlci5WYWx1ZSIpDQoNCiAgICAgICMgQ29uZmlndXJlIERldmVsb3BtZW50IFNTSCBLZXkNCiAgICAgIC0gfA0KICAgICAgICBzc2hfa2V5X3BhcmFtZXRlcj0kKGF3cyBzc20gZ2V0LXBhcmFtZXRlciAtLW5hbWUgL2FmdC9jb25maWcvYWZ0LXNzaC1rZXkgLS13aXRoLWRlY3J5cHRpb24gMj4gL2Rldi9udWxsIHx8IGVjaG8gIk5vbmUiKQ0KICAgICAgICBpZiBbWyAkc3NoX2tleV9wYXJhbWV0ZXIgIT0gIk5vbmUiIF1dOyB0aGVuDQogICAgICAgICAgc3NoX2tleT0kKGpxIC0tcmF3LW91dHB1dCAiLlBhcmFtZXRlci5WYWx1ZSIgPDw8ICRzc2hfa2V5X3BhcmFtZXRlcikNCiAgICAgICAgICBta2RpciAtcCB+Ly5zc2gNCiAgICAgICAgICBlY2hvICJIb3N0ICoiID4+IH4vLnNzaC9jb25maWcNCiAgICAgICAgICBlY2hvICJTdHJpY3RIb3N0S2V5Q2hlY2tpbmcgbm8iID4+IH4vLnNzaC9jb25maWcNCiAgICAgICAgICBlY2hvICJVc2VyS25vd25Ib3N0c0ZpbGU9L2Rldi9udWxsIiA+PiB+Ly5zc2gvY29uZmlnDQogICAgICAgICAgZWNobyAiJHNzaF9rZXkiID4gfi8uc3NoL3NzaF9rZXkNCiAgICAgICAgICBlY2hvIC1lICJcblxuIiA+PiAgfi8uc3NoL3NzaF9rZXkNCiAgICAgICAgICBjaG1vZCA2MDAgfi8uc3NoL3NzaF9rZXkNCiAgICAgICAgICBldmFsICIkKHNzaC1hZ2VudCAtcykiDQogICAgICAgICAgc3NoLWFkZCB+Ly5zc2gvc3NoX2tleQ0KICAgICAgICBmaQ0KDQogICAgICAjIENsb25lIEFGVA0KICAgICAgLSBBV1NfTU9EVUxFX1NPVVJDRT0kKGF3cyBzc20gZ2V0LXBhcmFtZXRlciAtLW5hbWUgIi9hZnQvY29uZmlnL2FmdC1waXBlbGluZS1jb2RlLXNvdXJjZS9yZXBvLXVybCIgLS1xdWVyeSAiUGFyYW1ldGVyLlZhbHVlIiAtLW91dHB1dCB0ZXh0KQ0KICAgICAgLSBBV1NfTU9EVUxFX0dJVF9SRUY9JChhd3Mgc3NtIGdldC1wYXJhbWV0ZXIgLS1uYW1lICIvYWZ0L2NvbmZpZy9hZnQtcGlwZWxpbmUtY29kZS1zb3VyY2UvcmVwby1naXQtcmVmIiAtLXF1ZXJ5ICJQYXJhbWV0ZXIuVmFsdWUiIC0tb3V0cHV0IHRleHQpDQogICAgICAtIGdpdCBjb25maWcgLS1nbG9iYWwgY3JlZGVudGlhbC5oZWxwZXIgJyFhd3MgY29kZWNvbW1pdCBjcmVkZW50aWFsLWhlbHBlciAkQCcNCiAgICAgIC0gZ2l0IGNvbmZpZyAtLWdsb2JhbCBjcmVkZW50aWFsLlVzZUh0dHBQYXRoIHRydWUNCiAgICAgIC0gZ2l0IGNsb25lIC0tcXVpZXQgLWIgJEFXU19NT0RVTEVfR0lUX1JFRiAkQVdTX01PRFVMRV9TT1VSQ0UgYXdzLWFmdC1jb3JlLWZyYW1ld29yaw0KDQogICAgICAjIEdlbmVyYXRlIHNlc3Npb24gcHJvZmlsZXMNCiAgICAgIC0gY2htb2QgK3ggJERFRkFVTFRfUEFUSC9hd3MtYWZ0LWNvcmUtZnJhbWV3b3JrL3NvdXJjZXMvc2NyaXB0cy9jcmVkcy5zaA0KICAgICAgLSAkREVGQVVMVF9QQVRIL2F3cy1hZnQtY29yZS1mcmFtZXdvcmsvc291cmNlcy9zY3JpcHRzL2NyZWRzLnNoDQoNCiAgICAgICMgSW5zdGFsbCBBRlQgUHl0aG9uIERlcGVuZGVuY2llcw0KICAgICAgLSBweXRob24zIC1tIHZlbnYgJERFRkFVTFRfUEFUSC9hZnQtdmVudg0KICAgICAgLSAkREVGQVVMVF9QQVRIL2FmdC12ZW52L2Jpbi9waXAgaW5zdGFsbCAtVSBwaXANCiAgICAgIC0gJERFRkFVTFRfUEFUSC9hZnQtdmVudi9iaW4vcGlwIGluc3RhbGwgamluamEyLWNsaT09MC43LjAgSmluamEyPT0zLjAuMSBNYXJrdXBTYWZlPT0yLjAuMSBib3RvMz09MS4xOC41NiByZXF1ZXN0cz09Mi4yNi4wDQoNCiAgICAgICMgSW5zdGFsbCBBUEkgSGVscGVyIFB5dGhvbiBEZXBlbmRlbmNpZXMNCiAgICAgIC0gcHl0aG9uMyAtbSB2ZW52ICRERUZBVUxUX1BBVEgvYXBpLWhlbHBlcnMtdmVudg0KICAgICAgLSAkREVGQVVMVF9QQVRIL2FwaS1oZWxwZXJzLXZlbnYvYmluL3BpcCBpbnN0YWxsIC1yICRERUZBVUxUX1BBVEgvYXBpX2hlbHBlcnMvcHl0aG9uL3JlcXVpcmVtZW50cy50eHQNCg0KICAgICAgIyBNYXJrIGhlbHBlciBzY3JpcHRzIGFzIGV4ZWN1dGFibGUNCiAgICAgIC0gY2htb2QgK3ggJERFRkFVTFRfUEFUSC9hcGlfaGVscGVycy9wcmUtYXBpLWhlbHBlcnMuc2gNCiAgICAgIC0gY2htb2QgK3ggJERFRkFVTFRfUEFUSC9hcGlfaGVscGVycy9wb3N0LWFwaS1oZWxwZXJzLnNoDQogICAgICANCiAgcHJlX2J1aWxkOg0KICAgIG9uLWZhaWx1cmU6IEFCT1JUDQogICAgY29tbWFuZHM6DQogICAgICAtIHNvdXJjZSAkREVGQVVMVF9QQVRIL2FwaS1oZWxwZXJzLXZlbnYvYmluL2FjdGl2YXRlDQogICAgICAtIGV4cG9ydCBBV1NfUFJPRklMRT1hZnQtdGFyZ2V0DQogICAgICAtICRERUZBVUxUX1BBVEgvYXBpX2hlbHBlcnMvcHJlLWFwaS1oZWxwZXJzLnNoIHx8IGV4aXQgMQ0KICAgICAgLSB1bnNldCBBV1NfUFJPRklMRQ0KDQogIGJ1aWxkOg0KICAgIG9uLWZhaWx1cmU6IENPTlRJTlVFDQogICAgY29tbWFuZHM6DQogICAgICAjIEFwcGx5IGN1c3RvbWl6YXRpb25zDQogICAgICAtIHNvdXJjZSAkREVGQVVMVF9QQVRIL2FmdC12ZW52L2Jpbi9hY3RpdmF0ZQ0KICAgICAgLSB8DQogICAgICAgIGlmIFsgJFRGX0RJU1RSSUJVVElPTiA9ICJvc3MiIF07IHRoZW4NCiAgICAgICAgICBURl9CQUNLRU5EX1JFR0lPTj0kKGF3cyBzc20gZ2V0LXBhcmFtZXRlciAtLW5hbWUgIi9hZnQvY29uZmlnL29zcy1iYWNrZW5kL3ByaW1hcnktcmVnaW9uIiAtLXF1ZXJ5ICJQYXJhbWV0ZXIuVmFsdWUiIC0tb3V0cHV0IHRleHQpDQogICAgICAgICAgVEZfS01TX0tFWV9JRD0kKGF3cyBzc20gZ2V0LXBhcmFtZXRlciAtLW5hbWUgIi9hZnQvY29uZmlnL29zcy1iYWNrZW5kL2ttcy1rZXktaWQiIC0tcXVlcnkgIlBhcmFtZXRlci5WYWx1ZSIgLS1vdXRwdXQgdGV4dCkNCiAgICAgICAgICBURl9EREJfVEFCTEU9JChhd3Mgc3NtIGdldC1wYXJhbWV0ZXIgLS1uYW1lICIvYWZ0L2NvbmZpZy9vc3MtYmFja2VuZC90YWJsZS1pZCIgLS1xdWVyeSAiUGFyYW1ldGVyLlZhbHVlIiAtLW91dHB1dCB0ZXh0KQ0KICAgICAgICAgIFRGX1MzX0JVQ0tFVD0kKGF3cyBzc20gZ2V0LXBhcmFtZXRlciAtLW5hbWUgIi9hZnQvY29uZmlnL29zcy1iYWNrZW5kL2J1Y2tldC1pZCIgLS1xdWVyeSAiUGFyYW1ldGVyLlZhbHVlIiAtLW91dHB1dCB0ZXh0KQ0KICAgICAgICAgIFRGX1MzX0tFWT0kVkVOREVEX0FDQ09VTlRfSUQtYWZ0LWdsb2JhbC1jdXN0b21pemF0aW9ucy90ZXJyYWZvcm0udGZzdGF0ZQ0KDQogICAgICAgICAgY2QgL3RtcA0KICAgICAgICAgIGVjaG8gIkluc3RhbGxpbmcgVGVycmFmb3JtIg0KICAgICAgICAgIGN1cmwgLXEgLW8gdGVycmFmb3JtXyR7VEZfVkVSU0lPTn1fbGludXhfYW1kNjQuemlwIGh0dHBzOi8vcmVsZWFzZXMuaGFzaGljb3JwLmNvbS90ZXJyYWZvcm0vJHtURl9WRVJTSU9OfS90ZXJyYWZvcm1fJHtURl9WRVJTSU9OfV9saW51eF9hbWQ2NC56aXANCiAgICAgICAgICBta2RpciAtcCAvb3B0L2FmdC9iaW4NCiAgICAgICAgICB1bnppcCAtcSAtbyB0ZXJyYWZvcm1fJHtURl9WRVJTSU9OfV9saW51eF9hbWQ2NC56aXANCiAgICAgICAgICBtdiB0ZXJyYWZvcm0gL29wdC9hZnQvYmluDQogICAgICAgICAgL29wdC9hZnQvYmluL3RlcnJhZm9ybSAtbm8tY29sb3IgLS12ZXJzaW9uDQoNCiAgICAgICAgICAjIE1vdmUgYmFjayB0byBjdXN0b21pemF0aW9uIG1vZHVsZQ0KICAgICAgICAgIGNkICRERUZBVUxUX1BBVEgvdGVycmFmb3JtDQogICAgICAgICAgaWYgbHMgKi5qaW5qYSA+L2Rldi9udWxsIDI+JjE7IHRoZW4NCiAgICAgICAgICAgIGZvciBmIGluICouamluamE7IGRvDQogICAgICAgICAgICAgIGppbmphMiAiJGYiIC1EIHRpbWVzdGFtcD0iJFRJTUVTVEFNUCIgLUQgdGZfZGlzdHJpYnV0aW9uX3R5cGU9IiRURl9ESVNUUklCVVRJT04iIFwNCiAgICAgICAgICAgICAgICAtRCBwcm92aWRlcl9yZWdpb249IiRDVF9NR01UX1JFR0lPTiIgLUQgcmVnaW9uPSIkVEZfQkFDS0VORF9SRUdJT04iIFwNCiAgICAgICAgICAgICAgICAtRCBhZnRfYWRtaW5fcm9sZV9hcm49IiRBRlRfRVhFQ19ST0xFX0FSTiIgLUQgdGFyZ2V0X2FkbWluX3JvbGVfYXJuPSIkVkVOREVEX0VYRUNfUk9MRV9BUk4iIFwNCiAgICAgICAgICAgICAgICAtRCBidWNrZXQ9IiRURl9TM19CVUNLRVQiIC1EIGtleT0iJFRGX1MzX0tFWSIgLUQgZHluYW1vZGJfdGFibGU9IiRURl9EREJfVEFCTEUiIFwNCiAgICAgICAgICAgICAgICAtRCBrbXNfa2V5X2lkPSIkVEZfS01TX0tFWV9JRCIgLUQgdGZfdmVyc2lvbj0iJFRGX1ZFUlNJT04iID4+ICIuLyQoYmFzZW5hbWUgIiRmIiAuamluamEpLnRmIg0KICAgICAgICAgICAgZG9uZQ0KICAgICAgICAgIGVsc2UNCiAgICAgICAgICAgIGVjaG8gIk5vIEppbmphMiB0ZW1wbGF0ZXMgZm91bmQgLSBza2lwcGluZyB0ZW1wbGF0ZSBwcm9jZXNzaW5nIg0KICAgICAgICAgIGZpDQogICAgICAgICAgZm9yIGYgaW4gKi50ZjsgZG8gZWNobyAiXG4gXG4iOyBlY2hvICRmOyBjYXQgJGY7IGRvbmUNCg0KICAgICAgICAgIGNkICRERUZBVUxUX1BBVEgvdGVycmFmb3JtDQogICAgICAgICAgZXhwb3J0IEFXU19QUk9GSUxFPWFmdC1tYW5hZ2VtZW50LWFkbWluDQogICAgICAgICAgL29wdC9hZnQvYmluL3RlcnJhZm9ybSBpbml0IC1uby1jb2xvcg0KICAgICAgICAgIC9vcHQvYWZ0L2Jpbi90ZXJyYWZvcm0gYXBwbHkgLW5vLWNvbG9yIC0tYXV0by1hcHByb3ZlDQogICAgICAgIGVsc2UNCiAgICAgICAgICBURl9PUkdfTkFNRT0kKGF3cyBzc20gZ2V0LXBhcmFtZXRlciAtLW5hbWUgIi9hZnQvY29uZmlnL3RlcnJhZm9ybS9vcmctbmFtZSIgLS1xdWVyeSAiUGFyYW1ldGVyLlZhbHVlIiAtLW91dHB1dCB0ZXh0KQ0KICAgICAgICAgIFRGX1RPS0VOPSQoYXdzIHNzbSBnZXQtcGFyYW1ldGVyIC0tbmFtZSAiL2FmdC9jb25maWcvdGVycmFmb3JtL3Rva2VuIiAtLXdpdGgtZGVjcnlwdGlvbiAtLXF1ZXJ5ICJQYXJhbWV0ZXIuVmFsdWUiIC0tb3V0cHV0IHRleHQpDQogICAgICAgICAgVEZfRU5EUE9JTlQ9JChhd3Mgc3NtIGdldC1wYXJhbWV0ZXIgLS1uYW1lICIvYWZ0L2NvbmZpZy90ZXJyYWZvcm0vYXBpLWVuZHBvaW50IiAtLXF1ZXJ5ICJQYXJhbWV0ZXIuVmFsdWUiIC0tb3V0cHV0IHRleHQpDQogICAgICAgICAgVEZfUFJPSkVDVF9OQU1FPSQoYXdzIHNzbSBnZXQtcGFyYW1ldGVyIC0tbmFtZSAiL2FmdC9jb25maWcvdGVycmFmb3JtL3Byb2plY3QtbmFtZSIgLS1xdWVyeSAiUGFyYW1ldGVyLlZhbHVlIiAtLW91dHB1dCB0ZXh0KQ0KICAgICAgICAgIFRGX1dPUktTUEFDRV9OQU1FPSRWRU5ERURfQUNDT1VOVF9JRC1hZnQtZ2xvYmFsLWN1c3RvbWl6YXRpb25zDQogICAgICAgICAgVEZfQ09ORklHX1BBVEg9Ii4vdGVtcF9jb25maWd1cmF0aW9uX2ZpbGUudGFyLmd6Ig0KICAgICAgICAgIGNkICRERUZBVUxUX1BBVEgvdGVycmFmb3JtDQogICAgICAgICAgaWYgbHMgKi5qaW5qYSA+L2Rldi9udWxsIDI+JjE7IHRoZW4NCiAgICAgICAgICAgIGZvciBmIGluICouamluamE7IGRvDQogICAgICAgICAgICAgIGppbmphMiAiJGYiIC1EIHRpbWVzdGFtcD0iJFRJTUVTVEFNUCIgLUQgcHJvdmlkZXJfcmVnaW9uPSIkQ1RfTUdNVF9SRUdJT04iIFwNCiAgICAgICAgICAgICAgICAtRCB0Zl9kaXN0cmlidXRpb25fdHlwZT0iJFRGX0RJU1RSSUJVVElPTiIgLUQgYWZ0X2FkbWluX3JvbGVfYXJuPSIkQUZUX0VYRUNfUk9MRV9BUk4iIFwNCiAgICAgICAgICAgICAgICAtRCB0YXJnZXRfYWRtaW5fcm9sZV9hcm49IiRWRU5ERURfRVhFQ19ST0xFX0FSTiIgLUQgdGVycmFmb3JtX29yZ19uYW1lPSIkVEZfT1JHX05BTUUiIFwNCiAgICAgICAgICAgICAgICAtRCB0ZXJyYWZvcm1fd29ya3NwYWNlX25hbWU9IiRURl9XT1JLU1BBQ0VfTkFNRSIgID4+ICIuLyQoYmFzZW5hbWUgIiRmIiAuamluamEpLnRmIg0KICAgICAgICAgICAgZG9uZQ0KICAgICAgICAgIGVsc2UNCiAgICAgICAgICAgIGVjaG8gIk5vIEppbmphMiB0ZW1wbGF0ZXMgZm91bmQgLSBza2lwcGluZyB0ZW1wbGF0ZSBwcm9jZXNzaW5nIg0KICAgICAgICAgIGZpDQogICAgICAgICAgZm9yIGYgaW4gKi50ZjsgZG8gZWNobyAiXG4gXG4iOyBlY2hvICRmOyBjYXQgJGY7IGRvbmUNCiAgICAgICAgICBjZCAkREVGQVVMVF9QQVRIDQogICAgICAgICAgdGFyIC1jemYgdGVtcF9jb25maWd1cmF0aW9uX2ZpbGUudGFyLmd6IC1DIHRlcnJhZm9ybSAtLWV4Y2x1ZGUgLmdpdCAtLWV4Y2x1ZGUgdmVudiAuDQogICAgICAgICAgcHl0aG9uMyAkREVGQVVMVF9QQVRIL2F3cy1hZnQtY29yZS1mcmFtZXdvcmsvc291cmNlcy9zY3JpcHRzL3dvcmtzcGFjZV9tYW5hZ2VyLnB5IC0tb3BlcmF0aW9uICJkZXBsb3kiIC0tb3JnYW5pemF0aW9uX25hbWUgJFRGX09SR19OQU1FIC0td29ya3NwYWNlX25hbWUgJFRGX1dPUktTUEFDRV9OQU1FIC0tYXNzdW1lX3JvbGVfYXJuICRBRlRfQURNSU5fUk9MRV9BUk4gLS1hc3N1bWVfcm9sZV9zZXNzaW9uX25hbWUgJFJPTEVfU0VTU0lPTl9OQU1FIC0tYXBpX2VuZHBvaW50ICRURl9FTkRQT0lOVCAtLWFwaV90b2tlbiAkVEZfVE9LRU4gLS10ZXJyYWZvcm1fdmVyc2lvbiAkVEZfVkVSU0lPTiAtLWNvbmZpZ19maWxlICRURl9DT05GSUdfUEFUSCAtLXByb2plY3RfbmFtZSAiJFRGX1BST0pFQ1RfTkFNRSINCiAgICAgICAgZmkNCg0KICBwb3N0X2J1aWxkOg0KICAgIG9uLWZhaWx1cmU6IEFCT1JUDQogICAgY29tbWFuZHM6DQogICAgICAtIGV4cG9ydCBQWVRIT05QQVRIPSIkREVGQVVMVF9QQVRIL2F3cy1hZnQtY29yZS1mcmFtZXdvcmsvc291cmNlcy9hZnQtbGFtYmRhLWxheWVyOiRQWVRIT05QQVRIIg0KICAgICAgLSBleHBvcnQgQVdTX1BST0ZJTEU9YWZ0LW1hbmFnZW1lbnQNCiAgICAgIC0gcHl0aG9uMyAkREVGQVVMVF9QQVRIL2F3cy1hZnQtY29yZS1mcmFtZXdvcmsvc291cmNlcy9hZnQtbGFtYmRhLWxheWVyL2FmdF9jb21tb24vbWV0cmljcy5weSAtLWNvZGVidWlsZC1uYW1lICJhZnQtZ2xvYmFsLWN1c3RvbWl6YXRpb25zIiAtLWNvZGVidWlsZC1zdGF0dXMgJENPREVCVUlMRF9CVUlMRF9TVUNDRUVESU5HDQogICAgICAtIHVuc2V0IEFXU19QUk9GSUxFDQogICAgICAtIHwNCiAgICAgICAgaWYgW1sgJENPREVCVUlMRF9CVUlMRF9TVUNDRUVESU5HID09IDAgXV07IHRoZW4NCiAgICAgICAgICBleGl0IDENCiAgICAgICAgZmkNCiAgICAgIC0gc291cmNlICRERUZBVUxUX1BBVEgvYXBpLWhlbHBlcnMtdmVudi9iaW4vYWN0aXZhdGUNCiAgICAgIC0gZXhwb3J0IEFXU19QUk9GSUxFPWFmdC10YXJnZXQNCiAgICAgIC0gJERFRkFVTFRfUEFUSC9hcGlfaGVscGVycy9wb3N0LWFwaS1oZWxwZXJzLnNoIHx8IGV4aXQgMQ0K",
            "content_base64sha256": "0UN6nlgvN+bYW8sCaBdDmz0laxF3ZRhU2eLIqBYSmKw=",
            "content_base64sha512": "gTIaHBQiWHUmgEgRgAIRq5D1phJXdcvNvJYkfEakFVehMGSVmelzmdEENBYabC2Gko2We6hpxQFeW3d27oRoPA==",
            "content_md5": "974b656f7def41692c2ee3c9bb4a127c",
            "content_sha1": "8830a2661b759fe8ebe477fd49ad446089a6d74b",
            "content_sha256": "d1437a9e582f37e6d85bcb026817439b3d256b1177651854d9e2c8a8161298ac",
            "content_sha512": "81321a1c1422587526804811800211ab90f5a6125775cbcdbc96247c46a41557a130649599e97399d10434161a6c2d86928d967ba869c5015e5b7776ee84683c",
            "filename": ".terraform/modules/aft/modules/aft-customizations/buildspecs/aft-global-customizations-terraform.yml",
            "id": "8830a2661b759fe8ebe477fd49ad446089a6d74b"
          },
          "sensitive_attributes": [],
          "identity_schema_version": 0
        }
      ]
    },
    {
      "module": "module.aft.module.aft_customizations",
      "mode": "managed",
      "type": "aws_cloudwatch_log_group",
      "name": "aft_account_customizations_api_helpers",
      "provider": "module.aft.provider[\"registry.terraform.io/hashicorp/aws\"].aft_management",
      "instances": [
        {
          "schema_version": 0,
          "attributes": {
            "arn": "arn:aws:logs:us-east-1:209330743040:log-group:/aws/codebuild/aft-account-customizations-api-helpers",
            "deletion_protection_enabled": false,
            "id": "/aws/codebuild/aft-account-customizations-api-helpers",
            "kms_key_id": "",
            "log_group_class": "STANDARD",
            "name": "/aws/codebuild/aft-account-customizations-api-helpers",
            "name_prefix": "",
            "region": "us-east-1",
            "retention_in_days": 0,
            "skip_destroy": false,
            "tags": {},
            "tags_all": {
              "managed_by": "AFT"
            }
          },
          "sensitive_attributes": [],
          "identity_schema_version": 0,
          "identity": {
            "account_id": "209330743040",
            "name": "/aws/codebuild/aft-account-customizations-api-helpers",
            "region": "us-east-1"
          },
          "private": "bnVsbA==",
          "dependencies": [
            "module.aft.data.aws_partition.current",
            "module.aft.module.aft_account_request_framework.aws_kms_key.aft",
            "module.aft.module.aft_account_request_framework.data.aws_caller_identity.aft-management",
            "module.aft.module.aft_account_request_framework.data.aws_partition.current",
            "module.aft.module.aft_account_request_framework.data.aws_region.aft-management"
          ]
        }
      ]
    },
    {
      "module": "module.aft.module.aft_customizations",
      "mode": "managed",
      "type": "aws_cloudwatch_log_group",
      "name": "aft_account_customizations_terraform",
      "provider": "module.aft.provider[\"registry.terraform.io/hashicorp/aws\"].aft_management",
      "instances": [
        {
          "schema_version": 0,
          "attributes": {
            "arn": "arn:aws:logs:us-east-1:209330743040:log-group:/aws/codebuild/aft-account-customizations-terraform",
            "deletion_protection_enabled": false,
            "id": "/aws/codebuild/aft-account-customizations-terraform",
            "kms_key_id": "",
            "log_group_class": "STANDARD",
            "name": "/aws/codebuild/aft-account-customizations-terraform",
            "name_prefix": "",
            "region": "us-east-1",
            "retention_in_days": 0,
            "skip_destroy": false,
            "tags": {},
            "tags_all": {
              "managed_by": "AFT"
            }
          },
          "sensitive_attributes": [],
          "identity_schema_version": 0,
          "identity": {
            "account_id": "209330743040",
            "name": "/aws/codebuild/aft-account-customizations-terraform",
            "region": "us-east-1"
          },
          "private": "bnVsbA==",
          "dependencies": [
            "module.aft.data.aws_partition.current",
            "module.aft.module.aft_account_request_framework.aws_kms_key.aft",
            "module.aft.module.aft_account_request_framework.data.aws_caller_identity.aft-management",
            "module.aft.module.aft_account_request_framework.data.aws_partition.current",
            "module.aft.module.aft_account_request_framework.data.aws_region.aft-management"
          ]
        }
      ]
    },
    {
      "module": "module.aft.module.aft_customizations",
      "mode": "managed",
      "type": "aws_cloudwatch_log_group",
      "name": "aft_create_pipeline",
      "provider": "module.aft.provider[\"registry.terraform.io/hashicorp/aws\"].aft_management",
      "instances": [
        {
          "schema_version": 0,
          "attributes": {
            "arn": "arn:aws:logs:us-east-1:209330743040:log-group:/aws/codebuild/aft-create-pipeline",
            "deletion_protection_enabled": false,
            "id": "/aws/codebuild/aft-create-pipeline",
            "kms_key_id": "",
            "log_group_class": "STANDARD",
            "name": "/aws/codebuild/aft-create-pipeline",
            "name_prefix": "",
            "region": "us-east-1",
            "retention_in_days": 0,
            "skip_destroy": false,
            "tags": {},
            "tags_all": {
              "managed_by": "AFT"
            }
          },
          "sensitive_attributes": [],
          "identity_schema_version": 0,
          "identity": {
            "account_id": "209330743040",
            "name": "/aws/codebuild/aft-create-pipeline",
            "region": "us-east-1"
          },
          "private": "bnVsbA==",
          "dependencies": [
            "module.aft.data.aws_partition.current",
            "module.aft.module.aft_account_request_framework.aws_kms_key.aft",
            "module.aft.module.aft_account_request_framework.data.aws_caller_identity.aft-management",
            "module.aft.module.aft_account_request_framework.data.aws_partition.current",
            "module.aft.module.aft_account_request_framework.data.aws_region.aft-management"
          ]
        }
      ]
    },
    {
      "module": "module.aft.module.aft_customizations",
      "mode": "managed",
      "type": "aws_cloudwatch_log_group",
      "name": "aft_customizations_invoke_account_provisioning",
      "provider": "module.aft.provider[\"registry.terraform.io/hashicorp/aws\"].aft_management",
      "instances": [
        {
          "schema_version": 0,
          "attributes": {
            "arn": "arn:aws:logs:us-east-1:209330743040:log-group:/aws/lambda/aft-customizations-invoke-account-provisioning",
            "deletion_protection_enabled": false,
            "id": "/aws/lambda/aft-customizations-invoke-account-provisioning",
            "kms_key_id": "",
            "log_group_class": "STANDARD",
            "name": "/aws/lambda/aft-customizations-invoke-account-provisioning",
            "name_prefix": "",
            "region": "us-east-1",
            "retention_in_days": 0,
            "skip_destroy": false,
            "tags": {},
            "tags_all": {
              "managed_by": "AFT"
            }
          },
          "sensitive_attributes": [],
          "identity_schema_version": 0,
          "identity": {
            "account_id": "209330743040",
            "name": "/aws/lambda/aft-customizations-invoke-account-provisioning",
            "region": "us-east-1"
          },
          "private": "bnVsbA==",
          "dependencies": [
            "module.aft.data.aws_partition.current",
            "module.aft.module.aft_account_request_framework.aws_kms_key.aft",
            "module.aft.module.aft_account_request_framework.data.aws_caller_identity.aft-management",
            "module.aft.module.aft_account_request_framework.data.aws_partition.current",
            "module.aft.module.aft_account_request_framework.data.aws_region.aft-management"
          ]
        }
      ]
    },
    {
      "module": "module.aft.module.aft_customizations",
      "mode": "managed",
      "type": "aws_cloudwatch_log_group",
      "name": "aft_global_customizations_api_helpers",
      "provider": "module.aft.provider[\"registry.terraform.io/hashicorp/aws\"].aft_management",
      "instances": [
        {
          "schema_version": 0,
          "attributes": {
            "arn": "arn:aws:logs:us-east-1:209330743040:log-group:/aws/codebuild/aft-global-customizations-api-helpers",
            "deletion_protection_enabled": false,
            "id": "/aws/codebuild/aft-global-customizations-api-helpers",
            "kms_key_id": "",
            "log_group_class": "STANDARD",
            "name": "/aws/codebuild/aft-global-customizations-api-helpers",
            "name_prefix": "",
            "region": "us-east-1",
            "retention_in_days": 0,
            "skip_destroy": false,
            "tags": {},
            "tags_all": {
              "managed_by": "AFT"
            }
          },
          "sensitive_attributes": [],
          "identity_schema_version": 0,
          "identity": {
            "account_id": "209330743040",
            "name": "/aws/codebuild/aft-global-customizations-api-helpers",
            "region": "us-east-1"
          },
          "private": "bnVsbA==",
          "dependencies": [
            "module.aft.data.aws_partition.current",
            "module.aft.module.aft_account_request_framework.aws_kms_key.aft",
            "module.aft.module.aft_account_request_framework.data.aws_caller_identity.aft-management",
            "module.aft.module.aft_account_request_framework.data.aws_partition.current",
            "module.aft.module.aft_account_request_framework.data.aws_region.aft-management"
          ]
        }
      ]
    },
    {
      "module": "module.aft.module.aft_customizations",
      "mode": "managed",
      "type": "aws_cloudwatch_log_group",
      "name": "aft_global_customizations_terraform",
      "provider": "module.aft.provider[\"registry.terraform.io/hashicorp/aws\"].aft_management",
      "instances": [
        {
          "schema_version": 0,
          "attributes": {
            "arn": "arn:aws:logs:us-east-1:209330743040:log-group:/aws/codebuild/aft-global-customizations-terraform",
            "deletion_protection_enabled": false,
            "id": "/aws/codebuild/aft-global-customizations-terraform",
            "kms_key_id": "",
            "log_group_class": "STANDARD",
            "name": "/aws/codebuild/aft-global-customizations-terraform",
            "name_prefix": "",
            "region": "us-east-1",
            "retention_in_days": 0,
            "skip_destroy": false,
            "tags": {},
            "tags_all": {
              "managed_by": "AFT"
            }
          },
          "sensitive_attributes": [],
          "identity_schema_version": 0,
          "identity": {
            "account_id": "209330743040",
            "name": "/aws/codebuild/aft-global-customizations-terraform",
            "region": "us-east-1"
          },
          "private": "bnVsbA==",
          "dependencies": [
            "module.aft.data.aws_partition.current",
            "module.aft.module.aft_account_request_framework.aws_kms_key.aft",
            "module.aft.module.aft_account_request_framework.data.aws_caller_identity.aft-management",
            "module.aft.module.aft_account_request_framework.data.aws_partition.current",
            "module.aft.module.aft_account_request_framework.data.aws_region.aft-management"
          ]
        }
      ]
    },
    {
      "module": "module.aft.module.aft_customizations",
      "mode": "managed",
      "type": "aws_codebuild_project",
      "name": "aft_account_customizations_terraform",
      "provider": "module.aft.provider[\"registry.terraform.io/hashicorp/aws\"].aft_management",
      "instances": [
        {
          "schema_version": 0,
          "attributes": {
            "arn": "arn:aws:codebuild:us-east-1:209330743040:project/aft-account-customizations-terraform",
            "artifacts": [
              {
                "artifact_identifier": "",
                "bucket_owner_access": "",
                "encryption_disabled": false,
                "location": "",
                "name": "aft-account-customizations-terraform",
                "namespace_type": "",
                "override_artifact_name": false,
                "packaging": "NONE",
                "path": "",
                "type": "CODEPIPELINE"
              }
            ],
            "auto_retry_limit": 0,
            "badge_enabled": false,
            "badge_url": "",
            "build_batch_config": [],
            "build_timeout": 60,
            "cache": [
              {
                "cache_namespace": "",
                "location": "",
                "modes": [],
                "type": "NO_CACHE"
              }
            ],
            "concurrent_build_limit": 0,
            "description": "Job to apply Terraform provided by the customer account customizations repo",
            "encryption_key": "arn:aws:kms:us-east-1:209330743040:key/89104c7a-ebe1-42ee-930b-caa51544f46a",
            "environment": [
              {
                "certificate": "",
                "compute_type": "BUILD_GENERAL1_MEDIUM",
                "docker_server": [],
                "environment_variable": [
                  {
                    "name": "AWS_PARTITION",
                    "type": "PLAINTEXT",
                    "value": "aws"
                  }
                ],
                "fleet": [],
                "image": "aws/codebuild/amazonlinux2-x86_64-standard:5.0",
                "image_pull_credentials_type": "CODEBUILD",
                "privileged_mode": false,
                "registry_credential": [],
                "type": "LINUX_CONTAINER"
              }
            ],
            "file_system_locations": [],
            "id": "arn:aws:codebuild:us-east-1:209330743040:project/aft-account-customizations-terraform",
            "logs_config": [
              {
                "cloudwatch_logs": [
                  {
                    "group_name": "/aws/codebuild/aft-account-customizations-terraform",
                    "status": "ENABLED",
                    "stream_name": ""
                  }
                ],
                "s3_logs": [
                  {
                    "bucket_owner_access": "",
                    "encryption_disabled": false,
                    "location": "aft-customizations-pipeline-209330743040/aft-account-customizations-terraform-logs",
                    "status": "ENABLED"
                  }
                ]
              }
            ],
            "name": "aft-account-customizations-terraform",
            "project_visibility": "PRIVATE",
            "public_project_alias": "",
            "queued_timeout": 480,
            "region": "us-east-1",
            "resource_access_role": "",
            "secondary_artifacts": [],
            "secondary_source_version": [],
            "secondary_sources": [],
            "service_role": "arn:aws:iam::209330743040:role/aft-codebuild-customizations-role",
            "source": [
              {
                "auth": [],
                "build_status_config": [],
                "buildspec": "# Copyright Amazon.com, Inc. or its affiliates. All rights reserved.\r\n# SPDX-License-Identifier: Apache-2.0\r\n#\r\nversion: 0.2\r\n\r\nphases:\r\n  install:\r\n    on-failure: ABORT\r\n    commands:\r\n      - set -e\r\n      # Populate Required Variables\r\n      - DEFAULT_PATH=$(pwd)\r\n      - TIMESTAMP=$(date '+%Y-%m-%d %H:%M:%S')\r\n      - TF_VERSION=$(aws ssm get-parameter --name \"/aft/config/terraform/version\" --query \"Parameter.Value\" --output text)\r\n      - TF_DISTRIBUTION=$(aws ssm get-parameter --name \"/aft/config/terraform/distribution\" --query \"Parameter.Value\" --output text)\r\n      - CT_MGMT_REGION=$(aws ssm get-parameter --name \"/aft/config/ct-management-region\" --query \"Parameter.Value\" --output text)\r\n      - AFT_MGMT_ACCOUNT=$(aws ssm get-parameter --name \"/aft/account/aft-management/account-id\" --query \"Parameter.Value\" --output text)\r\n      - AFT_EXEC_ROLE_ARN=arn:$AWS_PARTITION:iam::$AFT_MGMT_ACCOUNT:role/AWSAFTExecution\r\n      - VENDED_EXEC_ROLE_ARN=arn:$AWS_PARTITION:iam::$VENDED_ACCOUNT_ID:role/AWSAFTExecution\r\n      - AFT_ADMIN_ROLE_NAME=$(aws ssm get-parameter --name /aft/resources/iam/aft-administrator-role-name | jq --raw-output \".Parameter.Value\")\r\n      - AFT_ADMIN_ROLE_ARN=arn:$AWS_PARTITION:iam::$AFT_MGMT_ACCOUNT:role/$AFT_ADMIN_ROLE_NAME\r\n      - ROLE_SESSION_NAME=$(aws ssm get-parameter --name /aft/resources/iam/aft-session-name | jq --raw-output \".Parameter.Value\")\r\n      - |\r\n        CUSTOMIZATION=$(aws dynamodb get-item --table-name aft-request-metadata --key \"{\\\"id\\\": {\\\"S\\\": \\\"$VENDED_ACCOUNT_ID\\\"}}\" --attributes-to-get \"account_customizations_name\" | jq --raw-output \".Item.account_customizations_name.S\")\r\n\r\n      # Check if customization directory exists       \r\n      - |\r\n        if [[ ! -z \"$CUSTOMIZATION\" ]]; then  \r\n          if [[ ! -d \"$DEFAULT_PATH/$CUSTOMIZATION\" ]]; then\r\n            echo \"Error: ${CUSTOMIZATION} directory does not exist\"\r\n            exit 1\r\n          fi\r\n          \r\n          echo \"Found customization\" $CUSTOMIZATION\r\n\r\n          # Configure Development SSH Key\r\n          ssh_key_parameter=$(aws ssm get-parameter --name /aft/config/aft-ssh-key --with-decryption 2\u003e /dev/null || echo \"None\")\r\n\r\n          if [[ $ssh_key_parameter != \"None\" ]]; then\r\n            ssh_key=$(jq --raw-output \".Parameter.Value\" \u003c\u003c\u003c $ssh_key_parameter)\r\n            mkdir -p ~/.ssh\r\n            echo \"Host *\" \u003e\u003e ~/.ssh/config\r\n            echo \"StrictHostKeyChecking no\" \u003e\u003e ~/.ssh/config\r\n            echo \"UserKnownHostsFile=/dev/null\" \u003e\u003e ~/.ssh/config\r\n            echo \"$ssh_key\" \u003e ~/.ssh/ssh_key\r\n            echo -e \"\\n\\n\" \u003e\u003e  ~/.ssh/ssh_key\r\n            chmod 600 ~/.ssh/ssh_key\r\n            eval \"$(ssh-agent -s)\"\r\n            ssh-add ~/.ssh/ssh_key\r\n          fi   \r\n\r\n          # Clone AFT\r\n          AWS_MODULE_SOURCE=$(aws ssm get-parameter --name \"/aft/config/aft-pipeline-code-source/repo-url\" --query \"Parameter.Value\" --output text)\r\n          AWS_MODULE_GIT_REF=$(aws ssm get-parameter --name \"/aft/config/aft-pipeline-code-source/repo-git-ref\" --query \"Parameter.Value\" --output text)\r\n          git config --global credential.helper '!aws codecommit credential-helper $@'\r\n          git config --global credential.UseHttpPath true\r\n          git clone --quiet -b $AWS_MODULE_GIT_REF $AWS_MODULE_SOURCE aws-aft-core-framework\r\n\r\n          # Install AFT Python Dependencies\r\n          python3 -m venv $DEFAULT_PATH/aft-venv\r\n          $DEFAULT_PATH/aft-venv/bin/pip install -U pip\r\n          $DEFAULT_PATH/aft-venv/bin/pip install jinja2-cli==0.7.0 Jinja2==3.0.1 MarkupSafe==2.0.1 boto3==1.18.56 requests==2.26.0\r\n\r\n          # Install API Helper Python Dependencies\r\n          python3 -m venv $DEFAULT_PATH/api-helpers-venv\r\n          $DEFAULT_PATH/api-helpers-venv/bin/pip install -r $DEFAULT_PATH/$CUSTOMIZATION/api_helpers/python/requirements.txt\r\n\r\n          # Mark helper scripts as executable\r\n          chmod +x $DEFAULT_PATH/$CUSTOMIZATION/api_helpers/pre-api-helpers.sh\r\n          chmod +x $DEFAULT_PATH/$CUSTOMIZATION/api_helpers/post-api-helpers.sh\r\n\r\n          # Generate session profiles\r\n          chmod +x $DEFAULT_PATH/aws-aft-core-framework/sources/scripts/creds.sh\r\n          $DEFAULT_PATH/aws-aft-core-framework/sources/scripts/creds.sh\r\n        fi\r\n\r\n\r\n  pre_build:\r\n    on-failure: ABORT\r\n    commands:\r\n      - |\r\n        if [[ ! -z \"$CUSTOMIZATION\" ]]; then \r\n          source $DEFAULT_PATH/api-helpers-venv/bin/activate\r\n          export AWS_PROFILE=aft-target\r\n          $DEFAULT_PATH/$CUSTOMIZATION/api_helpers/pre-api-helpers.sh || exit 1\r\n          unset AWS_PROFILE\r\n        fi\r\n\r\n  build:\r\n    on-failure: CONTINUE\r\n    commands:\r\n      # Apply Customizations\r\n      - |\r\n        if [[ ! -z \"$CUSTOMIZATION\" ]]; then \r\n          source $DEFAULT_PATH/aft-venv/bin/activate\r\n          if [ $TF_DISTRIBUTION = \"oss\" ]; then\r\n            TF_BACKEND_REGION=$(aws ssm get-parameter --name \"/aft/config/oss-backend/primary-region\" --query \"Parameter.Value\" --output text)\r\n            TF_KMS_KEY_ID=$(aws ssm get-parameter --name \"/aft/config/oss-backend/kms-key-id\" --query \"Parameter.Value\" --output text)\r\n            TF_DDB_TABLE=$(aws ssm get-parameter --name \"/aft/config/oss-backend/table-id\" --query \"Parameter.Value\" --output text)\r\n            TF_S3_BUCKET=$(aws ssm get-parameter --name \"/aft/config/oss-backend/bucket-id\" --query \"Parameter.Value\" --output text)\r\n            TF_S3_KEY=$VENDED_ACCOUNT_ID-aft-account-customizations/terraform.tfstate\r\n\r\n            cd /tmp\r\n            echo \"Installing Terraform\"\r\n            curl -q -o terraform_${TF_VERSION}_linux_amd64.zip https://releases.hashicorp.com/terraform/${TF_VERSION}/terraform_${TF_VERSION}_linux_amd64.zip\r\n            mkdir -p /opt/aft/bin\r\n            unzip -q -o terraform_${TF_VERSION}_linux_amd64.zip \r\n            mv terraform /opt/aft/bin\r\n            /opt/aft/bin/terraform -no-color --version\r\n\r\n            cd $DEFAULT_PATH/$CUSTOMIZATION/terraform\r\n            if ls *.jinja \u003e/dev/null 2\u003e\u00261; then\r\n              for f in *.jinja; do\r\n                jinja2 \"$f\" -D timestamp=\"$TIMESTAMP\" -D tf_distribution_type=\"$TF_DISTRIBUTION\" \\\r\n                  -D provider_region=\"$CT_MGMT_REGION\" -D region=\"$TF_BACKEND_REGION\" \\\r\n                  -D aft_admin_role_arn=\"$AFT_EXEC_ROLE_ARN\" -D target_admin_role_arn=\"$VENDED_EXEC_ROLE_ARN\" \\\r\n                  -D bucket=\"$TF_S3_BUCKET\" -D key=\"$TF_S3_KEY\" -D dynamodb_table=\"$TF_DDB_TABLE\" \\\r\n                  -D kms_key_id=\"$TF_KMS_KEY_ID\" -D tf_version=\"$TF_VERSION\" \u003e\u003e \"./$(basename \"$f\" .jinja).tf\"\r\n              done\r\n            else\r\n              echo \"No Jinja2 templates found - skipping template processing\"\r\n            fi\r\n            for f in *.tf; do echo \"\\n \\n\"; echo $f; cat $f; done\r\n            \r\n            cd $DEFAULT_PATH/$CUSTOMIZATION/terraform\r\n            export AWS_PROFILE=aft-management-admin\r\n            /opt/aft/bin/terraform init -no-color\r\n            /opt/aft/bin/terraform apply -no-color --auto-approve\r\n          else\r\n            TF_BACKEND_REGION=$(aws ssm get-parameter --name \"/aft/config/oss-backend/primary-region\" --query \"Parameter.Value\" --output text)\r\n            TF_ORG_NAME=$(aws ssm get-parameter --name \"/aft/config/terraform/org-name\" --query \"Parameter.Value\" --output text)\r\n            TF_TOKEN=$(aws ssm get-parameter --name \"/aft/config/terraform/token\" --with-decryption --query \"Parameter.Value\" --output text)\r\n            TF_ENDPOINT=$(aws ssm get-parameter --name \"/aft/config/terraform/api-endpoint\" --query \"Parameter.Value\" --output text)\r\n            TF_PROJECT_NAME=$(aws ssm get-parameter --name \"/aft/config/terraform/project-name\" --query \"Parameter.Value\" --output text)\r\n            TF_WORKSPACE_NAME=$VENDED_ACCOUNT_ID-aft-account-customizations\r\n            TF_CONFIG_PATH=\"./temp_configuration_file.tar.gz\"\r\n\r\n            cd $DEFAULT_PATH/$CUSTOMIZATION/terraform\r\n            if ls *.jinja \u003e/dev/null 2\u003e\u00261; then\r\n              for f in *.jinja; do\r\n                jinja2 \"$f\" -D timestamp=\"$TIMESTAMP\" -D provider_region=\"$CT_MGMT_REGION\" \\\r\n                  -D tf_distribution_type=\"$TF_DISTRIBUTION\" -D aft_admin_role_arn=\"$AFT_EXEC_ROLE_ARN\" \\\r\n                  -D target_admin_role_arn=\"$VENDED_EXEC_ROLE_ARN\" -D terraform_org_name=\"$TF_ORG_NAME\" \\\r\n                  -D terraform_workspace_name=\"$TF_WORKSPACE_NAME\"  \u003e\u003e \"./$(basename \"$f\" .jinja).tf\"\r\n              done\r\n            else\r\n              echo \"No Jinja2 templates found - skipping template processing\"\r\n            fi\r\n            for f in *.tf; do echo \"\\n \\n\"; echo $f; cat $f; done\r\n            \r\n            cd $DEFAULT_PATH/$CUSTOMIZATION\r\n            tar -czf temp_configuration_file.tar.gz -C terraform --exclude .git --exclude venv .\r\n            python3 $DEFAULT_PATH/aws-aft-core-framework/sources/scripts/workspace_manager.py --operation \"deploy\" --organization_name $TF_ORG_NAME --workspace_name $TF_WORKSPACE_NAME --assume_role_arn $AFT_ADMIN_ROLE_ARN --assume_role_session_name $ROLE_SESSION_NAME --api_endpoint $TF_ENDPOINT --api_token $TF_TOKEN --terraform_version $TF_VERSION --config_file $TF_CONFIG_PATH --project_name \"$TF_PROJECT_NAME\"\r\n          fi\r\n        fi\r\n  post_build:\r\n    on-failure: ABORT\r\n    commands:\r\n      - |\r\n        if [[ ! -z \"$CUSTOMIZATION\" ]]; then\r\n          export PYTHONPATH=\"$DEFAULT_PATH/aws-aft-core-framework/sources/aft-lambda-layer:$PYTHONPATH\"\r\n          export AWS_PROFILE=aft-management\r\n          python3 $DEFAULT_PATH/aws-aft-core-framework/sources/aft-lambda-layer/aft_common/metrics.py --codebuild-name \"aft-account-customizations\" --codebuild-status $CODEBUILD_BUILD_SUCCEEDING\r\n          unset AWS_PROFILE\r\n        fi\r\n      - |\r\n        if [[ $CODEBUILD_BUILD_SUCCEEDING == 0 ]]; then\r\n          exit 1\r\n        fi\r\n      - |\r\n        if [[ ! -z \"$CUSTOMIZATION\" ]]; then \r\n          source $DEFAULT_PATH/api-helpers-venv/bin/activate\r\n          export AWS_PROFILE=aft-target\r\n          $DEFAULT_PATH/$CUSTOMIZATION/api_helpers/post-api-helpers.sh || exit 1\r\n        fi\r\n",
                "git_clone_depth": 0,
                "git_submodules_config": [],
                "insecure_ssl": false,
                "location": "",
                "report_build_status": false,
                "type": "CODEPIPELINE"
              }
            ],
            "source_version": "",
            "tags": {},
            "tags_all": {
              "managed_by": "AFT"
            },
            "vpc_config": [
              {
                "security_group_ids": [
                  "sg-09cf321705340ff35"
                ],
                "subnets": [
                  "subnet-00b1782f1c5a9b770",
                  "subnet-01a0ef4e8ef095756"
                ],
                "vpc_id": "vpc-0b38a5ed7a9f588cd"
              }
            ]
          },
          "sensitive_attributes": [],
          "identity_schema_version": 0,
          "identity": {
            "arn": "arn:aws:codebuild:us-east-1:209330743040:project/aft-account-customizations-terraform"
          },
          "private": "bnVsbA==",
          "dependencies": [
            "module.aft.data.aws_partition.current",
            "module.aft.module.aft_account_request_framework.aws_kms_key.aft",
            "module.aft.module.aft_account_request_framework.aws_security_group.aft_vpc_default_sg",
            "module.aft.module.aft_account_request_framework.aws_subnet.aft_vpc_private_subnet_01",
            "module.aft.module.aft_account_request_framework.aws_subnet.aft_vpc_private_subnet_02",
            "module.aft.module.aft_account_request_framework.aws_vpc.aft_vpc",
            "module.aft.module.aft_account_request_framework.data.aws_availability_zones.available",
            "module.aft.module.aft_account_request_framework.data.aws_caller_identity.aft-management",
            "module.aft.module.aft_account_request_framework.data.aws_partition.current",
            "module.aft.module.aft_account_request_framework.data.aws_region.aft-management",
            "module.aft.module.aft_customizations.aws_cloudwatch_log_group.aft_account_customizations_terraform",
            "module.aft.module.aft_customizations.aws_iam_role.aft_codebuild_customizations_role",
            "module.aft.module.aft_customizations.aws_s3_bucket.aft_codepipeline_customizations_bucket",
            "module.aft.module.aft_customizations.data.aws_caller_identity.current",
            "module.aft.module.aft_customizations.data.aws_partition.current",
            "module.aft.module.aft_customizations.data.local_file.aft_account_customizations_terraform",
            "module.aft.module.aft_customizations.time_sleep.wait_for_iam_eventual_consistency"
          ]
        }
      ]
    },
    {
      "module": "module.aft.module.aft_customizations",
      "mode": "managed",
      "type": "aws_codebuild_project",
      "name": "aft_create_pipeline",
      "provider": "module.aft.provider[\"registry.terraform.io/hashicorp/aws\"].aft_management",
      "instances": [
        {
          "schema_version": 0,
          "attributes": {
            "arn": "arn:aws:codebuild:us-east-1:209330743040:project/aft-create-pipeline",
            "artifacts": [
              {
                "artifact_identifier": "",
                "bucket_owner_access": "",
                "encryption_disabled": false,
                "location": "",
                "name": "",
                "namespace_type": "",
                "override_artifact_name": false,
                "packaging": "",
                "path": "",
                "type": "NO_ARTIFACTS"
              }
            ],
            "auto_retry_limit": 0,
            "badge_enabled": false,
            "badge_url": "",
            "build_batch_config": [],
            "build_timeout": 60,
            "cache": [
              {
                "cache_namespace": "",
                "location": "",
                "modes": [],
                "type": "NO_CACHE"
              }
            ],
            "concurrent_build_limit": 0,
            "description": "Job to run Terraform required to create account specific customizations pipeline",
            "encryption_key": "arn:aws:kms:us-east-1:209330743040:key/89104c7a-ebe1-42ee-930b-caa51544f46a",
            "environment": [
              {
                "certificate": "",
                "compute_type": "BUILD_GENERAL1_MEDIUM",
                "docker_server": [],
                "environment_variable": [
                  {
                    "name": "ACCOUNT_ID",
                    "type": "PLAINTEXT",
                    "value": "TBD"
                  },
                  {
                    "name": "SSM_TF_S3_BUCKET",
                    "type": "PLAINTEXT",
                    "value": "/aft/config/oss-backend/bucket-id"
                  },
                  {
                    "name": "SSM_TF_BACKEND_REGION",
                    "type": "PLAINTEXT",
                    "value": "/aft/config/oss-backend/primary-region"
                  },
                  {
                    "name": "SSM_TF_KMS_KEY_ID",
                    "type": "PLAINTEXT",
                    "value": "/aft/config/oss-backend/kms-key-id"
                  },
                  {
                    "name": "SSM_TF_DDB_TABLE",
                    "type": "PLAINTEXT",
                    "value": "/aft/config/oss-backend/table-id"
                  },
                  {
                    "name": "SSM_AWS_MODULE_SOURCE",
                    "type": "PLAINTEXT",
                    "value": "/aft/config/aft-pipeline-code-source/repo-url"
                  },
                  {
                    "name": "SSM_AWS_MODULE_GIT_REF",
                    "type": "PLAINTEXT",
                    "value": "/aft/config/aft-pipeline-code-source/repo-git-ref"
                  },
                  {
                    "name": "SSM_TF_VERSION",
                    "type": "PLAINTEXT",
                    "value": "/aft/config/terraform/version"
                  },
                  {
                    "name": "AWS_PARTITION",
                    "type": "PLAINTEXT",
                    "value": "aws"
                  }
                ],
                "fleet": [],
                "image": "aws/codebuild/amazonlinux2-x86_64-standard:5.0",
                "image_pull_credentials_type": "CODEBUILD",
                "privileged_mode": false,
                "registry_credential": [],
                "type": "LINUX_CONTAINER"
              }
            ],
            "file_system_locations": [],
            "id": "arn:aws:codebuild:us-east-1:209330743040:project/aft-create-pipeline",
            "logs_config": [
              {
                "cloudwatch_logs": [
                  {
                    "group_name": "/aws/codebuild/aft-create-pipeline",
                    "status": "ENABLED",
                    "stream_name": ""
                  }
                ],
                "s3_logs": [
                  {
                    "bucket_owner_access": "",
                    "encryption_disabled": false,
                    "location": "aft-customizations-pipeline-209330743040/aft-create-pipeline-logs",
                    "status": "ENABLED"
                  }
                ]
              }
            ],
            "name": "aft-create-pipeline",
            "project_visibility": "PRIVATE",
            "public_project_alias": "",
            "queued_timeout": 480,
            "region": "us-east-1",
            "resource_access_role": "",
            "secondary_artifacts": [],
            "secondary_source_version": [],
            "secondary_sources": [],
            "service_role": "arn:aws:iam::209330743040:role/aft-codebuild-customizations-role",
            "source": [
              {
                "auth": [],
                "build_status_config": [],
                "buildspec": "# Copyright Amazon.com, Inc. or its affiliates. All rights reserved.\r\n# SPDX-License-Identifier: Apache-2.0\r\n#\r\nversion: 0.2\r\n\r\nphases:\r\n  install:\r\n    commands:\r\n      - set -e\r\n      # Populate Required Variables\r\n      - DEFAULT_PATH=$(pwd)\r\n      - TIMESTAMP=$(date '+%Y-%m-%d %H:%M:%S')\r\n      - TF_S3_BUCKET=$(aws ssm get-parameter --name $SSM_TF_S3_BUCKET --query \"Parameter.Value\" --output text)\r\n      - TF_S3_KEY=$VENDED_ACCOUNT_ID-customizations-pipeline/terraform.tfstate\r\n      - TF_BACKEND_REGION=$(aws ssm get-parameter --name $SSM_TF_BACKEND_REGION --query \"Parameter.Value\" --output text)\r\n      - TF_KMS_KEY_ID=$(aws ssm get-parameter --name $SSM_TF_KMS_KEY_ID --query \"Parameter.Value\" --output text)\r\n      - TF_DDB_TABLE=$(aws ssm get-parameter --name $SSM_TF_DDB_TABLE --query \"Parameter.Value\" --output text)\r\n      - TF_VERSION=$(aws ssm get-parameter --name $SSM_TF_VERSION --query \"Parameter.Value\" --output text)\r\n\r\n\r\n      # Configure Development SSH Key\r\n      - |\r\n        ssh_key_parameter=$(aws ssm get-parameter --name /aft/config/aft-ssh-key --with-decryption 2\u003e /dev/null || echo \"None\")\r\n        if [[ $ssh_key_parameter != \"None\" ]]; then\r\n          ssh_key=$(jq --raw-output \".Parameter.Value\" \u003c\u003c\u003c $ssh_key_parameter)\r\n          mkdir -p ~/.ssh\r\n          echo \"Host *\" \u003e\u003e ~/.ssh/config\r\n          echo \"StrictHostKeyChecking no\" \u003e\u003e ~/.ssh/config\r\n          echo \"UserKnownHostsFile=/dev/null\" \u003e\u003e ~/.ssh/config\r\n          echo \"$ssh_key\" \u003e ~/.ssh/ssh_key\r\n          echo -e \"\\n\\n\" \u003e\u003e  ~/.ssh/ssh_key\r\n          chmod 600 ~/.ssh/ssh_key\r\n          eval \"$(ssh-agent -s)\"\r\n          ssh-add ~/.ssh/ssh_key\r\n        fi\r\n\r\n      # Clone AFT\r\n      - AWS_MODULE_SOURCE=$(aws ssm get-parameter --name $SSM_AWS_MODULE_SOURCE --query \"Parameter.Value\" --output text)\r\n      - AWS_MODULE_GIT_REF=$(aws ssm get-parameter --name $SSM_AWS_MODULE_GIT_REF --query \"Parameter.Value\" --output text)\r\n      - git config --global credential.helper '!aws codecommit credential-helper $@'\r\n      - git config --global credential.UseHttpPath true\r\n      - git clone --quiet -b $AWS_MODULE_GIT_REF $AWS_MODULE_SOURCE aws-aft-core-framework\r\n\r\n      # Generate session profiles\r\n      - chmod +x $DEFAULT_PATH/aws-aft-core-framework/sources/scripts/creds.sh\r\n      - $DEFAULT_PATH/aws-aft-core-framework/sources/scripts/creds.sh\r\n\r\n      # Install Terraform\r\n      - cd /tmp\r\n      - echo \"Installing Terraform\"\r\n      - curl -q -o terraform_${TF_VERSION}_linux_amd64.zip https://releases.hashicorp.com/terraform/${TF_VERSION}/terraform_${TF_VERSION}_linux_amd64.zip\r\n      - unzip -q -o terraform_${TF_VERSION}_linux_amd64.zip \u0026\u0026 mv terraform /usr/bin\r\n      - terraform --version\r\n\r\n      # Install Python Dependencies\r\n      - python3 -m venv ./venv\r\n      - source ./venv/bin/activate\r\n      - pip install -U pip\r\n      - pip install jinja2-cli==0.7.0 Jinja2==3.0.1\r\n\r\n  pre_build:\r\n    on-failure: ABORT\r\n    commands:\r\n      - cd $DEFAULT_PATH/aws-aft-core-framework/sources/aft-customizations-common/templates/customizations_pipeline\r\n      - |\r\n        if ls *.jinja \u003e/dev/null 2\u003e\u00261; then\r\n          for f in *.jinja; do\r\n            jinja2 \"$f\" -D timestamp=\"$TIMESTAMP\" -D region=\"$TF_BACKEND_REGION\" -D bucket=\"$TF_S3_BUCKET\" \\\r\n              -D key=\"$TF_S3_KEY\" -D dynamodb_table=\"$TF_DDB_TABLE\" -D kms_key_id=\"$TF_KMS_KEY_ID\" \\\r\n              -D tf_version=\"$TF_VERSION\" \u003e\u003e \"$(basename \"$f\" .jinja).tf\"\r\n          done\r\n        else\r\n          echo \"No Jinja2 templates found - skipping template processing\"\r\n        fi\r\n      - for f in *.tf; do echo \"\\n \\n\"; echo $f; cat $f; done\r\n  build:\r\n    on-failure: ABORT\r\n    commands:\r\n      - export AWS_PROFILE=aft-management-admin\r\n      - terraform init -no-color\r\n      - terraform apply -var=\"account_id=$VENDED_ACCOUNT_ID\" -no-color --auto-approve\r\n",
                "git_clone_depth": 0,
                "git_submodules_config": [],
                "insecure_ssl": false,
                "location": "",
                "report_build_status": false,
                "type": "NO_SOURCE"
              }
            ],
            "source_version": "",
            "tags": {},
            "tags_all": {
              "managed_by": "AFT"
            },
            "vpc_config": [
              {
                "security_group_ids": [
                  "sg-09cf321705340ff35"
                ],
                "subnets": [
                  "subnet-00b1782f1c5a9b770",
                  "subnet-01a0ef4e8ef095756"
                ],
                "vpc_id": "vpc-0b38a5ed7a9f588cd"
              }
            ]
          },
          "sensitive_attributes": [],
          "identity_schema_version": 0,
          "identity": {
            "arn": "arn:aws:codebuild:us-east-1:209330743040:project/aft-create-pipeline"
          },
          "private": "bnVsbA==",
          "dependencies": [
            "module.aft.data.aws_partition.current",
            "module.aft.module.aft_account_request_framework.aws_kms_key.aft",
            "module.aft.module.aft_account_request_framework.aws_security_group.aft_vpc_default_sg",
            "module.aft.module.aft_account_request_framework.aws_subnet.aft_vpc_private_subnet_01",
            "module.aft.module.aft_account_request_framework.aws_subnet.aft_vpc_private_subnet_02",
            "module.aft.module.aft_account_request_framework.aws_vpc.aft_vpc",
            "module.aft.module.aft_account_request_framework.data.aws_availability_zones.available",
            "module.aft.module.aft_account_request_framework.data.aws_caller_identity.aft-management",
            "module.aft.module.aft_account_request_framework.data.aws_partition.current",
            "module.aft.module.aft_account_request_framework.data.aws_region.aft-management",
            "module.aft.module.aft_customizations.aws_cloudwatch_log_group.aft_create_pipeline",
            "module.aft.module.aft_customizations.aws_iam_role.aft_codebuild_customizations_role",
            "module.aft.module.aft_customizations.aws_s3_bucket.aft_codepipeline_customizations_bucket",
            "module.aft.module.aft_customizations.data.aws_caller_identity.current",
            "module.aft.module.aft_customizations.data.aws_partition.current",
            "module.aft.module.aft_customizations.data.local_file.aft_create_pipeline",
            "module.aft.module.aft_customizations.time_sleep.wait_for_iam_eventual_consistency"
          ]
        }
      ]
    },
    {
      "module": "module.aft.module.aft_customizations",
      "mode": "managed",
      "type": "aws_codebuild_project",
      "name": "aft_global_customizations_terraform",
      "provider": "module.aft.provider[\"registry.terraform.io/hashicorp/aws\"].aft_management",
      "instances": [
        {
          "schema_version": 0,
          "attributes": {
            "arn": "arn:aws:codebuild:us-east-1:209330743040:project/aft-global-customizations-terraform",
            "artifacts": [
              {
                "artifact_identifier": "",
                "bucket_owner_access": "",
                "encryption_disabled": false,
                "location": "",
                "name": "aft-global-customizations-terraform",
                "namespace_type": "",
                "override_artifact_name": false,
                "packaging": "NONE",
                "path": "",
                "type": "CODEPIPELINE"
              }
            ],
            "auto_retry_limit": 0,
            "badge_enabled": false,
            "badge_url": "",
            "build_batch_config": [],
            "build_timeout": 60,
            "cache": [
              {
                "cache_namespace": "",
                "location": "",
                "modes": [],
                "type": "NO_CACHE"
              }
            ],
            "concurrent_build_limit": 0,
            "description": "Job to apply Terraform provided by the customer global customizations repo",
            "encryption_key": "arn:aws:kms:us-east-1:209330743040:key/89104c7a-ebe1-42ee-930b-caa51544f46a",
            "environment": [
              {
                "certificate": "",
                "compute_type": "BUILD_GENERAL1_MEDIUM",
                "docker_server": [],
                "environment_variable": [
                  {
                    "name": "AWS_PARTITION",
                    "type": "PLAINTEXT",
                    "value": "aws"
                  }
                ],
                "fleet": [],
                "image": "aws/codebuild/amazonlinux2-x86_64-standard:5.0",
                "image_pull_credentials_type": "CODEBUILD",
                "privileged_mode": false,
                "registry_credential": [],
                "type": "LINUX_CONTAINER"
              }
            ],
            "file_system_locations": [],
            "id": "arn:aws:codebuild:us-east-1:209330743040:project/aft-global-customizations-terraform",
            "logs_config": [
              {
                "cloudwatch_logs": [
                  {
                    "group_name": "/aws/codebuild/aft-global-customizations-terraform",
                    "status": "ENABLED",
                    "stream_name": ""
                  }
                ],
                "s3_logs": [
                  {
                    "bucket_owner_access": "",
                    "encryption_disabled": false,
                    "location": "aft-customizations-pipeline-209330743040/aft-global-customizations-terraform-logs",
                    "status": "ENABLED"
                  }
                ]
              }
            ],
            "name": "aft-global-customizations-terraform",
            "project_visibility": "PRIVATE",
            "public_project_alias": "",
            "queued_timeout": 480,
            "region": "us-east-1",
            "resource_access_role": "",
            "secondary_artifacts": [],
            "secondary_source_version": [],
            "secondary_sources": [],
            "service_role": "arn:aws:iam::209330743040:role/aft-codebuild-customizations-role",
            "source": [
              {
                "auth": [],
                "build_status_config": [],
                "buildspec": "# Copyright Amazon.com, Inc. or its affiliates. All rights reserved.\r\n# SPDX-License-Identifier: Apache-2.0\r\n#\r\nversion: 0.2\r\n\r\nphases:\r\n  install:\r\n    commands:\r\n      - set -e\r\n      # Populate Required Variables\r\n      - DEFAULT_PATH=$(pwd)\r\n      - TIMESTAMP=$(date '+%Y-%m-%d %H:%M:%S')\r\n      - TF_VERSION=$(aws ssm get-parameter --name \"/aft/config/terraform/version\" --query \"Parameter.Value\" --output text)\r\n      - TF_DISTRIBUTION=$(aws ssm get-parameter --name \"/aft/config/terraform/distribution\" --query \"Parameter.Value\" --output text)\r\n      - CT_MGMT_REGION=$(aws ssm get-parameter --name \"/aft/config/ct-management-region\" --query \"Parameter.Value\" --output text)\r\n      - AFT_MGMT_ACCOUNT=$(aws ssm get-parameter --name \"/aft/account/aft-management/account-id\" --query \"Parameter.Value\" --output text)\r\n      - AFT_EXEC_ROLE_ARN=arn:$AWS_PARTITION:iam::$AFT_MGMT_ACCOUNT:role/AWSAFTExecution\r\n      - VENDED_EXEC_ROLE_ARN=arn:$AWS_PARTITION:iam::$VENDED_ACCOUNT_ID:role/AWSAFTExecution\r\n      - AFT_ADMIN_ROLE_NAME=$(aws ssm get-parameter --name /aft/resources/iam/aft-administrator-role-name | jq --raw-output \".Parameter.Value\")\r\n      - AFT_ADMIN_ROLE_ARN=arn:$AWS_PARTITION:iam::$AFT_MGMT_ACCOUNT:role/$AFT_ADMIN_ROLE_NAME\r\n      - ROLE_SESSION_NAME=$(aws ssm get-parameter --name /aft/resources/iam/aft-session-name | jq --raw-output \".Parameter.Value\")\r\n\r\n      # Configure Development SSH Key\r\n      - |\r\n        ssh_key_parameter=$(aws ssm get-parameter --name /aft/config/aft-ssh-key --with-decryption 2\u003e /dev/null || echo \"None\")\r\n        if [[ $ssh_key_parameter != \"None\" ]]; then\r\n          ssh_key=$(jq --raw-output \".Parameter.Value\" \u003c\u003c\u003c $ssh_key_parameter)\r\n          mkdir -p ~/.ssh\r\n          echo \"Host *\" \u003e\u003e ~/.ssh/config\r\n          echo \"StrictHostKeyChecking no\" \u003e\u003e ~/.ssh/config\r\n          echo \"UserKnownHostsFile=/dev/null\" \u003e\u003e ~/.ssh/config\r\n          echo \"$ssh_key\" \u003e ~/.ssh/ssh_key\r\n          echo -e \"\\n\\n\" \u003e\u003e  ~/.ssh/ssh_key\r\n          chmod 600 ~/.ssh/ssh_key\r\n          eval \"$(ssh-agent -s)\"\r\n          ssh-add ~/.ssh/ssh_key\r\n        fi\r\n\r\n      # Clone AFT\r\n      - AWS_MODULE_SOURCE=$(aws ssm get-parameter --name \"/aft/config/aft-pipeline-code-source/repo-url\" --query \"Parameter.Value\" --output text)\r\n      - AWS_MODULE_GIT_REF=$(aws ssm get-parameter --name \"/aft/config/aft-pipeline-code-source/repo-git-ref\" --query \"Parameter.Value\" --output text)\r\n      - git config --global credential.helper '!aws codecommit credential-helper $@'\r\n      - git config --global credential.UseHttpPath true\r\n      - git clone --quiet -b $AWS_MODULE_GIT_REF $AWS_MODULE_SOURCE aws-aft-core-framework\r\n\r\n      # Generate session profiles\r\n      - chmod +x $DEFAULT_PATH/aws-aft-core-framework/sources/scripts/creds.sh\r\n      - $DEFAULT_PATH/aws-aft-core-framework/sources/scripts/creds.sh\r\n\r\n      # Install AFT Python Dependencies\r\n      - python3 -m venv $DEFAULT_PATH/aft-venv\r\n      - $DEFAULT_PATH/aft-venv/bin/pip install -U pip\r\n      - $DEFAULT_PATH/aft-venv/bin/pip install jinja2-cli==0.7.0 Jinja2==3.0.1 MarkupSafe==2.0.1 boto3==1.18.56 requests==2.26.0\r\n\r\n      # Install API Helper Python Dependencies\r\n      - python3 -m venv $DEFAULT_PATH/api-helpers-venv\r\n      - $DEFAULT_PATH/api-helpers-venv/bin/pip install -r $DEFAULT_PATH/api_helpers/python/requirements.txt\r\n\r\n      # Mark helper scripts as executable\r\n      - chmod +x $DEFAULT_PATH/api_helpers/pre-api-helpers.sh\r\n      - chmod +x $DEFAULT_PATH/api_helpers/post-api-helpers.sh\r\n      \r\n  pre_build:\r\n    on-failure: ABORT\r\n    commands:\r\n      - source $DEFAULT_PATH/api-helpers-venv/bin/activate\r\n      - export AWS_PROFILE=aft-target\r\n      - $DEFAULT_PATH/api_helpers/pre-api-helpers.sh || exit 1\r\n      - unset AWS_PROFILE\r\n\r\n  build:\r\n    on-failure: CONTINUE\r\n    commands:\r\n      # Apply customizations\r\n      - source $DEFAULT_PATH/aft-venv/bin/activate\r\n      - |\r\n        if [ $TF_DISTRIBUTION = \"oss\" ]; then\r\n          TF_BACKEND_REGION=$(aws ssm get-parameter --name \"/aft/config/oss-backend/primary-region\" --query \"Parameter.Value\" --output text)\r\n          TF_KMS_KEY_ID=$(aws ssm get-parameter --name \"/aft/config/oss-backend/kms-key-id\" --query \"Parameter.Value\" --output text)\r\n          TF_DDB_TABLE=$(aws ssm get-parameter --name \"/aft/config/oss-backend/table-id\" --query \"Parameter.Value\" --output text)\r\n          TF_S3_BUCKET=$(aws ssm get-parameter --name \"/aft/config/oss-backend/bucket-id\" --query \"Parameter.Value\" --output text)\r\n          TF_S3_KEY=$VENDED_ACCOUNT_ID-aft-global-customizations/terraform.tfstate\r\n\r\n          cd /tmp\r\n          echo \"Installing Terraform\"\r\n          curl -q -o terraform_${TF_VERSION}_linux_amd64.zip https://releases.hashicorp.com/terraform/${TF_VERSION}/terraform_${TF_VERSION}_linux_amd64.zip\r\n          mkdir -p /opt/aft/bin\r\n          unzip -q -o terraform_${TF_VERSION}_linux_amd64.zip\r\n          mv terraform /opt/aft/bin\r\n          /opt/aft/bin/terraform -no-color --version\r\n\r\n          # Move back to customization module\r\n          cd $DEFAULT_PATH/terraform\r\n          if ls *.jinja \u003e/dev/null 2\u003e\u00261; then\r\n            for f in *.jinja; do\r\n              jinja2 \"$f\" -D timestamp=\"$TIMESTAMP\" -D tf_distribution_type=\"$TF_DISTRIBUTION\" \\\r\n                -D provider_region=\"$CT_MGMT_REGION\" -D region=\"$TF_BACKEND_REGION\" \\\r\n                -D aft_admin_role_arn=\"$AFT_EXEC_ROLE_ARN\" -D target_admin_role_arn=\"$VENDED_EXEC_ROLE_ARN\" \\\r\n                -D bucket=\"$TF_S3_BUCKET\" -D key=\"$TF_S3_KEY\" -D dynamodb_table=\"$TF_DDB_TABLE\" \\\r\n                -D kms_key_id=\"$TF_KMS_KEY_ID\" -D tf_version=\"$TF_VERSION\" \u003e\u003e \"./$(basename \"$f\" .jinja).tf\"\r\n            done\r\n          else\r\n            echo \"No Jinja2 templates found - skipping template processing\"\r\n          fi\r\n          for f in *.tf; do echo \"\\n \\n\"; echo $f; cat $f; done\r\n\r\n          cd $DEFAULT_PATH/terraform\r\n          export AWS_PROFILE=aft-management-admin\r\n          /opt/aft/bin/terraform init -no-color\r\n          /opt/aft/bin/terraform apply -no-color --auto-approve\r\n        else\r\n          TF_ORG_NAME=$(aws ssm get-parameter --name \"/aft/config/terraform/org-name\" --query \"Parameter.Value\" --output text)\r\n          TF_TOKEN=$(aws ssm get-parameter --name \"/aft/config/terraform/token\" --with-decryption --query \"Parameter.Value\" --output text)\r\n          TF_ENDPOINT=$(aws ssm get-parameter --name \"/aft/config/terraform/api-endpoint\" --query \"Parameter.Value\" --output text)\r\n          TF_PROJECT_NAME=$(aws ssm get-parameter --name \"/aft/config/terraform/project-name\" --query \"Parameter.Value\" --output text)\r\n          TF_WORKSPACE_NAME=$VENDED_ACCOUNT_ID-aft-global-customizations\r\n          TF_CONFIG_PATH=\"./temp_configuration_file.tar.gz\"\r\n          cd $DEFAULT_PATH/terraform\r\n          if ls *.jinja \u003e/dev/null 2\u003e\u00261; then\r\n            for f in *.jinja; do\r\n              jinja2 \"$f\" -D timestamp=\"$TIMESTAMP\" -D provider_region=\"$CT_MGMT_REGION\" \\\r\n                -D tf_distribution_type=\"$TF_DISTRIBUTION\" -D aft_admin_role_arn=\"$AFT_EXEC_ROLE_ARN\" \\\r\n                -D target_admin_role_arn=\"$VENDED_EXEC_ROLE_ARN\" -D terraform_org_name=\"$TF_ORG_NAME\" \\\r\n                -D terraform_workspace_name=\"$TF_WORKSPACE_NAME\"  \u003e\u003e \"./$(basename \"$f\" .jinja).tf\"\r\n            done\r\n          else\r\n            echo \"No Jinja2 templates found - skipping template processing\"\r\n          fi\r\n          for f in *.tf; do echo \"\\n \\n\"; echo $f; cat $f; done\r\n          cd $DEFAULT_PATH\r\n          tar -czf temp_configuration_file.tar.gz -C terraform --exclude .git --exclude venv .\r\n          python3 $DEFAULT_PATH/aws-aft-core-framework/sources/scripts/workspace_manager.py --operation \"deploy\" --organization_name $TF_ORG_NAME --workspace_name $TF_WORKSPACE_NAME --assume_role_arn $AFT_ADMIN_ROLE_ARN --assume_role_session_name $ROLE_SESSION_NAME --api_endpoint $TF_ENDPOINT --api_token $TF_TOKEN --terraform_version $TF_VERSION --config_file $TF_CONFIG_PATH --project_name \"$TF_PROJECT_NAME\"\r\n        fi\r\n\r\n  post_build:\r\n    on-failure: ABORT\r\n    commands:\r\n      - export PYTHONPATH=\"$DEFAULT_PATH/aws-aft-core-framework/sources/aft-lambda-layer:$PYTHONPATH\"\r\n      - export AWS_PROFILE=aft-management\r\n      - python3 $DEFAULT_PATH/aws-aft-core-framework/sources/aft-lambda-layer/aft_common/metrics.py --codebuild-name \"aft-global-customizations\" --codebuild-status $CODEBUILD_BUILD_SUCCEEDING\r\n      - unset AWS_PROFILE\r\n      - |\r\n        if [[ $CODEBUILD_BUILD_SUCCEEDING == 0 ]]; then\r\n          exit 1\r\n        fi\r\n      - source $DEFAULT_PATH/api-helpers-venv/bin/activate\r\n      - export AWS_PROFILE=aft-target\r\n      - $DEFAULT_PATH/api_helpers/post-api-helpers.sh || exit 1\r\n",
                "git_clone_depth": 0,
                "git_submodules_config": [],
                "insecure_ssl": false,
                "location": "",
                "report_build_status": false,
                "type": "CODEPIPELINE"
              }
            ],
            "source_version": "",
            "tags": {},
            "tags_all": {
              "managed_by": "AFT"
            },
            "vpc_config": [
              {
                "security_group_ids": [
                  "sg-09cf321705340ff35"
                ],
                "subnets": [
                  "subnet-00b1782f1c5a9b770",
                  "subnet-01a0ef4e8ef095756"
                ],
                "vpc_id": "vpc-0b38a5ed7a9f588cd"
              }
            ]
          },
          "sensitive_attributes": [],
          "identity_schema_version": 0,
          "identity": {
            "arn": "arn:aws:codebuild:us-east-1:209330743040:project/aft-global-customizations-terraform"
          },
          "private": "bnVsbA==",
          "dependencies": [
            "module.aft.data.aws_partition.current",
            "module.aft.module.aft_account_request_framework.aws_kms_key.aft",
            "module.aft.module.aft_account_request_framework.aws_security_group.aft_vpc_default_sg",
            "module.aft.module.aft_account_request_framework.aws_subnet.aft_vpc_private_subnet_01",
            "module.aft.module.aft_account_request_framework.aws_subnet.aft_vpc_private_subnet_02",
            "module.aft.module.aft_account_request_framework.aws_vpc.aft_vpc",
            "module.aft.module.aft_account_request_framework.data.aws_availability_zones.available",
            "module.aft.module.aft_account_request_framework.data.aws_caller_identity.aft-management",
            "module.aft.module.aft_account_request_framework.data.aws_partition.current",
            "module.aft.module.aft_account_request_framework.data.aws_region.aft-management",
            "module.aft.module.aft_customizations.aws_cloudwatch_log_group.aft_global_customizations_terraform",
            "module.aft.module.aft_customizations.aws_iam_role.aft_codebuild_customizations_role",
            "module.aft.module.aft_customizations.aws_s3_bucket.aft_codepipeline_customizations_bucket",
            "module.aft.module.aft_customizations.data.aws_caller_identity.current",
            "module.aft.module.aft_customizations.data.aws_partition.current",
            "module.aft.module.aft_customizations.data.local_file.aft_global_customizations_terraform",
            "module.aft.module.aft_customizations.time_sleep.wait_for_iam_eventual_consistency"
          ]
        }
      ]
    },
    {
      "module": "module.aft.module.aft_customizations",
      "mode": "managed",
      "type": "aws_iam_role",
      "name": "aft_codebuild_customizations_role",
      "provider": "module.aft.provider[\"registry.terraform.io/hashicorp/aws\"].aft_management",
      "instances": [
        {
          "schema_version": 0,
          "attributes": {
            "arn": "arn:aws:iam::209330743040:role/aft-codebuild-customizations-role",
            "assume_role_policy": "{\"Statement\":[{\"Action\":\"sts:AssumeRole\",\"Effect\":\"Allow\",\"Principal\":{\"Service\":\"codebuild.amazonaws.com\"}}],\"Version\":\"2012-10-17\"}",
            "create_date": "2026-03-03T12:28:35Z",
            "description": "",
            "force_detach_policies": false,
            "id": "aft-codebuild-customizations-role",
            "inline_policy": [
              {
                "name": "ct-aft-codebuild-customizations-terraform-oss-backend-policy",
                "policy": "{\"Version\":\"2012-10-17\",\"Statement\":[{\"Action\":[\"dynamodb:*Item\"],\"Effect\":\"Allow\",\"Resource\":[\"arn:aws:dynamodb:us-east-1:209330743040:table/aft-backend-209330743040\"]},{\"Action\":[\"s3:GetObject\",\"s3:GetObjectVersion\",\"s3:GetBucketVersioning\",\"s3:List*\",\"s3:PutObjectAcl\",\"s3:PutObject\"],\"Effect\":\"Allow\",\"Resource\":[\"arn:aws:s3:::aft-backend-209330743040-primary-region\",\"arn:aws:s3:::aft-backend-209330743040-primary-region/*\"]},{\"Action\":[\"kms:Decrypt\",\"kms:Encrypt\",\"kms:GenerateDataKey\"],\"Effect\":\"Allow\",\"Resource\":\"arn:aws:kms:us-east-1:209330743040:key/32db27d3-73ca-4a83-9ca5-d3654c073b1b\"}]}"
              },
              {
                "name": "terraform-20260303131753850200000001",
                "policy": "{\"Version\":\"2012-10-17\",\"Statement\":[{\"Action\":[\"logs:CreateLogStream\",\"logs:PutLogEvents\"],\"Effect\":\"Allow\",\"Resource\":\"arn:aws:logs:us-east-1:209330743040:log-group:/aws/codebuild/aft*\"},{\"Action\":[\"ec2:CreateNetworkInterface\",\"ec2:DescribeDhcpOptions\",\"ec2:DescribeNetworkInterfaces\",\"ec2:DeleteNetworkInterface\",\"ec2:DescribeSubnets\",\"ec2:DescribeSecurityGroups\",\"ec2:DescribeVpcs\"],\"Effect\":\"Allow\",\"Resource\":\"*\"},{\"Action\":[\"ec2:CreateNetworkInterfacePermission\"],\"Effect\":\"Allow\",\"Resource\":[\"arn:aws:ec2:us-east-1:209330743040:network-interface/*\"]},{\"Action\":[\"s3:GetObject\",\"s3:GetObjectVersion\",\"s3:GetBucketVersioning\",\"s3:List*\",\"s3:PutObjectAcl\",\"s3:PutObject\"],\"Effect\":\"Allow\",\"Resource\":[\"arn:aws:s3:::aft-customizations-pipeline-209330743040\",\"arn:aws:s3:::aft-customizations-pipeline-209330743040/*\"]},{\"Action\":[\"kms:Decrypt\",\"kms:Encrypt\",\"kms:GenerateDataKey\"],\"Effect\":\"Allow\",\"Resource\":\"arn:aws:kms:us-east-1:209330743040:key/89104c7a-ebe1-42ee-930b-caa51544f46a\"},{\"Action\":[\"ssm:GetParameters\",\"ssm:GetParameter\"],\"Effect\":\"Allow\",\"Resource\":[\"arn:aws:ssm:us-east-1:209330743040:parameter/aft/*\"]},{\"Action\":[\"codecommit:GetBranch\",\"codecommit:GetRepository\",\"codecommit:GetCommit\",\"codecommit:GitPull\",\"codecommit:UploadArchive\",\"codecommit:GetUploadArchiveStatus\",\"codecommit:CancelUploadArchive\"],\"Effect\":\"Allow\",\"Resource\":\"arn:aws:codecommit:us-east-1:209330743040:*customizations*\"},{\"Action\":[\"dynamodb:*Item\"],\"Effect\":\"Allow\",\"Resource\":[\"arn:aws:dynamodb:us-east-1:209330743040:table/aft-request-metadata\"]},{\"Action\":[\"sts:AssumeRole\"],\"Effect\":\"Allow\",\"Resource\":[\"arn:aws:iam::209330743040:role/AWSAFTAdmin\"]},{\"Action\":[\"dynamodb:GetItem\"],\"Effect\":\"Allow\",\"Resource\":[\"arn:aws:dynamodb:us-east-1:209330743040:table/aft*\"]}]}"
              }
            ],
            "managed_policy_arns": [],
            "max_session_duration": 3600,
            "name": "aft-codebuild-customizations-role",
            "name_prefix": "",
            "path": "/",
            "permissions_boundary": "",
            "tags": {},
            "tags_all": {
              "managed_by": "AFT"
            },
            "unique_id": "AROATBPIVU4AGQW4FK2AF"
          },
          "sensitive_attributes": [],
          "identity_schema_version": 0,
          "identity": {
            "account_id": "209330743040",
            "name": "aft-codebuild-customizations-role"
          },
          "private": "bnVsbA==",
          "dependencies": [
            "module.aft.data.aws_partition.current"
          ]
        }
      ]
    },
    {
      "module": "module.aft.module.aft_customizations",
      "mode": "managed",
      "type": "aws_iam_role",
      "name": "aft_codepipeline_customizations_role",
      "provider": "module.aft.provider[\"registry.terraform.io/hashicorp/aws\"].aft_management",
      "instances": [
        {
          "schema_version": 0,
          "attributes": {
            "arn": "arn:aws:iam::209330743040:role/aft-codepipeline-customizations-role",
            "assume_role_policy": "{\"Statement\":[{\"Action\":\"sts:AssumeRole\",\"Effect\":\"Allow\",\"Principal\":{\"Service\":\"codepipeline.amazonaws.com\"}}],\"Version\":\"2012-10-17\"}",
            "create_date": "2026-03-03T12:28:32Z",
            "description": "",
            "force_detach_policies": false,
            "id": "aft-codepipeline-customizations-role",
            "inline_policy": [
              {
                "name": "aft-codepipeline-customizations-policy",
                "policy": "{\"Version\":\"2012-10-17\",\"Statement\":[{\"Action\":[\"s3:Get*\",\"s3:List*\",\"s3:Put*\"],\"Effect\":\"Allow\",\"Resource\":[\"arn:aws:s3:::aft-customizations-pipeline-209330743040\",\"arn:aws:s3:::aft-customizations-pipeline-209330743040/*\"]},{\"Action\":[\"codebuild:BatchGetBuilds\",\"codebuild:StartBuild\"],\"Effect\":\"Allow\",\"Resource\":\"arn:aws:codebuild:us-east-1:209330743040:*customizations*\"},{\"Action\":[\"codecommit:GetBranch\",\"codecommit:GetRepository\",\"codecommit:GetCommit\",\"codecommit:GitPull\",\"codecommit:UploadArchive\",\"codecommit:GetUploadArchiveStatus\",\"codecommit:CancelUploadArchive\"],\"Effect\":\"Allow\",\"Resource\":\"arn:aws:codecommit:us-east-1:209330743040:*\"},{\"Action\":[\"kms:Decrypt\",\"kms:Encrypt\",\"kms:GenerateDataKey\"],\"Effect\":\"Allow\",\"Resource\":\"arn:aws:kms:us-east-1:209330743040:key/89104c7a-ebe1-42ee-930b-caa51544f46a\"},{\"Action\":[\"codestar-connections:UseConnection\",\"codeconnections:UseConnection\"],\"Effect\":\"Allow\",\"Resource\":\"*\"}]}"
              }
            ],
            "managed_policy_arns": [],
            "max_session_duration": 3600,
            "name": "aft-codepipeline-customizations-role",
            "name_prefix": "",
            "path": "/",
            "permissions_boundary": "",
            "tags": {},
            "tags_all": {
              "managed_by": "AFT"
            },
            "unique_id": "AROATBPIVU4AFX5HBCHLH"
          },
          "sensitive_attributes": [],
          "identity_schema_version": 0,
          "identity": {
            "account_id": "209330743040",
            "name": "aft-codepipeline-customizations-role"
          },
          "private": "bnVsbA==",
          "dependencies": [
            "module.aft.data.aws_partition.current"
          ]
        }
      ]
    },
    {
      "module": "module.aft.module.aft_customizations",
      "mode": "managed",
      "type": "aws_iam_role",
      "name": "aft_customizations_execute_pipeline_lambda",
      "provider": "module.aft.provider[\"registry.terraform.io/hashicorp/aws\"].aft_management",
      "instances": [
        {
          "schema_version": 0,
          "attributes": {
            "arn": "arn:aws:iam::209330743040:role/aft-execute-pipeline-execution-role",
            "assume_role_policy": "{\"Statement\":[{\"Action\":\"sts:AssumeRole\",\"Effect\":\"Allow\",\"Principal\":{\"Service\":\"lambda.amazonaws.com\"}}],\"Version\":\"2012-10-17\"}",
            "create_date": "2026-03-03T12:28:43Z",
            "description": "",
            "force_detach_policies": false,
            "id": "aft-execute-pipeline-execution-role",
            "inline_policy": [
              {
                "name": "aft-execute-pipeline-policy",
                "policy": "{\"Version\":\"2012-10-17\",\"Statement\":[{\"Action\":[\"codepipeline:StartPipelineExecution\",\"codepipeline:ListPipelineExecutions\",\"codepipeline:ListPipelines\",\"ssm:GetParameter\",\"codepipeline:ListTagsForResource\"],\"Effect\":\"Allow\",\"Resource\":[\"arn:aws:codepipeline:us-east-1:209330743040:*\",\"arn:aws:ssm:us-east-1:209330743040:parameter/aft/*\"]},{\"Action\":[\"kms:GenerateDataKey\",\"kms:Encrypt\",\"kms:Decrypt\"],\"Effect\":\"Allow\",\"Resource\":[\"arn:aws:kms:us-east-1:209330743040:key/89104c7a-ebe1-42ee-930b-caa51544f46a\"]},{\"Action\":\"sts:GetCallerIdentity\",\"Effect\":\"Allow\",\"Resource\":\"*\"},{\"Action\":[\"sns:Publish\"],\"Effect\":\"Allow\",\"Resource\":[\"arn:aws:sns:us-east-1:209330743040:aft-notifications\",\"arn:aws:sns:us-east-1:209330743040:aft-failure-notifications\"]}]}"
              }
            ],
            "managed_policy_arns": [
              "arn:aws:iam::aws:policy/service-role/AWSLambdaBasicExecutionRole",
              "arn:aws:iam::aws:policy/service-role/AWSLambdaVPCAccessExecutionRole"
            ],
            "max_session_duration": 3600,
            "name": "aft-execute-pipeline-execution-role",
            "name_prefix": "",
            "path": "/",
            "permissions_boundary": "",
            "tags": {},
            "tags_all": {
              "managed_by": "AFT"
            },
            "unique_id": "AROATBPIVU4AER5XHDFWB"
          },
          "sensitive_attributes": [],
          "identity_schema_version": 0,
          "identity": {
            "account_id": "209330743040",
            "name": "aft-execute-pipeline-execution-role"
          },
          "private": "bnVsbA==",
          "dependencies": [
            "module.aft.data.aws_partition.current"
          ]
        }
      ]
    },
    {
      "module": "module.aft.module.aft_customizations",
      "mode": "managed",
      "type": "aws_iam_role",
      "name": "aft_customizations_get_pipeline_executions_lambda",
      "provider": "module.aft.provider[\"registry.terraform.io/hashicorp/aws\"].aft_management",
      "instances": [
        {
          "schema_version": 0,
          "attributes": {
            "arn": "arn:aws:iam::209330743040:role/aft-get-pipeline-status-execution-role",
            "assume_role_policy": "{\"Statement\":[{\"Action\":\"sts:AssumeRole\",\"Effect\":\"Allow\",\"Principal\":{\"Service\":\"lambda.amazonaws.com\"}}],\"Version\":\"2012-10-17\"}",
            "create_date": "2026-03-03T12:28:36Z",
            "description": "",
            "force_detach_policies": false,
            "id": "aft-get-pipeline-status-execution-role",
            "inline_policy": [
              {
                "name": "aft-get-pipeline-status-policy",
                "policy": "{\"Version\":\"2012-10-17\",\"Statement\":[{\"Action\":\"codepipeline:ListPipelineExecutions\",\"Effect\":\"Allow\",\"Resource\":\"arn:aws:codepipeline:us-east-1:209330743040:*\"},{\"Action\":\"codepipeline:ListPipelines\",\"Effect\":\"Allow\",\"Resource\":\"*\"},{\"Action\":[\"kms:GenerateDataKey\",\"kms:Encrypt\",\"kms:Decrypt\"],\"Effect\":\"Allow\",\"Resource\":[\"arn:aws:kms:us-east-1:209330743040:key/89104c7a-ebe1-42ee-930b-caa51544f46a\"]},{\"Action\":[\"sns:Publish\"],\"Effect\":\"Allow\",\"Resource\":[\"arn:aws:sns:us-east-1:209330743040:aft-notifications\",\"arn:aws:sns:us-east-1:209330743040:aft-failure-notifications\"]},{\"Action\":[\"ssm:GetParameter\"],\"Effect\":\"Allow\",\"Resource\":[\"arn:aws:ssm:us-east-1:209330743040:parameter/aft/*\"]}]}"
              }
            ],
            "managed_policy_arns": [
              "arn:aws:iam::aws:policy/service-role/AWSLambdaBasicExecutionRole",
              "arn:aws:iam::aws:policy/service-role/AWSLambdaVPCAccessExecutionRole"
            ],
            "max_session_duration": 3600,
            "name": "aft-get-pipeline-status-execution-role",
            "name_prefix": "",
            "path": "/",
            "permissions_boundary": "",
            "tags": {},
            "tags_all": {
              "managed_by": "AFT"
            },
            "unique_id": "AROATBPIVU4AJLLFS43M4"
          },
          "sensitive_attributes": [],
          "identity_schema_version": 0,
          "identity": {
            "account_id": "209330743040",
            "name": "aft-get-pipeline-status-execution-role"
          },
          "private": "bnVsbA==",
          "dependencies": [
            "module.aft.data.aws_partition.current"
          ]
        }
      ]
    },
    {
      "module": "module.aft.module.aft_customizations",
      "mode": "managed",
      "type": "aws_iam_role",
      "name": "aft_customizations_identify_targets_lambda",
      "provider": "module.aft.provider[\"registry.terraform.io/hashicorp/aws\"].aft_management",
      "instances": [
        {
          "schema_version": 0,
          "attributes": {
            "arn": "arn:aws:iam::209330743040:role/aft-identify-targets-execution-role",
            "assume_role_policy": "{\"Statement\":[{\"Action\":\"sts:AssumeRole\",\"Effect\":\"Allow\",\"Principal\":{\"Service\":\"lambda.amazonaws.com\"}}],\"Version\":\"2012-10-17\"}",
            "create_date": "2026-03-03T12:28:38Z",
            "description": "",
            "force_detach_policies": false,
            "id": "aft-identify-targets-execution-role",
            "inline_policy": [],
            "managed_policy_arns": [
              "arn:aws:iam::aws:policy/service-role/AWSLambdaBasicExecutionRole",
              "arn:aws:iam::aws:policy/service-role/AWSLambdaVPCAccessExecutionRole"
            ],
            "max_session_duration": 3600,
            "name": "aft-identify-targets-execution-role",
            "name_prefix": "",
            "path": "/",
            "permissions_boundary": "",
            "tags": {},
            "tags_all": {
              "managed_by": "AFT"
            },
            "unique_id": "AROATBPIVU4AK3IMYNYE6"
          },
          "sensitive_attributes": [],
          "identity_schema_version": 0,
          "identity": {
            "account_id": "209330743040",
            "name": "aft-identify-targets-execution-role"
          },
          "private": "bnVsbA==",
          "dependencies": [
            "module.aft.data.aws_partition.current"
          ]
        }
      ]
    },
    {
      "module": "module.aft.module.aft_customizations",
      "mode": "managed",
      "type": "aws_iam_role",
      "name": "aft_invoke_customizations_sfn",
      "provider": "module.aft.provider[\"registry.terraform.io/hashicorp/aws\"].aft_management",
      "instances": [
        {
          "schema_version": 0,
          "attributes": {
            "arn": "arn:aws:iam::209330743040:role/aft-invoke-customizations-execution-role",
            "assume_role_policy": "{\"Statement\":[{\"Action\":\"sts:AssumeRole\",\"Effect\":\"Allow\",\"Principal\":{\"Service\":\"states.amazonaws.com\"}}],\"Version\":\"2012-10-17\"}",
            "create_date": "2026-03-03T12:28:33Z",
            "description": "",
            "force_detach_policies": false,
            "id": "aft-invoke-customizations-execution-role",
            "inline_policy": [],
            "managed_policy_arns": [],
            "max_session_duration": 3600,
            "name": "aft-invoke-customizations-execution-role",
            "name_prefix": "",
            "path": "/",
            "permissions_boundary": "",
            "tags": {},
            "tags_all": {
              "managed_by": "AFT"
            },
            "unique_id": "AROATBPIVU4AC7N7CPB2A"
          },
          "sensitive_attributes": [],
          "identity_schema_version": 0,
          "identity": {
            "account_id": "209330743040",
            "name": "aft-invoke-customizations-execution-role"
          },
          "private": "bnVsbA==",
          "dependencies": [
            "module.aft.data.aws_partition.current"
          ]
        }
      ]
    },
    {
      "module": "module.aft.module.aft_customizations",
      "mode": "managed",
      "type": "aws_iam_role_policy",
      "name": "aft_codebuild_customizations_policy",
      "provider": "module.aft.provider[\"registry.terraform.io/hashicorp/aws\"].aft_management",
      "instances": [
        {
          "schema_version": 0,
          "attributes": {
            "id": "aft-codebuild-customizations-role:terraform-20260303131753850200000001",
            "name": "terraform-20260303131753850200000001",
            "name_prefix": "terraform-",
            "policy": "{\"Version\":\"2012-10-17\",\"Statement\":[{\"Action\":[\"logs:CreateLogStream\",\"logs:PutLogEvents\"],\"Effect\":\"Allow\",\"Resource\":\"arn:aws:logs:us-east-1:209330743040:log-group:/aws/codebuild/aft*\"},{\"Action\":[\"ec2:CreateNetworkInterface\",\"ec2:DescribeDhcpOptions\",\"ec2:DescribeNetworkInterfaces\",\"ec2:DeleteNetworkInterface\",\"ec2:DescribeSubnets\",\"ec2:DescribeSecurityGroups\",\"ec2:DescribeVpcs\"],\"Effect\":\"Allow\",\"Resource\":\"*\"},{\"Action\":[\"ec2:CreateNetworkInterfacePermission\"],\"Effect\":\"Allow\",\"Resource\":[\"arn:aws:ec2:us-east-1:209330743040:network-interface/*\"]},{\"Action\":[\"s3:GetObject\",\"s3:GetObjectVersion\",\"s3:GetBucketVersioning\",\"s3:List*\",\"s3:PutObjectAcl\",\"s3:PutObject\"],\"Effect\":\"Allow\",\"Resource\":[\"arn:aws:s3:::aft-customizations-pipeline-209330743040\",\"arn:aws:s3:::aft-customizations-pipeline-209330743040/*\"]},{\"Action\":[\"kms:Decrypt\",\"kms:Encrypt\",\"kms:GenerateDataKey\"],\"Effect\":\"Allow\",\"Resource\":\"arn:aws:kms:us-east-1:209330743040:key/89104c7a-ebe1-42ee-930b-caa51544f46a\"},{\"Action\":[\"ssm:GetParameters\",\"ssm:GetParameter\"],\"Effect\":\"Allow\",\"Resource\":[\"arn:aws:ssm:us-east-1:209330743040:parameter/aft/*\"]},{\"Action\":[\"codecommit:GetBranch\",\"codecommit:GetRepository\",\"codecommit:GetCommit\",\"codecommit:GitPull\",\"codecommit:UploadArchive\",\"codecommit:GetUploadArchiveStatus\",\"codecommit:CancelUploadArchive\"],\"Effect\":\"Allow\",\"Resource\":\"arn:aws:codecommit:us-east-1:209330743040:*customizations*\"},{\"Action\":[\"dynamodb:*Item\"],\"Effect\":\"Allow\",\"Resource\":[\"arn:aws:dynamodb:us-east-1:209330743040:table/aft-request-metadata\"]},{\"Action\":[\"sts:AssumeRole\"],\"Effect\":\"Allow\",\"Resource\":[\"arn:aws:iam::209330743040:role/AWSAFTAdmin\"]},{\"Action\":[\"dynamodb:GetItem\"],\"Effect\":\"Allow\",\"Resource\":[\"arn:aws:dynamodb:us-east-1:209330743040:table/aft*\"]}]}",
            "role": "aft-codebuild-customizations-role"
          },
          "sensitive_attributes": [],
          "identity_schema_version": 0,
          "identity": {
            "account_id": "209330743040",
            "name": "terraform-20260303131753850200000001",
            "role": "aft-codebuild-customizations-role"
          },
          "private": "bnVsbA==",
          "dependencies": [
            "module.aft.data.aws_partition.current",
            "module.aft.module.aft_account_request_framework.aws_dynamodb_table.aft_request_metadata",
            "module.aft.module.aft_account_request_framework.aws_kms_key.aft",
            "module.aft.module.aft_account_request_framework.data.aws_caller_identity.aft-management",
            "module.aft.module.aft_account_request_framework.data.aws_partition.current",
            "module.aft.module.aft_account_request_framework.data.aws_region.aft-management",
            "module.aft.module.aft_customizations.aws_iam_role.aft_codebuild_customizations_role",
            "module.aft.module.aft_customizations.aws_s3_bucket.aft_codepipeline_customizations_bucket",
            "module.aft.module.aft_customizations.data.aws_caller_identity.current",
            "module.aft.module.aft_customizations.data.aws_partition.current",
            "module.aft.module.aft_customizations.data.aws_region.current"
          ]
        }
      ]
    },
    {
      "module": "module.aft.module.aft_customizations",
      "mode": "managed",
      "type": "aws_iam_role_policy",
      "name": "aft_codepipeline_customizations_policy",
      "provider": "module.aft.provider[\"registry.terraform.io/hashicorp/aws\"].aft_management",
      "instances": [
        {
          "schema_version": 0,
          "attributes": {
            "id": "aft-codepipeline-customizations-role:aft-codepipeline-customizations-policy",
            "name": "aft-codepipeline-customizations-policy",
            "name_prefix": "",
            "policy": "{\"Version\":\"2012-10-17\",\"Statement\":[{\"Action\":[\"s3:Get*\",\"s3:List*\",\"s3:Put*\"],\"Effect\":\"Allow\",\"Resource\":[\"arn:aws:s3:::aft-customizations-pipeline-209330743040\",\"arn:aws:s3:::aft-customizations-pipeline-209330743040/*\"]},{\"Action\":[\"codebuild:BatchGetBuilds\",\"codebuild:StartBuild\"],\"Effect\":\"Allow\",\"Resource\":\"arn:aws:codebuild:us-east-1:209330743040:*customizations*\"},{\"Action\":[\"codecommit:GetBranch\",\"codecommit:GetRepository\",\"codecommit:GetCommit\",\"codecommit:GitPull\",\"codecommit:UploadArchive\",\"codecommit:GetUploadArchiveStatus\",\"codecommit:CancelUploadArchive\"],\"Effect\":\"Allow\",\"Resource\":\"arn:aws:codecommit:us-east-1:209330743040:*\"},{\"Action\":[\"kms:Decrypt\",\"kms:Encrypt\",\"kms:GenerateDataKey\"],\"Effect\":\"Allow\",\"Resource\":\"arn:aws:kms:us-east-1:209330743040:key/89104c7a-ebe1-42ee-930b-caa51544f46a\"},{\"Action\":[\"codestar-connections:UseConnection\",\"codeconnections:UseConnection\"],\"Effect\":\"Allow\",\"Resource\":\"*\"}]}",
            "role": "aft-codepipeline-customizations-role"
          },
          "sensitive_attributes": [],
          "identity_schema_version": 0,
          "identity": {
            "account_id": "209330743040",
            "name": "aft-codepipeline-customizations-policy",
            "role": "aft-codepipeline-customizations-role"
          },
          "private": "bnVsbA==",
          "dependencies": [
            "module.aft.data.aws_partition.current",
            "module.aft.module.aft_account_request_framework.aws_kms_key.aft",
            "module.aft.module.aft_account_request_framework.data.aws_caller_identity.aft-management",
            "module.aft.module.aft_account_request_framework.data.aws_partition.current",
            "module.aft.module.aft_account_request_framework.data.aws_region.aft-management",
            "module.aft.module.aft_customizations.aws_iam_role.aft_codepipeline_customizations_role",
            "module.aft.module.aft_customizations.aws_s3_bucket.aft_codepipeline_customizations_bucket",
            "module.aft.module.aft_customizations.data.aws_caller_identity.current",
            "module.aft.module.aft_customizations.data.aws_partition.current",
            "module.aft.module.aft_customizations.data.aws_region.current"
          ]
        }
      ]
    },
    {
      "module": "module.aft.module.aft_customizations",
      "mode": "managed",
      "type": "aws_iam_role_policy",
      "name": "aft_execute_pipeline_lambda",
      "provider": "module.aft.provider[\"registry.terraform.io/hashicorp/aws\"].aft_management",
      "instances": [
        {
          "schema_version": 0,
          "attributes": {
            "id": "aft-execute-pipeline-execution-role:aft-execute-pipeline-policy",
            "name": "aft-execute-pipeline-policy",
            "name_prefix": "",
            "policy": "{\"Version\":\"2012-10-17\",\"Statement\":[{\"Action\":[\"codepipeline:StartPipelineExecution\",\"codepipeline:ListPipelineExecutions\",\"codepipeline:ListPipelines\",\"ssm:GetParameter\",\"codepipeline:ListTagsForResource\"],\"Effect\":\"Allow\",\"Resource\":[\"arn:aws:codepipeline:us-east-1:209330743040:*\",\"arn:aws:ssm:us-east-1:209330743040:parameter/aft/*\"]},{\"Action\":[\"kms:GenerateDataKey\",\"kms:Encrypt\",\"kms:Decrypt\"],\"Effect\":\"Allow\",\"Resource\":[\"arn:aws:kms:us-east-1:209330743040:key/89104c7a-ebe1-42ee-930b-caa51544f46a\"]},{\"Action\":\"sts:GetCallerIdentity\",\"Effect\":\"Allow\",\"Resource\":\"*\"},{\"Action\":[\"sns:Publish\"],\"Effect\":\"Allow\",\"Resource\":[\"arn:aws:sns:us-east-1:209330743040:aft-notifications\",\"arn:aws:sns:us-east-1:209330743040:aft-failure-notifications\"]}]}",
            "role": "aft-execute-pipeline-execution-role"
          },
          "sensitive_attributes": [],
          "identity_schema_version": 0,
          "identity": {
            "account_id": "209330743040",
            "name": "aft-execute-pipeline-policy",
            "role": "aft-execute-pipeline-execution-role"
          },
          "private": "bnVsbA==",
          "dependencies": [
            "module.aft.data.aws_partition.current",
            "module.aft.module.aft_account_request_framework.aws_kms_key.aft",
            "module.aft.module.aft_account_request_framework.aws_sns_topic.aft_failure_notifications",
            "module.aft.module.aft_account_request_framework.aws_sns_topic.aft_notifications",
            "module.aft.module.aft_account_request_framework.data.aws_caller_identity.aft-management",
            "module.aft.module.aft_account_request_framework.data.aws_partition.current",
            "module.aft.module.aft_account_request_framework.data.aws_region.aft-management",
            "module.aft.module.aft_customizations.aws_iam_role.aft_customizations_execute_pipeline_lambda",
            "module.aft.module.aft_customizations.data.aws_caller_identity.current",
            "module.aft.module.aft_customizations.data.aws_partition.current",
            "module.aft.module.aft_customizations.data.aws_region.current"
          ]
        }
      ]
    },
    {
      "module": "module.aft.module.aft_customizations",
      "mode": "managed",
      "type": "aws_iam_role_policy",
      "name": "aft_get_pipeline_executions_lambda",
      "provider": "module.aft.provider[\"registry.terraform.io/hashicorp/aws\"].aft_management",
      "instances": [
        {
          "schema_version": 0,
          "attributes": {
            "id": "aft-get-pipeline-status-execution-role:aft-get-pipeline-status-policy",
            "name": "aft-get-pipeline-status-policy",
            "name_prefix": "",
            "policy": "{\"Version\":\"2012-10-17\",\"Statement\":[{\"Action\":\"codepipeline:ListPipelineExecutions\",\"Effect\":\"Allow\",\"Resource\":\"arn:aws:codepipeline:us-east-1:209330743040:*\"},{\"Action\":\"codepipeline:ListPipelines\",\"Effect\":\"Allow\",\"Resource\":\"*\"},{\"Action\":[\"kms:GenerateDataKey\",\"kms:Encrypt\",\"kms:Decrypt\"],\"Effect\":\"Allow\",\"Resource\":[\"arn:aws:kms:us-east-1:209330743040:key/89104c7a-ebe1-42ee-930b-caa51544f46a\"]},{\"Action\":[\"sns:Publish\"],\"Effect\":\"Allow\",\"Resource\":[\"arn:aws:sns:us-east-1:209330743040:aft-notifications\",\"arn:aws:sns:us-east-1:209330743040:aft-failure-notifications\"]},{\"Action\":[\"ssm:GetParameter\"],\"Effect\":\"Allow\",\"Resource\":[\"arn:aws:ssm:us-east-1:209330743040:parameter/aft/*\"]}]}",
            "role": "aft-get-pipeline-status-execution-role"
          },
          "sensitive_attributes": [],
          "identity_schema_version": 0,
          "identity": {
            "account_id": "209330743040",
            "name": "aft-get-pipeline-status-policy",
            "role": "aft-get-pipeline-status-execution-role"
          },
          "private": "bnVsbA==",
          "dependencies": [
            "module.aft.data.aws_partition.current",
            "module.aft.module.aft_account_request_framework.aws_kms_key.aft",
            "module.aft.module.aft_account_request_framework.aws_sns_topic.aft_failure_notifications",
            "module.aft.module.aft_account_request_framework.aws_sns_topic.aft_notifications",
            "module.aft.module.aft_account_request_framework.data.aws_caller_identity.aft-management",
            "module.aft.module.aft_account_request_framework.data.aws_partition.current",
            "module.aft.module.aft_account_request_framework.data.aws_region.aft-management",
            "module.aft.module.aft_customizations.aws_iam_role.aft_customizations_get_pipeline_executions_lambda",
            "module.aft.module.aft_customizations.data.aws_caller_identity.current",
            "module.aft.module.aft_customizations.data.aws_partition.current",
            "module.aft.module.aft_customizations.data.aws_region.current"
          ]
        }
      ]
    },
    {
      "module": "module.aft.module.aft_customizations",
      "mode": "managed",
      "type": "aws_iam_role_policy",
      "name": "terraform_oss_backend_codebuild_customizations_policy",
      "provider": "module.aft.provider[\"registry.terraform.io/hashicorp/aws\"].aft_management",
      "instances": [
        {
          "index_key": 0,
          "schema_version": 0,
          "attributes": {
            "id": "aft-codebuild-customizations-role:ct-aft-codebuild-customizations-terraform-oss-backend-policy",
            "name": "ct-aft-codebuild-customizations-terraform-oss-backend-policy",
            "name_prefix": "",
            "policy": "{\"Version\":\"2012-10-17\",\"Statement\":[{\"Action\":[\"dynamodb:*Item\"],\"Effect\":\"Allow\",\"Resource\":[\"arn:aws:dynamodb:us-east-1:209330743040:table/aft-backend-209330743040\"]},{\"Action\":[\"s3:GetObject\",\"s3:GetObjectVersion\",\"s3:GetBucketVersioning\",\"s3:List*\",\"s3:PutObjectAcl\",\"s3:PutObject\"],\"Effect\":\"Allow\",\"Resource\":[\"arn:aws:s3:::aft-backend-209330743040-primary-region\",\"arn:aws:s3:::aft-backend-209330743040-primary-region/*\"]},{\"Action\":[\"kms:Decrypt\",\"kms:Encrypt\",\"kms:GenerateDataKey\"],\"Effect\":\"Allow\",\"Resource\":\"arn:aws:kms:us-east-1:209330743040:key/32db27d3-73ca-4a83-9ca5-d3654c073b1b\"}]}",
            "role": "aft-codebuild-customizations-role"
          },
          "sensitive_attributes": [],
          "identity_schema_version": 0,
          "identity": {
            "account_id": "209330743040",
            "name": "ct-aft-codebuild-customizations-terraform-oss-backend-policy",
            "role": "aft-codebuild-customizations-role"
          },
          "private": "bnVsbA==",
          "dependencies": [
            "module.aft.data.aws_partition.current",
            "module.aft.module.aft_backend.aws_dynamodb_table.lock-table",
            "module.aft.module.aft_backend.aws_kms_key.encrypt-primary-region",
            "module.aft.module.aft_backend.aws_kms_key.encrypt-secondary-region",
            "module.aft.module.aft_backend.aws_s3_bucket.primary-backend-bucket",
            "module.aft.module.aft_backend.data.aws_caller_identity.current",
            "module.aft.module.aft_customizations.aws_iam_role.aft_codebuild_customizations_role",
            "module.aft.module.aft_customizations.data.aws_caller_identity.current",
            "module.aft.module.aft_customizations.data.aws_partition.current",
            "module.aft.module.aft_customizations.data.aws_region.current"
          ]
        }
      ]
    },
    {
      "module": "module.aft.module.aft_customizations",
      "mode": "managed",
      "type": "aws_iam_role_policy_attachment",
      "name": "aft_execute_pipeline_lambda",
      "provider": "module.aft.provider[\"registry.terraform.io/hashicorp/aws\"].aft_management",
      "instances": [
        {
          "index_key": 0,
          "schema_version": 0,
          "attributes": {
            "id": "aft-execute-pipeline-execution-role/arn:aws:iam::aws:policy/service-role/AWSLambdaBasicExecutionRole",
            "policy_arn": "arn:aws:iam::aws:policy/service-role/AWSLambdaBasicExecutionRole",
            "role": "aft-execute-pipeline-execution-role"
          },
          "sensitive_attributes": [],
          "identity_schema_version": 0,
          "identity": {
            "account_id": "209330743040",
            "policy_arn": "arn:aws:iam::aws:policy/service-role/AWSLambdaBasicExecutionRole",
            "role": "aft-execute-pipeline-execution-role"
          },
          "private": "bnVsbA==",
          "dependencies": [
            "module.aft.data.aws_partition.current",
            "module.aft.module.aft_customizations.aws_iam_role.aft_customizations_execute_pipeline_lambda",
            "module.aft.module.aft_customizations.data.aws_iam_policy.AWSLambdaBasicExecutionRole",
            "module.aft.module.aft_customizations.data.aws_iam_policy.AWSLambdaVPCAccessExecutionRole"
          ]
        },
        {
          "index_key": 1,
          "schema_version": 0,
          "attributes": {
            "id": "aft-execute-pipeline-execution-role/arn:aws:iam::aws:policy/service-role/AWSLambdaVPCAccessExecutionRole",
            "policy_arn": "arn:aws:iam::aws:policy/service-role/AWSLambdaVPCAccessExecutionRole",
            "role": "aft-execute-pipeline-execution-role"
          },
          "sensitive_attributes": [],
          "identity_schema_version": 0,
          "identity": {
            "account_id": "209330743040",
            "policy_arn": "arn:aws:iam::aws:policy/service-role/AWSLambdaVPCAccessExecutionRole",
            "role": "aft-execute-pipeline-execution-role"
          },
          "private": "bnVsbA==",
          "dependencies": [
            "module.aft.data.aws_partition.current",
            "module.aft.module.aft_customizations.aws_iam_role.aft_customizations_execute_pipeline_lambda",
            "module.aft.module.aft_customizations.data.aws_iam_policy.AWSLambdaBasicExecutionRole",
            "module.aft.module.aft_customizations.data.aws_iam_policy.AWSLambdaVPCAccessExecutionRole"
          ]
        }
      ]
    },
    {
      "module": "module.aft.module.aft_customizations",
      "mode": "managed",
      "type": "aws_iam_role_policy_attachment",
      "name": "aft_get_pipeline_executions_lambda",
      "provider": "module.aft.provider[\"registry.terraform.io/hashicorp/aws\"].aft_management",
      "instances": [
        {
          "index_key": 0,
          "schema_version": 0,
          "attributes": {
            "id": "aft-get-pipeline-status-execution-role/arn:aws:iam::aws:policy/service-role/AWSLambdaBasicExecutionRole",
            "policy_arn": "arn:aws:iam::aws:policy/service-role/AWSLambdaBasicExecutionRole",
            "role": "aft-get-pipeline-status-execution-role"
          },
          "sensitive_attributes": [],
          "identity_schema_version": 0,
          "identity": {
            "account_id": "209330743040",
            "policy_arn": "arn:aws:iam::aws:policy/service-role/AWSLambdaBasicExecutionRole",
            "role": "aft-get-pipeline-status-execution-role"
          },
          "private": "bnVsbA==",
          "dependencies": [
            "module.aft.data.aws_partition.current",
            "module.aft.module.aft_customizations.aws_iam_role.aft_customizations_get_pipeline_executions_lambda",
            "module.aft.module.aft_customizations.data.aws_iam_policy.AWSLambdaBasicExecutionRole",
            "module.aft.module.aft_customizations.data.aws_iam_policy.AWSLambdaVPCAccessExecutionRole"
          ]
        },
        {
          "index_key": 1,
          "schema_version": 0,
          "attributes": {
            "id": "aft-get-pipeline-status-execution-role/arn:aws:iam::aws:policy/service-role/AWSLambdaVPCAccessExecutionRole",
            "policy_arn": "arn:aws:iam::aws:policy/service-role/AWSLambdaVPCAccessExecutionRole",
            "role": "aft-get-pipeline-status-execution-role"
          },
          "sensitive_attributes": [],
          "identity_schema_version": 0,
          "identity": {
            "account_id": "209330743040",
            "policy_arn": "arn:aws:iam::aws:policy/service-role/AWSLambdaVPCAccessExecutionRole",
            "role": "aft-get-pipeline-status-execution-role"
          },
          "private": "bnVsbA==",
          "dependencies": [
            "module.aft.data.aws_partition.current",
            "module.aft.module.aft_customizations.aws_iam_role.aft_customizations_get_pipeline_executions_lambda",
            "module.aft.module.aft_customizations.data.aws_iam_policy.AWSLambdaBasicExecutionRole",
            "module.aft.module.aft_customizations.data.aws_iam_policy.AWSLambdaVPCAccessExecutionRole"
          ]
        }
      ]
    },
    {
      "module": "module.aft.module.aft_customizations",
      "mode": "managed",
      "type": "aws_iam_role_policy_attachment",
      "name": "aft_identify_targets_lambda",
      "provider": "module.aft.provider[\"registry.terraform.io/hashicorp/aws\"].aft_management",
      "instances": [
        {
          "index_key": 0,
          "schema_version": 0,
          "attributes": {
            "id": "aft-identify-targets-execution-role/arn:aws:iam::aws:policy/service-role/AWSLambdaBasicExecutionRole",
            "policy_arn": "arn:aws:iam::aws:policy/service-role/AWSLambdaBasicExecutionRole",
            "role": "aft-identify-targets-execution-role"
          },
          "sensitive_attributes": [],
          "identity_schema_version": 0,
          "identity": {
            "account_id": "209330743040",
            "policy_arn": "arn:aws:iam::aws:policy/service-role/AWSLambdaBasicExecutionRole",
            "role": "aft-identify-targets-execution-role"
          },
          "private": "bnVsbA==",
          "dependencies": [
            "module.aft.data.aws_partition.current",
            "module.aft.module.aft_customizations.aws_iam_role.aft_customizations_identify_targets_lambda",
            "module.aft.module.aft_customizations.data.aws_iam_policy.AWSLambdaBasicExecutionRole",
            "module.aft.module.aft_customizations.data.aws_iam_policy.AWSLambdaVPCAccessExecutionRole"
          ]
        },
        {
          "index_key": 1,
          "schema_version": 0,
          "attributes": {
            "id": "aft-identify-targets-execution-role/arn:aws:iam::aws:policy/service-role/AWSLambdaVPCAccessExecutionRole",
            "policy_arn": "arn:aws:iam::aws:policy/service-role/AWSLambdaVPCAccessExecutionRole",
            "role": "aft-identify-targets-execution-role"
          },
          "sensitive_attributes": [],
          "identity_schema_version": 0,
          "identity": {
            "account_id": "209330743040",
            "policy_arn": "arn:aws:iam::aws:policy/service-role/AWSLambdaVPCAccessExecutionRole",
            "role": "aft-identify-targets-execution-role"
          },
          "private": "bnVsbA==",
          "dependencies": [
            "module.aft.data.aws_partition.current",
            "module.aft.module.aft_customizations.aws_iam_role.aft_customizations_identify_targets_lambda",
            "module.aft.module.aft_customizations.data.aws_iam_policy.AWSLambdaBasicExecutionRole",
            "module.aft.module.aft_customizations.data.aws_iam_policy.AWSLambdaVPCAccessExecutionRole"
          ]
        }
      ]
    },
    {
      "module": "module.aft.module.aft_customizations",
      "mode": "managed",
      "type": "aws_s3_bucket",
      "name": "aft_codepipeline_customizations_bucket",
      "provider": "module.aft.provider[\"registry.terraform.io/hashicorp/aws\"].aft_management",
      "instances": [
        {
          "schema_version": 0,
          "attributes": {
            "acceleration_status": "",
            "acl": null,
            "arn": "arn:aws:s3:::aft-customizations-pipeline-209330743040",
            "bucket": "aft-customizations-pipeline-209330743040",
            "bucket_domain_name": "aft-customizations-pipeline-209330743040.s3.amazonaws.com",
            "bucket_prefix": "",
            "bucket_region": "us-east-1",
            "bucket_regional_domain_name": "aft-customizations-pipeline-209330743040.s3.us-east-1.amazonaws.com",
            "cors_rule": [],
            "force_destroy": false,
            "grant": [
              {
                "id": "52d59e3c575ff4e9288f4092e7c6dec80ce874cfacf774441fb16a2b8c6ae40f",
                "permissions": [
                  "FULL_CONTROL"
                ],
                "type": "CanonicalUser",
                "uri": ""
              }
            ],
            "hosted_zone_id": "Z3AQBSTGFYJSTF",
            "id": "aft-customizations-pipeline-209330743040",
            "lifecycle_rule": [
              {
                "abort_incomplete_multipart_upload_days": 0,
                "enabled": true,
                "expiration": [
                  {
                    "date": "",
                    "days": 90,
                    "expired_object_delete_marker": false
                  }
                ],
                "id": "sfn-data",
                "noncurrent_version_expiration": [],
                "noncurrent_version_transition": [],
                "prefix": "sfn/",
                "tags": {},
                "transition": []
              }
            ],
            "logging": [],
            "object_lock_configuration": [],
            "object_lock_enabled": false,
            "policy": "{\"Statement\":[{\"Action\":\"s3:*\",\"Condition\":{\"Bool\":{\"aws:SecureTransport\":\"false\"}},\"Effect\":\"Deny\",\"Principal\":\"*\",\"Resource\":[\"arn:aws:s3:::aft-customizations-pipeline-209330743040\",\"arn:aws:s3:::aft-customizations-pipeline-209330743040/*\"],\"Sid\":\"AllowSSLRequestsOnly\"}],\"Version\":\"2012-10-17\"}",
            "region": "us-east-1",
            "replication_configuration": [],
            "request_payer": "BucketOwner",
            "server_side_encryption_configuration": [
              {
                "rule": [
                  {
                    "apply_server_side_encryption_by_default": [
                      {
                        "kms_master_key_id": "89104c7a-ebe1-42ee-930b-caa51544f46a",
                        "sse_algorithm": "aws:kms"
                      }
                    ],
                    "bucket_key_enabled": false
                  }
                ]
              }
            ],
            "tags": {},
            "tags_all": {
              "managed_by": "AFT"
            },
            "timeouts": null,
            "versioning": [
              {
                "enabled": true,
                "mfa_delete": false
              }
            ],
            "website": [],
            "website_domain": null,
            "website_endpoint": null
          },
          "sensitive_attributes": [],
          "identity_schema_version": 0,
          "identity": {
            "account_id": "209330743040",
            "bucket": "aft-customizations-pipeline-209330743040",
            "region": "us-east-1"
          },
          "private": "eyJlMmJmYjczMC1lY2FhLTExZTYtOGY4OC0zNDM2M2JjN2M0YzAiOnsiY3JlYXRlIjoxMjAwMDAwMDAwMDAwLCJkZWxldGUiOjM2MDAwMDAwMDAwMDAsInJlYWQiOjEyMDAwMDAwMDAwMDAsInVwZGF0ZSI6MTIwMDAwMDAwMDAwMH19",
          "dependencies": [
            "module.aft.data.aws_partition.current",
            "module.aft.module.aft_customizations.data.aws_caller_identity.current"
          ],
          "create_before_destroy": true
        }
      ]
    },
    {
      "module": "module.aft.module.aft_customizations",
      "mode": "managed",
      "type": "aws_s3_bucket_lifecycle_configuration",
      "name": "aft_codepipeline_customizations_bucket",
      "provider": "module.aft.provider[\"registry.terraform.io/hashicorp/aws\"].aft_management",
      "instances": [
        {
          "schema_version": 1,
          "attributes": {
            "bucket": "aft-customizations-pipeline-209330743040",
            "expected_bucket_owner": "",
            "id": "aft-customizations-pipeline-209330743040",
            "region": "us-east-1",
            "rule": [
              {
                "abort_incomplete_multipart_upload": [],
                "expiration": [
                  {
                    "date": null,
                    "days": 90,
                    "expired_object_delete_marker": false
                  }
                ],
                "filter": [
                  {
                    "and": [],
                    "object_size_greater_than": null,
                    "object_size_less_than": null,
                    "prefix": "sfn/",
                    "tag": []
                  }
                ],
                "id": "sfn-data",
                "noncurrent_version_expiration": [],
                "noncurrent_version_transition": [],
                "prefix": "",
                "status": "Enabled",
                "transition": []
              }
            ],
            "timeouts": null,
            "transition_default_minimum_object_size": "all_storage_classes_128K"
          },
          "sensitive_attributes": [],
          "identity_schema_version": 0,
          "identity": {
            "account_id": "209330743040",
            "bucket": "aft-customizations-pipeline-209330743040",
            "region": "us-east-1"
          },
          "dependencies": [
            "module.aft.data.aws_partition.current",
            "module.aft.module.aft_customizations.aws_s3_bucket.aft_codepipeline_customizations_bucket",
            "module.aft.module.aft_customizations.data.aws_caller_identity.current"
          ]
        }
      ]
    },
    {
      "module": "module.aft.module.aft_customizations",
      "mode": "managed",
      "type": "aws_s3_bucket_policy",
      "name": "aft_codepipeline_customizations_bucket",
      "provider": "module.aft.provider[\"registry.terraform.io/hashicorp/aws\"].aft_management",
      "instances": [
        {
          "schema_version": 0,
          "attributes": {
            "bucket": "aft-customizations-pipeline-209330743040",
            "id": "aft-customizations-pipeline-209330743040",
            "policy": "{\"Statement\":[{\"Action\":\"s3:*\",\"Condition\":{\"Bool\":{\"aws:SecureTransport\":\"false\"}},\"Effect\":\"Deny\",\"Principal\":\"*\",\"Resource\":[\"arn:aws:s3:::aft-customizations-pipeline-209330743040\",\"arn:aws:s3:::aft-customizations-pipeline-209330743040/*\"],\"Sid\":\"AllowSSLRequestsOnly\"}],\"Version\":\"2012-10-17\"}",
            "region": "us-east-1"
          },
          "sensitive_attributes": [],
          "identity_schema_version": 0,
          "identity": {
            "account_id": "209330743040",
            "bucket": "aft-customizations-pipeline-209330743040",
            "region": "us-east-1"
          },
          "private": "bnVsbA==",
          "dependencies": [
            "module.aft.data.aws_partition.current",
            "module.aft.module.aft_customizations.aws_s3_bucket.aft_codepipeline_customizations_bucket",
            "module.aft.module.aft_customizations.data.aws_caller_identity.current"
          ]
        }
      ]
    },
    {
      "module": "module.aft.module.aft_customizations",
      "mode": "managed",
      "type": "aws_s3_bucket_public_access_block",
      "name": "aft-codepipeline-customizations-block-public-access",
      "provider": "module.aft.provider[\"registry.terraform.io/hashicorp/aws\"].aft_management",
      "instances": [
        {
          "schema_version": 0,
          "attributes": {
            "block_public_acls": true,
            "block_public_policy": true,
            "bucket": "aft-customizations-pipeline-209330743040",
            "id": "aft-customizations-pipeline-209330743040",
            "ignore_public_acls": true,
            "region": "us-east-1",
            "restrict_public_buckets": true,
            "skip_destroy": null
          },
          "sensitive_attributes": [],
          "identity_schema_version": 0,
          "identity": {
            "account_id": "209330743040",
            "bucket": "aft-customizations-pipeline-209330743040",
            "region": "us-east-1"
          },
          "private": "bnVsbA==",
          "dependencies": [
            "module.aft.data.aws_partition.current",
            "module.aft.module.aft_customizations.aws_s3_bucket.aft_codepipeline_customizations_bucket",
            "module.aft.module.aft_customizations.data.aws_caller_identity.current"
          ]
        }
      ]
    },
    {
      "module": "module.aft.module.aft_customizations",
      "mode": "managed",
      "type": "aws_s3_bucket_server_side_encryption_configuration",
      "name": "aft-codepipeline-customizations-bucket-encryption",
      "provider": "module.aft.provider[\"registry.terraform.io/hashicorp/aws\"].aft_management",
      "instances": [
        {
          "schema_version": 0,
          "attributes": {
            "bucket": "aft-customizations-pipeline-209330743040",
            "expected_bucket_owner": "",
            "id": "aft-customizations-pipeline-209330743040",
            "region": "us-east-1",
            "rule": [
              {
                "apply_server_side_encryption_by_default": [
                  {
                    "kms_master_key_id": "89104c7a-ebe1-42ee-930b-caa51544f46a",
                    "sse_algorithm": "aws:kms"
                  }
                ],
                "blocked_encryption_types": [],
                "bucket_key_enabled": false
              }
            ]
          },
          "sensitive_attributes": [],
          "identity_schema_version": 1,
          "identity": {
            "account_id": "209330743040",
            "bucket": "aft-customizations-pipeline-209330743040",
            "region": "us-east-1"
          },
          "private": "bnVsbA==",
          "dependencies": [
            "module.aft.data.aws_partition.current",
            "module.aft.module.aft_account_request_framework.aws_kms_key.aft",
            "module.aft.module.aft_account_request_framework.data.aws_caller_identity.aft-management",
            "module.aft.module.aft_account_request_framework.data.aws_partition.current",
            "module.aft.module.aft_account_request_framework.data.aws_region.aft-management",
            "module.aft.module.aft_customizations.aws_s3_bucket.aft_codepipeline_customizations_bucket",
            "module.aft.module.aft_customizations.data.aws_caller_identity.current"
          ]
        }
      ]
    },
    {
      "module": "module.aft.module.aft_customizations",
      "mode": "managed",
      "type": "aws_s3_bucket_versioning",
      "name": "aft-codepipeline-customizations-bucket-versioning",
      "provider": "module.aft.provider[\"registry.terraform.io/hashicorp/aws\"].aft_management",
      "instances": [
        {
          "schema_version": 0,
          "attributes": {
            "bucket": "aft-customizations-pipeline-209330743040",
            "expected_bucket_owner": "",
            "id": "aft-customizations-pipeline-209330743040",
            "mfa": null,
            "region": "us-east-1",
            "versioning_configuration": [
              {
                "mfa_delete": "",
                "status": "Enabled"
              }
            ]
          },
          "sensitive_attributes": [],
          "identity_schema_version": 1,
          "identity": {
            "account_id": "209330743040",
            "bucket": "aft-customizations-pipeline-209330743040",
            "region": "us-east-1"
          },
          "private": "bnVsbA==",
          "dependencies": [
            "module.aft.data.aws_partition.current",
            "module.aft.module.aft_customizations.aws_s3_bucket.aft_codepipeline_customizations_bucket",
            "module.aft.module.aft_customizations.data.aws_caller_identity.current"
          ]
        }
      ]
    },
    {
      "module": "module.aft.module.aft_customizations",
      "mode": "managed",
      "type": "time_sleep",
      "name": "wait_for_iam_eventual_consistency",
      "provider": "provider[\"registry.terraform.io/hashicorp/time\"]",
      "instances": [
        {
          "schema_version": 0,
          "attributes": {
            "create_duration": "60s",
            "destroy_duration": null,
            "id": "2026-03-03T12:29:43Z",
            "triggers": null
          },
          "sensitive_attributes": [],
          "identity_schema_version": 0,
          "dependencies": [
            "module.aft.data.aws_partition.current",
            "module.aft.module.aft_customizations.aws_iam_role.aft_codebuild_customizations_role"
          ]
        }
      ]
    },
    {
      "module": "module.aft.module.aft_feature_options",
      "mode": "data",
      "type": "aws_caller_identity",
      "name": "ct_audit",
      "provider": "module.aft.provider[\"registry.terraform.io/hashicorp/aws\"].audit",
      "instances": [
        {
          "schema_version": 0,
          "attributes": {
            "account_id": "315326805686",
            "arn": "arn:aws:sts::315326805686:assumed-role/AWSControlTowerExecution/AWSAFT-Session",
            "id": "315326805686",
            "user_id": "AROAUS2XRG23MDUNWERDN:AWSAFT-Session"
          },
          "sensitive_attributes": [],
          "identity_schema_version": 0
        }
      ]
    },
    {
      "module": "module.aft.module.aft_feature_options",
      "mode": "data",
      "type": "aws_caller_identity",
      "name": "ct_log",
      "provider": "module.aft.provider[\"registry.terraform.io/hashicorp/aws\"].log_archive",
      "instances": [
        {
          "schema_version": 0,
          "attributes": {
            "account_id": "407902217769",
            "arn": "arn:aws:sts::407902217769:assumed-role/AWSControlTowerExecution/AWSAFT-Session",
            "id": "407902217769",
            "user_id": "AROAV56G54YUXXQPA42EI:AWSAFT-Session"
          },
          "sensitive_attributes": [],
          "identity_schema_version": 0
        }
      ]
    },
    {
      "module": "module.aft.module.aft_feature_options",
      "mode": "data",
      "type": "aws_caller_identity",
      "name": "ct_management",
      "provider": "module.aft.provider[\"registry.terraform.io/hashicorp/aws\"].ct_management",
      "instances": [
        {
          "schema_version": 0,
          "attributes": {
            "account_id": "395310663328",
            "arn": "arn:aws:sts::395310663328:assumed-role/AWSReservedSSO_AWSAdministratorAccess_d1481a114c36f6a3/naven",
            "id": "395310663328",
            "user_id": "AROAVYCS2A2QONONTZ4BM:naven"
          },
          "sensitive_attributes": [],
          "identity_schema_version": 0
        }
      ]
    },
    {
      "module": "module.aft.module.aft_feature_options",
      "mode": "data",
      "type": "aws_caller_identity",
      "name": "current",
      "provider": "module.aft.provider[\"registry.terraform.io/hashicorp/aws\"].aft_management",
      "instances": [
        {
          "schema_version": 0,
          "attributes": {
            "account_id": "209330743040",
            "arn": "arn:aws:sts::209330743040:assumed-role/AWSControlTowerExecution/AWSAFT-Session",
            "id": "209330743040",
            "user_id": "AROATBPIVU4AJUUQ7NUJB:AWSAFT-Session"
          },
          "sensitive_attributes": [],
          "identity_schema_version": 0
        }
      ]
    },
    {
      "module": "module.aft.module.aft_feature_options",
      "mode": "data",
      "type": "aws_iam_policy",
      "name": "AWSLambdaBasicExecutionRole",
      "provider": "module.aft.provider[\"registry.terraform.io/hashicorp/aws\"].aft_management",
      "instances": [
        {
          "schema_version": 0,
          "attributes": {
            "arn": "arn:aws:iam::aws:policy/service-role/AWSLambdaBasicExecutionRole",
            "attachment_count": 17,
            "description": "Provides write permissions to CloudWatch Logs.",
            "id": "arn:aws:iam::aws:policy/service-role/AWSLambdaBasicExecutionRole",
            "name": "AWSLambdaBasicExecutionRole",
            "path": "/service-role/",
            "path_prefix": null,
            "policy": "{\"Statement\":[{\"Action\":[\"logs:CreateLogGroup\",\"logs:CreateLogStream\",\"logs:PutLogEvents\"],\"Effect\":\"Allow\",\"Resource\":\"*\"}],\"Version\":\"2012-10-17\"}",
            "policy_id": "ANPAJNCQGXC42545SKXIK",
            "tags": {}
          },
          "sensitive_attributes": [],
          "identity_schema_version": 0
        }
      ]
    },
    {
      "module": "module.aft.module.aft_feature_options",
      "mode": "data",
      "type": "aws_iam_policy",
      "name": "AWSLambdaVPCAccessExecutionRole",
      "provider": "module.aft.provider[\"registry.terraform.io/hashicorp/aws\"].aft_management",
      "instances": [
        {
          "schema_version": 0,
          "attributes": {
            "arn": "arn:aws:iam::aws:policy/service-role/AWSLambdaVPCAccessExecutionRole",
            "attachment_count": 16,
            "description": "Provides minimum permissions for a Lambda function to execute while accessing a resource within a VPC - create, describe, delete network interfaces and write permissions to CloudWatch Logs. ",
            "id": "arn:aws:iam::aws:policy/service-role/AWSLambdaVPCAccessExecutionRole",
            "name": "AWSLambdaVPCAccessExecutionRole",
            "path": "/service-role/",
            "path_prefix": null,
            "policy": "{\"Statement\":[{\"Action\":[\"logs:CreateLogGroup\",\"logs:CreateLogStream\",\"logs:PutLogEvents\",\"ec2:CreateNetworkInterface\",\"ec2:DescribeNetworkInterfaces\",\"ec2:DescribeSubnets\",\"ec2:DeleteNetworkInterface\",\"ec2:AssignPrivateIpAddresses\",\"ec2:UnassignPrivateIpAddresses\"],\"Effect\":\"Allow\",\"Resource\":\"*\",\"Sid\":\"AWSLambdaVPCAccessExecutionPermissions\"}],\"Version\":\"2012-10-17\"}",
            "policy_id": "ANPAJVTME3YLVNL72YR2K",
            "tags": {}
          },
          "sensitive_attributes": [],
          "identity_schema_version": 0
        }
      ]
    },
    {
      "module": "module.aft.module.aft_feature_options",
      "mode": "data",
      "type": "aws_organizations_organization",
      "name": "aft_organization",
      "provider": "module.aft.provider[\"registry.terraform.io/hashicorp/aws\"].ct_management",
      "instances": [
        {
          "schema_version": 0,
          "attributes": {
            "accounts": [
              {
                "arn": "arn:aws:organizations::395310663328:account/o-sog3h0rrdi/407902217769",
                "email": "pala.venkata1965+log@gmail.com",
                "id": "407902217769",
                "joined_method": "CREATED",
                "joined_timestamp": "2026-02-12T12:55:27Z",
                "name": "log account",
                "state": "ACTIVE",
                "status": "ACTIVE"
              },
              {
                "arn": "arn:aws:organizations::395310663328:account/o-sog3h0rrdi/209330743040",
                "email": "pala.venkata1965+testgui@gmail.com",
                "id": "209330743040",
                "joined_method": "CREATED",
                "joined_timestamp": "2026-02-12T15:19:43Z",
                "name": "AFT-Management",
                "state": "ACTIVE",
                "status": "ACTIVE"
              },
              {
                "arn": "arn:aws:organizations::395310663328:account/o-sog3h0rrdi/315326805686",
                "email": "pala.venkata1965+audit@gmail.com",
                "id": "315326805686",
                "joined_method": "CREATED",
                "joined_timestamp": "2026-02-12T12:54:32Z",
                "name": "Audit account",
                "state": "ACTIVE",
                "status": "ACTIVE"
              },
              {
                "arn": "arn:aws:organizations::395310663328:account/o-sog3h0rrdi/537369587317",
                "email": "pala.venkata1965+dev@gmail.com",
                "id": "537369587317",
                "joined_method": "CREATED",
                "joined_timestamp": "2026-02-27T06:25:17Z",
                "name": "dev",
                "state": "ACTIVE",
                "status": "ACTIVE"
              },
              {
                "arn": "arn:aws:organizations::395310663328:account/o-sog3h0rrdi/395310663328",
                "email": "pala.venkata1965@gmail.com",
                "id": "395310663328",
                "joined_method": "INVITED",
                "joined_timestamp": "2026-02-12T11:40:23Z",
                "name": "venkata",
                "state": "ACTIVE",
                "status": "ACTIVE"
              }
            ],
            "arn": "arn:aws:organizations::395310663328:organization/o-sog3h0rrdi",
            "aws_service_access_principals": [
              "account.amazonaws.com",
              "cloudtrail.amazonaws.com",
              "config.amazonaws.com",
              "controltower.amazonaws.com",
              "member.org.stacksets.cloudformation.amazonaws.com",
              "sso.amazonaws.com"
            ],
            "enabled_policy_types": [
              "SERVICE_CONTROL_POLICY"
            ],
            "feature_set": "ALL",
            "id": "o-sog3h0rrdi",
            "master_account_arn": "arn:aws:organizations::395310663328:account/o-sog3h0rrdi/395310663328",
            "master_account_email": "pala.venkata1965@gmail.com",
            "master_account_id": "395310663328",
            "master_account_name": "venkata",
            "non_master_accounts": [
              {
                "arn": "arn:aws:organizations::395310663328:account/o-sog3h0rrdi/407902217769",
                "email": "pala.venkata1965+log@gmail.com",
                "id": "407902217769",
                "joined_method": "CREATED",
                "joined_timestamp": "2026-02-12T12:55:27Z",
                "name": "log account",
                "state": "ACTIVE",
                "status": "ACTIVE"
              },
              {
                "arn": "arn:aws:organizations::395310663328:account/o-sog3h0rrdi/209330743040",
                "email": "pala.venkata1965+testgui@gmail.com",
                "id": "209330743040",
                "joined_method": "CREATED",
                "joined_timestamp": "2026-02-12T15:19:43Z",
                "name": "AFT-Management",
                "state": "ACTIVE",
                "status": "ACTIVE"
              },
              {
                "arn": "arn:aws:organizations::395310663328:account/o-sog3h0rrdi/315326805686",
                "email": "pala.venkata1965+audit@gmail.com",
                "id": "315326805686",
                "joined_method": "CREATED",
                "joined_timestamp": "2026-02-12T12:54:32Z",
                "name": "Audit account",
                "state": "ACTIVE",
                "status": "ACTIVE"
              },
              {
                "arn": "arn:aws:organizations::395310663328:account/o-sog3h0rrdi/537369587317",
                "email": "pala.venkata1965+dev@gmail.com",
                "id": "537369587317",
                "joined_method": "CREATED",
                "joined_timestamp": "2026-02-27T06:25:17Z",
                "name": "dev",
                "state": "ACTIVE",
                "status": "ACTIVE"
              }
            ],
            "return_organization_only": null,
            "roots": [
              {
                "arn": "arn:aws:organizations::395310663328:root/o-sog3h0rrdi/r-uffw",
                "id": "r-uffw",
                "name": "Root",
                "policy_types": [
                  {
                    "status": "ENABLED",
                    "type": "SERVICE_CONTROL_POLICY"
                  }
                ]
              }
            ]
          },
          "sensitive_attributes": [],
          "identity_schema_version": 0
        }
      ]
    },
    {
      "module": "module.aft.module.aft_feature_options",
      "mode": "data",
      "type": "aws_partition",
      "name": "current",
      "provider": "provider[\"registry.terraform.io/hashicorp/aws\"]",
      "instances": [
        {
          "schema_version": 0,
          "attributes": {
            "dns_suffix": "amazonaws.com",
            "id": "aws",
            "partition": "aws",
            "reverse_dns_prefix": "com.amazonaws"
          },
          "sensitive_attributes": [],
          "identity_schema_version": 0
        }
      ]
    },
    {
      "module": "module.aft.module.aft_feature_options",
      "mode": "data",
      "type": "aws_region",
      "name": "current",
      "provider": "module.aft.provider[\"registry.terraform.io/hashicorp/aws\"].aft_management",
      "instances": [
        {
          "schema_version": 0,
          "attributes": {
            "description": "US East (N. Virginia)",
            "endpoint": "ec2.us-east-1.amazonaws.com",
            "id": "us-east-1",
            "name": "us-east-1",
            "region": "us-east-1"
          },
          "sensitive_attributes": [],
          "identity_schema_version": 0
        }
      ]
    },
    {
      "module": "module.aft.module.aft_feature_options",
      "mode": "managed",
      "type": "aws_iam_role",
      "name": "aft_delete_default_vpc_lambda",
      "provider": "module.aft.provider[\"registry.terraform.io/hashicorp/aws\"].aft_management",
      "instances": [
        {
          "schema_version": 0,
          "attributes": {
            "arn": "arn:aws:iam::209330743040:role/aft-delete-default-vpc-execution-role",
            "assume_role_policy": "{\"Statement\":[{\"Action\":\"sts:AssumeRole\",\"Effect\":\"Allow\",\"Principal\":{\"Service\":\"lambda.amazonaws.com\"}}],\"Version\":\"2012-10-17\"}",
            "create_date": "2026-03-03T12:28:32Z",
            "description": "",
            "force_detach_policies": false,
            "id": "aft-delete-default-vpc-execution-role",
            "inline_policy": [
              {
                "name": "aft-delete-default-vpc-policy",
                "policy": "{\"Version\":\"2012-10-17\",\"Statement\":[{\"Action\":[\"ec2:DeleteSubnet\",\"ec2:DescribeRegions\",\"ec2:DetachInternetGateway\",\"ec2:DescribeSecurityGroups\",\"ec2:DeleteRouteTable\",\"ec2:DescribeInternetGateways\",\"ec2:DescribeVpcs\",\"ec2:DeleteSecurityGroup\",\"ec2:DeleteInternetGateway\",\"ec2:DeleteVpc\",\"ec2:DescribeSubnets\",\"ec2:DescribeNetworkAcls\",\"ec2:DescribeRouteTables\",\"ec2:DeleteNetworkAcl\"],\"Effect\":\"Allow\",\"Resource\":\"*\"},{\"Action\":\"ssm:GetParameter\",\"Effect\":\"Allow\",\"Resource\":[\"arn:aws:ssm:us-east-1:209330743040:parameter/aft/*\"]},{\"Action\":[\"kms:GenerateDataKey\",\"kms:Encrypt\",\"kms:Decrypt\"],\"Effect\":\"Allow\",\"Resource\":[\"arn:aws:kms:us-east-1:209330743040:key/89104c7a-ebe1-42ee-930b-caa51544f46a\"]},{\"Action\":[\"sts:AssumeRole\"],\"Effect\":\"Allow\",\"Resource\":[\"arn:aws:iam::209330743040:role/AWSAFTAdmin\"]},{\"Action\":\"sts:GetCallerIdentity\",\"Effect\":\"Allow\",\"Resource\":\"*\"},{\"Action\":[\"sns:Publish\"],\"Effect\":\"Allow\",\"Resource\":[\"arn:aws:sns:us-east-1:209330743040:aft-notifications\",\"arn:aws:sns:us-east-1:209330743040:aft-failure-notifications\"]}]}"
              }
            ],
            "managed_policy_arns": [
              "arn:aws:iam::aws:policy/service-role/AWSLambdaBasicExecutionRole",
              "arn:aws:iam::aws:policy/service-role/AWSLambdaVPCAccessExecutionRole"
            ],
            "max_session_duration": 3600,
            "name": "aft-delete-default-vpc-execution-role",
            "name_prefix": "",
            "path": "/",
            "permissions_boundary": "",
            "tags": {},
            "tags_all": {
              "managed_by": "AFT"
            },
            "unique_id": "AROATBPIVU4AE4MWFZEMN"
          },
          "sensitive_attributes": [],
          "identity_schema_version": 0,
          "identity": {
            "account_id": "209330743040",
            "name": "aft-delete-default-vpc-execution-role"
          },
          "private": "bnVsbA==",
          "dependencies": [
            "module.aft.data.aws_partition.current"
          ]
        }
      ]
    },
    {
      "module": "module.aft.module.aft_feature_options",
      "mode": "managed",
      "type": "aws_iam_role",
      "name": "aft_enable_cloudtrail",
      "provider": "module.aft.provider[\"registry.terraform.io/hashicorp/aws\"].aft_management",
      "instances": [
        {
          "schema_version": 0,
          "attributes": {
            "arn": "arn:aws:iam::209330743040:role/aft-enable-cloudtrail-execution-role",
            "assume_role_policy": "{\"Statement\":[{\"Action\":\"sts:AssumeRole\",\"Effect\":\"Allow\",\"Principal\":{\"Service\":\"lambda.amazonaws.com\"}}],\"Version\":\"2012-10-17\"}",
            "create_date": "2026-03-03T12:28:36Z",
            "description": "",
            "force_detach_policies": false,
            "id": "aft-enable-cloudtrail-execution-role",
            "inline_policy": [
              {
                "name": "aft-enable-cloudtrail-policy",
                "policy": "{\"Version\":\"2012-10-17\",\"Statement\":[{\"Action\":\"ssm:GetParameter\",\"Effect\":\"Allow\",\"Resource\":[\"arn:aws:ssm:us-east-1:209330743040:parameter/aft/*\"]},{\"Action\":[\"kms:GenerateDataKey*\",\"kms:Encrypt\",\"kms:Decrypt\"],\"Effect\":\"Allow\",\"Resource\":[\"arn:aws:kms:us-east-1:209330743040:key/89104c7a-ebe1-42ee-930b-caa51544f46a\"]},{\"Action\":[\"sts:AssumeRole\"],\"Effect\":\"Allow\",\"Resource\":[\"arn:aws:iam::209330743040:role/AWSAFTAdmin\"]},{\"Action\":\"sts:GetCallerIdentity\",\"Effect\":\"Allow\",\"Resource\":\"*\"},{\"Action\":[\"sns:Publish\"],\"Effect\":\"Allow\",\"Resource\":[\"arn:aws:sns:us-east-1:209330743040:aft-notifications\",\"arn:aws:sns:us-east-1:209330743040:aft-failure-notifications\"]}]}"
              }
            ],
            "managed_policy_arns": [
              "arn:aws:iam::aws:policy/service-role/AWSLambdaBasicExecutionRole",
              "arn:aws:iam::aws:policy/service-role/AWSLambdaVPCAccessExecutionRole"
            ],
            "max_session_duration": 3600,
            "name": "aft-enable-cloudtrail-execution-role",
            "name_prefix": "",
            "path": "/",
            "permissions_boundary": "",
            "tags": {},
            "tags_all": {
              "managed_by": "AFT"
            },
            "unique_id": "AROATBPIVU4AK7U6JX7UE"
          },
          "sensitive_attributes": [],
          "identity_schema_version": 0,
          "identity": {
            "account_id": "209330743040",
            "name": "aft-enable-cloudtrail-execution-role"
          },
          "private": "bnVsbA==",
          "dependencies": [
            "module.aft.data.aws_partition.current"
          ]
        }
      ]
    },
    {
      "module": "module.aft.module.aft_feature_options",
      "mode": "managed",
      "type": "aws_iam_role",
      "name": "aft_enroll_support",
      "provider": "module.aft.provider[\"registry.terraform.io/hashicorp/aws\"].aft_management",
      "instances": [
        {
          "schema_version": 0,
          "attributes": {
            "arn": "arn:aws:iam::209330743040:role/aft-enroll-support-execution-role",
            "assume_role_policy": "{\"Statement\":[{\"Action\":\"sts:AssumeRole\",\"Effect\":\"Allow\",\"Principal\":{\"Service\":\"lambda.amazonaws.com\"}}],\"Version\":\"2012-10-17\"}",
            "create_date": "2026-03-03T12:28:37Z",
            "description": "",
            "force_detach_policies": false,
            "id": "aft-enroll-support-execution-role",
            "inline_policy": [
              {
                "name": "aft-enroll-support-policy",
                "policy": "{\"Version\":\"2012-10-17\",\"Statement\":[{\"Action\":\"ssm:GetParameter\",\"Effect\":\"Allow\",\"Resource\":[\"arn:aws:ssm:us-east-1:209330743040:parameter/aft/*\"]},{\"Action\":[\"kms:GenerateDataKey\",\"kms:Encrypt\",\"kms:Decrypt\"],\"Effect\":\"Allow\",\"Resource\":[\"arn:aws:kms:us-east-1:209330743040:key/89104c7a-ebe1-42ee-930b-caa51544f46a\"]},{\"Action\":[\"sts:AssumeRole\"],\"Effect\":\"Allow\",\"Resource\":[\"arn:aws:iam::209330743040:role/AWSAFTAdmin\"]},{\"Action\":\"sts:GetCallerIdentity\",\"Effect\":\"Allow\",\"Resource\":\"*\"},{\"Action\":[\"sns:Publish\"],\"Effect\":\"Allow\",\"Resource\":[\"arn:aws:sns:us-east-1:209330743040:aft-notifications\",\"arn:aws:sns:us-east-1:209330743040:aft-failure-notifications\"]}]}"
              }
            ],
            "managed_policy_arns": [
              "arn:aws:iam::aws:policy/service-role/AWSLambdaBasicExecutionRole",
              "arn:aws:iam::aws:policy/service-role/AWSLambdaVPCAccessExecutionRole"
            ],
            "max_session_duration": 3600,
            "name": "aft-enroll-support-execution-role",
            "name_prefix": "",
            "path": "/",
            "permissions_boundary": "",
            "tags": {},
            "tags_all": {
              "managed_by": "AFT"
            },
            "unique_id": "AROATBPIVU4AI2FNINHVE"
          },
          "sensitive_attributes": [],
          "identity_schema_version": 0,
          "identity": {
            "account_id": "209330743040",
            "name": "aft-enroll-support-execution-role"
          },
          "private": "bnVsbA==",
          "dependencies": [
            "module.aft.data.aws_partition.current"
          ]
        }
      ]
    },
    {
      "module": "module.aft.module.aft_feature_options",
      "mode": "managed",
      "type": "aws_iam_role",
      "name": "aft_features_sfn",
      "provider": "module.aft.provider[\"registry.terraform.io/hashicorp/aws\"].aft_management",
      "instances": [
        {
          "schema_version": 0,
          "attributes": {
            "arn": "arn:aws:iam::209330743040:role/aft-features-execution-role",
            "assume_role_policy": "{\"Statement\":[{\"Action\":\"sts:AssumeRole\",\"Effect\":\"Allow\",\"Principal\":{\"Service\":\"states.amazonaws.com\"}}],\"Version\":\"2012-10-17\"}",
            "create_date": "2026-03-03T12:28:42Z",
            "description": "",
            "force_detach_policies": false,
            "id": "aft-features-execution-role",
            "inline_policy": [
              {
                "name": "aft-features-policy",
                "policy": "{\"Version\":\"2012-10-17\",\"Statement\":[{\"Action\":\"sns:Publish*\",\"Effect\":\"Allow\",\"Resource\":\"arn:aws:sns:us-east-1:209330743040:aft-*\"},{\"Action\":[\"lambda:InvokeFunction\"],\"Effect\":\"Allow\",\"Resource\":[\"arn:aws:lambda:us-east-1:209330743040:function:aft-*\"]}]}"
              }
            ],
            "managed_policy_arns": [],
            "max_session_duration": 3600,
            "name": "aft-features-execution-role",
            "name_prefix": "",
            "path": "/",
            "permissions_boundary": "",
            "tags": {},
            "tags_all": {
              "managed_by": "AFT"
            },
            "unique_id": "AROATBPIVU4AIZNVWPZFF"
          },
          "sensitive_attributes": [],
          "identity_schema_version": 0,
          "identity": {
            "account_id": "209330743040",
            "name": "aft-features-execution-role"
          },
          "private": "bnVsbA==",
          "dependencies": [
            "module.aft.data.aws_partition.current"
          ]
        }
      ]
    },
    {
      "module": "module.aft.module.aft_feature_options",
      "mode": "managed",
      "type": "aws_iam_role_policy",
      "name": "aft_delete_default_vpc_lambda",
      "provider": "module.aft.provider[\"registry.terraform.io/hashicorp/aws\"].aft_management",
      "instances": [
        {
          "schema_version": 0,
          "attributes": {
            "id": "aft-delete-default-vpc-execution-role:aft-delete-default-vpc-policy",
            "name": "aft-delete-default-vpc-policy",
            "name_prefix": "",
            "policy": "{\"Version\":\"2012-10-17\",\"Statement\":[{\"Action\":[\"ec2:DeleteSubnet\",\"ec2:DescribeRegions\",\"ec2:DetachInternetGateway\",\"ec2:DescribeSecurityGroups\",\"ec2:DeleteRouteTable\",\"ec2:DescribeInternetGateways\",\"ec2:DescribeVpcs\",\"ec2:DeleteSecurityGroup\",\"ec2:DeleteInternetGateway\",\"ec2:DeleteVpc\",\"ec2:DescribeSubnets\",\"ec2:DescribeNetworkAcls\",\"ec2:DescribeRouteTables\",\"ec2:DeleteNetworkAcl\"],\"Effect\":\"Allow\",\"Resource\":\"*\"},{\"Action\":\"ssm:GetParameter\",\"Effect\":\"Allow\",\"Resource\":[\"arn:aws:ssm:us-east-1:209330743040:parameter/aft/*\"]},{\"Action\":[\"kms:GenerateDataKey\",\"kms:Encrypt\",\"kms:Decrypt\"],\"Effect\":\"Allow\",\"Resource\":[\"arn:aws:kms:us-east-1:209330743040:key/89104c7a-ebe1-42ee-930b-caa51544f46a\"]},{\"Action\":[\"sts:AssumeRole\"],\"Effect\":\"Allow\",\"Resource\":[\"arn:aws:iam::209330743040:role/AWSAFTAdmin\"]},{\"Action\":\"sts:GetCallerIdentity\",\"Effect\":\"Allow\",\"Resource\":\"*\"},{\"Action\":[\"sns:Publish\"],\"Effect\":\"Allow\",\"Resource\":[\"arn:aws:sns:us-east-1:209330743040:aft-notifications\",\"arn:aws:sns:us-east-1:209330743040:aft-failure-notifications\"]}]}",
            "role": "aft-delete-default-vpc-execution-role"
          },
          "sensitive_attributes": [],
          "identity_schema_version": 0,
          "identity": {
            "account_id": "209330743040",
            "name": "aft-delete-default-vpc-policy",
            "role": "aft-delete-default-vpc-execution-role"
          },
          "private": "bnVsbA==",
          "dependencies": [
            "module.aft.data.aws_partition.current",
            "module.aft.module.aft_account_request_framework.aws_kms_key.aft",
            "module.aft.module.aft_account_request_framework.aws_sns_topic.aft_failure_notifications",
            "module.aft.module.aft_account_request_framework.aws_sns_topic.aft_notifications",
            "module.aft.module.aft_account_request_framework.data.aws_caller_identity.aft-management",
            "module.aft.module.aft_account_request_framework.data.aws_partition.current",
            "module.aft.module.aft_account_request_framework.data.aws_region.aft-management",
            "module.aft.module.aft_feature_options.aws_iam_role.aft_delete_default_vpc_lambda",
            "module.aft.module.aft_feature_options.data.aws_caller_identity.current",
            "module.aft.module.aft_feature_options.data.aws_partition.current",
            "module.aft.module.aft_feature_options.data.aws_region.current"
          ]
        }
      ]
    },
    {
      "module": "module.aft.module.aft_feature_options",
      "mode": "managed",
      "type": "aws_iam_role_policy",
      "name": "aft_enable_cloudtrail",
      "provider": "module.aft.provider[\"registry.terraform.io/hashicorp/aws\"].aft_management",
      "instances": [
        {
          "schema_version": 0,
          "attributes": {
            "id": "aft-enable-cloudtrail-execution-role:aft-enable-cloudtrail-policy",
            "name": "aft-enable-cloudtrail-policy",
            "name_prefix": "",
            "policy": "{\"Version\":\"2012-10-17\",\"Statement\":[{\"Action\":\"ssm:GetParameter\",\"Effect\":\"Allow\",\"Resource\":[\"arn:aws:ssm:us-east-1:209330743040:parameter/aft/*\"]},{\"Action\":[\"kms:GenerateDataKey*\",\"kms:Encrypt\",\"kms:Decrypt\"],\"Effect\":\"Allow\",\"Resource\":[\"arn:aws:kms:us-east-1:209330743040:key/89104c7a-ebe1-42ee-930b-caa51544f46a\"]},{\"Action\":[\"sts:AssumeRole\"],\"Effect\":\"Allow\",\"Resource\":[\"arn:aws:iam::209330743040:role/AWSAFTAdmin\"]},{\"Action\":\"sts:GetCallerIdentity\",\"Effect\":\"Allow\",\"Resource\":\"*\"},{\"Action\":[\"sns:Publish\"],\"Effect\":\"Allow\",\"Resource\":[\"arn:aws:sns:us-east-1:209330743040:aft-notifications\",\"arn:aws:sns:us-east-1:209330743040:aft-failure-notifications\"]}]}",
            "role": "aft-enable-cloudtrail-execution-role"
          },
          "sensitive_attributes": [],
          "identity_schema_version": 0,
          "identity": {
            "account_id": "209330743040",
            "name": "aft-enable-cloudtrail-policy",
            "role": "aft-enable-cloudtrail-execution-role"
          },
          "private": "bnVsbA==",
          "dependencies": [
            "module.aft.data.aws_partition.current",
            "module.aft.module.aft_account_request_framework.aws_kms_key.aft",
            "module.aft.module.aft_account_request_framework.aws_sns_topic.aft_failure_notifications",
            "module.aft.module.aft_account_request_framework.aws_sns_topic.aft_notifications",
            "module.aft.module.aft_account_request_framework.data.aws_caller_identity.aft-management",
            "module.aft.module.aft_account_request_framework.data.aws_partition.current",
            "module.aft.module.aft_account_request_framework.data.aws_region.aft-management",
            "module.aft.module.aft_feature_options.aws_iam_role.aft_enable_cloudtrail",
            "module.aft.module.aft_feature_options.data.aws_caller_identity.current",
            "module.aft.module.aft_feature_options.data.aws_partition.current",
            "module.aft.module.aft_feature_options.data.aws_region.current"
          ]
        }
      ]
    },
    {
      "module": "module.aft.module.aft_feature_options",
      "mode": "managed",
      "type": "aws_iam_role_policy",
      "name": "aft_enroll_support",
      "provider": "module.aft.provider[\"registry.terraform.io/hashicorp/aws\"].aft_management",
      "instances": [
        {
          "schema_version": 0,
          "attributes": {
            "id": "aft-enroll-support-execution-role:aft-enroll-support-policy",
            "name": "aft-enroll-support-policy",
            "name_prefix": "",
            "policy": "{\"Version\":\"2012-10-17\",\"Statement\":[{\"Action\":\"ssm:GetParameter\",\"Effect\":\"Allow\",\"Resource\":[\"arn:aws:ssm:us-east-1:209330743040:parameter/aft/*\"]},{\"Action\":[\"kms:GenerateDataKey\",\"kms:Encrypt\",\"kms:Decrypt\"],\"Effect\":\"Allow\",\"Resource\":[\"arn:aws:kms:us-east-1:209330743040:key/89104c7a-ebe1-42ee-930b-caa51544f46a\"]},{\"Action\":[\"sts:AssumeRole\"],\"Effect\":\"Allow\",\"Resource\":[\"arn:aws:iam::209330743040:role/AWSAFTAdmin\"]},{\"Action\":\"sts:GetCallerIdentity\",\"Effect\":\"Allow\",\"Resource\":\"*\"},{\"Action\":[\"sns:Publish\"],\"Effect\":\"Allow\",\"Resource\":[\"arn:aws:sns:us-east-1:209330743040:aft-notifications\",\"arn:aws:sns:us-east-1:209330743040:aft-failure-notifications\"]}]}",
            "role": "aft-enroll-support-execution-role"
          },
          "sensitive_attributes": [],
          "identity_schema_version": 0,
          "identity": {
            "account_id": "209330743040",
            "name": "aft-enroll-support-policy",
            "role": "aft-enroll-support-execution-role"
          },
          "private": "bnVsbA==",
          "dependencies": [
            "module.aft.data.aws_partition.current",
            "module.aft.module.aft_account_request_framework.aws_kms_key.aft",
            "module.aft.module.aft_account_request_framework.aws_sns_topic.aft_failure_notifications",
            "module.aft.module.aft_account_request_framework.aws_sns_topic.aft_notifications",
            "module.aft.module.aft_account_request_framework.data.aws_caller_identity.aft-management",
            "module.aft.module.aft_account_request_framework.data.aws_partition.current",
            "module.aft.module.aft_account_request_framework.data.aws_region.aft-management",
            "module.aft.module.aft_feature_options.aws_iam_role.aft_enroll_support",
            "module.aft.module.aft_feature_options.data.aws_caller_identity.current",
            "module.aft.module.aft_feature_options.data.aws_partition.current",
            "module.aft.module.aft_feature_options.data.aws_region.current"
          ]
        }
      ]
    },
    {
      "module": "module.aft.module.aft_feature_options",
      "mode": "managed",
      "type": "aws_iam_role_policy",
      "name": "aft_features_sfn",
      "provider": "module.aft.provider[\"registry.terraform.io/hashicorp/aws\"].aft_management",
      "instances": [
        {
          "schema_version": 0,
          "attributes": {
            "id": "aft-features-execution-role:aft-features-policy",
            "name": "aft-features-policy",
            "name_prefix": "",
            "policy": "{\"Version\":\"2012-10-17\",\"Statement\":[{\"Action\":\"sns:Publish*\",\"Effect\":\"Allow\",\"Resource\":\"arn:aws:sns:us-east-1:209330743040:aft-*\"},{\"Action\":[\"lambda:InvokeFunction\"],\"Effect\":\"Allow\",\"Resource\":[\"arn:aws:lambda:us-east-1:209330743040:function:aft-*\"]}]}",
            "role": "aft-features-execution-role"
          },
          "sensitive_attributes": [],
          "identity_schema_version": 0,
          "identity": {
            "account_id": "209330743040",
            "name": "aft-features-policy",
            "role": "aft-features-execution-role"
          },
          "private": "bnVsbA==",
          "dependencies": [
            "module.aft.data.aws_partition.current",
            "module.aft.module.aft_account_request_framework.aws_kms_key.aft",
            "module.aft.module.aft_account_request_framework.data.aws_caller_identity.aft-management",
            "module.aft.module.aft_account_request_framework.data.aws_partition.current",
            "module.aft.module.aft_account_request_framework.data.aws_region.aft-management",
            "module.aft.module.aft_feature_options.aws_iam_role.aft_features_sfn",
            "module.aft.module.aft_feature_options.data.aws_caller_identity.current",
            "module.aft.module.aft_feature_options.data.aws_partition.current",
            "module.aft.module.aft_feature_options.data.aws_region.current"
          ]
        }
      ]
    },
    {
      "module": "module.aft.module.aft_feature_options",
      "mode": "managed",
      "type": "aws_iam_role_policy_attachment",
      "name": "aft_delete_default_vpc_lambda",
      "provider": "module.aft.provider[\"registry.terraform.io/hashicorp/aws\"].aft_management",
      "instances": [
        {
          "index_key": 0,
          "schema_version": 0,
          "attributes": {
            "id": "aft-delete-default-vpc-execution-role/arn:aws:iam::aws:policy/service-role/AWSLambdaBasicExecutionRole",
            "policy_arn": "arn:aws:iam::aws:policy/service-role/AWSLambdaBasicExecutionRole",
            "role": "aft-delete-default-vpc-execution-role"
          },
          "sensitive_attributes": [],
          "identity_schema_version": 0,
          "identity": {
            "account_id": "209330743040",
            "policy_arn": "arn:aws:iam::aws:policy/service-role/AWSLambdaBasicExecutionRole",
            "role": "aft-delete-default-vpc-execution-role"
          },
          "private": "bnVsbA==",
          "dependencies": [
            "module.aft.data.aws_partition.current",
            "module.aft.module.aft_feature_options.aws_iam_role.aft_delete_default_vpc_lambda",
            "module.aft.module.aft_feature_options.data.aws_iam_policy.AWSLambdaBasicExecutionRole",
            "module.aft.module.aft_feature_options.data.aws_iam_policy.AWSLambdaVPCAccessExecutionRole"
          ]
        },
        {
          "index_key": 1,
          "schema_version": 0,
          "attributes": {
            "id": "aft-delete-default-vpc-execution-role/arn:aws:iam::aws:policy/service-role/AWSLambdaVPCAccessExecutionRole",
            "policy_arn": "arn:aws:iam::aws:policy/service-role/AWSLambdaVPCAccessExecutionRole",
            "role": "aft-delete-default-vpc-execution-role"
          },
          "sensitive_attributes": [],
          "identity_schema_version": 0,
          "identity": {
            "account_id": "209330743040",
            "policy_arn": "arn:aws:iam::aws:policy/service-role/AWSLambdaVPCAccessExecutionRole",
            "role": "aft-delete-default-vpc-execution-role"
          },
          "private": "bnVsbA==",
          "dependencies": [
            "module.aft.data.aws_partition.current",
            "module.aft.module.aft_feature_options.aws_iam_role.aft_delete_default_vpc_lambda",
            "module.aft.module.aft_feature_options.data.aws_iam_policy.AWSLambdaBasicExecutionRole",
            "module.aft.module.aft_feature_options.data.aws_iam_policy.AWSLambdaVPCAccessExecutionRole"
          ]
        }
      ]
    },
    {
      "module": "module.aft.module.aft_feature_options",
      "mode": "managed",
      "type": "aws_iam_role_policy_attachment",
      "name": "aft_enable_cloudtrail",
      "provider": "module.aft.provider[\"registry.terraform.io/hashicorp/aws\"].aft_management",
      "instances": [
        {
          "index_key": 0,
          "schema_version": 0,
          "attributes": {
            "id": "aft-enable-cloudtrail-execution-role/arn:aws:iam::aws:policy/service-role/AWSLambdaBasicExecutionRole",
            "policy_arn": "arn:aws:iam::aws:policy/service-role/AWSLambdaBasicExecutionRole",
            "role": "aft-enable-cloudtrail-execution-role"
          },
          "sensitive_attributes": [],
          "identity_schema_version": 0,
          "identity": {
            "account_id": "209330743040",
            "policy_arn": "arn:aws:iam::aws:policy/service-role/AWSLambdaBasicExecutionRole",
            "role": "aft-enable-cloudtrail-execution-role"
          },
          "private": "bnVsbA==",
          "dependencies": [
            "module.aft.data.aws_partition.current",
            "module.aft.module.aft_feature_options.aws_iam_role.aft_enable_cloudtrail",
            "module.aft.module.aft_feature_options.data.aws_iam_policy.AWSLambdaBasicExecutionRole",
            "module.aft.module.aft_feature_options.data.aws_iam_policy.AWSLambdaVPCAccessExecutionRole"
          ]
        },
        {
          "index_key": 1,
          "schema_version": 0,
          "attributes": {
            "id": "aft-enable-cloudtrail-execution-role/arn:aws:iam::aws:policy/service-role/AWSLambdaVPCAccessExecutionRole",
            "policy_arn": "arn:aws:iam::aws:policy/service-role/AWSLambdaVPCAccessExecutionRole",
            "role": "aft-enable-cloudtrail-execution-role"
          },
          "sensitive_attributes": [],
          "identity_schema_version": 0,
          "identity": {
            "account_id": "209330743040",
            "policy_arn": "arn:aws:iam::aws:policy/service-role/AWSLambdaVPCAccessExecutionRole",
            "role": "aft-enable-cloudtrail-execution-role"
          },
          "private": "bnVsbA==",
          "dependencies": [
            "module.aft.data.aws_partition.current",
            "module.aft.module.aft_feature_options.aws_iam_role.aft_enable_cloudtrail",
            "module.aft.module.aft_feature_options.data.aws_iam_policy.AWSLambdaBasicExecutionRole",
            "module.aft.module.aft_feature_options.data.aws_iam_policy.AWSLambdaVPCAccessExecutionRole"
          ]
        }
      ]
    },
    {
      "module": "module.aft.module.aft_feature_options",
      "mode": "managed",
      "type": "aws_iam_role_policy_attachment",
      "name": "aft_enroll_support",
      "provider": "module.aft.provider[\"registry.terraform.io/hashicorp/aws\"].aft_management",
      "instances": [
        {
          "index_key": 0,
          "schema_version": 0,
          "attributes": {
            "id": "aft-enroll-support-execution-role/arn:aws:iam::aws:policy/service-role/AWSLambdaBasicExecutionRole",
            "policy_arn": "arn:aws:iam::aws:policy/service-role/AWSLambdaBasicExecutionRole",
            "role": "aft-enroll-support-execution-role"
          },
          "sensitive_attributes": [],
          "identity_schema_version": 0,
          "identity": {
            "account_id": "209330743040",
            "policy_arn": "arn:aws:iam::aws:policy/service-role/AWSLambdaBasicExecutionRole",
            "role": "aft-enroll-support-execution-role"
          },
          "private": "bnVsbA==",
          "dependencies": [
            "module.aft.data.aws_partition.current",
            "module.aft.module.aft_feature_options.aws_iam_role.aft_enroll_support",
            "module.aft.module.aft_feature_options.data.aws_iam_policy.AWSLambdaBasicExecutionRole",
            "module.aft.module.aft_feature_options.data.aws_iam_policy.AWSLambdaVPCAccessExecutionRole"
          ]
        },
        {
          "index_key": 1,
          "schema_version": 0,
          "attributes": {
            "id": "aft-enroll-support-execution-role/arn:aws:iam::aws:policy/service-role/AWSLambdaVPCAccessExecutionRole",
            "policy_arn": "arn:aws:iam::aws:policy/service-role/AWSLambdaVPCAccessExecutionRole",
            "role": "aft-enroll-support-execution-role"
          },
          "sensitive_attributes": [],
          "identity_schema_version": 0,
          "identity": {
            "account_id": "209330743040",
            "policy_arn": "arn:aws:iam::aws:policy/service-role/AWSLambdaVPCAccessExecutionRole",
            "role": "aft-enroll-support-execution-role"
          },
          "private": "bnVsbA==",
          "dependencies": [
            "module.aft.data.aws_partition.current",
            "module.aft.module.aft_feature_options.aws_iam_role.aft_enroll_support",
            "module.aft.module.aft_feature_options.data.aws_iam_policy.AWSLambdaBasicExecutionRole",
            "module.aft.module.aft_feature_options.data.aws_iam_policy.AWSLambdaVPCAccessExecutionRole"
          ]
        }
      ]
    },
    {
      "module": "module.aft.module.aft_feature_options",
      "mode": "managed",
      "type": "aws_kms_alias",
      "name": "aft_log_key_alias",
      "provider": "module.aft.provider[\"registry.terraform.io/hashicorp/aws\"].log_archive",
      "instances": [
        {
          "schema_version": 0,
          "attributes": {
            "arn": "arn:aws:kms:us-east-1:407902217769:alias/aft",
            "id": "alias/aft",
            "name": "alias/aft",
            "name_prefix": "",
            "region": "us-east-1",
            "target_key_arn": "arn:aws:kms:us-east-1:407902217769:key/6bb98b07-ec54-4644-a05b-378fcc2ae874",
            "target_key_id": "6bb98b07-ec54-4644-a05b-378fcc2ae874"
          },
          "sensitive_attributes": [],
          "identity_schema_version": 0,
          "identity": {
            "account_id": "407902217769",
            "name": "alias/aft",
            "region": "us-east-1"
          },
          "private": "bnVsbA==",
          "dependencies": [
            "module.aft.data.aws_partition.current",
            "module.aft.module.aft_feature_options.aws_kms_key.aft_log_key",
            "module.aft.module.aft_feature_options.data.aws_partition.current"
          ]
        }
      ]
    },
    {
      "module": "module.aft.module.aft_feature_options",
      "mode": "managed",
      "type": "aws_kms_key",
      "name": "aft_log_key",
      "provider": "module.aft.provider[\"registry.terraform.io/hashicorp/aws\"].log_archive",
      "instances": [
        {
          "schema_version": 0,
          "attributes": {
            "arn": "arn:aws:kms:us-east-1:407902217769:key/6bb98b07-ec54-4644-a05b-378fcc2ae874",
            "bypass_policy_lockout_safety_check": false,
            "custom_key_store_id": "",
            "customer_master_key_spec": "SYMMETRIC_DEFAULT",
            "deletion_window_in_days": null,
            "description": "KMS key for encrypt/decrypt log files",
            "enable_key_rotation": true,
            "id": "6bb98b07-ec54-4644-a05b-378fcc2ae874",
            "is_enabled": true,
            "key_id": "6bb98b07-ec54-4644-a05b-378fcc2ae874",
            "key_usage": "ENCRYPT_DECRYPT",
            "multi_region": false,
            "policy": "{\"Statement\":[{\"Action\":[\"kms:ReEncrypt*\",\"kms:GenerateDataKey*\",\"kms:Encrypt\",\"kms:DescribeKey\",\"kms:Decrypt\"],\"Effect\":\"Allow\",\"Principal\":{\"Service\":[\"vpc-flow-logs.amazonaws.com\",\"delivery.logs.amazonaws.com\",\"cloudtrail.amazonaws.com\"]},\"Resource\":\"*\",\"Sid\":\"Allow AWS Services to Encrypt data\"},{\"Action\":\"kms:*\",\"Effect\":\"Allow\",\"Principal\":{\"AWS\":\"arn:aws:iam::407902217769:root\"},\"Resource\":\"*\",\"Sid\":\"Enable IAM User Permissions\"}],\"Version\":\"2012-10-17\"}",
            "region": "us-east-1",
            "rotation_period_in_days": 365,
            "tags": {},
            "tags_all": {
              "managed_by": "AFT"
            },
            "timeouts": null,
            "xks_key_id": ""
          },
          "sensitive_attributes": [],
          "identity_schema_version": 0,
          "identity": {
            "account_id": "407902217769",
            "id": "6bb98b07-ec54-4644-a05b-378fcc2ae874",
            "region": "us-east-1"
          },
          "private": "eyJlMmJmYjczMC1lY2FhLTExZTYtOGY4OC0zNDM2M2JjN2M0YzAiOnsiY3JlYXRlIjoxMjAwMDAwMDAwMDB9fQ==",
          "dependencies": [
            "module.aft.data.aws_partition.current",
            "module.aft.module.aft_feature_options.data.aws_partition.current"
          ]
        }
      ]
    },
    {
      "module": "module.aft.module.aft_feature_options",
      "mode": "managed",
      "type": "aws_s3_bucket",
      "name": "aft_access_logs",
      "provider": "module.aft.provider[\"registry.terraform.io/hashicorp/aws\"].log_archive",
      "instances": [
        {
          "schema_version": 0,
          "attributes": {
            "acceleration_status": "",
            "acl": null,
            "arn": "arn:aws:s3:::aws-aft-s3-access-logs-407902217769-us-east-1",
            "bucket": "aws-aft-s3-access-logs-407902217769-us-east-1",
            "bucket_domain_name": "aws-aft-s3-access-logs-407902217769-us-east-1.s3.amazonaws.com",
            "bucket_prefix": "",
            "bucket_region": "us-east-1",
            "bucket_regional_domain_name": "aws-aft-s3-access-logs-407902217769-us-east-1.s3.us-east-1.amazonaws.com",
            "cors_rule": [],
            "force_destroy": false,
            "grant": [
              {
                "id": "a1ff81dc4d489565ea8c992856935b5572079a76ff326d243a0f746d70fa5123",
                "permissions": [
                  "FULL_CONTROL"
                ],
                "type": "CanonicalUser",
                "uri": ""
              }
            ],
            "hosted_zone_id": "Z3AQBSTGFYJSTF",
            "id": "aws-aft-s3-access-logs-407902217769-us-east-1",
            "lifecycle_rule": [
              {
                "abort_incomplete_multipart_upload_days": 0,
                "enabled": true,
                "expiration": [],
                "id": "aft_access_logs_lifecycle_configuration_rule",
                "noncurrent_version_expiration": [
                  {
                    "days": 365
                  }
                ],
                "noncurrent_version_transition": [],
                "prefix": "log/",
                "tags": {},
                "transition": []
              }
            ],
            "logging": [],
            "object_lock_configuration": [],
            "object_lock_enabled": false,
            "policy": "{\"Statement\":[{\"Action\":\"s3:PutObject\",\"Condition\":{\"ArnLike\":{\"aws:SourceArn\":\"arn:aws:s3:::aws-aft-logs-407902217769-us-east-1\"},\"StringEquals\":{\"aws:SourceAccount\":\"407902217769\"}},\"Effect\":\"Allow\",\"Principal\":{\"Service\":\"logging.s3.amazonaws.com\"},\"Resource\":\"arn:aws:s3:::aws-aft-s3-access-logs-407902217769-us-east-1/*\",\"Sid\":\"Allow PutObject\"},{\"Action\":\"s3:*\",\"Condition\":{\"Bool\":{\"aws:SecureTransport\":\"false\"}},\"Effect\":\"Deny\",\"Principal\":\"*\",\"Resource\":[\"arn:aws:s3:::aws-aft-s3-access-logs-407902217769-us-east-1\",\"arn:aws:s3:::aws-aft-s3-access-logs-407902217769-us-east-1/*\"],\"Sid\":\"AllowSSLRequestsOnly\"}],\"Version\":\"2012-10-17\"}",
            "region": "us-east-1",
            "replication_configuration": [],
            "request_payer": "BucketOwner",
            "server_side_encryption_configuration": [
              {
                "rule": [
                  {
                    "apply_server_side_encryption_by_default": [
                      {
                        "kms_master_key_id": "",
                        "sse_algorithm": "AES256"
                      }
                    ],
                    "bucket_key_enabled": false
                  }
                ]
              }
            ],
            "tags": {},
            "tags_all": {
              "managed_by": "AFT"
            },
            "timeouts": null,
            "versioning": [
              {
                "enabled": true,
                "mfa_delete": false
              }
            ],
            "website": [],
            "website_domain": null,
            "website_endpoint": null
          },
          "sensitive_attributes": [],
          "identity_schema_version": 0,
          "identity": {
            "account_id": "407902217769",
            "bucket": "aws-aft-s3-access-logs-407902217769-us-east-1",
            "region": "us-east-1"
          },
          "private": "eyJlMmJmYjczMC1lY2FhLTExZTYtOGY4OC0zNDM2M2JjN2M0YzAiOnsiY3JlYXRlIjoxMjAwMDAwMDAwMDAwLCJkZWxldGUiOjM2MDAwMDAwMDAwMDAsInJlYWQiOjEyMDAwMDAwMDAwMDAsInVwZGF0ZSI6MTIwMDAwMDAwMDAwMH19",
          "dependencies": [
            "module.aft.data.aws_partition.current",
            "module.aft.module.aft_feature_options.data.aws_region.current"
          ]
        }
      ]
    },
    {
      "module": "module.aft.module.aft_feature_options",
      "mode": "managed",
      "type": "aws_s3_bucket",
      "name": "aft_logging_bucket",
      "provider": "module.aft.provider[\"registry.terraform.io/hashicorp/aws\"].log_archive",
      "instances": [
        {
          "schema_version": 0,
          "attributes": {
            "acceleration_status": "",
            "acl": null,
            "arn": "arn:aws:s3:::aws-aft-logs-407902217769-us-east-1",
            "bucket": "aws-aft-logs-407902217769-us-east-1",
            "bucket_domain_name": "aws-aft-logs-407902217769-us-east-1.s3.amazonaws.com",
            "bucket_prefix": "",
            "bucket_region": "us-east-1",
            "bucket_regional_domain_name": "aws-aft-logs-407902217769-us-east-1.s3.us-east-1.amazonaws.com",
            "cors_rule": [],
            "force_destroy": false,
            "grant": [
              {
                "id": "a1ff81dc4d489565ea8c992856935b5572079a76ff326d243a0f746d70fa5123",
                "permissions": [
                  "FULL_CONTROL"
                ],
                "type": "CanonicalUser",
                "uri": ""
              }
            ],
            "hosted_zone_id": "Z3AQBSTGFYJSTF",
            "id": "aws-aft-logs-407902217769-us-east-1",
            "lifecycle_rule": [
              {
                "abort_incomplete_multipart_upload_days": 0,
                "enabled": true,
                "expiration": [],
                "id": "aft_logging_bucket_lifecycle_configuration_rule",
                "noncurrent_version_expiration": [
                  {
                    "days": 365
                  }
                ],
                "noncurrent_version_transition": [],
                "prefix": "",
                "tags": {},
                "transition": []
              }
            ],
            "logging": [
              {
                "target_bucket": "aws-aft-s3-access-logs-407902217769-us-east-1",
                "target_prefix": "log/"
              }
            ],
            "object_lock_configuration": [],
            "object_lock_enabled": false,
            "policy": "{\"Statement\":[{\"Action\":[\"s3:ListBucket\",\"s3:GetBucketLocation\",\"s3:GetBucketAcl\"],\"Effect\":\"Allow\",\"Principal\":{\"Service\":[\"delivery.logs.amazonaws.com\",\"cloudtrail.amazonaws.com\",\"vpc-flow-logs.amazonaws.com\"]},\"Resource\":\"arn:aws:s3:::aws-aft-logs-407902217769-us-east-1\",\"Sid\":\"AWSBucketPermissionsCheck\"},{\"Action\":[\"s3:ListBucket\",\"s3:GetBucketLocation\",\"s3:GetBucketAcl\"],\"Condition\":{\"StringEquals\":{\"aws:PrincipalOrgID\":\"o-sog3h0rrdi\"}},\"Effect\":\"Allow\",\"Principal\":\"*\",\"Resource\":\"arn:aws:s3:::aws-aft-logs-407902217769-us-east-1\",\"Sid\":\"AWSBucketPermissionsCheck-AuditAcct\"},{\"Action\":\"s3:PutObject\",\"Effect\":\"Allow\",\"Principal\":{\"Service\":[\"delivery.logs.amazonaws.com\",\"cloudtrail.amazonaws.com\",\"vpc-flow-logs.amazonaws.com\"]},\"Resource\":[\"arn:aws:s3:::aws-aft-logs-407902217769-us-east-1/AWSLogs*\",\"arn:aws:s3:::aws-aft-logs-407902217769-us-east-1/*\",\"arn:aws:s3:::aws-aft-logs-407902217769-us-east-1\"],\"Sid\":\"Allow PutObject\"},{\"Action\":\"s3:*\",\"Condition\":{\"Bool\":{\"aws:SecureTransport\":\"false\"}},\"Effect\":\"Deny\",\"Principal\":\"*\",\"Resource\":\"arn:aws:s3:::aws-aft-logs-407902217769-us-east-1/*\",\"Sid\":\"Deny non-HTTPS access\"}],\"Version\":\"2012-10-17\"}",
            "region": "us-east-1",
            "replication_configuration": [],
            "request_payer": "BucketOwner",
            "server_side_encryption_configuration": [
              {
                "rule": [
                  {
                    "apply_server_side_encryption_by_default": [
                      {
                        "kms_master_key_id": "arn:aws:kms:us-east-1:407902217769:key/6bb98b07-ec54-4644-a05b-378fcc2ae874",
                        "sse_algorithm": "aws:kms"
                      }
                    ],
                    "bucket_key_enabled": false
                  }
                ]
              }
            ],
            "tags": {},
            "tags_all": {
              "managed_by": "AFT"
            },
            "timeouts": null,
            "versioning": [
              {
                "enabled": true,
                "mfa_delete": false
              }
            ],
            "website": [],
            "website_domain": null,
            "website_endpoint": null
          },
          "sensitive_attributes": [],
          "identity_schema_version": 0,
          "identity": {
            "account_id": "407902217769",
            "bucket": "aws-aft-logs-407902217769-us-east-1",
            "region": "us-east-1"
          },
          "private": "eyJlMmJmYjczMC1lY2FhLTExZTYtOGY4OC0zNDM2M2JjN2M0YzAiOnsiY3JlYXRlIjoxMjAwMDAwMDAwMDAwLCJkZWxldGUiOjM2MDAwMDAwMDAwMDAsInJlYWQiOjEyMDAwMDAwMDAwMDAsInVwZGF0ZSI6MTIwMDAwMDAwMDAwMH19",
          "dependencies": [
            "module.aft.data.aws_partition.current",
            "module.aft.module.aft_feature_options.data.aws_region.current"
          ]
        }
      ]
    },
    {
      "module": "module.aft.module.aft_feature_options",
      "mode": "managed",
      "type": "aws_s3_bucket_lifecycle_configuration",
      "name": "aft_access_logs_lifecycle_configuration",
      "provider": "module.aft.provider[\"registry.terraform.io/hashicorp/aws\"].log_archive",
      "instances": [
        {
          "schema_version": 1,
          "attributes": {
            "bucket": "aws-aft-s3-access-logs-407902217769-us-east-1",
            "expected_bucket_owner": "",
            "id": "aws-aft-s3-access-logs-407902217769-us-east-1",
            "region": "us-east-1",
            "rule": [
              {
                "abort_incomplete_multipart_upload": [],
                "expiration": [],
                "filter": [
                  {
                    "and": [],
                    "object_size_greater_than": null,
                    "object_size_less_than": null,
                    "prefix": "log/",
                    "tag": []
                  }
                ],
                "id": "aft_access_logs_lifecycle_configuration_rule",
                "noncurrent_version_expiration": [
                  {
                    "newer_noncurrent_versions": null,
                    "noncurrent_days": 365
                  }
                ],
                "noncurrent_version_transition": [],
                "prefix": "",
                "status": "Enabled",
                "transition": []
              }
            ],
            "timeouts": null,
            "transition_default_minimum_object_size": "all_storage_classes_128K"
          },
          "sensitive_attributes": [],
          "identity_schema_version": 0,
          "identity": {
            "account_id": "407902217769",
            "bucket": "aws-aft-s3-access-logs-407902217769-us-east-1",
            "region": "us-east-1"
          },
          "dependencies": [
            "module.aft.data.aws_partition.current",
            "module.aft.module.aft_feature_options.aws_s3_bucket.aft_access_logs",
            "module.aft.module.aft_feature_options.data.aws_region.current"
          ]
        }
      ]
    },
    {
      "module": "module.aft.module.aft_feature_options",
      "mode": "managed",
      "type": "aws_s3_bucket_lifecycle_configuration",
      "name": "aft_logging_bucket_lifecycle_configuration",
      "provider": "module.aft.provider[\"registry.terraform.io/hashicorp/aws\"].log_archive",
      "instances": [
        {
          "schema_version": 1,
          "attributes": {
            "bucket": "aws-aft-logs-407902217769-us-east-1",
            "expected_bucket_owner": "",
            "id": "aws-aft-logs-407902217769-us-east-1",
            "region": "us-east-1",
            "rule": [
              {
                "abort_incomplete_multipart_upload": [],
                "expiration": [],
                "filter": [
                  {
                    "and": [],
                    "object_size_greater_than": null,
                    "object_size_less_than": null,
                    "prefix": "",
                    "tag": []
                  }
                ],
                "id": "aft_logging_bucket_lifecycle_configuration_rule",
                "noncurrent_version_expiration": [
                  {
                    "newer_noncurrent_versions": null,
                    "noncurrent_days": 365
                  }
                ],
                "noncurrent_version_transition": [],
                "prefix": "",
                "status": "Enabled",
                "transition": []
              }
            ],
            "timeouts": null,
            "transition_default_minimum_object_size": "all_storage_classes_128K"
          },
          "sensitive_attributes": [],
          "identity_schema_version": 0,
          "identity": {
            "account_id": "407902217769",
            "bucket": "aws-aft-logs-407902217769-us-east-1",
            "region": "us-east-1"
          },
          "dependencies": [
            "module.aft.data.aws_partition.current",
            "module.aft.module.aft_feature_options.aws_s3_bucket.aft_logging_bucket",
            "module.aft.module.aft_feature_options.data.aws_region.current"
          ]
        }
      ]
    },
    {
      "module": "module.aft.module.aft_feature_options",
      "mode": "managed",
      "type": "aws_s3_bucket_logging",
      "name": "aft_logging_bucket_logging",
      "provider": "module.aft.provider[\"registry.terraform.io/hashicorp/aws\"].log_archive",
      "instances": [
        {
          "schema_version": 0,
          "attributes": {
            "bucket": "aws-aft-logs-407902217769-us-east-1",
            "expected_bucket_owner": "",
            "id": "aws-aft-logs-407902217769-us-east-1",
            "region": "us-east-1",
            "target_bucket": "aws-aft-s3-access-logs-407902217769-us-east-1",
            "target_grant": [],
            "target_object_key_format": [],
            "target_prefix": "log/"
          },
          "sensitive_attributes": [],
          "identity_schema_version": 1,
          "identity": {
            "account_id": "407902217769",
            "bucket": "aws-aft-logs-407902217769-us-east-1",
            "region": "us-east-1"
          },
          "private": "bnVsbA==",
          "dependencies": [
            "module.aft.data.aws_partition.current",
            "module.aft.module.aft_feature_options.aws_s3_bucket.aft_access_logs",
            "module.aft.module.aft_feature_options.aws_s3_bucket.aft_logging_bucket",
            "module.aft.module.aft_feature_options.data.aws_region.current"
          ]
        }
      ]
    },
    {
      "module": "module.aft.module.aft_feature_options",
      "mode": "managed",
      "type": "aws_s3_bucket_policy",
      "name": "aft_access_logs",
      "provider": "module.aft.provider[\"registry.terraform.io/hashicorp/aws\"].log_archive",
      "instances": [
        {
          "schema_version": 0,
          "attributes": {
            "bucket": "aws-aft-s3-access-logs-407902217769-us-east-1",
            "id": "aws-aft-s3-access-logs-407902217769-us-east-1",
            "policy": "{\"Statement\":[{\"Action\":\"s3:PutObject\",\"Condition\":{\"ArnLike\":{\"aws:SourceArn\":\"arn:aws:s3:::aws-aft-logs-407902217769-us-east-1\"},\"StringEquals\":{\"aws:SourceAccount\":\"407902217769\"}},\"Effect\":\"Allow\",\"Principal\":{\"Service\":[\"logging.s3.amazonaws.com\"]},\"Resource\":[\"arn:aws:s3:::aws-aft-s3-access-logs-407902217769-us-east-1/*\"],\"Sid\":\"Allow PutObject\"},{\"Action\":\"s3:*\",\"Condition\":{\"Bool\":{\"aws:SecureTransport\":\"false\"}},\"Effect\":\"Deny\",\"Principal\":\"*\",\"Resource\":[\"arn:aws:s3:::aws-aft-s3-access-logs-407902217769-us-east-1\",\"arn:aws:s3:::aws-aft-s3-access-logs-407902217769-us-east-1/*\"],\"Sid\":\"AllowSSLRequestsOnly\"}],\"Version\":\"2012-10-17\"}",
            "region": "us-east-1"
          },
          "sensitive_attributes": [],
          "identity_schema_version": 0,
          "identity": {
            "account_id": "407902217769",
            "bucket": "aws-aft-s3-access-logs-407902217769-us-east-1",
            "region": "us-east-1"
          },
          "private": "bnVsbA==",
          "dependencies": [
            "module.aft.data.aws_partition.current",
            "module.aft.module.aft_feature_options.aws_s3_bucket.aft_access_logs",
            "module.aft.module.aft_feature_options.aws_s3_bucket.aft_logging_bucket",
            "module.aft.module.aft_feature_options.data.aws_region.current"
          ]
        }
      ]
    },
    {
      "module": "module.aft.module.aft_feature_options",
      "mode": "managed",
      "type": "aws_s3_bucket_policy",
      "name": "aft_logging_bucket",
      "provider": "module.aft.provider[\"registry.terraform.io/hashicorp/aws\"].log_archive",
      "instances": [
        {
          "schema_version": 0,
          "attributes": {
            "bucket": "aws-aft-logs-407902217769-us-east-1",
            "id": "aws-aft-logs-407902217769-us-east-1",
            "policy": "{\"Statement\":[{\"Action\":[\"s3:ListBucket\",\"s3:GetBucketLocation\",\"s3:GetBucketAcl\"],\"Effect\":\"Allow\",\"Principal\":{\"Service\":[\"cloudtrail.amazonaws.com\",\"vpc-flow-logs.amazonaws.com\",\"delivery.logs.amazonaws.com\"]},\"Resource\":\"arn:aws:s3:::aws-aft-logs-407902217769-us-east-1\",\"Sid\":\"AWSBucketPermissionsCheck\"},{\"Action\":[\"s3:ListBucket\",\"s3:GetBucketLocation\",\"s3:GetBucketAcl\"],\"Condition\":{\"StringEquals\":{\"aws:PrincipalOrgID\":\"o-sog3h0rrdi\"}},\"Effect\":\"Allow\",\"Principal\":\"*\",\"Resource\":\"arn:aws:s3:::aws-aft-logs-407902217769-us-east-1\",\"Sid\":\"AWSBucketPermissionsCheck-AuditAcct\"},{\"Action\":\"s3:PutObject\",\"Effect\":\"Allow\",\"Principal\":{\"Service\":[\"cloudtrail.amazonaws.com\",\"delivery.logs.amazonaws.com\",\"vpc-flow-logs.amazonaws.com\"]},\"Resource\":[\"arn:aws:s3:::aws-aft-logs-407902217769-us-east-1/AWSLogs*\",\"arn:aws:s3:::aws-aft-logs-407902217769-us-east-1/*\",\"arn:aws:s3:::aws-aft-logs-407902217769-us-east-1\"],\"Sid\":\"Allow PutObject\"},{\"Action\":\"s3:*\",\"Condition\":{\"Bool\":{\"aws:SecureTransport\":\"false\"}},\"Effect\":\"Deny\",\"Principal\":\"*\",\"Resource\":\"arn:aws:s3:::aws-aft-logs-407902217769-us-east-1/*\",\"Sid\":\"Deny non-HTTPS access\"}],\"Version\":\"2012-10-17\"}",
            "region": "us-east-1"
          },
          "sensitive_attributes": [],
          "identity_schema_version": 0,
          "identity": {
            "account_id": "407902217769",
            "bucket": "aws-aft-logs-407902217769-us-east-1",
            "region": "us-east-1"
          },
          "private": "bnVsbA==",
          "dependencies": [
            "module.aft.data.aws_partition.current",
            "module.aft.module.aft_feature_options.aws_s3_bucket.aft_logging_bucket",
            "module.aft.module.aft_feature_options.data.aws_organizations_organization.aft_organization",
            "module.aft.module.aft_feature_options.data.aws_region.current"
          ]
        }
      ]
    },
    {
      "module": "module.aft.module.aft_feature_options",
      "mode": "managed",
      "type": "aws_s3_bucket_public_access_block",
      "name": "aft_access_logs",
      "provider": "module.aft.provider[\"registry.terraform.io/hashicorp/aws\"].log_archive",
      "instances": [
        {
          "schema_version": 0,
          "attributes": {
            "block_public_acls": true,
            "block_public_policy": true,
            "bucket": "aws-aft-s3-access-logs-407902217769-us-east-1",
            "id": "aws-aft-s3-access-logs-407902217769-us-east-1",
            "ignore_public_acls": true,
            "region": "us-east-1",
            "restrict_public_buckets": true,
            "skip_destroy": null
          },
          "sensitive_attributes": [],
          "identity_schema_version": 0,
          "identity": {
            "account_id": "407902217769",
            "bucket": "aws-aft-s3-access-logs-407902217769-us-east-1",
            "region": "us-east-1"
          },
          "private": "bnVsbA==",
          "dependencies": [
            "module.aft.data.aws_partition.current",
            "module.aft.module.aft_feature_options.aws_s3_bucket.aft_access_logs",
            "module.aft.module.aft_feature_options.data.aws_region.current"
          ]
        }
      ]
    },
    {
      "module": "module.aft.module.aft_feature_options",
      "mode": "managed",
      "type": "aws_s3_bucket_public_access_block",
      "name": "aft_logging_bucket",
      "provider": "module.aft.provider[\"registry.terraform.io/hashicorp/aws\"].log_archive",
      "instances": [
        {
          "schema_version": 0,
          "attributes": {
            "block_public_acls": true,
            "block_public_policy": true,
            "bucket": "aws-aft-logs-407902217769-us-east-1",
            "id": "aws-aft-logs-407902217769-us-east-1",
            "ignore_public_acls": true,
            "region": "us-east-1",
            "restrict_public_buckets": true,
            "skip_destroy": null
          },
          "sensitive_attributes": [],
          "identity_schema_version": 0,
          "identity": {
            "account_id": "407902217769",
            "bucket": "aws-aft-logs-407902217769-us-east-1",
            "region": "us-east-1"
          },
          "private": "bnVsbA==",
          "dependencies": [
            "module.aft.data.aws_partition.current",
            "module.aft.module.aft_feature_options.aws_s3_bucket.aft_logging_bucket",
            "module.aft.module.aft_feature_options.data.aws_region.current"
          ]
        }
      ]
    },
    {
      "module": "module.aft.module.aft_feature_options",
      "mode": "managed",
      "type": "aws_s3_bucket_server_side_encryption_configuration",
      "name": "aft_access_logs_encryption",
      "provider": "module.aft.provider[\"registry.terraform.io/hashicorp/aws\"].log_archive",
      "instances": [
        {
          "schema_version": 0,
          "attributes": {
            "bucket": "aws-aft-s3-access-logs-407902217769-us-east-1",
            "expected_bucket_owner": "",
            "id": "aws-aft-s3-access-logs-407902217769-us-east-1",
            "region": "us-east-1",
            "rule": [
              {
                "apply_server_side_encryption_by_default": [
                  {
                    "kms_master_key_id": "",
                    "sse_algorithm": "AES256"
                  }
                ],
                "blocked_encryption_types": [],
                "bucket_key_enabled": false
              }
            ]
          },
          "sensitive_attributes": [],
          "identity_schema_version": 1,
          "identity": {
            "account_id": "407902217769",
            "bucket": "aws-aft-s3-access-logs-407902217769-us-east-1",
            "region": "us-east-1"
          },
          "private": "bnVsbA==",
          "dependencies": [
            "module.aft.data.aws_partition.current",
            "module.aft.module.aft_feature_options.aws_s3_bucket.aft_access_logs",
            "module.aft.module.aft_feature_options.data.aws_region.current"
          ]
        }
      ]
    },
    {
      "module": "module.aft.module.aft_feature_options",
      "mode": "managed",
      "type": "aws_s3_bucket_server_side_encryption_configuration",
      "name": "aft_logging_bucket_encryption",
      "provider": "module.aft.provider[\"registry.terraform.io/hashicorp/aws\"].log_archive",
      "instances": [
        {
          "schema_version": 0,
          "attributes": {
            "bucket": "aws-aft-logs-407902217769-us-east-1",
            "expected_bucket_owner": "",
            "id": "aws-aft-logs-407902217769-us-east-1",
            "region": "us-east-1",
            "rule": [
              {
                "apply_server_side_encryption_by_default": [
                  {
                    "kms_master_key_id": "arn:aws:kms:us-east-1:407902217769:key/6bb98b07-ec54-4644-a05b-378fcc2ae874",
                    "sse_algorithm": "aws:kms"
                  }
                ],
                "blocked_encryption_types": [],
                "bucket_key_enabled": false
              }
            ]
          },
          "sensitive_attributes": [],
          "identity_schema_version": 1,
          "identity": {
            "account_id": "407902217769",
            "bucket": "aws-aft-logs-407902217769-us-east-1",
            "region": "us-east-1"
          },
          "private": "bnVsbA==",
          "dependencies": [
            "module.aft.data.aws_partition.current",
            "module.aft.module.aft_feature_options.aws_kms_key.aft_log_key",
            "module.aft.module.aft_feature_options.aws_s3_bucket.aft_logging_bucket",
            "module.aft.module.aft_feature_options.data.aws_partition.current",
            "module.aft.module.aft_feature_options.data.aws_region.current"
          ]
        }
      ]
    },
    {
      "module": "module.aft.module.aft_feature_options",
      "mode": "managed",
      "type": "aws_s3_bucket_versioning",
      "name": "aft_access_logs_versioning",
      "provider": "module.aft.provider[\"registry.terraform.io/hashicorp/aws\"].log_archive",
      "instances": [
        {
          "schema_version": 0,
          "attributes": {
            "bucket": "aws-aft-s3-access-logs-407902217769-us-east-1",
            "expected_bucket_owner": "",
            "id": "aws-aft-s3-access-logs-407902217769-us-east-1",
            "mfa": null,
            "region": "us-east-1",
            "versioning_configuration": [
              {
                "mfa_delete": "",
                "status": "Enabled"
              }
            ]
          },
          "sensitive_attributes": [],
          "identity_schema_version": 1,
          "identity": {
            "account_id": "407902217769",
            "bucket": "aws-aft-s3-access-logs-407902217769-us-east-1",
            "region": "us-east-1"
          },
          "private": "bnVsbA==",
          "dependencies": [
            "module.aft.data.aws_partition.current",
            "module.aft.module.aft_feature_options.aws_s3_bucket.aft_access_logs",
            "module.aft.module.aft_feature_options.data.aws_region.current"
          ]
        }
      ]
    },
    {
      "module": "module.aft.module.aft_feature_options",
      "mode": "managed",
      "type": "aws_s3_bucket_versioning",
      "name": "aft_logging_bucket_versioning",
      "provider": "module.aft.provider[\"registry.terraform.io/hashicorp/aws\"].log_archive",
      "instances": [
        {
          "schema_version": 0,
          "attributes": {
            "bucket": "aws-aft-logs-407902217769-us-east-1",
            "expected_bucket_owner": "",
            "id": "aws-aft-logs-407902217769-us-east-1",
            "mfa": null,
            "region": "us-east-1",
            "versioning_configuration": [
              {
                "mfa_delete": "",
                "status": "Enabled"
              }
            ]
          },
          "sensitive_attributes": [],
          "identity_schema_version": 1,
          "identity": {
            "account_id": "407902217769",
            "bucket": "aws-aft-logs-407902217769-us-east-1",
            "region": "us-east-1"
          },
          "private": "bnVsbA==",
          "dependencies": [
            "module.aft.data.aws_partition.current",
            "module.aft.module.aft_feature_options.aws_s3_bucket.aft_logging_bucket",
            "module.aft.module.aft_feature_options.data.aws_region.current"
          ]
        }
      ]
    },
    {
      "module": "module.aft.module.aft_iam_roles",
      "mode": "data",
      "type": "aws_caller_identity",
      "name": "aft_management",
      "provider": "module.aft.provider[\"registry.terraform.io/hashicorp/aws\"].aft_management",
      "instances": [
        {
          "schema_version": 0,
          "attributes": {
            "account_id": "209330743040",
            "arn": "arn:aws:sts::209330743040:assumed-role/AWSControlTowerExecution/AWSAFT-Session",
            "id": "209330743040",
            "user_id": "AROATBPIVU4AJUUQ7NUJB:AWSAFT-Session"
          },
          "sensitive_attributes": [],
          "identity_schema_version": 0
        }
      ]
    },
    {
      "module": "module.aft.module.aft_iam_roles",
      "mode": "data",
      "type": "aws_partition",
      "name": "current",
      "provider": "provider[\"registry.terraform.io/hashicorp/aws\"]",
      "instances": [
        {
          "schema_version": 0,
          "attributes": {
            "dns_suffix": "amazonaws.com",
            "id": "aws",
            "partition": "aws",
            "reverse_dns_prefix": "com.amazonaws"
          },
          "sensitive_attributes": [],
          "identity_schema_version": 0
        }
      ]
    },
    {
      "module": "module.aft.module.aft_iam_roles",
      "mode": "managed",
      "type": "aws_iam_role",
      "name": "aft_admin_role",
      "provider": "module.aft.provider[\"registry.terraform.io/hashicorp/aws\"].aft_management",
      "instances": [
        {
          "schema_version": 0,
          "attributes": {
            "arn": "arn:aws:iam::209330743040:role/AWSAFTAdmin",
            "assume_role_policy": "{\"Statement\":[{\"Action\":\"sts:AssumeRole\",\"Effect\":\"Allow\",\"Principal\":{\"AWS\":\"arn:aws:iam::209330743040:root\"}}],\"Version\":\"2012-10-17\"}",
            "create_date": "2026-03-03T12:28:37Z",
            "description": "",
            "force_detach_policies": false,
            "id": "AWSAFTAdmin",
            "inline_policy": [
              {
                "name": "aft_admin_role_policy",
                "policy": "{\"Version\":\"2012-10-17\",\"Statement\":[{\"Action\":\"sts:AssumeRole\",\"Effect\":\"Allow\",\"Resource\":[\"arn:aws:iam::*:role/AWSAFTExecution\",\"arn:aws:iam::*:role/AWSAFTService\"]}]}"
              }
            ],
            "managed_policy_arns": [],
            "max_session_duration": 3600,
            "name": "AWSAFTAdmin",
            "name_prefix": "",
            "path": "/",
            "permissions_boundary": "",
            "tags": {},
            "tags_all": {
              "managed_by": "AFT"
            },
            "unique_id": "AROATBPIVU4AMXLYL5MSB"
          },
          "sensitive_attributes": [],
          "identity_schema_version": 0,
          "identity": {
            "account_id": "209330743040",
            "name": "AWSAFTAdmin"
          },
          "private": "bnVsbA==",
          "dependencies": [
            "module.aft.data.aws_partition.current",
            "module.aft.module.aft_iam_roles.data.aws_caller_identity.aft_management",
            "module.aft.module.aft_iam_roles.data.aws_partition.current"
          ]
        }
      ]
    },
    {
      "module": "module.aft.module.aft_iam_roles",
      "mode": "managed",
      "type": "aws_iam_role_policy",
      "name": "aft_admin_role",
      "provider": "module.aft.provider[\"registry.terraform.io/hashicorp/aws\"].aft_management",
      "instances": [
        {
          "schema_version": 0,
          "attributes": {
            "id": "AWSAFTAdmin:aft_admin_role_policy",
            "name": "aft_admin_role_policy",
            "name_prefix": "",
            "policy": "{\"Version\":\"2012-10-17\",\"Statement\":[{\"Action\":\"sts:AssumeRole\",\"Effect\":\"Allow\",\"Resource\":[\"arn:aws:iam::*:role/AWSAFTExecution\",\"arn:aws:iam::*:role/AWSAFTService\"]}]}",
            "role": "AWSAFTAdmin"
          },
          "sensitive_attributes": [],
          "identity_schema_version": 0,
          "identity": {
            "account_id": "209330743040",
            "name": "aft_admin_role_policy",
            "role": "AWSAFTAdmin"
          },
          "private": "bnVsbA==",
          "dependencies": [
            "module.aft.data.aws_partition.current",
            "module.aft.module.aft_iam_roles.aws_iam_role.aft_admin_role",
            "module.aft.module.aft_iam_roles.data.aws_caller_identity.aft_management",
            "module.aft.module.aft_iam_roles.data.aws_partition.current"
          ]
        }
      ]
    },
    {
      "module": "module.aft.module.aft_iam_roles.module.aft_exec_role",
      "mode": "data",
      "type": "aws_partition",
      "name": "current",
      "provider": "module.aft.provider[\"registry.terraform.io/hashicorp/aws\"].aft_management",
      "instances": [
        {
          "schema_version": 0,
          "attributes": {
            "dns_suffix": "amazonaws.com",
            "id": "aws",
            "partition": "aws",
            "reverse_dns_prefix": "com.amazonaws"
          },
          "sensitive_attributes": [],
          "identity_schema_version": 0
        }
      ]
    },
    {
      "module": "module.aft.module.aft_iam_roles.module.aft_exec_role",
      "mode": "managed",
      "type": "aws_iam_role",
      "name": "role",
      "provider": "module.aft.provider[\"registry.terraform.io/hashicorp/aws\"].aft_management",
      "instances": [
        {
          "schema_version": 0,
          "attributes": {
            "arn": "arn:aws:iam::209330743040:role/AWSAFTExecution",
            "assume_role_policy": "{\"Statement\":[{\"Action\":\"sts:AssumeRole\",\"Effect\":\"Allow\",\"Principal\":{\"AWS\":[\"arn:aws:iam::209330743040:role/AWSAFTAdmin\",\"arn:aws:sts::209330743040:assumed-role/AWSAFTAdmin/AWSAFT-Session\"]}}],\"Version\":\"2012-10-17\"}",
            "create_date": "2026-03-03T12:28:58Z",
            "description": "",
            "force_detach_policies": false,
            "id": "AWSAFTExecution",
            "inline_policy": [],
            "managed_policy_arns": [
              "arn:aws:iam::aws:policy/AdministratorAccess"
            ],
            "max_session_duration": 3600,
            "name": "AWSAFTExecution",
            "name_prefix": "",
            "path": "/",
            "permissions_boundary": "",
            "tags": {},
            "tags_all": {
              "managed_by": "AFT"
            },
            "unique_id": "AROATBPIVU4AMFBZ7T6FS"
          },
          "sensitive_attributes": [],
          "identity_schema_version": 0,
          "identity": {
            "account_id": "209330743040",
            "name": "AWSAFTExecution"
          },
          "private": "bnVsbA==",
          "dependencies": [
            "module.aft.data.aws_partition.current",
            "module.aft.module.aft_iam_roles.aws_iam_role.aft_admin_role",
            "module.aft.module.aft_iam_roles.data.aws_caller_identity.aft_management",
            "module.aft.module.aft_iam_roles.data.aws_partition.current"
          ]
        }
      ]
    },
    {
      "module": "module.aft.module.aft_iam_roles.module.aft_exec_role",
      "mode": "managed",
      "type": "aws_iam_role_policy_attachment",
      "name": "administrator-access-attachment",
      "provider": "module.aft.provider[\"registry.terraform.io/hashicorp/aws\"].aft_management",
      "instances": [
        {
          "schema_version": 0,
          "attributes": {
            "id": "AWSAFTExecution/arn:aws:iam::aws:policy/AdministratorAccess",
            "policy_arn": "arn:aws:iam::aws:policy/AdministratorAccess",
            "role": "AWSAFTExecution"
          },
          "sensitive_attributes": [],
          "identity_schema_version": 0,
          "identity": {
            "account_id": "209330743040",
            "policy_arn": "arn:aws:iam::aws:policy/AdministratorAccess",
            "role": "AWSAFTExecution"
          },
          "private": "bnVsbA==",
          "dependencies": [
            "module.aft.data.aws_partition.current",
            "module.aft.module.aft_iam_roles.aws_iam_role.aft_admin_role",
            "module.aft.module.aft_iam_roles.data.aws_caller_identity.aft_management",
            "module.aft.module.aft_iam_roles.data.aws_partition.current",
            "module.aft.module.aft_iam_roles.module.aft_exec_role.aws_iam_role.role",
            "module.aft.module.aft_iam_roles.module.aft_exec_role.data.aws_partition.current"
          ]
        }
      ]
    },
    {
      "module": "module.aft.module.aft_iam_roles.module.aft_service_role",
      "mode": "data",
      "type": "aws_partition",
      "name": "current",
      "provider": "module.aft.provider[\"registry.terraform.io/hashicorp/aws\"].aft_management",
      "instances": [
        {
          "schema_version": 0,
          "attributes": {
            "dns_suffix": "amazonaws.com",
            "id": "aws",
            "partition": "aws",
            "reverse_dns_prefix": "com.amazonaws"
          },
          "sensitive_attributes": [],
          "identity_schema_version": 0
        }
      ]
    },
    {
      "module": "module.aft.module.aft_iam_roles.module.aft_service_role",
      "mode": "managed",
      "type": "aws_iam_role",
      "name": "role",
      "provider": "module.aft.provider[\"registry.terraform.io/hashicorp/aws\"].aft_management",
      "instances": [
        {
          "schema_version": 0,
          "attributes": {
            "arn": "arn:aws:iam::209330743040:role/AWSAFTService",
            "assume_role_policy": "{\"Statement\":[{\"Action\":\"sts:AssumeRole\",\"Effect\":\"Allow\",\"Principal\":{\"AWS\":[\"arn:aws:iam::209330743040:role/AWSAFTAdmin\",\"arn:aws:sts::209330743040:assumed-role/AWSAFTAdmin/AWSAFT-Session\"]}}],\"Version\":\"2012-10-17\"}",
            "create_date": "2026-03-03T12:28:59Z",
            "description": "",
            "force_detach_policies": false,
            "id": "AWSAFTService",
            "inline_policy": [],
            "managed_policy_arns": [
              "arn:aws:iam::aws:policy/AdministratorAccess"
            ],
            "max_session_duration": 3600,
            "name": "AWSAFTService",
            "name_prefix": "",
            "path": "/",
            "permissions_boundary": "",
            "tags": {},
            "tags_all": {
              "managed_by": "AFT"
            },
            "unique_id": "AROATBPIVU4AAKKVGK2RI"
          },
          "sensitive_attributes": [],
          "identity_schema_version": 0,
          "identity": {
            "account_id": "209330743040",
            "name": "AWSAFTService"
          },
          "private": "bnVsbA==",
          "dependencies": [
            "module.aft.data.aws_partition.current",
            "module.aft.module.aft_iam_roles.aws_iam_role.aft_admin_role",
            "module.aft.module.aft_iam_roles.data.aws_caller_identity.aft_management",
            "module.aft.module.aft_iam_roles.data.aws_partition.current"
          ]
        }
      ]
    },
    {
      "module": "module.aft.module.aft_iam_roles.module.aft_service_role",
      "mode": "managed",
      "type": "aws_iam_role_policy_attachment",
      "name": "administrator-access-attachment",
      "provider": "module.aft.provider[\"registry.terraform.io/hashicorp/aws\"].aft_management",
      "instances": [
        {
          "schema_version": 0,
          "attributes": {
            "id": "AWSAFTService/arn:aws:iam::aws:policy/AdministratorAccess",
            "policy_arn": "arn:aws:iam::aws:policy/AdministratorAccess",
            "role": "AWSAFTService"
          },
          "sensitive_attributes": [],
          "identity_schema_version": 0,
          "identity": {
            "account_id": "209330743040",
            "policy_arn": "arn:aws:iam::aws:policy/AdministratorAccess",
            "role": "AWSAFTService"
          },
          "private": "bnVsbA==",
          "dependencies": [
            "module.aft.data.aws_partition.current",
            "module.aft.module.aft_iam_roles.aws_iam_role.aft_admin_role",
            "module.aft.module.aft_iam_roles.data.aws_caller_identity.aft_management",
            "module.aft.module.aft_iam_roles.data.aws_partition.current",
            "module.aft.module.aft_iam_roles.module.aft_service_role.aws_iam_role.role",
            "module.aft.module.aft_iam_roles.module.aft_service_role.data.aws_partition.current"
          ]
        }
      ]
    },
    {
      "module": "module.aft.module.aft_iam_roles.module.audit_exec_role",
      "mode": "data",
      "type": "aws_partition",
      "name": "current",
      "provider": "module.aft.provider[\"registry.terraform.io/hashicorp/aws\"].audit",
      "instances": [
        {
          "schema_version": 0,
          "attributes": {
            "dns_suffix": "amazonaws.com",
            "id": "aws",
            "partition": "aws",
            "reverse_dns_prefix": "com.amazonaws"
          },
          "sensitive_attributes": [],
          "identity_schema_version": 0
        }
      ]
    },
    {
      "module": "module.aft.module.aft_iam_roles.module.audit_exec_role",
      "mode": "managed",
      "type": "aws_iam_role",
      "name": "role",
      "provider": "module.aft.provider[\"registry.terraform.io/hashicorp/aws\"].audit",
      "instances": [
        {
          "schema_version": 0,
          "attributes": {
            "arn": "arn:aws:iam::315326805686:role/AWSAFTExecution",
            "assume_role_policy": "{\"Statement\":[{\"Action\":\"sts:AssumeRole\",\"Effect\":\"Allow\",\"Principal\":{\"AWS\":[\"arn:aws:iam::209330743040:role/AWSAFTAdmin\",\"arn:aws:sts::209330743040:assumed-role/AWSAFTAdmin/AWSAFT-Session\"]}}],\"Version\":\"2012-10-17\"}",
            "create_date": "2026-03-03T13:17:12Z",
            "description": "",
            "force_detach_policies": false,
            "id": "AWSAFTExecution",
            "inline_policy": [],
            "managed_policy_arns": [
              "arn:aws:iam::aws:policy/AdministratorAccess"
            ],
            "max_session_duration": 3600,
            "name": "AWSAFTExecution",
            "name_prefix": "",
            "path": "/",
            "permissions_boundary": "",
            "tags": {},
            "tags_all": {
              "managed_by": "AFT"
            },
            "unique_id": "AROAUS2XRG23ADP6J52VM"
          },
          "sensitive_attributes": [],
          "identity_schema_version": 0,
          "identity": {
            "account_id": "315326805686",
            "name": "AWSAFTExecution"
          },
          "private": "bnVsbA==",
          "dependencies": [
            "module.aft.data.aws_partition.current",
            "module.aft.module.aft_iam_roles.aws_iam_role.aft_admin_role",
            "module.aft.module.aft_iam_roles.data.aws_caller_identity.aft_management",
            "module.aft.module.aft_iam_roles.data.aws_partition.current"
          ]
        }
      ]
    },
    {
      "module": "module.aft.module.aft_iam_roles.module.audit_exec_role",
      "mode": "managed",
      "type": "aws_iam_role_policy_attachment",
      "name": "administrator-access-attachment",
      "provider": "module.aft.provider[\"registry.terraform.io/hashicorp/aws\"].audit",
      "instances": [
        {
          "schema_version": 0,
          "attributes": {
            "id": "AWSAFTExecution/arn:aws:iam::aws:policy/AdministratorAccess",
            "policy_arn": "arn:aws:iam::aws:policy/AdministratorAccess",
            "role": "AWSAFTExecution"
          },
          "sensitive_attributes": [],
          "identity_schema_version": 0,
          "identity": {
            "account_id": "315326805686",
            "policy_arn": "arn:aws:iam::aws:policy/AdministratorAccess",
            "role": "AWSAFTExecution"
          },
          "private": "bnVsbA==",
          "dependencies": [
            "module.aft.data.aws_partition.current",
            "module.aft.module.aft_iam_roles.aws_iam_role.aft_admin_role",
            "module.aft.module.aft_iam_roles.data.aws_caller_identity.aft_management",
            "module.aft.module.aft_iam_roles.data.aws_partition.current",
            "module.aft.module.aft_iam_roles.module.audit_exec_role.aws_iam_role.role",
            "module.aft.module.aft_iam_roles.module.audit_exec_role.data.aws_partition.current"
          ]
        }
      ]
    },
    {
      "module": "module.aft.module.aft_iam_roles.module.audit_service_role",
      "mode": "data",
      "type": "aws_partition",
      "name": "current",
      "provider": "module.aft.provider[\"registry.terraform.io/hashicorp/aws\"].audit",
      "instances": [
        {
          "schema_version": 0,
          "attributes": {
            "dns_suffix": "amazonaws.com",
            "id": "aws",
            "partition": "aws",
            "reverse_dns_prefix": "com.amazonaws"
          },
          "sensitive_attributes": [],
          "identity_schema_version": 0
        }
      ]
    },
    {
      "module": "module.aft.module.aft_iam_roles.module.audit_service_role",
      "mode": "managed",
      "type": "aws_iam_role",
      "name": "role",
      "provider": "module.aft.provider[\"registry.terraform.io/hashicorp/aws\"].audit",
      "instances": [
        {
          "schema_version": 0,
          "attributes": {
            "arn": "arn:aws:iam::315326805686:role/AWSAFTService",
            "assume_role_policy": "{\"Statement\":[{\"Action\":\"sts:AssumeRole\",\"Effect\":\"Allow\",\"Principal\":{\"AWS\":[\"arn:aws:iam::209330743040:role/AWSAFTAdmin\",\"arn:aws:sts::209330743040:assumed-role/AWSAFTAdmin/AWSAFT-Session\"]}}],\"Version\":\"2012-10-17\"}",
            "create_date": "2026-03-03T13:17:12Z",
            "description": "",
            "force_detach_policies": false,
            "id": "AWSAFTService",
            "inline_policy": [],
            "managed_policy_arns": [
              "arn:aws:iam::aws:policy/AdministratorAccess"
            ],
            "max_session_duration": 3600,
            "name": "AWSAFTService",
            "name_prefix": "",
            "path": "/",
            "permissions_boundary": "",
            "tags": {},
            "tags_all": {
              "managed_by": "AFT"
            },
            "unique_id": "AROAUS2XRG23IYIQN4R5X"
          },
          "sensitive_attributes": [],
          "identity_schema_version": 0,
          "identity": {
            "account_id": "315326805686",
            "name": "AWSAFTService"
          },
          "private": "bnVsbA==",
          "dependencies": [
            "module.aft.data.aws_partition.current",
            "module.aft.module.aft_iam_roles.aws_iam_role.aft_admin_role",
            "module.aft.module.aft_iam_roles.data.aws_caller_identity.aft_management",
            "module.aft.module.aft_iam_roles.data.aws_partition.current"
          ]
        }
      ]
    },
    {
      "module": "module.aft.module.aft_iam_roles.module.audit_service_role",
      "mode": "managed",
      "type": "aws_iam_role_policy_attachment",
      "name": "administrator-access-attachment",
      "provider": "module.aft.provider[\"registry.terraform.io/hashicorp/aws\"].audit",
      "instances": [
        {
          "schema_version": 0,
          "attributes": {
            "id": "AWSAFTService/arn:aws:iam::aws:policy/AdministratorAccess",
            "policy_arn": "arn:aws:iam::aws:policy/AdministratorAccess",
            "role": "AWSAFTService"
          },
          "sensitive_attributes": [],
          "identity_schema_version": 0,
          "identity": {
            "account_id": "315326805686",
            "policy_arn": "arn:aws:iam::aws:policy/AdministratorAccess",
            "role": "AWSAFTService"
          },
          "private": "bnVsbA==",
          "dependencies": [
            "module.aft.data.aws_partition.current",
            "module.aft.module.aft_iam_roles.aws_iam_role.aft_admin_role",
            "module.aft.module.aft_iam_roles.data.aws_caller_identity.aft_management",
            "module.aft.module.aft_iam_roles.data.aws_partition.current",
            "module.aft.module.aft_iam_roles.module.audit_service_role.aws_iam_role.role",
            "module.aft.module.aft_iam_roles.module.audit_service_role.data.aws_partition.current"
          ]
        }
      ]
    },
    {
      "module": "module.aft.module.aft_iam_roles.module.ct_management_exec_role",
      "mode": "data",
      "type": "aws_partition",
      "name": "current",
      "provider": "module.aft.provider[\"registry.terraform.io/hashicorp/aws\"].ct_management",
      "instances": [
        {
          "schema_version": 0,
          "attributes": {
            "dns_suffix": "amazonaws.com",
            "id": "aws",
            "partition": "aws",
            "reverse_dns_prefix": "com.amazonaws"
          },
          "sensitive_attributes": [],
          "identity_schema_version": 0
        }
      ]
    },
    {
      "module": "module.aft.module.aft_iam_roles.module.ct_management_exec_role",
      "mode": "managed",
      "type": "aws_iam_role",
      "name": "role",
      "provider": "module.aft.provider[\"registry.terraform.io/hashicorp/aws\"].ct_management",
      "instances": [
        {
          "schema_version": 0,
          "attributes": {
            "arn": "arn:aws:iam::395310663328:role/AWSAFTExecution",
            "assume_role_policy": "{\"Statement\":[{\"Action\":\"sts:AssumeRole\",\"Effect\":\"Allow\",\"Principal\":{\"AWS\":[\"arn:aws:iam::209330743040:role/AWSAFTAdmin\",\"arn:aws:sts::209330743040:assumed-role/AWSAFTAdmin/AWSAFT-Session\"]}}],\"Version\":\"2012-10-17\"}",
            "create_date": "2026-03-03T12:28:59Z",
            "description": "",
            "force_detach_policies": false,
            "id": "AWSAFTExecution",
            "inline_policy": [],
            "managed_policy_arns": [
              "arn:aws:iam::aws:policy/AdministratorAccess"
            ],
            "max_session_duration": 3600,
            "name": "AWSAFTExecution",
            "name_prefix": "",
            "path": "/",
            "permissions_boundary": "",
            "tags": {},
            "tags_all": {
              "managed_by": "AFT"
            },
            "unique_id": "AROAVYCS2A2QKTIZETRZD"
          },
          "sensitive_attributes": [],
          "identity_schema_version": 0,
          "identity": {
            "account_id": "395310663328",
            "name": "AWSAFTExecution"
          },
          "private": "bnVsbA==",
          "dependencies": [
            "module.aft.data.aws_partition.current",
            "module.aft.module.aft_iam_roles.aws_iam_role.aft_admin_role",
            "module.aft.module.aft_iam_roles.data.aws_caller_identity.aft_management",
            "module.aft.module.aft_iam_roles.data.aws_partition.current"
          ]
        }
      ]
    },
    {
      "module": "module.aft.module.aft_iam_roles.module.ct_management_exec_role",
      "mode": "managed",
      "type": "aws_iam_role_policy_attachment",
      "name": "administrator-access-attachment",
      "provider": "module.aft.provider[\"registry.terraform.io/hashicorp/aws\"].ct_management",
      "instances": [
        {
          "schema_version": 0,
          "attributes": {
            "id": "AWSAFTExecution/arn:aws:iam::aws:policy/AdministratorAccess",
            "policy_arn": "arn:aws:iam::aws:policy/AdministratorAccess",
            "role": "AWSAFTExecution"
          },
          "sensitive_attributes": [],
          "identity_schema_version": 0,
          "identity": {
            "account_id": "395310663328",
            "policy_arn": "arn:aws:iam::aws:policy/AdministratorAccess",
            "role": "AWSAFTExecution"
          },
          "private": "bnVsbA==",
          "dependencies": [
            "module.aft.data.aws_partition.current",
            "module.aft.module.aft_iam_roles.aws_iam_role.aft_admin_role",
            "module.aft.module.aft_iam_roles.data.aws_caller_identity.aft_management",
            "module.aft.module.aft_iam_roles.data.aws_partition.current",
            "module.aft.module.aft_iam_roles.module.ct_management_exec_role.aws_iam_role.role",
            "module.aft.module.aft_iam_roles.module.ct_management_exec_role.data.aws_partition.current"
          ]
        }
      ]
    },
    {
      "module": "module.aft.module.aft_iam_roles.module.ct_management_service_role",
      "mode": "data",
      "type": "aws_partition",
      "name": "current",
      "provider": "module.aft.provider[\"registry.terraform.io/hashicorp/aws\"].ct_management",
      "instances": [
        {
          "schema_version": 0,
          "attributes": {
            "dns_suffix": "amazonaws.com",
            "id": "aws",
            "partition": "aws",
            "reverse_dns_prefix": "com.amazonaws"
          },
          "sensitive_attributes": [],
          "identity_schema_version": 0
        }
      ]
    },
    {
      "module": "module.aft.module.aft_iam_roles.module.ct_management_service_role",
      "mode": "managed",
      "type": "aws_iam_role",
      "name": "role",
      "provider": "module.aft.provider[\"registry.terraform.io/hashicorp/aws\"].ct_management",
      "instances": [
        {
          "schema_version": 0,
          "attributes": {
            "arn": "arn:aws:iam::395310663328:role/AWSAFTService",
            "assume_role_policy": "{\"Statement\":[{\"Action\":\"sts:AssumeRole\",\"Effect\":\"Allow\",\"Principal\":{\"AWS\":[\"arn:aws:iam::209330743040:role/AWSAFTAdmin\",\"arn:aws:sts::209330743040:assumed-role/AWSAFTAdmin/AWSAFT-Session\"]}}],\"Version\":\"2012-10-17\"}",
            "create_date": "2026-03-03T12:28:58Z",
            "description": "",
            "force_detach_policies": false,
            "id": "AWSAFTService",
            "inline_policy": [],
            "managed_policy_arns": [
              "arn:aws:iam::aws:policy/AdministratorAccess"
            ],
            "max_session_duration": 3600,
            "name": "AWSAFTService",
            "name_prefix": "",
            "path": "/",
            "permissions_boundary": "",
            "tags": {},
            "tags_all": {
              "managed_by": "AFT"
            },
            "unique_id": "AROAVYCS2A2QLFA67VWL4"
          },
          "sensitive_attributes": [],
          "identity_schema_version": 0,
          "identity": {
            "account_id": "395310663328",
            "name": "AWSAFTService"
          },
          "private": "bnVsbA==",
          "dependencies": [
            "module.aft.data.aws_partition.current",
            "module.aft.module.aft_iam_roles.aws_iam_role.aft_admin_role",
            "module.aft.module.aft_iam_roles.data.aws_caller_identity.aft_management",
            "module.aft.module.aft_iam_roles.data.aws_partition.current"
          ]
        }
      ]
    },
    {
      "module": "module.aft.module.aft_iam_roles.module.ct_management_service_role",
      "mode": "managed",
      "type": "aws_iam_role_policy_attachment",
      "name": "administrator-access-attachment",
      "provider": "module.aft.provider[\"registry.terraform.io/hashicorp/aws\"].ct_management",
      "instances": [
        {
          "schema_version": 0,
          "attributes": {
            "id": "AWSAFTService/arn:aws:iam::aws:policy/AdministratorAccess",
            "policy_arn": "arn:aws:iam::aws:policy/AdministratorAccess",
            "role": "AWSAFTService"
          },
          "sensitive_attributes": [],
          "identity_schema_version": 0,
          "identity": {
            "account_id": "395310663328",
            "policy_arn": "arn:aws:iam::aws:policy/AdministratorAccess",
            "role": "AWSAFTService"
          },
          "private": "bnVsbA==",
          "dependencies": [
            "module.aft.data.aws_partition.current",
            "module.aft.module.aft_iam_roles.aws_iam_role.aft_admin_role",
            "module.aft.module.aft_iam_roles.data.aws_caller_identity.aft_management",
            "module.aft.module.aft_iam_roles.data.aws_partition.current",
            "module.aft.module.aft_iam_roles.module.ct_management_service_role.aws_iam_role.role",
            "module.aft.module.aft_iam_roles.module.ct_management_service_role.data.aws_partition.current"
          ]
        }
      ]
    },
    {
      "module": "module.aft.module.aft_iam_roles.module.log_archive_exec_role",
      "mode": "data",
      "type": "aws_partition",
      "name": "current",
      "provider": "module.aft.provider[\"registry.terraform.io/hashicorp/aws\"].log_archive",
      "instances": [
        {
          "schema_version": 0,
          "attributes": {
            "dns_suffix": "amazonaws.com",
            "id": "aws",
            "partition": "aws",
            "reverse_dns_prefix": "com.amazonaws"
          },
          "sensitive_attributes": [],
          "identity_schema_version": 0
        }
      ]
    },
    {
      "module": "module.aft.module.aft_iam_roles.module.log_archive_exec_role",
      "mode": "managed",
      "type": "aws_iam_role",
      "name": "role",
      "provider": "module.aft.provider[\"registry.terraform.io/hashicorp/aws\"].log_archive",
      "instances": [
        {
          "schema_version": 0,
          "attributes": {
            "arn": "arn:aws:iam::407902217769:role/AWSAFTExecution",
            "assume_role_policy": "{\"Statement\":[{\"Action\":\"sts:AssumeRole\",\"Effect\":\"Allow\",\"Principal\":{\"AWS\":[\"arn:aws:iam::209330743040:role/AWSAFTAdmin\",\"arn:aws:sts::209330743040:assumed-role/AWSAFTAdmin/AWSAFT-Session\"]}}],\"Version\":\"2012-10-17\"}",
            "create_date": "2026-03-03T13:17:12Z",
            "description": "",
            "force_detach_policies": false,
            "id": "AWSAFTExecution",
            "inline_policy": [],
            "managed_policy_arns": [
              "arn:aws:iam::aws:policy/AdministratorAccess"
            ],
            "max_session_duration": 3600,
            "name": "AWSAFTExecution",
            "name_prefix": "",
            "path": "/",
            "permissions_boundary": "",
            "tags": {},
            "tags_all": {
              "managed_by": "AFT"
            },
            "unique_id": "AROAV56G54YU7646H6XYN"
          },
          "sensitive_attributes": [],
          "identity_schema_version": 0,
          "identity": {
            "account_id": "407902217769",
            "name": "AWSAFTExecution"
          },
          "private": "bnVsbA==",
          "dependencies": [
            "module.aft.data.aws_partition.current",
            "module.aft.module.aft_iam_roles.aws_iam_role.aft_admin_role",
            "module.aft.module.aft_iam_roles.data.aws_caller_identity.aft_management",
            "module.aft.module.aft_iam_roles.data.aws_partition.current"
          ]
        }
      ]
    },
    {
      "module": "module.aft.module.aft_iam_roles.module.log_archive_exec_role",
      "mode": "managed",
      "type": "aws_iam_role_policy_attachment",
      "name": "administrator-access-attachment",
      "provider": "module.aft.provider[\"registry.terraform.io/hashicorp/aws\"].log_archive",
      "instances": [
        {
          "schema_version": 0,
          "attributes": {
            "id": "AWSAFTExecution/arn:aws:iam::aws:policy/AdministratorAccess",
            "policy_arn": "arn:aws:iam::aws:policy/AdministratorAccess",
            "role": "AWSAFTExecution"
          },
          "sensitive_attributes": [],
          "identity_schema_version": 0,
          "identity": {
            "account_id": "407902217769",
            "policy_arn": "arn:aws:iam::aws:policy/AdministratorAccess",
            "role": "AWSAFTExecution"
          },
          "private": "bnVsbA==",
          "dependencies": [
            "module.aft.data.aws_partition.current",
            "module.aft.module.aft_iam_roles.aws_iam_role.aft_admin_role",
            "module.aft.module.aft_iam_roles.data.aws_caller_identity.aft_management",
            "module.aft.module.aft_iam_roles.data.aws_partition.current",
            "module.aft.module.aft_iam_roles.module.log_archive_exec_role.aws_iam_role.role",
            "module.aft.module.aft_iam_roles.module.log_archive_exec_role.data.aws_partition.current"
          ]
        }
      ]
    },
    {
      "module": "module.aft.module.aft_iam_roles.module.log_archive_service_role",
      "mode": "data",
      "type": "aws_partition",
      "name": "current",
      "provider": "module.aft.provider[\"registry.terraform.io/hashicorp/aws\"].log_archive",
      "instances": [
        {
          "schema_version": 0,
          "attributes": {
            "dns_suffix": "amazonaws.com",
            "id": "aws",
            "partition": "aws",
            "reverse_dns_prefix": "com.amazonaws"
          },
          "sensitive_attributes": [],
          "identity_schema_version": 0
        }
      ]
    },
    {
      "module": "module.aft.module.aft_iam_roles.module.log_archive_service_role",
      "mode": "managed",
      "type": "aws_iam_role",
      "name": "role",
      "provider": "module.aft.provider[\"registry.terraform.io/hashicorp/aws\"].log_archive",
      "instances": [
        {
          "schema_version": 0,
          "attributes": {
            "arn": "arn:aws:iam::407902217769:role/AWSAFTService",
            "assume_role_policy": "{\"Statement\":[{\"Action\":\"sts:AssumeRole\",\"Effect\":\"Allow\",\"Principal\":{\"AWS\":[\"arn:aws:iam::209330743040:role/AWSAFTAdmin\",\"arn:aws:sts::209330743040:assumed-role/AWSAFTAdmin/AWSAFT-Session\"]}}],\"Version\":\"2012-10-17\"}",
            "create_date": "2026-03-03T13:17:12Z",
            "description": "",
            "force_detach_policies": false,
            "id": "AWSAFTService",
            "inline_policy": [],
            "managed_policy_arns": [
              "arn:aws:iam::aws:policy/AdministratorAccess"
            ],
            "max_session_duration": 3600,
            "name": "AWSAFTService",
            "name_prefix": "",
            "path": "/",
            "permissions_boundary": "",
            "tags": {},
            "tags_all": {
              "managed_by": "AFT"
            },
            "unique_id": "AROAV56G54YUUNHJTWJFY"
          },
          "sensitive_attributes": [],
          "identity_schema_version": 0,
          "identity": {
            "account_id": "407902217769",
            "name": "AWSAFTService"
          },
          "private": "bnVsbA==",
          "dependencies": [
            "module.aft.data.aws_partition.current",
            "module.aft.module.aft_iam_roles.aws_iam_role.aft_admin_role",
            "module.aft.module.aft_iam_roles.data.aws_caller_identity.aft_management",
            "module.aft.module.aft_iam_roles.data.aws_partition.current"
          ]
        }
      ]
    },
    {
      "module": "module.aft.module.aft_iam_roles.module.log_archive_service_role",
      "mode": "managed",
      "type": "aws_iam_role_policy_attachment",
      "name": "administrator-access-attachment",
      "provider": "module.aft.provider[\"registry.terraform.io/hashicorp/aws\"].log_archive",
      "instances": [
        {
          "schema_version": 0,
          "attributes": {
            "id": "AWSAFTService/arn:aws:iam::aws:policy/AdministratorAccess",
            "policy_arn": "arn:aws:iam::aws:policy/AdministratorAccess",
            "role": "AWSAFTService"
          },
          "sensitive_attributes": [],
          "identity_schema_version": 0,
          "identity": {
            "account_id": "407902217769",
            "policy_arn": "arn:aws:iam::aws:policy/AdministratorAccess",
            "role": "AWSAFTService"
          },
          "private": "bnVsbA==",
          "dependencies": [
            "module.aft.data.aws_partition.current",
            "module.aft.module.aft_iam_roles.aws_iam_role.aft_admin_role",
            "module.aft.module.aft_iam_roles.data.aws_caller_identity.aft_management",
            "module.aft.module.aft_iam_roles.data.aws_partition.current",
            "module.aft.module.aft_iam_roles.module.log_archive_service_role.aws_iam_role.role",
            "module.aft.module.aft_iam_roles.module.log_archive_service_role.data.aws_partition.current"
          ]
        }
      ]
    },
    {
      "module": "module.aft.module.aft_lambda_layer",
      "mode": "data",
      "type": "aws_caller_identity",
      "name": "session",
      "provider": "module.aft.provider[\"registry.terraform.io/hashicorp/aws\"].aft_management",
      "instances": [
        {
          "schema_version": 0,
          "attributes": {
            "account_id": "209330743040",
            "arn": "arn:aws:sts::209330743040:assumed-role/AWSControlTowerExecution/AWSAFT-Session",
            "id": "209330743040",
            "user_id": "AROATBPIVU4AJUUQ7NUJB:AWSAFT-Session"
          },
          "sensitive_attributes": [],
          "identity_schema_version": 0
        }
      ]
    },
    {
      "module": "module.aft.module.aft_lambda_layer",
      "mode": "data",
      "type": "aws_partition",
      "name": "current",
      "provider": "module.aft.provider[\"registry.terraform.io/hashicorp/aws\"].aft_management",
      "instances": [
        {
          "schema_version": 0,
          "attributes": {
            "dns_suffix": "amazonaws.com",
            "id": "aws",
            "partition": "aws",
            "reverse_dns_prefix": "com.amazonaws"
          },
          "sensitive_attributes": [],
          "identity_schema_version": 0
        }
      ]
    },
    {
      "module": "module.aft.module.aft_lambda_layer",
      "mode": "data",
      "type": "local_file",
      "name": "aft_lambda_layer",
      "provider": "provider[\"registry.terraform.io/hashicorp/local\"]",
      "instances": [
        {
          "schema_version": 0,
          "attributes": {
            "content": "# Copyright Amazon.com, Inc. or its affiliates. All rights reserved.\r\n# SPDX-License-Identifier: Apache-2.0\r\n#\r\nversion: 0.2\r\n\r\nphases:\r\n  install:\r\n    runtime-versions:\r\n      python: $PYTHON_VERSION\r\n    commands:\r\n      - DEFAULT_PATH=$(pwd)\r\n      - AWS_MODULE_SOURCE=$(aws ssm get-parameter --name $SSM_AWS_MODULE_SOURCE --query \"Parameter.Value\" --output text)\r\n      - AWS_MODULE_GIT_REF=$(aws ssm get-parameter --name $SSM_AWS_MODULE_GIT_REF --query \"Parameter.Value\" --output text)\r\n      # URL Without Access ID\r\n      - URL=$(echo \"$AWS_MODULE_SOURCE\" | awk '{split($0,a,\"@\"); print a[2]}')\r\n      - |\r\n        ssh_key_parameter=$(aws ssm get-parameter --name /aft/config/aft-ssh-key --with-decryption 2\u003e /dev/null || echo \"None\")\r\n        if [[ $ssh_key_parameter != \"None\" ]]; then\r\n          ssh_key=$(jq --raw-output \".Parameter.Value\" \u003c\u003c\u003c $ssh_key_parameter)\r\n          mkdir -p ~/.ssh\r\n          echo \"Host *\" \u003e\u003e ~/.ssh/config\r\n          echo \"StrictHostKeyChecking no\" \u003e\u003e ~/.ssh/config\r\n          echo \"UserKnownHostsFile=/dev/null\" \u003e\u003e ~/.ssh/config\r\n          echo \"$ssh_key\" \u003e ~/.ssh/ssh_key\r\n          echo -e \"\\n\\n\" \u003e\u003e  ~/.ssh/ssh_key\r\n          chmod 600 ~/.ssh/ssh_key\r\n          eval \"$(ssh-agent -s)\"\r\n          ssh-add ~/.ssh/ssh_key\r\n        fi\r\n      - git config --global credential.helper '!aws codecommit credential-helper $@'\r\n      - git config --global credential.UseHttpPath true\r\n      - echo \"Building aft_common from ${URL}:${AWS_MODULE_GIT_REF}\"\r\n      - git clone -b $AWS_MODULE_GIT_REF $AWS_MODULE_SOURCE aws-aft-core-framework\r\n      - python3 -m pip install virtualenv\r\n      - python3 -m venv .venv\r\n      - . .venv/bin/activate\r\n      - python3 -m pip install -U pip\r\n      - python3 -m pip install --upgrade setuptools\r\n      - python3 -m pip install ./aws-aft-core-framework/sources/aft-lambda-layer\r\n      - PIP_VERSION=$(python3 -m pip --version | awk '{print $2}')\r\n  build:\r\n    commands:\r\n      - mkdir -p python\r\n      - ls\r\n      - mv -v ./.venv/lib/ ./python/\r\n      - echo \"Removing pip version ${PIP_VERSION} package creating zip\"\r\n      - rm -rf ./python/lib/python*/site-packages/pip-${PIP_VERSION}.dist-info\r\n      - rm -rf ./python/lib/python*/site-packages/pip\r\n      - zip -r layer.zip python\r\n      - aws s3 cp layer.zip s3://${BUCKET_NAME}/layer.zip\r\n",
            "content_base64": "IyBDb3B5cmlnaHQgQW1hem9uLmNvbSwgSW5jLiBvciBpdHMgYWZmaWxpYXRlcy4gQWxsIHJpZ2h0cyByZXNlcnZlZC4NCiMgU1BEWC1MaWNlbnNlLUlkZW50aWZpZXI6IEFwYWNoZS0yLjANCiMNCnZlcnNpb246IDAuMg0KDQpwaGFzZXM6DQogIGluc3RhbGw6DQogICAgcnVudGltZS12ZXJzaW9uczoNCiAgICAgIHB5dGhvbjogJFBZVEhPTl9WRVJTSU9ODQogICAgY29tbWFuZHM6DQogICAgICAtIERFRkFVTFRfUEFUSD0kKHB3ZCkNCiAgICAgIC0gQVdTX01PRFVMRV9TT1VSQ0U9JChhd3Mgc3NtIGdldC1wYXJhbWV0ZXIgLS1uYW1lICRTU01fQVdTX01PRFVMRV9TT1VSQ0UgLS1xdWVyeSAiUGFyYW1ldGVyLlZhbHVlIiAtLW91dHB1dCB0ZXh0KQ0KICAgICAgLSBBV1NfTU9EVUxFX0dJVF9SRUY9JChhd3Mgc3NtIGdldC1wYXJhbWV0ZXIgLS1uYW1lICRTU01fQVdTX01PRFVMRV9HSVRfUkVGIC0tcXVlcnkgIlBhcmFtZXRlci5WYWx1ZSIgLS1vdXRwdXQgdGV4dCkNCiAgICAgICMgVVJMIFdpdGhvdXQgQWNjZXNzIElEDQogICAgICAtIFVSTD0kKGVjaG8gIiRBV1NfTU9EVUxFX1NPVVJDRSIgfCBhd2sgJ3tzcGxpdCgkMCxhLCJAIik7IHByaW50IGFbMl19JykNCiAgICAgIC0gfA0KICAgICAgICBzc2hfa2V5X3BhcmFtZXRlcj0kKGF3cyBzc20gZ2V0LXBhcmFtZXRlciAtLW5hbWUgL2FmdC9jb25maWcvYWZ0LXNzaC1rZXkgLS13aXRoLWRlY3J5cHRpb24gMj4gL2Rldi9udWxsIHx8IGVjaG8gIk5vbmUiKQ0KICAgICAgICBpZiBbWyAkc3NoX2tleV9wYXJhbWV0ZXIgIT0gIk5vbmUiIF1dOyB0aGVuDQogICAgICAgICAgc3NoX2tleT0kKGpxIC0tcmF3LW91dHB1dCAiLlBhcmFtZXRlci5WYWx1ZSIgPDw8ICRzc2hfa2V5X3BhcmFtZXRlcikNCiAgICAgICAgICBta2RpciAtcCB+Ly5zc2gNCiAgICAgICAgICBlY2hvICJIb3N0ICoiID4+IH4vLnNzaC9jb25maWcNCiAgICAgICAgICBlY2hvICJTdHJpY3RIb3N0S2V5Q2hlY2tpbmcgbm8iID4+IH4vLnNzaC9jb25maWcNCiAgICAgICAgICBlY2hvICJVc2VyS25vd25Ib3N0c0ZpbGU9L2Rldi9udWxsIiA+PiB+Ly5zc2gvY29uZmlnDQogICAgICAgICAgZWNobyAiJHNzaF9rZXkiID4gfi8uc3NoL3NzaF9rZXkNCiAgICAgICAgICBlY2hvIC1lICJcblxuIiA+PiAgfi8uc3NoL3NzaF9rZXkNCiAgICAgICAgICBjaG1vZCA2MDAgfi8uc3NoL3NzaF9rZXkNCiAgICAgICAgICBldmFsICIkKHNzaC1hZ2VudCAtcykiDQogICAgICAgICAgc3NoLWFkZCB+Ly5zc2gvc3NoX2tleQ0KICAgICAgICBmaQ0KICAgICAgLSBnaXQgY29uZmlnIC0tZ2xvYmFsIGNyZWRlbnRpYWwuaGVscGVyICchYXdzIGNvZGVjb21taXQgY3JlZGVudGlhbC1oZWxwZXIgJEAnDQogICAgICAtIGdpdCBjb25maWcgLS1nbG9iYWwgY3JlZGVudGlhbC5Vc2VIdHRwUGF0aCB0cnVlDQogICAgICAtIGVjaG8gIkJ1aWxkaW5nIGFmdF9jb21tb24gZnJvbSAke1VSTH06JHtBV1NfTU9EVUxFX0dJVF9SRUZ9Ig0KICAgICAgLSBnaXQgY2xvbmUgLWIgJEFXU19NT0RVTEVfR0lUX1JFRiAkQVdTX01PRFVMRV9TT1VSQ0UgYXdzLWFmdC1jb3JlLWZyYW1ld29yaw0KICAgICAgLSBweXRob24zIC1tIHBpcCBpbnN0YWxsIHZpcnR1YWxlbnYNCiAgICAgIC0gcHl0aG9uMyAtbSB2ZW52IC52ZW52DQogICAgICAtIC4gLnZlbnYvYmluL2FjdGl2YXRlDQogICAgICAtIHB5dGhvbjMgLW0gcGlwIGluc3RhbGwgLVUgcGlwDQogICAgICAtIHB5dGhvbjMgLW0gcGlwIGluc3RhbGwgLS11cGdyYWRlIHNldHVwdG9vbHMNCiAgICAgIC0gcHl0aG9uMyAtbSBwaXAgaW5zdGFsbCAuL2F3cy1hZnQtY29yZS1mcmFtZXdvcmsvc291cmNlcy9hZnQtbGFtYmRhLWxheWVyDQogICAgICAtIFBJUF9WRVJTSU9OPSQocHl0aG9uMyAtbSBwaXAgLS12ZXJzaW9uIHwgYXdrICd7cHJpbnQgJDJ9JykNCiAgYnVpbGQ6DQogICAgY29tbWFuZHM6DQogICAgICAtIG1rZGlyIC1wIHB5dGhvbg0KICAgICAgLSBscw0KICAgICAgLSBtdiAtdiAuLy52ZW52L2xpYi8gLi9weXRob24vDQogICAgICAtIGVjaG8gIlJlbW92aW5nIHBpcCB2ZXJzaW9uICR7UElQX1ZFUlNJT059IHBhY2thZ2UgY3JlYXRpbmcgemlwIg0KICAgICAgLSBybSAtcmYgLi9weXRob24vbGliL3B5dGhvbiovc2l0ZS1wYWNrYWdlcy9waXAtJHtQSVBfVkVSU0lPTn0uZGlzdC1pbmZvDQogICAgICAtIHJtIC1yZiAuL3B5dGhvbi9saWIvcHl0aG9uKi9zaXRlLXBhY2thZ2VzL3BpcA0KICAgICAgLSB6aXAgLXIgbGF5ZXIuemlwIHB5dGhvbg0KICAgICAgLSBhd3MgczMgY3AgbGF5ZXIuemlwIHMzOi8vJHtCVUNLRVRfTkFNRX0vbGF5ZXIuemlwDQo=",
            "content_base64sha256": "LliJpDlgQVGY3jLxgSEiE4wrhFLvVbZ7fWEuQD+BQGo=",
            "content_base64sha512": "FkpfUM1hgAuHHO+tHtDdIyCBP/Q6b/6mzleVJiQ9fWF3EmH9Qv4pAPG3Fv9vkgUTV+p9I6vlQZushw8umOiUbg==",
            "content_md5": "9f1d142225d4ee5a43ce1c245b62c53a",
            "content_sha1": "2876b10e9bf9f7f6b14f775a6f4d6d8c2d4956bd",
            "content_sha256": "2e5889a43960415198de32f1812122138c2b8452ef55b67b7d612e403f81406a",
            "content_sha512": "164a5f50cd61800b871cefad1ed0dd2320813ff43a6ffea6ce579526243d7d61771261fd42fe2900f1b716ff6f92051357ea7d23abe5419bac870f2e98e8946e",
            "filename": ".terraform/modules/aft/modules/aft-lambda-layer/buildspecs/aft-lambda-layer.yml",
            "id": "2876b10e9bf9f7f6b14f775a6f4d6d8c2d4956bd"
          },
          "sensitive_attributes": [],
          "identity_schema_version": 0
        }
      ]
    },
    {
      "module": "module.aft.module.aft_lambda_layer",
      "mode": "managed",
      "type": "aws_cloudwatch_log_group",
      "name": "codebuild_loggroup",
      "provider": "module.aft.provider[\"registry.terraform.io/hashicorp/aws\"].aft_management",
      "instances": [
        {
          "schema_version": 0,
          "attributes": {
            "arn": "arn:aws:logs:us-east-1:209330743040:log-group:/aws/codebuild/python-layer-builder-aft-common-1wo7y3u0",
            "deletion_protection_enabled": false,
            "id": "/aws/codebuild/python-layer-builder-aft-common-1wo7y3u0",
            "kms_key_id": "",
            "log_group_class": "STANDARD",
            "name": "/aws/codebuild/python-layer-builder-aft-common-1wo7y3u0",
            "name_prefix": "",
            "region": "us-east-1",
            "retention_in_days": 0,
            "skip_destroy": false,
            "tags": {},
            "tags_all": {
              "managed_by": "AFT"
            }
          },
          "sensitive_attributes": [],
          "identity_schema_version": 0,
          "identity": {
            "account_id": "209330743040",
            "name": "/aws/codebuild/python-layer-builder-aft-common-1wo7y3u0",
            "region": "us-east-1"
          },
          "private": "bnVsbA==",
          "dependencies": [
            "module.aft.data.aws_partition.current",
            "module.aft.module.aft_account_request_framework.aws_kms_key.aft",
            "module.aft.module.aft_account_request_framework.data.aws_caller_identity.aft-management",
            "module.aft.module.aft_account_request_framework.data.aws_partition.current",
            "module.aft.module.aft_account_request_framework.data.aws_region.aft-management",
            "module.aft.module.aft_lambda_layer.random_string.resource_suffix"
          ],
          "create_before_destroy": true
        }
      ]
    },
    {
      "module": "module.aft.module.aft_lambda_layer",
      "mode": "managed",
      "type": "aws_codebuild_project",
      "name": "codebuild",
      "provider": "module.aft.provider[\"registry.terraform.io/hashicorp/aws\"].aft_management",
      "instances": [
        {
          "schema_version": 0,
          "attributes": {
            "arn": "arn:aws:codebuild:us-east-1:209330743040:project/python-layer-builder-aft-common-1wo7y3u0",
            "artifacts": [
              {
                "artifact_identifier": "",
                "bucket_owner_access": "",
                "encryption_disabled": false,
                "location": "",
                "name": "",
                "namespace_type": "",
                "override_artifact_name": false,
                "packaging": "",
                "path": "",
                "type": "NO_ARTIFACTS"
              }
            ],
            "auto_retry_limit": 0,
            "badge_enabled": false,
            "badge_url": "",
            "build_batch_config": [],
            "build_timeout": 10,
            "cache": [
              {
                "cache_namespace": "",
                "location": "",
                "modes": [],
                "type": "NO_CACHE"
              }
            ],
            "concurrent_build_limit": 0,
            "description": "Codebuild project to create lambda layer aft-common",
            "encryption_key": "arn:aws:kms:us-east-1:209330743040:key/89104c7a-ebe1-42ee-930b-caa51544f46a",
            "environment": [
              {
                "certificate": "",
                "compute_type": "BUILD_GENERAL1_MEDIUM",
                "docker_server": [],
                "environment_variable": [
                  {
                    "name": "PYTHON_VERSION",
                    "type": "PLAINTEXT",
                    "value": "3.12"
                  },
                  {
                    "name": "BUCKET_NAME",
                    "type": "PLAINTEXT",
                    "value": "aft-customizations-pipeline-209330743040"
                  },
                  {
                    "name": "SSM_AWS_MODULE_SOURCE",
                    "type": "PLAINTEXT",
                    "value": "/aft/config/aft-pipeline-code-source/repo-url"
                  },
                  {
                    "name": "SSM_AWS_MODULE_GIT_REF",
                    "type": "PLAINTEXT",
                    "value": "/aft/config/aft-pipeline-code-source/repo-git-ref"
                  }
                ],
                "fleet": [],
                "image": "aws/codebuild/amazonlinux2-x86_64-standard:5.0",
                "image_pull_credentials_type": "CODEBUILD",
                "privileged_mode": false,
                "registry_credential": [],
                "type": "LINUX_CONTAINER"
              }
            ],
            "file_system_locations": [],
            "id": "arn:aws:codebuild:us-east-1:209330743040:project/python-layer-builder-aft-common-1wo7y3u0",
            "logs_config": [
              {
                "cloudwatch_logs": [
                  {
                    "group_name": "/aws/codebuild/python-layer-builder-aft-common-1wo7y3u0",
                    "status": "ENABLED",
                    "stream_name": "build-logs"
                  }
                ],
                "s3_logs": [
                  {
                    "bucket_owner_access": "",
                    "encryption_disabled": false,
                    "location": "aft-customizations-pipeline-209330743040/aft-lambda-layer-builder-logs",
                    "status": "ENABLED"
                  }
                ]
              }
            ],
            "name": "python-layer-builder-aft-common-1wo7y3u0",
            "project_visibility": "PRIVATE",
            "public_project_alias": "",
            "queued_timeout": 480,
            "region": "us-east-1",
            "resource_access_role": "",
            "secondary_artifacts": [],
            "secondary_source_version": [],
            "secondary_sources": [],
            "service_role": "arn:aws:iam::209330743040:role/python-layer-builder-aft-common-1wo7y3u0",
            "source": [
              {
                "auth": [],
                "build_status_config": [],
                "buildspec": "# Copyright Amazon.com, Inc. or its affiliates. All rights reserved.\r\n# SPDX-License-Identifier: Apache-2.0\r\n#\r\nversion: 0.2\r\n\r\nphases:\r\n  install:\r\n    runtime-versions:\r\n      python: $PYTHON_VERSION\r\n    commands:\r\n      - DEFAULT_PATH=$(pwd)\r\n      - AWS_MODULE_SOURCE=$(aws ssm get-parameter --name $SSM_AWS_MODULE_SOURCE --query \"Parameter.Value\" --output text)\r\n      - AWS_MODULE_GIT_REF=$(aws ssm get-parameter --name $SSM_AWS_MODULE_GIT_REF --query \"Parameter.Value\" --output text)\r\n      # URL Without Access ID\r\n      - URL=$(echo \"$AWS_MODULE_SOURCE\" | awk '{split($0,a,\"@\"); print a[2]}')\r\n      - |\r\n        ssh_key_parameter=$(aws ssm get-parameter --name /aft/config/aft-ssh-key --with-decryption 2\u003e /dev/null || echo \"None\")\r\n        if [[ $ssh_key_parameter != \"None\" ]]; then\r\n          ssh_key=$(jq --raw-output \".Parameter.Value\" \u003c\u003c\u003c $ssh_key_parameter)\r\n          mkdir -p ~/.ssh\r\n          echo \"Host *\" \u003e\u003e ~/.ssh/config\r\n          echo \"StrictHostKeyChecking no\" \u003e\u003e ~/.ssh/config\r\n          echo \"UserKnownHostsFile=/dev/null\" \u003e\u003e ~/.ssh/config\r\n          echo \"$ssh_key\" \u003e ~/.ssh/ssh_key\r\n          echo -e \"\\n\\n\" \u003e\u003e  ~/.ssh/ssh_key\r\n          chmod 600 ~/.ssh/ssh_key\r\n          eval \"$(ssh-agent -s)\"\r\n          ssh-add ~/.ssh/ssh_key\r\n        fi\r\n      - git config --global credential.helper '!aws codecommit credential-helper $@'\r\n      - git config --global credential.UseHttpPath true\r\n      - echo \"Building aft_common from ${URL}:${AWS_MODULE_GIT_REF}\"\r\n      - git clone -b $AWS_MODULE_GIT_REF $AWS_MODULE_SOURCE aws-aft-core-framework\r\n      - python3 -m pip install virtualenv\r\n      - python3 -m venv .venv\r\n      - . .venv/bin/activate\r\n      - python3 -m pip install -U pip\r\n      - python3 -m pip install --upgrade setuptools\r\n      - python3 -m pip install ./aws-aft-core-framework/sources/aft-lambda-layer\r\n      - PIP_VERSION=$(python3 -m pip --version | awk '{print $2}')\r\n  build:\r\n    commands:\r\n      - mkdir -p python\r\n      - ls\r\n      - mv -v ./.venv/lib/ ./python/\r\n      - echo \"Removing pip version ${PIP_VERSION} package creating zip\"\r\n      - rm -rf ./python/lib/python*/site-packages/pip-${PIP_VERSION}.dist-info\r\n      - rm -rf ./python/lib/python*/site-packages/pip\r\n      - zip -r layer.zip python\r\n      - aws s3 cp layer.zip s3://${BUCKET_NAME}/layer.zip\r\n",
                "git_clone_depth": 0,
                "git_submodules_config": [],
                "insecure_ssl": false,
                "location": "",
                "report_build_status": false,
                "type": "NO_SOURCE"
              }
            ],
            "source_version": "",
            "tags": {},
            "tags_all": {
              "managed_by": "AFT"
            },
            "vpc_config": [
              {
                "security_group_ids": [
                  "sg-09cf321705340ff35"
                ],
                "subnets": [
                  "subnet-00b1782f1c5a9b770",
                  "subnet-01a0ef4e8ef095756"
                ],
                "vpc_id": "vpc-0b38a5ed7a9f588cd"
              }
            ]
          },
          "sensitive_attributes": [],
          "identity_schema_version": 0,
          "identity": {
            "arn": "arn:aws:codebuild:us-east-1:209330743040:project/python-layer-builder-aft-common-1wo7y3u0"
          },
          "private": "bnVsbA==",
          "dependencies": [
            "module.aft.data.aws_partition.current",
            "module.aft.data.local_file.python_version",
            "module.aft.module.aft_account_request_framework.aws_kms_key.aft",
            "module.aft.module.aft_account_request_framework.aws_security_group.aft_vpc_default_sg",
            "module.aft.module.aft_account_request_framework.aws_subnet.aft_vpc_private_subnet_01",
            "module.aft.module.aft_account_request_framework.aws_subnet.aft_vpc_private_subnet_02",
            "module.aft.module.aft_account_request_framework.aws_vpc.aft_vpc",
            "module.aft.module.aft_account_request_framework.data.aws_availability_zones.available",
            "module.aft.module.aft_account_request_framework.data.aws_caller_identity.aft-management",
            "module.aft.module.aft_account_request_framework.data.aws_partition.current",
            "module.aft.module.aft_account_request_framework.data.aws_region.aft-management",
            "module.aft.module.aft_customizations.aws_s3_bucket.aft_codepipeline_customizations_bucket",
            "module.aft.module.aft_customizations.data.aws_caller_identity.current",
            "module.aft.module.aft_lambda_layer.aws_cloudwatch_log_group.codebuild_loggroup",
            "module.aft.module.aft_lambda_layer.aws_iam_role.codebuild",
            "module.aft.module.aft_lambda_layer.data.local_file.aft_lambda_layer",
            "module.aft.module.aft_lambda_layer.random_string.resource_suffix"
          ],
          "create_before_destroy": true
        }
      ]
    },
    {
      "module": "module.aft.module.aft_lambda_layer",
      "mode": "managed",
      "type": "aws_iam_role",
      "name": "codebuild",
      "provider": "module.aft.provider[\"registry.terraform.io/hashicorp/aws\"].aft_management",
      "instances": [
        {
          "schema_version": 0,
          "attributes": {
            "arn": "arn:aws:iam::209330743040:role/python-layer-builder-aft-common-1wo7y3u0",
            "assume_role_policy": "{\"Statement\":[{\"Action\":\"sts:AssumeRole\",\"Effect\":\"Allow\",\"Principal\":{\"Service\":[\"codebuild.amazonaws.com\",\"events.amazonaws.com\"]}}],\"Version\":\"2012-10-17\"}",
            "create_date": "2026-03-03T12:28:37Z",
            "description": "",
            "force_detach_policies": false,
            "id": "python-layer-builder-aft-common-1wo7y3u0",
            "inline_policy": [
              {
                "name": "terraform-20260303122917630100000001",
                "policy": "{\"Version\":\"2012-10-17\",\"Statement\":[{\"Action\":[\"lambda:ListLayerVersions\",\"lambda:GetLayerVersion\",\"lambda:PublishLayerVersion\"],\"Effect\":\"Allow\",\"Resource\":\"arn:aws:lambda:us-east-1:209330743040:layer:aft-common:*\"},{\"Action\":[\"logs:CreateLogGroup\",\"logs:CreateLogStream\",\"logs:PutLogEvents\",\"events:DisableRule\"],\"Effect\":\"Allow\",\"Resource\":[\"*\"]},{\"Action\":[\"codebuild:StartBuild\",\"codebuild:StopBuild\",\"codebuild:BatchGet*\",\"codebuild:Get*\",\"codebuild:List*\",\"codecommit:GetBranch\",\"codecommit:GetCommit\",\"codecommit:GetRepository\",\"codecommit:ListBranches\"],\"Effect\":\"Allow\",\"Resource\":\"*\"},{\"Action\":[\"s3:*\"],\"Effect\":\"Allow\",\"Resource\":[\"arn:aws:s3:::aft-customizations-pipeline-209330743040\",\"arn:aws:s3:::aft-customizations-pipeline-209330743040/*\"]},{\"Action\":[\"ec2:CreateNetworkInterface\",\"ec2:DescribeDhcpOptions\",\"ec2:DescribeNetworkInterfaces\",\"ec2:DeleteNetworkInterface\",\"ec2:DescribeSubnets\",\"ec2:DescribeSecurityGroups\",\"ec2:DescribeVpcs\"],\"Effect\":\"Allow\",\"Resource\":\"*\"},{\"Action\":[\"ec2:CreateNetworkInterfacePermission\"],\"Effect\":\"Allow\",\"Resource\":[\"arn:aws:ec2:us-east-1:209330743040:network-interface/*\"]},{\"Action\":[\"ssm:GetParameters\",\"ssm:GetParameter\"],\"Effect\":\"Allow\",\"Resource\":[\"arn:aws:ssm:us-east-1:209330743040:parameter/aft/*\"]},{\"Action\":[\"kms:Decrypt\",\"kms:GenerateDataKey\"],\"Effect\":\"Allow\",\"Resource\":\"arn:aws:kms:us-east-1:209330743040:key/89104c7a-ebe1-42ee-930b-caa51544f46a\"}]}"
              }
            ],
            "managed_policy_arns": [],
            "max_session_duration": 3600,
            "name": "python-layer-builder-aft-common-1wo7y3u0",
            "name_prefix": "",
            "path": "/",
            "permissions_boundary": "",
            "tags": {},
            "tags_all": {
              "managed_by": "AFT"
            },
            "unique_id": "AROATBPIVU4AA3Z2RSB5K"
          },
          "sensitive_attributes": [],
          "identity_schema_version": 0,
          "identity": {
            "account_id": "209330743040",
            "name": "python-layer-builder-aft-common-1wo7y3u0"
          },
          "private": "bnVsbA==",
          "dependencies": [
            "module.aft.data.aws_partition.current",
            "module.aft.module.aft_lambda_layer.random_string.resource_suffix"
          ],
          "create_before_destroy": true
        }
      ]
    },
    {
      "module": "module.aft.module.aft_lambda_layer",
      "mode": "managed",
      "type": "aws_iam_role",
      "name": "codebuild_trigger_lambda_role",
      "provider": "module.aft.provider[\"registry.terraform.io/hashicorp/aws\"].aft_management",
      "instances": [
        {
          "schema_version": 0,
          "attributes": {
            "arn": "arn:aws:iam::209330743040:role/codebuild_trigger_role",
            "assume_role_policy": "{\"Statement\":[{\"Action\":\"sts:AssumeRole\",\"Effect\":\"Allow\",\"Principal\":{\"Service\":[\"lambda.amazonaws.com\"]}}],\"Version\":\"2012-10-17\"}",
            "create_date": "2026-03-03T13:39:53Z",
            "description": "",
            "force_detach_policies": false,
            "id": "codebuild_trigger_role",
            "inline_policy": [
              {
                "name": "terraform-20260303133951883800000001",
                "policy": "{\"Version\":\"2012-10-17\",\"Statement\":[{\"Action\":[\"codebuild:BatchGetBuilds\",\"codebuild:StartBuild\"],\"Effect\":\"Allow\",\"Resource\":\"arn:aws:codebuild:us-east-1:209330743040:project/python-layer-builder-aft-common-1wo7y3u0\"},{\"Action\":[\"logs:CreateLogGroup\"],\"Effect\":\"Allow\",\"Resource\":\"arn:aws:logs:us-east-1:209330743040:*\"},{\"Action\":[\"logs:CreateLogGroup\",\"logs:PutLogEvents\"],\"Effect\":\"Allow\",\"Resource\":\"arn:aws:logs:us-east-1:209330743040:log-group:/aws/lambda/aft-lambda-layer-codebuild-trigger:*\"}]}"
              }
            ],
            "managed_policy_arns": [
              "arn:aws:iam::aws:policy/service-role/AWSLambdaVPCAccessExecutionRole"
            ],
            "max_session_duration": 3600,
            "name": "codebuild_trigger_role",
            "name_prefix": "",
            "path": "/",
            "permissions_boundary": "",
            "tags": {},
            "tags_all": {
              "managed_by": "AFT"
            },
            "unique_id": "AROATBPIVU4ANFJWVGZDV"
          },
          "sensitive_attributes": [],
          "identity_schema_version": 0,
          "identity": {
            "account_id": "209330743040",
            "name": "codebuild_trigger_role"
          },
          "private": "bnVsbA==",
          "dependencies": [
            "module.aft.data.aws_partition.current"
          ],
          "create_before_destroy": true
        }
      ]
    },
    {
      "module": "module.aft.module.aft_lambda_layer",
      "mode": "managed",
      "type": "aws_iam_role_policy",
      "name": "codebuild",
      "provider": "module.aft.provider[\"registry.terraform.io/hashicorp/aws\"].aft_management",
      "instances": [
        {
          "schema_version": 0,
          "attributes": {
            "id": "python-layer-builder-aft-common-1wo7y3u0:terraform-20260303122917630100000001",
            "name": "terraform-20260303122917630100000001",
            "name_prefix": "terraform-",
            "policy": "{\"Version\":\"2012-10-17\",\"Statement\":[{\"Action\":[\"lambda:ListLayerVersions\",\"lambda:GetLayerVersion\",\"lambda:PublishLayerVersion\"],\"Effect\":\"Allow\",\"Resource\":\"arn:aws:lambda:us-east-1:209330743040:layer:aft-common:*\"},{\"Action\":[\"logs:CreateLogGroup\",\"logs:CreateLogStream\",\"logs:PutLogEvents\",\"events:DisableRule\"],\"Effect\":\"Allow\",\"Resource\":[\"*\"]},{\"Action\":[\"codebuild:StartBuild\",\"codebuild:StopBuild\",\"codebuild:BatchGet*\",\"codebuild:Get*\",\"codebuild:List*\",\"codecommit:GetBranch\",\"codecommit:GetCommit\",\"codecommit:GetRepository\",\"codecommit:ListBranches\"],\"Effect\":\"Allow\",\"Resource\":\"*\"},{\"Action\":[\"s3:*\"],\"Effect\":\"Allow\",\"Resource\":[\"arn:aws:s3:::aft-customizations-pipeline-209330743040\",\"arn:aws:s3:::aft-customizations-pipeline-209330743040/*\"]},{\"Action\":[\"ec2:CreateNetworkInterface\",\"ec2:DescribeDhcpOptions\",\"ec2:DescribeNetworkInterfaces\",\"ec2:DeleteNetworkInterface\",\"ec2:DescribeSubnets\",\"ec2:DescribeSecurityGroups\",\"ec2:DescribeVpcs\"],\"Effect\":\"Allow\",\"Resource\":\"*\"},{\"Action\":[\"ec2:CreateNetworkInterfacePermission\"],\"Effect\":\"Allow\",\"Resource\":[\"arn:aws:ec2:us-east-1:209330743040:network-interface/*\"]},{\"Action\":[\"ssm:GetParameters\",\"ssm:GetParameter\"],\"Effect\":\"Allow\",\"Resource\":[\"arn:aws:ssm:us-east-1:209330743040:parameter/aft/*\"]},{\"Action\":[\"kms:Decrypt\",\"kms:GenerateDataKey\"],\"Effect\":\"Allow\",\"Resource\":\"arn:aws:kms:us-east-1:209330743040:key/89104c7a-ebe1-42ee-930b-caa51544f46a\"}]}",
            "role": "python-layer-builder-aft-common-1wo7y3u0"
          },
          "sensitive_attributes": [],
          "identity_schema_version": 0,
          "identity": {
            "account_id": "209330743040",
            "name": "terraform-20260303122917630100000001",
            "role": "python-layer-builder-aft-common-1wo7y3u0"
          },
          "private": "bnVsbA==",
          "dependencies": [
            "module.aft.data.aws_partition.current",
            "module.aft.module.aft_account_request_framework.aws_kms_key.aft",
            "module.aft.module.aft_account_request_framework.data.aws_caller_identity.aft-management",
            "module.aft.module.aft_account_request_framework.data.aws_partition.current",
            "module.aft.module.aft_account_request_framework.data.aws_region.aft-management",
            "module.aft.module.aft_customizations.aws_s3_bucket.aft_codepipeline_customizations_bucket",
            "module.aft.module.aft_customizations.data.aws_caller_identity.current",
            "module.aft.module.aft_lambda_layer.aws_iam_role.codebuild",
            "module.aft.module.aft_lambda_layer.data.aws_caller_identity.session",
            "module.aft.module.aft_lambda_layer.data.aws_partition.current",
            "module.aft.module.aft_lambda_layer.random_string.resource_suffix"
          ]
        }
      ]
    },
    {
      "module": "module.aft.module.aft_lambda_layer",
      "mode": "managed",
      "type": "aws_iam_role_policy",
      "name": "codebuild_trigger_policy",
      "provider": "module.aft.provider[\"registry.terraform.io/hashicorp/aws\"].aft_management",
      "instances": [
        {
          "schema_version": 0,
          "attributes": {
            "id": "codebuild_trigger_role:terraform-20260303133951883800000001",
            "name": "terraform-20260303133951883800000001",
            "name_prefix": "terraform-",
            "policy": "{\"Version\":\"2012-10-17\",\"Statement\":[{\"Action\":[\"codebuild:BatchGetBuilds\",\"codebuild:StartBuild\"],\"Effect\":\"Allow\",\"Resource\":\"arn:aws:codebuild:us-east-1:209330743040:project/python-layer-builder-aft-common-1wo7y3u0\"},{\"Action\":[\"logs:CreateLogGroup\"],\"Effect\":\"Allow\",\"Resource\":\"arn:aws:logs:us-east-1:209330743040:*\"},{\"Action\":[\"logs:CreateLogGroup\",\"logs:PutLogEvents\"],\"Effect\":\"Allow\",\"Resource\":\"arn:aws:logs:us-east-1:209330743040:log-group:/aws/lambda/aft-lambda-layer-codebuild-trigger:*\"}]}",
            "role": "codebuild_trigger_role"
          },
          "sensitive_attributes": [],
          "identity_schema_version": 0,
          "identity": {
            "account_id": "209330743040",
            "name": "terraform-20260303133951883800000001",
            "role": "codebuild_trigger_role"
          },
          "private": "bnVsbA==",
          "dependencies": [
            "module.aft.data.aws_partition.current",
            "module.aft.data.local_file.python_version",
            "module.aft.module.aft_account_request_framework.aws_kms_key.aft",
            "module.aft.module.aft_account_request_framework.aws_security_group.aft_vpc_default_sg",
            "module.aft.module.aft_account_request_framework.aws_subnet.aft_vpc_private_subnet_01",
            "module.aft.module.aft_account_request_framework.aws_subnet.aft_vpc_private_subnet_02",
            "module.aft.module.aft_account_request_framework.aws_vpc.aft_vpc",
            "module.aft.module.aft_account_request_framework.data.aws_availability_zones.available",
            "module.aft.module.aft_account_request_framework.data.aws_caller_identity.aft-management",
            "module.aft.module.aft_account_request_framework.data.aws_partition.current",
            "module.aft.module.aft_account_request_framework.data.aws_region.aft-management",
            "module.aft.module.aft_customizations.aws_s3_bucket.aft_codepipeline_customizations_bucket",
            "module.aft.module.aft_customizations.data.aws_caller_identity.current",
            "module.aft.module.aft_lambda_layer.aws_cloudwatch_log_group.codebuild_loggroup",
            "module.aft.module.aft_lambda_layer.aws_codebuild_project.codebuild",
            "module.aft.module.aft_lambda_layer.aws_iam_role.codebuild",
            "module.aft.module.aft_lambda_layer.aws_iam_role.codebuild_trigger_lambda_role",
            "module.aft.module.aft_lambda_layer.data.aws_caller_identity.session",
            "module.aft.module.aft_lambda_layer.data.aws_partition.current",
            "module.aft.module.aft_lambda_layer.data.local_file.aft_lambda_layer",
            "module.aft.module.aft_lambda_layer.random_string.resource_suffix"
          ]
        }
      ]
    },
    {
      "module": "module.aft.module.aft_lambda_layer",
      "mode": "managed",
      "type": "aws_iam_role_policy_attachment",
      "name": "codebuild_trigger_VPC_access",
      "provider": "module.aft.provider[\"registry.terraform.io/hashicorp/aws\"].aft_management",
      "instances": [
        {
          "schema_version": 0,
          "attributes": {
            "id": "codebuild_trigger_role/arn:aws:iam::aws:policy/service-role/AWSLambdaVPCAccessExecutionRole",
            "policy_arn": "arn:aws:iam::aws:policy/service-role/AWSLambdaVPCAccessExecutionRole",
            "role": "codebuild_trigger_role"
          },
          "sensitive_attributes": [],
          "identity_schema_version": 0,
          "identity": {
            "account_id": "209330743040",
            "policy_arn": "arn:aws:iam::aws:policy/service-role/AWSLambdaVPCAccessExecutionRole",
            "role": "codebuild_trigger_role"
          },
          "private": "bnVsbA==",
          "dependencies": [
            "module.aft.data.aws_partition.current",
            "module.aft.module.aft_lambda_layer.aws_iam_role.codebuild_trigger_lambda_role",
            "module.aft.module.aft_lambda_layer.data.aws_partition.current"
          ]
        }
      ]
    },
    {
      "module": "module.aft.module.aft_lambda_layer",
      "mode": "managed",
      "type": "random_string",
      "name": "resource_suffix",
      "provider": "provider[\"registry.terraform.io/hashicorp/random\"]",
      "instances": [
        {
          "schema_version": 2,
          "attributes": {
            "id": "1wo7y3u0",
            "keepers": null,
            "length": 8,
            "lower": true,
            "min_lower": 0,
            "min_numeric": 0,
            "min_special": 0,
            "min_upper": 0,
            "number": true,
            "numeric": true,
            "override_special": null,
            "result": "1wo7y3u0",
            "special": false,
            "upper": false
          },
          "sensitive_attributes": [],
          "identity_schema_version": 0,
          "create_before_destroy": true
        }
      ]
    },
    {
      "module": "module.aft.module.aft_ssm_parameters",
      "mode": "managed",
      "type": "aws_ssm_parameter",
      "name": "account_customizations_repo_branch",
      "provider": "module.aft.provider[\"registry.terraform.io/hashicorp/aws\"].aft_management",
      "instances": [
        {
          "schema_version": 0,
          "attributes": {
            "allowed_pattern": "",
            "arn": "arn:aws:ssm:us-east-1:209330743040:parameter/aft/config/account-customizations/repo-branch",
            "data_type": "text",
            "description": "",
            "has_value_wo": false,
            "id": "/aft/config/account-customizations/repo-branch",
            "insecure_value": null,
            "key_id": "",
            "name": "/aft/config/account-customizations/repo-branch",
            "overwrite": null,
            "region": "us-east-1",
            "tags": {},
            "tags_all": {
              "managed_by": "AFT"
            },
            "tier": "Standard",
            "type": "String",
            "value": "main",
            "value_wo": null,
            "value_wo_version": null,
            "version": 1
          },
          "sensitive_attributes": [
            [
              {
                "type": "get_attr",
                "value": "value"
              }
            ],
            [
              {
                "type": "get_attr",
                "value": "value_wo"
              }
            ]
          ],
          "identity_schema_version": 0,
          "identity": {
            "account_id": "209330743040",
            "name": "/aft/config/account-customizations/repo-branch",
            "region": "us-east-1"
          },
          "private": "bnVsbA==",
          "dependencies": [
            "module.aft.data.aws_partition.current"
          ]
        }
      ]
    },
    {
      "module": "module.aft.module.aft_ssm_parameters",
      "mode": "managed",
      "type": "aws_ssm_parameter",
      "name": "account_customizations_repo_name",
      "provider": "module.aft.provider[\"registry.terraform.io/hashicorp/aws\"].aft_management",
      "instances": [
        {
          "schema_version": 0,
          "attributes": {
            "allowed_pattern": "",
            "arn": "arn:aws:ssm:us-east-1:209330743040:parameter/aft/config/account-customizations/repo-name",
            "data_type": "text",
            "description": "",
            "has_value_wo": false,
            "id": "/aft/config/account-customizations/repo-name",
            "insecure_value": null,
            "key_id": "",
            "name": "/aft/config/account-customizations/repo-name",
            "overwrite": null,
            "region": "us-east-1",
            "tags": {},
            "tags_all": {
              "managed_by": "AFT"
            },
            "tier": "Standard",
            "type": "String",
            "value": "NavenC/learn-terraform-aft-account-customizations",
            "value_wo": null,
            "value_wo_version": null,
            "version": 1
          },
          "sensitive_attributes": [
            [
              {
                "type": "get_attr",
                "value": "value"
              }
            ],
            [
              {
                "type": "get_attr",
                "value": "value_wo"
              }
            ]
          ],
          "identity_schema_version": 0,
          "identity": {
            "account_id": "209330743040",
            "name": "/aft/config/account-customizations/repo-name",
            "region": "us-east-1"
          },
          "private": "bnVsbA==",
          "dependencies": [
            "module.aft.data.aws_partition.current"
          ]
        }
      ]
    },
    {
      "module": "module.aft.module.aft_ssm_parameters",
      "mode": "managed",
      "type": "aws_ssm_parameter",
      "name": "account_provisioning_customizations_repo_branch",
      "provider": "module.aft.provider[\"registry.terraform.io/hashicorp/aws\"].aft_management",
      "instances": [
        {
          "schema_version": 0,
          "attributes": {
            "allowed_pattern": "",
            "arn": "arn:aws:ssm:us-east-1:209330743040:parameter/aft/config/account-provisioning-customizations/repo-branch",
            "data_type": "text",
            "description": "",
            "has_value_wo": false,
            "id": "/aft/config/account-provisioning-customizations/repo-branch",
            "insecure_value": null,
            "key_id": "",
            "name": "/aft/config/account-provisioning-customizations/repo-branch",
            "overwrite": null,
            "region": "us-east-1",
            "tags": {},
            "tags_all": {
              "managed_by": "AFT"
            },
            "tier": "Standard",
            "type": "String",
            "value": "main",
            "value_wo": null,
            "value_wo_version": null,
            "version": 1
          },
          "sensitive_attributes": [
            [
              {
                "type": "get_attr",
                "value": "value"
              }
            ],
            [
              {
                "type": "get_attr",
                "value": "value_wo"
              }
            ]
          ],
          "identity_schema_version": 0,
          "identity": {
            "account_id": "209330743040",
            "name": "/aft/config/account-provisioning-customizations/repo-branch",
            "region": "us-east-1"
          },
          "private": "bnVsbA==",
          "dependencies": [
            "module.aft.data.aws_partition.current"
          ]
        }
      ]
    },
    {
      "module": "module.aft.module.aft_ssm_parameters",
      "mode": "managed",
      "type": "aws_ssm_parameter",
      "name": "account_provisioning_customizations_repo_name",
      "provider": "module.aft.provider[\"registry.terraform.io/hashicorp/aws\"].aft_management",
      "instances": [
        {
          "schema_version": 0,
          "attributes": {
            "allowed_pattern": "",
            "arn": "arn:aws:ssm:us-east-1:209330743040:parameter/aft/config/account-provisioning-customizations/repo-name",
            "data_type": "text",
            "description": "",
            "has_value_wo": false,
            "id": "/aft/config/account-provisioning-customizations/repo-name",
            "insecure_value": null,
            "key_id": "",
            "name": "/aft/config/account-provisioning-customizations/repo-name",
            "overwrite": null,
            "region": "us-east-1",
            "tags": {},
            "tags_all": {
              "managed_by": "AFT"
            },
            "tier": "Standard",
            "type": "String",
            "value": "NavenC/learn-terraform-aft-account-provisioning-customizations",
            "value_wo": null,
            "value_wo_version": null,
            "version": 1
          },
          "sensitive_attributes": [
            [
              {
                "type": "get_attr",
                "value": "value"
              }
            ],
            [
              {
                "type": "get_attr",
                "value": "value_wo"
              }
            ]
          ],
          "identity_schema_version": 0,
          "identity": {
            "account_id": "209330743040",
            "name": "/aft/config/account-provisioning-customizations/repo-name",
            "region": "us-east-1"
          },
          "private": "bnVsbA==",
          "dependencies": [
            "module.aft.data.aws_partition.current"
          ]
        }
      ]
    },
    {
      "module": "module.aft.module.aft_ssm_parameters",
      "mode": "managed",
      "type": "aws_ssm_parameter",
      "name": "account_request_repo_branch",
      "provider": "module.aft.provider[\"registry.terraform.io/hashicorp/aws\"].aft_management",
      "instances": [
        {
          "schema_version": 0,
          "attributes": {
            "allowed_pattern": "",
            "arn": "arn:aws:ssm:us-east-1:209330743040:parameter/aft/config/account-request/repo-branch",
            "data_type": "text",
            "description": "",
            "has_value_wo": false,
            "id": "/aft/config/account-request/repo-branch",
            "insecure_value": null,
            "key_id": "",
            "name": "/aft/config/account-request/repo-branch",
            "overwrite": null,
            "region": "us-east-1",
            "tags": {},
            "tags_all": {
              "managed_by": "AFT"
            },
            "tier": "Standard",
            "type": "String",
            "value": "main",
            "value_wo": null,
            "value_wo_version": null,
            "version": 1
          },
          "sensitive_attributes": [
            [
              {
                "type": "get_attr",
                "value": "value"
              }
            ],
            [
              {
                "type": "get_attr",
                "value": "value_wo"
              }
            ]
          ],
          "identity_schema_version": 0,
          "identity": {
            "account_id": "209330743040",
            "name": "/aft/config/account-request/repo-branch",
            "region": "us-east-1"
          },
          "private": "bnVsbA==",
          "dependencies": [
            "module.aft.data.aws_partition.current"
          ]
        }
      ]
    },
    {
      "module": "module.aft.module.aft_ssm_parameters",
      "mode": "managed",
      "type": "aws_ssm_parameter",
      "name": "account_request_repo_name",
      "provider": "module.aft.provider[\"registry.terraform.io/hashicorp/aws\"].aft_management",
      "instances": [
        {
          "schema_version": 0,
          "attributes": {
            "allowed_pattern": "",
            "arn": "arn:aws:ssm:us-east-1:209330743040:parameter/aft/config/account-request/repo-name",
            "data_type": "text",
            "description": "",
            "has_value_wo": false,
            "id": "/aft/config/account-request/repo-name",
            "insecure_value": null,
            "key_id": "",
            "name": "/aft/config/account-request/repo-name",
            "overwrite": null,
            "region": "us-east-1",
            "tags": {},
            "tags_all": {
              "managed_by": "AFT"
            },
            "tier": "Standard",
            "type": "String",
            "value": "NavenC/learn-terraform-aft-account-request",
            "value_wo": null,
            "value_wo_version": null,
            "version": 1
          },
          "sensitive_attributes": [
            [
              {
                "type": "get_attr",
                "value": "value"
              }
            ],
            [
              {
                "type": "get_attr",
                "value": "value_wo"
              }
            ]
          ],
          "identity_schema_version": 0,
          "identity": {
            "account_id": "209330743040",
            "name": "/aft/config/account-request/repo-name",
            "region": "us-east-1"
          },
          "private": "bnVsbA==",
          "dependencies": [
            "module.aft.data.aws_partition.current"
          ]
        }
      ]
    },
    {
      "module": "module.aft.module.aft_ssm_parameters",
      "mode": "managed",
      "type": "aws_ssm_parameter",
      "name": "aft_account_factory_product_name",
      "provider": "module.aft.provider[\"registry.terraform.io/hashicorp/aws\"].aft_management",
      "instances": [
        {
          "schema_version": 0,
          "attributes": {
            "allowed_pattern": "",
            "arn": "arn:aws:ssm:us-east-1:209330743040:parameter/aft/resources/sc/account-factory-product-name",
            "data_type": "text",
            "description": "",
            "has_value_wo": false,
            "id": "/aft/resources/sc/account-factory-product-name",
            "insecure_value": null,
            "key_id": "",
            "name": "/aft/resources/sc/account-factory-product-name",
            "overwrite": null,
            "region": "us-east-1",
            "tags": {},
            "tags_all": {
              "managed_by": "AFT"
            },
            "tier": "Standard",
            "type": "String",
            "value": "AWS Control Tower Account Factory",
            "value_wo": null,
            "value_wo_version": null,
            "version": 1
          },
          "sensitive_attributes": [
            [
              {
                "type": "get_attr",
                "value": "value"
              }
            ],
            [
              {
                "type": "get_attr",
                "value": "value_wo"
              }
            ]
          ],
          "identity_schema_version": 0,
          "identity": {
            "account_id": "209330743040",
            "name": "/aft/resources/sc/account-factory-product-name",
            "region": "us-east-1"
          },
          "private": "bnVsbA==",
          "dependencies": [
            "module.aft.data.aws_partition.current"
          ]
        }
      ]
    },
    {
      "module": "module.aft.module.aft_ssm_parameters",
      "mode": "managed",
      "type": "aws_ssm_parameter",
      "name": "aft_account_provisioning_framework_sfn_name",
      "provider": "module.aft.provider[\"registry.terraform.io/hashicorp/aws\"].aft_management",
      "instances": [
        {
          "schema_version": 0,
          "attributes": {
            "allowed_pattern": "",
            "arn": "arn:aws:ssm:us-east-1:209330743040:parameter/aft/account/aft-management/sfn/aft-account-provisioning-framework-sfn-name",
            "data_type": "text",
            "description": "",
            "has_value_wo": false,
            "id": "/aft/account/aft-management/sfn/aft-account-provisioning-framework-sfn-name",
            "insecure_value": null,
            "key_id": "",
            "name": "/aft/account/aft-management/sfn/aft-account-provisioning-framework-sfn-name",
            "overwrite": null,
            "region": "us-east-1",
            "tags": {},
            "tags_all": {
              "managed_by": "AFT"
            },
            "tier": "Standard",
            "type": "String",
            "value": "aft-account-provisioning-framework",
            "value_wo": null,
            "value_wo_version": null,
            "version": 1
          },
          "sensitive_attributes": [
            [
              {
                "type": "get_attr",
                "value": "value"
              }
            ],
            [
              {
                "type": "get_attr",
                "value": "value_wo"
              }
            ]
          ],
          "identity_schema_version": 0,
          "identity": {
            "account_id": "209330743040",
            "name": "/aft/account/aft-management/sfn/aft-account-provisioning-framework-sfn-name",
            "region": "us-east-1"
          },
          "private": "bnVsbA==",
          "dependencies": [
            "module.aft.data.aws_partition.current"
          ]
        }
      ]
    },
    {
      "module": "module.aft.module.aft_ssm_parameters",
      "mode": "managed",
      "type": "aws_ssm_parameter",
      "name": "aft_administrator_role_name",
      "provider": "module.aft.provider[\"registry.terraform.io/hashicorp/aws\"].aft_management",
      "instances": [
        {
          "schema_version": 0,
          "attributes": {
            "allowed_pattern": "",
            "arn": "arn:aws:ssm:us-east-1:209330743040:parameter/aft/resources/iam/aft-administrator-role-name",
            "data_type": "text",
            "description": "",
            "has_value_wo": false,
            "id": "/aft/resources/iam/aft-administrator-role-name",
            "insecure_value": null,
            "key_id": "",
            "name": "/aft/resources/iam/aft-administrator-role-name",
            "overwrite": null,
            "region": "us-east-1",
            "tags": {},
            "tags_all": {
              "managed_by": "AFT"
            },
            "tier": "Standard",
            "type": "String",
            "value": "AWSAFTAdmin",
            "value_wo": null,
            "value_wo_version": null,
            "version": 1
          },
          "sensitive_attributes": [
            [
              {
                "type": "get_attr",
                "value": "value"
              }
            ],
            [
              {
                "type": "get_attr",
                "value": "value_wo"
              }
            ]
          ],
          "identity_schema_version": 0,
          "identity": {
            "account_id": "209330743040",
            "name": "/aft/resources/iam/aft-administrator-role-name",
            "region": "us-east-1"
          },
          "private": "bnVsbA==",
          "dependencies": [
            "module.aft.data.aws_partition.current"
          ]
        }
      ]
    },
    {
      "module": "module.aft.module.aft_ssm_parameters",
      "mode": "managed",
      "type": "aws_ssm_parameter",
      "name": "aft_codepipeline_customizations_bucket_id",
      "provider": "module.aft.provider[\"registry.terraform.io/hashicorp/aws\"].aft_management",
      "instances": [
        {
          "schema_version": 0,
          "attributes": {
            "allowed_pattern": "",
            "arn": "arn:aws:ssm:us-east-1:209330743040:parameter/aft/config/customizations/aft_codepipeline_customizations_bucket_id",
            "data_type": "text",
            "description": "",
            "has_value_wo": false,
            "id": "/aft/config/customizations/aft_codepipeline_customizations_bucket_id",
            "insecure_value": null,
            "key_id": "",
            "name": "/aft/config/customizations/aft_codepipeline_customizations_bucket_id",
            "overwrite": null,
            "region": "us-east-1",
            "tags": {},
            "tags_all": {
              "managed_by": "AFT"
            },
            "tier": "Standard",
            "type": "String",
            "value": "aft-customizations-pipeline-209330743040",
            "value_wo": null,
            "value_wo_version": null,
            "version": 1
          },
          "sensitive_attributes": [
            [
              {
                "type": "get_attr",
                "value": "value"
              }
            ],
            [
              {
                "type": "get_attr",
                "value": "value_wo"
              }
            ]
          ],
          "identity_schema_version": 0,
          "identity": {
            "account_id": "209330743040",
            "name": "/aft/config/customizations/aft_codepipeline_customizations_bucket_id",
            "region": "us-east-1"
          },
          "private": "bnVsbA==",
          "dependencies": [
            "module.aft.data.aws_partition.current",
            "module.aft.module.aft_customizations.aws_s3_bucket.aft_codepipeline_customizations_bucket",
            "module.aft.module.aft_customizations.data.aws_caller_identity.current"
          ]
        }
      ]
    },
    {
      "module": "module.aft.module.aft_ssm_parameters",
      "mode": "managed",
      "type": "aws_ssm_parameter",
      "name": "aft_config_backend_bucket_id",
      "provider": "module.aft.provider[\"registry.terraform.io/hashicorp/aws\"].aft_management",
      "instances": [
        {
          "schema_version": 0,
          "attributes": {
            "allowed_pattern": "",
            "arn": "arn:aws:ssm:us-east-1:209330743040:parameter/aft/config/oss-backend/bucket-id",
            "data_type": "text",
            "description": "",
            "has_value_wo": false,
            "id": "/aft/config/oss-backend/bucket-id",
            "insecure_value": null,
            "key_id": "",
            "name": "/aft/config/oss-backend/bucket-id",
            "overwrite": null,
            "region": "us-east-1",
            "tags": {},
            "tags_all": {
              "managed_by": "AFT"
            },
            "tier": "Standard",
            "type": "String",
            "value": "aft-backend-209330743040-primary-region",
            "value_wo": null,
            "value_wo_version": null,
            "version": 1
          },
          "sensitive_attributes": [
            [
              {
                "type": "get_attr",
                "value": "value"
              }
            ],
            [
              {
                "type": "get_attr",
                "value": "value_wo"
              }
            ]
          ],
          "identity_schema_version": 0,
          "identity": {
            "account_id": "209330743040",
            "name": "/aft/config/oss-backend/bucket-id",
            "region": "us-east-1"
          },
          "private": "bnVsbA==",
          "dependencies": [
            "module.aft.data.aws_partition.current",
            "module.aft.module.aft_backend.aws_s3_bucket.primary-backend-bucket",
            "module.aft.module.aft_backend.data.aws_caller_identity.current"
          ]
        }
      ]
    },
    {
      "module": "module.aft.module.aft_ssm_parameters",
      "mode": "managed",
      "type": "aws_ssm_parameter",
      "name": "aft_config_backend_kms_key_id",
      "provider": "module.aft.provider[\"registry.terraform.io/hashicorp/aws\"].aft_management",
      "instances": [
        {
          "schema_version": 0,
          "attributes": {
            "allowed_pattern": "",
            "arn": "arn:aws:ssm:us-east-1:209330743040:parameter/aft/config/oss-backend/kms-key-id",
            "data_type": "text",
            "description": "",
            "has_value_wo": false,
            "id": "/aft/config/oss-backend/kms-key-id",
            "insecure_value": null,
            "key_id": "",
            "name": "/aft/config/oss-backend/kms-key-id",
            "overwrite": null,
            "region": "us-east-1",
            "tags": {},
            "tags_all": {
              "managed_by": "AFT"
            },
            "tier": "Standard",
            "type": "String",
            "value": "32db27d3-73ca-4a83-9ca5-d3654c073b1b",
            "value_wo": null,
            "value_wo_version": null,
            "version": 1
          },
          "sensitive_attributes": [
            [
              {
                "type": "get_attr",
                "value": "value"
              }
            ],
            [
              {
                "type": "get_attr",
                "value": "value_wo"
              }
            ]
          ],
          "identity_schema_version": 0,
          "identity": {
            "account_id": "209330743040",
            "name": "/aft/config/oss-backend/kms-key-id",
            "region": "us-east-1"
          },
          "private": "bnVsbA==",
          "dependencies": [
            "module.aft.data.aws_partition.current",
            "module.aft.module.aft_backend.aws_kms_key.encrypt-primary-region",
            "module.aft.module.aft_backend.data.aws_caller_identity.current"
          ]
        }
      ]
    },
    {
      "module": "module.aft.module.aft_ssm_parameters",
      "mode": "managed",
      "type": "aws_ssm_parameter",
      "name": "aft_config_backend_primary_region",
      "provider": "module.aft.provider[\"registry.terraform.io/hashicorp/aws\"].aft_management",
      "instances": [
        {
          "schema_version": 0,
          "attributes": {
            "allowed_pattern": "",
            "arn": "arn:aws:ssm:us-east-1:209330743040:parameter/aft/config/oss-backend/primary-region",
            "data_type": "text",
            "description": "",
            "has_value_wo": false,
            "id": "/aft/config/oss-backend/primary-region",
            "insecure_value": null,
            "key_id": "",
            "name": "/aft/config/oss-backend/primary-region",
            "overwrite": null,
            "region": "us-east-1",
            "tags": {},
            "tags_all": {
              "managed_by": "AFT"
            },
            "tier": "Standard",
            "type": "String",
            "value": "us-east-1",
            "value_wo": null,
            "value_wo_version": null,
            "version": 1
          },
          "sensitive_attributes": [
            [
              {
                "type": "get_attr",
                "value": "value"
              }
            ],
            [
              {
                "type": "get_attr",
                "value": "value_wo"
              }
            ]
          ],
          "identity_schema_version": 0,
          "identity": {
            "account_id": "209330743040",
            "name": "/aft/config/oss-backend/primary-region",
            "region": "us-east-1"
          },
          "private": "bnVsbA==",
          "dependencies": [
            "module.aft.data.aws_partition.current"
          ]
        }
      ]
    },
    {
      "module": "module.aft.module.aft_ssm_parameters",
      "mode": "managed",
      "type": "aws_ssm_parameter",
      "name": "aft_config_backend_secondary_region",
      "provider": "module.aft.provider[\"registry.terraform.io/hashicorp/aws\"].aft_management",
      "instances": [
        {
          "index_key": 0,
          "schema_version": 0,
          "attributes": {
            "allowed_pattern": "",
            "arn": "arn:aws:ssm:us-east-1:209330743040:parameter/aft/config/oss-backend/secondary-region",
            "data_type": "text",
            "description": "",
            "has_value_wo": false,
            "id": "/aft/config/oss-backend/secondary-region",
            "insecure_value": null,
            "key_id": "",
            "name": "/aft/config/oss-backend/secondary-region",
            "overwrite": null,
            "region": "us-east-1",
            "tags": {},
            "tags_all": {
              "managed_by": "AFT"
            },
            "tier": "Standard",
            "type": "String",
            "value": "us-east-2",
            "value_wo": null,
            "value_wo_version": null,
            "version": 1
          },
          "sensitive_attributes": [
            [
              {
                "type": "get_attr",
                "value": "value"
              }
            ],
            [
              {
                "type": "get_attr",
                "value": "value_wo"
              }
            ]
          ],
          "identity_schema_version": 0,
          "identity": {
            "account_id": "209330743040",
            "name": "/aft/config/oss-backend/secondary-region",
            "region": "us-east-1"
          },
          "private": "bnVsbA==",
          "dependencies": [
            "module.aft.data.aws_partition.current"
          ]
        }
      ]
    },
    {
      "module": "module.aft.module.aft_ssm_parameters",
      "mode": "managed",
      "type": "aws_ssm_parameter",
      "name": "aft_config_backend_table_id",
      "provider": "module.aft.provider[\"registry.terraform.io/hashicorp/aws\"].aft_management",
      "instances": [
        {
          "schema_version": 0,
          "attributes": {
            "allowed_pattern": "",
            "arn": "arn:aws:ssm:us-east-1:209330743040:parameter/aft/config/oss-backend/table-id",
            "data_type": "text",
            "description": "",
            "has_value_wo": false,
            "id": "/aft/config/oss-backend/table-id",
            "insecure_value": null,
            "key_id": "",
            "name": "/aft/config/oss-backend/table-id",
            "overwrite": null,
            "region": "us-east-1",
            "tags": {},
            "tags_all": {
              "managed_by": "AFT"
            },
            "tier": "Standard",
            "type": "String",
            "value": "aft-backend-209330743040",
            "value_wo": null,
            "value_wo_version": null,
            "version": 1
          },
          "sensitive_attributes": [
            [
              {
                "type": "get_attr",
                "value": "value"
              }
            ],
            [
              {
                "type": "get_attr",
                "value": "value_wo"
              }
            ]
          ],
          "identity_schema_version": 0,
          "identity": {
            "account_id": "209330743040",
            "name": "/aft/config/oss-backend/table-id",
            "region": "us-east-1"
          },
          "private": "bnVsbA==",
          "dependencies": [
            "module.aft.data.aws_partition.current",
            "module.aft.module.aft_backend.aws_dynamodb_table.lock-table",
            "module.aft.module.aft_backend.aws_kms_key.encrypt-primary-region",
            "module.aft.module.aft_backend.aws_kms_key.encrypt-secondary-region",
            "module.aft.module.aft_backend.data.aws_caller_identity.current"
          ]
        }
      ]
    },
    {
      "module": "module.aft.module.aft_ssm_parameters",
      "mode": "managed",
      "type": "aws_ssm_parameter",
      "name": "aft_controltower_events_table_name",
      "provider": "module.aft.provider[\"registry.terraform.io/hashicorp/aws\"].aft_management",
      "instances": [
        {
          "schema_version": 0,
          "attributes": {
            "allowed_pattern": "",
            "arn": "arn:aws:ssm:us-east-1:209330743040:parameter/aft/resources/ddb/aft-controltower-events-table-name",
            "data_type": "text",
            "description": "",
            "has_value_wo": false,
            "id": "/aft/resources/ddb/aft-controltower-events-table-name",
            "insecure_value": null,
            "key_id": "",
            "name": "/aft/resources/ddb/aft-controltower-events-table-name",
            "overwrite": null,
            "region": "us-east-1",
            "tags": {},
            "tags_all": {
              "managed_by": "AFT"
            },
            "tier": "Standard",
            "type": "String",
            "value": "aft-controltower-events",
            "value_wo": null,
            "value_wo_version": null,
            "version": 1
          },
          "sensitive_attributes": [
            [
              {
                "type": "get_attr",
                "value": "value"
              }
            ],
            [
              {
                "type": "get_attr",
                "value": "value_wo"
              }
            ]
          ],
          "identity_schema_version": 0,
          "identity": {
            "account_id": "209330743040",
            "name": "/aft/resources/ddb/aft-controltower-events-table-name",
            "region": "us-east-1"
          },
          "private": "bnVsbA==",
          "dependencies": [
            "module.aft.data.aws_partition.current",
            "module.aft.module.aft_account_request_framework.aws_dynamodb_table.aft_controltower_events",
            "module.aft.module.aft_account_request_framework.aws_kms_key.aft",
            "module.aft.module.aft_account_request_framework.data.aws_caller_identity.aft-management",
            "module.aft.module.aft_account_request_framework.data.aws_partition.current",
            "module.aft.module.aft_account_request_framework.data.aws_region.aft-management"
          ]
        }
      ]
    },
    {
      "module": "module.aft.module.aft_ssm_parameters",
      "mode": "managed",
      "type": "aws_ssm_parameter",
      "name": "aft_execution_role_name",
      "provider": "module.aft.provider[\"registry.terraform.io/hashicorp/aws\"].aft_management",
      "instances": [
        {
          "schema_version": 0,
          "attributes": {
            "allowed_pattern": "",
            "arn": "arn:aws:ssm:us-east-1:209330743040:parameter/aft/resources/iam/aft-execution-role-name",
            "data_type": "text",
            "description": "",
            "has_value_wo": false,
            "id": "/aft/resources/iam/aft-execution-role-name",
            "insecure_value": null,
            "key_id": "",
            "name": "/aft/resources/iam/aft-execution-role-name",
            "overwrite": null,
            "region": "us-east-1",
            "tags": {},
            "tags_all": {
              "managed_by": "AFT"
            },
            "tier": "Standard",
            "type": "String",
            "value": "AWSAFTExecution",
            "value_wo": null,
            "value_wo_version": null,
            "version": 1
          },
          "sensitive_attributes": [
            [
              {
                "type": "get_attr",
                "value": "value"
              }
            ],
            [
              {
                "type": "get_attr",
                "value": "value_wo"
              }
            ]
          ],
          "identity_schema_version": 0,
          "identity": {
            "account_id": "209330743040",
            "name": "/aft/resources/iam/aft-execution-role-name",
            "region": "us-east-1"
          },
          "private": "bnVsbA==",
          "dependencies": [
            "module.aft.data.aws_partition.current"
          ]
        }
      ]
    },
    {
      "module": "module.aft.module.aft_ssm_parameters",
      "mode": "managed",
      "type": "aws_ssm_parameter",
      "name": "aft_failure_sns_topic_arn",
      "provider": "module.aft.provider[\"registry.terraform.io/hashicorp/aws\"].aft_management",
      "instances": [
        {
          "schema_version": 0,
          "attributes": {
            "allowed_pattern": "",
            "arn": "arn:aws:ssm:us-east-1:209330743040:parameter/aft/account/aft-management/sns/failure-topic-arn",
            "data_type": "text",
            "description": "",
            "has_value_wo": false,
            "id": "/aft/account/aft-management/sns/failure-topic-arn",
            "insecure_value": null,
            "key_id": "",
            "name": "/aft/account/aft-management/sns/failure-topic-arn",
            "overwrite": null,
            "region": "us-east-1",
            "tags": {},
            "tags_all": {
              "managed_by": "AFT"
            },
            "tier": "Standard",
            "type": "String",
            "value": "arn:aws:sns:us-east-1:209330743040:aft-failure-notifications",
            "value_wo": null,
            "value_wo_version": null,
            "version": 1
          },
          "sensitive_attributes": [
            [
              {
                "type": "get_attr",
                "value": "value"
              }
            ],
            [
              {
                "type": "get_attr",
                "value": "value_wo"
              }
            ]
          ],
          "identity_schema_version": 0,
          "identity": {
            "account_id": "209330743040",
            "name": "/aft/account/aft-management/sns/failure-topic-arn",
            "region": "us-east-1"
          },
          "private": "bnVsbA==",
          "dependencies": [
            "module.aft.data.aws_partition.current",
            "module.aft.module.aft_account_request_framework.aws_kms_key.aft",
            "module.aft.module.aft_account_request_framework.aws_sns_topic.aft_failure_notifications",
            "module.aft.module.aft_account_request_framework.data.aws_caller_identity.aft-management",
            "module.aft.module.aft_account_request_framework.data.aws_partition.current",
            "module.aft.module.aft_account_request_framework.data.aws_region.aft-management"
          ]
        }
      ]
    },
    {
      "module": "module.aft.module.aft_ssm_parameters",
      "mode": "managed",
      "type": "aws_ssm_parameter",
      "name": "aft_feature_cloudtrail_data_events",
      "provider": "module.aft.provider[\"registry.terraform.io/hashicorp/aws\"].aft_management",
      "instances": [
        {
          "schema_version": 0,
          "attributes": {
            "allowed_pattern": "",
            "arn": "arn:aws:ssm:us-east-1:209330743040:parameter/aft/config/feature/cloudtrail-data-events-enabled",
            "data_type": "text",
            "description": "",
            "has_value_wo": false,
            "id": "/aft/config/feature/cloudtrail-data-events-enabled",
            "insecure_value": null,
            "key_id": "",
            "name": "/aft/config/feature/cloudtrail-data-events-enabled",
            "overwrite": null,
            "region": "us-east-1",
            "tags": {},
            "tags_all": {
              "managed_by": "AFT"
            },
            "tier": "Standard",
            "type": "String",
            "value": "false",
            "value_wo": null,
            "value_wo_version": null,
            "version": 1
          },
          "sensitive_attributes": [
            [
              {
                "type": "get_attr",
                "value": "value"
              }
            ],
            [
              {
                "type": "get_attr",
                "value": "value_wo"
              }
            ]
          ],
          "identity_schema_version": 0,
          "identity": {
            "account_id": "209330743040",
            "name": "/aft/config/feature/cloudtrail-data-events-enabled",
            "region": "us-east-1"
          },
          "private": "bnVsbA==",
          "dependencies": [
            "module.aft.data.aws_partition.current"
          ]
        }
      ]
    },
    {
      "module": "module.aft.module.aft_ssm_parameters",
      "mode": "managed",
      "type": "aws_ssm_parameter",
      "name": "aft_feature_delete_default_vpcs_enabled",
      "provider": "module.aft.provider[\"registry.terraform.io/hashicorp/aws\"].aft_management",
      "instances": [
        {
          "schema_version": 0,
          "attributes": {
            "allowed_pattern": "",
            "arn": "arn:aws:ssm:us-east-1:209330743040:parameter/aft/config/feature/delete-default-vpcs-enabled",
            "data_type": "text",
            "description": "",
            "has_value_wo": false,
            "id": "/aft/config/feature/delete-default-vpcs-enabled",
            "insecure_value": null,
            "key_id": "",
            "name": "/aft/config/feature/delete-default-vpcs-enabled",
            "overwrite": null,
            "region": "us-east-1",
            "tags": {},
            "tags_all": {
              "managed_by": "AFT"
            },
            "tier": "Standard",
            "type": "String",
            "value": "false",
            "value_wo": null,
            "value_wo_version": null,
            "version": 1
          },
          "sensitive_attributes": [
            [
              {
                "type": "get_attr",
                "value": "value"
              }
            ],
            [
              {
                "type": "get_attr",
                "value": "value_wo"
              }
            ]
          ],
          "identity_schema_version": 0,
          "identity": {
            "account_id": "209330743040",
            "name": "/aft/config/feature/delete-default-vpcs-enabled",
            "region": "us-east-1"
          },
          "private": "bnVsbA==",
          "dependencies": [
            "module.aft.data.aws_partition.current"
          ]
        }
      ]
    },
    {
      "module": "module.aft.module.aft_ssm_parameters",
      "mode": "managed",
      "type": "aws_ssm_parameter",
      "name": "aft_feature_enterprise_support",
      "provider": "module.aft.provider[\"registry.terraform.io/hashicorp/aws\"].aft_management",
      "instances": [
        {
          "schema_version": 0,
          "attributes": {
            "allowed_pattern": "",
            "arn": "arn:aws:ssm:us-east-1:209330743040:parameter/aft/config/feature/enterprise-support-enabled",
            "data_type": "text",
            "description": "",
            "has_value_wo": false,
            "id": "/aft/config/feature/enterprise-support-enabled",
            "insecure_value": null,
            "key_id": "",
            "name": "/aft/config/feature/enterprise-support-enabled",
            "overwrite": null,
            "region": "us-east-1",
            "tags": {},
            "tags_all": {
              "managed_by": "AFT"
            },
            "tier": "Standard",
            "type": "String",
            "value": "false",
            "value_wo": null,
            "value_wo_version": null,
            "version": 1
          },
          "sensitive_attributes": [
            [
              {
                "type": "get_attr",
                "value": "value"
              }
            ],
            [
              {
                "type": "get_attr",
                "value": "value_wo"
              }
            ]
          ],
          "identity_schema_version": 0,
          "identity": {
            "account_id": "209330743040",
            "name": "/aft/config/feature/enterprise-support-enabled",
            "region": "us-east-1"
          },
          "private": "bnVsbA==",
          "dependencies": [
            "module.aft.data.aws_partition.current"
          ]
        }
      ]
    },
    {
      "module": "module.aft.module.aft_ssm_parameters",
      "mode": "managed",
      "type": "aws_ssm_parameter",
      "name": "aft_framework_repo_git_ref",
      "provider": "module.aft.provider[\"registry.terraform.io/hashicorp/aws\"].aft_management",
      "instances": [
        {
          "schema_version": 0,
          "attributes": {
            "allowed_pattern": "",
            "arn": "arn:aws:ssm:us-east-1:209330743040:parameter/aft/config/aft-pipeline-code-source/repo-git-ref",
            "data_type": "text",
            "description": "",
            "has_value_wo": false,
            "id": "/aft/config/aft-pipeline-code-source/repo-git-ref",
            "insecure_value": null,
            "key_id": "",
            "name": "/aft/config/aft-pipeline-code-source/repo-git-ref",
            "overwrite": null,
            "region": "us-east-1",
            "tags": {},
            "tags_all": {
              "managed_by": "AFT"
            },
            "tier": "Standard",
            "type": "String",
            "value": "1.18.1",
            "value_wo": null,
            "value_wo_version": null,
            "version": 1
          },
          "sensitive_attributes": [
            [
              {
                "type": "get_attr",
                "value": "value"
              }
            ],
            [
              {
                "type": "get_attr",
                "value": "value_wo"
              }
            ]
          ],
          "identity_schema_version": 0,
          "identity": {
            "account_id": "209330743040",
            "name": "/aft/config/aft-pipeline-code-source/repo-git-ref",
            "region": "us-east-1"
          },
          "private": "bnVsbA==",
          "dependencies": [
            "module.aft.data.aws_partition.current",
            "module.aft.data.local_file.version"
          ]
        }
      ]
    },
    {
      "module": "module.aft.module.aft_ssm_parameters",
      "mode": "managed",
      "type": "aws_ssm_parameter",
      "name": "aft_framework_repo_url",
      "provider": "module.aft.provider[\"registry.terraform.io/hashicorp/aws\"].aft_management",
      "instances": [
        {
          "schema_version": 0,
          "attributes": {
            "allowed_pattern": "",
            "arn": "arn:aws:ssm:us-east-1:209330743040:parameter/aft/config/aft-pipeline-code-source/repo-url",
            "data_type": "text",
            "description": "",
            "has_value_wo": false,
            "id": "/aft/config/aft-pipeline-code-source/repo-url",
            "insecure_value": null,
            "key_id": "",
            "name": "/aft/config/aft-pipeline-code-source/repo-url",
            "overwrite": null,
            "region": "us-east-1",
            "tags": {},
            "tags_all": {
              "managed_by": "AFT"
            },
            "tier": "Standard",
            "type": "String",
            "value": "https://github.com/aws-ia/terraform-aws-control_tower_account_factory.git",
            "value_wo": null,
            "value_wo_version": null,
            "version": 1
          },
          "sensitive_attributes": [
            [
              {
                "type": "get_attr",
                "value": "value"
              }
            ],
            [
              {
                "type": "get_attr",
                "value": "value_wo"
              }
            ]
          ],
          "identity_schema_version": 0,
          "identity": {
            "account_id": "209330743040",
            "name": "/aft/config/aft-pipeline-code-source/repo-url",
            "region": "us-east-1"
          },
          "private": "bnVsbA==",
          "dependencies": [
            "module.aft.data.aws_partition.current"
          ]
        }
      ]
    },
    {
      "module": "module.aft.module.aft_ssm_parameters",
      "mode": "managed",
      "type": "aws_ssm_parameter",
      "name": "aft_log_key_arn",
      "provider": "module.aft.provider[\"registry.terraform.io/hashicorp/aws\"].aft_management",
      "instances": [
        {
          "schema_version": 0,
          "attributes": {
            "allowed_pattern": "",
            "arn": "arn:aws:ssm:us-east-1:209330743040:parameter/aft/account/log-archive/kms_key_arn",
            "data_type": "text",
            "description": "",
            "has_value_wo": false,
            "id": "/aft/account/log-archive/kms_key_arn",
            "insecure_value": null,
            "key_id": "",
            "name": "/aft/account/log-archive/kms_key_arn",
            "overwrite": null,
            "region": "us-east-1",
            "tags": {},
            "tags_all": {
              "managed_by": "AFT"
            },
            "tier": "Standard",
            "type": "String",
            "value": "arn:aws:kms:us-east-1:407902217769:key/6bb98b07-ec54-4644-a05b-378fcc2ae874",
            "value_wo": null,
            "value_wo_version": null,
            "version": 1
          },
          "sensitive_attributes": [
            [
              {
                "type": "get_attr",
                "value": "value"
              }
            ],
            [
              {
                "type": "get_attr",
                "value": "value_wo"
              }
            ]
          ],
          "identity_schema_version": 0,
          "identity": {
            "account_id": "209330743040",
            "name": "/aft/account/log-archive/kms_key_arn",
            "region": "us-east-1"
          },
          "private": "bnVsbA==",
          "dependencies": [
            "module.aft.data.aws_partition.current",
            "module.aft.module.aft_feature_options.aws_kms_key.aft_log_key",
            "module.aft.module.aft_feature_options.data.aws_partition.current"
          ]
        }
      ]
    },
    {
      "module": "module.aft.module.aft_ssm_parameters",
      "mode": "managed",
      "type": "aws_ssm_parameter",
      "name": "aft_logging_bucket_arn",
      "provider": "module.aft.provider[\"registry.terraform.io/hashicorp/aws\"].aft_management",
      "instances": [
        {
          "schema_version": 0,
          "attributes": {
            "allowed_pattern": "",
            "arn": "arn:aws:ssm:us-east-1:209330743040:parameter/aft/account/log-archive/log_bucket_arn",
            "data_type": "text",
            "description": "",
            "has_value_wo": false,
            "id": "/aft/account/log-archive/log_bucket_arn",
            "insecure_value": null,
            "key_id": "",
            "name": "/aft/account/log-archive/log_bucket_arn",
            "overwrite": null,
            "region": "us-east-1",
            "tags": {},
            "tags_all": {
              "managed_by": "AFT"
            },
            "tier": "Standard",
            "type": "String",
            "value": "arn:aws:s3:::aws-aft-logs-407902217769-us-east-1",
            "value_wo": null,
            "value_wo_version": null,
            "version": 1
          },
          "sensitive_attributes": [
            [
              {
                "type": "get_attr",
                "value": "value"
              }
            ],
            [
              {
                "type": "get_attr",
                "value": "value_wo"
              }
            ]
          ],
          "identity_schema_version": 0,
          "identity": {
            "account_id": "209330743040",
            "name": "/aft/account/log-archive/log_bucket_arn",
            "region": "us-east-1"
          },
          "private": "bnVsbA==",
          "dependencies": [
            "module.aft.data.aws_partition.current",
            "module.aft.module.aft_feature_options.aws_s3_bucket.aft_logging_bucket",
            "module.aft.module.aft_feature_options.data.aws_region.current"
          ]
        }
      ]
    },
    {
      "module": "module.aft.module.aft_ssm_parameters",
      "mode": "managed",
      "type": "aws_ssm_parameter",
      "name": "aft_management_account_id",
      "provider": "module.aft.provider[\"registry.terraform.io/hashicorp/aws\"].aft_management",
      "instances": [
        {
          "schema_version": 0,
          "attributes": {
            "allowed_pattern": "",
            "arn": "arn:aws:ssm:us-east-1:209330743040:parameter/aft/account/aft-management/account-id",
            "data_type": "text",
            "description": "",
            "has_value_wo": false,
            "id": "/aft/account/aft-management/account-id",
            "insecure_value": null,
            "key_id": "",
            "name": "/aft/account/aft-management/account-id",
            "overwrite": null,
            "region": "us-east-1",
            "tags": {},
            "tags_all": {
              "managed_by": "AFT"
            },
            "tier": "Standard",
            "type": "String",
            "value": "209330743040",
            "value_wo": null,
            "value_wo_version": null,
            "version": 1
          },
          "sensitive_attributes": [
            [
              {
                "type": "get_attr",
                "value": "value"
              }
            ],
            [
              {
                "type": "get_attr",
                "value": "value_wo"
              }
            ]
          ],
          "identity_schema_version": 0,
          "identity": {
            "account_id": "209330743040",
            "name": "/aft/account/aft-management/account-id",
            "region": "us-east-1"
          },
          "private": "bnVsbA==",
          "dependencies": [
            "module.aft.data.aws_partition.current"
          ]
        }
      ]
    },
    {
      "module": "module.aft.module.aft_ssm_parameters",
      "mode": "managed",
      "type": "aws_ssm_parameter",
      "name": "aft_maximum_concurrent_customizations",
      "provider": "module.aft.provider[\"registry.terraform.io/hashicorp/aws\"].aft_management",
      "instances": [
        {
          "schema_version": 0,
          "attributes": {
            "allowed_pattern": "",
            "arn": "arn:aws:ssm:us-east-1:209330743040:parameter/aft/config/customizations/maximum_concurrent_customizations",
            "data_type": "text",
            "description": "",
            "has_value_wo": false,
            "id": "/aft/config/customizations/maximum_concurrent_customizations",
            "insecure_value": null,
            "key_id": "",
            "name": "/aft/config/customizations/maximum_concurrent_customizations",
            "overwrite": null,
            "region": "us-east-1",
            "tags": {},
            "tags_all": {
              "managed_by": "AFT"
            },
            "tier": "Standard",
            "type": "String",
            "value": "5",
            "value_wo": null,
            "value_wo_version": null,
            "version": 1
          },
          "sensitive_attributes": [
            [
              {
                "type": "get_attr",
                "value": "value"
              }
            ],
            [
              {
                "type": "get_attr",
                "value": "value_wo"
              }
            ]
          ],
          "identity_schema_version": 0,
          "identity": {
            "account_id": "209330743040",
            "name": "/aft/config/customizations/maximum_concurrent_customizations",
            "region": "us-east-1"
          },
          "private": "bnVsbA==",
          "dependencies": [
            "module.aft.data.aws_partition.current"
          ]
        }
      ]
    },
    {
      "module": "module.aft.module.aft_ssm_parameters",
      "mode": "managed",
      "type": "aws_ssm_parameter",
      "name": "aft_metrics_reporting",
      "provider": "module.aft.provider[\"registry.terraform.io/hashicorp/aws\"].aft_management",
      "instances": [
        {
          "schema_version": 0,
          "attributes": {
            "allowed_pattern": "",
            "arn": "arn:aws:ssm:us-east-1:209330743040:parameter/aft/config/metrics-reporting",
            "data_type": "text",
            "description": "",
            "has_value_wo": false,
            "id": "/aft/config/metrics-reporting",
            "insecure_value": null,
            "key_id": "",
            "name": "/aft/config/metrics-reporting",
            "overwrite": null,
            "region": "us-east-1",
            "tags": {},
            "tags_all": {
              "managed_by": "AFT"
            },
            "tier": "Standard",
            "type": "String",
            "value": "true",
            "value_wo": null,
            "value_wo_version": null,
            "version": 1
          },
          "sensitive_attributes": [
            [
              {
                "type": "get_attr",
                "value": "value"
              }
            ],
            [
              {
                "type": "get_attr",
                "value": "value_wo"
              }
            ]
          ],
          "identity_schema_version": 0,
          "identity": {
            "account_id": "209330743040",
            "name": "/aft/config/metrics-reporting",
            "region": "us-east-1"
          },
          "private": "bnVsbA==",
          "dependencies": [
            "module.aft.data.aws_partition.current"
          ]
        }
      ]
    },
    {
      "module": "module.aft.module.aft_ssm_parameters",
      "mode": "managed",
      "type": "aws_ssm_parameter",
      "name": "aft_metrics_reporting_uuid",
      "provider": "module.aft.provider[\"registry.terraform.io/hashicorp/aws\"].aft_management",
      "instances": [
        {
          "schema_version": 0,
          "attributes": {
            "allowed_pattern": "",
            "arn": "arn:aws:ssm:us-east-1:209330743040:parameter/aft/config/metrics-reporting-uuid",
            "data_type": "text",
            "description": "",
            "has_value_wo": false,
            "id": "/aft/config/metrics-reporting-uuid",
            "insecure_value": null,
            "key_id": "",
            "name": "/aft/config/metrics-reporting-uuid",
            "overwrite": null,
            "region": "us-east-1",
            "tags": {},
            "tags_all": {
              "managed_by": "AFT"
            },
            "tier": "Standard",
            "type": "String",
            "value": "fab2afe8-98c2-bd21-92a5-f2887ea6f7d9",
            "value_wo": null,
            "value_wo_version": null,
            "version": 1
          },
          "sensitive_attributes": [
            [
              {
                "type": "get_attr",
                "value": "value"
              }
            ],
            [
              {
                "type": "get_attr",
                "value": "value_wo"
              }
            ]
          ],
          "identity_schema_version": 0,
          "identity": {
            "account_id": "209330743040",
            "name": "/aft/config/metrics-reporting-uuid",
            "region": "us-east-1"
          },
          "private": "bnVsbA==",
          "dependencies": [
            "module.aft.data.aws_partition.current",
            "module.aft.module.aft_ssm_parameters.random_uuid.metrics_reporting_uuid"
          ]
        }
      ]
    },
    {
      "module": "module.aft.module.aft_ssm_parameters",
      "mode": "managed",
      "type": "aws_ssm_parameter",
      "name": "aft_request_audit_table_name",
      "provider": "module.aft.provider[\"registry.terraform.io/hashicorp/aws\"].aft_management",
      "instances": [
        {
          "schema_version": 0,
          "attributes": {
            "allowed_pattern": "",
            "arn": "arn:aws:ssm:us-east-1:209330743040:parameter/aft/resources/ddb/aft-request-audit-table-name",
            "data_type": "text",
            "description": "",
            "has_value_wo": false,
            "id": "/aft/resources/ddb/aft-request-audit-table-name",
            "insecure_value": null,
            "key_id": "",
            "name": "/aft/resources/ddb/aft-request-audit-table-name",
            "overwrite": null,
            "region": "us-east-1",
            "tags": {},
            "tags_all": {
              "managed_by": "AFT"
            },
            "tier": "Standard",
            "type": "String",
            "value": "aft-request-audit",
            "value_wo": null,
            "value_wo_version": null,
            "version": 1
          },
          "sensitive_attributes": [
            [
              {
                "type": "get_attr",
                "value": "value"
              }
            ],
            [
              {
                "type": "get_attr",
                "value": "value_wo"
              }
            ]
          ],
          "identity_schema_version": 0,
          "identity": {
            "account_id": "209330743040",
            "name": "/aft/resources/ddb/aft-request-audit-table-name",
            "region": "us-east-1"
          },
          "private": "bnVsbA==",
          "dependencies": [
            "module.aft.data.aws_partition.current",
            "module.aft.module.aft_account_request_framework.aws_dynamodb_table.aft_request_audit",
            "module.aft.module.aft_account_request_framework.aws_kms_key.aft",
            "module.aft.module.aft_account_request_framework.data.aws_caller_identity.aft-management",
            "module.aft.module.aft_account_request_framework.data.aws_partition.current",
            "module.aft.module.aft_account_request_framework.data.aws_region.aft-management"
          ]
        }
      ]
    },
    {
      "module": "module.aft.module.aft_ssm_parameters",
      "mode": "managed",
      "type": "aws_ssm_parameter",
      "name": "aft_request_metadata_table_name",
      "provider": "module.aft.provider[\"registry.terraform.io/hashicorp/aws\"].aft_management",
      "instances": [
        {
          "schema_version": 0,
          "attributes": {
            "allowed_pattern": "",
            "arn": "arn:aws:ssm:us-east-1:209330743040:parameter/aft/resources/ddb/aft-request-metadata-table-name",
            "data_type": "text",
            "description": "",
            "has_value_wo": false,
            "id": "/aft/resources/ddb/aft-request-metadata-table-name",
            "insecure_value": null,
            "key_id": "",
            "name": "/aft/resources/ddb/aft-request-metadata-table-name",
            "overwrite": null,
            "region": "us-east-1",
            "tags": {},
            "tags_all": {
              "managed_by": "AFT"
            },
            "tier": "Standard",
            "type": "String",
            "value": "aft-request-metadata",
            "value_wo": null,
            "value_wo_version": null,
            "version": 1
          },
          "sensitive_attributes": [
            [
              {
                "type": "get_attr",
                "value": "value"
              }
            ],
            [
              {
                "type": "get_attr",
                "value": "value_wo"
              }
            ]
          ],
          "identity_schema_version": 0,
          "identity": {
            "account_id": "209330743040",
            "name": "/aft/resources/ddb/aft-request-metadata-table-name",
            "region": "us-east-1"
          },
          "private": "bnVsbA==",
          "dependencies": [
            "module.aft.data.aws_partition.current",
            "module.aft.module.aft_account_request_framework.aws_dynamodb_table.aft_request_metadata",
            "module.aft.module.aft_account_request_framework.aws_kms_key.aft",
            "module.aft.module.aft_account_request_framework.data.aws_caller_identity.aft-management",
            "module.aft.module.aft_account_request_framework.data.aws_partition.current",
            "module.aft.module.aft_account_request_framework.data.aws_region.aft-management"
          ]
        }
      ]
    },
    {
      "module": "module.aft.module.aft_ssm_parameters",
      "mode": "managed",
      "type": "aws_ssm_parameter",
      "name": "aft_request_queue_name",
      "provider": "module.aft.provider[\"registry.terraform.io/hashicorp/aws\"].aft_management",
      "instances": [
        {
          "schema_version": 0,
          "attributes": {
            "allowed_pattern": "",
            "arn": "arn:aws:ssm:us-east-1:209330743040:parameter/aft/resources/sqs/aft-request-queue-name",
            "data_type": "text",
            "description": "",
            "has_value_wo": false,
            "id": "/aft/resources/sqs/aft-request-queue-name",
            "insecure_value": null,
            "key_id": "",
            "name": "/aft/resources/sqs/aft-request-queue-name",
            "overwrite": null,
            "region": "us-east-1",
            "tags": {},
            "tags_all": {
              "managed_by": "AFT"
            },
            "tier": "Standard",
            "type": "String",
            "value": "aft-account-request.fifo",
            "value_wo": null,
            "value_wo_version": null,
            "version": 1
          },
          "sensitive_attributes": [
            [
              {
                "type": "get_attr",
                "value": "value"
              }
            ],
            [
              {
                "type": "get_attr",
                "value": "value_wo"
              }
            ]
          ],
          "identity_schema_version": 0,
          "identity": {
            "account_id": "209330743040",
            "name": "/aft/resources/sqs/aft-request-queue-name",
            "region": "us-east-1"
          },
          "private": "bnVsbA==",
          "dependencies": [
            "module.aft.data.aws_partition.current",
            "module.aft.module.aft_account_request_framework.aws_kms_alias.aft",
            "module.aft.module.aft_account_request_framework.aws_kms_key.aft",
            "module.aft.module.aft_account_request_framework.aws_sqs_queue.aft_account_request",
            "module.aft.module.aft_account_request_framework.aws_sqs_queue.aft_account_request_dlq",
            "module.aft.module.aft_account_request_framework.data.aws_caller_identity.aft-management",
            "module.aft.module.aft_account_request_framework.data.aws_partition.current",
            "module.aft.module.aft_account_request_framework.data.aws_region.aft-management"
          ]
        }
      ]
    },
    {
      "module": "module.aft.module.aft_ssm_parameters",
      "mode": "managed",
      "type": "aws_ssm_parameter",
      "name": "aft_request_table_name",
      "provider": "module.aft.provider[\"registry.terraform.io/hashicorp/aws\"].aft_management",
      "instances": [
        {
          "schema_version": 0,
          "attributes": {
            "allowed_pattern": "",
            "arn": "arn:aws:ssm:us-east-1:209330743040:parameter/aft/resources/ddb/aft-request-table-name",
            "data_type": "text",
            "description": "",
            "has_value_wo": false,
            "id": "/aft/resources/ddb/aft-request-table-name",
            "insecure_value": null,
            "key_id": "",
            "name": "/aft/resources/ddb/aft-request-table-name",
            "overwrite": null,
            "region": "us-east-1",
            "tags": {},
            "tags_all": {
              "managed_by": "AFT"
            },
            "tier": "Standard",
            "type": "String",
            "value": "aft-request",
            "value_wo": null,
            "value_wo_version": null,
            "version": 1
          },
          "sensitive_attributes": [
            [
              {
                "type": "get_attr",
                "value": "value"
              }
            ],
            [
              {
                "type": "get_attr",
                "value": "value_wo"
              }
            ]
          ],
          "identity_schema_version": 0,
          "identity": {
            "account_id": "209330743040",
            "name": "/aft/resources/ddb/aft-request-table-name",
            "region": "us-east-1"
          },
          "private": "bnVsbA==",
          "dependencies": [
            "module.aft.data.aws_partition.current",
            "module.aft.module.aft_account_request_framework.aws_dynamodb_table.aft_request",
            "module.aft.module.aft_account_request_framework.aws_kms_key.aft",
            "module.aft.module.aft_account_request_framework.data.aws_caller_identity.aft-management",
            "module.aft.module.aft_account_request_framework.data.aws_partition.current",
            "module.aft.module.aft_account_request_framework.data.aws_region.aft-management"
          ]
        }
      ]
    },
    {
      "module": "module.aft.module.aft_ssm_parameters",
      "mode": "managed",
      "type": "aws_ssm_parameter",
      "name": "aft_session_name",
      "provider": "module.aft.provider[\"registry.terraform.io/hashicorp/aws\"].aft_management",
      "instances": [
        {
          "schema_version": 0,
          "attributes": {
            "allowed_pattern": "",
            "arn": "arn:aws:ssm:us-east-1:209330743040:parameter/aft/resources/iam/aft-session-name",
            "data_type": "text",
            "description": "",
            "has_value_wo": false,
            "id": "/aft/resources/iam/aft-session-name",
            "insecure_value": null,
            "key_id": "",
            "name": "/aft/resources/iam/aft-session-name",
            "overwrite": null,
            "region": "us-east-1",
            "tags": {},
            "tags_all": {
              "managed_by": "AFT"
            },
            "tier": "Standard",
            "type": "String",
            "value": "AWSAFT-Session",
            "value_wo": null,
            "value_wo_version": null,
            "version": 1
          },
          "sensitive_attributes": [
            [
              {
                "type": "get_attr",
                "value": "value"
              }
            ],
            [
              {
                "type": "get_attr",
                "value": "value_wo"
              }
            ]
          ],
          "identity_schema_version": 0,
          "identity": {
            "account_id": "209330743040",
            "name": "/aft/resources/iam/aft-session-name",
            "region": "us-east-1"
          },
          "private": "bnVsbA==",
          "dependencies": [
            "module.aft.data.aws_partition.current"
          ]
        }
      ]
    },
    {
      "module": "module.aft.module.aft_ssm_parameters",
      "mode": "managed",
      "type": "aws_ssm_parameter",
      "name": "aft_sns_topic_arn",
      "provider": "module.aft.provider[\"registry.terraform.io/hashicorp/aws\"].aft_management",
      "instances": [
        {
          "schema_version": 0,
          "attributes": {
            "allowed_pattern": "",
            "arn": "arn:aws:ssm:us-east-1:209330743040:parameter/aft/account/aft-management/sns/topic-arn",
            "data_type": "text",
            "description": "",
            "has_value_wo": false,
            "id": "/aft/account/aft-management/sns/topic-arn",
            "insecure_value": null,
            "key_id": "",
            "name": "/aft/account/aft-management/sns/topic-arn",
            "overwrite": null,
            "region": "us-east-1",
            "tags": {},
            "tags_all": {
              "managed_by": "AFT"
            },
            "tier": "Standard",
            "type": "String",
            "value": "arn:aws:sns:us-east-1:209330743040:aft-notifications",
            "value_wo": null,
            "value_wo_version": null,
            "version": 1
          },
          "sensitive_attributes": [
            [
              {
                "type": "get_attr",
                "value": "value"
              }
            ],
            [
              {
                "type": "get_attr",
                "value": "value_wo"
              }
            ]
          ],
          "identity_schema_version": 0,
          "identity": {
            "account_id": "209330743040",
            "name": "/aft/account/aft-management/sns/topic-arn",
            "region": "us-east-1"
          },
          "private": "bnVsbA==",
          "dependencies": [
            "module.aft.data.aws_partition.current",
            "module.aft.module.aft_account_request_framework.aws_kms_key.aft",
            "module.aft.module.aft_account_request_framework.aws_sns_topic.aft_notifications",
            "module.aft.module.aft_account_request_framework.data.aws_caller_identity.aft-management",
            "module.aft.module.aft_account_request_framework.data.aws_partition.current",
            "module.aft.module.aft_account_request_framework.data.aws_region.aft-management"
          ]
        }
      ]
    },
    {
      "module": "module.aft.module.aft_ssm_parameters",
      "mode": "managed",
      "type": "aws_ssm_parameter",
      "name": "aft_version",
      "provider": "module.aft.provider[\"registry.terraform.io/hashicorp/aws\"].aft_management",
      "instances": [
        {
          "schema_version": 0,
          "attributes": {
            "allowed_pattern": "",
            "arn": "arn:aws:ssm:us-east-1:209330743040:parameter/aft/config/aft/version",
            "data_type": "text",
            "description": "",
            "has_value_wo": false,
            "id": "/aft/config/aft/version",
            "insecure_value": null,
            "key_id": "",
            "name": "/aft/config/aft/version",
            "overwrite": null,
            "region": "us-east-1",
            "tags": {},
            "tags_all": {
              "managed_by": "AFT"
            },
            "tier": "Standard",
            "type": "String",
            "value": "1.18.1",
            "value_wo": null,
            "value_wo_version": null,
            "version": 1
          },
          "sensitive_attributes": [
            [
              {
                "type": "get_attr",
                "value": "value"
              }
            ],
            [
              {
                "type": "get_attr",
                "value": "value_wo"
              }
            ]
          ],
          "identity_schema_version": 0,
          "identity": {
            "account_id": "209330743040",
            "name": "/aft/config/aft/version",
            "region": "us-east-1"
          },
          "private": "bnVsbA==",
          "dependencies": [
            "module.aft.data.aws_partition.current",
            "module.aft.data.local_file.version"
          ]
        }
      ]
    },
    {
      "module": "module.aft.module.aft_ssm_parameters",
      "mode": "managed",
      "type": "aws_ssm_parameter",
      "name": "codeconnections_connection_arn",
      "provider": "module.aft.provider[\"registry.terraform.io/hashicorp/aws\"].aft_management",
      "instances": [
        {
          "schema_version": 0,
          "attributes": {
            "allowed_pattern": "",
            "arn": "arn:aws:ssm:us-east-1:209330743040:parameter/aft/config/vcs/codeconnections-connection-arn",
            "data_type": "text",
            "description": "",
            "has_value_wo": false,
            "id": "/aft/config/vcs/codeconnections-connection-arn",
            "insecure_value": null,
            "key_id": "",
            "name": "/aft/config/vcs/codeconnections-connection-arn",
            "overwrite": null,
            "region": "us-east-1",
            "tags": {},
            "tags_all": {
              "managed_by": "AFT"
            },
            "tier": "Standard",
            "type": "String",
            "value": "arn:aws:codeconnections:us-east-1:209330743040:connection/1f7285bd-e79e-45fb-86f5-b644e759c902",
            "value_wo": null,
            "value_wo_version": null,
            "version": 1
          },
          "sensitive_attributes": [
            [
              {
                "type": "get_attr",
                "value": "value"
              }
            ],
            [
              {
                "type": "get_attr",
                "value": "value_wo"
              }
            ]
          ],
          "identity_schema_version": 0,
          "identity": {
            "account_id": "209330743040",
            "name": "/aft/config/vcs/codeconnections-connection-arn",
            "region": "us-east-1"
          },
          "private": "bnVsbA==",
          "dependencies": [
            "module.aft.data.aws_partition.current",
            "module.aft.module.aft_account_request_framework.aws_security_group.aft_vpc_default_sg",
            "module.aft.module.aft_account_request_framework.aws_subnet.aft_vpc_private_subnet_01",
            "module.aft.module.aft_account_request_framework.aws_subnet.aft_vpc_private_subnet_02",
            "module.aft.module.aft_account_request_framework.aws_vpc.aft_vpc",
            "module.aft.module.aft_account_request_framework.data.aws_availability_zones.available",
            "module.aft.module.aft_code_repositories.aws_codeconnections_connection.azuredevops",
            "module.aft.module.aft_code_repositories.aws_codeconnections_connection.bitbucket",
            "module.aft.module.aft_code_repositories.aws_codeconnections_connection.github",
            "module.aft.module.aft_code_repositories.aws_codeconnections_connection.githubenterprise",
            "module.aft.module.aft_code_repositories.aws_codeconnections_connection.gitlab",
            "module.aft.module.aft_code_repositories.aws_codeconnections_connection.gitlabselfmanaged",
            "module.aft.module.aft_code_repositories.aws_codeconnections_host.githubenterprise",
            "module.aft.module.aft_code_repositories.aws_codeconnections_host.gitlabselfmanaged"
          ]
        }
      ]
    },
    {
      "module": "module.aft.module.aft_ssm_parameters",
      "mode": "managed",
      "type": "aws_ssm_parameter",
      "name": "ct_audit_account_id",
      "provider": "module.aft.provider[\"registry.terraform.io/hashicorp/aws\"].aft_management",
      "instances": [
        {
          "schema_version": 0,
          "attributes": {
            "allowed_pattern": "",
            "arn": "arn:aws:ssm:us-east-1:209330743040:parameter/aft/account/audit/account-id",
            "data_type": "text",
            "description": "",
            "has_value_wo": false,
            "id": "/aft/account/audit/account-id",
            "insecure_value": null,
            "key_id": "",
            "name": "/aft/account/audit/account-id",
            "overwrite": null,
            "region": "us-east-1",
            "tags": {},
            "tags_all": {
              "managed_by": "AFT"
            },
            "tier": "Standard",
            "type": "String",
            "value": "315326805686",
            "value_wo": null,
            "value_wo_version": null,
            "version": 1
          },
          "sensitive_attributes": [
            [
              {
                "type": "get_attr",
                "value": "value"
              }
            ],
            [
              {
                "type": "get_attr",
                "value": "value_wo"
              }
            ]
          ],
          "identity_schema_version": 0,
          "identity": {
            "account_id": "209330743040",
            "name": "/aft/account/audit/account-id",
            "region": "us-east-1"
          },
          "private": "bnVsbA==",
          "dependencies": [
            "module.aft.data.aws_partition.current"
          ]
        }
      ]
    },
    {
      "module": "module.aft.module.aft_ssm_parameters",
      "mode": "managed",
      "type": "aws_ssm_parameter",
      "name": "ct_log_archive_account_id",
      "provider": "module.aft.provider[\"registry.terraform.io/hashicorp/aws\"].aft_management",
      "instances": [
        {
          "schema_version": 0,
          "attributes": {
            "allowed_pattern": "",
            "arn": "arn:aws:ssm:us-east-1:209330743040:parameter/aft/account/log-archive/account-id",
            "data_type": "text",
            "description": "",
            "has_value_wo": false,
            "id": "/aft/account/log-archive/account-id",
            "insecure_value": null,
            "key_id": "",
            "name": "/aft/account/log-archive/account-id",
            "overwrite": null,
            "region": "us-east-1",
            "tags": {},
            "tags_all": {
              "managed_by": "AFT"
            },
            "tier": "Standard",
            "type": "String",
            "value": "407902217769",
            "value_wo": null,
            "value_wo_version": null,
            "version": 1
          },
          "sensitive_attributes": [
            [
              {
                "type": "get_attr",
                "value": "value"
              }
            ],
            [
              {
                "type": "get_attr",
                "value": "value_wo"
              }
            ]
          ],
          "identity_schema_version": 0,
          "identity": {
            "account_id": "209330743040",
            "name": "/aft/account/log-archive/account-id",
            "region": "us-east-1"
          },
          "private": "bnVsbA==",
          "dependencies": [
            "module.aft.data.aws_partition.current"
          ]
        }
      ]
    },
    {
      "module": "module.aft.module.aft_ssm_parameters",
      "mode": "managed",
      "type": "aws_ssm_parameter",
      "name": "ct_management_account_id",
      "provider": "module.aft.provider[\"registry.terraform.io/hashicorp/aws\"].aft_management",
      "instances": [
        {
          "schema_version": 0,
          "attributes": {
            "allowed_pattern": "",
            "arn": "arn:aws:ssm:us-east-1:209330743040:parameter/aft/account/ct-management/account-id",
            "data_type": "text",
            "description": "",
            "has_value_wo": false,
            "id": "/aft/account/ct-management/account-id",
            "insecure_value": null,
            "key_id": "",
            "name": "/aft/account/ct-management/account-id",
            "overwrite": null,
            "region": "us-east-1",
            "tags": {},
            "tags_all": {
              "managed_by": "AFT"
            },
            "tier": "Standard",
            "type": "String",
            "value": "395310663328",
            "value_wo": null,
            "value_wo_version": null,
            "version": 1
          },
          "sensitive_attributes": [
            [
              {
                "type": "get_attr",
                "value": "value"
              }
            ],
            [
              {
                "type": "get_attr",
                "value": "value_wo"
              }
            ]
          ],
          "identity_schema_version": 0,
          "identity": {
            "account_id": "209330743040",
            "name": "/aft/account/ct-management/account-id",
            "region": "us-east-1"
          },
          "private": "bnVsbA==",
          "dependencies": [
            "module.aft.data.aws_partition.current"
          ]
        }
      ]
    },
    {
      "module": "module.aft.module.aft_ssm_parameters",
      "mode": "managed",
      "type": "aws_ssm_parameter",
      "name": "ct_primary_region",
      "provider": "module.aft.provider[\"registry.terraform.io/hashicorp/aws\"].aft_management",
      "instances": [
        {
          "schema_version": 0,
          "attributes": {
            "allowed_pattern": "",
            "arn": "arn:aws:ssm:us-east-1:209330743040:parameter/aft/config/ct-management-region",
            "data_type": "text",
            "description": "",
            "has_value_wo": false,
            "id": "/aft/config/ct-management-region",
            "insecure_value": null,
            "key_id": "",
            "name": "/aft/config/ct-management-region",
            "overwrite": null,
            "region": "us-east-1",
            "tags": {},
            "tags_all": {
              "managed_by": "AFT"
            },
            "tier": "Standard",
            "type": "String",
            "value": "us-east-1",
            "value_wo": null,
            "value_wo_version": null,
            "version": 1
          },
          "sensitive_attributes": [
            [
              {
                "type": "get_attr",
                "value": "value"
              }
            ],
            [
              {
                "type": "get_attr",
                "value": "value_wo"
              }
            ]
          ],
          "identity_schema_version": 0,
          "identity": {
            "account_id": "209330743040",
            "name": "/aft/config/ct-management-region",
            "region": "us-east-1"
          },
          "private": "bnVsbA==",
          "dependencies": [
            "module.aft.data.aws_partition.current"
          ]
        }
      ]
    },
    {
      "module": "module.aft.module.aft_ssm_parameters",
      "mode": "managed",
      "type": "aws_ssm_parameter",
      "name": "github_enterprise_url",
      "provider": "module.aft.provider[\"registry.terraform.io/hashicorp/aws\"].aft_management",
      "instances": [
        {
          "schema_version": 0,
          "attributes": {
            "allowed_pattern": "",
            "arn": "arn:aws:ssm:us-east-1:209330743040:parameter/aft/config/vcs/github-enterprise-url",
            "data_type": "text",
            "description": "",
            "has_value_wo": false,
            "id": "/aft/config/vcs/github-enterprise-url",
            "insecure_value": null,
            "key_id": "",
            "name": "/aft/config/vcs/github-enterprise-url",
            "overwrite": null,
            "region": "us-east-1",
            "tags": {},
            "tags_all": {
              "managed_by": "AFT"
            },
            "tier": "Standard",
            "type": "String",
            "value": "null",
            "value_wo": null,
            "value_wo_version": null,
            "version": 1
          },
          "sensitive_attributes": [
            [
              {
                "type": "get_attr",
                "value": "value"
              }
            ],
            [
              {
                "type": "get_attr",
                "value": "value_wo"
              }
            ]
          ],
          "identity_schema_version": 0,
          "identity": {
            "account_id": "209330743040",
            "name": "/aft/config/vcs/github-enterprise-url",
            "region": "us-east-1"
          },
          "private": "bnVsbA==",
          "dependencies": [
            "module.aft.data.aws_partition.current"
          ]
        }
      ]
    },
    {
      "module": "module.aft.module.aft_ssm_parameters",
      "mode": "managed",
      "type": "aws_ssm_parameter",
      "name": "gitlab_selfmanaged_url",
      "provider": "module.aft.provider[\"registry.terraform.io/hashicorp/aws\"].aft_management",
      "instances": [
        {
          "schema_version": 0,
          "attributes": {
            "allowed_pattern": "",
            "arn": "arn:aws:ssm:us-east-1:209330743040:parameter/aft/config/vcs/gitlab-selfmanaged-url",
            "data_type": "text",
            "description": "",
            "has_value_wo": false,
            "id": "/aft/config/vcs/gitlab-selfmanaged-url",
            "insecure_value": null,
            "key_id": "",
            "name": "/aft/config/vcs/gitlab-selfmanaged-url",
            "overwrite": null,
            "region": "us-east-1",
            "tags": {},
            "tags_all": {
              "managed_by": "AFT"
            },
            "tier": "Standard",
            "type": "String",
            "value": "null",
            "value_wo": null,
            "value_wo_version": null,
            "version": 1
          },
          "sensitive_attributes": [
            [
              {
                "type": "get_attr",
                "value": "value"
              }
            ],
            [
              {
                "type": "get_attr",
                "value": "value_wo"
              }
            ]
          ],
          "identity_schema_version": 0,
          "identity": {
            "account_id": "209330743040",
            "name": "/aft/config/vcs/gitlab-selfmanaged-url",
            "region": "us-east-1"
          },
          "private": "bnVsbA==",
          "dependencies": [
            "module.aft.data.aws_partition.current"
          ]
        }
      ]
    },
    {
      "module": "module.aft.module.aft_ssm_parameters",
      "mode": "managed",
      "type": "aws_ssm_parameter",
      "name": "global_customizations_repo_branch",
      "provider": "module.aft.provider[\"registry.terraform.io/hashicorp/aws\"].aft_management",
      "instances": [
        {
          "schema_version": 0,
          "attributes": {
            "allowed_pattern": "",
            "arn": "arn:aws:ssm:us-east-1:209330743040:parameter/aft/config/global-customizations/repo-branch",
            "data_type": "text",
            "description": "",
            "has_value_wo": false,
            "id": "/aft/config/global-customizations/repo-branch",
            "insecure_value": null,
            "key_id": "",
            "name": "/aft/config/global-customizations/repo-branch",
            "overwrite": null,
            "region": "us-east-1",
            "tags": {},
            "tags_all": {
              "managed_by": "AFT"
            },
            "tier": "Standard",
            "type": "String",
            "value": "main",
            "value_wo": null,
            "value_wo_version": null,
            "version": 1
          },
          "sensitive_attributes": [
            [
              {
                "type": "get_attr",
                "value": "value"
              }
            ],
            [
              {
                "type": "get_attr",
                "value": "value_wo"
              }
            ]
          ],
          "identity_schema_version": 0,
          "identity": {
            "account_id": "209330743040",
            "name": "/aft/config/global-customizations/repo-branch",
            "region": "us-east-1"
          },
          "private": "bnVsbA==",
          "dependencies": [
            "module.aft.data.aws_partition.current"
          ]
        }
      ]
    },
    {
      "module": "module.aft.module.aft_ssm_parameters",
      "mode": "managed",
      "type": "aws_ssm_parameter",
      "name": "global_customizations_repo_name",
      "provider": "module.aft.provider[\"registry.terraform.io/hashicorp/aws\"].aft_management",
      "instances": [
        {
          "schema_version": 0,
          "attributes": {
            "allowed_pattern": "",
            "arn": "arn:aws:ssm:us-east-1:209330743040:parameter/aft/config/global-customizations/repo-name",
            "data_type": "text",
            "description": "",
            "has_value_wo": false,
            "id": "/aft/config/global-customizations/repo-name",
            "insecure_value": null,
            "key_id": "",
            "name": "/aft/config/global-customizations/repo-name",
            "overwrite": null,
            "region": "us-east-1",
            "tags": {},
            "tags_all": {
              "managed_by": "AFT"
            },
            "tier": "Standard",
            "type": "String",
            "value": "NavenC/learn-terraform-aft-global-customizations",
            "value_wo": null,
            "value_wo_version": null,
            "version": 1
          },
          "sensitive_attributes": [
            [
              {
                "type": "get_attr",
                "value": "value"
              }
            ],
            [
              {
                "type": "get_attr",
                "value": "value_wo"
              }
            ]
          ],
          "identity_schema_version": 0,
          "identity": {
            "account_id": "209330743040",
            "name": "/aft/config/global-customizations/repo-name",
            "region": "us-east-1"
          },
          "private": "bnVsbA==",
          "dependencies": [
            "module.aft.data.aws_partition.current"
          ]
        }
      ]
    },
    {
      "module": "module.aft.module.aft_ssm_parameters",
      "mode": "managed",
      "type": "aws_ssm_parameter",
      "name": "terraform_api_endpoint",
      "provider": "module.aft.provider[\"registry.terraform.io/hashicorp/aws\"].aft_management",
      "instances": [
        {
          "schema_version": 0,
          "attributes": {
            "allowed_pattern": "",
            "arn": "arn:aws:ssm:us-east-1:209330743040:parameter/aft/config/terraform/api-endpoint",
            "data_type": "text",
            "description": "",
            "has_value_wo": false,
            "id": "/aft/config/terraform/api-endpoint",
            "insecure_value": null,
            "key_id": "",
            "name": "/aft/config/terraform/api-endpoint",
            "overwrite": null,
            "region": "us-east-1",
            "tags": {},
            "tags_all": {
              "managed_by": "AFT"
            },
            "tier": "Standard",
            "type": "String",
            "value": "https://app.terraform.io/api/v2/",
            "value_wo": null,
            "value_wo_version": null,
            "version": 1
          },
          "sensitive_attributes": [
            [
              {
                "type": "get_attr",
                "value": "value"
              }
            ],
            [
              {
                "type": "get_attr",
                "value": "value_wo"
              }
            ]
          ],
          "identity_schema_version": 0,
          "identity": {
            "account_id": "209330743040",
            "name": "/aft/config/terraform/api-endpoint",
            "region": "us-east-1"
          },
          "private": "bnVsbA==",
          "dependencies": [
            "module.aft.data.aws_partition.current"
          ]
        }
      ]
    },
    {
      "module": "module.aft.module.aft_ssm_parameters",
      "mode": "managed",
      "type": "aws_ssm_parameter",
      "name": "terraform_org_name",
      "provider": "module.aft.provider[\"registry.terraform.io/hashicorp/aws\"].aft_management",
      "instances": [
        {
          "schema_version": 0,
          "attributes": {
            "allowed_pattern": "",
            "arn": "arn:aws:ssm:us-east-1:209330743040:parameter/aft/config/terraform/org-name",
            "data_type": "text",
            "description": "",
            "has_value_wo": false,
            "id": "/aft/config/terraform/org-name",
            "insecure_value": null,
            "key_id": "",
            "name": "/aft/config/terraform/org-name",
            "overwrite": null,
            "region": "us-east-1",
            "tags": {},
            "tags_all": {
              "managed_by": "AFT"
            },
            "tier": "Standard",
            "type": "String",
            "value": "null",
            "value_wo": null,
            "value_wo_version": null,
            "version": 1
          },
          "sensitive_attributes": [
            [
              {
                "type": "get_attr",
                "value": "value"
              }
            ],
            [
              {
                "type": "get_attr",
                "value": "value_wo"
              }
            ]
          ],
          "identity_schema_version": 0,
          "identity": {
            "account_id": "209330743040",
            "name": "/aft/config/terraform/org-name",
            "region": "us-east-1"
          },
          "private": "bnVsbA==",
          "dependencies": [
            "module.aft.data.aws_partition.current"
          ]
        }
      ]
    },
    {
      "module": "module.aft.module.aft_ssm_parameters",
      "mode": "managed",
      "type": "aws_ssm_parameter",
      "name": "terraform_project_name",
      "provider": "module.aft.provider[\"registry.terraform.io/hashicorp/aws\"].aft_management",
      "instances": [
        {
          "schema_version": 0,
          "attributes": {
            "allowed_pattern": "",
            "arn": "arn:aws:ssm:us-east-1:209330743040:parameter/aft/config/terraform/project-name",
            "data_type": "text",
            "description": "",
            "has_value_wo": false,
            "id": "/aft/config/terraform/project-name",
            "insecure_value": null,
            "key_id": "",
            "name": "/aft/config/terraform/project-name",
            "overwrite": null,
            "region": "us-east-1",
            "tags": {},
            "tags_all": {
              "managed_by": "AFT"
            },
            "tier": "Standard",
            "type": "String",
            "value": "Default Project",
            "value_wo": null,
            "value_wo_version": null,
            "version": 1
          },
          "sensitive_attributes": [
            [
              {
                "type": "get_attr",
                "value": "value"
              }
            ],
            [
              {
                "type": "get_attr",
                "value": "value_wo"
              }
            ]
          ],
          "identity_schema_version": 0,
          "identity": {
            "account_id": "209330743040",
            "name": "/aft/config/terraform/project-name",
            "region": "us-east-1"
          },
          "private": "bnVsbA==",
          "dependencies": [
            "module.aft.data.aws_partition.current"
          ]
        }
      ]
    },
    {
      "module": "module.aft.module.aft_ssm_parameters",
      "mode": "managed",
      "type": "aws_ssm_parameter",
      "name": "terraform_token",
      "provider": "module.aft.provider[\"registry.terraform.io/hashicorp/aws\"].aft_management",
      "instances": [
        {
          "schema_version": 0,
          "attributes": {
            "allowed_pattern": "",
            "arn": "arn:aws:ssm:us-east-1:209330743040:parameter/aft/config/terraform/token",
            "data_type": "text",
            "description": "",
            "has_value_wo": false,
            "id": "/aft/config/terraform/token",
            "insecure_value": null,
            "key_id": "alias/aws/ssm",
            "name": "/aft/config/terraform/token",
            "overwrite": null,
            "region": "us-east-1",
            "tags": {},
            "tags_all": {
              "managed_by": "AFT"
            },
            "tier": "Standard",
            "type": "SecureString",
            "value": "null",
            "value_wo": null,
            "value_wo_version": null,
            "version": 1
          },
          "sensitive_attributes": [
            [
              {
                "type": "get_attr",
                "value": "value"
              }
            ],
            [
              {
                "type": "get_attr",
                "value": "value_wo"
              }
            ]
          ],
          "identity_schema_version": 0,
          "identity": {
            "account_id": "209330743040",
            "name": "/aft/config/terraform/token",
            "region": "us-east-1"
          },
          "private": "bnVsbA==",
          "dependencies": [
            "module.aft.data.aws_partition.current"
          ]
        }
      ]
    },
    {
      "module": "module.aft.module.aft_ssm_parameters",
      "mode": "managed",
      "type": "aws_ssm_parameter",
      "name": "tf_distribution",
      "provider": "module.aft.provider[\"registry.terraform.io/hashicorp/aws\"].aft_management",
      "instances": [
        {
          "schema_version": 0,
          "attributes": {
            "allowed_pattern": "",
            "arn": "arn:aws:ssm:us-east-1:209330743040:parameter/aft/config/terraform/distribution",
            "data_type": "text",
            "description": "",
            "has_value_wo": false,
            "id": "/aft/config/terraform/distribution",
            "insecure_value": null,
            "key_id": "",
            "name": "/aft/config/terraform/distribution",
            "overwrite": null,
            "region": "us-east-1",
            "tags": {},
            "tags_all": {
              "managed_by": "AFT"
            },
            "tier": "Standard",
            "type": "String",
            "value": "oss",
            "value_wo": null,
            "value_wo_version": null,
            "version": 1
          },
          "sensitive_attributes": [
            [
              {
                "type": "get_attr",
                "value": "value"
              }
            ],
            [
              {
                "type": "get_attr",
                "value": "value_wo"
              }
            ]
          ],
          "identity_schema_version": 0,
          "identity": {
            "account_id": "209330743040",
            "name": "/aft/config/terraform/distribution",
            "region": "us-east-1"
          },
          "private": "bnVsbA==",
          "dependencies": [
            "module.aft.data.aws_partition.current"
          ]
        }
      ]
    },
    {
      "module": "module.aft.module.aft_ssm_parameters",
      "mode": "managed",
      "type": "aws_ssm_parameter",
      "name": "tf_version",
      "provider": "module.aft.provider[\"registry.terraform.io/hashicorp/aws\"].aft_management",
      "instances": [
        {
          "schema_version": 0,
          "attributes": {
            "allowed_pattern": "",
            "arn": "arn:aws:ssm:us-east-1:209330743040:parameter/aft/config/terraform/version",
            "data_type": "text",
            "description": "",
            "has_value_wo": false,
            "id": "/aft/config/terraform/version",
            "insecure_value": null,
            "key_id": "",
            "name": "/aft/config/terraform/version",
            "overwrite": null,
            "region": "us-east-1",
            "tags": {},
            "tags_all": {
              "managed_by": "AFT"
            },
            "tier": "Standard",
            "type": "String",
            "value": "1.6.0",
            "value_wo": null,
            "value_wo_version": null,
            "version": 1
          },
          "sensitive_attributes": [
            [
              {
                "type": "get_attr",
                "value": "value"
              }
            ],
            [
              {
                "type": "get_attr",
                "value": "value_wo"
              }
            ]
          ],
          "identity_schema_version": 0,
          "identity": {
            "account_id": "209330743040",
            "name": "/aft/config/terraform/version",
            "region": "us-east-1"
          },
          "private": "bnVsbA==",
          "dependencies": [
            "module.aft.data.aws_partition.current"
          ]
        }
      ]
    },
    {
      "module": "module.aft.module.aft_ssm_parameters",
      "mode": "managed",
      "type": "aws_ssm_parameter",
      "name": "vcs_provider",
      "provider": "module.aft.provider[\"registry.terraform.io/hashicorp/aws\"].aft_management",
      "instances": [
        {
          "schema_version": 0,
          "attributes": {
            "allowed_pattern": "",
            "arn": "arn:aws:ssm:us-east-1:209330743040:parameter/aft/config/vcs/provider",
            "data_type": "text",
            "description": "",
            "has_value_wo": false,
            "id": "/aft/config/vcs/provider",
            "insecure_value": null,
            "key_id": "",
            "name": "/aft/config/vcs/provider",
            "overwrite": null,
            "region": "us-east-1",
            "tags": {},
            "tags_all": {
              "managed_by": "AFT"
            },
            "tier": "Standard",
            "type": "String",
            "value": "github",
            "value_wo": null,
            "value_wo_version": null,
            "version": 1
          },
          "sensitive_attributes": [
            [
              {
                "type": "get_attr",
                "value": "value"
              }
            ],
            [
              {
                "type": "get_attr",
                "value": "value_wo"
              }
            ]
          ],
          "identity_schema_version": 0,
          "identity": {
            "account_id": "209330743040",
            "name": "/aft/config/vcs/provider",
            "region": "us-east-1"
          },
          "private": "bnVsbA==",
          "dependencies": [
            "module.aft.data.aws_partition.current"
          ]
        }
      ]
    },
    {
      "module": "module.aft.module.aft_ssm_parameters",
      "mode": "managed",
      "type": "random_uuid",
      "name": "metrics_reporting_uuid",
      "provider": "provider[\"registry.terraform.io/hashicorp/random\"]",
      "instances": [
        {
          "schema_version": 0,
          "attributes": {
            "id": "fab2afe8-98c2-bd21-92a5-f2887ea6f7d9",
            "keepers": null,
            "result": "fab2afe8-98c2-bd21-92a5-f2887ea6f7d9"
          },
          "sensitive_attributes": [],
          "identity_schema_version": 0
        }
      ]
    },
    {
      "module": "module.aft.module.packaging",
      "mode": "data",
      "type": "archive_file",
      "name": "builder",
      "provider": "provider[\"registry.terraform.io/hashicorp/archive\"]",
      "instances": [
        {
          "schema_version": 0,
          "attributes": {
            "exclude_symlink_directories": null,
            "excludes": null,
            "id": "e69a46cab131ad31835a1e8c04a5a2264f65ebbd",
            "output_base64sha256": "g7m9JVqZ3I1jCCSYPx2nTLS2wuMwdmha8ZVJ/6xmlDY=",
            "output_base64sha512": "A3Dl5Bhkw372hMIaStV+tjlkn7g4JUi47mUTVREGQa7etZgVwujcxUHuaDkpRQ19qJz2SoEsnWBmDnAhlq1BYQ==",
            "output_file_mode": null,
            "output_md5": "93fa9f6382021bf9cd3290b770e06532",
            "output_path": ".terraform/modules/aft/modules/aft-archives/../../src/aft_lambda/aft_builder.zip",
            "output_sha": "e69a46cab131ad31835a1e8c04a5a2264f65ebbd",
            "output_sha256": "83b9bd255a99dc8d630824983f1da74cb4b6c2e33076685af19549ffac669436",
            "output_sha512": "0370e5e41864c37ef684c21a4ad57eb639649fb8382548b8ee651355110641aedeb59815c2e8dcc541ee683929450d7da89cf64a812c9d60660e702196ad4161",
            "output_size": 1173,
            "source": [],
            "source_content": null,
            "source_content_filename": null,
            "source_dir": ".terraform/modules/aft/modules/aft-archives/../../src/aft_lambda/aft_builder",
            "source_file": null,
            "type": "zip"
          },
          "sensitive_attributes": [],
          "identity_schema_version": 0
        }
      ]
    },
    {
      "module": "module.aft.module.packaging",
      "mode": "data",
      "type": "archive_file",
      "name": "customizations",
      "provider": "provider[\"registry.terraform.io/hashicorp/archive\"]",
      "instances": [
        {
          "schema_version": 0,
          "attributes": {
            "exclude_symlink_directories": null,
            "excludes": null,
            "id": "05d2eb1c48e2b9c429a1b2eddf03039eb661f022",
            "output_base64sha256": "e3fw9pDujzH08p34mq7O4jMP8AvhHRzE98Ont7ji4WQ=",
            "output_base64sha512": "IEPaNKqViwBgEhwzZ+ecMtDYYJv/AlXgicSbVs+CWMjzaeq9YS3KM5tRvRQA65FNyve/pNz0mx6xws5m85efig==",
            "output_file_mode": null,
            "output_md5": "15dfbd0c5934429283228235c81e8ebc",
            "output_path": ".terraform/modules/aft/modules/aft-archives/../../src/aft_lambda/aft_customizations.zip",
            "output_sha": "05d2eb1c48e2b9c429a1b2eddf03039eb661f022",
            "output_sha256": "7b77f0f690ee8f31f4f29df89aaecee2330ff00be11d1cc4f7c3a7b7b8e2e164",
            "output_sha512": "2043da34aa958b0060121c3367e79c32d0d8609bff0255e089c49b56cf8258c8f369eabd612dca339b51bd1400eb914dcaf7bfa4dcf49b1eb1c2ce66f3979f8a",
            "output_size": 3727,
            "source": [],
            "source_content": null,
            "source_content_filename": null,
            "source_dir": ".terraform/modules/aft/modules/aft-archives/../../src/aft_lambda/aft_customizations",
            "source_file": null,
            "type": "zip"
          },
          "sensitive_attributes": [],
          "identity_schema_version": 0
        }
      ]
    },
    {
      "module": "module.aft.module.packaging",
      "mode": "data",
      "type": "archive_file",
      "name": "feature_options",
      "provider": "provider[\"registry.terraform.io/hashicorp/archive\"]",
      "instances": [
        {
          "schema_version": 0,
          "attributes": {
            "exclude_symlink_directories": null,
            "excludes": null,
            "id": "499efc9cebd29668fc5251bfed44a7b66f801c88",
            "output_base64sha256": "8Rew0co4Pw9QFS93kaROC0qR2ucUZLctNQ/ID/7o+OU=",
            "output_base64sha512": "V5KhfLMuO0duloxoSTIWMrvv7mNpSIafBTtKVYycfdobzzD6JkyMkEBfzg6sO3s7+C1BoqvbTuvE4UBbB2RYMw==",
            "output_file_mode": null,
            "output_md5": "b33864c1002b27f785c24d567aa2d32f",
            "output_path": ".terraform/modules/aft/modules/aft-archives/../../src/aft_lambda/aft_feature_options.zip",
            "output_sha": "499efc9cebd29668fc5251bfed44a7b66f801c88",
            "output_sha256": "f117b0d1ca383f0f50152f7791a44e0b4a91dae71464b72d350fc80ffee8f8e5",
            "output_sha512": "5792a17cb32e3b476e968c6849321632bbefee636948869f053b4a558c9c7dda1bcf30fa264c8c90405fce0eac3b7b3bf82d41a2abdb4eebc4e1405b07645833",
            "output_size": 3892,
            "source": [],
            "source_content": null,
            "source_content_filename": null,
            "source_dir": ".terraform/modules/aft/modules/aft-archives/../../src/aft_lambda/aft_feature_options",
            "source_file": null,
            "type": "zip"
          },
          "sensitive_attributes": [],
          "identity_schema_version": 0
        }
      ]
    },
    {
      "module": "module.aft.module.packaging",
      "mode": "data",
      "type": "archive_file",
      "name": "provisioning_framework",
      "provider": "provider[\"registry.terraform.io/hashicorp/archive\"]",
      "instances": [
        {
          "schema_version": 0,
          "attributes": {
            "exclude_symlink_directories": null,
            "excludes": null,
            "id": "c4c5c51835ba1e5ddcfd5c6d55faa9c491027921",
            "output_base64sha256": "HJt4D/yjBY3oOh4ip/v5kxz+X8cOxh60kgzFrudD574=",
            "output_base64sha512": "5tUk/pbjk6XCssxNnPcdGrak0VCosA8QANfsMpOVhD82Q6s6ijzMSnBDf4HnLZ0/zSShIEV3FvCcRa26/gtKKA==",
            "output_file_mode": null,
            "output_md5": "ff215bcaea3197ff8428587b5bdfe2c1",
            "output_path": ".terraform/modules/aft/modules/aft-archives/../../src/aft_lambda/aft_account_provisioning_framework.zip",
            "output_sha": "c4c5c51835ba1e5ddcfd5c6d55faa9c491027921",
            "output_sha256": "1c9b780ffca3058de83a1e22a7fbf9931cfe5fc70ec61eb4920cc5aee743e7be",
            "output_sha512": "e6d524fe96e393a5c2b2cc4d9cf71d1ab6a4d150a8b00f1000d7ec329395843f3643ab3a8a3ccc4a70437f81e72d9d3fcd24a120457716f09c45adbafe0b4a28",
            "output_size": 4861,
            "source": [],
            "source_content": null,
            "source_content_filename": null,
            "source_dir": ".terraform/modules/aft/modules/aft-archives/../../src/aft_lambda/aft_account_provisioning_framework",
            "source_file": null,
            "type": "zip"
          },
          "sensitive_attributes": [],
          "identity_schema_version": 0
        }
      ]
    },
    {
      "module": "module.aft.module.packaging",
      "mode": "data",
      "type": "archive_file",
      "name": "request_framework",
      "provider": "provider[\"registry.terraform.io/hashicorp/archive\"]",
      "instances": [
        {
          "schema_version": 0,
          "attributes": {
            "exclude_symlink_directories": null,
            "excludes": null,
            "id": "6f369480840534fdddd5d70e7aa921dc5c8e5130",
            "output_base64sha256": "JPYlKLInNqlq7vEEje+jqD/WXC+ltGDnKEWA5txecq4=",
            "output_base64sha512": "LMYdLCrKipI4ZVMEIpuIboOlM11AaxauWG1s99rD8ghOzaA08xQJ9V9+GxI0WzHPbarvHGiyOfQGm5+el11DYg==",
            "output_file_mode": null,
            "output_md5": "8a5965a565c124155685774cd5d70741",
            "output_path": ".terraform/modules/aft/modules/aft-archives/../../src/aft_lambda/aft_account_request_framework.zip",
            "output_sha": "6f369480840534fdddd5d70e7aa921dc5c8e5130",
            "output_sha256": "24f62528b22736a96aeef1048defa3a83fd65c2fa5b460e7284580e6dc5e72ae",
            "output_sha512": "2cc61d2c2aca8a9238655304229b886e83a5335d406b16ae586d6cf7dac3f2084ecda034f31409f55f7e1b12345b31cf6daaef1c68b239f4069b9f9e975d4362",
            "output_size": 7628,
            "source": [],
            "source_content": null,
            "source_content_filename": null,
            "source_dir": ".terraform/modules/aft/modules/aft-archives/../../src/aft_lambda/aft_account_request_framework",
            "source_file": null,
            "type": "zip"
          },
          "sensitive_attributes": [],
          "identity_schema_version": 0
        }
      ]
    }
  ],
  "check_results": null
}
